{
  "version": 4,
  "terraform_version": "1.1.9",
  "serial": 823,
  "lineage": "63c0e14b-69d5-441d-94c2-5c5a1e919e64",
  "outputs": {},
  "resources": [
    {
      "mode": "data",
      "type": "aws_eks_cluster",
      "name": "eks_cluster",
      "provider": "provider[\"registry.terraform.io/hashicorp/aws\"]",
      "instances": [
        {
          "schema_version": 0,
          "attributes": {
            "arn": "arn:aws:eks:eu-west-1:741032333307:cluster/acn-eks-clstr-testing",
            "certificate_authority": [
              {
                "data": "LS0tLS1CRUdJTiBDRVJUSUZJQ0FURS0tLS0tCk1JSUMvakNDQWVhZ0F3SUJBZ0lCQURBTkJna3Foa2lHOXcwQkFRc0ZBREFWTVJNd0VRWURWUVFERXdwcmRXSmwKY201bGRHVnpNQjRYRFRJeU1EVXpNREEwTWpjd09Wb1hEVE15TURVeU56QTBNamN3T1Zvd0ZURVRNQkVHQTFVRQpBeE1LYTNWaVpYSnVaWFJsY3pDQ0FTSXdEUVlKS29aSWh2Y05BUUVCQlFBRGdnRVBBRENDQVFvQ2dnRUJBTE1LCk05L3Jsb0xqckVwVzE4NmlhOE9yUGxDb3J4QjlYZE0xaXVIL1F3ekNMYkFXT055ZzhjaGhtL1FMTjRhaFNIMHIKczRVUGIyazNjVjMyM0FxM0dEVnZqTGVTUEpPREJleTFXWTV4Q0huVHJ2b3dBNVFpTUQwQXcvQ2RlWXVTUnRkWApMeStlTG0rWEowbEk3VlRFeGJOR1ljSlBYNlZEd1RnUTVta3lxOURMcTh5eGxFanV3RnV3WU9QVzJHQ2Q0V1R1CkFDUkcyVGtBa1d3emJiRmpaM08rZ3pXK0IvNVYrWUQ1NzdWNXI1UlpETUkvN2VvMUJZWG94eWROY0NtMVdSckwKK3FQNU1FbktoZVArNGF2b1ZiMCtnNzJPZUpjbDBaU29wQkdLVjlYOUtnekRYRWtoL0p6Uk9Mb3FWNlBlZ01ubgp0T1psekhSUFk5U21NZ0ZpL0RrQ0F3RUFBYU5aTUZjd0RnWURWUjBQQVFIL0JBUURBZ0trTUE4R0ExVWRFd0VCCi93UUZNQU1CQWY4d0hRWURWUjBPQkJZRUZHenBpNGo5RlhWbnhiMUFCbE9TUm8zZG5KT2pNQlVHQTFVZEVRUU8KTUF5Q0NtdDFZbVZ5Ym1WMFpYTXdEUVlKS29aSWh2Y05BUUVMQlFBRGdnRUJBRzlXU3hISlpxbzR0UENoOUUzSApua2NjQTJXVThzdnpRL2YxV3dmbnZJT0V1RnVQaVMyUGdJakU2NHAvZEcxcDNEd1ZEcnk2WjlWazZpYy8vS2R0ClBkUkYxSFpvb3RtT1JlYyswQXAwcDRjYUZXYk9COTZRUzBEL053L3BndUtZa0x3NkpBOUUxbVdOeU5ZNWlnaGUKQU5JQ1g1NUNNZTJIVlg1djFxSVFUcytPNmtSeDltUlJSME1IMnlkcXZqN2g5eXBYTGRxVWFpRGZpMVJyaHRWMQpldDZJRDRsQVBCYzVPQnBaTEtsYzBnSVZMN3M4OTFtdkhvb25BUjBJb2dGREhRNFhFQVJSekZjL3NOSEtRQ1lDCjJUVitINnVSSnVudDYxMzdST0YxOTZGUGdjRU9ZR2ZRN1BXdDBtSGpnTkdBaFU4YURCbktXMkd4UkZLRUd2VXMKOHZrPQotLS0tLUVORCBDRVJUSUZJQ0FURS0tLS0tCg=="
              }
            ],
            "created_at": "2022-05-30 04:21:34.616 +0000 UTC",
            "enabled_cluster_log_types": [
              "api",
              "audit",
              "authenticator",
              "controllerManager",
              "scheduler"
            ],
            "endpoint": "https://2D907CB5905456D7DF8B93AD04E09A07.gr7.eu-west-1.eks.amazonaws.com",
            "id": "acn-eks-clstr-testing",
            "identity": [
              {
                "oidc": [
                  {
                    "issuer": "https://oidc.eks.eu-west-1.amazonaws.com/id/2D907CB5905456D7DF8B93AD04E09A07"
                  }
                ]
              }
            ],
            "kubernetes_network_config": [
              {
                "ip_family": "ipv4",
                "service_ipv4_cidr": "10.100.0.0/16"
              }
            ],
            "name": "acn-eks-clstr-testing",
            "platform_version": "eks.2",
            "role_arn": "arn:aws:iam::741032333307:role/acn-eks-clstr-testing-cluster-role",
            "status": "ACTIVE",
            "tags": {},
            "version": "1.22",
            "vpc_config": [
              {
                "cluster_security_group_id": "sg-0e05daddf7d829e5e",
                "endpoint_private_access": false,
                "endpoint_public_access": true,
                "public_access_cidrs": [
                  "0.0.0.0/0"
                ],
                "security_group_ids": [],
                "subnet_ids": [
                  "subnet-038ab596bb580e104",
                  "subnet-056b71190493b6a39",
                  "subnet-07ecfb7d26103dd42",
                  "subnet-086f9d734f4f9fa7d",
                  "subnet-0c1730323d065a79f",
                  "subnet-0dd42b6ce1cacd086"
                ],
                "vpc_id": "vpc-06c4316f4c46dfaff"
              }
            ]
          },
          "sensitive_attributes": []
        }
      ]
    },
    {
      "mode": "data",
      "type": "aws_eks_cluster_auth",
      "name": "aws_iam_authenticator",
      "provider": "provider[\"registry.terraform.io/hashicorp/aws\"]",
      "instances": [
        {
          "schema_version": 0,
          "attributes": {
            "id": "acn-eks-clstr-testing",
            "name": "acn-eks-clstr-testing",
            "token": "k8s-aws-v1.aHR0cHM6Ly9zdHMuYW1hem9uYXdzLmNvbS8_QWN0aW9uPUdldENhbGxlcklkZW50aXR5JlZlcnNpb249MjAxMS0wNi0xNSZYLUFtei1BbGdvcml0aG09QVdTNC1ITUFDLVNIQTI1NiZYLUFtei1DcmVkZW50aWFsPUFTSUEyWkNIWUI3NTdRUDdXR0dQJTJGMjAyMjA1MzAlMkZ1cy1lYXN0LTElMkZzdHMlMkZhd3M0X3JlcXVlc3QmWC1BbXotRGF0ZT0yMDIyMDUzMFQwNDMyMzlaJlgtQW16LUV4cGlyZXM9MCZYLUFtei1TZWN1cml0eS1Ub2tlbj1JUW9KYjNKcFoybHVYMlZqRUJRYUNYVnpMV1ZoYzNRdE1TSklNRVlDSVFEdzRlak5jVXI4R1h3Rmd5ZWllJTJGM1ladTRFVVVSOHZ5QkJYSGdDNTNzZUt3SWhBTlM4aEFzbU9oeVA1eTZCcmdwcE1KMUpOdnNPMHJ4ZTZNTVJpb2ExenBvVktyZ0NDUDMlMkYlMkYlMkYlMkYlMkYlMkYlMkYlMkYlMkYlMkZ3RVFBaG9NTnpReE1ETXlNek16TXpBM0lneWxVaXY5RFo4VkdhNklIRmdxakFMQUJNTU0lMkZCSHZ1JTJGRDVLWENDaHgwdE9vTjAwMFgycWRzVE1aVWthenM2cyUyQlRJRXBnd1JqdTNFdm5MVFI3bUg1cnRwVnolMkJ1Sk9yQSUyRjJSTjN1d2JYRjZkN0x1clN1a2VkQWN2eFN1TWpaJTJCeU82dGJ5a3ZLWWY4aDZyUkIxa2ZLdVFOT1hEREFrZkxBWThDUkFzS0NqczR3Y1VndEkxJTJCQWxweTRPUGx4ajAxaDYzVDE4a3RsRUxHUkpsM3Y5RUdEbkZwTk1uVkpBJTJGNnJjJTJCOHFPUG5nVENuUlQycnRiaXdFWVE1bDQyak93eEdHYWp1dGxCZWp0blZaV1NtREh4a3FqczVQbXpTSnJKeDRnYkRYZ0I2MEpIJTJGQmR5elN1MlpLNlM3aSUyRlpYUVhtVzNzNlBGT1lOQUdJOUl0JTJGMWw3d0pzRzhoOUpqQXVjNVZCSFFLbCUyRk4lMkZPM3l4RUhMdm5kRUI4Y2d1SDQ2VE1LJTJCRDBaUUdPcHdCSlVSUzJra0FwVyUyRmlKU0FWdEFDQjhWSmVvJTJGM1glMkJ6VXJidlJaQWltQ2RTUGhxdUExQVk4Zzh6dGslMkJBTzR4b1E1Z3E0Z2pSRHNvN01nNDNTV1BjQlh4YkRwMW9DaWE2WEVWUjVVZFJvaTVQViUyRktOQ21lQUp0OFRiaGRYUnluclBnOVBXazlzY1FRSk4zRXM4NlVBUVFiVnBlSmw5YzR0MWw5SUtMQm5xSHVxQ29HZHpydGFFUExSQ2EzTk1rZ2dGNVFjVm4lMkJtMjElMkZ5YWRzZ3FWJlgtQW16LVNpZ25lZEhlYWRlcnM9aG9zdCUzQngtazhzLWF3cy1pZCZYLUFtei1TaWduYXR1cmU9NzdiMDBjYTU5ZWFiNzU5YmRkNGQ3Mjg4ZTY2Yjc2OThmM2FlMDA3Nzg4ZjYwODZkN2UxMzAzODMyNGQ3Y2Y0Ng"
          },
          "sensitive_attributes": []
        }
      ]
    },
    {
      "mode": "data",
      "type": "aws_region",
      "name": "current",
      "provider": "provider[\"registry.terraform.io/hashicorp/aws\"]",
      "instances": [
        {
          "schema_version": 0,
          "attributes": {
            "description": "Europe (Ireland)",
            "endpoint": "ec2.eu-west-1.amazonaws.com",
            "id": "eu-west-1",
            "name": "eu-west-1"
          },
          "sensitive_attributes": []
        }
      ]
    },
    {
      "module": "module.aws_alb_controller",
      "mode": "data",
      "type": "aws_caller_identity",
      "name": "current",
      "provider": "provider[\"registry.terraform.io/hashicorp/aws\"]",
      "instances": [
        {
          "schema_version": 0,
          "attributes": {
            "account_id": "741032333307",
            "arn": "arn:aws:sts::741032333307:assumed-role/User/deepak.haridas.kadam@accenture.com",
            "id": "741032333307",
            "user_id": "AROA2ZCHYB75YVW4LVJGV:deepak.haridas.kadam@accenture.com"
          },
          "sensitive_attributes": []
        }
      ]
    },
    {
      "module": "module.aws_alb_controller",
      "mode": "data",
      "type": "aws_eks_cluster",
      "name": "selected",
      "provider": "provider[\"registry.terraform.io/hashicorp/aws\"]",
      "instances": [
        {
          "index_key": 0,
          "schema_version": 0,
          "attributes": {
            "arn": "arn:aws:eks:eu-west-1:741032333307:cluster/acn-eks-clstr-testing",
            "certificate_authority": [
              {
                "data": "LS0tLS1CRUdJTiBDRVJUSUZJQ0FURS0tLS0tCk1JSUMvakNDQWVhZ0F3SUJBZ0lCQURBTkJna3Foa2lHOXcwQkFRc0ZBREFWTVJNd0VRWURWUVFERXdwcmRXSmwKY201bGRHVnpNQjRYRFRJeU1EVXpNREEwTWpjd09Wb1hEVE15TURVeU56QTBNamN3T1Zvd0ZURVRNQkVHQTFVRQpBeE1LYTNWaVpYSnVaWFJsY3pDQ0FTSXdEUVlKS29aSWh2Y05BUUVCQlFBRGdnRVBBRENDQVFvQ2dnRUJBTE1LCk05L3Jsb0xqckVwVzE4NmlhOE9yUGxDb3J4QjlYZE0xaXVIL1F3ekNMYkFXT055ZzhjaGhtL1FMTjRhaFNIMHIKczRVUGIyazNjVjMyM0FxM0dEVnZqTGVTUEpPREJleTFXWTV4Q0huVHJ2b3dBNVFpTUQwQXcvQ2RlWXVTUnRkWApMeStlTG0rWEowbEk3VlRFeGJOR1ljSlBYNlZEd1RnUTVta3lxOURMcTh5eGxFanV3RnV3WU9QVzJHQ2Q0V1R1CkFDUkcyVGtBa1d3emJiRmpaM08rZ3pXK0IvNVYrWUQ1NzdWNXI1UlpETUkvN2VvMUJZWG94eWROY0NtMVdSckwKK3FQNU1FbktoZVArNGF2b1ZiMCtnNzJPZUpjbDBaU29wQkdLVjlYOUtnekRYRWtoL0p6Uk9Mb3FWNlBlZ01ubgp0T1psekhSUFk5U21NZ0ZpL0RrQ0F3RUFBYU5aTUZjd0RnWURWUjBQQVFIL0JBUURBZ0trTUE4R0ExVWRFd0VCCi93UUZNQU1CQWY4d0hRWURWUjBPQkJZRUZHenBpNGo5RlhWbnhiMUFCbE9TUm8zZG5KT2pNQlVHQTFVZEVRUU8KTUF5Q0NtdDFZbVZ5Ym1WMFpYTXdEUVlKS29aSWh2Y05BUUVMQlFBRGdnRUJBRzlXU3hISlpxbzR0UENoOUUzSApua2NjQTJXVThzdnpRL2YxV3dmbnZJT0V1RnVQaVMyUGdJakU2NHAvZEcxcDNEd1ZEcnk2WjlWazZpYy8vS2R0ClBkUkYxSFpvb3RtT1JlYyswQXAwcDRjYUZXYk9COTZRUzBEL053L3BndUtZa0x3NkpBOUUxbVdOeU5ZNWlnaGUKQU5JQ1g1NUNNZTJIVlg1djFxSVFUcytPNmtSeDltUlJSME1IMnlkcXZqN2g5eXBYTGRxVWFpRGZpMVJyaHRWMQpldDZJRDRsQVBCYzVPQnBaTEtsYzBnSVZMN3M4OTFtdkhvb25BUjBJb2dGREhRNFhFQVJSekZjL3NOSEtRQ1lDCjJUVitINnVSSnVudDYxMzdST0YxOTZGUGdjRU9ZR2ZRN1BXdDBtSGpnTkdBaFU4YURCbktXMkd4UkZLRUd2VXMKOHZrPQotLS0tLUVORCBDRVJUSUZJQ0FURS0tLS0tCg=="
              }
            ],
            "created_at": "2022-05-30 04:21:34.616 +0000 UTC",
            "enabled_cluster_log_types": [
              "api",
              "audit",
              "authenticator",
              "controllerManager",
              "scheduler"
            ],
            "endpoint": "https://2D907CB5905456D7DF8B93AD04E09A07.gr7.eu-west-1.eks.amazonaws.com",
            "id": "acn-eks-clstr-testing",
            "identity": [
              {
                "oidc": [
                  {
                    "issuer": "https://oidc.eks.eu-west-1.amazonaws.com/id/2D907CB5905456D7DF8B93AD04E09A07"
                  }
                ]
              }
            ],
            "kubernetes_network_config": [
              {
                "ip_family": "ipv4",
                "service_ipv4_cidr": "10.100.0.0/16"
              }
            ],
            "name": "acn-eks-clstr-testing",
            "platform_version": "eks.2",
            "role_arn": "arn:aws:iam::741032333307:role/acn-eks-clstr-testing-cluster-role",
            "status": "ACTIVE",
            "tags": {},
            "version": "1.22",
            "vpc_config": [
              {
                "cluster_security_group_id": "sg-0e05daddf7d829e5e",
                "endpoint_private_access": false,
                "endpoint_public_access": true,
                "public_access_cidrs": [
                  "0.0.0.0/0"
                ],
                "security_group_ids": [],
                "subnet_ids": [
                  "subnet-038ab596bb580e104",
                  "subnet-056b71190493b6a39",
                  "subnet-07ecfb7d26103dd42",
                  "subnet-086f9d734f4f9fa7d",
                  "subnet-0c1730323d065a79f",
                  "subnet-0dd42b6ce1cacd086"
                ],
                "vpc_id": "vpc-06c4316f4c46dfaff"
              }
            ]
          },
          "sensitive_attributes": []
        }
      ]
    },
    {
      "module": "module.aws_alb_controller",
      "mode": "data",
      "type": "aws_eks_cluster_auth",
      "name": "selected",
      "provider": "provider[\"registry.terraform.io/hashicorp/aws\"]",
      "instances": [
        {
          "index_key": 0,
          "schema_version": 0,
          "attributes": {
            "id": "acn-eks-clstr-testing",
            "name": "acn-eks-clstr-testing",
            "token": "k8s-aws-v1.aHR0cHM6Ly9zdHMuYW1hem9uYXdzLmNvbS8_QWN0aW9uPUdldENhbGxlcklkZW50aXR5JlZlcnNpb249MjAxMS0wNi0xNSZYLUFtei1BbGdvcml0aG09QVdTNC1ITUFDLVNIQTI1NiZYLUFtei1DcmVkZW50aWFsPUFTSUEyWkNIWUI3NTdRUDdXR0dQJTJGMjAyMjA1MzAlMkZ1cy1lYXN0LTElMkZzdHMlMkZhd3M0X3JlcXVlc3QmWC1BbXotRGF0ZT0yMDIyMDUzMFQwNDMzMThaJlgtQW16LUV4cGlyZXM9MCZYLUFtei1TZWN1cml0eS1Ub2tlbj1JUW9KYjNKcFoybHVYMlZqRUJRYUNYVnpMV1ZoYzNRdE1TSklNRVlDSVFEdzRlak5jVXI4R1h3Rmd5ZWllJTJGM1ladTRFVVVSOHZ5QkJYSGdDNTNzZUt3SWhBTlM4aEFzbU9oeVA1eTZCcmdwcE1KMUpOdnNPMHJ4ZTZNTVJpb2ExenBvVktyZ0NDUDMlMkYlMkYlMkYlMkYlMkYlMkYlMkYlMkYlMkYlMkZ3RVFBaG9NTnpReE1ETXlNek16TXpBM0lneWxVaXY5RFo4VkdhNklIRmdxakFMQUJNTU0lMkZCSHZ1JTJGRDVLWENDaHgwdE9vTjAwMFgycWRzVE1aVWthenM2cyUyQlRJRXBnd1JqdTNFdm5MVFI3bUg1cnRwVnolMkJ1Sk9yQSUyRjJSTjN1d2JYRjZkN0x1clN1a2VkQWN2eFN1TWpaJTJCeU82dGJ5a3ZLWWY4aDZyUkIxa2ZLdVFOT1hEREFrZkxBWThDUkFzS0NqczR3Y1VndEkxJTJCQWxweTRPUGx4ajAxaDYzVDE4a3RsRUxHUkpsM3Y5RUdEbkZwTk1uVkpBJTJGNnJjJTJCOHFPUG5nVENuUlQycnRiaXdFWVE1bDQyak93eEdHYWp1dGxCZWp0blZaV1NtREh4a3FqczVQbXpTSnJKeDRnYkRYZ0I2MEpIJTJGQmR5elN1MlpLNlM3aSUyRlpYUVhtVzNzNlBGT1lOQUdJOUl0JTJGMWw3d0pzRzhoOUpqQXVjNVZCSFFLbCUyRk4lMkZPM3l4RUhMdm5kRUI4Y2d1SDQ2VE1LJTJCRDBaUUdPcHdCSlVSUzJra0FwVyUyRmlKU0FWdEFDQjhWSmVvJTJGM1glMkJ6VXJidlJaQWltQ2RTUGhxdUExQVk4Zzh6dGslMkJBTzR4b1E1Z3E0Z2pSRHNvN01nNDNTV1BjQlh4YkRwMW9DaWE2WEVWUjVVZFJvaTVQViUyRktOQ21lQUp0OFRiaGRYUnluclBnOVBXazlzY1FRSk4zRXM4NlVBUVFiVnBlSmw5YzR0MWw5SUtMQm5xSHVxQ29HZHpydGFFUExSQ2EzTk1rZ2dGNVFjVm4lMkJtMjElMkZ5YWRzZ3FWJlgtQW16LVNpZ25lZEhlYWRlcnM9aG9zdCUzQngtazhzLWF3cy1pZCZYLUFtei1TaWduYXR1cmU9ZGRkN2RhOWYwYTM4ZDg2NDIxZWVkMjI1MjAzNjVjNTE1YzA0NWUwNzZhMjI1NWQxOGIwOTg0MDY3MGIyOTU1MQ"
          },
          "sensitive_attributes": []
        }
      ]
    },
    {
      "module": "module.aws_alb_controller",
      "mode": "data",
      "type": "aws_iam_policy_document",
      "name": "eks_oidc_assume_role",
      "provider": "provider[\"registry.terraform.io/hashicorp/aws\"]",
      "instances": [
        {
          "index_key": 0,
          "schema_version": 0,
          "attributes": {
            "id": "157629881",
            "json": "{\n  \"Version\": \"2012-10-17\",\n  \"Statement\": [\n    {\n      \"Sid\": \"\",\n      \"Effect\": \"Allow\",\n      \"Action\": \"sts:AssumeRoleWithWebIdentity\",\n      \"Principal\": {\n        \"Federated\": \"arn:aws:iam::741032333307:oidc-provider/oidc.eks.eu-west-1.amazonaws.com/id/2D907CB5905456D7DF8B93AD04E09A07\"\n      },\n      \"Condition\": {\n        \"StringEquals\": {\n          \"oidc.eks.eu-west-1.amazonaws.com/id/2D907CB5905456D7DF8B93AD04E09A07:sub\": \"system:serviceaccount:kube-system:aws-load-balancer-controller\"\n        }\n      }\n    }\n  ]\n}",
            "override_json": null,
            "override_policy_documents": null,
            "policy_id": null,
            "source_json": null,
            "source_policy_documents": null,
            "statement": [
              {
                "actions": [
                  "sts:AssumeRoleWithWebIdentity"
                ],
                "condition": [
                  {
                    "test": "StringEquals",
                    "values": [
                      "system:serviceaccount:kube-system:aws-load-balancer-controller"
                    ],
                    "variable": "oidc.eks.eu-west-1.amazonaws.com/id/2D907CB5905456D7DF8B93AD04E09A07:sub"
                  }
                ],
                "effect": "Allow",
                "not_actions": [],
                "not_principals": [],
                "not_resources": [],
                "principals": [
                  {
                    "identifiers": [
                      "arn:aws:iam::741032333307:oidc-provider/oidc.eks.eu-west-1.amazonaws.com/id/2D907CB5905456D7DF8B93AD04E09A07"
                    ],
                    "type": "Federated"
                  }
                ],
                "resources": [],
                "sid": ""
              }
            ],
            "version": "2012-10-17"
          },
          "sensitive_attributes": []
        }
      ]
    },
    {
      "module": "module.aws_alb_controller",
      "mode": "data",
      "type": "aws_region",
      "name": "current",
      "provider": "provider[\"registry.terraform.io/hashicorp/aws\"]",
      "instances": [
        {
          "schema_version": 0,
          "attributes": {
            "description": "Europe (Ireland)",
            "endpoint": "ec2.eu-west-1.amazonaws.com",
            "id": "eu-west-1",
            "name": "eu-west-1"
          },
          "sensitive_attributes": []
        }
      ]
    },
    {
      "module": "module.aws_alb_controller",
      "mode": "data",
      "type": "aws_vpc",
      "name": "selected",
      "provider": "provider[\"registry.terraform.io/hashicorp/aws\"]",
      "instances": [
        {
          "schema_version": 0,
          "attributes": {
            "arn": "arn:aws:ec2:eu-west-1:741032333307:vpc/vpc-06c4316f4c46dfaff",
            "cidr_block": "192.168.0.0/16",
            "cidr_block_associations": [
              {
                "association_id": "vpc-cidr-assoc-012f480de05604e74",
                "cidr_block": "192.168.0.0/16",
                "state": "associated"
              }
            ],
            "default": false,
            "dhcp_options_id": "dopt-0da8f463f6adfd76e",
            "enable_dns_hostnames": true,
            "enable_dns_support": true,
            "filter": null,
            "id": "vpc-06c4316f4c46dfaff",
            "instance_tenancy": "default",
            "ipv6_association_id": "",
            "ipv6_cidr_block": "",
            "main_route_table_id": "rtb-0f63d25fccae1ef63",
            "owner_id": "741032333307",
            "state": null,
            "tags": {
              "Environment": "testing",
              "Group": "eks-fargate",
              "Name": "eks-vpc-testing-vpc",
              "kubernetes.io/cluster/acn-eks-clstr-testing": "shared"
            }
          },
          "sensitive_attributes": []
        }
      ]
    },
    {
      "module": "module.aws_alb_controller",
      "mode": "managed",
      "type": "aws_iam_policy",
      "name": "this",
      "provider": "provider[\"registry.terraform.io/hashicorp/aws\"]",
      "instances": [
        {
          "schema_version": 0,
          "attributes": {
            "arn": "arn:aws:iam::741032333307:policy/k8s-acn-eks-clstr-testing-alb-management",
            "description": "Permissions that are required to manage AWS Application Load Balancers.",
            "id": "arn:aws:iam::741032333307:policy/k8s-acn-eks-clstr-testing-alb-management",
            "name": "k8s-acn-eks-clstr-testing-alb-management",
            "name_prefix": null,
            "path": "/",
            "policy": "{\"Statement\":[{\"Action\":\"ec2:CreateTags\",\"Condition\":{\"Null\":{\"aws:RequestTag/elbv2.k8s.aws/cluster\":\"false\"},\"StringEquals\":{\"ec2:CreateAction\":\"CreateSecurityGroup\"}},\"Effect\":\"Allow\",\"Resource\":\"arn:aws:ec2:*:*:security-group/*\",\"Sid\":\"VisualEditor0\"},{\"Action\":[\"ec2:DeleteTags\",\"ec2:CreateTags\"],\"Condition\":{\"Null\":{\"aws:RequestTag/elbv2.k8s.aws/cluster\":\"true\",\"aws:ResourceTag/elbv2.k8s.aws/cluster\":\"false\"}},\"Effect\":\"Allow\",\"Resource\":\"arn:aws:ec2:*:*:security-group/*\",\"Sid\":\"VisualEditor1\"},{\"Action\":[\"ec2:RevokeSecurityGroupIngress\",\"ec2:AuthorizeSecurityGroupIngress\",\"ec2:DeleteSecurityGroup\"],\"Condition\":{\"Null\":{\"aws:ResourceTag/elbv2.k8s.aws/cluster\":\"false\"}},\"Effect\":\"Allow\",\"Resource\":\"*\",\"Sid\":\"VisualEditor2\"},{\"Action\":[\"elasticloadbalancing:ModifyListener\",\"wafv2:AssociateWebACL\",\"ec2:AuthorizeSecurityGroupIngress\",\"ec2:DescribeInstances\",\"wafv2:GetWebACLForResource\",\"iam:ListServerCertificates\",\"ec2:DescribeCoipPools\",\"wafv2:GetWebACL\",\"elasticloadbalancing:SetWebAcl\",\"ec2:DescribeInternetGateways\",\"elasticloadbalancing:DescribeLoadBalancers\",\"waf-regional:GetWebACLForResource\",\"waf-regional:GetWebACL\",\"elasticloadbalancing:CreateRule\",\"ec2:DescribeAccountAttributes\",\"elasticloadbalancing:AddListenerCertificates\",\"iam:GetServerCertificate\",\"wafv2:DisassociateWebACL\",\"shield:GetSubscriptionState\",\"ec2:DescribeVpcPeeringConnections\",\"elasticloadbalancing:DescribeLoadBalancerAttributes\",\"ec2:RevokeSecurityGroupIngress\",\"elasticloadbalancing:DescribeTargetGroupAttributes\",\"shield:CreateProtection\",\"acm:DescribeCertificate\",\"elasticloadbalancing:ModifyRule\",\"elasticloadbalancing:DescribeRules\",\"ec2:DescribeSubnets\",\"waf-regional:AssociateWebACL\",\"ec2:DescribeAddresses\",\"shield:DescribeProtection\",\"shield:DeleteProtection\",\"elasticloadbalancing:RemoveListenerCertificates\",\"elasticloadbalancing:CreateListener\",\"elasticloadbalancing:DescribeListeners\",\"ec2:DescribeNetworkInterfaces\",\"ec2:DescribeAvailabilityZones\",\"ec2:CreateSecurityGroup\",\"acm:ListCertificates\",\"elasticloadbalancing:DescribeListenerCertificates\",\"cognito-idp:DescribeUserPoolClient\",\"elasticloadbalancing:DeleteRule\",\"elasticloadbalancing:DescribeSSLPolicies\",\"waf-regional:DisassociateWebACL\",\"elasticloadbalancing:DescribeTags\",\"ec2:DescribeTags\",\"ec2:GetCoipPoolUsage\",\"elasticloadbalancing:*\",\"ec2:DescribeSecurityGroups\",\"ec2:DescribeVpcs\",\"elasticloadbalancing:DescribeTargetHealth\",\"elasticloadbalancing:DescribeTargetGroups\",\"elasticloadbalancing:DeleteListener\"],\"Effect\":\"Allow\",\"Resource\":\"*\",\"Sid\":\"VisualEditor3\"},{\"Action\":[\"elasticloadbalancing:CreateLoadBalancer\",\"elasticloadbalancing:CreateTargetGroup\"],\"Condition\":{\"Null\":{\"aws:RequestTag/elbv2.k8s.aws/cluster\":\"false\"}},\"Effect\":\"Allow\",\"Resource\":\"*\",\"Sid\":\"VisualEditor4\"},{\"Action\":[\"elasticloadbalancing:CreateLoadBalancer\",\"elasticloadbalancing:CreateTargetGroup\"],\"Condition\":{\"Null\":{\"aws:RequestTag/elbv2.k8s.aws/cluster\":\"false\"}},\"Effect\":\"Allow\",\"Resource\":\"*\",\"Sid\":\"VisualEditor5\"},{\"Action\":[\"elasticloadbalancing:RemoveTags\",\"elasticloadbalancing:AddTags\"],\"Condition\":{\"Null\":{\"aws:RequestTag/elbv2.k8s.aws/cluster\":\"true\",\"aws:ResourceTag/elbv2.k8s.aws/cluster\":\"false\"}},\"Effect\":\"Allow\",\"Resource\":[\"arn:aws:elasticloadbalancing:*:*:targetgroup/*/*\",\"arn:aws:elasticloadbalancing:*:*:loadbalancer/app/*/*\",\"arn:aws:elasticloadbalancing:*:*:loadbalancer/net/*/*\"],\"Sid\":\"VisualEditor6\"},{\"Action\":[\"elasticloadbalancing:RemoveTags\",\"elasticloadbalancing:AddTags\"],\"Condition\":{\"Null\":{\"aws:RequestTag/elbv2.k8s.aws/cluster\":\"true\",\"aws:ResourceTag/elbv2.k8s.aws/cluster\":\"false\"}},\"Effect\":\"Allow\",\"Resource\":[\"arn:aws:elasticloadbalancing:*:*:loadbalancer/net/*/*\",\"arn:aws:elasticloadbalancing:*:*:loadbalancer/app/*/*\",\"arn:aws:elasticloadbalancing:*:*:targetgroup/*/*\"],\"Sid\":\"VisualEditor7\"},{\"Action\":[\"elasticloadbalancing:DeleteLoadBalancer\",\"elasticloadbalancing:SetSecurityGroups\",\"elasticloadbalancing:SetIpAddressType\",\"elasticloadbalancing:SetSubnets\",\"elasticloadbalancing:ModifyLoadBalancerAttributes\",\"elasticloadbalancing:DeleteTargetGroup\",\"elasticloadbalancing:ModifyTargetGroupAttributes\",\"elasticloadbalancing:ModifyTargetGroup\"],\"Condition\":{\"Null\":{\"aws:ResourceTag/elbv2.k8s.aws/cluster\":\"false\"}},\"Effect\":\"Allow\",\"Resource\":\"*\",\"Sid\":\"VisualEditor8\"},{\"Action\":[\"elasticloadbalancing:DeleteLoadBalancer\",\"elasticloadbalancing:SetSecurityGroups\",\"elasticloadbalancing:SetIpAddressType\",\"elasticloadbalancing:SetSubnets\",\"elasticloadbalancing:ModifyLoadBalancerAttributes\",\"elasticloadbalancing:DeleteTargetGroup\",\"elasticloadbalancing:ModifyTargetGroupAttributes\",\"elasticloadbalancing:ModifyTargetGroup\"],\"Condition\":{\"Null\":{\"aws:ResourceTag/elbv2.k8s.aws/cluster\":\"false\"}},\"Effect\":\"Allow\",\"Resource\":\"*\",\"Sid\":\"VisualEditor9\"},{\"Action\":[\"elasticloadbalancing:RemoveTags\",\"elasticloadbalancing:AddTags\"],\"Effect\":\"Allow\",\"Resource\":[\"arn:aws:elasticloadbalancing:*:*:listener/net/*/*/*\",\"arn:aws:elasticloadbalancing:*:*:listener/app/*/*/*\",\"arn:aws:elasticloadbalancing:*:*:listener-rule/net/*/*/*\",\"arn:aws:elasticloadbalancing:*:*:listener-rule/app/*/*/*\"],\"Sid\":\"VisualEditor10\"},{\"Action\":[\"elasticloadbalancing:RemoveTags\",\"elasticloadbalancing:AddTags\"],\"Effect\":\"Allow\",\"Resource\":[\"arn:aws:elasticloadbalancing:*:*:listener/net/*/*/*\",\"arn:aws:elasticloadbalancing:*:*:listener/app/*/*/*\",\"arn:aws:elasticloadbalancing:*:*:listener-rule/net/*/*/*\",\"arn:aws:elasticloadbalancing:*:*:listener-rule/app/*/*/*\"],\"Sid\":\"VisualEditor11\"},{\"Action\":[\"elasticloadbalancing:RegisterTargets\",\"elasticloadbalancing:DeregisterTargets\"],\"Effect\":\"Allow\",\"Resource\":\"arn:aws:elasticloadbalancing:*:*:targetgroup/*/*\",\"Sid\":\"VisualEditor12\"},{\"Action\":\"iam:CreateServiceLinkedRole\",\"Condition\":{\"StringEquals\":{\"iam:AWSServiceName\":\"elasticloadbalancing.amazonaws.com\"}},\"Effect\":\"Allow\",\"Resource\":\"*\",\"Sid\":\"VisualEditor13\"},{\"Action\":[\"elasticloadbalancing:RegisterTargets\",\"elasticloadbalancing:DeregisterTargets\"],\"Effect\":\"Allow\",\"Resource\":\"arn:aws:elasticloadbalancing:*:*:targetgroup/*/*\",\"Sid\":\"VisualEditor14\"}],\"Version\":\"2012-10-17\"}",
            "policy_id": "ANPA2ZCHYB757BQXDKXWN",
            "tags": {
              "Name": "acn-eks-clstr-testing-lb_controller-iam"
            },
            "tags_all": {
              "Name": "acn-eks-clstr-testing-lb_controller-iam"
            }
          },
          "sensitive_attributes": [],
          "private": "bnVsbA==",
          "dependencies": [
            "module.coredns_patching.data.aws_caller_identity.current",
            "module.coredns_patching.data.aws_eks_cluster.selected",
            "module.coredns_patching.data.aws_eks_cluster_auth.selected",
            "module.coredns_patching.data.aws_region.current",
            "module.coredns_patching.null_resource.coredns_patch_windows",
            "module.coredns_patching.null_resource.coredns_restart",
            "module.coredns_patching.null_resource.update_kubeconfig_windows",
            "module.eks.aws_cloudwatch_log_group.cloudwatch_log_group",
            "module.eks.aws_eks_cluster.eks_cluster",
            "module.eks.aws_eks_fargate_profile.eks_fargate_app",
            "module.eks.aws_eks_fargate_profile.eks_fargate_system",
            "module.eks.aws_iam_openid_connect_provider.oidc_provider",
            "module.eks.aws_iam_policy.AmazonEKSClusterCloudWatchMetricsPolicy",
            "module.eks.aws_iam_role.eks_cluster_role",
            "module.eks.aws_iam_role.eks_fargate_role",
            "module.eks.aws_iam_role.eks_fargate_system_role",
            "module.eks.aws_iam_role_policy_attachment.AmazonEKSCloudWatchMetricsPolicy",
            "module.eks.aws_iam_role_policy_attachment.AmazonEKSClusterPolicy",
            "module.eks.aws_iam_role_policy_attachment.AmazonEKSClusterPolicy1",
            "module.eks.aws_iam_role_policy_attachment.AmazonEKSClusterPolicy2",
            "module.eks.aws_iam_role_policy_attachment.AmazonEKSFargatePodExecutionRolePolicy",
            "module.eks.aws_iam_role_policy_attachment.AmazonEKSFargatePodExecutionRolePolicy2",
            "module.eks.aws_iam_role_policy_attachment.AmazonEKSVPCResourceController",
            "module.eks.aws_iam_role_policy_attachment.AmazonEKSVPCResourceController1",
            "module.eks.aws_iam_role_policy_attachment.AmazonEKSVPCResourceController2",
            "module.eks.data.tls_certificate.auth",
            "module.vpc.aws_default_security_group.default",
            "module.vpc.aws_eip.nat_eip",
            "module.vpc.aws_internet_gateway.internet_gw",
            "module.vpc.aws_nat_gateway.nat_gw",
            "module.vpc.aws_route.private_nat_gw_route",
            "module.vpc.aws_route.public_internet_route",
            "module.vpc.aws_route_table.private_rt",
            "module.vpc.aws_route_table.public_rt",
            "module.vpc.aws_route_table_association.private-rt-assotion",
            "module.vpc.aws_route_table_association.public-rt-assotion",
            "module.vpc.aws_security_group.custom",
            "module.vpc.aws_subnet.private_subnet",
            "module.vpc.aws_subnet.public_subnet",
            "module.vpc.aws_vpc.main_vpc"
          ]
        }
      ]
    },
    {
      "module": "module.aws_alb_controller",
      "mode": "managed",
      "type": "aws_iam_role",
      "name": "this",
      "provider": "provider[\"registry.terraform.io/hashicorp/aws\"]",
      "instances": [
        {
          "schema_version": 0,
          "attributes": {
            "arn": "arn:aws:iam::741032333307:role/k8s-acn-eks-clstr-testing-aws-load-balancer-controller",
            "assume_role_policy": "{\"Version\":\"2012-10-17\",\"Statement\":[{\"Sid\":\"\",\"Effect\":\"Allow\",\"Principal\":{\"Federated\":\"arn:aws:iam::741032333307:oidc-provider/oidc.eks.eu-west-1.amazonaws.com/id/2D907CB5905456D7DF8B93AD04E09A07\"},\"Action\":\"sts:AssumeRoleWithWebIdentity\",\"Condition\":{\"StringEquals\":{\"oidc.eks.eu-west-1.amazonaws.com/id/2D907CB5905456D7DF8B93AD04E09A07:sub\":\"system:serviceaccount:kube-system:aws-load-balancer-controller\"}}}]}",
            "create_date": "2022-05-30T04:33:19Z",
            "description": "Permissions required by the Kubernetes AWS Load Balancer controller to do its job.",
            "force_detach_policies": true,
            "id": "k8s-acn-eks-clstr-testing-aws-load-balancer-controller",
            "inline_policy": [
              {
                "name": "",
                "policy": ""
              }
            ],
            "managed_policy_arns": [],
            "max_session_duration": 3600,
            "name": "k8s-acn-eks-clstr-testing-aws-load-balancer-controller",
            "name_prefix": "",
            "path": "/",
            "permissions_boundary": null,
            "tags": null,
            "tags_all": {},
            "unique_id": "AROA2ZCHYB75RQRVGPQMJ"
          },
          "sensitive_attributes": [],
          "private": "bnVsbA==",
          "dependencies": [
            "module.aws_alb_controller.data.aws_caller_identity.current",
            "module.aws_alb_controller.data.aws_eks_cluster.selected",
            "module.aws_alb_controller.data.aws_iam_policy_document.ec2_assume_role",
            "module.aws_alb_controller.data.aws_iam_policy_document.eks_oidc_assume_role",
            "module.coredns_patching.data.aws_caller_identity.current",
            "module.coredns_patching.data.aws_eks_cluster.selected",
            "module.coredns_patching.data.aws_eks_cluster_auth.selected",
            "module.coredns_patching.data.aws_region.current",
            "module.coredns_patching.null_resource.coredns_patch_windows",
            "module.coredns_patching.null_resource.coredns_restart",
            "module.coredns_patching.null_resource.update_kubeconfig_windows",
            "module.eks.aws_cloudwatch_log_group.cloudwatch_log_group",
            "module.eks.aws_eks_cluster.eks_cluster",
            "module.eks.aws_eks_fargate_profile.eks_fargate_app",
            "module.eks.aws_eks_fargate_profile.eks_fargate_system",
            "module.eks.aws_iam_openid_connect_provider.oidc_provider",
            "module.eks.aws_iam_policy.AmazonEKSClusterCloudWatchMetricsPolicy",
            "module.eks.aws_iam_role.eks_cluster_role",
            "module.eks.aws_iam_role.eks_fargate_role",
            "module.eks.aws_iam_role.eks_fargate_system_role",
            "module.eks.aws_iam_role_policy_attachment.AmazonEKSCloudWatchMetricsPolicy",
            "module.eks.aws_iam_role_policy_attachment.AmazonEKSClusterPolicy",
            "module.eks.aws_iam_role_policy_attachment.AmazonEKSClusterPolicy1",
            "module.eks.aws_iam_role_policy_attachment.AmazonEKSClusterPolicy2",
            "module.eks.aws_iam_role_policy_attachment.AmazonEKSFargatePodExecutionRolePolicy",
            "module.eks.aws_iam_role_policy_attachment.AmazonEKSFargatePodExecutionRolePolicy2",
            "module.eks.aws_iam_role_policy_attachment.AmazonEKSVPCResourceController",
            "module.eks.aws_iam_role_policy_attachment.AmazonEKSVPCResourceController1",
            "module.eks.aws_iam_role_policy_attachment.AmazonEKSVPCResourceController2",
            "module.eks.data.tls_certificate.auth",
            "module.vpc.aws_default_security_group.default",
            "module.vpc.aws_eip.nat_eip",
            "module.vpc.aws_internet_gateway.internet_gw",
            "module.vpc.aws_nat_gateway.nat_gw",
            "module.vpc.aws_route.private_nat_gw_route",
            "module.vpc.aws_route.public_internet_route",
            "module.vpc.aws_route_table.private_rt",
            "module.vpc.aws_route_table.public_rt",
            "module.vpc.aws_route_table_association.private-rt-assotion",
            "module.vpc.aws_route_table_association.public-rt-assotion",
            "module.vpc.aws_security_group.custom",
            "module.vpc.aws_subnet.private_subnet",
            "module.vpc.aws_subnet.public_subnet",
            "module.vpc.aws_vpc.main_vpc"
          ]
        }
      ]
    },
    {
      "module": "module.aws_alb_controller",
      "mode": "managed",
      "type": "aws_iam_role_policy_attachment",
      "name": "this",
      "provider": "provider[\"registry.terraform.io/hashicorp/aws\"]",
      "instances": [
        {
          "schema_version": 0,
          "attributes": {
            "id": "k8s-acn-eks-clstr-testing-aws-load-balancer-controller-2022053004332115740000000d",
            "policy_arn": "arn:aws:iam::741032333307:policy/k8s-acn-eks-clstr-testing-alb-management",
            "role": "k8s-acn-eks-clstr-testing-aws-load-balancer-controller"
          },
          "sensitive_attributes": [],
          "private": "bnVsbA==",
          "dependencies": [
            "module.aws_alb_controller.aws_iam_policy.this",
            "module.aws_alb_controller.aws_iam_role.this",
            "module.aws_alb_controller.data.aws_caller_identity.current",
            "module.aws_alb_controller.data.aws_eks_cluster.selected",
            "module.aws_alb_controller.data.aws_iam_policy_document.ec2_assume_role",
            "module.aws_alb_controller.data.aws_iam_policy_document.eks_oidc_assume_role",
            "module.coredns_patching.data.aws_caller_identity.current",
            "module.coredns_patching.data.aws_eks_cluster.selected",
            "module.coredns_patching.data.aws_eks_cluster_auth.selected",
            "module.coredns_patching.data.aws_region.current",
            "module.coredns_patching.null_resource.coredns_patch_windows",
            "module.coredns_patching.null_resource.coredns_restart",
            "module.coredns_patching.null_resource.update_kubeconfig_windows",
            "module.eks.aws_cloudwatch_log_group.cloudwatch_log_group",
            "module.eks.aws_eks_cluster.eks_cluster",
            "module.eks.aws_eks_fargate_profile.eks_fargate_app",
            "module.eks.aws_eks_fargate_profile.eks_fargate_system",
            "module.eks.aws_iam_openid_connect_provider.oidc_provider",
            "module.eks.aws_iam_policy.AmazonEKSClusterCloudWatchMetricsPolicy",
            "module.eks.aws_iam_role.eks_cluster_role",
            "module.eks.aws_iam_role.eks_fargate_role",
            "module.eks.aws_iam_role.eks_fargate_system_role",
            "module.eks.aws_iam_role_policy_attachment.AmazonEKSCloudWatchMetricsPolicy",
            "module.eks.aws_iam_role_policy_attachment.AmazonEKSClusterPolicy",
            "module.eks.aws_iam_role_policy_attachment.AmazonEKSClusterPolicy1",
            "module.eks.aws_iam_role_policy_attachment.AmazonEKSClusterPolicy2",
            "module.eks.aws_iam_role_policy_attachment.AmazonEKSFargatePodExecutionRolePolicy",
            "module.eks.aws_iam_role_policy_attachment.AmazonEKSFargatePodExecutionRolePolicy2",
            "module.eks.aws_iam_role_policy_attachment.AmazonEKSVPCResourceController",
            "module.eks.aws_iam_role_policy_attachment.AmazonEKSVPCResourceController1",
            "module.eks.aws_iam_role_policy_attachment.AmazonEKSVPCResourceController2",
            "module.eks.data.tls_certificate.auth",
            "module.vpc.aws_default_security_group.default",
            "module.vpc.aws_eip.nat_eip",
            "module.vpc.aws_internet_gateway.internet_gw",
            "module.vpc.aws_nat_gateway.nat_gw",
            "module.vpc.aws_route.private_nat_gw_route",
            "module.vpc.aws_route.public_internet_route",
            "module.vpc.aws_route_table.private_rt",
            "module.vpc.aws_route_table.public_rt",
            "module.vpc.aws_route_table_association.private-rt-assotion",
            "module.vpc.aws_route_table_association.public-rt-assotion",
            "module.vpc.aws_security_group.custom",
            "module.vpc.aws_subnet.private_subnet",
            "module.vpc.aws_subnet.public_subnet",
            "module.vpc.aws_vpc.main_vpc"
          ]
        }
      ]
    },
    {
      "module": "module.aws_alb_controller",
      "mode": "managed",
      "type": "aws_iam_role_policy_attachment",
      "name": "vpc-cni-addon",
      "provider": "provider[\"registry.terraform.io/hashicorp/aws\"]",
      "instances": [
        {
          "schema_version": 0,
          "attributes": {
            "id": "k8s-acn-eks-clstr-testing-aws-load-balancer-controller-2022053004332115230000000c",
            "policy_arn": "arn:aws:iam::aws:policy/AmazonEKS_CNI_Policy",
            "role": "k8s-acn-eks-clstr-testing-aws-load-balancer-controller"
          },
          "sensitive_attributes": [],
          "private": "bnVsbA==",
          "dependencies": [
            "module.aws_alb_controller.aws_iam_role.this",
            "module.aws_alb_controller.data.aws_caller_identity.current",
            "module.aws_alb_controller.data.aws_eks_cluster.selected",
            "module.aws_alb_controller.data.aws_iam_policy_document.ec2_assume_role",
            "module.aws_alb_controller.data.aws_iam_policy_document.eks_oidc_assume_role",
            "module.coredns_patching.data.aws_caller_identity.current",
            "module.coredns_patching.data.aws_eks_cluster.selected",
            "module.coredns_patching.data.aws_eks_cluster_auth.selected",
            "module.coredns_patching.data.aws_region.current",
            "module.coredns_patching.null_resource.coredns_patch_windows",
            "module.coredns_patching.null_resource.coredns_restart",
            "module.coredns_patching.null_resource.update_kubeconfig_windows",
            "module.eks.aws_cloudwatch_log_group.cloudwatch_log_group",
            "module.eks.aws_eks_cluster.eks_cluster",
            "module.eks.aws_eks_fargate_profile.eks_fargate_app",
            "module.eks.aws_eks_fargate_profile.eks_fargate_system",
            "module.eks.aws_iam_openid_connect_provider.oidc_provider",
            "module.eks.aws_iam_policy.AmazonEKSClusterCloudWatchMetricsPolicy",
            "module.eks.aws_iam_role.eks_cluster_role",
            "module.eks.aws_iam_role.eks_fargate_role",
            "module.eks.aws_iam_role.eks_fargate_system_role",
            "module.eks.aws_iam_role_policy_attachment.AmazonEKSCloudWatchMetricsPolicy",
            "module.eks.aws_iam_role_policy_attachment.AmazonEKSClusterPolicy",
            "module.eks.aws_iam_role_policy_attachment.AmazonEKSClusterPolicy1",
            "module.eks.aws_iam_role_policy_attachment.AmazonEKSClusterPolicy2",
            "module.eks.aws_iam_role_policy_attachment.AmazonEKSFargatePodExecutionRolePolicy",
            "module.eks.aws_iam_role_policy_attachment.AmazonEKSFargatePodExecutionRolePolicy2",
            "module.eks.aws_iam_role_policy_attachment.AmazonEKSVPCResourceController",
            "module.eks.aws_iam_role_policy_attachment.AmazonEKSVPCResourceController1",
            "module.eks.aws_iam_role_policy_attachment.AmazonEKSVPCResourceController2",
            "module.eks.data.tls_certificate.auth",
            "module.vpc.aws_default_security_group.default",
            "module.vpc.aws_eip.nat_eip",
            "module.vpc.aws_internet_gateway.internet_gw",
            "module.vpc.aws_nat_gateway.nat_gw",
            "module.vpc.aws_route.private_nat_gw_route",
            "module.vpc.aws_route.public_internet_route",
            "module.vpc.aws_route_table.private_rt",
            "module.vpc.aws_route_table.public_rt",
            "module.vpc.aws_route_table_association.private-rt-assotion",
            "module.vpc.aws_route_table_association.public-rt-assotion",
            "module.vpc.aws_security_group.custom",
            "module.vpc.aws_subnet.private_subnet",
            "module.vpc.aws_subnet.public_subnet",
            "module.vpc.aws_vpc.main_vpc"
          ]
        }
      ]
    },
    {
      "module": "module.aws_alb_controller",
      "mode": "managed",
      "type": "helm_release",
      "name": "alb_controller",
      "provider": "provider[\"registry.terraform.io/hashicorp/helm\"]",
      "instances": [
        {
          "schema_version": 0,
          "attributes": {
            "atomic": true,
            "chart": "aws-load-balancer-controller",
            "cleanup_on_fail": false,
            "create_namespace": false,
            "dependency_update": false,
            "description": null,
            "devel": null,
            "disable_crd_hooks": false,
            "disable_openapi_validation": false,
            "disable_webhooks": false,
            "force_update": false,
            "id": "aws-load-balancer-controller",
            "keyring": null,
            "lint": false,
            "manifest": null,
            "max_history": 0,
            "metadata": [
              {
                "app_version": "v2.4.1",
                "chart": "aws-load-balancer-controller",
                "name": "aws-load-balancer-controller",
                "namespace": "kube-system",
                "revision": 1,
                "values": "{\"clusterName\":\"acn-eks-clstr-testing\",\"hostNetwork\":false,\"region\":\"eu-west-1\",\"serviceAccount\":{\"create\":false,\"name\":\"aws-load-balancer-controller\"},\"vpcId\":\"vpc-06c4316f4c46dfaff\"}",
                "version": "1.4.1"
              }
            ],
            "name": "aws-load-balancer-controller",
            "namespace": "kube-system",
            "postrender": [],
            "recreate_pods": false,
            "render_subchart_notes": true,
            "replace": false,
            "repository": "https://aws.github.io/eks-charts",
            "repository_ca_file": null,
            "repository_cert_file": null,
            "repository_key_file": null,
            "repository_password": null,
            "repository_username": null,
            "reset_values": false,
            "reuse_values": false,
            "set": [
              {
                "name": "clusterName",
                "type": "",
                "value": "acn-eks-clstr-testing"
              },
              {
                "name": "hostNetwork",
                "type": "",
                "value": "false"
              },
              {
                "name": "region",
                "type": "",
                "value": "eu-west-1"
              },
              {
                "name": "serviceAccount.create",
                "type": "",
                "value": "false"
              },
              {
                "name": "serviceAccount.name",
                "type": "",
                "value": "aws-load-balancer-controller"
              },
              {
                "name": "vpcId",
                "type": "",
                "value": "vpc-06c4316f4c46dfaff"
              }
            ],
            "set_sensitive": [],
            "skip_crds": false,
            "status": "deployed",
            "timeout": 900,
            "values": null,
            "verify": false,
            "version": "1.4.1",
            "wait": true,
            "wait_for_jobs": false
          },
          "sensitive_attributes": [],
          "private": "bnVsbA==",
          "dependencies": [
            "data.aws_eks_cluster.eks_cluster",
            "data.aws_eks_cluster_auth.aws_iam_authenticator",
            "module.aws_alb_controller.aws_iam_role.this",
            "module.aws_alb_controller.data.aws_caller_identity.current",
            "module.aws_alb_controller.data.aws_eks_cluster.selected",
            "module.aws_alb_controller.data.aws_iam_policy_document.ec2_assume_role",
            "module.aws_alb_controller.data.aws_iam_policy_document.eks_oidc_assume_role",
            "module.aws_alb_controller.data.aws_region.current",
            "module.aws_alb_controller.data.aws_vpc.selected",
            "module.aws_alb_controller.kubernetes_service_account.this",
            "module.coredns_patching.data.aws_caller_identity.current",
            "module.coredns_patching.data.aws_eks_cluster.selected",
            "module.coredns_patching.data.aws_eks_cluster_auth.selected",
            "module.coredns_patching.data.aws_region.current",
            "module.coredns_patching.null_resource.coredns_patch_windows",
            "module.coredns_patching.null_resource.coredns_restart",
            "module.coredns_patching.null_resource.update_kubeconfig_windows",
            "module.eks.aws_cloudwatch_log_group.cloudwatch_log_group",
            "module.eks.aws_eks_cluster.eks_cluster",
            "module.eks.aws_eks_fargate_profile.eks_fargate_app",
            "module.eks.aws_eks_fargate_profile.eks_fargate_system",
            "module.eks.aws_iam_openid_connect_provider.oidc_provider",
            "module.eks.aws_iam_policy.AmazonEKSClusterCloudWatchMetricsPolicy",
            "module.eks.aws_iam_role.eks_cluster_role",
            "module.eks.aws_iam_role.eks_fargate_role",
            "module.eks.aws_iam_role.eks_fargate_system_role",
            "module.eks.aws_iam_role_policy_attachment.AmazonEKSCloudWatchMetricsPolicy",
            "module.eks.aws_iam_role_policy_attachment.AmazonEKSClusterPolicy",
            "module.eks.aws_iam_role_policy_attachment.AmazonEKSClusterPolicy1",
            "module.eks.aws_iam_role_policy_attachment.AmazonEKSClusterPolicy2",
            "module.eks.aws_iam_role_policy_attachment.AmazonEKSFargatePodExecutionRolePolicy",
            "module.eks.aws_iam_role_policy_attachment.AmazonEKSFargatePodExecutionRolePolicy2",
            "module.eks.aws_iam_role_policy_attachment.AmazonEKSVPCResourceController",
            "module.eks.aws_iam_role_policy_attachment.AmazonEKSVPCResourceController1",
            "module.eks.aws_iam_role_policy_attachment.AmazonEKSVPCResourceController2",
            "module.eks.data.tls_certificate.auth",
            "module.vpc.aws_default_security_group.default",
            "module.vpc.aws_eip.nat_eip",
            "module.vpc.aws_internet_gateway.internet_gw",
            "module.vpc.aws_nat_gateway.nat_gw",
            "module.vpc.aws_route.private_nat_gw_route",
            "module.vpc.aws_route.public_internet_route",
            "module.vpc.aws_route_table.private_rt",
            "module.vpc.aws_route_table.public_rt",
            "module.vpc.aws_route_table_association.private-rt-assotion",
            "module.vpc.aws_route_table_association.public-rt-assotion",
            "module.vpc.aws_security_group.custom",
            "module.vpc.aws_subnet.private_subnet",
            "module.vpc.aws_subnet.public_subnet",
            "module.vpc.aws_vpc.main_vpc"
          ]
        }
      ]
    },
    {
      "module": "module.aws_alb_controller",
      "mode": "managed",
      "type": "kubernetes_cluster_role",
      "name": "this",
      "provider": "provider[\"registry.terraform.io/hashicorp/kubernetes\"]",
      "instances": [
        {
          "schema_version": 0,
          "attributes": {
            "aggregation_rule": [],
            "id": "aws-load-balancer-controller",
            "metadata": [
              {
                "annotations": null,
                "generation": 0,
                "labels": {
                  "app.kubernetes.io/managed-by": "terraform",
                  "app.kubernetes.io/name": "aws-load-balancer-controller"
                },
                "name": "aws-load-balancer-controller",
                "resource_version": "1444",
                "uid": "faabd33c-2192-4387-b5e5-48c2030794a6"
              }
            ],
            "rule": [
              {
                "api_groups": [
                  "",
                  "extensions"
                ],
                "non_resource_urls": null,
                "resource_names": null,
                "resources": [
                  "configmaps",
                  "endpoints",
                  "events",
                  "ingresses",
                  "ingresses/status",
                  "services"
                ],
                "verbs": [
                  "create",
                  "get",
                  "list",
                  "update",
                  "watch",
                  "patch"
                ]
              },
              {
                "api_groups": [
                  "",
                  "extensions"
                ],
                "non_resource_urls": null,
                "resource_names": null,
                "resources": [
                  "nodes",
                  "pods",
                  "secrets",
                  "services",
                  "namespaces"
                ],
                "verbs": [
                  "get",
                  "list",
                  "watch"
                ]
              }
            ]
          },
          "sensitive_attributes": [],
          "private": "bnVsbA==",
          "dependencies": [
            "data.aws_eks_cluster.eks_cluster",
            "data.aws_eks_cluster_auth.aws_iam_authenticator",
            "module.coredns_patching.data.aws_caller_identity.current",
            "module.coredns_patching.data.aws_eks_cluster.selected",
            "module.coredns_patching.data.aws_eks_cluster_auth.selected",
            "module.coredns_patching.data.aws_region.current",
            "module.coredns_patching.null_resource.coredns_patch_windows",
            "module.coredns_patching.null_resource.coredns_restart",
            "module.coredns_patching.null_resource.update_kubeconfig_windows",
            "module.eks.aws_cloudwatch_log_group.cloudwatch_log_group",
            "module.eks.aws_eks_cluster.eks_cluster",
            "module.eks.aws_eks_fargate_profile.eks_fargate_app",
            "module.eks.aws_eks_fargate_profile.eks_fargate_system",
            "module.eks.aws_iam_openid_connect_provider.oidc_provider",
            "module.eks.aws_iam_policy.AmazonEKSClusterCloudWatchMetricsPolicy",
            "module.eks.aws_iam_role.eks_cluster_role",
            "module.eks.aws_iam_role.eks_fargate_role",
            "module.eks.aws_iam_role.eks_fargate_system_role",
            "module.eks.aws_iam_role_policy_attachment.AmazonEKSCloudWatchMetricsPolicy",
            "module.eks.aws_iam_role_policy_attachment.AmazonEKSClusterPolicy",
            "module.eks.aws_iam_role_policy_attachment.AmazonEKSClusterPolicy1",
            "module.eks.aws_iam_role_policy_attachment.AmazonEKSClusterPolicy2",
            "module.eks.aws_iam_role_policy_attachment.AmazonEKSFargatePodExecutionRolePolicy",
            "module.eks.aws_iam_role_policy_attachment.AmazonEKSFargatePodExecutionRolePolicy2",
            "module.eks.aws_iam_role_policy_attachment.AmazonEKSVPCResourceController",
            "module.eks.aws_iam_role_policy_attachment.AmazonEKSVPCResourceController1",
            "module.eks.aws_iam_role_policy_attachment.AmazonEKSVPCResourceController2",
            "module.eks.data.tls_certificate.auth",
            "module.vpc.aws_default_security_group.default",
            "module.vpc.aws_eip.nat_eip",
            "module.vpc.aws_internet_gateway.internet_gw",
            "module.vpc.aws_nat_gateway.nat_gw",
            "module.vpc.aws_route.private_nat_gw_route",
            "module.vpc.aws_route.public_internet_route",
            "module.vpc.aws_route_table.private_rt",
            "module.vpc.aws_route_table.public_rt",
            "module.vpc.aws_route_table_association.private-rt-assotion",
            "module.vpc.aws_route_table_association.public-rt-assotion",
            "module.vpc.aws_security_group.custom",
            "module.vpc.aws_subnet.private_subnet",
            "module.vpc.aws_subnet.public_subnet",
            "module.vpc.aws_vpc.main_vpc"
          ]
        }
      ]
    },
    {
      "module": "module.aws_alb_controller",
      "mode": "managed",
      "type": "kubernetes_cluster_role_binding",
      "name": "this",
      "provider": "provider[\"registry.terraform.io/hashicorp/kubernetes\"]",
      "instances": [
        {
          "schema_version": 0,
          "attributes": {
            "id": "aws-load-balancer-controller",
            "metadata": [
              {
                "annotations": null,
                "generation": 0,
                "labels": {
                  "app.kubernetes.io/managed-by": "terraform",
                  "app.kubernetes.io/name": "aws-load-balancer-controller"
                },
                "name": "aws-load-balancer-controller",
                "resource_version": "1462",
                "uid": "022c263e-cea6-41fd-bcb9-5992ddba231d"
              }
            ],
            "role_ref": [
              {
                "api_group": "rbac.authorization.k8s.io",
                "kind": "ClusterRole",
                "name": "aws-load-balancer-controller"
              }
            ],
            "subject": [
              {
                "api_group": "",
                "kind": "ServiceAccount",
                "name": "aws-load-balancer-controller",
                "namespace": "kube-system"
              }
            ]
          },
          "sensitive_attributes": [],
          "private": "bnVsbA==",
          "dependencies": [
            "data.aws_eks_cluster.eks_cluster",
            "data.aws_eks_cluster_auth.aws_iam_authenticator",
            "module.aws_alb_controller.aws_iam_role.this",
            "module.aws_alb_controller.data.aws_caller_identity.current",
            "module.aws_alb_controller.data.aws_eks_cluster.selected",
            "module.aws_alb_controller.data.aws_iam_policy_document.ec2_assume_role",
            "module.aws_alb_controller.data.aws_iam_policy_document.eks_oidc_assume_role",
            "module.aws_alb_controller.kubernetes_cluster_role.this",
            "module.aws_alb_controller.kubernetes_service_account.this",
            "module.coredns_patching.data.aws_caller_identity.current",
            "module.coredns_patching.data.aws_eks_cluster.selected",
            "module.coredns_patching.data.aws_eks_cluster_auth.selected",
            "module.coredns_patching.data.aws_region.current",
            "module.coredns_patching.null_resource.coredns_patch_windows",
            "module.coredns_patching.null_resource.coredns_restart",
            "module.coredns_patching.null_resource.update_kubeconfig_windows",
            "module.eks.aws_cloudwatch_log_group.cloudwatch_log_group",
            "module.eks.aws_eks_cluster.eks_cluster",
            "module.eks.aws_eks_fargate_profile.eks_fargate_app",
            "module.eks.aws_eks_fargate_profile.eks_fargate_system",
            "module.eks.aws_iam_openid_connect_provider.oidc_provider",
            "module.eks.aws_iam_policy.AmazonEKSClusterCloudWatchMetricsPolicy",
            "module.eks.aws_iam_role.eks_cluster_role",
            "module.eks.aws_iam_role.eks_fargate_role",
            "module.eks.aws_iam_role.eks_fargate_system_role",
            "module.eks.aws_iam_role_policy_attachment.AmazonEKSCloudWatchMetricsPolicy",
            "module.eks.aws_iam_role_policy_attachment.AmazonEKSClusterPolicy",
            "module.eks.aws_iam_role_policy_attachment.AmazonEKSClusterPolicy1",
            "module.eks.aws_iam_role_policy_attachment.AmazonEKSClusterPolicy2",
            "module.eks.aws_iam_role_policy_attachment.AmazonEKSFargatePodExecutionRolePolicy",
            "module.eks.aws_iam_role_policy_attachment.AmazonEKSFargatePodExecutionRolePolicy2",
            "module.eks.aws_iam_role_policy_attachment.AmazonEKSVPCResourceController",
            "module.eks.aws_iam_role_policy_attachment.AmazonEKSVPCResourceController1",
            "module.eks.aws_iam_role_policy_attachment.AmazonEKSVPCResourceController2",
            "module.eks.data.tls_certificate.auth",
            "module.vpc.aws_default_security_group.default",
            "module.vpc.aws_eip.nat_eip",
            "module.vpc.aws_internet_gateway.internet_gw",
            "module.vpc.aws_nat_gateway.nat_gw",
            "module.vpc.aws_route.private_nat_gw_route",
            "module.vpc.aws_route.public_internet_route",
            "module.vpc.aws_route_table.private_rt",
            "module.vpc.aws_route_table.public_rt",
            "module.vpc.aws_route_table_association.private-rt-assotion",
            "module.vpc.aws_route_table_association.public-rt-assotion",
            "module.vpc.aws_security_group.custom",
            "module.vpc.aws_subnet.private_subnet",
            "module.vpc.aws_subnet.public_subnet",
            "module.vpc.aws_vpc.main_vpc"
          ]
        }
      ]
    },
    {
      "module": "module.aws_alb_controller",
      "mode": "managed",
      "type": "kubernetes_service_account",
      "name": "this",
      "provider": "provider[\"registry.terraform.io/hashicorp/kubernetes\"]",
      "instances": [
        {
          "schema_version": 0,
          "attributes": {
            "automount_service_account_token": true,
            "default_secret_name": "aws-load-balancer-controller-token-vwkxh",
            "id": "kube-system/aws-load-balancer-controller",
            "image_pull_secret": [],
            "metadata": [
              {
                "annotations": {
                  "eks.amazonaws.com/role-arn": "arn:aws:iam::741032333307:role/k8s-acn-eks-clstr-testing-aws-load-balancer-controller"
                },
                "generate_name": "",
                "generation": 0,
                "labels": {
                  "app.kubernetes.io/component": "controller",
                  "app.kubernetes.io/managed-by": "terraform",
                  "app.kubernetes.io/name": "aws-load-balancer-controller"
                },
                "name": "aws-load-balancer-controller",
                "namespace": "kube-system",
                "resource_version": "1458",
                "uid": "5bd7e37a-2fed-47c1-b435-33e4c2b6a919"
              }
            ],
            "secret": [],
            "timeouts": null
          },
          "sensitive_attributes": [],
          "private": "eyJlMmJmYjczMC1lY2FhLTExZTYtOGY4OC0zNDM2M2JjN2M0YzAiOnsiY3JlYXRlIjozMDAwMDAwMDAwMH19",
          "dependencies": [
            "data.aws_eks_cluster.eks_cluster",
            "data.aws_eks_cluster_auth.aws_iam_authenticator",
            "module.aws_alb_controller.aws_iam_role.this",
            "module.aws_alb_controller.data.aws_caller_identity.current",
            "module.aws_alb_controller.data.aws_eks_cluster.selected",
            "module.aws_alb_controller.data.aws_iam_policy_document.ec2_assume_role",
            "module.aws_alb_controller.data.aws_iam_policy_document.eks_oidc_assume_role",
            "module.coredns_patching.data.aws_caller_identity.current",
            "module.coredns_patching.data.aws_eks_cluster.selected",
            "module.coredns_patching.data.aws_eks_cluster_auth.selected",
            "module.coredns_patching.data.aws_region.current",
            "module.coredns_patching.null_resource.coredns_patch_windows",
            "module.coredns_patching.null_resource.coredns_restart",
            "module.coredns_patching.null_resource.update_kubeconfig_windows",
            "module.eks.aws_cloudwatch_log_group.cloudwatch_log_group",
            "module.eks.aws_eks_cluster.eks_cluster",
            "module.eks.aws_eks_fargate_profile.eks_fargate_app",
            "module.eks.aws_eks_fargate_profile.eks_fargate_system",
            "module.eks.aws_iam_openid_connect_provider.oidc_provider",
            "module.eks.aws_iam_policy.AmazonEKSClusterCloudWatchMetricsPolicy",
            "module.eks.aws_iam_role.eks_cluster_role",
            "module.eks.aws_iam_role.eks_fargate_role",
            "module.eks.aws_iam_role.eks_fargate_system_role",
            "module.eks.aws_iam_role_policy_attachment.AmazonEKSCloudWatchMetricsPolicy",
            "module.eks.aws_iam_role_policy_attachment.AmazonEKSClusterPolicy",
            "module.eks.aws_iam_role_policy_attachment.AmazonEKSClusterPolicy1",
            "module.eks.aws_iam_role_policy_attachment.AmazonEKSClusterPolicy2",
            "module.eks.aws_iam_role_policy_attachment.AmazonEKSFargatePodExecutionRolePolicy",
            "module.eks.aws_iam_role_policy_attachment.AmazonEKSFargatePodExecutionRolePolicy2",
            "module.eks.aws_iam_role_policy_attachment.AmazonEKSVPCResourceController",
            "module.eks.aws_iam_role_policy_attachment.AmazonEKSVPCResourceController1",
            "module.eks.aws_iam_role_policy_attachment.AmazonEKSVPCResourceController2",
            "module.eks.data.tls_certificate.auth",
            "module.vpc.aws_default_security_group.default",
            "module.vpc.aws_eip.nat_eip",
            "module.vpc.aws_internet_gateway.internet_gw",
            "module.vpc.aws_nat_gateway.nat_gw",
            "module.vpc.aws_route.private_nat_gw_route",
            "module.vpc.aws_route.public_internet_route",
            "module.vpc.aws_route_table.private_rt",
            "module.vpc.aws_route_table.public_rt",
            "module.vpc.aws_route_table_association.private-rt-assotion",
            "module.vpc.aws_route_table_association.public-rt-assotion",
            "module.vpc.aws_security_group.custom",
            "module.vpc.aws_subnet.private_subnet",
            "module.vpc.aws_subnet.public_subnet",
            "module.vpc.aws_vpc.main_vpc"
          ]
        }
      ]
    },
    {
      "module": "module.coredns_patching",
      "mode": "data",
      "type": "aws_caller_identity",
      "name": "current",
      "provider": "provider[\"registry.terraform.io/hashicorp/aws\"]",
      "instances": [
        {
          "schema_version": 0,
          "attributes": {
            "account_id": "741032333307",
            "arn": "arn:aws:sts::741032333307:assumed-role/User/deepak.haridas.kadam@accenture.com",
            "id": "741032333307",
            "user_id": "AROA2ZCHYB75YVW4LVJGV:deepak.haridas.kadam@accenture.com"
          },
          "sensitive_attributes": []
        }
      ]
    },
    {
      "module": "module.coredns_patching",
      "mode": "data",
      "type": "aws_eks_cluster",
      "name": "selected",
      "provider": "provider[\"registry.terraform.io/hashicorp/aws\"]",
      "instances": [
        {
          "index_key": 0,
          "schema_version": 0,
          "attributes": {
            "arn": "arn:aws:eks:eu-west-1:741032333307:cluster/acn-eks-clstr-testing",
            "certificate_authority": [
              {
                "data": "LS0tLS1CRUdJTiBDRVJUSUZJQ0FURS0tLS0tCk1JSUMvakNDQWVhZ0F3SUJBZ0lCQURBTkJna3Foa2lHOXcwQkFRc0ZBREFWTVJNd0VRWURWUVFERXdwcmRXSmwKY201bGRHVnpNQjRYRFRJeU1EVXpNREEwTWpjd09Wb1hEVE15TURVeU56QTBNamN3T1Zvd0ZURVRNQkVHQTFVRQpBeE1LYTNWaVpYSnVaWFJsY3pDQ0FTSXdEUVlKS29aSWh2Y05BUUVCQlFBRGdnRVBBRENDQVFvQ2dnRUJBTE1LCk05L3Jsb0xqckVwVzE4NmlhOE9yUGxDb3J4QjlYZE0xaXVIL1F3ekNMYkFXT055ZzhjaGhtL1FMTjRhaFNIMHIKczRVUGIyazNjVjMyM0FxM0dEVnZqTGVTUEpPREJleTFXWTV4Q0huVHJ2b3dBNVFpTUQwQXcvQ2RlWXVTUnRkWApMeStlTG0rWEowbEk3VlRFeGJOR1ljSlBYNlZEd1RnUTVta3lxOURMcTh5eGxFanV3RnV3WU9QVzJHQ2Q0V1R1CkFDUkcyVGtBa1d3emJiRmpaM08rZ3pXK0IvNVYrWUQ1NzdWNXI1UlpETUkvN2VvMUJZWG94eWROY0NtMVdSckwKK3FQNU1FbktoZVArNGF2b1ZiMCtnNzJPZUpjbDBaU29wQkdLVjlYOUtnekRYRWtoL0p6Uk9Mb3FWNlBlZ01ubgp0T1psekhSUFk5U21NZ0ZpL0RrQ0F3RUFBYU5aTUZjd0RnWURWUjBQQVFIL0JBUURBZ0trTUE4R0ExVWRFd0VCCi93UUZNQU1CQWY4d0hRWURWUjBPQkJZRUZHenBpNGo5RlhWbnhiMUFCbE9TUm8zZG5KT2pNQlVHQTFVZEVRUU8KTUF5Q0NtdDFZbVZ5Ym1WMFpYTXdEUVlKS29aSWh2Y05BUUVMQlFBRGdnRUJBRzlXU3hISlpxbzR0UENoOUUzSApua2NjQTJXVThzdnpRL2YxV3dmbnZJT0V1RnVQaVMyUGdJakU2NHAvZEcxcDNEd1ZEcnk2WjlWazZpYy8vS2R0ClBkUkYxSFpvb3RtT1JlYyswQXAwcDRjYUZXYk9COTZRUzBEL053L3BndUtZa0x3NkpBOUUxbVdOeU5ZNWlnaGUKQU5JQ1g1NUNNZTJIVlg1djFxSVFUcytPNmtSeDltUlJSME1IMnlkcXZqN2g5eXBYTGRxVWFpRGZpMVJyaHRWMQpldDZJRDRsQVBCYzVPQnBaTEtsYzBnSVZMN3M4OTFtdkhvb25BUjBJb2dGREhRNFhFQVJSekZjL3NOSEtRQ1lDCjJUVitINnVSSnVudDYxMzdST0YxOTZGUGdjRU9ZR2ZRN1BXdDBtSGpnTkdBaFU4YURCbktXMkd4UkZLRUd2VXMKOHZrPQotLS0tLUVORCBDRVJUSUZJQ0FURS0tLS0tCg=="
              }
            ],
            "created_at": "2022-05-30 04:21:34.616 +0000 UTC",
            "enabled_cluster_log_types": [
              "api",
              "audit",
              "authenticator",
              "controllerManager",
              "scheduler"
            ],
            "endpoint": "https://2D907CB5905456D7DF8B93AD04E09A07.gr7.eu-west-1.eks.amazonaws.com",
            "id": "acn-eks-clstr-testing",
            "identity": [
              {
                "oidc": [
                  {
                    "issuer": "https://oidc.eks.eu-west-1.amazonaws.com/id/2D907CB5905456D7DF8B93AD04E09A07"
                  }
                ]
              }
            ],
            "kubernetes_network_config": [
              {
                "ip_family": "ipv4",
                "service_ipv4_cidr": "10.100.0.0/16"
              }
            ],
            "name": "acn-eks-clstr-testing",
            "platform_version": "eks.2",
            "role_arn": "arn:aws:iam::741032333307:role/acn-eks-clstr-testing-cluster-role",
            "status": "ACTIVE",
            "tags": {},
            "version": "1.22",
            "vpc_config": [
              {
                "cluster_security_group_id": "sg-0e05daddf7d829e5e",
                "endpoint_private_access": false,
                "endpoint_public_access": true,
                "public_access_cidrs": [
                  "0.0.0.0/0"
                ],
                "security_group_ids": [],
                "subnet_ids": [
                  "subnet-038ab596bb580e104",
                  "subnet-056b71190493b6a39",
                  "subnet-07ecfb7d26103dd42",
                  "subnet-086f9d734f4f9fa7d",
                  "subnet-0c1730323d065a79f",
                  "subnet-0dd42b6ce1cacd086"
                ],
                "vpc_id": "vpc-06c4316f4c46dfaff"
              }
            ]
          },
          "sensitive_attributes": []
        }
      ]
    },
    {
      "module": "module.coredns_patching",
      "mode": "data",
      "type": "aws_eks_cluster_auth",
      "name": "selected",
      "provider": "provider[\"registry.terraform.io/hashicorp/aws\"]",
      "instances": [
        {
          "index_key": 0,
          "schema_version": 0,
          "attributes": {
            "id": "acn-eks-clstr-testing",
            "name": "acn-eks-clstr-testing",
            "token": "k8s-aws-v1.aHR0cHM6Ly9zdHMuYW1hem9uYXdzLmNvbS8_QWN0aW9uPUdldENhbGxlcklkZW50aXR5JlZlcnNpb249MjAxMS0wNi0xNSZYLUFtei1BbGdvcml0aG09QVdTNC1ITUFDLVNIQTI1NiZYLUFtei1DcmVkZW50aWFsPUFTSUEyWkNIWUI3NTdRUDdXR0dQJTJGMjAyMjA1MzAlMkZ1cy1lYXN0LTElMkZzdHMlMkZhd3M0X3JlcXVlc3QmWC1BbXotRGF0ZT0yMDIyMDUzMFQwNDMyMzlaJlgtQW16LUV4cGlyZXM9MCZYLUFtei1TZWN1cml0eS1Ub2tlbj1JUW9KYjNKcFoybHVYMlZqRUJRYUNYVnpMV1ZoYzNRdE1TSklNRVlDSVFEdzRlak5jVXI4R1h3Rmd5ZWllJTJGM1ladTRFVVVSOHZ5QkJYSGdDNTNzZUt3SWhBTlM4aEFzbU9oeVA1eTZCcmdwcE1KMUpOdnNPMHJ4ZTZNTVJpb2ExenBvVktyZ0NDUDMlMkYlMkYlMkYlMkYlMkYlMkYlMkYlMkYlMkYlMkZ3RVFBaG9NTnpReE1ETXlNek16TXpBM0lneWxVaXY5RFo4VkdhNklIRmdxakFMQUJNTU0lMkZCSHZ1JTJGRDVLWENDaHgwdE9vTjAwMFgycWRzVE1aVWthenM2cyUyQlRJRXBnd1JqdTNFdm5MVFI3bUg1cnRwVnolMkJ1Sk9yQSUyRjJSTjN1d2JYRjZkN0x1clN1a2VkQWN2eFN1TWpaJTJCeU82dGJ5a3ZLWWY4aDZyUkIxa2ZLdVFOT1hEREFrZkxBWThDUkFzS0NqczR3Y1VndEkxJTJCQWxweTRPUGx4ajAxaDYzVDE4a3RsRUxHUkpsM3Y5RUdEbkZwTk1uVkpBJTJGNnJjJTJCOHFPUG5nVENuUlQycnRiaXdFWVE1bDQyak93eEdHYWp1dGxCZWp0blZaV1NtREh4a3FqczVQbXpTSnJKeDRnYkRYZ0I2MEpIJTJGQmR5elN1MlpLNlM3aSUyRlpYUVhtVzNzNlBGT1lOQUdJOUl0JTJGMWw3d0pzRzhoOUpqQXVjNVZCSFFLbCUyRk4lMkZPM3l4RUhMdm5kRUI4Y2d1SDQ2VE1LJTJCRDBaUUdPcHdCSlVSUzJra0FwVyUyRmlKU0FWdEFDQjhWSmVvJTJGM1glMkJ6VXJidlJaQWltQ2RTUGhxdUExQVk4Zzh6dGslMkJBTzR4b1E1Z3E0Z2pSRHNvN01nNDNTV1BjQlh4YkRwMW9DaWE2WEVWUjVVZFJvaTVQViUyRktOQ21lQUp0OFRiaGRYUnluclBnOVBXazlzY1FRSk4zRXM4NlVBUVFiVnBlSmw5YzR0MWw5SUtMQm5xSHVxQ29HZHpydGFFUExSQ2EzTk1rZ2dGNVFjVm4lMkJtMjElMkZ5YWRzZ3FWJlgtQW16LVNpZ25lZEhlYWRlcnM9aG9zdCUzQngtazhzLWF3cy1pZCZYLUFtei1TaWduYXR1cmU9NzdiMDBjYTU5ZWFiNzU5YmRkNGQ3Mjg4ZTY2Yjc2OThmM2FlMDA3Nzg4ZjYwODZkN2UxMzAzODMyNGQ3Y2Y0Ng"
          },
          "sensitive_attributes": []
        }
      ]
    },
    {
      "module": "module.coredns_patching",
      "mode": "data",
      "type": "aws_region",
      "name": "current",
      "provider": "provider[\"registry.terraform.io/hashicorp/aws\"]",
      "instances": [
        {
          "schema_version": 0,
          "attributes": {
            "description": "Europe (Ireland)",
            "endpoint": "ec2.eu-west-1.amazonaws.com",
            "id": "eu-west-1",
            "name": "eu-west-1"
          },
          "sensitive_attributes": []
        }
      ]
    },
    {
      "module": "module.coredns_patching",
      "mode": "managed",
      "type": "null_resource",
      "name": "coredns_patch_windows",
      "provider": "provider[\"registry.terraform.io/hashicorp/null\"]",
      "instances": [
        {
          "index_key": 0,
          "schema_version": 0,
          "attributes": {
            "id": "1142245019",
            "triggers": null
          },
          "sensitive_attributes": [],
          "private": "bnVsbA==",
          "dependencies": [
            "module.coredns_patching.data.aws_eks_cluster.selected",
            "module.coredns_patching.data.aws_region.current",
            "module.coredns_patching.null_resource.update_kubeconfig_windows",
            "module.eks.aws_cloudwatch_log_group.cloudwatch_log_group",
            "module.eks.aws_eks_cluster.eks_cluster",
            "module.eks.aws_eks_fargate_profile.eks_fargate_app",
            "module.eks.aws_eks_fargate_profile.eks_fargate_system",
            "module.eks.aws_iam_openid_connect_provider.oidc_provider",
            "module.eks.aws_iam_policy.AmazonEKSClusterCloudWatchMetricsPolicy",
            "module.eks.aws_iam_role.eks_cluster_role",
            "module.eks.aws_iam_role.eks_fargate_role",
            "module.eks.aws_iam_role.eks_fargate_system_role",
            "module.eks.aws_iam_role_policy_attachment.AmazonEKSCloudWatchMetricsPolicy",
            "module.eks.aws_iam_role_policy_attachment.AmazonEKSClusterPolicy",
            "module.eks.aws_iam_role_policy_attachment.AmazonEKSClusterPolicy1",
            "module.eks.aws_iam_role_policy_attachment.AmazonEKSClusterPolicy2",
            "module.eks.aws_iam_role_policy_attachment.AmazonEKSFargatePodExecutionRolePolicy",
            "module.eks.aws_iam_role_policy_attachment.AmazonEKSFargatePodExecutionRolePolicy2",
            "module.eks.aws_iam_role_policy_attachment.AmazonEKSVPCResourceController",
            "module.eks.aws_iam_role_policy_attachment.AmazonEKSVPCResourceController1",
            "module.eks.aws_iam_role_policy_attachment.AmazonEKSVPCResourceController2",
            "module.eks.data.tls_certificate.auth",
            "module.vpc.aws_default_security_group.default",
            "module.vpc.aws_eip.nat_eip",
            "module.vpc.aws_internet_gateway.internet_gw",
            "module.vpc.aws_nat_gateway.nat_gw",
            "module.vpc.aws_route.private_nat_gw_route",
            "module.vpc.aws_route.public_internet_route",
            "module.vpc.aws_route_table.private_rt",
            "module.vpc.aws_route_table.public_rt",
            "module.vpc.aws_route_table_association.private-rt-assotion",
            "module.vpc.aws_route_table_association.public-rt-assotion",
            "module.vpc.aws_security_group.custom",
            "module.vpc.aws_subnet.private_subnet",
            "module.vpc.aws_subnet.public_subnet",
            "module.vpc.aws_vpc.main_vpc"
          ]
        }
      ]
    },
    {
      "module": "module.coredns_patching",
      "mode": "managed",
      "type": "null_resource",
      "name": "coredns_restart",
      "provider": "provider[\"registry.terraform.io/hashicorp/null\"]",
      "instances": [
        {
          "index_key": 0,
          "schema_version": 0,
          "attributes": {
            "id": "640484459",
            "triggers": null
          },
          "sensitive_attributes": [],
          "private": "bnVsbA==",
          "dependencies": [
            "module.coredns_patching.data.aws_eks_cluster.selected",
            "module.coredns_patching.data.aws_region.current",
            "module.coredns_patching.null_resource.coredns_patch_windows",
            "module.coredns_patching.null_resource.update_kubeconfig_windows",
            "module.eks.aws_cloudwatch_log_group.cloudwatch_log_group",
            "module.eks.aws_eks_cluster.eks_cluster",
            "module.eks.aws_eks_fargate_profile.eks_fargate_app",
            "module.eks.aws_eks_fargate_profile.eks_fargate_system",
            "module.eks.aws_iam_openid_connect_provider.oidc_provider",
            "module.eks.aws_iam_policy.AmazonEKSClusterCloudWatchMetricsPolicy",
            "module.eks.aws_iam_role.eks_cluster_role",
            "module.eks.aws_iam_role.eks_fargate_role",
            "module.eks.aws_iam_role.eks_fargate_system_role",
            "module.eks.aws_iam_role_policy_attachment.AmazonEKSCloudWatchMetricsPolicy",
            "module.eks.aws_iam_role_policy_attachment.AmazonEKSClusterPolicy",
            "module.eks.aws_iam_role_policy_attachment.AmazonEKSClusterPolicy1",
            "module.eks.aws_iam_role_policy_attachment.AmazonEKSClusterPolicy2",
            "module.eks.aws_iam_role_policy_attachment.AmazonEKSFargatePodExecutionRolePolicy",
            "module.eks.aws_iam_role_policy_attachment.AmazonEKSFargatePodExecutionRolePolicy2",
            "module.eks.aws_iam_role_policy_attachment.AmazonEKSVPCResourceController",
            "module.eks.aws_iam_role_policy_attachment.AmazonEKSVPCResourceController1",
            "module.eks.aws_iam_role_policy_attachment.AmazonEKSVPCResourceController2",
            "module.eks.data.tls_certificate.auth",
            "module.vpc.aws_default_security_group.default",
            "module.vpc.aws_eip.nat_eip",
            "module.vpc.aws_internet_gateway.internet_gw",
            "module.vpc.aws_nat_gateway.nat_gw",
            "module.vpc.aws_route.private_nat_gw_route",
            "module.vpc.aws_route.public_internet_route",
            "module.vpc.aws_route_table.private_rt",
            "module.vpc.aws_route_table.public_rt",
            "module.vpc.aws_route_table_association.private-rt-assotion",
            "module.vpc.aws_route_table_association.public-rt-assotion",
            "module.vpc.aws_security_group.custom",
            "module.vpc.aws_subnet.private_subnet",
            "module.vpc.aws_subnet.public_subnet",
            "module.vpc.aws_vpc.main_vpc"
          ]
        }
      ]
    },
    {
      "module": "module.coredns_patching",
      "mode": "managed",
      "type": "null_resource",
      "name": "update_kubeconfig_windows",
      "provider": "provider[\"registry.terraform.io/hashicorp/null\"]",
      "instances": [
        {
          "index_key": 0,
          "schema_version": 0,
          "attributes": {
            "id": "1765240158",
            "triggers": null
          },
          "sensitive_attributes": [],
          "private": "bnVsbA==",
          "dependencies": [
            "module.coredns_patching.data.aws_eks_cluster.selected",
            "module.coredns_patching.data.aws_region.current",
            "module.eks.aws_cloudwatch_log_group.cloudwatch_log_group",
            "module.eks.aws_eks_cluster.eks_cluster",
            "module.eks.aws_eks_fargate_profile.eks_fargate_app",
            "module.eks.aws_eks_fargate_profile.eks_fargate_system",
            "module.eks.aws_iam_openid_connect_provider.oidc_provider",
            "module.eks.aws_iam_policy.AmazonEKSClusterCloudWatchMetricsPolicy",
            "module.eks.aws_iam_role.eks_cluster_role",
            "module.eks.aws_iam_role.eks_fargate_role",
            "module.eks.aws_iam_role.eks_fargate_system_role",
            "module.eks.aws_iam_role_policy_attachment.AmazonEKSCloudWatchMetricsPolicy",
            "module.eks.aws_iam_role_policy_attachment.AmazonEKSClusterPolicy",
            "module.eks.aws_iam_role_policy_attachment.AmazonEKSClusterPolicy1",
            "module.eks.aws_iam_role_policy_attachment.AmazonEKSClusterPolicy2",
            "module.eks.aws_iam_role_policy_attachment.AmazonEKSFargatePodExecutionRolePolicy",
            "module.eks.aws_iam_role_policy_attachment.AmazonEKSFargatePodExecutionRolePolicy2",
            "module.eks.aws_iam_role_policy_attachment.AmazonEKSVPCResourceController",
            "module.eks.aws_iam_role_policy_attachment.AmazonEKSVPCResourceController1",
            "module.eks.aws_iam_role_policy_attachment.AmazonEKSVPCResourceController2",
            "module.eks.data.tls_certificate.auth",
            "module.vpc.aws_default_security_group.default",
            "module.vpc.aws_eip.nat_eip",
            "module.vpc.aws_internet_gateway.internet_gw",
            "module.vpc.aws_nat_gateway.nat_gw",
            "module.vpc.aws_route.private_nat_gw_route",
            "module.vpc.aws_route.public_internet_route",
            "module.vpc.aws_route_table.private_rt",
            "module.vpc.aws_route_table.public_rt",
            "module.vpc.aws_route_table_association.private-rt-assotion",
            "module.vpc.aws_route_table_association.public-rt-assotion",
            "module.vpc.aws_security_group.custom",
            "module.vpc.aws_subnet.private_subnet",
            "module.vpc.aws_subnet.public_subnet",
            "module.vpc.aws_vpc.main_vpc"
          ]
        }
      ]
    },
    {
      "module": "module.eks",
      "mode": "data",
      "type": "tls_certificate",
      "name": "auth",
      "provider": "provider[\"registry.terraform.io/hashicorp/tls\"]",
      "instances": [
        {
          "schema_version": 0,
          "attributes": {
            "certificates": [
              {
                "cert_pem": "-----BEGIN CERTIFICATE-----\nMIIEdTCCA12gAwIBAgIJAKcOSkw0grd/MA0GCSqGSIb3DQEBCwUAMGgxCzAJBgNV\nBAYTAlVTMSUwIwYDVQQKExxTdGFyZmllbGQgVGVjaG5vbG9naWVzLCBJbmMuMTIw\nMAYDVQQLEylTdGFyZmllbGQgQ2xhc3MgMiBDZXJ0aWZpY2F0aW9uIEF1dGhvcml0\neTAeFw0wOTA5MDIwMDAwMDBaFw0zNDA2MjgxNzM5MTZaMIGYMQswCQYDVQQGEwJV\nUzEQMA4GA1UECBMHQXJpem9uYTETMBEGA1UEBxMKU2NvdHRzZGFsZTElMCMGA1UE\nChMcU3RhcmZpZWxkIFRlY2hub2xvZ2llcywgSW5jLjE7MDkGA1UEAxMyU3RhcmZp\nZWxkIFNlcnZpY2VzIFJvb3QgQ2VydGlmaWNhdGUgQXV0aG9yaXR5IC0gRzIwggEi\nMA0GCSqGSIb3DQEBAQUAA4IBDwAwggEKAoIBAQDVDDrEKvlO4vW+GZdfjohTsR8/\ny8+fIBNtKTrID30892t2OGPZNmCom15cAICyL1l/9of5JUOG52kbUpqQ4XHj2C0N\nTm/2yEnZtvMaVq4rtnQU68/7JuMauh2WLmo7WJSJR1b/JaCTcFOD2oR0FMNnngRo\nOt+OQFodSk7PQ5E751bWAHDLUu57fa4657wx+UX2wmDPE1kCK4DMNEffud6QZW0C\nzyyRpqbn3oUYSXxmTqM6bam17jQuug0DuDPfR+uxa40l2ZvOgdFFRjKWcIfeAg5J\nQ4W2bHO7ZOphQazJ1FTfhy/HIrImzJ9ZVGif/L4qL8RVHHVAYBeFAlU5i38FAgMB\nAAGjgfAwge0wDwYDVR0TAQH/BAUwAwEB/zAOBgNVHQ8BAf8EBAMCAYYwHQYDVR0O\nBBYEFJxfAN+qAdcwKziIorhtSpzyEZGDMB8GA1UdIwQYMBaAFL9ft9HO3R+G9FtV\nrNzXEMIOqYjnME8GCCsGAQUFBwEBBEMwQTAcBggrBgEFBQcwAYYQaHR0cDovL28u\nc3MyLnVzLzAhBggrBgEFBQcwAoYVaHR0cDovL3guc3MyLnVzL3guY2VyMCYGA1Ud\nHwQfMB0wG6AZoBeGFWh0dHA6Ly9zLnNzMi51cy9yLmNybDARBgNVHSAECjAIMAYG\nBFUdIAAwDQYJKoZIhvcNAQELBQADggEBACMd44pXyn3pF3lM8R5V/cxTbj5HD9/G\nVfKyBDbtgB9TxF00KGu+x1X8Z+rLP3+QsjPNG1gQggL4+C/1E2DUBc7xgQjB3ad1\nl08YuW3e95ORCLp+QCztweq7dp4zBncdDQh/U90bZKuCJ/Fp1U1ervShw3WnWEQt\n8jxwmKy6abaVd38PMV4s/KCHOkdp8Hlf9BRUpJVeEXgSYCfOn8J3/yNTd126/+pZ\n59vPr5KW7ySaNRB6nJHGDn2Z9j8Z3/VyVOEVqQdZe4O/Ui5GjLIAZHYcSNPYeehu\nVsyuLAOQ1xk4meTKCRlb/weWsKh/NEnfVqn3sF/tM+2MR7cwA130A4w=\n-----END CERTIFICATE-----\n",
                "is_ca": true,
                "issuer": "OU=Starfield Class 2 Certification Authority,O=Starfield Technologies\\, Inc.,C=US",
                "not_after": "2034-06-28T17:39:16Z",
                "not_before": "2009-09-02T00:00:00Z",
                "public_key_algorithm": "RSA",
                "serial_number": "12037640545166866303",
                "sha1_fingerprint": "9e99a48a9960b14926bb7f3b02e22da2b0ab7280",
                "signature_algorithm": "SHA256-RSA",
                "subject": "CN=Starfield Services Root Certificate Authority - G2,O=Starfield Technologies\\, Inc.,L=Scottsdale,ST=Arizona,C=US",
                "version": 3
              },
              {
                "cert_pem": "-----BEGIN CERTIFICATE-----\nMIIEkjCCA3qgAwIBAgITBn+USionzfP6wq4rAfkI7rnExjANBgkqhkiG9w0BAQsF\nADCBmDELMAkGA1UEBhMCVVMxEDAOBgNVBAgTB0FyaXpvbmExEzARBgNVBAcTClNj\nb3R0c2RhbGUxJTAjBgNVBAoTHFN0YXJmaWVsZCBUZWNobm9sb2dpZXMsIEluYy4x\nOzA5BgNVBAMTMlN0YXJmaWVsZCBTZXJ2aWNlcyBSb290IENlcnRpZmljYXRlIEF1\ndGhvcml0eSAtIEcyMB4XDTE1MDUyNTEyMDAwMFoXDTM3MTIzMTAxMDAwMFowOTEL\nMAkGA1UEBhMCVVMxDzANBgNVBAoTBkFtYXpvbjEZMBcGA1UEAxMQQW1hem9uIFJv\nb3QgQ0EgMTCCASIwDQYJKoZIhvcNAQEBBQADggEPADCCAQoCggEBALJ4gHHKeNXj\nca9HgFB0fW7Y14h29Jlo91ghYPl0hAEvrAIthtOgQ3pOsqTQNroBvo3bSMgHFzZM\n9O6II8c+6zf1tRn4SWiw3te5djgdYZ6k/oI2peVKVuRF4fn9tBb6dNqcmzU5L/qw\nIFAGbHrQgLKm+a/sRxmPUDgH3KKHOVj4utWp+UhnMJbulHheb4mjUcAwhmahRWa6\nVOujw5H5SNz/0egwLX0tdHA114gk957EWW67c4cX8jJGKLhD+rcdqsq08p8kDi1L\n93FcXmn/6pUCyziKrlA4b9v7LWIbxcceVOF34GfID5yHI9Y/QCB/IIDEgEw+OyQm\njgSubJrIqg0CAwEAAaOCATEwggEtMA8GA1UdEwEB/wQFMAMBAf8wDgYDVR0PAQH/\nBAQDAgGGMB0GA1UdDgQWBBSEGMyFNOy8DJSULghZnMeyEE4KCDAfBgNVHSMEGDAW\ngBScXwDfqgHXMCs4iKK4bUqc8hGRgzB4BggrBgEFBQcBAQRsMGowLgYIKwYBBQUH\nMAGGImh0dHA6Ly9vY3NwLnJvb3RnMi5hbWF6b250cnVzdC5jb20wOAYIKwYBBQUH\nMAKGLGh0dHA6Ly9jcnQucm9vdGcyLmFtYXpvbnRydXN0LmNvbS9yb290ZzIuY2Vy\nMD0GA1UdHwQ2MDQwMqAwoC6GLGh0dHA6Ly9jcmwucm9vdGcyLmFtYXpvbnRydXN0\nLmNvbS9yb290ZzIuY3JsMBEGA1UdIAQKMAgwBgYEVR0gADANBgkqhkiG9w0BAQsF\nAAOCAQEAYjdCXLwQtT6LLOkMm2xF4gcAevnFWAu5CIw+7bMlPLVvUOTNNWqnkzSW\nMiGpSESrnO09tKpzbeR/FoCJbM8oAxiDR3mjEH4wW6w7sGDgd9QIpuEdfF7Au/ma\neyKdpwAJfqxGF4PcnCZXmTA5YpaP7dreqsXMGz7KQ2hsVxa81Q4gLv7/wmpdLqBK\nbRRYh5TmOTFffHPLkIhqhBGWJ6bt2YFGpn6jcgAKUj6DiAdjd4lpFw85hdKrCEVN\n0FE6/V1dN2RMfjCyVSRCnTawXZwXgWHxyvkQAiSr6w10kY17RSlQOYiypok1JR4U\nakcjMS9cmvqtmg5iUaQqqcT5NJ0hGA==\n-----END CERTIFICATE-----\n",
                "is_ca": true,
                "issuer": "CN=Starfield Services Root Certificate Authority - G2,O=Starfield Technologies\\, Inc.,L=Scottsdale,ST=Arizona,C=US",
                "not_after": "2037-12-31T01:00:00Z",
                "not_before": "2015-05-25T12:00:00Z",
                "public_key_algorithm": "RSA",
                "serial_number": "144918191876577076464031512351042010504348870",
                "sha1_fingerprint": "06b25927c42a721631c1efd9431e648fa62e1e39",
                "signature_algorithm": "SHA256-RSA",
                "subject": "CN=Amazon Root CA 1,O=Amazon,C=US",
                "version": 3
              },
              {
                "cert_pem": "-----BEGIN CERTIFICATE-----\nMIIESTCCAzGgAwIBAgITBn+UV4WH6Kx33rJTMlu8mYtWDTANBgkqhkiG9w0BAQsF\nADA5MQswCQYDVQQGEwJVUzEPMA0GA1UEChMGQW1hem9uMRkwFwYDVQQDExBBbWF6\nb24gUm9vdCBDQSAxMB4XDTE1MTAyMjAwMDAwMFoXDTI1MTAxOTAwMDAwMFowRjEL\nMAkGA1UEBhMCVVMxDzANBgNVBAoTBkFtYXpvbjEVMBMGA1UECxMMU2VydmVyIENB\nIDFCMQ8wDQYDVQQDEwZBbWF6b24wggEiMA0GCSqGSIb3DQEBAQUAA4IBDwAwggEK\nAoIBAQDCThZn3c68asg3Wuw6MLAd5tES6BIoSMzoKcG5blPVo+sDORrMd4f2AbnZ\ncMzPa43j4wNxhplty6aUKk4T1qe9BOwKFjwK6zmxxLVYo7bHViXsPlJ6qOMpFge5\nblDP+18x+B26A0piiQOuPkfyDyeR4xQghfj66Yo19V+emU3nazfvpFA+ROz6WoVm\nB5x+F2pV8xeKNR7u6azDdU5YVX1TawprmxRC1+WsAYmz6qP+z8ArDITC2FMVy2fw\n0IjKOtEXc/VfmtTFch5+AfGYMGMqqvJ6LcXiAhqG5TI+Dr0RtM88k+8XUBCeQ8IG\nKuANaL7TiItKZYxK1MMuTJtV9IblAgMBAAGjggE7MIIBNzASBgNVHRMBAf8ECDAG\nAQH/AgEAMA4GA1UdDwEB/wQEAwIBhjAdBgNVHQ4EFgQUWaRmBlKge5WSPKOUByeW\ndFv5PdAwHwYDVR0jBBgwFoAUhBjMhTTsvAyUlC4IWZzHshBOCggwewYIKwYBBQUH\nAQEEbzBtMC8GCCsGAQUFBzABhiNodHRwOi8vb2NzcC5yb290Y2ExLmFtYXpvbnRy\ndXN0LmNvbTA6BggrBgEFBQcwAoYuaHR0cDovL2NydC5yb290Y2ExLmFtYXpvbnRy\ndXN0LmNvbS9yb290Y2ExLmNlcjA/BgNVHR8EODA2MDSgMqAwhi5odHRwOi8vY3Js\nLnJvb3RjYTEuYW1hem9udHJ1c3QuY29tL3Jvb3RjYTEuY3JsMBMGA1UdIAQMMAow\nCAYGZ4EMAQIBMA0GCSqGSIb3DQEBCwUAA4IBAQCFkr41u3nPo4FCHOTjY3NTOVI1\n59Gt/a6ZiqyJEi+752+a1U5y6iAwYfmXss2lJwJFqMp2PphKg5625kXg8kP2CN5t\n6G7bMQcT8C8xDZNtYTd7WPD8UZiRKAJPBXa30/AbwuZe0GaFEQ8ugcYQgSn+IGBI\n8/LwhBNTZTUVEWuCUUBVV18YtbAiPq3yXqMB48Oz+ctBWuZSkbvkNodPLamkB2g1\nupRyzQ7qDn1X8nn8N8V7YJ6y68AtkHcNSRAnpTitxBKjtKPISLMVCx7i4hncxHZS\nyLyKQXhw2W2Xs0qLeC1etA+jTGDK4UfLeC0SF7FSi8o5LL21L8IzApar2pR/\n-----END CERTIFICATE-----\n",
                "is_ca": true,
                "issuer": "CN=Amazon Root CA 1,O=Amazon,C=US",
                "not_after": "2025-10-19T00:00:00Z",
                "not_before": "2015-10-22T00:00:00Z",
                "public_key_algorithm": "RSA",
                "serial_number": "144918209630989264145272943054026349679957517",
                "sha1_fingerprint": "917e732d330f9a12404f73d8bea36948b929dffc",
                "signature_algorithm": "SHA256-RSA",
                "subject": "CN=Amazon,OU=Server CA 1B,O=Amazon,C=US",
                "version": 3
              },
              {
                "cert_pem": "-----BEGIN CERTIFICATE-----\nMIIF9jCCBN6gAwIBAgIQBgsPNizoYZupDAxN5IGIOTANBgkqhkiG9w0BAQsFADBG\nMQswCQYDVQQGEwJVUzEPMA0GA1UEChMGQW1hem9uMRUwEwYDVQQLEwxTZXJ2ZXIg\nQ0EgMUIxDzANBgNVBAMTBkFtYXpvbjAeFw0yMjA1MTUwMDAwMDBaFw0yMzA2MTMy\nMzU5NTlaMCsxKTAnBgNVBAMTIG9pZGMuZWtzLmV1LXdlc3QtMS5hbWF6b25hd3Mu\nY29tMIIBIjANBgkqhkiG9w0BAQEFAAOCAQ8AMIIBCgKCAQEAr/7bi57AVJ3IDRGK\n+ecfW+t/hFsgDBNYYXGMN9L0RL/2A5n8r4B1dEe+oeluFXP/ucZlvmZlaxpQ0xMJ\ndisF46b5dQXA9od2xtXVrxf+4EXmHo+hxEkhcEjXRd8Yv0w4yJjinpdVUp1nOTNy\nIhvjvQzafkWUXRYT0G8CP3BvZdtWdx8wn1bBpyEwANmarQHtOTsp+WXmGk6MzZKd\njNDFLLTYAtiokva6DHwXZOPXS41vMN4Ix7PGZGism8Qna8CBHzGpNtb+PV/Et+au\nYpQOShrG0R5ZVqCxlgtdSPJxihpqqRdqAxCSoIIg9khHbKMPws2PP1p3HbXQGKn0\n8Fe8jwIDAQABo4IC+TCCAvUwHwYDVR0jBBgwFoAUWaRmBlKge5WSPKOUByeWdFv5\nPdAwHQYDVR0OBBYEFFoQZdCV1/7KJm3V1ZehrsrvTMBWMCsGA1UdEQQkMCKCIG9p\nZGMuZWtzLmV1LXdlc3QtMS5hbWF6b25hd3MuY29tMA4GA1UdDwEB/wQEAwIFoDAd\nBgNVHSUEFjAUBggrBgEFBQcDAQYIKwYBBQUHAwIwPQYDVR0fBDYwNDAyoDCgLoYs\naHR0cDovL2NybC5zY2ExYi5hbWF6b250cnVzdC5jb20vc2NhMWItMS5jcmwwEwYD\nVR0gBAwwCjAIBgZngQwBAgEwdQYIKwYBBQUHAQEEaTBnMC0GCCsGAQUFBzABhiFo\ndHRwOi8vb2NzcC5zY2ExYi5hbWF6b250cnVzdC5jb20wNgYIKwYBBQUHMAKGKmh0\ndHA6Ly9jcnQuc2NhMWIuYW1hem9udHJ1c3QuY29tL3NjYTFiLmNydDAMBgNVHRMB\nAf8EAjAAMIIBfAYKKwYBBAHWeQIEAgSCAWwEggFoAWYAdQDoPtDaPvUGNTLnVyi8\niWvJA9PL0RFr7Otp4Xd9bQa9bgAAAYDFEeHQAAAEAwBGMEQCIH5LdEL4QAbH6zOh\nzvTD4Tn6grLiUmTmYTxfSig1gFNAAiBzTHbBZM3BNuuZAOAHwGuiweNKwIwNpvlf\n6dKgJM74xAB2ADXPGRu/sWxXvw+tTG1Cy7u2JyAmUeo/4SrvqAPDO9ZMAAABgMUR\n4T4AAAQDAEcwRQIhANYogbpcOj+wYotAsfpfjp6KIk/OwsoBoKq1w52/Vq6bAiBm\nA5Y7010tfpQokkLFtf3VVK4wibCEQ0tAFol7ZRhPowB1ALNzdwfhhFD4Y4bWBanc\nEQlKeS2xZwwLh9zwAw55NqWaAAABgMUR4XQAAAQDAEYwRAIgKgnbnvZEiavLX/G6\nlETvMbp7VKJuprrjixkK+LcjODQCIC0hd8uS59gCUFv0rSsT+PLxzjSR7FFHIZ7P\nHQ2gB/JoMA0GCSqGSIb3DQEBCwUAA4IBAQCoaprifEQYFyUpSEVUBaEpAo5leolI\nx8bNKf1RKrbdRJap+2D0paMgPNfJ6S8UpwlJvtzsCgPR0TBiSVsBhfQVYKmsSnJd\nUVWq13Cqq58M3sSal4iL1XPYrYsOhESO41WNtjZd6zuYZt9OBa8UCBFc4HcITh9f\nZYJMv0E0t0D3J/5MIBwrwWE6H3FxYre3JM1PzsKMUeM1Ug23QzVhN7Xe7hLpF/c6\nVfW5fGXLjrFB9J/J09oM16da9ZJ3p9+G+67jQ4WIhAhz39kabP5yncn9tzClcWUA\neydMX2PovyAKIGgQUcJz8P+fMR9Xnc9nYsMIE3P9mQMBLWExmI4p/yNB\n-----END CERTIFICATE-----\n",
                "is_ca": false,
                "issuer": "CN=Amazon,OU=Server CA 1B,O=Amazon,C=US",
                "not_after": "2023-06-13T23:59:59Z",
                "not_before": "2022-05-15T00:00:00Z",
                "public_key_algorithm": "RSA",
                "serial_number": "8032791768516481049932338475250583609",
                "sha1_fingerprint": "bc02d93ab35b617c527611b977ca09ef76c81bb5",
                "signature_algorithm": "SHA256-RSA",
                "subject": "CN=oidc.eks.eu-west-1.amazonaws.com",
                "version": 3
              }
            ],
            "content": null,
            "id": "2bc137e277748b64ff07ac6beaa4ea0f64192009",
            "url": "https://oidc.eks.eu-west-1.amazonaws.com/id/2D907CB5905456D7DF8B93AD04E09A07",
            "verify_chain": true
          },
          "sensitive_attributes": []
        }
      ]
    },
    {
      "module": "module.eks",
      "mode": "managed",
      "type": "aws_cloudwatch_log_group",
      "name": "cloudwatch_log_group",
      "provider": "provider[\"registry.terraform.io/hashicorp/aws\"]",
      "instances": [
        {
          "schema_version": 0,
          "attributes": {
            "arn": "arn:aws:logs:eu-west-1:741032333307:log-group:/aws/eks/acn-eks-clstr-testing/cluster",
            "id": "/aws/eks/acn-eks-clstr-testing/cluster",
            "kms_key_id": "",
            "name": "/aws/eks/acn-eks-clstr-testing/cluster",
            "name_prefix": null,
            "retention_in_days": 30,
            "tags": {
              "Name": "acn-eks-clstr-testing-eks-cloudwatch-log-group"
            },
            "tags_all": {
              "Name": "acn-eks-clstr-testing-eks-cloudwatch-log-group"
            }
          },
          "sensitive_attributes": [],
          "private": "bnVsbA==",
          "dependencies": [
            "module.vpc.aws_default_security_group.default",
            "module.vpc.aws_eip.nat_eip",
            "module.vpc.aws_internet_gateway.internet_gw",
            "module.vpc.aws_nat_gateway.nat_gw",
            "module.vpc.aws_route.private_nat_gw_route",
            "module.vpc.aws_route.public_internet_route",
            "module.vpc.aws_route_table.private_rt",
            "module.vpc.aws_route_table.public_rt",
            "module.vpc.aws_route_table_association.private-rt-assotion",
            "module.vpc.aws_route_table_association.public-rt-assotion",
            "module.vpc.aws_security_group.custom",
            "module.vpc.aws_subnet.private_subnet",
            "module.vpc.aws_subnet.public_subnet",
            "module.vpc.aws_vpc.main_vpc"
          ]
        }
      ]
    },
    {
      "module": "module.eks",
      "mode": "managed",
      "type": "aws_eks_cluster",
      "name": "eks_cluster",
      "provider": "provider[\"registry.terraform.io/hashicorp/aws\"]",
      "instances": [
        {
          "schema_version": 0,
          "attributes": {
            "arn": "arn:aws:eks:eu-west-1:741032333307:cluster/acn-eks-clstr-testing",
            "certificate_authority": [
              {
                "data": "LS0tLS1CRUdJTiBDRVJUSUZJQ0FURS0tLS0tCk1JSUMvakNDQWVhZ0F3SUJBZ0lCQURBTkJna3Foa2lHOXcwQkFRc0ZBREFWTVJNd0VRWURWUVFERXdwcmRXSmwKY201bGRHVnpNQjRYRFRJeU1EVXpNREEwTWpjd09Wb1hEVE15TURVeU56QTBNamN3T1Zvd0ZURVRNQkVHQTFVRQpBeE1LYTNWaVpYSnVaWFJsY3pDQ0FTSXdEUVlKS29aSWh2Y05BUUVCQlFBRGdnRVBBRENDQVFvQ2dnRUJBTE1LCk05L3Jsb0xqckVwVzE4NmlhOE9yUGxDb3J4QjlYZE0xaXVIL1F3ekNMYkFXT055ZzhjaGhtL1FMTjRhaFNIMHIKczRVUGIyazNjVjMyM0FxM0dEVnZqTGVTUEpPREJleTFXWTV4Q0huVHJ2b3dBNVFpTUQwQXcvQ2RlWXVTUnRkWApMeStlTG0rWEowbEk3VlRFeGJOR1ljSlBYNlZEd1RnUTVta3lxOURMcTh5eGxFanV3RnV3WU9QVzJHQ2Q0V1R1CkFDUkcyVGtBa1d3emJiRmpaM08rZ3pXK0IvNVYrWUQ1NzdWNXI1UlpETUkvN2VvMUJZWG94eWROY0NtMVdSckwKK3FQNU1FbktoZVArNGF2b1ZiMCtnNzJPZUpjbDBaU29wQkdLVjlYOUtnekRYRWtoL0p6Uk9Mb3FWNlBlZ01ubgp0T1psekhSUFk5U21NZ0ZpL0RrQ0F3RUFBYU5aTUZjd0RnWURWUjBQQVFIL0JBUURBZ0trTUE4R0ExVWRFd0VCCi93UUZNQU1CQWY4d0hRWURWUjBPQkJZRUZHenBpNGo5RlhWbnhiMUFCbE9TUm8zZG5KT2pNQlVHQTFVZEVRUU8KTUF5Q0NtdDFZbVZ5Ym1WMFpYTXdEUVlKS29aSWh2Y05BUUVMQlFBRGdnRUJBRzlXU3hISlpxbzR0UENoOUUzSApua2NjQTJXVThzdnpRL2YxV3dmbnZJT0V1RnVQaVMyUGdJakU2NHAvZEcxcDNEd1ZEcnk2WjlWazZpYy8vS2R0ClBkUkYxSFpvb3RtT1JlYyswQXAwcDRjYUZXYk9COTZRUzBEL053L3BndUtZa0x3NkpBOUUxbVdOeU5ZNWlnaGUKQU5JQ1g1NUNNZTJIVlg1djFxSVFUcytPNmtSeDltUlJSME1IMnlkcXZqN2g5eXBYTGRxVWFpRGZpMVJyaHRWMQpldDZJRDRsQVBCYzVPQnBaTEtsYzBnSVZMN3M4OTFtdkhvb25BUjBJb2dGREhRNFhFQVJSekZjL3NOSEtRQ1lDCjJUVitINnVSSnVudDYxMzdST0YxOTZGUGdjRU9ZR2ZRN1BXdDBtSGpnTkdBaFU4YURCbktXMkd4UkZLRUd2VXMKOHZrPQotLS0tLUVORCBDRVJUSUZJQ0FURS0tLS0tCg=="
              }
            ],
            "created_at": "2022-05-30 04:21:34.616 +0000 UTC",
            "enabled_cluster_log_types": [
              "api",
              "audit",
              "authenticator",
              "controllerManager",
              "scheduler"
            ],
            "encryption_config": [],
            "endpoint": "https://2D907CB5905456D7DF8B93AD04E09A07.gr7.eu-west-1.eks.amazonaws.com",
            "id": "acn-eks-clstr-testing",
            "identity": [
              {
                "oidc": [
                  {
                    "issuer": "https://oidc.eks.eu-west-1.amazonaws.com/id/2D907CB5905456D7DF8B93AD04E09A07"
                  }
                ]
              }
            ],
            "kubernetes_network_config": [
              {
                "ip_family": "ipv4",
                "service_ipv4_cidr": "10.100.0.0/16"
              }
            ],
            "name": "acn-eks-clstr-testing",
            "platform_version": "eks.2",
            "role_arn": "arn:aws:iam::741032333307:role/acn-eks-clstr-testing-cluster-role",
            "status": "ACTIVE",
            "tags": null,
            "tags_all": {},
            "timeouts": {
              "create": null,
              "delete": "30m",
              "update": null
            },
            "version": "1.22",
            "vpc_config": [
              {
                "cluster_security_group_id": "sg-0e05daddf7d829e5e",
                "endpoint_private_access": false,
                "endpoint_public_access": true,
                "public_access_cidrs": [
                  "0.0.0.0/0"
                ],
                "security_group_ids": null,
                "subnet_ids": [
                  "subnet-038ab596bb580e104",
                  "subnet-056b71190493b6a39",
                  "subnet-07ecfb7d26103dd42",
                  "subnet-086f9d734f4f9fa7d",
                  "subnet-0c1730323d065a79f",
                  "subnet-0dd42b6ce1cacd086"
                ],
                "vpc_id": "vpc-06c4316f4c46dfaff"
              }
            ]
          },
          "sensitive_attributes": [],
          "private": "eyJlMmJmYjczMC1lY2FhLTExZTYtOGY4OC0zNDM2M2JjN2M0YzAiOnsiY3JlYXRlIjoxODAwMDAwMDAwMDAwLCJkZWxldGUiOjE4MDAwMDAwMDAwMDAsInVwZGF0ZSI6MzYwMDAwMDAwMDAwMH19",
          "dependencies": [
            "module.eks.aws_cloudwatch_log_group.cloudwatch_log_group",
            "module.eks.aws_iam_role.eks_cluster_role",
            "module.eks.aws_iam_role_policy_attachment.AmazonEKSClusterPolicy1",
            "module.eks.aws_iam_role_policy_attachment.AmazonEKSVPCResourceController1",
            "module.vpc.aws_default_security_group.default",
            "module.vpc.aws_eip.nat_eip",
            "module.vpc.aws_internet_gateway.internet_gw",
            "module.vpc.aws_nat_gateway.nat_gw",
            "module.vpc.aws_route.private_nat_gw_route",
            "module.vpc.aws_route.public_internet_route",
            "module.vpc.aws_route_table.private_rt",
            "module.vpc.aws_route_table.public_rt",
            "module.vpc.aws_route_table_association.private-rt-assotion",
            "module.vpc.aws_route_table_association.public-rt-assotion",
            "module.vpc.aws_security_group.custom",
            "module.vpc.aws_subnet.private_subnet",
            "module.vpc.aws_subnet.public_subnet",
            "module.vpc.aws_vpc.main_vpc"
          ]
        }
      ]
    },
    {
      "module": "module.eks",
      "mode": "managed",
      "type": "aws_eks_fargate_profile",
      "name": "eks_fargate_app",
      "provider": "provider[\"registry.terraform.io/hashicorp/aws\"]",
      "instances": [
        {
          "schema_version": 0,
          "attributes": {
            "arn": "arn:aws:eks:eu-west-1:741032333307:fargateprofile/acn-eks-clstr-testing/acn-eks-clstr-testing-app-fargate-profile/c0c0899d-2fda-744f-3d64-c3845ed3f8a2",
            "cluster_name": "acn-eks-clstr-testing",
            "fargate_profile_name": "acn-eks-clstr-testing-app-fargate-profile",
            "id": "acn-eks-clstr-testing:acn-eks-clstr-testing-app-fargate-profile",
            "pod_execution_role_arn": "arn:aws:iam::741032333307:role/acn-eks-clstr-fargate_cluster_role",
            "selector": [
              {
                "labels": null,
                "namespace": "ns-fargate-app"
              }
            ],
            "status": "ACTIVE",
            "subnet_ids": [
              "subnet-086f9d734f4f9fa7d",
              "subnet-0c1730323d065a79f",
              "subnet-0dd42b6ce1cacd086"
            ],
            "tags": null,
            "tags_all": {},
            "timeouts": {
              "create": "30m",
              "delete": "30m"
            }
          },
          "sensitive_attributes": [],
          "private": "eyJlMmJmYjczMC1lY2FhLTExZTYtOGY4OC0zNDM2M2JjN2M0YzAiOnsiY3JlYXRlIjoxODAwMDAwMDAwMDAwLCJkZWxldGUiOjE4MDAwMDAwMDAwMDB9fQ==",
          "dependencies": [
            "module.eks.aws_cloudwatch_log_group.cloudwatch_log_group",
            "module.eks.aws_eks_cluster.eks_cluster",
            "module.eks.aws_iam_role.eks_cluster_role",
            "module.eks.aws_iam_role.eks_fargate_role",
            "module.eks.aws_iam_role_policy_attachment.AmazonEKSClusterPolicy1",
            "module.eks.aws_iam_role_policy_attachment.AmazonEKSVPCResourceController1",
            "module.vpc.aws_default_security_group.default",
            "module.vpc.aws_eip.nat_eip",
            "module.vpc.aws_internet_gateway.internet_gw",
            "module.vpc.aws_nat_gateway.nat_gw",
            "module.vpc.aws_route.private_nat_gw_route",
            "module.vpc.aws_route.public_internet_route",
            "module.vpc.aws_route_table.private_rt",
            "module.vpc.aws_route_table.public_rt",
            "module.vpc.aws_route_table_association.private-rt-assotion",
            "module.vpc.aws_route_table_association.public-rt-assotion",
            "module.vpc.aws_security_group.custom",
            "module.vpc.aws_subnet.private_subnet",
            "module.vpc.aws_subnet.public_subnet",
            "module.vpc.aws_vpc.main_vpc"
          ]
        }
      ]
    },
    {
      "module": "module.eks",
      "mode": "managed",
      "type": "aws_eks_fargate_profile",
      "name": "eks_fargate_system",
      "provider": "provider[\"registry.terraform.io/hashicorp/aws\"]",
      "instances": [
        {
          "schema_version": 0,
          "attributes": {
            "arn": "arn:aws:eks:eu-west-1:741032333307:fargateprofile/acn-eks-clstr-testing/acn-eks-clstr-testing-system-fargate-profile/34c0899e-4337-c17e-5a90-f9f9554f70e7",
            "cluster_name": "acn-eks-clstr-testing",
            "fargate_profile_name": "acn-eks-clstr-testing-system-fargate-profile",
            "id": "acn-eks-clstr-testing:acn-eks-clstr-testing-system-fargate-profile",
            "pod_execution_role_arn": "arn:aws:iam::741032333307:role/acn-eks-clstr-eks_fargate_system_role",
            "selector": [
              {
                "labels": null,
                "namespace": "default"
              },
              {
                "labels": null,
                "namespace": "kube-system"
              }
            ],
            "status": "ACTIVE",
            "subnet_ids": [
              "subnet-086f9d734f4f9fa7d",
              "subnet-0c1730323d065a79f",
              "subnet-0dd42b6ce1cacd086"
            ],
            "tags": null,
            "tags_all": {},
            "timeouts": {
              "create": "30m",
              "delete": "30m"
            }
          },
          "sensitive_attributes": [],
          "private": "eyJlMmJmYjczMC1lY2FhLTExZTYtOGY4OC0zNDM2M2JjN2M0YzAiOnsiY3JlYXRlIjoxODAwMDAwMDAwMDAwLCJkZWxldGUiOjE4MDAwMDAwMDAwMDB9fQ==",
          "dependencies": [
            "module.eks.aws_cloudwatch_log_group.cloudwatch_log_group",
            "module.eks.aws_eks_cluster.eks_cluster",
            "module.eks.aws_iam_role.eks_cluster_role",
            "module.eks.aws_iam_role.eks_fargate_system_role",
            "module.eks.aws_iam_role_policy_attachment.AmazonEKSClusterPolicy1",
            "module.eks.aws_iam_role_policy_attachment.AmazonEKSVPCResourceController1",
            "module.vpc.aws_default_security_group.default",
            "module.vpc.aws_eip.nat_eip",
            "module.vpc.aws_internet_gateway.internet_gw",
            "module.vpc.aws_nat_gateway.nat_gw",
            "module.vpc.aws_route.private_nat_gw_route",
            "module.vpc.aws_route.public_internet_route",
            "module.vpc.aws_route_table.private_rt",
            "module.vpc.aws_route_table.public_rt",
            "module.vpc.aws_route_table_association.private-rt-assotion",
            "module.vpc.aws_route_table_association.public-rt-assotion",
            "module.vpc.aws_security_group.custom",
            "module.vpc.aws_subnet.private_subnet",
            "module.vpc.aws_subnet.public_subnet",
            "module.vpc.aws_vpc.main_vpc"
          ]
        }
      ]
    },
    {
      "module": "module.eks",
      "mode": "managed",
      "type": "aws_iam_openid_connect_provider",
      "name": "oidc_provider",
      "provider": "provider[\"registry.terraform.io/hashicorp/aws\"]",
      "instances": [
        {
          "schema_version": 0,
          "attributes": {
            "arn": "arn:aws:iam::741032333307:oidc-provider/oidc.eks.eu-west-1.amazonaws.com/id/2D907CB5905456D7DF8B93AD04E09A07",
            "client_id_list": [
              "sts.amazonaws.com"
            ],
            "id": "arn:aws:iam::741032333307:oidc-provider/oidc.eks.eu-west-1.amazonaws.com/id/2D907CB5905456D7DF8B93AD04E09A07",
            "tags": {
              "Name": "acn-eks-clstr-testing-eks-irsa"
            },
            "tags_all": {
              "Name": "acn-eks-clstr-testing-eks-irsa"
            },
            "thumbprint_list": [
              "9e99a48a9960b14926bb7f3b02e22da2b0ab7280"
            ],
            "url": "oidc.eks.eu-west-1.amazonaws.com/id/2D907CB5905456D7DF8B93AD04E09A07"
          },
          "sensitive_attributes": [],
          "private": "bnVsbA==",
          "dependencies": [
            "module.eks.aws_cloudwatch_log_group.cloudwatch_log_group",
            "module.eks.aws_eks_cluster.eks_cluster",
            "module.eks.aws_iam_role.eks_cluster_role",
            "module.eks.aws_iam_role_policy_attachment.AmazonEKSClusterPolicy1",
            "module.eks.aws_iam_role_policy_attachment.AmazonEKSVPCResourceController1",
            "module.eks.data.tls_certificate.auth",
            "module.vpc.aws_default_security_group.default",
            "module.vpc.aws_eip.nat_eip",
            "module.vpc.aws_internet_gateway.internet_gw",
            "module.vpc.aws_nat_gateway.nat_gw",
            "module.vpc.aws_route.private_nat_gw_route",
            "module.vpc.aws_route.public_internet_route",
            "module.vpc.aws_route_table.private_rt",
            "module.vpc.aws_route_table.public_rt",
            "module.vpc.aws_route_table_association.private-rt-assotion",
            "module.vpc.aws_route_table_association.public-rt-assotion",
            "module.vpc.aws_security_group.custom",
            "module.vpc.aws_subnet.private_subnet",
            "module.vpc.aws_subnet.public_subnet",
            "module.vpc.aws_vpc.main_vpc"
          ]
        }
      ]
    },
    {
      "module": "module.eks",
      "mode": "managed",
      "type": "aws_iam_policy",
      "name": "AmazonEKSClusterCloudWatchMetricsPolicy",
      "provider": "provider[\"registry.terraform.io/hashicorp/aws\"]",
      "instances": [
        {
          "schema_version": 0,
          "attributes": {
            "arn": "arn:aws:iam::741032333307:policy/acn-eks-clstr-testing-AmazonEKSClusterCloudWatchMetricsPolicy",
            "description": "",
            "id": "arn:aws:iam::741032333307:policy/acn-eks-clstr-testing-AmazonEKSClusterCloudWatchMetricsPolicy",
            "name": "acn-eks-clstr-testing-AmazonEKSClusterCloudWatchMetricsPolicy",
            "name_prefix": null,
            "path": "/",
            "policy": "{\"Statement\":[{\"Action\":[\"cloudwatch:PutMetricData\"],\"Effect\":\"Allow\",\"Resource\":\"*\"}],\"Version\":\"2012-10-17\"}",
            "policy_id": "ANPA2ZCHYB755POULYAGV",
            "tags": null,
            "tags_all": {}
          },
          "sensitive_attributes": [],
          "private": "bnVsbA==",
          "dependencies": [
            "module.vpc.aws_default_security_group.default",
            "module.vpc.aws_eip.nat_eip",
            "module.vpc.aws_internet_gateway.internet_gw",
            "module.vpc.aws_nat_gateway.nat_gw",
            "module.vpc.aws_route.private_nat_gw_route",
            "module.vpc.aws_route.public_internet_route",
            "module.vpc.aws_route_table.private_rt",
            "module.vpc.aws_route_table.public_rt",
            "module.vpc.aws_route_table_association.private-rt-assotion",
            "module.vpc.aws_route_table_association.public-rt-assotion",
            "module.vpc.aws_security_group.custom",
            "module.vpc.aws_subnet.private_subnet",
            "module.vpc.aws_subnet.public_subnet",
            "module.vpc.aws_vpc.main_vpc"
          ]
        }
      ]
    },
    {
      "module": "module.eks",
      "mode": "managed",
      "type": "aws_iam_role",
      "name": "eks_cluster_role",
      "provider": "provider[\"registry.terraform.io/hashicorp/aws\"]",
      "instances": [
        {
          "schema_version": 0,
          "attributes": {
            "arn": "arn:aws:iam::741032333307:role/acn-eks-clstr-testing-cluster-role",
            "assume_role_policy": "{\"Version\":\"2012-10-17\",\"Statement\":[{\"Effect\":\"Allow\",\"Principal\":{\"Service\":[\"eks-fargate-pods.amazonaws.com\",\"eks.amazonaws.com\"]},\"Action\":\"sts:AssumeRole\"}]}",
            "create_date": "2022-05-30T04:21:30Z",
            "description": "Allow cluster to manage node groups, fargate nodes and cloudwatch logs",
            "force_detach_policies": true,
            "id": "acn-eks-clstr-testing-cluster-role",
            "inline_policy": [
              {
                "name": "",
                "policy": ""
              }
            ],
            "managed_policy_arns": [],
            "max_session_duration": 3600,
            "name": "acn-eks-clstr-testing-cluster-role",
            "name_prefix": "",
            "path": "/",
            "permissions_boundary": null,
            "tags": null,
            "tags_all": {},
            "unique_id": "AROA2ZCHYB75XP33OAB4M"
          },
          "sensitive_attributes": [],
          "private": "bnVsbA==",
          "dependencies": [
            "module.vpc.aws_default_security_group.default",
            "module.vpc.aws_eip.nat_eip",
            "module.vpc.aws_internet_gateway.internet_gw",
            "module.vpc.aws_nat_gateway.nat_gw",
            "module.vpc.aws_route.private_nat_gw_route",
            "module.vpc.aws_route.public_internet_route",
            "module.vpc.aws_route_table.private_rt",
            "module.vpc.aws_route_table.public_rt",
            "module.vpc.aws_route_table_association.private-rt-assotion",
            "module.vpc.aws_route_table_association.public-rt-assotion",
            "module.vpc.aws_security_group.custom",
            "module.vpc.aws_subnet.private_subnet",
            "module.vpc.aws_subnet.public_subnet",
            "module.vpc.aws_vpc.main_vpc"
          ]
        }
      ]
    },
    {
      "module": "module.eks",
      "mode": "managed",
      "type": "aws_iam_role",
      "name": "eks_fargate_role",
      "provider": "provider[\"registry.terraform.io/hashicorp/aws\"]",
      "instances": [
        {
          "schema_version": 0,
          "attributes": {
            "arn": "arn:aws:iam::741032333307:role/acn-eks-clstr-fargate_cluster_role",
            "assume_role_policy": "{\"Version\":\"2012-10-17\",\"Statement\":[{\"Effect\":\"Allow\",\"Principal\":{\"Service\":[\"eks-fargate-pods.amazonaws.com\",\"eks.amazonaws.com\"]},\"Action\":\"sts:AssumeRole\"}]}",
            "create_date": "2022-05-30T04:21:30Z",
            "description": "Allow fargate cluster to allocate resources for running pods",
            "force_detach_policies": true,
            "id": "acn-eks-clstr-fargate_cluster_role",
            "inline_policy": [
              {
                "name": "",
                "policy": ""
              }
            ],
            "managed_policy_arns": [],
            "max_session_duration": 3600,
            "name": "acn-eks-clstr-fargate_cluster_role",
            "name_prefix": "",
            "path": "/",
            "permissions_boundary": null,
            "tags": null,
            "tags_all": {},
            "unique_id": "AROA2ZCHYB75RDPO22WRQ"
          },
          "sensitive_attributes": [],
          "private": "bnVsbA==",
          "dependencies": [
            "module.vpc.aws_default_security_group.default",
            "module.vpc.aws_eip.nat_eip",
            "module.vpc.aws_internet_gateway.internet_gw",
            "module.vpc.aws_nat_gateway.nat_gw",
            "module.vpc.aws_route.private_nat_gw_route",
            "module.vpc.aws_route.public_internet_route",
            "module.vpc.aws_route_table.private_rt",
            "module.vpc.aws_route_table.public_rt",
            "module.vpc.aws_route_table_association.private-rt-assotion",
            "module.vpc.aws_route_table_association.public-rt-assotion",
            "module.vpc.aws_security_group.custom",
            "module.vpc.aws_subnet.private_subnet",
            "module.vpc.aws_subnet.public_subnet",
            "module.vpc.aws_vpc.main_vpc"
          ]
        }
      ]
    },
    {
      "module": "module.eks",
      "mode": "managed",
      "type": "aws_iam_role",
      "name": "eks_fargate_system_role",
      "provider": "provider[\"registry.terraform.io/hashicorp/aws\"]",
      "instances": [
        {
          "schema_version": 0,
          "attributes": {
            "arn": "arn:aws:iam::741032333307:role/acn-eks-clstr-eks_fargate_system_role",
            "assume_role_policy": "{\"Version\":\"2012-10-17\",\"Statement\":[{\"Effect\":\"Allow\",\"Principal\":{\"Service\":[\"eks-fargate-pods.amazonaws.com\",\"eks.amazonaws.com\"]},\"Action\":\"sts:AssumeRole\"}]}",
            "create_date": "2022-05-30T04:21:30Z",
            "description": "Allow fargate cluster to allocate resources for running pods",
            "force_detach_policies": true,
            "id": "acn-eks-clstr-eks_fargate_system_role",
            "inline_policy": [
              {
                "name": "",
                "policy": ""
              }
            ],
            "managed_policy_arns": [],
            "max_session_duration": 3600,
            "name": "acn-eks-clstr-eks_fargate_system_role",
            "name_prefix": "",
            "path": "/",
            "permissions_boundary": null,
            "tags": null,
            "tags_all": {},
            "unique_id": "AROA2ZCHYB75SO5MGGD4Y"
          },
          "sensitive_attributes": [],
          "private": "bnVsbA==",
          "dependencies": [
            "module.vpc.aws_default_security_group.default",
            "module.vpc.aws_eip.nat_eip",
            "module.vpc.aws_internet_gateway.internet_gw",
            "module.vpc.aws_nat_gateway.nat_gw",
            "module.vpc.aws_route.private_nat_gw_route",
            "module.vpc.aws_route.public_internet_route",
            "module.vpc.aws_route_table.private_rt",
            "module.vpc.aws_route_table.public_rt",
            "module.vpc.aws_route_table_association.private-rt-assotion",
            "module.vpc.aws_route_table_association.public-rt-assotion",
            "module.vpc.aws_security_group.custom",
            "module.vpc.aws_subnet.private_subnet",
            "module.vpc.aws_subnet.public_subnet",
            "module.vpc.aws_vpc.main_vpc"
          ]
        }
      ]
    },
    {
      "module": "module.eks",
      "mode": "managed",
      "type": "aws_iam_role_policy_attachment",
      "name": "AmazonEKSCloudWatchMetricsPolicy",
      "provider": "provider[\"registry.terraform.io/hashicorp/aws\"]",
      "instances": [
        {
          "schema_version": 0,
          "attributes": {
            "id": "acn-eks-clstr-testing-cluster-role-20220530042132444300000003",
            "policy_arn": "arn:aws:iam::741032333307:policy/acn-eks-clstr-testing-AmazonEKSClusterCloudWatchMetricsPolicy",
            "role": "acn-eks-clstr-testing-cluster-role"
          },
          "sensitive_attributes": [],
          "private": "bnVsbA==",
          "dependencies": [
            "module.eks.aws_iam_policy.AmazonEKSClusterCloudWatchMetricsPolicy",
            "module.eks.aws_iam_role.eks_cluster_role",
            "module.vpc.aws_default_security_group.default",
            "module.vpc.aws_eip.nat_eip",
            "module.vpc.aws_internet_gateway.internet_gw",
            "module.vpc.aws_nat_gateway.nat_gw",
            "module.vpc.aws_route.private_nat_gw_route",
            "module.vpc.aws_route.public_internet_route",
            "module.vpc.aws_route_table.private_rt",
            "module.vpc.aws_route_table.public_rt",
            "module.vpc.aws_route_table_association.private-rt-assotion",
            "module.vpc.aws_route_table_association.public-rt-assotion",
            "module.vpc.aws_security_group.custom",
            "module.vpc.aws_subnet.private_subnet",
            "module.vpc.aws_subnet.public_subnet",
            "module.vpc.aws_vpc.main_vpc"
          ]
        }
      ]
    },
    {
      "module": "module.eks",
      "mode": "managed",
      "type": "aws_iam_role_policy_attachment",
      "name": "AmazonEKSClusterPolicy",
      "provider": "provider[\"registry.terraform.io/hashicorp/aws\"]",
      "instances": [
        {
          "schema_version": 0,
          "attributes": {
            "id": "acn-eks-clstr-fargate_cluster_role-20220530042133179900000009",
            "policy_arn": "arn:aws:iam::aws:policy/AmazonEKSClusterPolicy",
            "role": "acn-eks-clstr-fargate_cluster_role"
          },
          "sensitive_attributes": [],
          "private": "bnVsbA==",
          "dependencies": [
            "module.eks.aws_iam_role.eks_fargate_role",
            "module.vpc.aws_default_security_group.default",
            "module.vpc.aws_eip.nat_eip",
            "module.vpc.aws_internet_gateway.internet_gw",
            "module.vpc.aws_nat_gateway.nat_gw",
            "module.vpc.aws_route.private_nat_gw_route",
            "module.vpc.aws_route.public_internet_route",
            "module.vpc.aws_route_table.private_rt",
            "module.vpc.aws_route_table.public_rt",
            "module.vpc.aws_route_table_association.private-rt-assotion",
            "module.vpc.aws_route_table_association.public-rt-assotion",
            "module.vpc.aws_security_group.custom",
            "module.vpc.aws_subnet.private_subnet",
            "module.vpc.aws_subnet.public_subnet",
            "module.vpc.aws_vpc.main_vpc"
          ]
        }
      ]
    },
    {
      "module": "module.eks",
      "mode": "managed",
      "type": "aws_iam_role_policy_attachment",
      "name": "AmazonEKSClusterPolicy1",
      "provider": "provider[\"registry.terraform.io/hashicorp/aws\"]",
      "instances": [
        {
          "schema_version": 0,
          "attributes": {
            "id": "acn-eks-clstr-testing-cluster-role-20220530042132443800000001",
            "policy_arn": "arn:aws:iam::aws:policy/AmazonEKSClusterPolicy",
            "role": "acn-eks-clstr-testing-cluster-role"
          },
          "sensitive_attributes": [],
          "private": "bnVsbA==",
          "dependencies": [
            "module.eks.aws_iam_role.eks_cluster_role",
            "module.vpc.aws_default_security_group.default",
            "module.vpc.aws_eip.nat_eip",
            "module.vpc.aws_internet_gateway.internet_gw",
            "module.vpc.aws_nat_gateway.nat_gw",
            "module.vpc.aws_route.private_nat_gw_route",
            "module.vpc.aws_route.public_internet_route",
            "module.vpc.aws_route_table.private_rt",
            "module.vpc.aws_route_table.public_rt",
            "module.vpc.aws_route_table_association.private-rt-assotion",
            "module.vpc.aws_route_table_association.public-rt-assotion",
            "module.vpc.aws_security_group.custom",
            "module.vpc.aws_subnet.private_subnet",
            "module.vpc.aws_subnet.public_subnet",
            "module.vpc.aws_vpc.main_vpc"
          ]
        }
      ]
    },
    {
      "module": "module.eks",
      "mode": "managed",
      "type": "aws_iam_role_policy_attachment",
      "name": "AmazonEKSClusterPolicy2",
      "provider": "provider[\"registry.terraform.io/hashicorp/aws\"]",
      "instances": [
        {
          "schema_version": 0,
          "attributes": {
            "id": "acn-eks-clstr-eks_fargate_system_role-20220530042132691700000004",
            "policy_arn": "arn:aws:iam::aws:policy/AmazonEKSClusterPolicy",
            "role": "acn-eks-clstr-eks_fargate_system_role"
          },
          "sensitive_attributes": [],
          "private": "bnVsbA==",
          "dependencies": [
            "module.eks.aws_iam_role.eks_fargate_system_role",
            "module.vpc.aws_default_security_group.default",
            "module.vpc.aws_eip.nat_eip",
            "module.vpc.aws_internet_gateway.internet_gw",
            "module.vpc.aws_nat_gateway.nat_gw",
            "module.vpc.aws_route.private_nat_gw_route",
            "module.vpc.aws_route.public_internet_route",
            "module.vpc.aws_route_table.private_rt",
            "module.vpc.aws_route_table.public_rt",
            "module.vpc.aws_route_table_association.private-rt-assotion",
            "module.vpc.aws_route_table_association.public-rt-assotion",
            "module.vpc.aws_security_group.custom",
            "module.vpc.aws_subnet.private_subnet",
            "module.vpc.aws_subnet.public_subnet",
            "module.vpc.aws_vpc.main_vpc"
          ]
        }
      ]
    },
    {
      "module": "module.eks",
      "mode": "managed",
      "type": "aws_iam_role_policy_attachment",
      "name": "AmazonEKSFargatePodExecutionRolePolicy",
      "provider": "provider[\"registry.terraform.io/hashicorp/aws\"]",
      "instances": [
        {
          "schema_version": 0,
          "attributes": {
            "id": "acn-eks-clstr-fargate_cluster_role-20220530042132963000000007",
            "policy_arn": "arn:aws:iam::aws:policy/AmazonEKSFargatePodExecutionRolePolicy",
            "role": "acn-eks-clstr-fargate_cluster_role"
          },
          "sensitive_attributes": [],
          "private": "bnVsbA==",
          "dependencies": [
            "module.eks.aws_iam_role.eks_fargate_role",
            "module.vpc.aws_default_security_group.default",
            "module.vpc.aws_eip.nat_eip",
            "module.vpc.aws_internet_gateway.internet_gw",
            "module.vpc.aws_nat_gateway.nat_gw",
            "module.vpc.aws_route.private_nat_gw_route",
            "module.vpc.aws_route.public_internet_route",
            "module.vpc.aws_route_table.private_rt",
            "module.vpc.aws_route_table.public_rt",
            "module.vpc.aws_route_table_association.private-rt-assotion",
            "module.vpc.aws_route_table_association.public-rt-assotion",
            "module.vpc.aws_security_group.custom",
            "module.vpc.aws_subnet.private_subnet",
            "module.vpc.aws_subnet.public_subnet",
            "module.vpc.aws_vpc.main_vpc"
          ]
        }
      ]
    },
    {
      "module": "module.eks",
      "mode": "managed",
      "type": "aws_iam_role_policy_attachment",
      "name": "AmazonEKSFargatePodExecutionRolePolicy2",
      "provider": "provider[\"registry.terraform.io/hashicorp/aws\"]",
      "instances": [
        {
          "schema_version": 0,
          "attributes": {
            "id": "acn-eks-clstr-eks_fargate_system_role-20220530042132729800000006",
            "policy_arn": "arn:aws:iam::aws:policy/AmazonEKSFargatePodExecutionRolePolicy",
            "role": "acn-eks-clstr-eks_fargate_system_role"
          },
          "sensitive_attributes": [],
          "private": "bnVsbA==",
          "dependencies": [
            "module.eks.aws_iam_role.eks_fargate_system_role",
            "module.vpc.aws_default_security_group.default",
            "module.vpc.aws_eip.nat_eip",
            "module.vpc.aws_internet_gateway.internet_gw",
            "module.vpc.aws_nat_gateway.nat_gw",
            "module.vpc.aws_route.private_nat_gw_route",
            "module.vpc.aws_route.public_internet_route",
            "module.vpc.aws_route_table.private_rt",
            "module.vpc.aws_route_table.public_rt",
            "module.vpc.aws_route_table_association.private-rt-assotion",
            "module.vpc.aws_route_table_association.public-rt-assotion",
            "module.vpc.aws_security_group.custom",
            "module.vpc.aws_subnet.private_subnet",
            "module.vpc.aws_subnet.public_subnet",
            "module.vpc.aws_vpc.main_vpc"
          ]
        }
      ]
    },
    {
      "module": "module.eks",
      "mode": "managed",
      "type": "aws_iam_role_policy_attachment",
      "name": "AmazonEKSVPCResourceController",
      "provider": "provider[\"registry.terraform.io/hashicorp/aws\"]",
      "instances": [
        {
          "schema_version": 0,
          "attributes": {
            "id": "acn-eks-clstr-fargate_cluster_role-20220530042132974500000008",
            "policy_arn": "arn:aws:iam::aws:policy/AmazonEKSVPCResourceController",
            "role": "acn-eks-clstr-fargate_cluster_role"
          },
          "sensitive_attributes": [],
          "private": "bnVsbA==",
          "dependencies": [
            "module.eks.aws_iam_role.eks_fargate_role",
            "module.vpc.aws_default_security_group.default",
            "module.vpc.aws_eip.nat_eip",
            "module.vpc.aws_internet_gateway.internet_gw",
            "module.vpc.aws_nat_gateway.nat_gw",
            "module.vpc.aws_route.private_nat_gw_route",
            "module.vpc.aws_route.public_internet_route",
            "module.vpc.aws_route_table.private_rt",
            "module.vpc.aws_route_table.public_rt",
            "module.vpc.aws_route_table_association.private-rt-assotion",
            "module.vpc.aws_route_table_association.public-rt-assotion",
            "module.vpc.aws_security_group.custom",
            "module.vpc.aws_subnet.private_subnet",
            "module.vpc.aws_subnet.public_subnet",
            "module.vpc.aws_vpc.main_vpc"
          ]
        }
      ]
    },
    {
      "module": "module.eks",
      "mode": "managed",
      "type": "aws_iam_role_policy_attachment",
      "name": "AmazonEKSVPCResourceController1",
      "provider": "provider[\"registry.terraform.io/hashicorp/aws\"]",
      "instances": [
        {
          "schema_version": 0,
          "attributes": {
            "id": "acn-eks-clstr-testing-cluster-role-20220530042132443800000002",
            "policy_arn": "arn:aws:iam::aws:policy/AmazonEKSVPCResourceController",
            "role": "acn-eks-clstr-testing-cluster-role"
          },
          "sensitive_attributes": [],
          "private": "bnVsbA==",
          "dependencies": [
            "module.eks.aws_iam_role.eks_cluster_role",
            "module.vpc.aws_default_security_group.default",
            "module.vpc.aws_eip.nat_eip",
            "module.vpc.aws_internet_gateway.internet_gw",
            "module.vpc.aws_nat_gateway.nat_gw",
            "module.vpc.aws_route.private_nat_gw_route",
            "module.vpc.aws_route.public_internet_route",
            "module.vpc.aws_route_table.private_rt",
            "module.vpc.aws_route_table.public_rt",
            "module.vpc.aws_route_table_association.private-rt-assotion",
            "module.vpc.aws_route_table_association.public-rt-assotion",
            "module.vpc.aws_security_group.custom",
            "module.vpc.aws_subnet.private_subnet",
            "module.vpc.aws_subnet.public_subnet",
            "module.vpc.aws_vpc.main_vpc"
          ]
        }
      ]
    },
    {
      "module": "module.eks",
      "mode": "managed",
      "type": "aws_iam_role_policy_attachment",
      "name": "AmazonEKSVPCResourceController2",
      "provider": "provider[\"registry.terraform.io/hashicorp/aws\"]",
      "instances": [
        {
          "schema_version": 0,
          "attributes": {
            "id": "acn-eks-clstr-eks_fargate_system_role-20220530042132699900000005",
            "policy_arn": "arn:aws:iam::aws:policy/AmazonEKSVPCResourceController",
            "role": "acn-eks-clstr-eks_fargate_system_role"
          },
          "sensitive_attributes": [],
          "private": "bnVsbA==",
          "dependencies": [
            "module.eks.aws_iam_role.eks_fargate_system_role",
            "module.vpc.aws_default_security_group.default",
            "module.vpc.aws_eip.nat_eip",
            "module.vpc.aws_internet_gateway.internet_gw",
            "module.vpc.aws_nat_gateway.nat_gw",
            "module.vpc.aws_route.private_nat_gw_route",
            "module.vpc.aws_route.public_internet_route",
            "module.vpc.aws_route_table.private_rt",
            "module.vpc.aws_route_table.public_rt",
            "module.vpc.aws_route_table_association.private-rt-assotion",
            "module.vpc.aws_route_table_association.public-rt-assotion",
            "module.vpc.aws_security_group.custom",
            "module.vpc.aws_subnet.private_subnet",
            "module.vpc.aws_subnet.public_subnet",
            "module.vpc.aws_vpc.main_vpc"
          ]
        }
      ]
    },
    {
      "module": "module.eks_kubernetes_addons",
      "mode": "data",
      "type": "aws_caller_identity",
      "name": "current",
      "provider": "provider[\"registry.terraform.io/hashicorp/aws\"]",
      "instances": [
        {
          "schema_version": 0,
          "attributes": {
            "account_id": "741032333307",
            "arn": "arn:aws:sts::741032333307:assumed-role/User/deepak.haridas.kadam@accenture.com",
            "id": "741032333307",
            "user_id": "AROA2ZCHYB75YVW4LVJGV:deepak.haridas.kadam@accenture.com"
          },
          "sensitive_attributes": []
        }
      ]
    },
    {
      "module": "module.eks_kubernetes_addons",
      "mode": "data",
      "type": "aws_eks_cluster",
      "name": "eks_cluster",
      "provider": "provider[\"registry.terraform.io/hashicorp/aws\"]",
      "instances": [
        {
          "schema_version": 0,
          "attributes": {
            "arn": "arn:aws:eks:eu-west-1:741032333307:cluster/acn-eks-clstr-testing",
            "certificate_authority": [
              {
                "data": "LS0tLS1CRUdJTiBDRVJUSUZJQ0FURS0tLS0tCk1JSUMvakNDQWVhZ0F3SUJBZ0lCQURBTkJna3Foa2lHOXcwQkFRc0ZBREFWTVJNd0VRWURWUVFERXdwcmRXSmwKY201bGRHVnpNQjRYRFRJeU1EVXpNREEwTWpjd09Wb1hEVE15TURVeU56QTBNamN3T1Zvd0ZURVRNQkVHQTFVRQpBeE1LYTNWaVpYSnVaWFJsY3pDQ0FTSXdEUVlKS29aSWh2Y05BUUVCQlFBRGdnRVBBRENDQVFvQ2dnRUJBTE1LCk05L3Jsb0xqckVwVzE4NmlhOE9yUGxDb3J4QjlYZE0xaXVIL1F3ekNMYkFXT055ZzhjaGhtL1FMTjRhaFNIMHIKczRVUGIyazNjVjMyM0FxM0dEVnZqTGVTUEpPREJleTFXWTV4Q0huVHJ2b3dBNVFpTUQwQXcvQ2RlWXVTUnRkWApMeStlTG0rWEowbEk3VlRFeGJOR1ljSlBYNlZEd1RnUTVta3lxOURMcTh5eGxFanV3RnV3WU9QVzJHQ2Q0V1R1CkFDUkcyVGtBa1d3emJiRmpaM08rZ3pXK0IvNVYrWUQ1NzdWNXI1UlpETUkvN2VvMUJZWG94eWROY0NtMVdSckwKK3FQNU1FbktoZVArNGF2b1ZiMCtnNzJPZUpjbDBaU29wQkdLVjlYOUtnekRYRWtoL0p6Uk9Mb3FWNlBlZ01ubgp0T1psekhSUFk5U21NZ0ZpL0RrQ0F3RUFBYU5aTUZjd0RnWURWUjBQQVFIL0JBUURBZ0trTUE4R0ExVWRFd0VCCi93UUZNQU1CQWY4d0hRWURWUjBPQkJZRUZHenBpNGo5RlhWbnhiMUFCbE9TUm8zZG5KT2pNQlVHQTFVZEVRUU8KTUF5Q0NtdDFZbVZ5Ym1WMFpYTXdEUVlKS29aSWh2Y05BUUVMQlFBRGdnRUJBRzlXU3hISlpxbzR0UENoOUUzSApua2NjQTJXVThzdnpRL2YxV3dmbnZJT0V1RnVQaVMyUGdJakU2NHAvZEcxcDNEd1ZEcnk2WjlWazZpYy8vS2R0ClBkUkYxSFpvb3RtT1JlYyswQXAwcDRjYUZXYk9COTZRUzBEL053L3BndUtZa0x3NkpBOUUxbVdOeU5ZNWlnaGUKQU5JQ1g1NUNNZTJIVlg1djFxSVFUcytPNmtSeDltUlJSME1IMnlkcXZqN2g5eXBYTGRxVWFpRGZpMVJyaHRWMQpldDZJRDRsQVBCYzVPQnBaTEtsYzBnSVZMN3M4OTFtdkhvb25BUjBJb2dGREhRNFhFQVJSekZjL3NOSEtRQ1lDCjJUVitINnVSSnVudDYxMzdST0YxOTZGUGdjRU9ZR2ZRN1BXdDBtSGpnTkdBaFU4YURCbktXMkd4UkZLRUd2VXMKOHZrPQotLS0tLUVORCBDRVJUSUZJQ0FURS0tLS0tCg=="
              }
            ],
            "created_at": "2022-05-30 04:21:34.616 +0000 UTC",
            "enabled_cluster_log_types": [
              "api",
              "audit",
              "authenticator",
              "controllerManager",
              "scheduler"
            ],
            "endpoint": "https://2D907CB5905456D7DF8B93AD04E09A07.gr7.eu-west-1.eks.amazonaws.com",
            "id": "acn-eks-clstr-testing",
            "identity": [
              {
                "oidc": [
                  {
                    "issuer": "https://oidc.eks.eu-west-1.amazonaws.com/id/2D907CB5905456D7DF8B93AD04E09A07"
                  }
                ]
              }
            ],
            "kubernetes_network_config": [
              {
                "ip_family": "ipv4",
                "service_ipv4_cidr": "10.100.0.0/16"
              }
            ],
            "name": "acn-eks-clstr-testing",
            "platform_version": "eks.2",
            "role_arn": "arn:aws:iam::741032333307:role/acn-eks-clstr-testing-cluster-role",
            "status": "ACTIVE",
            "tags": {},
            "version": "1.22",
            "vpc_config": [
              {
                "cluster_security_group_id": "sg-0e05daddf7d829e5e",
                "endpoint_private_access": false,
                "endpoint_public_access": true,
                "public_access_cidrs": [
                  "0.0.0.0/0"
                ],
                "security_group_ids": [],
                "subnet_ids": [
                  "subnet-038ab596bb580e104",
                  "subnet-056b71190493b6a39",
                  "subnet-07ecfb7d26103dd42",
                  "subnet-086f9d734f4f9fa7d",
                  "subnet-0c1730323d065a79f",
                  "subnet-0dd42b6ce1cacd086"
                ],
                "vpc_id": "vpc-06c4316f4c46dfaff"
              }
            ]
          },
          "sensitive_attributes": []
        }
      ]
    },
    {
      "module": "module.eks_kubernetes_addons",
      "mode": "data",
      "type": "aws_partition",
      "name": "current",
      "provider": "provider[\"registry.terraform.io/hashicorp/aws\"]",
      "instances": [
        {
          "schema_version": 0,
          "attributes": {
            "dns_suffix": "amazonaws.com",
            "id": "aws",
            "partition": "aws",
            "reverse_dns_prefix": "com.amazonaws"
          },
          "sensitive_attributes": []
        }
      ]
    },
    {
      "module": "module.eks_kubernetes_addons",
      "mode": "data",
      "type": "aws_region",
      "name": "current",
      "provider": "provider[\"registry.terraform.io/hashicorp/aws\"]",
      "instances": [
        {
          "schema_version": 0,
          "attributes": {
            "description": "Europe (Ireland)",
            "endpoint": "ec2.eu-west-1.amazonaws.com",
            "id": "eu-west-1",
            "name": "eu-west-1"
          },
          "sensitive_attributes": []
        }
      ]
    },
    {
      "module": "module.eks_kubernetes_addons.module.aws_vpc_cni[0]",
      "mode": "data",
      "type": "aws_caller_identity",
      "name": "current",
      "provider": "provider[\"registry.terraform.io/hashicorp/aws\"]",
      "instances": [
        {
          "schema_version": 0,
          "attributes": {
            "account_id": "741032333307",
            "arn": "arn:aws:sts::741032333307:assumed-role/User/deepak.haridas.kadam@accenture.com",
            "id": "741032333307",
            "user_id": "AROA2ZCHYB75YVW4LVJGV:deepak.haridas.kadam@accenture.com"
          },
          "sensitive_attributes": []
        }
      ]
    },
    {
      "module": "module.eks_kubernetes_addons.module.aws_vpc_cni[0]",
      "mode": "data",
      "type": "aws_eks_cluster",
      "name": "selected",
      "provider": "provider[\"registry.terraform.io/hashicorp/aws\"]",
      "instances": [
        {
          "index_key": 0,
          "schema_version": 0,
          "attributes": {
            "arn": "arn:aws:eks:eu-west-1:741032333307:cluster/acn-eks-clstr-testing",
            "certificate_authority": [
              {
                "data": "LS0tLS1CRUdJTiBDRVJUSUZJQ0FURS0tLS0tCk1JSUMvakNDQWVhZ0F3SUJBZ0lCQURBTkJna3Foa2lHOXcwQkFRc0ZBREFWTVJNd0VRWURWUVFERXdwcmRXSmwKY201bGRHVnpNQjRYRFRJeU1EVXpNREEwTWpjd09Wb1hEVE15TURVeU56QTBNamN3T1Zvd0ZURVRNQkVHQTFVRQpBeE1LYTNWaVpYSnVaWFJsY3pDQ0FTSXdEUVlKS29aSWh2Y05BUUVCQlFBRGdnRVBBRENDQVFvQ2dnRUJBTE1LCk05L3Jsb0xqckVwVzE4NmlhOE9yUGxDb3J4QjlYZE0xaXVIL1F3ekNMYkFXT055ZzhjaGhtL1FMTjRhaFNIMHIKczRVUGIyazNjVjMyM0FxM0dEVnZqTGVTUEpPREJleTFXWTV4Q0huVHJ2b3dBNVFpTUQwQXcvQ2RlWXVTUnRkWApMeStlTG0rWEowbEk3VlRFeGJOR1ljSlBYNlZEd1RnUTVta3lxOURMcTh5eGxFanV3RnV3WU9QVzJHQ2Q0V1R1CkFDUkcyVGtBa1d3emJiRmpaM08rZ3pXK0IvNVYrWUQ1NzdWNXI1UlpETUkvN2VvMUJZWG94eWROY0NtMVdSckwKK3FQNU1FbktoZVArNGF2b1ZiMCtnNzJPZUpjbDBaU29wQkdLVjlYOUtnekRYRWtoL0p6Uk9Mb3FWNlBlZ01ubgp0T1psekhSUFk5U21NZ0ZpL0RrQ0F3RUFBYU5aTUZjd0RnWURWUjBQQVFIL0JBUURBZ0trTUE4R0ExVWRFd0VCCi93UUZNQU1CQWY4d0hRWURWUjBPQkJZRUZHenBpNGo5RlhWbnhiMUFCbE9TUm8zZG5KT2pNQlVHQTFVZEVRUU8KTUF5Q0NtdDFZbVZ5Ym1WMFpYTXdEUVlKS29aSWh2Y05BUUVMQlFBRGdnRUJBRzlXU3hISlpxbzR0UENoOUUzSApua2NjQTJXVThzdnpRL2YxV3dmbnZJT0V1RnVQaVMyUGdJakU2NHAvZEcxcDNEd1ZEcnk2WjlWazZpYy8vS2R0ClBkUkYxSFpvb3RtT1JlYyswQXAwcDRjYUZXYk9COTZRUzBEL053L3BndUtZa0x3NkpBOUUxbVdOeU5ZNWlnaGUKQU5JQ1g1NUNNZTJIVlg1djFxSVFUcytPNmtSeDltUlJSME1IMnlkcXZqN2g5eXBYTGRxVWFpRGZpMVJyaHRWMQpldDZJRDRsQVBCYzVPQnBaTEtsYzBnSVZMN3M4OTFtdkhvb25BUjBJb2dGREhRNFhFQVJSekZjL3NOSEtRQ1lDCjJUVitINnVSSnVudDYxMzdST0YxOTZGUGdjRU9ZR2ZRN1BXdDBtSGpnTkdBaFU4YURCbktXMkd4UkZLRUd2VXMKOHZrPQotLS0tLUVORCBDRVJUSUZJQ0FURS0tLS0tCg=="
              }
            ],
            "created_at": "2022-05-30 04:21:34.616 +0000 UTC",
            "enabled_cluster_log_types": [
              "api",
              "audit",
              "authenticator",
              "controllerManager",
              "scheduler"
            ],
            "endpoint": "https://2D907CB5905456D7DF8B93AD04E09A07.gr7.eu-west-1.eks.amazonaws.com",
            "id": "acn-eks-clstr-testing",
            "identity": [
              {
                "oidc": [
                  {
                    "issuer": "https://oidc.eks.eu-west-1.amazonaws.com/id/2D907CB5905456D7DF8B93AD04E09A07"
                  }
                ]
              }
            ],
            "kubernetes_network_config": [
              {
                "ip_family": "ipv4",
                "service_ipv4_cidr": "10.100.0.0/16"
              }
            ],
            "name": "acn-eks-clstr-testing",
            "platform_version": "eks.2",
            "role_arn": "arn:aws:iam::741032333307:role/acn-eks-clstr-testing-cluster-role",
            "status": "ACTIVE",
            "tags": {},
            "version": "1.22",
            "vpc_config": [
              {
                "cluster_security_group_id": "sg-0e05daddf7d829e5e",
                "endpoint_private_access": false,
                "endpoint_public_access": true,
                "public_access_cidrs": [
                  "0.0.0.0/0"
                ],
                "security_group_ids": [],
                "subnet_ids": [
                  "subnet-038ab596bb580e104",
                  "subnet-056b71190493b6a39",
                  "subnet-07ecfb7d26103dd42",
                  "subnet-086f9d734f4f9fa7d",
                  "subnet-0c1730323d065a79f",
                  "subnet-0dd42b6ce1cacd086"
                ],
                "vpc_id": "vpc-06c4316f4c46dfaff"
              }
            ]
          },
          "sensitive_attributes": []
        }
      ]
    },
    {
      "module": "module.eks_kubernetes_addons.module.aws_vpc_cni[0]",
      "mode": "data",
      "type": "aws_eks_cluster_auth",
      "name": "selected",
      "provider": "provider[\"registry.terraform.io/hashicorp/aws\"]",
      "instances": [
        {
          "index_key": 0,
          "schema_version": 0,
          "attributes": {
            "id": "acn-eks-clstr-testing",
            "name": "acn-eks-clstr-testing",
            "token": "k8s-aws-v1.aHR0cHM6Ly9zdHMuYW1hem9uYXdzLmNvbS8_QWN0aW9uPUdldENhbGxlcklkZW50aXR5JlZlcnNpb249MjAxMS0wNi0xNSZYLUFtei1BbGdvcml0aG09QVdTNC1ITUFDLVNIQTI1NiZYLUFtei1DcmVkZW50aWFsPUFTSUEyWkNIWUI3NTdRUDdXR0dQJTJGMjAyMjA1MzAlMkZ1cy1lYXN0LTElMkZzdHMlMkZhd3M0X3JlcXVlc3QmWC1BbXotRGF0ZT0yMDIyMDUzMFQwNDM0NTBaJlgtQW16LUV4cGlyZXM9MCZYLUFtei1TZWN1cml0eS1Ub2tlbj1JUW9KYjNKcFoybHVYMlZqRUJRYUNYVnpMV1ZoYzNRdE1TSklNRVlDSVFEdzRlak5jVXI4R1h3Rmd5ZWllJTJGM1ladTRFVVVSOHZ5QkJYSGdDNTNzZUt3SWhBTlM4aEFzbU9oeVA1eTZCcmdwcE1KMUpOdnNPMHJ4ZTZNTVJpb2ExenBvVktyZ0NDUDMlMkYlMkYlMkYlMkYlMkYlMkYlMkYlMkYlMkYlMkZ3RVFBaG9NTnpReE1ETXlNek16TXpBM0lneWxVaXY5RFo4VkdhNklIRmdxakFMQUJNTU0lMkZCSHZ1JTJGRDVLWENDaHgwdE9vTjAwMFgycWRzVE1aVWthenM2cyUyQlRJRXBnd1JqdTNFdm5MVFI3bUg1cnRwVnolMkJ1Sk9yQSUyRjJSTjN1d2JYRjZkN0x1clN1a2VkQWN2eFN1TWpaJTJCeU82dGJ5a3ZLWWY4aDZyUkIxa2ZLdVFOT1hEREFrZkxBWThDUkFzS0NqczR3Y1VndEkxJTJCQWxweTRPUGx4ajAxaDYzVDE4a3RsRUxHUkpsM3Y5RUdEbkZwTk1uVkpBJTJGNnJjJTJCOHFPUG5nVENuUlQycnRiaXdFWVE1bDQyak93eEdHYWp1dGxCZWp0blZaV1NtREh4a3FqczVQbXpTSnJKeDRnYkRYZ0I2MEpIJTJGQmR5elN1MlpLNlM3aSUyRlpYUVhtVzNzNlBGT1lOQUdJOUl0JTJGMWw3d0pzRzhoOUpqQXVjNVZCSFFLbCUyRk4lMkZPM3l4RUhMdm5kRUI4Y2d1SDQ2VE1LJTJCRDBaUUdPcHdCSlVSUzJra0FwVyUyRmlKU0FWdEFDQjhWSmVvJTJGM1glMkJ6VXJidlJaQWltQ2RTUGhxdUExQVk4Zzh6dGslMkJBTzR4b1E1Z3E0Z2pSRHNvN01nNDNTV1BjQlh4YkRwMW9DaWE2WEVWUjVVZFJvaTVQViUyRktOQ21lQUp0OFRiaGRYUnluclBnOVBXazlzY1FRSk4zRXM4NlVBUVFiVnBlSmw5YzR0MWw5SUtMQm5xSHVxQ29HZHpydGFFUExSQ2EzTk1rZ2dGNVFjVm4lMkJtMjElMkZ5YWRzZ3FWJlgtQW16LVNpZ25lZEhlYWRlcnM9aG9zdCUzQngtazhzLWF3cy1pZCZYLUFtei1TaWduYXR1cmU9ZTBlZWUyZDA2NTg0OGM3MThhODA5M2Y4ZWRlNWRmMWNkMWIxOTBkMjM5YTFkZjcwNTE2YjkxMmY3MTIzZGQ5Ng"
          },
          "sensitive_attributes": []
        }
      ]
    },
    {
      "module": "module.eks_kubernetes_addons.module.aws_vpc_cni[0]",
      "mode": "data",
      "type": "aws_iam_policy_document",
      "name": "eks_oidc_assume_role",
      "provider": "provider[\"registry.terraform.io/hashicorp/aws\"]",
      "instances": [
        {
          "index_key": 0,
          "schema_version": 0,
          "attributes": {
            "id": "157629881",
            "json": "{\n  \"Version\": \"2012-10-17\",\n  \"Statement\": [\n    {\n      \"Sid\": \"\",\n      \"Effect\": \"Allow\",\n      \"Action\": \"sts:AssumeRoleWithWebIdentity\",\n      \"Principal\": {\n        \"Federated\": \"arn:aws:iam::741032333307:oidc-provider/oidc.eks.eu-west-1.amazonaws.com/id/2D907CB5905456D7DF8B93AD04E09A07\"\n      },\n      \"Condition\": {\n        \"StringEquals\": {\n          \"oidc.eks.eu-west-1.amazonaws.com/id/2D907CB5905456D7DF8B93AD04E09A07:sub\": \"system:serviceaccount:kube-system:aws-load-balancer-controller\"\n        }\n      }\n    }\n  ]\n}",
            "override_json": null,
            "override_policy_documents": null,
            "policy_id": null,
            "source_json": null,
            "source_policy_documents": null,
            "statement": [
              {
                "actions": [
                  "sts:AssumeRoleWithWebIdentity"
                ],
                "condition": [
                  {
                    "test": "StringEquals",
                    "values": [
                      "system:serviceaccount:kube-system:aws-load-balancer-controller"
                    ],
                    "variable": "oidc.eks.eu-west-1.amazonaws.com/id/2D907CB5905456D7DF8B93AD04E09A07:sub"
                  }
                ],
                "effect": "Allow",
                "not_actions": [],
                "not_principals": [],
                "not_resources": [],
                "principals": [
                  {
                    "identifiers": [
                      "arn:aws:iam::741032333307:oidc-provider/oidc.eks.eu-west-1.amazonaws.com/id/2D907CB5905456D7DF8B93AD04E09A07"
                    ],
                    "type": "Federated"
                  }
                ],
                "resources": [],
                "sid": ""
              }
            ],
            "version": "2012-10-17"
          },
          "sensitive_attributes": []
        }
      ]
    },
    {
      "module": "module.eks_kubernetes_addons.module.aws_vpc_cni[0]",
      "mode": "data",
      "type": "aws_region",
      "name": "current",
      "provider": "provider[\"registry.terraform.io/hashicorp/aws\"]",
      "instances": [
        {
          "schema_version": 0,
          "attributes": {
            "description": "Europe (Ireland)",
            "endpoint": "ec2.eu-west-1.amazonaws.com",
            "id": "eu-west-1",
            "name": "eu-west-1"
          },
          "sensitive_attributes": []
        }
      ]
    },
    {
      "module": "module.eks_kubernetes_addons.module.aws_vpc_cni[0]",
      "mode": "data",
      "type": "aws_vpc",
      "name": "selected",
      "provider": "provider[\"registry.terraform.io/hashicorp/aws\"]",
      "instances": [
        {
          "schema_version": 0,
          "attributes": {
            "arn": "arn:aws:ec2:eu-west-1:741032333307:vpc/vpc-06c4316f4c46dfaff",
            "cidr_block": "192.168.0.0/16",
            "cidr_block_associations": [
              {
                "association_id": "vpc-cidr-assoc-012f480de05604e74",
                "cidr_block": "192.168.0.0/16",
                "state": "associated"
              }
            ],
            "default": false,
            "dhcp_options_id": "dopt-0da8f463f6adfd76e",
            "enable_dns_hostnames": true,
            "enable_dns_support": true,
            "filter": null,
            "id": "vpc-06c4316f4c46dfaff",
            "instance_tenancy": "default",
            "ipv6_association_id": "",
            "ipv6_cidr_block": "",
            "main_route_table_id": "rtb-0f63d25fccae1ef63",
            "owner_id": "741032333307",
            "state": null,
            "tags": {
              "Environment": "testing",
              "Group": "eks-fargate",
              "Name": "eks-vpc-testing-vpc",
              "kubernetes.io/cluster/acn-eks-clstr-testing": "shared"
            }
          },
          "sensitive_attributes": []
        }
      ]
    },
    {
      "module": "module.eks_kubernetes_addons.module.aws_vpc_cni[0]",
      "mode": "managed",
      "type": "aws_eks_addon",
      "name": "vpc_cni",
      "provider": "provider[\"registry.terraform.io/hashicorp/aws\"]",
      "instances": [
        {
          "schema_version": 0,
          "attributes": {
            "addon_name": "vpc-cni",
            "addon_version": "v1.11.0-eksbuild.1",
            "arn": "arn:aws:eks:eu-west-1:741032333307:addon/acn-eks-clstr-testing/vpc-cni/2ec0899f-6b55-cbfd-d5c3-8ec7d64df443",
            "cluster_name": "acn-eks-clstr-testing",
            "created_at": "2022-05-30T04:34:54Z",
            "id": "acn-eks-clstr-testing:vpc-cni",
            "modified_at": "2022-05-30T04:34:55Z",
            "preserve": null,
            "resolve_conflicts": "OVERWRITE",
            "service_account_role_arn": "arn:aws:iam::741032333307:role/k8s-acn-eks-clstr-testing-VPC-CNI-Addons-role",
            "tags": null,
            "tags_all": {}
          },
          "sensitive_attributes": [],
          "private": "bnVsbA==",
          "dependencies": [
            "data.aws_eks_cluster.eks_cluster",
            "data.aws_eks_cluster_auth.aws_iam_authenticator",
            "module.aws_alb_controller.aws_iam_policy.this",
            "module.aws_alb_controller.aws_iam_role.this",
            "module.aws_alb_controller.aws_iam_role_policy_attachment.this",
            "module.aws_alb_controller.aws_iam_role_policy_attachment.vpc-cni-addon",
            "module.aws_alb_controller.data.aws_caller_identity.current",
            "module.aws_alb_controller.data.aws_eks_cluster.selected",
            "module.aws_alb_controller.data.aws_eks_cluster_auth.selected",
            "module.aws_alb_controller.data.aws_iam_policy_document.ec2_assume_role",
            "module.aws_alb_controller.data.aws_iam_policy_document.eks_oidc_assume_role",
            "module.aws_alb_controller.data.aws_region.current",
            "module.aws_alb_controller.data.aws_vpc.selected",
            "module.aws_alb_controller.helm_release.alb_controller",
            "module.aws_alb_controller.kubernetes_cluster_role.this",
            "module.aws_alb_controller.kubernetes_cluster_role_binding.this",
            "module.aws_alb_controller.kubernetes_service_account.this",
            "module.coredns_patching.data.aws_caller_identity.current",
            "module.coredns_patching.data.aws_eks_cluster.selected",
            "module.coredns_patching.data.aws_eks_cluster_auth.selected",
            "module.coredns_patching.data.aws_region.current",
            "module.coredns_patching.null_resource.coredns_patch_windows",
            "module.coredns_patching.null_resource.coredns_restart",
            "module.coredns_patching.null_resource.update_kubeconfig_windows",
            "module.eks.aws_cloudwatch_log_group.cloudwatch_log_group",
            "module.eks.aws_eks_cluster.eks_cluster",
            "module.eks.aws_eks_fargate_profile.eks_fargate_app",
            "module.eks.aws_eks_fargate_profile.eks_fargate_system",
            "module.eks.aws_iam_openid_connect_provider.oidc_provider",
            "module.eks.aws_iam_policy.AmazonEKSClusterCloudWatchMetricsPolicy",
            "module.eks.aws_iam_role.eks_cluster_role",
            "module.eks.aws_iam_role.eks_fargate_role",
            "module.eks.aws_iam_role.eks_fargate_system_role",
            "module.eks.aws_iam_role_policy_attachment.AmazonEKSCloudWatchMetricsPolicy",
            "module.eks.aws_iam_role_policy_attachment.AmazonEKSClusterPolicy",
            "module.eks.aws_iam_role_policy_attachment.AmazonEKSClusterPolicy1",
            "module.eks.aws_iam_role_policy_attachment.AmazonEKSClusterPolicy2",
            "module.eks.aws_iam_role_policy_attachment.AmazonEKSFargatePodExecutionRolePolicy",
            "module.eks.aws_iam_role_policy_attachment.AmazonEKSFargatePodExecutionRolePolicy2",
            "module.eks.aws_iam_role_policy_attachment.AmazonEKSVPCResourceController",
            "module.eks.aws_iam_role_policy_attachment.AmazonEKSVPCResourceController1",
            "module.eks.aws_iam_role_policy_attachment.AmazonEKSVPCResourceController2",
            "module.eks.data.tls_certificate.auth",
            "module.eks_kubernetes_addons.module.aws_vpc_cni.aws_iam_role.vpc-cni-role",
            "module.eks_kubernetes_addons.module.aws_vpc_cni.data.aws_caller_identity.current",
            "module.eks_kubernetes_addons.module.aws_vpc_cni.data.aws_eks_cluster.selected",
            "module.eks_kubernetes_addons.module.aws_vpc_cni.data.aws_iam_policy_document.ec2_assume_role",
            "module.eks_kubernetes_addons.module.aws_vpc_cni.data.aws_iam_policy_document.eks_oidc_assume_role",
            "module.vpc.aws_default_security_group.default",
            "module.vpc.aws_eip.nat_eip",
            "module.vpc.aws_internet_gateway.internet_gw",
            "module.vpc.aws_nat_gateway.nat_gw",
            "module.vpc.aws_route.private_nat_gw_route",
            "module.vpc.aws_route.public_internet_route",
            "module.vpc.aws_route_table.private_rt",
            "module.vpc.aws_route_table.public_rt",
            "module.vpc.aws_route_table_association.private-rt-assotion",
            "module.vpc.aws_route_table_association.public-rt-assotion",
            "module.vpc.aws_security_group.custom",
            "module.vpc.aws_subnet.private_subnet",
            "module.vpc.aws_subnet.public_subnet",
            "module.vpc.aws_vpc.main_vpc"
          ]
        }
      ]
    },
    {
      "module": "module.eks_kubernetes_addons.module.aws_vpc_cni[0]",
      "mode": "managed",
      "type": "aws_iam_role",
      "name": "vpc-cni-role",
      "provider": "provider[\"registry.terraform.io/hashicorp/aws\"]",
      "instances": [
        {
          "schema_version": 0,
          "attributes": {
            "arn": "arn:aws:iam::741032333307:role/k8s-acn-eks-clstr-testing-VPC-CNI-Addons-role",
            "assume_role_policy": "{\"Version\":\"2012-10-17\",\"Statement\":[{\"Sid\":\"\",\"Effect\":\"Allow\",\"Principal\":{\"Federated\":\"arn:aws:iam::741032333307:oidc-provider/oidc.eks.eu-west-1.amazonaws.com/id/2D907CB5905456D7DF8B93AD04E09A07\"},\"Action\":\"sts:AssumeRoleWithWebIdentity\",\"Condition\":{\"StringEquals\":{\"oidc.eks.eu-west-1.amazonaws.com/id/2D907CB5905456D7DF8B93AD04E09A07:sub\":\"system:serviceaccount:kube-system:aws-load-balancer-controller\"}}}]}",
            "create_date": "2022-05-30T04:34:52Z",
            "description": "Permissions required by the Kubernetes AWS Load Balancer controller to do its job.",
            "force_detach_policies": true,
            "id": "k8s-acn-eks-clstr-testing-VPC-CNI-Addons-role",
            "inline_policy": [
              {
                "name": "",
                "policy": ""
              }
            ],
            "managed_policy_arns": [],
            "max_session_duration": 3600,
            "name": "k8s-acn-eks-clstr-testing-VPC-CNI-Addons-role",
            "name_prefix": "",
            "path": "/",
            "permissions_boundary": null,
            "tags": null,
            "tags_all": {},
            "unique_id": "AROA2ZCHYB75VBOE34WKP"
          },
          "sensitive_attributes": [],
          "private": "bnVsbA==",
          "dependencies": [
            "data.aws_eks_cluster.eks_cluster",
            "data.aws_eks_cluster_auth.aws_iam_authenticator",
            "module.aws_alb_controller.aws_iam_policy.this",
            "module.aws_alb_controller.aws_iam_role.this",
            "module.aws_alb_controller.aws_iam_role_policy_attachment.this",
            "module.aws_alb_controller.aws_iam_role_policy_attachment.vpc-cni-addon",
            "module.aws_alb_controller.data.aws_caller_identity.current",
            "module.aws_alb_controller.data.aws_eks_cluster.selected",
            "module.aws_alb_controller.data.aws_eks_cluster_auth.selected",
            "module.aws_alb_controller.data.aws_iam_policy_document.ec2_assume_role",
            "module.aws_alb_controller.data.aws_iam_policy_document.eks_oidc_assume_role",
            "module.aws_alb_controller.data.aws_region.current",
            "module.aws_alb_controller.data.aws_vpc.selected",
            "module.aws_alb_controller.helm_release.alb_controller",
            "module.aws_alb_controller.kubernetes_cluster_role.this",
            "module.aws_alb_controller.kubernetes_cluster_role_binding.this",
            "module.aws_alb_controller.kubernetes_service_account.this",
            "module.coredns_patching.data.aws_caller_identity.current",
            "module.coredns_patching.data.aws_eks_cluster.selected",
            "module.coredns_patching.data.aws_eks_cluster_auth.selected",
            "module.coredns_patching.data.aws_region.current",
            "module.coredns_patching.null_resource.coredns_patch_windows",
            "module.coredns_patching.null_resource.coredns_restart",
            "module.coredns_patching.null_resource.update_kubeconfig_windows",
            "module.eks.aws_cloudwatch_log_group.cloudwatch_log_group",
            "module.eks.aws_eks_cluster.eks_cluster",
            "module.eks.aws_eks_fargate_profile.eks_fargate_app",
            "module.eks.aws_eks_fargate_profile.eks_fargate_system",
            "module.eks.aws_iam_openid_connect_provider.oidc_provider",
            "module.eks.aws_iam_policy.AmazonEKSClusterCloudWatchMetricsPolicy",
            "module.eks.aws_iam_role.eks_cluster_role",
            "module.eks.aws_iam_role.eks_fargate_role",
            "module.eks.aws_iam_role.eks_fargate_system_role",
            "module.eks.aws_iam_role_policy_attachment.AmazonEKSCloudWatchMetricsPolicy",
            "module.eks.aws_iam_role_policy_attachment.AmazonEKSClusterPolicy",
            "module.eks.aws_iam_role_policy_attachment.AmazonEKSClusterPolicy1",
            "module.eks.aws_iam_role_policy_attachment.AmazonEKSClusterPolicy2",
            "module.eks.aws_iam_role_policy_attachment.AmazonEKSFargatePodExecutionRolePolicy",
            "module.eks.aws_iam_role_policy_attachment.AmazonEKSFargatePodExecutionRolePolicy2",
            "module.eks.aws_iam_role_policy_attachment.AmazonEKSVPCResourceController",
            "module.eks.aws_iam_role_policy_attachment.AmazonEKSVPCResourceController1",
            "module.eks.aws_iam_role_policy_attachment.AmazonEKSVPCResourceController2",
            "module.eks.data.tls_certificate.auth",
            "module.eks_kubernetes_addons.module.aws_vpc_cni.data.aws_caller_identity.current",
            "module.eks_kubernetes_addons.module.aws_vpc_cni.data.aws_eks_cluster.selected",
            "module.eks_kubernetes_addons.module.aws_vpc_cni.data.aws_iam_policy_document.ec2_assume_role",
            "module.eks_kubernetes_addons.module.aws_vpc_cni.data.aws_iam_policy_document.eks_oidc_assume_role",
            "module.vpc.aws_default_security_group.default",
            "module.vpc.aws_eip.nat_eip",
            "module.vpc.aws_internet_gateway.internet_gw",
            "module.vpc.aws_nat_gateway.nat_gw",
            "module.vpc.aws_route.private_nat_gw_route",
            "module.vpc.aws_route.public_internet_route",
            "module.vpc.aws_route_table.private_rt",
            "module.vpc.aws_route_table.public_rt",
            "module.vpc.aws_route_table_association.private-rt-assotion",
            "module.vpc.aws_route_table_association.public-rt-assotion",
            "module.vpc.aws_security_group.custom",
            "module.vpc.aws_subnet.private_subnet",
            "module.vpc.aws_subnet.public_subnet",
            "module.vpc.aws_vpc.main_vpc"
          ]
        }
      ]
    },
    {
      "module": "module.eks_kubernetes_addons.module.aws_vpc_cni[0]",
      "mode": "managed",
      "type": "aws_iam_role_policy_attachment",
      "name": "vpc-cni-addon",
      "provider": "provider[\"registry.terraform.io/hashicorp/aws\"]",
      "instances": [
        {
          "schema_version": 0,
          "attributes": {
            "id": "k8s-acn-eks-clstr-testing-VPC-CNI-Addons-role-2022053004345429170000000f",
            "policy_arn": "arn:aws:iam::aws:policy/AmazonEKS_CNI_Policy",
            "role": "k8s-acn-eks-clstr-testing-VPC-CNI-Addons-role"
          },
          "sensitive_attributes": [],
          "private": "bnVsbA==",
          "dependencies": [
            "data.aws_eks_cluster.eks_cluster",
            "data.aws_eks_cluster_auth.aws_iam_authenticator",
            "module.aws_alb_controller.aws_iam_policy.this",
            "module.aws_alb_controller.aws_iam_role.this",
            "module.aws_alb_controller.aws_iam_role_policy_attachment.this",
            "module.aws_alb_controller.aws_iam_role_policy_attachment.vpc-cni-addon",
            "module.aws_alb_controller.data.aws_caller_identity.current",
            "module.aws_alb_controller.data.aws_eks_cluster.selected",
            "module.aws_alb_controller.data.aws_eks_cluster_auth.selected",
            "module.aws_alb_controller.data.aws_iam_policy_document.ec2_assume_role",
            "module.aws_alb_controller.data.aws_iam_policy_document.eks_oidc_assume_role",
            "module.aws_alb_controller.data.aws_region.current",
            "module.aws_alb_controller.data.aws_vpc.selected",
            "module.aws_alb_controller.helm_release.alb_controller",
            "module.aws_alb_controller.kubernetes_cluster_role.this",
            "module.aws_alb_controller.kubernetes_cluster_role_binding.this",
            "module.aws_alb_controller.kubernetes_service_account.this",
            "module.coredns_patching.data.aws_caller_identity.current",
            "module.coredns_patching.data.aws_eks_cluster.selected",
            "module.coredns_patching.data.aws_eks_cluster_auth.selected",
            "module.coredns_patching.data.aws_region.current",
            "module.coredns_patching.null_resource.coredns_patch_windows",
            "module.coredns_patching.null_resource.coredns_restart",
            "module.coredns_patching.null_resource.update_kubeconfig_windows",
            "module.eks.aws_cloudwatch_log_group.cloudwatch_log_group",
            "module.eks.aws_eks_cluster.eks_cluster",
            "module.eks.aws_eks_fargate_profile.eks_fargate_app",
            "module.eks.aws_eks_fargate_profile.eks_fargate_system",
            "module.eks.aws_iam_openid_connect_provider.oidc_provider",
            "module.eks.aws_iam_policy.AmazonEKSClusterCloudWatchMetricsPolicy",
            "module.eks.aws_iam_role.eks_cluster_role",
            "module.eks.aws_iam_role.eks_fargate_role",
            "module.eks.aws_iam_role.eks_fargate_system_role",
            "module.eks.aws_iam_role_policy_attachment.AmazonEKSCloudWatchMetricsPolicy",
            "module.eks.aws_iam_role_policy_attachment.AmazonEKSClusterPolicy",
            "module.eks.aws_iam_role_policy_attachment.AmazonEKSClusterPolicy1",
            "module.eks.aws_iam_role_policy_attachment.AmazonEKSClusterPolicy2",
            "module.eks.aws_iam_role_policy_attachment.AmazonEKSFargatePodExecutionRolePolicy",
            "module.eks.aws_iam_role_policy_attachment.AmazonEKSFargatePodExecutionRolePolicy2",
            "module.eks.aws_iam_role_policy_attachment.AmazonEKSVPCResourceController",
            "module.eks.aws_iam_role_policy_attachment.AmazonEKSVPCResourceController1",
            "module.eks.aws_iam_role_policy_attachment.AmazonEKSVPCResourceController2",
            "module.eks.data.tls_certificate.auth",
            "module.eks_kubernetes_addons.module.aws_vpc_cni.aws_iam_role.vpc-cni-role",
            "module.eks_kubernetes_addons.module.aws_vpc_cni.data.aws_caller_identity.current",
            "module.eks_kubernetes_addons.module.aws_vpc_cni.data.aws_eks_cluster.selected",
            "module.eks_kubernetes_addons.module.aws_vpc_cni.data.aws_iam_policy_document.ec2_assume_role",
            "module.eks_kubernetes_addons.module.aws_vpc_cni.data.aws_iam_policy_document.eks_oidc_assume_role",
            "module.vpc.aws_default_security_group.default",
            "module.vpc.aws_eip.nat_eip",
            "module.vpc.aws_internet_gateway.internet_gw",
            "module.vpc.aws_nat_gateway.nat_gw",
            "module.vpc.aws_route.private_nat_gw_route",
            "module.vpc.aws_route.public_internet_route",
            "module.vpc.aws_route_table.private_rt",
            "module.vpc.aws_route_table.public_rt",
            "module.vpc.aws_route_table_association.private-rt-assotion",
            "module.vpc.aws_route_table_association.public-rt-assotion",
            "module.vpc.aws_security_group.custom",
            "module.vpc.aws_subnet.private_subnet",
            "module.vpc.aws_subnet.public_subnet",
            "module.vpc.aws_vpc.main_vpc"
          ]
        }
      ]
    },
    {
      "module": "module.kubernetes_app",
      "mode": "data",
      "type": "kubernetes_ingress",
      "name": "example",
      "provider": "provider[\"registry.terraform.io/hashicorp/kubernetes\"]",
      "instances": [
        {
          "schema_version": 0,
          "attributes": {
            "id": null,
            "metadata": null,
            "spec": null,
            "status": null
          },
          "sensitive_attributes": []
        }
      ]
    },
    {
      "module": "module.kubernetes_app",
      "mode": "managed",
      "type": "kubernetes_deployment",
      "name": "game-app",
      "provider": "provider[\"registry.terraform.io/hashicorp/kubernetes\"]",
      "instances": [
        {
          "schema_version": 1,
          "attributes": {
            "id": "ns-fargate-app/game-app",
            "metadata": [
              {
                "annotations": null,
                "generate_name": "",
                "generation": 1,
                "labels": {
                  "app.kubernetes.io/name": "sample-game-app"
                },
                "name": "game-app",
                "namespace": "ns-fargate-app",
                "resource_version": "2404",
                "uid": "28564a58-e0a5-4420-b9ed-c83742fac24f"
              }
            ],
            "spec": [
              {
                "min_ready_seconds": 0,
                "paused": false,
                "progress_deadline_seconds": 600,
                "replicas": "3",
                "revision_history_limit": 10,
                "selector": [
                  {
                    "match_expressions": [],
                    "match_labels": {
                      "app.kubernetes.io/name": "sample-game-app"
                    }
                  }
                ],
                "strategy": [
                  {
                    "rolling_update": [
                      {
                        "max_surge": "25%",
                        "max_unavailable": "25%"
                      }
                    ],
                    "type": "RollingUpdate"
                  }
                ],
                "template": [
                  {
                    "metadata": [
                      {
                        "annotations": null,
                        "generate_name": "",
                        "generation": 0,
                        "labels": {
                          "app.kubernetes.io/name": "sample-game-app"
                        },
                        "name": "",
                        "namespace": "",
                        "resource_version": "",
                        "uid": ""
                      }
                    ],
                    "spec": [
                      {
                        "active_deadline_seconds": 0,
                        "affinity": [],
                        "automount_service_account_token": true,
                        "container": [
                          {
                            "args": null,
                            "command": null,
                            "env": [],
                            "env_from": [],
                            "image": "public.ecr.aws/l6m2t8p7/docker-2048:latest",
                            "image_pull_policy": "Always",
                            "lifecycle": [],
                            "liveness_probe": [],
                            "name": "sample-game-app",
                            "port": [
                              {
                                "container_port": 80,
                                "host_ip": "",
                                "host_port": 0,
                                "name": "",
                                "protocol": "TCP"
                              }
                            ],
                            "readiness_probe": [],
                            "resources": [
                              {
                                "limits": null,
                                "requests": null
                              }
                            ],
                            "security_context": [],
                            "startup_probe": [],
                            "stdin": false,
                            "stdin_once": false,
                            "termination_message_path": "/dev/termination-log",
                            "termination_message_policy": "File",
                            "tty": false,
                            "volume_mount": [],
                            "working_dir": ""
                          }
                        ],
                        "dns_config": [],
                        "dns_policy": "ClusterFirst",
                        "enable_service_links": true,
                        "host_aliases": [],
                        "host_ipc": false,
                        "host_network": false,
                        "host_pid": false,
                        "hostname": "",
                        "image_pull_secrets": [],
                        "init_container": [],
                        "node_name": "",
                        "node_selector": null,
                        "priority_class_name": "",
                        "readiness_gate": [],
                        "restart_policy": "Always",
                        "security_context": [],
                        "service_account_name": "",
                        "share_process_namespace": false,
                        "subdomain": "",
                        "termination_grace_period_seconds": 30,
                        "toleration": [],
                        "topology_spread_constraint": [],
                        "volume": []
                      }
                    ]
                  }
                ]
              }
            ],
            "timeouts": null,
            "wait_for_rollout": true
          },
          "sensitive_attributes": [],
          "private": "eyJlMmJmYjczMC1lY2FhLTExZTYtOGY4OC0zNDM2M2JjN2M0YzAiOnsiY3JlYXRlIjo2MDAwMDAwMDAwMDAsImRlbGV0ZSI6NjAwMDAwMDAwMDAwLCJ1cGRhdGUiOjYwMDAwMDAwMDAwMH0sInNjaGVtYV92ZXJzaW9uIjoiMSJ9",
          "dependencies": [
            "data.aws_eks_cluster.eks_cluster",
            "data.aws_eks_cluster_auth.aws_iam_authenticator",
            "module.aws_alb_controller.aws_iam_policy.this",
            "module.aws_alb_controller.aws_iam_role.this",
            "module.aws_alb_controller.aws_iam_role_policy_attachment.this",
            "module.aws_alb_controller.aws_iam_role_policy_attachment.vpc-cni-addon",
            "module.aws_alb_controller.data.aws_caller_identity.current",
            "module.aws_alb_controller.data.aws_eks_cluster.selected",
            "module.aws_alb_controller.data.aws_eks_cluster_auth.selected",
            "module.aws_alb_controller.data.aws_iam_policy_document.ec2_assume_role",
            "module.aws_alb_controller.data.aws_iam_policy_document.eks_oidc_assume_role",
            "module.aws_alb_controller.data.aws_region.current",
            "module.aws_alb_controller.data.aws_vpc.selected",
            "module.aws_alb_controller.helm_release.alb_controller",
            "module.aws_alb_controller.kubernetes_cluster_role.this",
            "module.aws_alb_controller.kubernetes_cluster_role_binding.this",
            "module.aws_alb_controller.kubernetes_service_account.this",
            "module.coredns_patching.data.aws_caller_identity.current",
            "module.coredns_patching.data.aws_eks_cluster.selected",
            "module.coredns_patching.data.aws_eks_cluster_auth.selected",
            "module.coredns_patching.data.aws_region.current",
            "module.coredns_patching.null_resource.coredns_patch_windows",
            "module.coredns_patching.null_resource.coredns_restart",
            "module.coredns_patching.null_resource.update_kubeconfig_windows",
            "module.eks.aws_cloudwatch_log_group.cloudwatch_log_group",
            "module.eks.aws_eks_cluster.eks_cluster",
            "module.eks.aws_eks_fargate_profile.eks_fargate_app",
            "module.eks.aws_eks_fargate_profile.eks_fargate_system",
            "module.eks.aws_iam_openid_connect_provider.oidc_provider",
            "module.eks.aws_iam_policy.AmazonEKSClusterCloudWatchMetricsPolicy",
            "module.eks.aws_iam_role.eks_cluster_role",
            "module.eks.aws_iam_role.eks_fargate_role",
            "module.eks.aws_iam_role.eks_fargate_system_role",
            "module.eks.aws_iam_role_policy_attachment.AmazonEKSCloudWatchMetricsPolicy",
            "module.eks.aws_iam_role_policy_attachment.AmazonEKSClusterPolicy",
            "module.eks.aws_iam_role_policy_attachment.AmazonEKSClusterPolicy1",
            "module.eks.aws_iam_role_policy_attachment.AmazonEKSClusterPolicy2",
            "module.eks.aws_iam_role_policy_attachment.AmazonEKSFargatePodExecutionRolePolicy",
            "module.eks.aws_iam_role_policy_attachment.AmazonEKSFargatePodExecutionRolePolicy2",
            "module.eks.aws_iam_role_policy_attachment.AmazonEKSVPCResourceController",
            "module.eks.aws_iam_role_policy_attachment.AmazonEKSVPCResourceController1",
            "module.eks.aws_iam_role_policy_attachment.AmazonEKSVPCResourceController2",
            "module.eks.data.tls_certificate.auth",
            "module.kubernetes_app.kubernetes_namespace.application_namespace",
            "module.vpc.aws_default_security_group.default",
            "module.vpc.aws_eip.nat_eip",
            "module.vpc.aws_internet_gateway.internet_gw",
            "module.vpc.aws_nat_gateway.nat_gw",
            "module.vpc.aws_route.private_nat_gw_route",
            "module.vpc.aws_route.public_internet_route",
            "module.vpc.aws_route_table.private_rt",
            "module.vpc.aws_route_table.public_rt",
            "module.vpc.aws_route_table_association.private-rt-assotion",
            "module.vpc.aws_route_table_association.public-rt-assotion",
            "module.vpc.aws_security_group.custom",
            "module.vpc.aws_subnet.private_subnet",
            "module.vpc.aws_subnet.public_subnet",
            "module.vpc.aws_vpc.main_vpc"
          ]
        }
      ]
    },
    {
      "module": "module.kubernetes_app",
      "mode": "managed",
      "type": "kubernetes_ingress_v1",
      "name": "game-app-ingress",
      "provider": "provider[\"registry.terraform.io/hashicorp/kubernetes\"]",
      "instances": [
        {
          "schema_version": 0,
          "attributes": {
            "id": "ns-fargate-app/game-app-ingress",
            "metadata": [
              {
                "annotations": {
                  "alb.ingress.kubernetes.io/scheme": "internet-facing",
                  "alb.ingress.kubernetes.io/target-type": "ip",
                  "kubernetes.io/ingress.class": "alb"
                },
                "generate_name": "",
                "generation": 1,
                "labels": null,
                "name": "game-app-ingress",
                "namespace": "ns-fargate-app",
                "resource_version": "2448",
                "uid": "edd743fb-29c7-433a-8ae6-572c93cab162"
              }
            ],
            "spec": [
              {
                "default_backend": [],
                "ingress_class_name": "",
                "rule": [
                  {
                    "host": "",
                    "http": [
                      {
                        "path": [
                          {
                            "backend": [
                              {
                                "resource": [],
                                "service": [
                                  {
                                    "name": "game-app-service",
                                    "port": [
                                      {
                                        "name": "",
                                        "number": 80
                                      }
                                    ]
                                  }
                                ]
                              }
                            ],
                            "path": "/*",
                            "path_type": "ImplementationSpecific"
                          }
                        ]
                      }
                    ]
                  }
                ],
                "tls": []
              }
            ],
            "status": [
              {
                "load_balancer": [
                  {
                    "ingress": [
                      {
                        "hostname": "k8s-nsfargat-gameappi-861e538876-15923285.eu-west-1.elb.amazonaws.com",
                        "ip": ""
                      }
                    ]
                  }
                ]
              }
            ],
            "wait_for_load_balancer": true
          },
          "sensitive_attributes": [],
          "private": "bnVsbA==",
          "dependencies": [
            "data.aws_eks_cluster.eks_cluster",
            "data.aws_eks_cluster_auth.aws_iam_authenticator",
            "module.aws_alb_controller.aws_iam_policy.this",
            "module.aws_alb_controller.aws_iam_role.this",
            "module.aws_alb_controller.aws_iam_role_policy_attachment.this",
            "module.aws_alb_controller.aws_iam_role_policy_attachment.vpc-cni-addon",
            "module.aws_alb_controller.data.aws_caller_identity.current",
            "module.aws_alb_controller.data.aws_eks_cluster.selected",
            "module.aws_alb_controller.data.aws_eks_cluster_auth.selected",
            "module.aws_alb_controller.data.aws_iam_policy_document.ec2_assume_role",
            "module.aws_alb_controller.data.aws_iam_policy_document.eks_oidc_assume_role",
            "module.aws_alb_controller.data.aws_region.current",
            "module.aws_alb_controller.data.aws_vpc.selected",
            "module.aws_alb_controller.helm_release.alb_controller",
            "module.aws_alb_controller.kubernetes_cluster_role.this",
            "module.aws_alb_controller.kubernetes_cluster_role_binding.this",
            "module.aws_alb_controller.kubernetes_service_account.this",
            "module.coredns_patching.data.aws_caller_identity.current",
            "module.coredns_patching.data.aws_eks_cluster.selected",
            "module.coredns_patching.data.aws_eks_cluster_auth.selected",
            "module.coredns_patching.data.aws_region.current",
            "module.coredns_patching.null_resource.coredns_patch_windows",
            "module.coredns_patching.null_resource.coredns_restart",
            "module.coredns_patching.null_resource.update_kubeconfig_windows",
            "module.eks.aws_cloudwatch_log_group.cloudwatch_log_group",
            "module.eks.aws_eks_cluster.eks_cluster",
            "module.eks.aws_eks_fargate_profile.eks_fargate_app",
            "module.eks.aws_eks_fargate_profile.eks_fargate_system",
            "module.eks.aws_iam_openid_connect_provider.oidc_provider",
            "module.eks.aws_iam_policy.AmazonEKSClusterCloudWatchMetricsPolicy",
            "module.eks.aws_iam_role.eks_cluster_role",
            "module.eks.aws_iam_role.eks_fargate_role",
            "module.eks.aws_iam_role.eks_fargate_system_role",
            "module.eks.aws_iam_role_policy_attachment.AmazonEKSCloudWatchMetricsPolicy",
            "module.eks.aws_iam_role_policy_attachment.AmazonEKSClusterPolicy",
            "module.eks.aws_iam_role_policy_attachment.AmazonEKSClusterPolicy1",
            "module.eks.aws_iam_role_policy_attachment.AmazonEKSClusterPolicy2",
            "module.eks.aws_iam_role_policy_attachment.AmazonEKSFargatePodExecutionRolePolicy",
            "module.eks.aws_iam_role_policy_attachment.AmazonEKSFargatePodExecutionRolePolicy2",
            "module.eks.aws_iam_role_policy_attachment.AmazonEKSVPCResourceController",
            "module.eks.aws_iam_role_policy_attachment.AmazonEKSVPCResourceController1",
            "module.eks.aws_iam_role_policy_attachment.AmazonEKSVPCResourceController2",
            "module.eks.data.tls_certificate.auth",
            "module.kubernetes_app.kubernetes_deployment.game-app",
            "module.kubernetes_app.kubernetes_namespace.application_namespace",
            "module.kubernetes_app.kubernetes_service_v1.game-app-service",
            "module.vpc.aws_default_security_group.default",
            "module.vpc.aws_eip.nat_eip",
            "module.vpc.aws_internet_gateway.internet_gw",
            "module.vpc.aws_nat_gateway.nat_gw",
            "module.vpc.aws_route.private_nat_gw_route",
            "module.vpc.aws_route.public_internet_route",
            "module.vpc.aws_route_table.private_rt",
            "module.vpc.aws_route_table.public_rt",
            "module.vpc.aws_route_table_association.private-rt-assotion",
            "module.vpc.aws_route_table_association.public-rt-assotion",
            "module.vpc.aws_security_group.custom",
            "module.vpc.aws_subnet.private_subnet",
            "module.vpc.aws_subnet.public_subnet",
            "module.vpc.aws_vpc.main_vpc"
          ]
        }
      ]
    },
    {
      "module": "module.kubernetes_app",
      "mode": "managed",
      "type": "kubernetes_namespace",
      "name": "application_namespace",
      "provider": "provider[\"registry.terraform.io/hashicorp/kubernetes\"]",
      "instances": [
        {
          "schema_version": 0,
          "attributes": {
            "id": "ns-fargate-app",
            "metadata": [
              {
                "annotations": null,
                "generate_name": "",
                "generation": 0,
                "labels": {
                  "app.kubernetes.io/name": "sample-game-app"
                },
                "name": "ns-fargate-app",
                "resource_version": "2007",
                "uid": "71d6510d-53ab-4bc1-b01a-29c713220d69"
              }
            ],
            "timeouts": null
          },
          "sensitive_attributes": [],
          "private": "eyJlMmJmYjczMC1lY2FhLTExZTYtOGY4OC0zNDM2M2JjN2M0YzAiOnsiZGVsZXRlIjozMDAwMDAwMDAwMDB9fQ==",
          "dependencies": [
            "data.aws_eks_cluster.eks_cluster",
            "data.aws_eks_cluster_auth.aws_iam_authenticator",
            "module.aws_alb_controller.aws_iam_policy.this",
            "module.aws_alb_controller.aws_iam_role.this",
            "module.aws_alb_controller.aws_iam_role_policy_attachment.this",
            "module.aws_alb_controller.aws_iam_role_policy_attachment.vpc-cni-addon",
            "module.aws_alb_controller.data.aws_caller_identity.current",
            "module.aws_alb_controller.data.aws_eks_cluster.selected",
            "module.aws_alb_controller.data.aws_eks_cluster_auth.selected",
            "module.aws_alb_controller.data.aws_iam_policy_document.ec2_assume_role",
            "module.aws_alb_controller.data.aws_iam_policy_document.eks_oidc_assume_role",
            "module.aws_alb_controller.data.aws_region.current",
            "module.aws_alb_controller.data.aws_vpc.selected",
            "module.aws_alb_controller.helm_release.alb_controller",
            "module.aws_alb_controller.kubernetes_cluster_role.this",
            "module.aws_alb_controller.kubernetes_cluster_role_binding.this",
            "module.aws_alb_controller.kubernetes_service_account.this",
            "module.coredns_patching.data.aws_caller_identity.current",
            "module.coredns_patching.data.aws_eks_cluster.selected",
            "module.coredns_patching.data.aws_eks_cluster_auth.selected",
            "module.coredns_patching.data.aws_region.current",
            "module.coredns_patching.null_resource.coredns_patch_windows",
            "module.coredns_patching.null_resource.coredns_restart",
            "module.coredns_patching.null_resource.update_kubeconfig_windows",
            "module.eks.aws_cloudwatch_log_group.cloudwatch_log_group",
            "module.eks.aws_eks_cluster.eks_cluster",
            "module.eks.aws_eks_fargate_profile.eks_fargate_app",
            "module.eks.aws_eks_fargate_profile.eks_fargate_system",
            "module.eks.aws_iam_openid_connect_provider.oidc_provider",
            "module.eks.aws_iam_policy.AmazonEKSClusterCloudWatchMetricsPolicy",
            "module.eks.aws_iam_role.eks_cluster_role",
            "module.eks.aws_iam_role.eks_fargate_role",
            "module.eks.aws_iam_role.eks_fargate_system_role",
            "module.eks.aws_iam_role_policy_attachment.AmazonEKSCloudWatchMetricsPolicy",
            "module.eks.aws_iam_role_policy_attachment.AmazonEKSClusterPolicy",
            "module.eks.aws_iam_role_policy_attachment.AmazonEKSClusterPolicy1",
            "module.eks.aws_iam_role_policy_attachment.AmazonEKSClusterPolicy2",
            "module.eks.aws_iam_role_policy_attachment.AmazonEKSFargatePodExecutionRolePolicy",
            "module.eks.aws_iam_role_policy_attachment.AmazonEKSFargatePodExecutionRolePolicy2",
            "module.eks.aws_iam_role_policy_attachment.AmazonEKSVPCResourceController",
            "module.eks.aws_iam_role_policy_attachment.AmazonEKSVPCResourceController1",
            "module.eks.aws_iam_role_policy_attachment.AmazonEKSVPCResourceController2",
            "module.eks.data.tls_certificate.auth",
            "module.vpc.aws_default_security_group.default",
            "module.vpc.aws_eip.nat_eip",
            "module.vpc.aws_internet_gateway.internet_gw",
            "module.vpc.aws_nat_gateway.nat_gw",
            "module.vpc.aws_route.private_nat_gw_route",
            "module.vpc.aws_route.public_internet_route",
            "module.vpc.aws_route_table.private_rt",
            "module.vpc.aws_route_table.public_rt",
            "module.vpc.aws_route_table_association.private-rt-assotion",
            "module.vpc.aws_route_table_association.public-rt-assotion",
            "module.vpc.aws_security_group.custom",
            "module.vpc.aws_subnet.private_subnet",
            "module.vpc.aws_subnet.public_subnet",
            "module.vpc.aws_vpc.main_vpc"
          ]
        }
      ]
    },
    {
      "module": "module.kubernetes_app",
      "mode": "managed",
      "type": "kubernetes_service_v1",
      "name": "game-app-service",
      "provider": "provider[\"registry.terraform.io/hashicorp/kubernetes\"]",
      "instances": [
        {
          "schema_version": 1,
          "attributes": {
            "id": "ns-fargate-app/game-app-service",
            "metadata": [
              {
                "annotations": null,
                "generate_name": "",
                "generation": 0,
                "labels": null,
                "name": "game-app-service",
                "namespace": "ns-fargate-app",
                "resource_version": "2422",
                "uid": "b5c59a6a-422a-4157-98bb-3bdb94edc2d0"
              }
            ],
            "spec": [
              {
                "cluster_ip": "10.100.36.200",
                "external_ips": null,
                "external_name": "",
                "external_traffic_policy": "Cluster",
                "health_check_node_port": 0,
                "ip_families": [
                  "IPv4"
                ],
                "ip_family_policy": "SingleStack",
                "load_balancer_ip": "",
                "load_balancer_source_ranges": null,
                "port": [
                  {
                    "app_protocol": "",
                    "name": "",
                    "node_port": 31382,
                    "port": 80,
                    "protocol": "TCP",
                    "target_port": "80"
                  }
                ],
                "publish_not_ready_addresses": false,
                "selector": {
                  "app.kubernetes.io/name": "sample-game-app"
                },
                "session_affinity": "None",
                "type": "NodePort"
              }
            ],
            "status": [
              {
                "load_balancer": [
                  {
                    "ingress": []
                  }
                ]
              }
            ],
            "timeouts": null,
            "wait_for_load_balancer": true
          },
          "sensitive_attributes": [],
          "private": "eyJlMmJmYjczMC1lY2FhLTExZTYtOGY4OC0zNDM2M2JjN2M0YzAiOnsiY3JlYXRlIjo2MDAwMDAwMDAwMDB9LCJzY2hlbWFfdmVyc2lvbiI6IjEifQ==",
          "dependencies": [
            "data.aws_eks_cluster.eks_cluster",
            "data.aws_eks_cluster_auth.aws_iam_authenticator",
            "module.aws_alb_controller.aws_iam_policy.this",
            "module.aws_alb_controller.aws_iam_role.this",
            "module.aws_alb_controller.aws_iam_role_policy_attachment.this",
            "module.aws_alb_controller.aws_iam_role_policy_attachment.vpc-cni-addon",
            "module.aws_alb_controller.data.aws_caller_identity.current",
            "module.aws_alb_controller.data.aws_eks_cluster.selected",
            "module.aws_alb_controller.data.aws_eks_cluster_auth.selected",
            "module.aws_alb_controller.data.aws_iam_policy_document.ec2_assume_role",
            "module.aws_alb_controller.data.aws_iam_policy_document.eks_oidc_assume_role",
            "module.aws_alb_controller.data.aws_region.current",
            "module.aws_alb_controller.data.aws_vpc.selected",
            "module.aws_alb_controller.helm_release.alb_controller",
            "module.aws_alb_controller.kubernetes_cluster_role.this",
            "module.aws_alb_controller.kubernetes_cluster_role_binding.this",
            "module.aws_alb_controller.kubernetes_service_account.this",
            "module.coredns_patching.data.aws_caller_identity.current",
            "module.coredns_patching.data.aws_eks_cluster.selected",
            "module.coredns_patching.data.aws_eks_cluster_auth.selected",
            "module.coredns_patching.data.aws_region.current",
            "module.coredns_patching.null_resource.coredns_patch_windows",
            "module.coredns_patching.null_resource.coredns_restart",
            "module.coredns_patching.null_resource.update_kubeconfig_windows",
            "module.eks.aws_cloudwatch_log_group.cloudwatch_log_group",
            "module.eks.aws_eks_cluster.eks_cluster",
            "module.eks.aws_eks_fargate_profile.eks_fargate_app",
            "module.eks.aws_eks_fargate_profile.eks_fargate_system",
            "module.eks.aws_iam_openid_connect_provider.oidc_provider",
            "module.eks.aws_iam_policy.AmazonEKSClusterCloudWatchMetricsPolicy",
            "module.eks.aws_iam_role.eks_cluster_role",
            "module.eks.aws_iam_role.eks_fargate_role",
            "module.eks.aws_iam_role.eks_fargate_system_role",
            "module.eks.aws_iam_role_policy_attachment.AmazonEKSCloudWatchMetricsPolicy",
            "module.eks.aws_iam_role_policy_attachment.AmazonEKSClusterPolicy",
            "module.eks.aws_iam_role_policy_attachment.AmazonEKSClusterPolicy1",
            "module.eks.aws_iam_role_policy_attachment.AmazonEKSClusterPolicy2",
            "module.eks.aws_iam_role_policy_attachment.AmazonEKSFargatePodExecutionRolePolicy",
            "module.eks.aws_iam_role_policy_attachment.AmazonEKSFargatePodExecutionRolePolicy2",
            "module.eks.aws_iam_role_policy_attachment.AmazonEKSVPCResourceController",
            "module.eks.aws_iam_role_policy_attachment.AmazonEKSVPCResourceController1",
            "module.eks.aws_iam_role_policy_attachment.AmazonEKSVPCResourceController2",
            "module.eks.data.tls_certificate.auth",
            "module.kubernetes_app.kubernetes_deployment.game-app",
            "module.kubernetes_app.kubernetes_namespace.application_namespace",
            "module.vpc.aws_default_security_group.default",
            "module.vpc.aws_eip.nat_eip",
            "module.vpc.aws_internet_gateway.internet_gw",
            "module.vpc.aws_nat_gateway.nat_gw",
            "module.vpc.aws_route.private_nat_gw_route",
            "module.vpc.aws_route.public_internet_route",
            "module.vpc.aws_route_table.private_rt",
            "module.vpc.aws_route_table.public_rt",
            "module.vpc.aws_route_table_association.private-rt-assotion",
            "module.vpc.aws_route_table_association.public-rt-assotion",
            "module.vpc.aws_security_group.custom",
            "module.vpc.aws_subnet.private_subnet",
            "module.vpc.aws_subnet.public_subnet",
            "module.vpc.aws_vpc.main_vpc"
          ]
        }
      ]
    },
    {
      "module": "module.vpc",
      "mode": "managed",
      "type": "aws_default_security_group",
      "name": "default",
      "provider": "provider[\"registry.terraform.io/hashicorp/aws\"]",
      "instances": [
        {
          "schema_version": 1,
          "attributes": {
            "arn": "arn:aws:ec2:eu-west-1:741032333307:security-group/sg-0eac89307dd77b075",
            "description": "default VPC security group",
            "egress": [
              {
                "cidr_blocks": [
                  "0.0.0.0/0"
                ],
                "description": "",
                "from_port": 0,
                "ipv6_cidr_blocks": [],
                "prefix_list_ids": [],
                "protocol": "-1",
                "security_groups": [],
                "self": false,
                "to_port": 0
              }
            ],
            "id": "sg-0eac89307dd77b075",
            "ingress": [
              {
                "cidr_blocks": [],
                "description": "",
                "from_port": 0,
                "ipv6_cidr_blocks": [],
                "prefix_list_ids": [],
                "protocol": "-1",
                "security_groups": [],
                "self": true,
                "to_port": 0
              }
            ],
            "name": "default",
            "owner_id": "741032333307",
            "revoke_rules_on_delete": false,
            "tags": {
              "Environment": "testing",
              "Group": "eks-fargate",
              "Name": "default-sg-acn-eks-clstr-testing"
            },
            "tags_all": {
              "Environment": "testing",
              "Group": "eks-fargate",
              "Name": "default-sg-acn-eks-clstr-testing"
            },
            "vpc_id": "vpc-06c4316f4c46dfaff"
          },
          "sensitive_attributes": [],
          "private": "eyJzY2hlbWFfdmVyc2lvbiI6IjEifQ==",
          "dependencies": [
            "module.vpc.aws_vpc.main_vpc"
          ]
        }
      ]
    },
    {
      "module": "module.vpc",
      "mode": "managed",
      "type": "aws_eip",
      "name": "nat_eip",
      "provider": "provider[\"registry.terraform.io/hashicorp/aws\"]",
      "instances": [
        {
          "index_key": 0,
          "schema_version": 0,
          "attributes": {
            "address": null,
            "allocation_id": "eipalloc-09f3b5f92b41be102",
            "associate_with_private_ip": null,
            "association_id": "",
            "carrier_ip": "",
            "customer_owned_ip": "",
            "customer_owned_ipv4_pool": "",
            "domain": "vpc",
            "id": "eipalloc-09f3b5f92b41be102",
            "instance": "",
            "network_border_group": "eu-west-1",
            "network_interface": "",
            "private_dns": null,
            "private_ip": "",
            "public_dns": "ec2-54-171-35-164.eu-west-1.compute.amazonaws.com",
            "public_ip": "54.171.35.164",
            "public_ipv4_pool": "amazon",
            "tags": {
              "Environment": "testing",
              "Group": "eks-fargate",
              "Name": "nat-ip-1-acn-eks-clstr-testing"
            },
            "tags_all": {
              "Environment": "testing",
              "Group": "eks-fargate",
              "Name": "nat-ip-1-acn-eks-clstr-testing"
            },
            "timeouts": null,
            "vpc": true
          },
          "sensitive_attributes": [],
          "private": "eyJlMmJmYjczMC1lY2FhLTExZTYtOGY4OC0zNDM2M2JjN2M0YzAiOnsiZGVsZXRlIjoxODAwMDAwMDAwMDAsInJlYWQiOjkwMDAwMDAwMDAwMCwidXBkYXRlIjozMDAwMDAwMDAwMDB9fQ==",
          "dependencies": [
            "module.vpc.aws_internet_gateway.internet_gw",
            "module.vpc.aws_subnet.public_subnet",
            "module.vpc.aws_vpc.main_vpc"
          ]
        },
        {
          "index_key": 1,
          "schema_version": 0,
          "attributes": {
            "address": null,
            "allocation_id": "eipalloc-0e1566ed3e81c5a85",
            "associate_with_private_ip": null,
            "association_id": "",
            "carrier_ip": "",
            "customer_owned_ip": "",
            "customer_owned_ipv4_pool": "",
            "domain": "vpc",
            "id": "eipalloc-0e1566ed3e81c5a85",
            "instance": "",
            "network_border_group": "eu-west-1",
            "network_interface": "",
            "private_dns": null,
            "private_ip": "",
            "public_dns": "ec2-108-128-230-168.eu-west-1.compute.amazonaws.com",
            "public_ip": "108.128.230.168",
            "public_ipv4_pool": "amazon",
            "tags": {
              "Environment": "testing",
              "Group": "eks-fargate",
              "Name": "nat-ip-2-acn-eks-clstr-testing"
            },
            "tags_all": {
              "Environment": "testing",
              "Group": "eks-fargate",
              "Name": "nat-ip-2-acn-eks-clstr-testing"
            },
            "timeouts": null,
            "vpc": true
          },
          "sensitive_attributes": [],
          "private": "eyJlMmJmYjczMC1lY2FhLTExZTYtOGY4OC0zNDM2M2JjN2M0YzAiOnsiZGVsZXRlIjoxODAwMDAwMDAwMDAsInJlYWQiOjkwMDAwMDAwMDAwMCwidXBkYXRlIjozMDAwMDAwMDAwMDB9fQ==",
          "dependencies": [
            "module.vpc.aws_internet_gateway.internet_gw",
            "module.vpc.aws_subnet.public_subnet",
            "module.vpc.aws_vpc.main_vpc"
          ]
        },
        {
          "index_key": 2,
          "schema_version": 0,
          "attributes": {
            "address": null,
            "allocation_id": "eipalloc-0b96a86aaa3774b21",
            "associate_with_private_ip": null,
            "association_id": "",
            "carrier_ip": "",
            "customer_owned_ip": "",
            "customer_owned_ipv4_pool": "",
            "domain": "vpc",
            "id": "eipalloc-0b96a86aaa3774b21",
            "instance": "",
            "network_border_group": "eu-west-1",
            "network_interface": "",
            "private_dns": null,
            "private_ip": "",
            "public_dns": "ec2-34-250-86-230.eu-west-1.compute.amazonaws.com",
            "public_ip": "34.250.86.230",
            "public_ipv4_pool": "amazon",
            "tags": {
              "Environment": "testing",
              "Group": "eks-fargate",
              "Name": "nat-ip-3-acn-eks-clstr-testing"
            },
            "tags_all": {
              "Environment": "testing",
              "Group": "eks-fargate",
              "Name": "nat-ip-3-acn-eks-clstr-testing"
            },
            "timeouts": null,
            "vpc": true
          },
          "sensitive_attributes": [],
          "private": "eyJlMmJmYjczMC1lY2FhLTExZTYtOGY4OC0zNDM2M2JjN2M0YzAiOnsiZGVsZXRlIjoxODAwMDAwMDAwMDAsInJlYWQiOjkwMDAwMDAwMDAwMCwidXBkYXRlIjozMDAwMDAwMDAwMDB9fQ==",
          "dependencies": [
            "module.vpc.aws_internet_gateway.internet_gw",
            "module.vpc.aws_subnet.public_subnet",
            "module.vpc.aws_vpc.main_vpc"
          ]
        }
      ]
    },
    {
      "module": "module.vpc",
      "mode": "managed",
      "type": "aws_internet_gateway",
      "name": "internet_gw",
      "provider": "provider[\"registry.terraform.io/hashicorp/aws\"]",
      "instances": [
        {
          "schema_version": 0,
          "attributes": {
            "arn": "arn:aws:ec2:eu-west-1:741032333307:internet-gateway/igw-0a6888bcc81cc4944",
            "id": "igw-0a6888bcc81cc4944",
            "owner_id": "741032333307",
            "tags": {
              "Environment": "testing",
              "Group": "eks-fargate",
              "Name": "internet_gw-acn-eks-clstr-testing"
            },
            "tags_all": {
              "Environment": "testing",
              "Group": "eks-fargate",
              "Name": "internet_gw-acn-eks-clstr-testing"
            },
            "vpc_id": "vpc-06c4316f4c46dfaff"
          },
          "sensitive_attributes": [],
          "private": "bnVsbA==",
          "dependencies": [
            "module.vpc.aws_subnet.public_subnet",
            "module.vpc.aws_vpc.main_vpc"
          ]
        }
      ]
    },
    {
      "module": "module.vpc",
      "mode": "managed",
      "type": "aws_nat_gateway",
      "name": "nat_gw",
      "provider": "provider[\"registry.terraform.io/hashicorp/aws\"]",
      "instances": [
        {
          "index_key": 0,
          "schema_version": 0,
          "attributes": {
            "allocation_id": "eipalloc-09f3b5f92b41be102",
            "connectivity_type": "public",
            "id": "nat-022b4dcc6511d12e1",
            "network_interface_id": "eni-0ac28414733752e0c",
            "private_ip": "192.168.0.87",
            "public_ip": "54.171.35.164",
            "subnet_id": "subnet-07ecfb7d26103dd42",
            "tags": {
              "Environment": "testing",
              "Group": "eks-fargate",
              "Name": "nat_gateway-1-acn-eks-clstr-testing"
            },
            "tags_all": {
              "Environment": "testing",
              "Group": "eks-fargate",
              "Name": "nat_gateway-1-acn-eks-clstr-testing"
            }
          },
          "sensitive_attributes": [],
          "private": "bnVsbA==",
          "dependencies": [
            "module.vpc.aws_eip.nat_eip",
            "module.vpc.aws_internet_gateway.internet_gw",
            "module.vpc.aws_subnet.public_subnet",
            "module.vpc.aws_vpc.main_vpc"
          ]
        },
        {
          "index_key": 1,
          "schema_version": 0,
          "attributes": {
            "allocation_id": "eipalloc-0e1566ed3e81c5a85",
            "connectivity_type": "public",
            "id": "nat-0388db6b76a9cd7f9",
            "network_interface_id": "eni-0447b164bc07bce10",
            "private_ip": "192.168.1.73",
            "public_ip": "108.128.230.168",
            "subnet_id": "subnet-038ab596bb580e104",
            "tags": {
              "Environment": "testing",
              "Group": "eks-fargate",
              "Name": "nat_gateway-2-acn-eks-clstr-testing"
            },
            "tags_all": {
              "Environment": "testing",
              "Group": "eks-fargate",
              "Name": "nat_gateway-2-acn-eks-clstr-testing"
            }
          },
          "sensitive_attributes": [],
          "private": "bnVsbA==",
          "dependencies": [
            "module.vpc.aws_eip.nat_eip",
            "module.vpc.aws_internet_gateway.internet_gw",
            "module.vpc.aws_subnet.public_subnet",
            "module.vpc.aws_vpc.main_vpc"
          ]
        },
        {
          "index_key": 2,
          "schema_version": 0,
          "attributes": {
            "allocation_id": "eipalloc-0b96a86aaa3774b21",
            "connectivity_type": "public",
            "id": "nat-056c87b7361cd9be0",
            "network_interface_id": "eni-022eb4588bccccb1f",
            "private_ip": "192.168.2.72",
            "public_ip": "34.250.86.230",
            "subnet_id": "subnet-056b71190493b6a39",
            "tags": {
              "Environment": "testing",
              "Group": "eks-fargate",
              "Name": "nat_gateway-3-acn-eks-clstr-testing"
            },
            "tags_all": {
              "Environment": "testing",
              "Group": "eks-fargate",
              "Name": "nat_gateway-3-acn-eks-clstr-testing"
            }
          },
          "sensitive_attributes": [],
          "private": "bnVsbA==",
          "dependencies": [
            "module.vpc.aws_eip.nat_eip",
            "module.vpc.aws_internet_gateway.internet_gw",
            "module.vpc.aws_subnet.public_subnet",
            "module.vpc.aws_vpc.main_vpc"
          ]
        }
      ]
    },
    {
      "module": "module.vpc",
      "mode": "managed",
      "type": "aws_route",
      "name": "private_nat_gw_route",
      "provider": "provider[\"registry.terraform.io/hashicorp/aws\"]",
      "instances": [
        {
          "index_key": 0,
          "schema_version": 0,
          "attributes": {
            "carrier_gateway_id": "",
            "core_network_arn": "",
            "destination_cidr_block": "0.0.0.0/0",
            "destination_ipv6_cidr_block": "",
            "destination_prefix_list_id": "",
            "egress_only_gateway_id": "",
            "gateway_id": "",
            "id": "r-rtb-0ab609b1fef7feb631080289494",
            "instance_id": "",
            "instance_owner_id": "",
            "local_gateway_id": "",
            "nat_gateway_id": "nat-022b4dcc6511d12e1",
            "network_interface_id": "",
            "origin": "CreateRoute",
            "route_table_id": "rtb-0ab609b1fef7feb63",
            "state": "active",
            "timeouts": null,
            "transit_gateway_id": "",
            "vpc_endpoint_id": "",
            "vpc_peering_connection_id": ""
          },
          "sensitive_attributes": [],
          "private": "eyJlMmJmYjczMC1lY2FhLTExZTYtOGY4OC0zNDM2M2JjN2M0YzAiOnsiY3JlYXRlIjozMDAwMDAwMDAwMDAsImRlbGV0ZSI6MzAwMDAwMDAwMDAwLCJ1cGRhdGUiOjEyMDAwMDAwMDAwMH19",
          "dependencies": [
            "module.vpc.aws_eip.nat_eip",
            "module.vpc.aws_internet_gateway.internet_gw",
            "module.vpc.aws_nat_gateway.nat_gw",
            "module.vpc.aws_route_table.private_rt",
            "module.vpc.aws_subnet.private_subnet",
            "module.vpc.aws_subnet.public_subnet",
            "module.vpc.aws_vpc.main_vpc"
          ]
        },
        {
          "index_key": 1,
          "schema_version": 0,
          "attributes": {
            "carrier_gateway_id": "",
            "core_network_arn": "",
            "destination_cidr_block": "0.0.0.0/0",
            "destination_ipv6_cidr_block": "",
            "destination_prefix_list_id": "",
            "egress_only_gateway_id": "",
            "gateway_id": "",
            "id": "r-rtb-075ec9a90061301721080289494",
            "instance_id": "",
            "instance_owner_id": "",
            "local_gateway_id": "",
            "nat_gateway_id": "nat-0388db6b76a9cd7f9",
            "network_interface_id": "",
            "origin": "CreateRoute",
            "route_table_id": "rtb-075ec9a9006130172",
            "state": "active",
            "timeouts": null,
            "transit_gateway_id": "",
            "vpc_endpoint_id": "",
            "vpc_peering_connection_id": ""
          },
          "sensitive_attributes": [],
          "private": "eyJlMmJmYjczMC1lY2FhLTExZTYtOGY4OC0zNDM2M2JjN2M0YzAiOnsiY3JlYXRlIjozMDAwMDAwMDAwMDAsImRlbGV0ZSI6MzAwMDAwMDAwMDAwLCJ1cGRhdGUiOjEyMDAwMDAwMDAwMH19",
          "dependencies": [
            "module.vpc.aws_eip.nat_eip",
            "module.vpc.aws_internet_gateway.internet_gw",
            "module.vpc.aws_nat_gateway.nat_gw",
            "module.vpc.aws_route_table.private_rt",
            "module.vpc.aws_subnet.private_subnet",
            "module.vpc.aws_subnet.public_subnet",
            "module.vpc.aws_vpc.main_vpc"
          ]
        },
        {
          "index_key": 2,
          "schema_version": 0,
          "attributes": {
            "carrier_gateway_id": "",
            "core_network_arn": "",
            "destination_cidr_block": "0.0.0.0/0",
            "destination_ipv6_cidr_block": "",
            "destination_prefix_list_id": "",
            "egress_only_gateway_id": "",
            "gateway_id": "",
            "id": "r-rtb-0c79e9df7c4758b871080289494",
            "instance_id": "",
            "instance_owner_id": "",
            "local_gateway_id": "",
            "nat_gateway_id": "nat-056c87b7361cd9be0",
            "network_interface_id": "",
            "origin": "CreateRoute",
            "route_table_id": "rtb-0c79e9df7c4758b87",
            "state": "active",
            "timeouts": null,
            "transit_gateway_id": "",
            "vpc_endpoint_id": "",
            "vpc_peering_connection_id": ""
          },
          "sensitive_attributes": [],
          "private": "eyJlMmJmYjczMC1lY2FhLTExZTYtOGY4OC0zNDM2M2JjN2M0YzAiOnsiY3JlYXRlIjozMDAwMDAwMDAwMDAsImRlbGV0ZSI6MzAwMDAwMDAwMDAwLCJ1cGRhdGUiOjEyMDAwMDAwMDAwMH19",
          "dependencies": [
            "module.vpc.aws_eip.nat_eip",
            "module.vpc.aws_internet_gateway.internet_gw",
            "module.vpc.aws_nat_gateway.nat_gw",
            "module.vpc.aws_route_table.private_rt",
            "module.vpc.aws_subnet.private_subnet",
            "module.vpc.aws_subnet.public_subnet",
            "module.vpc.aws_vpc.main_vpc"
          ]
        }
      ]
    },
    {
      "module": "module.vpc",
      "mode": "managed",
      "type": "aws_route",
      "name": "public_internet_route",
      "provider": "provider[\"registry.terraform.io/hashicorp/aws\"]",
      "instances": [
        {
          "schema_version": 0,
          "attributes": {
            "carrier_gateway_id": "",
            "core_network_arn": "",
            "destination_cidr_block": "0.0.0.0/0",
            "destination_ipv6_cidr_block": "",
            "destination_prefix_list_id": "",
            "egress_only_gateway_id": "",
            "gateway_id": "igw-0a6888bcc81cc4944",
            "id": "r-rtb-007cbce53fe3d598f1080289494",
            "instance_id": "",
            "instance_owner_id": "",
            "local_gateway_id": "",
            "nat_gateway_id": "",
            "network_interface_id": "",
            "origin": "CreateRoute",
            "route_table_id": "rtb-007cbce53fe3d598f",
            "state": "active",
            "timeouts": null,
            "transit_gateway_id": "",
            "vpc_endpoint_id": "",
            "vpc_peering_connection_id": ""
          },
          "sensitive_attributes": [],
          "private": "eyJlMmJmYjczMC1lY2FhLTExZTYtOGY4OC0zNDM2M2JjN2M0YzAiOnsiY3JlYXRlIjozMDAwMDAwMDAwMDAsImRlbGV0ZSI6MzAwMDAwMDAwMDAwLCJ1cGRhdGUiOjEyMDAwMDAwMDAwMH19",
          "dependencies": [
            "module.vpc.aws_internet_gateway.internet_gw",
            "module.vpc.aws_route_table.public_rt",
            "module.vpc.aws_subnet.public_subnet",
            "module.vpc.aws_vpc.main_vpc"
          ]
        }
      ]
    },
    {
      "module": "module.vpc",
      "mode": "managed",
      "type": "aws_route_table",
      "name": "private_rt",
      "provider": "provider[\"registry.terraform.io/hashicorp/aws\"]",
      "instances": [
        {
          "index_key": 0,
          "schema_version": 0,
          "attributes": {
            "arn": "arn:aws:ec2:eu-west-1:741032333307:route-table/rtb-0ab609b1fef7feb63",
            "id": "rtb-0ab609b1fef7feb63",
            "owner_id": "741032333307",
            "propagating_vgws": [],
            "route": [],
            "tags": {
              "Environment": "testing",
              "Group": "eks-fargate",
              "Name": "private-route-table-1-acn-eks-clstr-testing"
            },
            "tags_all": {
              "Environment": "testing",
              "Group": "eks-fargate",
              "Name": "private-route-table-1-acn-eks-clstr-testing"
            },
            "timeouts": null,
            "vpc_id": "vpc-06c4316f4c46dfaff"
          },
          "sensitive_attributes": [],
          "private": "eyJlMmJmYjczMC1lY2FhLTExZTYtOGY4OC0zNDM2M2JjN2M0YzAiOnsiY3JlYXRlIjozMDAwMDAwMDAwMDAsImRlbGV0ZSI6MzAwMDAwMDAwMDAwLCJ1cGRhdGUiOjEyMDAwMDAwMDAwMH19",
          "dependencies": [
            "module.vpc.aws_subnet.private_subnet",
            "module.vpc.aws_vpc.main_vpc"
          ]
        },
        {
          "index_key": 1,
          "schema_version": 0,
          "attributes": {
            "arn": "arn:aws:ec2:eu-west-1:741032333307:route-table/rtb-075ec9a9006130172",
            "id": "rtb-075ec9a9006130172",
            "owner_id": "741032333307",
            "propagating_vgws": [],
            "route": [],
            "tags": {
              "Environment": "testing",
              "Group": "eks-fargate",
              "Name": "private-route-table-2-acn-eks-clstr-testing"
            },
            "tags_all": {
              "Environment": "testing",
              "Group": "eks-fargate",
              "Name": "private-route-table-2-acn-eks-clstr-testing"
            },
            "timeouts": null,
            "vpc_id": "vpc-06c4316f4c46dfaff"
          },
          "sensitive_attributes": [],
          "private": "eyJlMmJmYjczMC1lY2FhLTExZTYtOGY4OC0zNDM2M2JjN2M0YzAiOnsiY3JlYXRlIjozMDAwMDAwMDAwMDAsImRlbGV0ZSI6MzAwMDAwMDAwMDAwLCJ1cGRhdGUiOjEyMDAwMDAwMDAwMH19",
          "dependencies": [
            "module.vpc.aws_subnet.private_subnet",
            "module.vpc.aws_vpc.main_vpc"
          ]
        },
        {
          "index_key": 2,
          "schema_version": 0,
          "attributes": {
            "arn": "arn:aws:ec2:eu-west-1:741032333307:route-table/rtb-0c79e9df7c4758b87",
            "id": "rtb-0c79e9df7c4758b87",
            "owner_id": "741032333307",
            "propagating_vgws": [],
            "route": [],
            "tags": {
              "Environment": "testing",
              "Group": "eks-fargate",
              "Name": "private-route-table-3-acn-eks-clstr-testing"
            },
            "tags_all": {
              "Environment": "testing",
              "Group": "eks-fargate",
              "Name": "private-route-table-3-acn-eks-clstr-testing"
            },
            "timeouts": null,
            "vpc_id": "vpc-06c4316f4c46dfaff"
          },
          "sensitive_attributes": [],
          "private": "eyJlMmJmYjczMC1lY2FhLTExZTYtOGY4OC0zNDM2M2JjN2M0YzAiOnsiY3JlYXRlIjozMDAwMDAwMDAwMDAsImRlbGV0ZSI6MzAwMDAwMDAwMDAwLCJ1cGRhdGUiOjEyMDAwMDAwMDAwMH19",
          "dependencies": [
            "module.vpc.aws_subnet.private_subnet",
            "module.vpc.aws_vpc.main_vpc"
          ]
        }
      ]
    },
    {
      "module": "module.vpc",
      "mode": "managed",
      "type": "aws_route_table",
      "name": "public_rt",
      "provider": "provider[\"registry.terraform.io/hashicorp/aws\"]",
      "instances": [
        {
          "schema_version": 0,
          "attributes": {
            "arn": "arn:aws:ec2:eu-west-1:741032333307:route-table/rtb-007cbce53fe3d598f",
            "id": "rtb-007cbce53fe3d598f",
            "owner_id": "741032333307",
            "propagating_vgws": [],
            "route": [],
            "tags": {
              "Environment": "testing",
              "Group": "eks-fargate",
              "Name": "public-route-table-acn-eks-clstr-testing"
            },
            "tags_all": {
              "Environment": "testing",
              "Group": "eks-fargate",
              "Name": "public-route-table-acn-eks-clstr-testing"
            },
            "timeouts": null,
            "vpc_id": "vpc-06c4316f4c46dfaff"
          },
          "sensitive_attributes": [],
          "private": "eyJlMmJmYjczMC1lY2FhLTExZTYtOGY4OC0zNDM2M2JjN2M0YzAiOnsiY3JlYXRlIjozMDAwMDAwMDAwMDAsImRlbGV0ZSI6MzAwMDAwMDAwMDAwLCJ1cGRhdGUiOjEyMDAwMDAwMDAwMH19",
          "dependencies": [
            "module.vpc.aws_subnet.public_subnet",
            "module.vpc.aws_vpc.main_vpc"
          ]
        }
      ]
    },
    {
      "module": "module.vpc",
      "mode": "managed",
      "type": "aws_route_table_association",
      "name": "private-rt-assotion",
      "provider": "provider[\"registry.terraform.io/hashicorp/aws\"]",
      "instances": [
        {
          "index_key": 0,
          "schema_version": 0,
          "attributes": {
            "gateway_id": "",
            "id": "rtbassoc-0487a5a7ec18c3a6a",
            "route_table_id": "rtb-0ab609b1fef7feb63",
            "subnet_id": "subnet-086f9d734f4f9fa7d"
          },
          "sensitive_attributes": [],
          "private": "bnVsbA==",
          "dependencies": [
            "module.vpc.aws_eip.nat_eip",
            "module.vpc.aws_internet_gateway.internet_gw",
            "module.vpc.aws_nat_gateway.nat_gw",
            "module.vpc.aws_route.private_nat_gw_route",
            "module.vpc.aws_route_table.private_rt",
            "module.vpc.aws_subnet.private_subnet",
            "module.vpc.aws_subnet.public_subnet",
            "module.vpc.aws_vpc.main_vpc"
          ]
        },
        {
          "index_key": 1,
          "schema_version": 0,
          "attributes": {
            "gateway_id": "",
            "id": "rtbassoc-06b1e675ce08f026e",
            "route_table_id": "rtb-075ec9a9006130172",
            "subnet_id": "subnet-0dd42b6ce1cacd086"
          },
          "sensitive_attributes": [],
          "private": "bnVsbA==",
          "dependencies": [
            "module.vpc.aws_eip.nat_eip",
            "module.vpc.aws_internet_gateway.internet_gw",
            "module.vpc.aws_nat_gateway.nat_gw",
            "module.vpc.aws_route.private_nat_gw_route",
            "module.vpc.aws_route_table.private_rt",
            "module.vpc.aws_subnet.private_subnet",
            "module.vpc.aws_subnet.public_subnet",
            "module.vpc.aws_vpc.main_vpc"
          ]
        },
        {
          "index_key": 2,
          "schema_version": 0,
          "attributes": {
            "gateway_id": "",
            "id": "rtbassoc-08b528fbc88052275",
            "route_table_id": "rtb-0c79e9df7c4758b87",
            "subnet_id": "subnet-0c1730323d065a79f"
          },
          "sensitive_attributes": [],
          "private": "bnVsbA==",
          "dependencies": [
            "module.vpc.aws_eip.nat_eip",
            "module.vpc.aws_internet_gateway.internet_gw",
            "module.vpc.aws_nat_gateway.nat_gw",
            "module.vpc.aws_route.private_nat_gw_route",
            "module.vpc.aws_route_table.private_rt",
            "module.vpc.aws_subnet.private_subnet",
            "module.vpc.aws_subnet.public_subnet",
            "module.vpc.aws_vpc.main_vpc"
          ]
        }
      ]
    },
    {
      "module": "module.vpc",
      "mode": "managed",
      "type": "aws_route_table_association",
      "name": "public-rt-assotion",
      "provider": "provider[\"registry.terraform.io/hashicorp/aws\"]",
      "instances": [
        {
          "index_key": 0,
          "schema_version": 0,
          "attributes": {
            "gateway_id": "",
            "id": "rtbassoc-0a9b560041b9619f7",
            "route_table_id": "rtb-007cbce53fe3d598f",
            "subnet_id": "subnet-07ecfb7d26103dd42"
          },
          "sensitive_attributes": [],
          "private": "bnVsbA==",
          "dependencies": [
            "module.vpc.aws_internet_gateway.internet_gw",
            "module.vpc.aws_route.public_internet_route",
            "module.vpc.aws_route_table.public_rt",
            "module.vpc.aws_subnet.public_subnet",
            "module.vpc.aws_vpc.main_vpc"
          ]
        },
        {
          "index_key": 1,
          "schema_version": 0,
          "attributes": {
            "gateway_id": "",
            "id": "rtbassoc-0b1dde5b683d7e0be",
            "route_table_id": "rtb-007cbce53fe3d598f",
            "subnet_id": "subnet-038ab596bb580e104"
          },
          "sensitive_attributes": [],
          "private": "bnVsbA==",
          "dependencies": [
            "module.vpc.aws_internet_gateway.internet_gw",
            "module.vpc.aws_route.public_internet_route",
            "module.vpc.aws_route_table.public_rt",
            "module.vpc.aws_subnet.public_subnet",
            "module.vpc.aws_vpc.main_vpc"
          ]
        },
        {
          "index_key": 2,
          "schema_version": 0,
          "attributes": {
            "gateway_id": "",
            "id": "rtbassoc-068900b9c89739b41",
            "route_table_id": "rtb-007cbce53fe3d598f",
            "subnet_id": "subnet-056b71190493b6a39"
          },
          "sensitive_attributes": [],
          "private": "bnVsbA==",
          "dependencies": [
            "module.vpc.aws_internet_gateway.internet_gw",
            "module.vpc.aws_route.public_internet_route",
            "module.vpc.aws_route_table.public_rt",
            "module.vpc.aws_subnet.public_subnet",
            "module.vpc.aws_vpc.main_vpc"
          ]
        }
      ]
    },
    {
      "module": "module.vpc",
      "mode": "managed",
      "type": "aws_security_group",
      "name": "custom",
      "provider": "provider[\"registry.terraform.io/hashicorp/aws\"]",
      "instances": [
        {
          "schema_version": 1,
          "attributes": {
            "arn": "arn:aws:ec2:eu-west-1:741032333307:security-group/sg-05f08bb7842d7a01c",
            "description": "Custom security group to allow inbound/outbound from the multiple sources",
            "egress": [
              {
                "cidr_blocks": [
                  "0.0.0.0/0"
                ],
                "description": "All traffic allowed to Internet from VPC",
                "from_port": 0,
                "ipv6_cidr_blocks": [],
                "prefix_list_ids": [],
                "protocol": "-1",
                "security_groups": [],
                "self": false,
                "to_port": 0
              }
            ],
            "id": "sg-05f08bb7842d7a01c",
            "ingress": [
              {
                "cidr_blocks": [
                  "0.0.0.0/0"
                ],
                "description": "Receive traffic from internet on HTTP Port 80",
                "from_port": 80,
                "ipv6_cidr_blocks": [],
                "prefix_list_ids": [],
                "protocol": "tcp",
                "security_groups": [],
                "self": false,
                "to_port": 80
              },
              {
                "cidr_blocks": [
                  "0.0.0.0/0"
                ],
                "description": "Receive traffic from internet on TLS Port 443",
                "from_port": 443,
                "ipv6_cidr_blocks": [],
                "prefix_list_ids": [],
                "protocol": "tcp",
                "security_groups": [],
                "self": false,
                "to_port": 443
              }
            ],
            "name": "custom-sg-acn-eks-clstr-testing",
            "name_prefix": "",
            "owner_id": "741032333307",
            "revoke_rules_on_delete": false,
            "tags": {
              "Environment": "testing",
              "Group": "eks-fargate",
              "Name": "custom-sg-acn-eks-clstr-testing"
            },
            "tags_all": {
              "Environment": "testing",
              "Group": "eks-fargate",
              "Name": "custom-sg-acn-eks-clstr-testing"
            },
            "timeouts": null,
            "vpc_id": "vpc-06c4316f4c46dfaff"
          },
          "sensitive_attributes": [],
          "private": "eyJlMmJmYjczMC1lY2FhLTExZTYtOGY4OC0zNDM2M2JjN2M0YzAiOnsiY3JlYXRlIjo2MDAwMDAwMDAwMDAsImRlbGV0ZSI6OTAwMDAwMDAwMDAwfSwic2NoZW1hX3ZlcnNpb24iOiIxIn0=",
          "dependencies": [
            "module.vpc.aws_vpc.main_vpc"
          ]
        }
      ]
    },
    {
      "module": "module.vpc",
      "mode": "managed",
      "type": "aws_subnet",
      "name": "private_subnet",
      "provider": "provider[\"registry.terraform.io/hashicorp/aws\"]",
      "instances": [
        {
          "index_key": 0,
          "schema_version": 1,
          "attributes": {
            "arn": "arn:aws:ec2:eu-west-1:741032333307:subnet/subnet-086f9d734f4f9fa7d",
            "assign_ipv6_address_on_creation": false,
            "availability_zone": "eu-west-1a",
            "availability_zone_id": "euw1-az2",
            "cidr_block": "192.168.4.0/24",
            "customer_owned_ipv4_pool": "",
            "enable_dns64": false,
            "enable_resource_name_dns_a_record_on_launch": false,
            "enable_resource_name_dns_aaaa_record_on_launch": false,
            "id": "subnet-086f9d734f4f9fa7d",
            "ipv6_cidr_block": "",
            "ipv6_cidr_block_association_id": "",
            "ipv6_native": false,
            "map_customer_owned_ip_on_launch": false,
            "map_public_ip_on_launch": false,
            "outpost_arn": "",
            "owner_id": "741032333307",
            "private_dns_hostname_type_on_launch": "ip-name",
            "tags": {
              "Environment": "testing",
              "Group": "eks-fargate",
              "Name": "private-subnet-testing-eu-west-1a",
              "kubernetes.io/cluster/acn-eks-clstr-testing": "shared",
              "kubernetes.io/role/internal-elb": "1"
            },
            "tags_all": {
              "Environment": "testing",
              "Group": "eks-fargate",
              "Name": "private-subnet-testing-eu-west-1a",
              "kubernetes.io/cluster/acn-eks-clstr-testing": "shared",
              "kubernetes.io/role/internal-elb": "1"
            },
            "timeouts": null,
            "vpc_id": "vpc-06c4316f4c46dfaff"
          },
          "sensitive_attributes": [],
          "private": "eyJlMmJmYjczMC1lY2FhLTExZTYtOGY4OC0zNDM2M2JjN2M0YzAiOnsiY3JlYXRlIjo2MDAwMDAwMDAwMDAsImRlbGV0ZSI6MTIwMDAwMDAwMDAwMH0sInNjaGVtYV92ZXJzaW9uIjoiMSJ9",
          "dependencies": [
            "module.vpc.aws_vpc.main_vpc"
          ]
        },
        {
          "index_key": 1,
          "schema_version": 1,
          "attributes": {
            "arn": "arn:aws:ec2:eu-west-1:741032333307:subnet/subnet-0dd42b6ce1cacd086",
            "assign_ipv6_address_on_creation": false,
            "availability_zone": "eu-west-1b",
            "availability_zone_id": "euw1-az3",
            "cidr_block": "192.168.5.0/24",
            "customer_owned_ipv4_pool": "",
            "enable_dns64": false,
            "enable_resource_name_dns_a_record_on_launch": false,
            "enable_resource_name_dns_aaaa_record_on_launch": false,
            "id": "subnet-0dd42b6ce1cacd086",
            "ipv6_cidr_block": "",
            "ipv6_cidr_block_association_id": "",
            "ipv6_native": false,
            "map_customer_owned_ip_on_launch": false,
            "map_public_ip_on_launch": false,
            "outpost_arn": "",
            "owner_id": "741032333307",
            "private_dns_hostname_type_on_launch": "ip-name",
            "tags": {
              "Environment": "testing",
              "Group": "eks-fargate",
              "Name": "private-subnet-testing-eu-west-1b",
              "kubernetes.io/cluster/acn-eks-clstr-testing": "shared",
              "kubernetes.io/role/internal-elb": "1"
            },
            "tags_all": {
              "Environment": "testing",
              "Group": "eks-fargate",
              "Name": "private-subnet-testing-eu-west-1b",
              "kubernetes.io/cluster/acn-eks-clstr-testing": "shared",
              "kubernetes.io/role/internal-elb": "1"
            },
            "timeouts": null,
            "vpc_id": "vpc-06c4316f4c46dfaff"
          },
          "sensitive_attributes": [],
          "private": "eyJlMmJmYjczMC1lY2FhLTExZTYtOGY4OC0zNDM2M2JjN2M0YzAiOnsiY3JlYXRlIjo2MDAwMDAwMDAwMDAsImRlbGV0ZSI6MTIwMDAwMDAwMDAwMH0sInNjaGVtYV92ZXJzaW9uIjoiMSJ9",
          "dependencies": [
            "module.vpc.aws_vpc.main_vpc"
          ]
        },
        {
          "index_key": 2,
          "schema_version": 1,
          "attributes": {
            "arn": "arn:aws:ec2:eu-west-1:741032333307:subnet/subnet-0c1730323d065a79f",
            "assign_ipv6_address_on_creation": false,
            "availability_zone": "eu-west-1c",
            "availability_zone_id": "euw1-az1",
            "cidr_block": "192.168.6.0/24",
            "customer_owned_ipv4_pool": "",
            "enable_dns64": false,
            "enable_resource_name_dns_a_record_on_launch": false,
            "enable_resource_name_dns_aaaa_record_on_launch": false,
            "id": "subnet-0c1730323d065a79f",
            "ipv6_cidr_block": "",
            "ipv6_cidr_block_association_id": "",
            "ipv6_native": false,
            "map_customer_owned_ip_on_launch": false,
            "map_public_ip_on_launch": false,
            "outpost_arn": "",
            "owner_id": "741032333307",
            "private_dns_hostname_type_on_launch": "ip-name",
            "tags": {
              "Environment": "testing",
              "Group": "eks-fargate",
              "Name": "private-subnet-testing-eu-west-1c",
              "kubernetes.io/cluster/acn-eks-clstr-testing": "shared",
              "kubernetes.io/role/internal-elb": "1"
            },
            "tags_all": {
              "Environment": "testing",
              "Group": "eks-fargate",
              "Name": "private-subnet-testing-eu-west-1c",
              "kubernetes.io/cluster/acn-eks-clstr-testing": "shared",
              "kubernetes.io/role/internal-elb": "1"
            },
            "timeouts": null,
            "vpc_id": "vpc-06c4316f4c46dfaff"
          },
          "sensitive_attributes": [],
          "private": "eyJlMmJmYjczMC1lY2FhLTExZTYtOGY4OC0zNDM2M2JjN2M0YzAiOnsiY3JlYXRlIjo2MDAwMDAwMDAwMDAsImRlbGV0ZSI6MTIwMDAwMDAwMDAwMH0sInNjaGVtYV92ZXJzaW9uIjoiMSJ9",
          "dependencies": [
            "module.vpc.aws_vpc.main_vpc"
          ]
        }
      ]
    },
    {
      "module": "module.vpc",
      "mode": "managed",
      "type": "aws_subnet",
      "name": "public_subnet",
      "provider": "provider[\"registry.terraform.io/hashicorp/aws\"]",
      "instances": [
        {
          "index_key": 0,
          "schema_version": 1,
          "attributes": {
            "arn": "arn:aws:ec2:eu-west-1:741032333307:subnet/subnet-07ecfb7d26103dd42",
            "assign_ipv6_address_on_creation": false,
            "availability_zone": "eu-west-1a",
            "availability_zone_id": "euw1-az2",
            "cidr_block": "192.168.0.0/24",
            "customer_owned_ipv4_pool": "",
            "enable_dns64": false,
            "enable_resource_name_dns_a_record_on_launch": false,
            "enable_resource_name_dns_aaaa_record_on_launch": false,
            "id": "subnet-07ecfb7d26103dd42",
            "ipv6_cidr_block": "",
            "ipv6_cidr_block_association_id": "",
            "ipv6_native": false,
            "map_customer_owned_ip_on_launch": false,
            "map_public_ip_on_launch": true,
            "outpost_arn": "",
            "owner_id": "741032333307",
            "private_dns_hostname_type_on_launch": "ip-name",
            "tags": {
              "Environment": "testing",
              "Group": "eks-fargate",
              "Name": "public-subnet-testing-eu-west-1a",
              "kubernetes.io/cluster/acn-eks-clstr-testing": "shared",
              "kubernetes.io/role/elb": "1"
            },
            "tags_all": {
              "Environment": "testing",
              "Group": "eks-fargate",
              "Name": "public-subnet-testing-eu-west-1a",
              "kubernetes.io/cluster/acn-eks-clstr-testing": "shared",
              "kubernetes.io/role/elb": "1"
            },
            "timeouts": null,
            "vpc_id": "vpc-06c4316f4c46dfaff"
          },
          "sensitive_attributes": [],
          "private": "eyJlMmJmYjczMC1lY2FhLTExZTYtOGY4OC0zNDM2M2JjN2M0YzAiOnsiY3JlYXRlIjo2MDAwMDAwMDAwMDAsImRlbGV0ZSI6MTIwMDAwMDAwMDAwMH0sInNjaGVtYV92ZXJzaW9uIjoiMSJ9",
          "dependencies": [
            "module.vpc.aws_vpc.main_vpc"
          ]
        },
        {
          "index_key": 1,
          "schema_version": 1,
          "attributes": {
            "arn": "arn:aws:ec2:eu-west-1:741032333307:subnet/subnet-038ab596bb580e104",
            "assign_ipv6_address_on_creation": false,
            "availability_zone": "eu-west-1b",
            "availability_zone_id": "euw1-az3",
            "cidr_block": "192.168.1.0/24",
            "customer_owned_ipv4_pool": "",
            "enable_dns64": false,
            "enable_resource_name_dns_a_record_on_launch": false,
            "enable_resource_name_dns_aaaa_record_on_launch": false,
            "id": "subnet-038ab596bb580e104",
            "ipv6_cidr_block": "",
            "ipv6_cidr_block_association_id": "",
            "ipv6_native": false,
            "map_customer_owned_ip_on_launch": false,
            "map_public_ip_on_launch": true,
            "outpost_arn": "",
            "owner_id": "741032333307",
            "private_dns_hostname_type_on_launch": "ip-name",
            "tags": {
              "Environment": "testing",
              "Group": "eks-fargate",
              "Name": "public-subnet-testing-eu-west-1b",
              "kubernetes.io/cluster/acn-eks-clstr-testing": "shared",
              "kubernetes.io/role/elb": "1"
            },
            "tags_all": {
              "Environment": "testing",
              "Group": "eks-fargate",
              "Name": "public-subnet-testing-eu-west-1b",
              "kubernetes.io/cluster/acn-eks-clstr-testing": "shared",
              "kubernetes.io/role/elb": "1"
            },
            "timeouts": null,
            "vpc_id": "vpc-06c4316f4c46dfaff"
          },
          "sensitive_attributes": [],
          "private": "eyJlMmJmYjczMC1lY2FhLTExZTYtOGY4OC0zNDM2M2JjN2M0YzAiOnsiY3JlYXRlIjo2MDAwMDAwMDAwMDAsImRlbGV0ZSI6MTIwMDAwMDAwMDAwMH0sInNjaGVtYV92ZXJzaW9uIjoiMSJ9",
          "dependencies": [
            "module.vpc.aws_vpc.main_vpc"
          ]
        },
        {
          "index_key": 2,
          "schema_version": 1,
          "attributes": {
            "arn": "arn:aws:ec2:eu-west-1:741032333307:subnet/subnet-056b71190493b6a39",
            "assign_ipv6_address_on_creation": false,
            "availability_zone": "eu-west-1c",
            "availability_zone_id": "euw1-az1",
            "cidr_block": "192.168.2.0/24",
            "customer_owned_ipv4_pool": "",
            "enable_dns64": false,
            "enable_resource_name_dns_a_record_on_launch": false,
            "enable_resource_name_dns_aaaa_record_on_launch": false,
            "id": "subnet-056b71190493b6a39",
            "ipv6_cidr_block": "",
            "ipv6_cidr_block_association_id": "",
            "ipv6_native": false,
            "map_customer_owned_ip_on_launch": false,
            "map_public_ip_on_launch": true,
            "outpost_arn": "",
            "owner_id": "741032333307",
            "private_dns_hostname_type_on_launch": "ip-name",
            "tags": {
              "Environment": "testing",
              "Group": "eks-fargate",
              "Name": "public-subnet-testing-eu-west-1c",
              "kubernetes.io/cluster/acn-eks-clstr-testing": "shared",
              "kubernetes.io/role/elb": "1"
            },
            "tags_all": {
              "Environment": "testing",
              "Group": "eks-fargate",
              "Name": "public-subnet-testing-eu-west-1c",
              "kubernetes.io/cluster/acn-eks-clstr-testing": "shared",
              "kubernetes.io/role/elb": "1"
            },
            "timeouts": null,
            "vpc_id": "vpc-06c4316f4c46dfaff"
          },
          "sensitive_attributes": [],
          "private": "eyJlMmJmYjczMC1lY2FhLTExZTYtOGY4OC0zNDM2M2JjN2M0YzAiOnsiY3JlYXRlIjo2MDAwMDAwMDAwMDAsImRlbGV0ZSI6MTIwMDAwMDAwMDAwMH0sInNjaGVtYV92ZXJzaW9uIjoiMSJ9",
          "dependencies": [
            "module.vpc.aws_vpc.main_vpc"
          ]
        }
      ]
    },
    {
      "module": "module.vpc",
      "mode": "managed",
      "type": "aws_vpc",
      "name": "main_vpc",
      "provider": "provider[\"registry.terraform.io/hashicorp/aws\"]",
      "instances": [
        {
          "schema_version": 1,
          "attributes": {
            "arn": "arn:aws:ec2:eu-west-1:741032333307:vpc/vpc-06c4316f4c46dfaff",
            "assign_generated_ipv6_cidr_block": false,
            "cidr_block": "192.168.0.0/16",
            "default_network_acl_id": "acl-095b87b3d8439fbc3",
            "default_route_table_id": "rtb-0f63d25fccae1ef63",
            "default_security_group_id": "sg-0eac89307dd77b075",
            "dhcp_options_id": "dopt-0da8f463f6adfd76e",
            "enable_classiclink": false,
            "enable_classiclink_dns_support": false,
            "enable_dns_hostnames": true,
            "enable_dns_support": true,
            "id": "vpc-06c4316f4c46dfaff",
            "instance_tenancy": "default",
            "ipv4_ipam_pool_id": null,
            "ipv4_netmask_length": null,
            "ipv6_association_id": "",
            "ipv6_cidr_block": "",
            "ipv6_cidr_block_network_border_group": "",
            "ipv6_ipam_pool_id": "",
            "ipv6_netmask_length": 0,
            "main_route_table_id": "rtb-0f63d25fccae1ef63",
            "owner_id": "741032333307",
            "tags": {
              "Environment": "testing",
              "Group": "eks-fargate",
              "Name": "eks-vpc-testing-vpc",
              "kubernetes.io/cluster/acn-eks-clstr-testing": "shared"
            },
            "tags_all": {
              "Environment": "testing",
              "Group": "eks-fargate",
              "Name": "eks-vpc-testing-vpc",
              "kubernetes.io/cluster/acn-eks-clstr-testing": "shared"
            }
          },
          "sensitive_attributes": [],
          "private": "eyJzY2hlbWFfdmVyc2lvbiI6IjEifQ=="
        }
      ]
    }
  ]
}
