{
  "version": 4,
  "terraform_version": "1.1.9",
  "serial": 242,
  "lineage": "7f7e962f-b03c-0ad4-caad-33a475a22db2",
  "outputs": {},
  "resources": [
    {
      "mode": "data",
      "type": "aws_eks_cluster",
      "name": "eks_cluster",
      "provider": "provider[\"registry.terraform.io/hashicorp/aws\"]",
      "instances": [
        {
          "schema_version": 0,
          "attributes": {
            "arn": "arn:aws:eks:eu-west-2:741032333307:cluster/acn-eks-clstr-testing",
            "certificate_authority": [
              {
                "data": "LS0tLS1CRUdJTiBDRVJUSUZJQ0FURS0tLS0tCk1JSUMvakNDQWVhZ0F3SUJBZ0lCQURBTkJna3Foa2lHOXcwQkFRc0ZBREFWTVJNd0VRWURWUVFERXdwcmRXSmwKY201bGRHVnpNQjRYRFRJeU1EVXlOakUyTXpFd05Wb1hEVE15TURVeU16RTJNekV3TlZvd0ZURVRNQkVHQTFVRQpBeE1LYTNWaVpYSnVaWFJsY3pDQ0FTSXdEUVlKS29aSWh2Y05BUUVCQlFBRGdnRVBBRENDQVFvQ2dnRUJBTDNyCnBTMUEzVUhaL2M0dlRVc1dHdWxMck5RQzBaSFMzWDFVbGU5UXI5YmF4dWg5Qm9xTDczY2o3djBkcTV0UysrMzUKcG5COUovREdxVjRjZy83VnBrTk9MVERONmZsME1TdEpUcUx6UE5lSUlYeVg1Nzd5YUkwb3dCcngxZlM4WDBnRAoxQ1FwUDhreWsvaUFGQ1Y3eWVHTi9NWGdvTEI0QUdUSktxL2VaOFRIM1c5bTlpcll4ZDMvUTZtR0VuK3g3cStaClA5QTFoMnB0a3M3RDhoZ1l2Z1FUN1lvL2s2L3J0VzR0M1lkTlNPR2ZBOThKeWszb2tUNWdyRzVweFFIRlpRUDEKK3dLYXY1dWYwU3lTOE1WVDJZSjFVMkk3d25aNjlMQytzcDFQaHZsZ2VVeWlOWm1nNGdUQ2ptS3piRmhnSGdnQwpZdWZVRFJLV0EwV2d6QjQ1djdzQ0F3RUFBYU5aTUZjd0RnWURWUjBQQVFIL0JBUURBZ0trTUE4R0ExVWRFd0VCCi93UUZNQU1CQWY4d0hRWURWUjBPQkJZRUZMOHU0Z2wvbzFHZngyVkVaejVPUE9hbVRzVmtNQlVHQTFVZEVRUU8KTUF5Q0NtdDFZbVZ5Ym1WMFpYTXdEUVlKS29aSWh2Y05BUUVMQlFBRGdnRUJBSG1LWVFuNHpsUmtjekpYYkZOOQpiUjN6K3VQTUxwdEN4OWszVXBHbWxZdHRFNE85aEpuVVFPWFd1YlA0bVZYTUlBSlFIN1BNeERtajkzbGoxbEVqCmt4bUFTUmVJeVN0TjRBMCtZd21HTmJFK0M2UzQ4UnMxNnhMV29JQk1NVjdIbm1nRFl0d25aYWV4cXB4Qy9KT3gKOTJPV3JQT0RBYnMxdWljQzB5ZGUvbnFpSDYyMkNJRDg2UEVVc0U1M1JVQ2RoaGVGMXcwR05iUmlVS29WL1hRdQp6MStmampJczYwQkdOTGhmVEJtM250cWdYZ2NZdlovRDZVZVdGOVhTdU9Jb1MrSk8wRFpPb2ZKU2ZUcExQWjVoClZzek82RGhya3dRT0JLTzNnVHJHTmMvSVRBWGkrQlRETUdsWjFyRnJMWG9mRjBHanpnQVJYUnk0NjNtM2M4aWUKN3BZPQotLS0tLUVORCBDRVJUSUZJQ0FURS0tLS0tCg=="
              }
            ],
            "created_at": "2022-05-26 16:25:32.659 +0000 UTC",
            "enabled_cluster_log_types": [
              "api",
              "audit",
              "authenticator",
              "controllerManager",
              "scheduler"
            ],
            "endpoint": "https://3282C6EF63A517F33883E170BEE3E10B.gr7.eu-west-2.eks.amazonaws.com",
            "id": "acn-eks-clstr-testing",
            "identity": [
              {
                "oidc": [
                  {
                    "issuer": "https://oidc.eks.eu-west-2.amazonaws.com/id/3282C6EF63A517F33883E170BEE3E10B"
                  }
                ]
              }
            ],
            "kubernetes_network_config": [
              {
                "ip_family": "ipv4",
                "service_ipv4_cidr": "10.100.0.0/16"
              }
            ],
            "name": "acn-eks-clstr-testing",
            "platform_version": "eks.1",
            "role_arn": "arn:aws:iam::741032333307:role/acn-eks-clstr-testing-cluster-role",
            "status": "ACTIVE",
            "tags": {},
            "version": "1.22",
            "vpc_config": [
              {
                "cluster_security_group_id": "sg-0cce65e0b4a8b5237",
                "endpoint_private_access": false,
                "endpoint_public_access": true,
                "public_access_cidrs": [
                  "0.0.0.0/0"
                ],
                "security_group_ids": [],
                "subnet_ids": [
                  "subnet-003d80df483ac269e",
                  "subnet-031df46e9cdded3f2",
                  "subnet-04814fff45f3c3d3b",
                  "subnet-08d4c1de7c5dae357",
                  "subnet-09f0f386f560d497c",
                  "subnet-0d4d3b882698184c8"
                ],
                "vpc_id": "vpc-0b70bc326976a4500"
              }
            ]
          },
          "sensitive_attributes": []
        }
      ]
    },
    {
      "mode": "data",
      "type": "aws_eks_cluster_auth",
      "name": "aws_iam_authenticator",
      "provider": "provider[\"registry.terraform.io/hashicorp/aws\"]",
      "instances": [
        {
          "schema_version": 0,
          "attributes": {
            "id": "acn-eks-clstr-testing",
            "name": "acn-eks-clstr-testing",
            "token": "k8s-aws-v1.aHR0cHM6Ly9zdHMuYW1hem9uYXdzLmNvbS8_QWN0aW9uPUdldENhbGxlcklkZW50aXR5JlZlcnNpb249MjAxMS0wNi0xNSZYLUFtei1BbGdvcml0aG09QVdTNC1ITUFDLVNIQTI1NiZYLUFtei1DcmVkZW50aWFsPUFTSUEyWkNIWUI3NTNZQ1BBUk9LJTJGMjAyMjA1MjYlMkZ1cy1lYXN0LTElMkZzdHMlMkZhd3M0X3JlcXVlc3QmWC1BbXotRGF0ZT0yMDIyMDUyNlQxNjM3MjBaJlgtQW16LUV4cGlyZXM9MCZYLUFtei1TZWN1cml0eS1Ub2tlbj1JUW9KYjNKcFoybHVYMlZqRU1IJTJGJTJGJTJGJTJGJTJGJTJGJTJGJTJGJTJGJTJGd0VhQ1hWekxXVmhjM1F0TVNKSU1FWUNJUUNta0s0R1RDMDN2M1BteSUyRlNZYiUyRnliTjlvQ21YQ21mYzB6bUg5QWFYZVlIUUloQVBGMm1BaXNzQlFJRm0lMkJ3R0RRVW1Pa0F0OHF5dUtnc0cybDlRYlladlF4OEtySUNDS24lMkYlMkYlMkYlMkYlMkYlMkYlMkYlMkYlMkYlMkZ3RVFBaG9NTnpReE1ETXlNek16TXpBM0lneXlJSktSNkFETDFTVmdUcGtxaGdJejVIRVc1JTJCNXJzaUw4ZVhZMVplTEFuT1M5WVY1R3JEY2YlMkZCbUpzS1hCUXc4MXYwVkRkWVlYMjFYUGR2aEJ5Q3pobTc3QWpGVFd4dVVONE9OeG01dklXd3NIclZkdjdUQTJDJTJGS3dRcDhIMEpMVGpvOG1xaElOS1RJWHFVMDFHZFZOSGZrOUhvdTJKNlJob2NyNWFoSXNBeHglMkJjMGdwbDhhb1BMOThKMWwwSFplcEhpVEpUUkNiaiUyRlRHQU1rUVE2dFBKV2Z3OFVwcDE3VnJIV3BwNEkwSTlmcjIlMkZqVUJnZUM5cUNxTlZzJTJGazlJS0tvMDJLQkh2Wkc2d1pjcFc5VW9jd3d2RGM2VTljdVZWaEl6NGpZS0dxNUI4Z2dkU2lMVzlhZkNCRjJHS2tqcnRzVFJnbGNTRm1HemtRSzN6TWl2cTJWemk0SWxTcGx2dDdWQUlwNElYbHhXdjU4eHJ3TU9IUnZwUUdPcHdCQ3FFNWVPN3pscE43ZFdtSTZKcmVTaGxuek1JWjFhWUQ2NnlzQmdCJTJGYllZSnpyWFg5eGtJVEhuTXhma0FKVVo1ZDM3bkhTcjJrUGMlMkZ1NFBLY0xBcFE5QVlJb2E3MG5ZQUVPR3g1QnVRaXFTeklmR2MyRXh1QTB5eDJyMG0wcUtvWG55cXg1U01adVVLZjU3VTAwc2NEVlZ5TU5rJTJCOFo4RERsSm1XMDAxJTJCOVB1Q0FEQmJjSE1tSkE3ZWhqRFdqc0ZxVnVSbGl4RVRJNzBncHBhJlgtQW16LVNpZ25lZEhlYWRlcnM9aG9zdCUzQngtazhzLWF3cy1pZCZYLUFtei1TaWduYXR1cmU9OTIyMWQyNTQ3ZjU3OTI5MmY0YzA5ODZlZWUwNGIyOTdhOWI4NDI2NTA2ODkwYzhjNWJhMzljZTAxN2YxZDI2Mg"
          },
          "sensitive_attributes": []
        }
      ]
    },
    {
      "mode": "data",
      "type": "aws_region",
      "name": "current",
      "provider": "provider[\"registry.terraform.io/hashicorp/aws\"]",
      "instances": [
        {
          "schema_version": 0,
          "attributes": {
            "description": "Europe (London)",
            "endpoint": "ec2.eu-west-2.amazonaws.com",
            "id": "eu-west-2",
            "name": "eu-west-2"
          },
          "sensitive_attributes": []
        }
      ]
    },
    {
      "module": "module.aws_alb_controller",
      "mode": "data",
      "type": "aws_caller_identity",
      "name": "current",
      "provider": "provider[\"registry.terraform.io/hashicorp/aws\"]",
      "instances": [
        {
          "schema_version": 0,
          "attributes": {
            "account_id": "741032333307",
            "arn": "arn:aws:sts::741032333307:assumed-role/User/suvendu.mandal@accenture.com",
            "id": "741032333307",
            "user_id": "AROA2ZCHYB75YVW4LVJGV:suvendu.mandal@accenture.com"
          },
          "sensitive_attributes": []
        }
      ]
    },
    {
      "module": "module.aws_alb_controller",
      "mode": "data",
      "type": "aws_eks_cluster",
      "name": "selected",
      "provider": "provider[\"registry.terraform.io/hashicorp/aws\"]",
      "instances": [
        {
          "index_key": 0,
          "schema_version": 0,
          "attributes": {
            "arn": "arn:aws:eks:eu-west-2:741032333307:cluster/acn-eks-clstr-testing",
            "certificate_authority": [
              {
                "data": "LS0tLS1CRUdJTiBDRVJUSUZJQ0FURS0tLS0tCk1JSUMvakNDQWVhZ0F3SUJBZ0lCQURBTkJna3Foa2lHOXcwQkFRc0ZBREFWTVJNd0VRWURWUVFERXdwcmRXSmwKY201bGRHVnpNQjRYRFRJeU1EVXlOakUyTXpFd05Wb1hEVE15TURVeU16RTJNekV3TlZvd0ZURVRNQkVHQTFVRQpBeE1LYTNWaVpYSnVaWFJsY3pDQ0FTSXdEUVlKS29aSWh2Y05BUUVCQlFBRGdnRVBBRENDQVFvQ2dnRUJBTDNyCnBTMUEzVUhaL2M0dlRVc1dHdWxMck5RQzBaSFMzWDFVbGU5UXI5YmF4dWg5Qm9xTDczY2o3djBkcTV0UysrMzUKcG5COUovREdxVjRjZy83VnBrTk9MVERONmZsME1TdEpUcUx6UE5lSUlYeVg1Nzd5YUkwb3dCcngxZlM4WDBnRAoxQ1FwUDhreWsvaUFGQ1Y3eWVHTi9NWGdvTEI0QUdUSktxL2VaOFRIM1c5bTlpcll4ZDMvUTZtR0VuK3g3cStaClA5QTFoMnB0a3M3RDhoZ1l2Z1FUN1lvL2s2L3J0VzR0M1lkTlNPR2ZBOThKeWszb2tUNWdyRzVweFFIRlpRUDEKK3dLYXY1dWYwU3lTOE1WVDJZSjFVMkk3d25aNjlMQytzcDFQaHZsZ2VVeWlOWm1nNGdUQ2ptS3piRmhnSGdnQwpZdWZVRFJLV0EwV2d6QjQ1djdzQ0F3RUFBYU5aTUZjd0RnWURWUjBQQVFIL0JBUURBZ0trTUE4R0ExVWRFd0VCCi93UUZNQU1CQWY4d0hRWURWUjBPQkJZRUZMOHU0Z2wvbzFHZngyVkVaejVPUE9hbVRzVmtNQlVHQTFVZEVRUU8KTUF5Q0NtdDFZbVZ5Ym1WMFpYTXdEUVlKS29aSWh2Y05BUUVMQlFBRGdnRUJBSG1LWVFuNHpsUmtjekpYYkZOOQpiUjN6K3VQTUxwdEN4OWszVXBHbWxZdHRFNE85aEpuVVFPWFd1YlA0bVZYTUlBSlFIN1BNeERtajkzbGoxbEVqCmt4bUFTUmVJeVN0TjRBMCtZd21HTmJFK0M2UzQ4UnMxNnhMV29JQk1NVjdIbm1nRFl0d25aYWV4cXB4Qy9KT3gKOTJPV3JQT0RBYnMxdWljQzB5ZGUvbnFpSDYyMkNJRDg2UEVVc0U1M1JVQ2RoaGVGMXcwR05iUmlVS29WL1hRdQp6MStmampJczYwQkdOTGhmVEJtM250cWdYZ2NZdlovRDZVZVdGOVhTdU9Jb1MrSk8wRFpPb2ZKU2ZUcExQWjVoClZzek82RGhya3dRT0JLTzNnVHJHTmMvSVRBWGkrQlRETUdsWjFyRnJMWG9mRjBHanpnQVJYUnk0NjNtM2M4aWUKN3BZPQotLS0tLUVORCBDRVJUSUZJQ0FURS0tLS0tCg=="
              }
            ],
            "created_at": "2022-05-26 16:25:32.659 +0000 UTC",
            "enabled_cluster_log_types": [
              "api",
              "audit",
              "authenticator",
              "controllerManager",
              "scheduler"
            ],
            "endpoint": "https://3282C6EF63A517F33883E170BEE3E10B.gr7.eu-west-2.eks.amazonaws.com",
            "id": "acn-eks-clstr-testing",
            "identity": [
              {
                "oidc": [
                  {
                    "issuer": "https://oidc.eks.eu-west-2.amazonaws.com/id/3282C6EF63A517F33883E170BEE3E10B"
                  }
                ]
              }
            ],
            "kubernetes_network_config": [
              {
                "ip_family": "ipv4",
                "service_ipv4_cidr": "10.100.0.0/16"
              }
            ],
            "name": "acn-eks-clstr-testing",
            "platform_version": "eks.1",
            "role_arn": "arn:aws:iam::741032333307:role/acn-eks-clstr-testing-cluster-role",
            "status": "ACTIVE",
            "tags": {},
            "version": "1.22",
            "vpc_config": [
              {
                "cluster_security_group_id": "sg-0cce65e0b4a8b5237",
                "endpoint_private_access": false,
                "endpoint_public_access": true,
                "public_access_cidrs": [
                  "0.0.0.0/0"
                ],
                "security_group_ids": [],
                "subnet_ids": [
                  "subnet-003d80df483ac269e",
                  "subnet-031df46e9cdded3f2",
                  "subnet-04814fff45f3c3d3b",
                  "subnet-08d4c1de7c5dae357",
                  "subnet-09f0f386f560d497c",
                  "subnet-0d4d3b882698184c8"
                ],
                "vpc_id": "vpc-0b70bc326976a4500"
              }
            ]
          },
          "sensitive_attributes": []
        }
      ]
    },
    {
      "module": "module.aws_alb_controller",
      "mode": "data",
      "type": "aws_eks_cluster_auth",
      "name": "selected",
      "provider": "provider[\"registry.terraform.io/hashicorp/aws\"]",
      "instances": [
        {
          "index_key": 0,
          "schema_version": 0,
          "attributes": {
            "id": "acn-eks-clstr-testing",
            "name": "acn-eks-clstr-testing",
            "token": "k8s-aws-v1.aHR0cHM6Ly9zdHMuYW1hem9uYXdzLmNvbS8_QWN0aW9uPUdldENhbGxlcklkZW50aXR5JlZlcnNpb249MjAxMS0wNi0xNSZYLUFtei1BbGdvcml0aG09QVdTNC1ITUFDLVNIQTI1NiZYLUFtei1DcmVkZW50aWFsPUFTSUEyWkNIWUI3NTNZQ1BBUk9LJTJGMjAyMjA1MjYlMkZ1cy1lYXN0LTElMkZzdHMlMkZhd3M0X3JlcXVlc3QmWC1BbXotRGF0ZT0yMDIyMDUyNlQxNjM3NDJaJlgtQW16LUV4cGlyZXM9MCZYLUFtei1TZWN1cml0eS1Ub2tlbj1JUW9KYjNKcFoybHVYMlZqRU1IJTJGJTJGJTJGJTJGJTJGJTJGJTJGJTJGJTJGJTJGd0VhQ1hWekxXVmhjM1F0TVNKSU1FWUNJUUNta0s0R1RDMDN2M1BteSUyRlNZYiUyRnliTjlvQ21YQ21mYzB6bUg5QWFYZVlIUUloQVBGMm1BaXNzQlFJRm0lMkJ3R0RRVW1Pa0F0OHF5dUtnc0cybDlRYlladlF4OEtySUNDS24lMkYlMkYlMkYlMkYlMkYlMkYlMkYlMkYlMkYlMkZ3RVFBaG9NTnpReE1ETXlNek16TXpBM0lneXlJSktSNkFETDFTVmdUcGtxaGdJejVIRVc1JTJCNXJzaUw4ZVhZMVplTEFuT1M5WVY1R3JEY2YlMkZCbUpzS1hCUXc4MXYwVkRkWVlYMjFYUGR2aEJ5Q3pobTc3QWpGVFd4dVVONE9OeG01dklXd3NIclZkdjdUQTJDJTJGS3dRcDhIMEpMVGpvOG1xaElOS1RJWHFVMDFHZFZOSGZrOUhvdTJKNlJob2NyNWFoSXNBeHglMkJjMGdwbDhhb1BMOThKMWwwSFplcEhpVEpUUkNiaiUyRlRHQU1rUVE2dFBKV2Z3OFVwcDE3VnJIV3BwNEkwSTlmcjIlMkZqVUJnZUM5cUNxTlZzJTJGazlJS0tvMDJLQkh2Wkc2d1pjcFc5VW9jd3d2RGM2VTljdVZWaEl6NGpZS0dxNUI4Z2dkU2lMVzlhZkNCRjJHS2tqcnRzVFJnbGNTRm1HemtRSzN6TWl2cTJWemk0SWxTcGx2dDdWQUlwNElYbHhXdjU4eHJ3TU9IUnZwUUdPcHdCQ3FFNWVPN3pscE43ZFdtSTZKcmVTaGxuek1JWjFhWUQ2NnlzQmdCJTJGYllZSnpyWFg5eGtJVEhuTXhma0FKVVo1ZDM3bkhTcjJrUGMlMkZ1NFBLY0xBcFE5QVlJb2E3MG5ZQUVPR3g1QnVRaXFTeklmR2MyRXh1QTB5eDJyMG0wcUtvWG55cXg1U01adVVLZjU3VTAwc2NEVlZ5TU5rJTJCOFo4RERsSm1XMDAxJTJCOVB1Q0FEQmJjSE1tSkE3ZWhqRFdqc0ZxVnVSbGl4RVRJNzBncHBhJlgtQW16LVNpZ25lZEhlYWRlcnM9aG9zdCUzQngtazhzLWF3cy1pZCZYLUFtei1TaWduYXR1cmU9ZjVhNDUxNzk2OTI3MGU1MGY5OGFmOGE0ZGVhNDMxZWM1NWFjNmUxNzgwMjVkMzRlYzFiM2QxYzYwMGQ4NmVhYQ"
          },
          "sensitive_attributes": []
        }
      ]
    },
    {
      "module": "module.aws_alb_controller",
      "mode": "data",
      "type": "aws_iam_policy_document",
      "name": "eks_oidc_assume_role",
      "provider": "provider[\"registry.terraform.io/hashicorp/aws\"]",
      "instances": [
        {
          "index_key": 0,
          "schema_version": 0,
          "attributes": {
            "id": "636309592",
            "json": "{\n  \"Version\": \"2012-10-17\",\n  \"Statement\": [\n    {\n      \"Sid\": \"\",\n      \"Effect\": \"Allow\",\n      \"Action\": \"sts:AssumeRoleWithWebIdentity\",\n      \"Principal\": {\n        \"Federated\": \"arn:aws:iam::741032333307:oidc-provider/oidc.eks.eu-west-2.amazonaws.com/id/3282C6EF63A517F33883E170BEE3E10B\"\n      },\n      \"Condition\": {\n        \"StringEquals\": {\n          \"oidc.eks.eu-west-2.amazonaws.com/id/3282C6EF63A517F33883E170BEE3E10B:sub\": \"system:serviceaccount:kube-system:aws-load-balancer-controller\"\n        }\n      }\n    }\n  ]\n}",
            "override_json": null,
            "override_policy_documents": null,
            "policy_id": null,
            "source_json": null,
            "source_policy_documents": null,
            "statement": [
              {
                "actions": [
                  "sts:AssumeRoleWithWebIdentity"
                ],
                "condition": [
                  {
                    "test": "StringEquals",
                    "values": [
                      "system:serviceaccount:kube-system:aws-load-balancer-controller"
                    ],
                    "variable": "oidc.eks.eu-west-2.amazonaws.com/id/3282C6EF63A517F33883E170BEE3E10B:sub"
                  }
                ],
                "effect": "Allow",
                "not_actions": [],
                "not_principals": [],
                "not_resources": [],
                "principals": [
                  {
                    "identifiers": [
                      "arn:aws:iam::741032333307:oidc-provider/oidc.eks.eu-west-2.amazonaws.com/id/3282C6EF63A517F33883E170BEE3E10B"
                    ],
                    "type": "Federated"
                  }
                ],
                "resources": [],
                "sid": ""
              }
            ],
            "version": "2012-10-17"
          },
          "sensitive_attributes": []
        }
      ]
    },
    {
      "module": "module.aws_alb_controller",
      "mode": "data",
      "type": "aws_region",
      "name": "current",
      "provider": "provider[\"registry.terraform.io/hashicorp/aws\"]",
      "instances": [
        {
          "schema_version": 0,
          "attributes": {
            "description": "Europe (London)",
            "endpoint": "ec2.eu-west-2.amazonaws.com",
            "id": "eu-west-2",
            "name": "eu-west-2"
          },
          "sensitive_attributes": []
        }
      ]
    },
    {
      "module": "module.aws_alb_controller",
      "mode": "data",
      "type": "aws_vpc",
      "name": "selected",
      "provider": "provider[\"registry.terraform.io/hashicorp/aws\"]",
      "instances": [
        {
          "schema_version": 0,
          "attributes": {
            "arn": "arn:aws:ec2:eu-west-2:741032333307:vpc/vpc-0b70bc326976a4500",
            "cidr_block": "192.168.0.0/16",
            "cidr_block_associations": [
              {
                "association_id": "vpc-cidr-assoc-04656f1ad69b62098",
                "cidr_block": "192.168.0.0/16",
                "state": "associated"
              }
            ],
            "default": false,
            "dhcp_options_id": "dopt-0ec887a8da27b0660",
            "enable_dns_hostnames": true,
            "enable_dns_support": true,
            "filter": null,
            "id": "vpc-0b70bc326976a4500",
            "instance_tenancy": "default",
            "ipv6_association_id": "",
            "ipv6_cidr_block": "",
            "main_route_table_id": "rtb-0e618a463e945f696",
            "owner_id": "741032333307",
            "state": null,
            "tags": {
              "Environment": "testing",
              "Group": "eks-fargate",
              "Name": "eks-vpc-testing-vpc"
            }
          },
          "sensitive_attributes": []
        }
      ]
    },
    {
      "module": "module.aws_alb_controller",
      "mode": "managed",
      "type": "aws_iam_policy",
      "name": "this",
      "provider": "provider[\"registry.terraform.io/hashicorp/aws\"]",
      "instances": [
        {
          "schema_version": 0,
          "attributes": {
            "arn": "arn:aws:iam::741032333307:policy/k8s-acn-eks-clstr-testing-alb-management",
            "description": "Permissions that are required to manage AWS Application Load Balancers.",
            "id": "arn:aws:iam::741032333307:policy/k8s-acn-eks-clstr-testing-alb-management",
            "name": "k8s-acn-eks-clstr-testing-alb-management",
            "name_prefix": null,
            "path": "/",
            "policy": "{\"Statement\":[{\"Action\":\"ec2:CreateTags\",\"Condition\":{\"Null\":{\"aws:RequestTag/elbv2.k8s.aws/cluster\":\"false\"},\"StringEquals\":{\"ec2:CreateAction\":\"CreateSecurityGroup\"}},\"Effect\":\"Allow\",\"Resource\":\"arn:aws:ec2:*:*:security-group/*\",\"Sid\":\"VisualEditor0\"},{\"Action\":[\"ec2:DeleteTags\",\"ec2:CreateTags\"],\"Condition\":{\"Null\":{\"aws:RequestTag/elbv2.k8s.aws/cluster\":\"true\",\"aws:ResourceTag/elbv2.k8s.aws/cluster\":\"false\"}},\"Effect\":\"Allow\",\"Resource\":\"arn:aws:ec2:*:*:security-group/*\",\"Sid\":\"VisualEditor1\"},{\"Action\":[\"ec2:RevokeSecurityGroupIngress\",\"ec2:AuthorizeSecurityGroupIngress\",\"ec2:DeleteSecurityGroup\"],\"Condition\":{\"Null\":{\"aws:ResourceTag/elbv2.k8s.aws/cluster\":\"false\"}},\"Effect\":\"Allow\",\"Resource\":\"*\",\"Sid\":\"VisualEditor2\"},{\"Action\":[\"elasticloadbalancing:ModifyListener\",\"wafv2:AssociateWebACL\",\"ec2:AuthorizeSecurityGroupIngress\",\"ec2:DescribeInstances\",\"wafv2:GetWebACLForResource\",\"iam:ListServerCertificates\",\"ec2:DescribeCoipPools\",\"wafv2:GetWebACL\",\"elasticloadbalancing:SetWebAcl\",\"ec2:DescribeInternetGateways\",\"elasticloadbalancing:DescribeLoadBalancers\",\"waf-regional:GetWebACLForResource\",\"waf-regional:GetWebACL\",\"elasticloadbalancing:CreateRule\",\"ec2:DescribeAccountAttributes\",\"elasticloadbalancing:AddListenerCertificates\",\"iam:GetServerCertificate\",\"wafv2:DisassociateWebACL\",\"shield:GetSubscriptionState\",\"ec2:DescribeVpcPeeringConnections\",\"elasticloadbalancing:DescribeLoadBalancerAttributes\",\"ec2:RevokeSecurityGroupIngress\",\"elasticloadbalancing:DescribeTargetGroupAttributes\",\"shield:CreateProtection\",\"acm:DescribeCertificate\",\"elasticloadbalancing:ModifyRule\",\"elasticloadbalancing:DescribeRules\",\"ec2:DescribeSubnets\",\"waf-regional:AssociateWebACL\",\"ec2:DescribeAddresses\",\"shield:DescribeProtection\",\"shield:DeleteProtection\",\"elasticloadbalancing:RemoveListenerCertificates\",\"elasticloadbalancing:CreateListener\",\"elasticloadbalancing:DescribeListeners\",\"ec2:DescribeNetworkInterfaces\",\"ec2:DescribeAvailabilityZones\",\"ec2:CreateSecurityGroup\",\"acm:ListCertificates\",\"elasticloadbalancing:DescribeListenerCertificates\",\"cognito-idp:DescribeUserPoolClient\",\"elasticloadbalancing:DeleteRule\",\"elasticloadbalancing:DescribeSSLPolicies\",\"waf-regional:DisassociateWebACL\",\"elasticloadbalancing:DescribeTags\",\"ec2:DescribeTags\",\"ec2:GetCoipPoolUsage\",\"elasticloadbalancing:*\",\"ec2:DescribeSecurityGroups\",\"ec2:DescribeVpcs\",\"elasticloadbalancing:DescribeTargetHealth\",\"elasticloadbalancing:DescribeTargetGroups\",\"elasticloadbalancing:DeleteListener\"],\"Effect\":\"Allow\",\"Resource\":\"*\",\"Sid\":\"VisualEditor3\"},{\"Action\":[\"elasticloadbalancing:CreateLoadBalancer\",\"elasticloadbalancing:CreateTargetGroup\"],\"Condition\":{\"Null\":{\"aws:RequestTag/elbv2.k8s.aws/cluster\":\"false\"}},\"Effect\":\"Allow\",\"Resource\":\"*\",\"Sid\":\"VisualEditor4\"},{\"Action\":[\"elasticloadbalancing:CreateLoadBalancer\",\"elasticloadbalancing:CreateTargetGroup\"],\"Condition\":{\"Null\":{\"aws:RequestTag/elbv2.k8s.aws/cluster\":\"false\"}},\"Effect\":\"Allow\",\"Resource\":\"*\",\"Sid\":\"VisualEditor5\"},{\"Action\":[\"elasticloadbalancing:RemoveTags\",\"elasticloadbalancing:AddTags\"],\"Condition\":{\"Null\":{\"aws:RequestTag/elbv2.k8s.aws/cluster\":\"true\",\"aws:ResourceTag/elbv2.k8s.aws/cluster\":\"false\"}},\"Effect\":\"Allow\",\"Resource\":[\"arn:aws:elasticloadbalancing:*:*:targetgroup/*/*\",\"arn:aws:elasticloadbalancing:*:*:loadbalancer/app/*/*\",\"arn:aws:elasticloadbalancing:*:*:loadbalancer/net/*/*\"],\"Sid\":\"VisualEditor6\"},{\"Action\":[\"elasticloadbalancing:RemoveTags\",\"elasticloadbalancing:AddTags\"],\"Condition\":{\"Null\":{\"aws:RequestTag/elbv2.k8s.aws/cluster\":\"true\",\"aws:ResourceTag/elbv2.k8s.aws/cluster\":\"false\"}},\"Effect\":\"Allow\",\"Resource\":[\"arn:aws:elasticloadbalancing:*:*:loadbalancer/net/*/*\",\"arn:aws:elasticloadbalancing:*:*:loadbalancer/app/*/*\",\"arn:aws:elasticloadbalancing:*:*:targetgroup/*/*\"],\"Sid\":\"VisualEditor7\"},{\"Action\":[\"elasticloadbalancing:DeleteLoadBalancer\",\"elasticloadbalancing:SetSecurityGroups\",\"elasticloadbalancing:SetIpAddressType\",\"elasticloadbalancing:SetSubnets\",\"elasticloadbalancing:ModifyLoadBalancerAttributes\",\"elasticloadbalancing:DeleteTargetGroup\",\"elasticloadbalancing:ModifyTargetGroupAttributes\",\"elasticloadbalancing:ModifyTargetGroup\"],\"Condition\":{\"Null\":{\"aws:ResourceTag/elbv2.k8s.aws/cluster\":\"false\"}},\"Effect\":\"Allow\",\"Resource\":\"*\",\"Sid\":\"VisualEditor8\"},{\"Action\":[\"elasticloadbalancing:DeleteLoadBalancer\",\"elasticloadbalancing:SetSecurityGroups\",\"elasticloadbalancing:SetIpAddressType\",\"elasticloadbalancing:SetSubnets\",\"elasticloadbalancing:ModifyLoadBalancerAttributes\",\"elasticloadbalancing:DeleteTargetGroup\",\"elasticloadbalancing:ModifyTargetGroupAttributes\",\"elasticloadbalancing:ModifyTargetGroup\"],\"Condition\":{\"Null\":{\"aws:ResourceTag/elbv2.k8s.aws/cluster\":\"false\"}},\"Effect\":\"Allow\",\"Resource\":\"*\",\"Sid\":\"VisualEditor9\"},{\"Action\":[\"elasticloadbalancing:RemoveTags\",\"elasticloadbalancing:AddTags\"],\"Effect\":\"Allow\",\"Resource\":[\"arn:aws:elasticloadbalancing:*:*:listener/net/*/*/*\",\"arn:aws:elasticloadbalancing:*:*:listener/app/*/*/*\",\"arn:aws:elasticloadbalancing:*:*:listener-rule/net/*/*/*\",\"arn:aws:elasticloadbalancing:*:*:listener-rule/app/*/*/*\"],\"Sid\":\"VisualEditor10\"},{\"Action\":[\"elasticloadbalancing:RemoveTags\",\"elasticloadbalancing:AddTags\"],\"Effect\":\"Allow\",\"Resource\":[\"arn:aws:elasticloadbalancing:*:*:listener/net/*/*/*\",\"arn:aws:elasticloadbalancing:*:*:listener/app/*/*/*\",\"arn:aws:elasticloadbalancing:*:*:listener-rule/net/*/*/*\",\"arn:aws:elasticloadbalancing:*:*:listener-rule/app/*/*/*\"],\"Sid\":\"VisualEditor11\"},{\"Action\":[\"elasticloadbalancing:RegisterTargets\",\"elasticloadbalancing:DeregisterTargets\"],\"Effect\":\"Allow\",\"Resource\":\"arn:aws:elasticloadbalancing:*:*:targetgroup/*/*\",\"Sid\":\"VisualEditor12\"},{\"Action\":\"iam:CreateServiceLinkedRole\",\"Condition\":{\"StringEquals\":{\"iam:AWSServiceName\":\"elasticloadbalancing.amazonaws.com\"}},\"Effect\":\"Allow\",\"Resource\":\"*\",\"Sid\":\"VisualEditor13\"},{\"Action\":[\"elasticloadbalancing:RegisterTargets\",\"elasticloadbalancing:DeregisterTargets\"],\"Effect\":\"Allow\",\"Resource\":\"arn:aws:elasticloadbalancing:*:*:targetgroup/*/*\",\"Sid\":\"VisualEditor14\"}],\"Version\":\"2012-10-17\"}",
            "policy_id": "ANPA2ZCHYB75Q74Y3S3PH",
            "tags": {
              "Name": "acn-eks-clstr-testing-lb_controller-iam"
            },
            "tags_all": {
              "Name": "acn-eks-clstr-testing-lb_controller-iam"
            }
          },
          "sensitive_attributes": [],
          "private": "bnVsbA==",
          "dependencies": [
            "module.coredns_patching.data.aws_caller_identity.current",
            "module.coredns_patching.data.aws_eks_cluster.selected",
            "module.coredns_patching.data.aws_eks_cluster_auth.selected",
            "module.coredns_patching.data.aws_region.current",
            "module.coredns_patching.data.template_file.kubeconfig",
            "module.coredns_patching.null_resource.coredns_patch_linux",
            "module.coredns_patching.null_resource.coredns_patch_windows",
            "module.coredns_patching.null_resource.coredns_restart",
            "module.coredns_patching.null_resource.coredns_restart_linux",
            "module.coredns_patching.null_resource.update_kubeconfig_windows",
            "module.eks.aws_cloudwatch_log_group.cloudwatch_log_group",
            "module.eks.aws_eks_cluster.eks_cluster",
            "module.eks.aws_eks_fargate_profile.eks_fargate_app",
            "module.eks.aws_eks_fargate_profile.eks_fargate_system",
            "module.eks.aws_iam_openid_connect_provider.oidc_provider",
            "module.eks.aws_iam_policy.AmazonEKSClusterCloudWatchMetricsPolicy",
            "module.eks.aws_iam_role.eks_cluster_role",
            "module.eks.aws_iam_role.eks_fargate_role",
            "module.eks.aws_iam_role.eks_fargate_system_role",
            "module.eks.aws_iam_role_policy_attachment.AmazonEKSCloudWatchMetricsPolicy",
            "module.eks.aws_iam_role_policy_attachment.AmazonEKSClusterPolicy",
            "module.eks.aws_iam_role_policy_attachment.AmazonEKSClusterPolicy1",
            "module.eks.aws_iam_role_policy_attachment.AmazonEKSClusterPolicy2",
            "module.eks.aws_iam_role_policy_attachment.AmazonEKSFargatePodExecutionRolePolicy",
            "module.eks.aws_iam_role_policy_attachment.AmazonEKSFargatePodExecutionRolePolicy2",
            "module.eks.aws_iam_role_policy_attachment.AmazonEKSVPCResourceController",
            "module.eks.aws_iam_role_policy_attachment.AmazonEKSVPCResourceController1",
            "module.eks.aws_iam_role_policy_attachment.AmazonEKSVPCResourceController2",
            "module.eks.data.tls_certificate.auth",
            "module.vpc.aws_default_security_group.default",
            "module.vpc.aws_eip.nat_eip",
            "module.vpc.aws_internet_gateway.internet_gw",
            "module.vpc.aws_nat_gateway.nat_gw",
            "module.vpc.aws_route.private_nat_gw_route",
            "module.vpc.aws_route.public_internet_route",
            "module.vpc.aws_route_table.private_rt",
            "module.vpc.aws_route_table.public_rt",
            "module.vpc.aws_route_table_association.private-rt-assotion",
            "module.vpc.aws_route_table_association.public-rt-assotion",
            "module.vpc.aws_security_group.custom",
            "module.vpc.aws_subnet.private_subnet",
            "module.vpc.aws_subnet.public_subnet",
            "module.vpc.aws_vpc.main_vpc"
          ]
        }
      ]
    },
    {
      "module": "module.aws_alb_controller",
      "mode": "managed",
      "type": "aws_iam_role",
      "name": "this",
      "provider": "provider[\"registry.terraform.io/hashicorp/aws\"]",
      "instances": [
        {
          "schema_version": 0,
          "attributes": {
            "arn": "arn:aws:iam::741032333307:role/k8s-acn-eks-clstr-testing-aws-load-balancer-controller",
            "assume_role_policy": "{\"Version\":\"2012-10-17\",\"Statement\":[{\"Sid\":\"\",\"Effect\":\"Allow\",\"Principal\":{\"Federated\":\"arn:aws:iam::741032333307:oidc-provider/oidc.eks.eu-west-2.amazonaws.com/id/3282C6EF63A517F33883E170BEE3E10B\"},\"Action\":\"sts:AssumeRoleWithWebIdentity\",\"Condition\":{\"StringEquals\":{\"oidc.eks.eu-west-2.amazonaws.com/id/3282C6EF63A517F33883E170BEE3E10B:sub\":\"system:serviceaccount:kube-system:aws-load-balancer-controller\"}}}]}",
            "create_date": "2022-05-26T16:37:43Z",
            "description": "Permissions required by the Kubernetes AWS Load Balancer controller to do its job.",
            "force_detach_policies": true,
            "id": "k8s-acn-eks-clstr-testing-aws-load-balancer-controller",
            "inline_policy": [
              {
                "name": "",
                "policy": ""
              }
            ],
            "managed_policy_arns": [],
            "max_session_duration": 3600,
            "name": "k8s-acn-eks-clstr-testing-aws-load-balancer-controller",
            "name_prefix": "",
            "path": "/",
            "permissions_boundary": null,
            "tags": null,
            "tags_all": {},
            "unique_id": "AROA2ZCHYB75XPYJC6BEP"
          },
          "sensitive_attributes": [],
          "private": "bnVsbA==",
          "dependencies": [
            "module.aws_alb_controller.data.aws_caller_identity.current",
            "module.aws_alb_controller.data.aws_eks_cluster.selected",
            "module.aws_alb_controller.data.aws_iam_policy_document.ec2_assume_role",
            "module.aws_alb_controller.data.aws_iam_policy_document.eks_oidc_assume_role",
            "module.coredns_patching.data.aws_caller_identity.current",
            "module.coredns_patching.data.aws_eks_cluster.selected",
            "module.coredns_patching.data.aws_eks_cluster_auth.selected",
            "module.coredns_patching.data.aws_region.current",
            "module.coredns_patching.data.template_file.kubeconfig",
            "module.coredns_patching.null_resource.coredns_patch_linux",
            "module.coredns_patching.null_resource.coredns_patch_windows",
            "module.coredns_patching.null_resource.coredns_restart",
            "module.coredns_patching.null_resource.coredns_restart_linux",
            "module.coredns_patching.null_resource.update_kubeconfig_windows",
            "module.eks.aws_cloudwatch_log_group.cloudwatch_log_group",
            "module.eks.aws_eks_cluster.eks_cluster",
            "module.eks.aws_eks_fargate_profile.eks_fargate_app",
            "module.eks.aws_eks_fargate_profile.eks_fargate_system",
            "module.eks.aws_iam_openid_connect_provider.oidc_provider",
            "module.eks.aws_iam_policy.AmazonEKSClusterCloudWatchMetricsPolicy",
            "module.eks.aws_iam_role.eks_cluster_role",
            "module.eks.aws_iam_role.eks_fargate_role",
            "module.eks.aws_iam_role.eks_fargate_system_role",
            "module.eks.aws_iam_role_policy_attachment.AmazonEKSCloudWatchMetricsPolicy",
            "module.eks.aws_iam_role_policy_attachment.AmazonEKSClusterPolicy",
            "module.eks.aws_iam_role_policy_attachment.AmazonEKSClusterPolicy1",
            "module.eks.aws_iam_role_policy_attachment.AmazonEKSClusterPolicy2",
            "module.eks.aws_iam_role_policy_attachment.AmazonEKSFargatePodExecutionRolePolicy",
            "module.eks.aws_iam_role_policy_attachment.AmazonEKSFargatePodExecutionRolePolicy2",
            "module.eks.aws_iam_role_policy_attachment.AmazonEKSVPCResourceController",
            "module.eks.aws_iam_role_policy_attachment.AmazonEKSVPCResourceController1",
            "module.eks.aws_iam_role_policy_attachment.AmazonEKSVPCResourceController2",
            "module.eks.data.tls_certificate.auth",
            "module.vpc.aws_default_security_group.default",
            "module.vpc.aws_eip.nat_eip",
            "module.vpc.aws_internet_gateway.internet_gw",
            "module.vpc.aws_nat_gateway.nat_gw",
            "module.vpc.aws_route.private_nat_gw_route",
            "module.vpc.aws_route.public_internet_route",
            "module.vpc.aws_route_table.private_rt",
            "module.vpc.aws_route_table.public_rt",
            "module.vpc.aws_route_table_association.private-rt-assotion",
            "module.vpc.aws_route_table_association.public-rt-assotion",
            "module.vpc.aws_security_group.custom",
            "module.vpc.aws_subnet.private_subnet",
            "module.vpc.aws_subnet.public_subnet",
            "module.vpc.aws_vpc.main_vpc"
          ]
        }
      ]
    },
    {
      "module": "module.aws_alb_controller",
      "mode": "managed",
      "type": "aws_iam_role_policy_attachment",
      "name": "this",
      "provider": "provider[\"registry.terraform.io/hashicorp/aws\"]",
      "instances": [
        {
          "schema_version": 0,
          "attributes": {
            "id": "k8s-acn-eks-clstr-testing-aws-load-balancer-controller-2022052616374478310000000c",
            "policy_arn": "arn:aws:iam::741032333307:policy/k8s-acn-eks-clstr-testing-alb-management",
            "role": "k8s-acn-eks-clstr-testing-aws-load-balancer-controller"
          },
          "sensitive_attributes": [],
          "private": "bnVsbA==",
          "dependencies": [
            "module.aws_alb_controller.aws_iam_policy.this",
            "module.aws_alb_controller.aws_iam_role.this",
            "module.aws_alb_controller.data.aws_caller_identity.current",
            "module.aws_alb_controller.data.aws_eks_cluster.selected",
            "module.aws_alb_controller.data.aws_iam_policy_document.ec2_assume_role",
            "module.aws_alb_controller.data.aws_iam_policy_document.eks_oidc_assume_role",
            "module.coredns_patching.data.aws_caller_identity.current",
            "module.coredns_patching.data.aws_eks_cluster.selected",
            "module.coredns_patching.data.aws_eks_cluster_auth.selected",
            "module.coredns_patching.data.aws_region.current",
            "module.coredns_patching.data.template_file.kubeconfig",
            "module.coredns_patching.null_resource.coredns_patch_linux",
            "module.coredns_patching.null_resource.coredns_patch_windows",
            "module.coredns_patching.null_resource.coredns_restart",
            "module.coredns_patching.null_resource.coredns_restart_linux",
            "module.coredns_patching.null_resource.update_kubeconfig_windows",
            "module.eks.aws_cloudwatch_log_group.cloudwatch_log_group",
            "module.eks.aws_eks_cluster.eks_cluster",
            "module.eks.aws_eks_fargate_profile.eks_fargate_app",
            "module.eks.aws_eks_fargate_profile.eks_fargate_system",
            "module.eks.aws_iam_openid_connect_provider.oidc_provider",
            "module.eks.aws_iam_policy.AmazonEKSClusterCloudWatchMetricsPolicy",
            "module.eks.aws_iam_role.eks_cluster_role",
            "module.eks.aws_iam_role.eks_fargate_role",
            "module.eks.aws_iam_role.eks_fargate_system_role",
            "module.eks.aws_iam_role_policy_attachment.AmazonEKSCloudWatchMetricsPolicy",
            "module.eks.aws_iam_role_policy_attachment.AmazonEKSClusterPolicy",
            "module.eks.aws_iam_role_policy_attachment.AmazonEKSClusterPolicy1",
            "module.eks.aws_iam_role_policy_attachment.AmazonEKSClusterPolicy2",
            "module.eks.aws_iam_role_policy_attachment.AmazonEKSFargatePodExecutionRolePolicy",
            "module.eks.aws_iam_role_policy_attachment.AmazonEKSFargatePodExecutionRolePolicy2",
            "module.eks.aws_iam_role_policy_attachment.AmazonEKSVPCResourceController",
            "module.eks.aws_iam_role_policy_attachment.AmazonEKSVPCResourceController1",
            "module.eks.aws_iam_role_policy_attachment.AmazonEKSVPCResourceController2",
            "module.eks.data.tls_certificate.auth",
            "module.vpc.aws_default_security_group.default",
            "module.vpc.aws_eip.nat_eip",
            "module.vpc.aws_internet_gateway.internet_gw",
            "module.vpc.aws_nat_gateway.nat_gw",
            "module.vpc.aws_route.private_nat_gw_route",
            "module.vpc.aws_route.public_internet_route",
            "module.vpc.aws_route_table.private_rt",
            "module.vpc.aws_route_table.public_rt",
            "module.vpc.aws_route_table_association.private-rt-assotion",
            "module.vpc.aws_route_table_association.public-rt-assotion",
            "module.vpc.aws_security_group.custom",
            "module.vpc.aws_subnet.private_subnet",
            "module.vpc.aws_subnet.public_subnet",
            "module.vpc.aws_vpc.main_vpc"
          ]
        }
      ]
    },
    {
      "module": "module.aws_alb_controller",
      "mode": "managed",
      "type": "helm_release",
      "name": "alb_controller",
      "provider": "provider[\"registry.terraform.io/hashicorp/helm\"]",
      "instances": [
        {
          "schema_version": 0,
          "attributes": {
            "atomic": true,
            "chart": "aws-load-balancer-controller",
            "cleanup_on_fail": false,
            "create_namespace": false,
            "dependency_update": false,
            "description": null,
            "devel": null,
            "disable_crd_hooks": false,
            "disable_openapi_validation": false,
            "disable_webhooks": false,
            "force_update": false,
            "id": "aws-load-balancer-controller",
            "keyring": null,
            "lint": false,
            "manifest": null,
            "max_history": 0,
            "metadata": [
              {
                "app_version": "v2.4.1",
                "chart": "aws-load-balancer-controller",
                "name": "aws-load-balancer-controller",
                "namespace": "kube-system",
                "revision": 1,
                "values": "{\"clusterName\":\"acn-eks-clstr-testing\",\"hostNetwork\":false,\"region\":\"eu-west-2\",\"serviceAccount\":{\"create\":false,\"name\":\"aws-load-balancer-controller\"},\"vpcId\":\"vpc-0b70bc326976a4500\"}",
                "version": "1.4.1"
              }
            ],
            "name": "aws-load-balancer-controller",
            "namespace": "kube-system",
            "postrender": [],
            "recreate_pods": false,
            "render_subchart_notes": true,
            "replace": false,
            "repository": "https://aws.github.io/eks-charts",
            "repository_ca_file": null,
            "repository_cert_file": null,
            "repository_key_file": null,
            "repository_password": null,
            "repository_username": null,
            "reset_values": false,
            "reuse_values": false,
            "set": [
              {
                "name": "clusterName",
                "type": "",
                "value": "acn-eks-clstr-testing"
              },
              {
                "name": "hostNetwork",
                "type": "",
                "value": "false"
              },
              {
                "name": "region",
                "type": "",
                "value": "eu-west-2"
              },
              {
                "name": "serviceAccount.create",
                "type": "",
                "value": "false"
              },
              {
                "name": "serviceAccount.name",
                "type": "",
                "value": "aws-load-balancer-controller"
              },
              {
                "name": "vpcId",
                "type": "",
                "value": "vpc-0b70bc326976a4500"
              }
            ],
            "set_sensitive": [],
            "skip_crds": false,
            "status": "deployed",
            "timeout": 900,
            "values": null,
            "verify": false,
            "version": "1.4.1",
            "wait": true,
            "wait_for_jobs": false
          },
          "sensitive_attributes": [],
          "private": "bnVsbA==",
          "dependencies": [
            "data.aws_eks_cluster.eks_cluster",
            "data.aws_eks_cluster_auth.aws_iam_authenticator",
            "module.aws_alb_controller.aws_iam_role.this",
            "module.aws_alb_controller.data.aws_caller_identity.current",
            "module.aws_alb_controller.data.aws_eks_cluster.selected",
            "module.aws_alb_controller.data.aws_iam_policy_document.ec2_assume_role",
            "module.aws_alb_controller.data.aws_iam_policy_document.eks_oidc_assume_role",
            "module.aws_alb_controller.data.aws_region.current",
            "module.aws_alb_controller.data.aws_vpc.selected",
            "module.aws_alb_controller.kubernetes_service_account.this",
            "module.coredns_patching.data.aws_caller_identity.current",
            "module.coredns_patching.data.aws_eks_cluster.selected",
            "module.coredns_patching.data.aws_eks_cluster_auth.selected",
            "module.coredns_patching.data.aws_region.current",
            "module.coredns_patching.data.template_file.kubeconfig",
            "module.coredns_patching.null_resource.coredns_patch_linux",
            "module.coredns_patching.null_resource.coredns_patch_windows",
            "module.coredns_patching.null_resource.coredns_restart",
            "module.coredns_patching.null_resource.coredns_restart_linux",
            "module.coredns_patching.null_resource.update_kubeconfig_windows",
            "module.eks.aws_cloudwatch_log_group.cloudwatch_log_group",
            "module.eks.aws_eks_cluster.eks_cluster",
            "module.eks.aws_eks_fargate_profile.eks_fargate_app",
            "module.eks.aws_eks_fargate_profile.eks_fargate_system",
            "module.eks.aws_iam_openid_connect_provider.oidc_provider",
            "module.eks.aws_iam_policy.AmazonEKSClusterCloudWatchMetricsPolicy",
            "module.eks.aws_iam_role.eks_cluster_role",
            "module.eks.aws_iam_role.eks_fargate_role",
            "module.eks.aws_iam_role.eks_fargate_system_role",
            "module.eks.aws_iam_role_policy_attachment.AmazonEKSCloudWatchMetricsPolicy",
            "module.eks.aws_iam_role_policy_attachment.AmazonEKSClusterPolicy",
            "module.eks.aws_iam_role_policy_attachment.AmazonEKSClusterPolicy1",
            "module.eks.aws_iam_role_policy_attachment.AmazonEKSClusterPolicy2",
            "module.eks.aws_iam_role_policy_attachment.AmazonEKSFargatePodExecutionRolePolicy",
            "module.eks.aws_iam_role_policy_attachment.AmazonEKSFargatePodExecutionRolePolicy2",
            "module.eks.aws_iam_role_policy_attachment.AmazonEKSVPCResourceController",
            "module.eks.aws_iam_role_policy_attachment.AmazonEKSVPCResourceController1",
            "module.eks.aws_iam_role_policy_attachment.AmazonEKSVPCResourceController2",
            "module.eks.data.tls_certificate.auth",
            "module.vpc.aws_default_security_group.default",
            "module.vpc.aws_eip.nat_eip",
            "module.vpc.aws_internet_gateway.internet_gw",
            "module.vpc.aws_nat_gateway.nat_gw",
            "module.vpc.aws_route.private_nat_gw_route",
            "module.vpc.aws_route.public_internet_route",
            "module.vpc.aws_route_table.private_rt",
            "module.vpc.aws_route_table.public_rt",
            "module.vpc.aws_route_table_association.private-rt-assotion",
            "module.vpc.aws_route_table_association.public-rt-assotion",
            "module.vpc.aws_security_group.custom",
            "module.vpc.aws_subnet.private_subnet",
            "module.vpc.aws_subnet.public_subnet",
            "module.vpc.aws_vpc.main_vpc"
          ]
        }
      ]
    },
    {
      "module": "module.aws_alb_controller",
      "mode": "managed",
      "type": "kubernetes_cluster_role",
      "name": "this",
      "provider": "provider[\"registry.terraform.io/hashicorp/kubernetes\"]",
      "instances": [
        {
          "schema_version": 0,
          "attributes": {
            "aggregation_rule": [],
            "id": "aws-load-balancer-controller",
            "metadata": [
              {
                "annotations": null,
                "generation": 0,
                "labels": {
                  "app.kubernetes.io/managed-by": "terraform",
                  "app.kubernetes.io/name": "aws-load-balancer-controller"
                },
                "name": "aws-load-balancer-controller",
                "resource_version": "1462",
                "self_link": "",
                "uid": "57b93cc0-0d0a-4b3a-a436-5b0b7f285386"
              }
            ],
            "rule": [
              {
                "api_groups": [
                  "",
                  "extensions"
                ],
                "non_resource_urls": null,
                "resource_names": null,
                "resources": [
                  "configmaps",
                  "endpoints",
                  "events",
                  "ingresses",
                  "ingresses/status",
                  "services"
                ],
                "verbs": [
                  "create",
                  "get",
                  "list",
                  "update",
                  "watch",
                  "patch"
                ]
              },
              {
                "api_groups": [
                  "",
                  "extensions"
                ],
                "non_resource_urls": null,
                "resource_names": null,
                "resources": [
                  "nodes",
                  "pods",
                  "secrets",
                  "services",
                  "namespaces"
                ],
                "verbs": [
                  "get",
                  "list",
                  "watch"
                ]
              }
            ]
          },
          "sensitive_attributes": [],
          "private": "bnVsbA==",
          "dependencies": [
            "data.aws_eks_cluster.eks_cluster",
            "data.aws_eks_cluster_auth.aws_iam_authenticator",
            "module.coredns_patching.data.aws_caller_identity.current",
            "module.coredns_patching.data.aws_eks_cluster.selected",
            "module.coredns_patching.data.aws_eks_cluster_auth.selected",
            "module.coredns_patching.data.aws_region.current",
            "module.coredns_patching.data.template_file.kubeconfig",
            "module.coredns_patching.null_resource.coredns_patch_linux",
            "module.coredns_patching.null_resource.coredns_patch_windows",
            "module.coredns_patching.null_resource.coredns_restart",
            "module.coredns_patching.null_resource.coredns_restart_linux",
            "module.coredns_patching.null_resource.update_kubeconfig_windows",
            "module.eks.aws_cloudwatch_log_group.cloudwatch_log_group",
            "module.eks.aws_eks_cluster.eks_cluster",
            "module.eks.aws_eks_fargate_profile.eks_fargate_app",
            "module.eks.aws_eks_fargate_profile.eks_fargate_system",
            "module.eks.aws_iam_openid_connect_provider.oidc_provider",
            "module.eks.aws_iam_policy.AmazonEKSClusterCloudWatchMetricsPolicy",
            "module.eks.aws_iam_role.eks_cluster_role",
            "module.eks.aws_iam_role.eks_fargate_role",
            "module.eks.aws_iam_role.eks_fargate_system_role",
            "module.eks.aws_iam_role_policy_attachment.AmazonEKSCloudWatchMetricsPolicy",
            "module.eks.aws_iam_role_policy_attachment.AmazonEKSClusterPolicy",
            "module.eks.aws_iam_role_policy_attachment.AmazonEKSClusterPolicy1",
            "module.eks.aws_iam_role_policy_attachment.AmazonEKSClusterPolicy2",
            "module.eks.aws_iam_role_policy_attachment.AmazonEKSFargatePodExecutionRolePolicy",
            "module.eks.aws_iam_role_policy_attachment.AmazonEKSFargatePodExecutionRolePolicy2",
            "module.eks.aws_iam_role_policy_attachment.AmazonEKSVPCResourceController",
            "module.eks.aws_iam_role_policy_attachment.AmazonEKSVPCResourceController1",
            "module.eks.aws_iam_role_policy_attachment.AmazonEKSVPCResourceController2",
            "module.eks.data.tls_certificate.auth",
            "module.vpc.aws_default_security_group.default",
            "module.vpc.aws_eip.nat_eip",
            "module.vpc.aws_internet_gateway.internet_gw",
            "module.vpc.aws_nat_gateway.nat_gw",
            "module.vpc.aws_route.private_nat_gw_route",
            "module.vpc.aws_route.public_internet_route",
            "module.vpc.aws_route_table.private_rt",
            "module.vpc.aws_route_table.public_rt",
            "module.vpc.aws_route_table_association.private-rt-assotion",
            "module.vpc.aws_route_table_association.public-rt-assotion",
            "module.vpc.aws_security_group.custom",
            "module.vpc.aws_subnet.private_subnet",
            "module.vpc.aws_subnet.public_subnet",
            "module.vpc.aws_vpc.main_vpc"
          ]
        }
      ]
    },
    {
      "module": "module.aws_alb_controller",
      "mode": "managed",
      "type": "kubernetes_cluster_role_binding",
      "name": "this",
      "provider": "provider[\"registry.terraform.io/hashicorp/kubernetes\"]",
      "instances": [
        {
          "schema_version": 0,
          "attributes": {
            "id": "aws-load-balancer-controller",
            "metadata": [
              {
                "annotations": null,
                "generation": 0,
                "labels": {
                  "app.kubernetes.io/managed-by": "terraform",
                  "app.kubernetes.io/name": "aws-load-balancer-controller"
                },
                "name": "aws-load-balancer-controller",
                "resource_version": "1478",
                "self_link": "",
                "uid": "e91b1f1b-87e9-4ff8-b81b-15878da82b10"
              }
            ],
            "role_ref": [
              {
                "api_group": "rbac.authorization.k8s.io",
                "kind": "ClusterRole",
                "name": "aws-load-balancer-controller"
              }
            ],
            "subject": [
              {
                "api_group": "",
                "kind": "ServiceAccount",
                "name": "aws-load-balancer-controller",
                "namespace": "kube-system"
              }
            ]
          },
          "sensitive_attributes": [],
          "private": "bnVsbA==",
          "dependencies": [
            "data.aws_eks_cluster.eks_cluster",
            "data.aws_eks_cluster_auth.aws_iam_authenticator",
            "module.aws_alb_controller.aws_iam_role.this",
            "module.aws_alb_controller.data.aws_caller_identity.current",
            "module.aws_alb_controller.data.aws_eks_cluster.selected",
            "module.aws_alb_controller.data.aws_iam_policy_document.ec2_assume_role",
            "module.aws_alb_controller.data.aws_iam_policy_document.eks_oidc_assume_role",
            "module.aws_alb_controller.kubernetes_cluster_role.this",
            "module.aws_alb_controller.kubernetes_service_account.this",
            "module.coredns_patching.data.aws_caller_identity.current",
            "module.coredns_patching.data.aws_eks_cluster.selected",
            "module.coredns_patching.data.aws_eks_cluster_auth.selected",
            "module.coredns_patching.data.aws_region.current",
            "module.coredns_patching.data.template_file.kubeconfig",
            "module.coredns_patching.null_resource.coredns_patch_linux",
            "module.coredns_patching.null_resource.coredns_patch_windows",
            "module.coredns_patching.null_resource.coredns_restart",
            "module.coredns_patching.null_resource.coredns_restart_linux",
            "module.coredns_patching.null_resource.update_kubeconfig_windows",
            "module.eks.aws_cloudwatch_log_group.cloudwatch_log_group",
            "module.eks.aws_eks_cluster.eks_cluster",
            "module.eks.aws_eks_fargate_profile.eks_fargate_app",
            "module.eks.aws_eks_fargate_profile.eks_fargate_system",
            "module.eks.aws_iam_openid_connect_provider.oidc_provider",
            "module.eks.aws_iam_policy.AmazonEKSClusterCloudWatchMetricsPolicy",
            "module.eks.aws_iam_role.eks_cluster_role",
            "module.eks.aws_iam_role.eks_fargate_role",
            "module.eks.aws_iam_role.eks_fargate_system_role",
            "module.eks.aws_iam_role_policy_attachment.AmazonEKSCloudWatchMetricsPolicy",
            "module.eks.aws_iam_role_policy_attachment.AmazonEKSClusterPolicy",
            "module.eks.aws_iam_role_policy_attachment.AmazonEKSClusterPolicy1",
            "module.eks.aws_iam_role_policy_attachment.AmazonEKSClusterPolicy2",
            "module.eks.aws_iam_role_policy_attachment.AmazonEKSFargatePodExecutionRolePolicy",
            "module.eks.aws_iam_role_policy_attachment.AmazonEKSFargatePodExecutionRolePolicy2",
            "module.eks.aws_iam_role_policy_attachment.AmazonEKSVPCResourceController",
            "module.eks.aws_iam_role_policy_attachment.AmazonEKSVPCResourceController1",
            "module.eks.aws_iam_role_policy_attachment.AmazonEKSVPCResourceController2",
            "module.eks.data.tls_certificate.auth",
            "module.vpc.aws_default_security_group.default",
            "module.vpc.aws_eip.nat_eip",
            "module.vpc.aws_internet_gateway.internet_gw",
            "module.vpc.aws_nat_gateway.nat_gw",
            "module.vpc.aws_route.private_nat_gw_route",
            "module.vpc.aws_route.public_internet_route",
            "module.vpc.aws_route_table.private_rt",
            "module.vpc.aws_route_table.public_rt",
            "module.vpc.aws_route_table_association.private-rt-assotion",
            "module.vpc.aws_route_table_association.public-rt-assotion",
            "module.vpc.aws_security_group.custom",
            "module.vpc.aws_subnet.private_subnet",
            "module.vpc.aws_subnet.public_subnet",
            "module.vpc.aws_vpc.main_vpc"
          ]
        }
      ]
    },
    {
      "module": "module.aws_alb_controller",
      "mode": "managed",
      "type": "kubernetes_service_account",
      "name": "this",
      "provider": "provider[\"registry.terraform.io/hashicorp/kubernetes\"]",
      "instances": [
        {
          "schema_version": 0,
          "attributes": {
            "automount_service_account_token": true,
            "default_secret_name": "aws-load-balancer-controller-token-bscrx",
            "id": "kube-system/aws-load-balancer-controller",
            "image_pull_secret": [],
            "metadata": [
              {
                "annotations": {
                  "eks.amazonaws.com/role-arn": "arn:aws:iam::741032333307:role/k8s-acn-eks-clstr-testing-aws-load-balancer-controller"
                },
                "generate_name": "",
                "generation": 0,
                "labels": {
                  "app.kubernetes.io/component": "controller",
                  "app.kubernetes.io/managed-by": "terraform",
                  "app.kubernetes.io/name": "aws-load-balancer-controller"
                },
                "name": "aws-load-balancer-controller",
                "namespace": "kube-system",
                "resource_version": "1475",
                "self_link": "",
                "uid": "955252e6-e46f-49d8-9d77-190f77da252c"
              }
            ],
            "secret": [],
            "timeouts": null
          },
          "sensitive_attributes": [],
          "private": "eyJlMmJmYjczMC1lY2FhLTExZTYtOGY4OC0zNDM2M2JjN2M0YzAiOnsiY3JlYXRlIjozMDAwMDAwMDAwMH19",
          "dependencies": [
            "data.aws_eks_cluster.eks_cluster",
            "data.aws_eks_cluster_auth.aws_iam_authenticator",
            "module.aws_alb_controller.aws_iam_role.this",
            "module.aws_alb_controller.data.aws_caller_identity.current",
            "module.aws_alb_controller.data.aws_eks_cluster.selected",
            "module.aws_alb_controller.data.aws_iam_policy_document.ec2_assume_role",
            "module.aws_alb_controller.data.aws_iam_policy_document.eks_oidc_assume_role",
            "module.coredns_patching.data.aws_caller_identity.current",
            "module.coredns_patching.data.aws_eks_cluster.selected",
            "module.coredns_patching.data.aws_eks_cluster_auth.selected",
            "module.coredns_patching.data.aws_region.current",
            "module.coredns_patching.data.template_file.kubeconfig",
            "module.coredns_patching.null_resource.coredns_patch_linux",
            "module.coredns_patching.null_resource.coredns_patch_windows",
            "module.coredns_patching.null_resource.coredns_restart",
            "module.coredns_patching.null_resource.coredns_restart_linux",
            "module.coredns_patching.null_resource.update_kubeconfig_windows",
            "module.eks.aws_cloudwatch_log_group.cloudwatch_log_group",
            "module.eks.aws_eks_cluster.eks_cluster",
            "module.eks.aws_eks_fargate_profile.eks_fargate_app",
            "module.eks.aws_eks_fargate_profile.eks_fargate_system",
            "module.eks.aws_iam_openid_connect_provider.oidc_provider",
            "module.eks.aws_iam_policy.AmazonEKSClusterCloudWatchMetricsPolicy",
            "module.eks.aws_iam_role.eks_cluster_role",
            "module.eks.aws_iam_role.eks_fargate_role",
            "module.eks.aws_iam_role.eks_fargate_system_role",
            "module.eks.aws_iam_role_policy_attachment.AmazonEKSCloudWatchMetricsPolicy",
            "module.eks.aws_iam_role_policy_attachment.AmazonEKSClusterPolicy",
            "module.eks.aws_iam_role_policy_attachment.AmazonEKSClusterPolicy1",
            "module.eks.aws_iam_role_policy_attachment.AmazonEKSClusterPolicy2",
            "module.eks.aws_iam_role_policy_attachment.AmazonEKSFargatePodExecutionRolePolicy",
            "module.eks.aws_iam_role_policy_attachment.AmazonEKSFargatePodExecutionRolePolicy2",
            "module.eks.aws_iam_role_policy_attachment.AmazonEKSVPCResourceController",
            "module.eks.aws_iam_role_policy_attachment.AmazonEKSVPCResourceController1",
            "module.eks.aws_iam_role_policy_attachment.AmazonEKSVPCResourceController2",
            "module.eks.data.tls_certificate.auth",
            "module.vpc.aws_default_security_group.default",
            "module.vpc.aws_eip.nat_eip",
            "module.vpc.aws_internet_gateway.internet_gw",
            "module.vpc.aws_nat_gateway.nat_gw",
            "module.vpc.aws_route.private_nat_gw_route",
            "module.vpc.aws_route.public_internet_route",
            "module.vpc.aws_route_table.private_rt",
            "module.vpc.aws_route_table.public_rt",
            "module.vpc.aws_route_table_association.private-rt-assotion",
            "module.vpc.aws_route_table_association.public-rt-assotion",
            "module.vpc.aws_security_group.custom",
            "module.vpc.aws_subnet.private_subnet",
            "module.vpc.aws_subnet.public_subnet",
            "module.vpc.aws_vpc.main_vpc"
          ]
        }
      ]
    },
    {
      "module": "module.coredns_patching",
      "mode": "data",
      "type": "aws_caller_identity",
      "name": "current",
      "provider": "provider[\"registry.terraform.io/hashicorp/aws\"]",
      "instances": [
        {
          "schema_version": 0,
          "attributes": {
            "account_id": "741032333307",
            "arn": "arn:aws:sts::741032333307:assumed-role/User/suvendu.mandal@accenture.com",
            "id": "741032333307",
            "user_id": "AROA2ZCHYB75YVW4LVJGV:suvendu.mandal@accenture.com"
          },
          "sensitive_attributes": []
        }
      ]
    },
    {
      "module": "module.coredns_patching",
      "mode": "data",
      "type": "aws_eks_cluster",
      "name": "selected",
      "provider": "provider[\"registry.terraform.io/hashicorp/aws\"]",
      "instances": [
        {
          "index_key": 0,
          "schema_version": 0,
          "attributes": {
            "arn": "arn:aws:eks:eu-west-2:741032333307:cluster/acn-eks-clstr-testing",
            "certificate_authority": [
              {
                "data": "LS0tLS1CRUdJTiBDRVJUSUZJQ0FURS0tLS0tCk1JSUMvakNDQWVhZ0F3SUJBZ0lCQURBTkJna3Foa2lHOXcwQkFRc0ZBREFWTVJNd0VRWURWUVFERXdwcmRXSmwKY201bGRHVnpNQjRYRFRJeU1EVXlOakUyTXpFd05Wb1hEVE15TURVeU16RTJNekV3TlZvd0ZURVRNQkVHQTFVRQpBeE1LYTNWaVpYSnVaWFJsY3pDQ0FTSXdEUVlKS29aSWh2Y05BUUVCQlFBRGdnRVBBRENDQVFvQ2dnRUJBTDNyCnBTMUEzVUhaL2M0dlRVc1dHdWxMck5RQzBaSFMzWDFVbGU5UXI5YmF4dWg5Qm9xTDczY2o3djBkcTV0UysrMzUKcG5COUovREdxVjRjZy83VnBrTk9MVERONmZsME1TdEpUcUx6UE5lSUlYeVg1Nzd5YUkwb3dCcngxZlM4WDBnRAoxQ1FwUDhreWsvaUFGQ1Y3eWVHTi9NWGdvTEI0QUdUSktxL2VaOFRIM1c5bTlpcll4ZDMvUTZtR0VuK3g3cStaClA5QTFoMnB0a3M3RDhoZ1l2Z1FUN1lvL2s2L3J0VzR0M1lkTlNPR2ZBOThKeWszb2tUNWdyRzVweFFIRlpRUDEKK3dLYXY1dWYwU3lTOE1WVDJZSjFVMkk3d25aNjlMQytzcDFQaHZsZ2VVeWlOWm1nNGdUQ2ptS3piRmhnSGdnQwpZdWZVRFJLV0EwV2d6QjQ1djdzQ0F3RUFBYU5aTUZjd0RnWURWUjBQQVFIL0JBUURBZ0trTUE4R0ExVWRFd0VCCi93UUZNQU1CQWY4d0hRWURWUjBPQkJZRUZMOHU0Z2wvbzFHZngyVkVaejVPUE9hbVRzVmtNQlVHQTFVZEVRUU8KTUF5Q0NtdDFZbVZ5Ym1WMFpYTXdEUVlKS29aSWh2Y05BUUVMQlFBRGdnRUJBSG1LWVFuNHpsUmtjekpYYkZOOQpiUjN6K3VQTUxwdEN4OWszVXBHbWxZdHRFNE85aEpuVVFPWFd1YlA0bVZYTUlBSlFIN1BNeERtajkzbGoxbEVqCmt4bUFTUmVJeVN0TjRBMCtZd21HTmJFK0M2UzQ4UnMxNnhMV29JQk1NVjdIbm1nRFl0d25aYWV4cXB4Qy9KT3gKOTJPV3JQT0RBYnMxdWljQzB5ZGUvbnFpSDYyMkNJRDg2UEVVc0U1M1JVQ2RoaGVGMXcwR05iUmlVS29WL1hRdQp6MStmampJczYwQkdOTGhmVEJtM250cWdYZ2NZdlovRDZVZVdGOVhTdU9Jb1MrSk8wRFpPb2ZKU2ZUcExQWjVoClZzek82RGhya3dRT0JLTzNnVHJHTmMvSVRBWGkrQlRETUdsWjFyRnJMWG9mRjBHanpnQVJYUnk0NjNtM2M4aWUKN3BZPQotLS0tLUVORCBDRVJUSUZJQ0FURS0tLS0tCg=="
              }
            ],
            "created_at": "2022-05-26 16:25:32.659 +0000 UTC",
            "enabled_cluster_log_types": [
              "api",
              "audit",
              "authenticator",
              "controllerManager",
              "scheduler"
            ],
            "endpoint": "https://3282C6EF63A517F33883E170BEE3E10B.gr7.eu-west-2.eks.amazonaws.com",
            "id": "acn-eks-clstr-testing",
            "identity": [
              {
                "oidc": [
                  {
                    "issuer": "https://oidc.eks.eu-west-2.amazonaws.com/id/3282C6EF63A517F33883E170BEE3E10B"
                  }
                ]
              }
            ],
            "kubernetes_network_config": [
              {
                "ip_family": "ipv4",
                "service_ipv4_cidr": "10.100.0.0/16"
              }
            ],
            "name": "acn-eks-clstr-testing",
            "platform_version": "eks.1",
            "role_arn": "arn:aws:iam::741032333307:role/acn-eks-clstr-testing-cluster-role",
            "status": "ACTIVE",
            "tags": {},
            "version": "1.22",
            "vpc_config": [
              {
                "cluster_security_group_id": "sg-0cce65e0b4a8b5237",
                "endpoint_private_access": false,
                "endpoint_public_access": true,
                "public_access_cidrs": [
                  "0.0.0.0/0"
                ],
                "security_group_ids": [],
                "subnet_ids": [
                  "subnet-003d80df483ac269e",
                  "subnet-031df46e9cdded3f2",
                  "subnet-04814fff45f3c3d3b",
                  "subnet-08d4c1de7c5dae357",
                  "subnet-09f0f386f560d497c",
                  "subnet-0d4d3b882698184c8"
                ],
                "vpc_id": "vpc-0b70bc326976a4500"
              }
            ]
          },
          "sensitive_attributes": []
        }
      ]
    },
    {
      "module": "module.coredns_patching",
      "mode": "data",
      "type": "aws_eks_cluster_auth",
      "name": "selected",
      "provider": "provider[\"registry.terraform.io/hashicorp/aws\"]",
      "instances": [
        {
          "index_key": 0,
          "schema_version": 0,
          "attributes": {
            "id": "acn-eks-clstr-testing",
            "name": "acn-eks-clstr-testing",
            "token": "k8s-aws-v1.aHR0cHM6Ly9zdHMuYW1hem9uYXdzLmNvbS8_QWN0aW9uPUdldENhbGxlcklkZW50aXR5JlZlcnNpb249MjAxMS0wNi0xNSZYLUFtei1BbGdvcml0aG09QVdTNC1ITUFDLVNIQTI1NiZYLUFtei1DcmVkZW50aWFsPUFTSUEyWkNIWUI3NTNZQ1BBUk9LJTJGMjAyMjA1MjYlMkZ1cy1lYXN0LTElMkZzdHMlMkZhd3M0X3JlcXVlc3QmWC1BbXotRGF0ZT0yMDIyMDUyNlQxNjM3MjBaJlgtQW16LUV4cGlyZXM9MCZYLUFtei1TZWN1cml0eS1Ub2tlbj1JUW9KYjNKcFoybHVYMlZqRU1IJTJGJTJGJTJGJTJGJTJGJTJGJTJGJTJGJTJGJTJGd0VhQ1hWekxXVmhjM1F0TVNKSU1FWUNJUUNta0s0R1RDMDN2M1BteSUyRlNZYiUyRnliTjlvQ21YQ21mYzB6bUg5QWFYZVlIUUloQVBGMm1BaXNzQlFJRm0lMkJ3R0RRVW1Pa0F0OHF5dUtnc0cybDlRYlladlF4OEtySUNDS24lMkYlMkYlMkYlMkYlMkYlMkYlMkYlMkYlMkYlMkZ3RVFBaG9NTnpReE1ETXlNek16TXpBM0lneXlJSktSNkFETDFTVmdUcGtxaGdJejVIRVc1JTJCNXJzaUw4ZVhZMVplTEFuT1M5WVY1R3JEY2YlMkZCbUpzS1hCUXc4MXYwVkRkWVlYMjFYUGR2aEJ5Q3pobTc3QWpGVFd4dVVONE9OeG01dklXd3NIclZkdjdUQTJDJTJGS3dRcDhIMEpMVGpvOG1xaElOS1RJWHFVMDFHZFZOSGZrOUhvdTJKNlJob2NyNWFoSXNBeHglMkJjMGdwbDhhb1BMOThKMWwwSFplcEhpVEpUUkNiaiUyRlRHQU1rUVE2dFBKV2Z3OFVwcDE3VnJIV3BwNEkwSTlmcjIlMkZqVUJnZUM5cUNxTlZzJTJGazlJS0tvMDJLQkh2Wkc2d1pjcFc5VW9jd3d2RGM2VTljdVZWaEl6NGpZS0dxNUI4Z2dkU2lMVzlhZkNCRjJHS2tqcnRzVFJnbGNTRm1HemtRSzN6TWl2cTJWemk0SWxTcGx2dDdWQUlwNElYbHhXdjU4eHJ3TU9IUnZwUUdPcHdCQ3FFNWVPN3pscE43ZFdtSTZKcmVTaGxuek1JWjFhWUQ2NnlzQmdCJTJGYllZSnpyWFg5eGtJVEhuTXhma0FKVVo1ZDM3bkhTcjJrUGMlMkZ1NFBLY0xBcFE5QVlJb2E3MG5ZQUVPR3g1QnVRaXFTeklmR2MyRXh1QTB5eDJyMG0wcUtvWG55cXg1U01adVVLZjU3VTAwc2NEVlZ5TU5rJTJCOFo4RERsSm1XMDAxJTJCOVB1Q0FEQmJjSE1tSkE3ZWhqRFdqc0ZxVnVSbGl4RVRJNzBncHBhJlgtQW16LVNpZ25lZEhlYWRlcnM9aG9zdCUzQngtazhzLWF3cy1pZCZYLUFtei1TaWduYXR1cmU9OTIyMWQyNTQ3ZjU3OTI5MmY0YzA5ODZlZWUwNGIyOTdhOWI4NDI2NTA2ODkwYzhjNWJhMzljZTAxN2YxZDI2Mg"
          },
          "sensitive_attributes": []
        }
      ]
    },
    {
      "module": "module.coredns_patching",
      "mode": "data",
      "type": "aws_region",
      "name": "current",
      "provider": "provider[\"registry.terraform.io/hashicorp/aws\"]",
      "instances": [
        {
          "schema_version": 0,
          "attributes": {
            "description": "Europe (London)",
            "endpoint": "ec2.eu-west-2.amazonaws.com",
            "id": "eu-west-2",
            "name": "eu-west-2"
          },
          "sensitive_attributes": []
        }
      ]
    },
    {
      "module": "module.coredns_patching",
      "mode": "data",
      "type": "template_file",
      "name": "kubeconfig",
      "provider": "provider[\"registry.terraform.io/hashicorp/template\"]",
      "instances": [
        {
          "schema_version": 0,
          "attributes": {
            "filename": null,
            "id": "56c162ca1775d1ce76ba6f8b9efd0601e5e72d5f403254e64eae09cabc0f5d9d",
            "rendered": "apiVersion: v1\r\nkind: Config\r\ncurrent-context: terraform\r\nclusters:\r\n- name: acn-eks-clstr-testing\r\n  cluster:\r\n    certificate-authority-data: LS0tLS1CRUdJTiBDRVJUSUZJQ0FURS0tLS0tCk1JSUMvakNDQWVhZ0F3SUJBZ0lCQURBTkJna3Foa2lHOXcwQkFRc0ZBREFWTVJNd0VRWURWUVFERXdwcmRXSmwKY201bGRHVnpNQjRYRFRJeU1EVXlOakUyTXpFd05Wb1hEVE15TURVeU16RTJNekV3TlZvd0ZURVRNQkVHQTFVRQpBeE1LYTNWaVpYSnVaWFJsY3pDQ0FTSXdEUVlKS29aSWh2Y05BUUVCQlFBRGdnRVBBRENDQVFvQ2dnRUJBTDNyCnBTMUEzVUhaL2M0dlRVc1dHdWxMck5RQzBaSFMzWDFVbGU5UXI5YmF4dWg5Qm9xTDczY2o3djBkcTV0UysrMzUKcG5COUovREdxVjRjZy83VnBrTk9MVERONmZsME1TdEpUcUx6UE5lSUlYeVg1Nzd5YUkwb3dCcngxZlM4WDBnRAoxQ1FwUDhreWsvaUFGQ1Y3eWVHTi9NWGdvTEI0QUdUSktxL2VaOFRIM1c5bTlpcll4ZDMvUTZtR0VuK3g3cStaClA5QTFoMnB0a3M3RDhoZ1l2Z1FUN1lvL2s2L3J0VzR0M1lkTlNPR2ZBOThKeWszb2tUNWdyRzVweFFIRlpRUDEKK3dLYXY1dWYwU3lTOE1WVDJZSjFVMkk3d25aNjlMQytzcDFQaHZsZ2VVeWlOWm1nNGdUQ2ptS3piRmhnSGdnQwpZdWZVRFJLV0EwV2d6QjQ1djdzQ0F3RUFBYU5aTUZjd0RnWURWUjBQQVFIL0JBUURBZ0trTUE4R0ExVWRFd0VCCi93UUZNQU1CQWY4d0hRWURWUjBPQkJZRUZMOHU0Z2wvbzFHZngyVkVaejVPUE9hbVRzVmtNQlVHQTFVZEVRUU8KTUF5Q0NtdDFZbVZ5Ym1WMFpYTXdEUVlKS29aSWh2Y05BUUVMQlFBRGdnRUJBSG1LWVFuNHpsUmtjekpYYkZOOQpiUjN6K3VQTUxwdEN4OWszVXBHbWxZdHRFNE85aEpuVVFPWFd1YlA0bVZYTUlBSlFIN1BNeERtajkzbGoxbEVqCmt4bUFTUmVJeVN0TjRBMCtZd21HTmJFK0M2UzQ4UnMxNnhMV29JQk1NVjdIbm1nRFl0d25aYWV4cXB4Qy9KT3gKOTJPV3JQT0RBYnMxdWljQzB5ZGUvbnFpSDYyMkNJRDg2UEVVc0U1M1JVQ2RoaGVGMXcwR05iUmlVS29WL1hRdQp6MStmampJczYwQkdOTGhmVEJtM250cWdYZ2NZdlovRDZVZVdGOVhTdU9Jb1MrSk8wRFpPb2ZKU2ZUcExQWjVoClZzek82RGhya3dRT0JLTzNnVHJHTmMvSVRBWGkrQlRETUdsWjFyRnJMWG9mRjBHanpnQVJYUnk0NjNtM2M4aWUKN3BZPQotLS0tLUVORCBDRVJUSUZJQ0FURS0tLS0tCg==\r\n    server: https://3282C6EF63A517F33883E170BEE3E10B.gr7.eu-west-2.eks.amazonaws.com\r\ncontexts:\r\n- name: terraform\r\n  context:\r\n    cluster: acn-eks-clstr-testing\r\n    user: terraform\r\nusers:\r\n- name: terraform\r\n  user:\r\n    token: k8s-aws-v1.aHR0cHM6Ly9zdHMuYW1hem9uYXdzLmNvbS8_QWN0aW9uPUdldENhbGxlcklkZW50aXR5JlZlcnNpb249MjAxMS0wNi0xNSZYLUFtei1BbGdvcml0aG09QVdTNC1ITUFDLVNIQTI1NiZYLUFtei1DcmVkZW50aWFsPUFTSUEyWkNIWUI3NTNZQ1BBUk9LJTJGMjAyMjA1MjYlMkZ1cy1lYXN0LTElMkZzdHMlMkZhd3M0X3JlcXVlc3QmWC1BbXotRGF0ZT0yMDIyMDUyNlQxNjM3MjBaJlgtQW16LUV4cGlyZXM9MCZYLUFtei1TZWN1cml0eS1Ub2tlbj1JUW9KYjNKcFoybHVYMlZqRU1IJTJGJTJGJTJGJTJGJTJGJTJGJTJGJTJGJTJGJTJGd0VhQ1hWekxXVmhjM1F0TVNKSU1FWUNJUUNta0s0R1RDMDN2M1BteSUyRlNZYiUyRnliTjlvQ21YQ21mYzB6bUg5QWFYZVlIUUloQVBGMm1BaXNzQlFJRm0lMkJ3R0RRVW1Pa0F0OHF5dUtnc0cybDlRYlladlF4OEtySUNDS24lMkYlMkYlMkYlMkYlMkYlMkYlMkYlMkYlMkYlMkZ3RVFBaG9NTnpReE1ETXlNek16TXpBM0lneXlJSktSNkFETDFTVmdUcGtxaGdJejVIRVc1JTJCNXJzaUw4ZVhZMVplTEFuT1M5WVY1R3JEY2YlMkZCbUpzS1hCUXc4MXYwVkRkWVlYMjFYUGR2aEJ5Q3pobTc3QWpGVFd4dVVONE9OeG01dklXd3NIclZkdjdUQTJDJTJGS3dRcDhIMEpMVGpvOG1xaElOS1RJWHFVMDFHZFZOSGZrOUhvdTJKNlJob2NyNWFoSXNBeHglMkJjMGdwbDhhb1BMOThKMWwwSFplcEhpVEpUUkNiaiUyRlRHQU1rUVE2dFBKV2Z3OFVwcDE3VnJIV3BwNEkwSTlmcjIlMkZqVUJnZUM5cUNxTlZzJTJGazlJS0tvMDJLQkh2Wkc2d1pjcFc5VW9jd3d2RGM2VTljdVZWaEl6NGpZS0dxNUI4Z2dkU2lMVzlhZkNCRjJHS2tqcnRzVFJnbGNTRm1HemtRSzN6TWl2cTJWemk0SWxTcGx2dDdWQUlwNElYbHhXdjU4eHJ3TU9IUnZwUUdPcHdCQ3FFNWVPN3pscE43ZFdtSTZKcmVTaGxuek1JWjFhWUQ2NnlzQmdCJTJGYllZSnpyWFg5eGtJVEhuTXhma0FKVVo1ZDM3bkhTcjJrUGMlMkZ1NFBLY0xBcFE5QVlJb2E3MG5ZQUVPR3g1QnVRaXFTeklmR2MyRXh1QTB5eDJyMG0wcUtvWG55cXg1U01adVVLZjU3VTAwc2NEVlZ5TU5rJTJCOFo4RERsSm1XMDAxJTJCOVB1Q0FEQmJjSE1tSkE3ZWhqRFdqc0ZxVnVSbGl4RVRJNzBncHBhJlgtQW16LVNpZ25lZEhlYWRlcnM9aG9zdCUzQngtazhzLWF3cy1pZCZYLUFtei1TaWduYXR1cmU9OTIyMWQyNTQ3ZjU3OTI5MmY0YzA5ODZlZWUwNGIyOTdhOWI4NDI2NTA2ODkwYzhjNWJhMzljZTAxN2YxZDI2Mg\r\n",
            "template": "apiVersion: v1\r\nkind: Config\r\ncurrent-context: terraform\r\nclusters:\r\n- name: acn-eks-clstr-testing\r\n  cluster:\r\n    certificate-authority-data: LS0tLS1CRUdJTiBDRVJUSUZJQ0FURS0tLS0tCk1JSUMvakNDQWVhZ0F3SUJBZ0lCQURBTkJna3Foa2lHOXcwQkFRc0ZBREFWTVJNd0VRWURWUVFERXdwcmRXSmwKY201bGRHVnpNQjRYRFRJeU1EVXlOakUyTXpFd05Wb1hEVE15TURVeU16RTJNekV3TlZvd0ZURVRNQkVHQTFVRQpBeE1LYTNWaVpYSnVaWFJsY3pDQ0FTSXdEUVlKS29aSWh2Y05BUUVCQlFBRGdnRVBBRENDQVFvQ2dnRUJBTDNyCnBTMUEzVUhaL2M0dlRVc1dHdWxMck5RQzBaSFMzWDFVbGU5UXI5YmF4dWg5Qm9xTDczY2o3djBkcTV0UysrMzUKcG5COUovREdxVjRjZy83VnBrTk9MVERONmZsME1TdEpUcUx6UE5lSUlYeVg1Nzd5YUkwb3dCcngxZlM4WDBnRAoxQ1FwUDhreWsvaUFGQ1Y3eWVHTi9NWGdvTEI0QUdUSktxL2VaOFRIM1c5bTlpcll4ZDMvUTZtR0VuK3g3cStaClA5QTFoMnB0a3M3RDhoZ1l2Z1FUN1lvL2s2L3J0VzR0M1lkTlNPR2ZBOThKeWszb2tUNWdyRzVweFFIRlpRUDEKK3dLYXY1dWYwU3lTOE1WVDJZSjFVMkk3d25aNjlMQytzcDFQaHZsZ2VVeWlOWm1nNGdUQ2ptS3piRmhnSGdnQwpZdWZVRFJLV0EwV2d6QjQ1djdzQ0F3RUFBYU5aTUZjd0RnWURWUjBQQVFIL0JBUURBZ0trTUE4R0ExVWRFd0VCCi93UUZNQU1CQWY4d0hRWURWUjBPQkJZRUZMOHU0Z2wvbzFHZngyVkVaejVPUE9hbVRzVmtNQlVHQTFVZEVRUU8KTUF5Q0NtdDFZbVZ5Ym1WMFpYTXdEUVlKS29aSWh2Y05BUUVMQlFBRGdnRUJBSG1LWVFuNHpsUmtjekpYYkZOOQpiUjN6K3VQTUxwdEN4OWszVXBHbWxZdHRFNE85aEpuVVFPWFd1YlA0bVZYTUlBSlFIN1BNeERtajkzbGoxbEVqCmt4bUFTUmVJeVN0TjRBMCtZd21HTmJFK0M2UzQ4UnMxNnhMV29JQk1NVjdIbm1nRFl0d25aYWV4cXB4Qy9KT3gKOTJPV3JQT0RBYnMxdWljQzB5ZGUvbnFpSDYyMkNJRDg2UEVVc0U1M1JVQ2RoaGVGMXcwR05iUmlVS29WL1hRdQp6MStmampJczYwQkdOTGhmVEJtM250cWdYZ2NZdlovRDZVZVdGOVhTdU9Jb1MrSk8wRFpPb2ZKU2ZUcExQWjVoClZzek82RGhya3dRT0JLTzNnVHJHTmMvSVRBWGkrQlRETUdsWjFyRnJMWG9mRjBHanpnQVJYUnk0NjNtM2M4aWUKN3BZPQotLS0tLUVORCBDRVJUSUZJQ0FURS0tLS0tCg==\r\n    server: https://3282C6EF63A517F33883E170BEE3E10B.gr7.eu-west-2.eks.amazonaws.com\r\ncontexts:\r\n- name: terraform\r\n  context:\r\n    cluster: acn-eks-clstr-testing\r\n    user: terraform\r\nusers:\r\n- name: terraform\r\n  user:\r\n    token: k8s-aws-v1.aHR0cHM6Ly9zdHMuYW1hem9uYXdzLmNvbS8_QWN0aW9uPUdldENhbGxlcklkZW50aXR5JlZlcnNpb249MjAxMS0wNi0xNSZYLUFtei1BbGdvcml0aG09QVdTNC1ITUFDLVNIQTI1NiZYLUFtei1DcmVkZW50aWFsPUFTSUEyWkNIWUI3NTNZQ1BBUk9LJTJGMjAyMjA1MjYlMkZ1cy1lYXN0LTElMkZzdHMlMkZhd3M0X3JlcXVlc3QmWC1BbXotRGF0ZT0yMDIyMDUyNlQxNjM3MjBaJlgtQW16LUV4cGlyZXM9MCZYLUFtei1TZWN1cml0eS1Ub2tlbj1JUW9KYjNKcFoybHVYMlZqRU1IJTJGJTJGJTJGJTJGJTJGJTJGJTJGJTJGJTJGJTJGd0VhQ1hWekxXVmhjM1F0TVNKSU1FWUNJUUNta0s0R1RDMDN2M1BteSUyRlNZYiUyRnliTjlvQ21YQ21mYzB6bUg5QWFYZVlIUUloQVBGMm1BaXNzQlFJRm0lMkJ3R0RRVW1Pa0F0OHF5dUtnc0cybDlRYlladlF4OEtySUNDS24lMkYlMkYlMkYlMkYlMkYlMkYlMkYlMkYlMkYlMkZ3RVFBaG9NTnpReE1ETXlNek16TXpBM0lneXlJSktSNkFETDFTVmdUcGtxaGdJejVIRVc1JTJCNXJzaUw4ZVhZMVplTEFuT1M5WVY1R3JEY2YlMkZCbUpzS1hCUXc4MXYwVkRkWVlYMjFYUGR2aEJ5Q3pobTc3QWpGVFd4dVVONE9OeG01dklXd3NIclZkdjdUQTJDJTJGS3dRcDhIMEpMVGpvOG1xaElOS1RJWHFVMDFHZFZOSGZrOUhvdTJKNlJob2NyNWFoSXNBeHglMkJjMGdwbDhhb1BMOThKMWwwSFplcEhpVEpUUkNiaiUyRlRHQU1rUVE2dFBKV2Z3OFVwcDE3VnJIV3BwNEkwSTlmcjIlMkZqVUJnZUM5cUNxTlZzJTJGazlJS0tvMDJLQkh2Wkc2d1pjcFc5VW9jd3d2RGM2VTljdVZWaEl6NGpZS0dxNUI4Z2dkU2lMVzlhZkNCRjJHS2tqcnRzVFJnbGNTRm1HemtRSzN6TWl2cTJWemk0SWxTcGx2dDdWQUlwNElYbHhXdjU4eHJ3TU9IUnZwUUdPcHdCQ3FFNWVPN3pscE43ZFdtSTZKcmVTaGxuek1JWjFhWUQ2NnlzQmdCJTJGYllZSnpyWFg5eGtJVEhuTXhma0FKVVo1ZDM3bkhTcjJrUGMlMkZ1NFBLY0xBcFE5QVlJb2E3MG5ZQUVPR3g1QnVRaXFTeklmR2MyRXh1QTB5eDJyMG0wcUtvWG55cXg1U01adVVLZjU3VTAwc2NEVlZ5TU5rJTJCOFo4RERsSm1XMDAxJTJCOVB1Q0FEQmJjSE1tSkE3ZWhqRFdqc0ZxVnVSbGl4RVRJNzBncHBhJlgtQW16LVNpZ25lZEhlYWRlcnM9aG9zdCUzQngtazhzLWF3cy1pZCZYLUFtei1TaWduYXR1cmU9OTIyMWQyNTQ3ZjU3OTI5MmY0YzA5ODZlZWUwNGIyOTdhOWI4NDI2NTA2ODkwYzhjNWJhMzljZTAxN2YxZDI2Mg\r\n",
            "vars": null
          },
          "sensitive_attributes": [
            [
              {
                "type": "get_attr",
                "value": "template"
              }
            ]
          ]
        }
      ]
    },
    {
      "module": "module.coredns_patching",
      "mode": "managed",
      "type": "null_resource",
      "name": "coredns_patch_windows",
      "provider": "provider[\"registry.terraform.io/hashicorp/null\"]",
      "instances": [
        {
          "index_key": 0,
          "schema_version": 0,
          "attributes": {
            "id": "785326565",
            "triggers": null
          },
          "sensitive_attributes": [],
          "private": "bnVsbA==",
          "dependencies": [
            "module.coredns_patching.data.aws_eks_cluster.selected",
            "module.coredns_patching.data.aws_region.current",
            "module.coredns_patching.null_resource.update_kubeconfig_windows",
            "module.eks.aws_cloudwatch_log_group.cloudwatch_log_group",
            "module.eks.aws_eks_cluster.eks_cluster",
            "module.eks.aws_eks_fargate_profile.eks_fargate_app",
            "module.eks.aws_eks_fargate_profile.eks_fargate_system",
            "module.eks.aws_iam_openid_connect_provider.oidc_provider",
            "module.eks.aws_iam_policy.AmazonEKSClusterCloudWatchMetricsPolicy",
            "module.eks.aws_iam_role.eks_cluster_role",
            "module.eks.aws_iam_role.eks_fargate_role",
            "module.eks.aws_iam_role.eks_fargate_system_role",
            "module.eks.aws_iam_role_policy_attachment.AmazonEKSCloudWatchMetricsPolicy",
            "module.eks.aws_iam_role_policy_attachment.AmazonEKSClusterPolicy",
            "module.eks.aws_iam_role_policy_attachment.AmazonEKSClusterPolicy1",
            "module.eks.aws_iam_role_policy_attachment.AmazonEKSClusterPolicy2",
            "module.eks.aws_iam_role_policy_attachment.AmazonEKSFargatePodExecutionRolePolicy",
            "module.eks.aws_iam_role_policy_attachment.AmazonEKSFargatePodExecutionRolePolicy2",
            "module.eks.aws_iam_role_policy_attachment.AmazonEKSVPCResourceController",
            "module.eks.aws_iam_role_policy_attachment.AmazonEKSVPCResourceController1",
            "module.eks.aws_iam_role_policy_attachment.AmazonEKSVPCResourceController2",
            "module.eks.data.tls_certificate.auth",
            "module.vpc.aws_default_security_group.default",
            "module.vpc.aws_eip.nat_eip",
            "module.vpc.aws_internet_gateway.internet_gw",
            "module.vpc.aws_nat_gateway.nat_gw",
            "module.vpc.aws_route.private_nat_gw_route",
            "module.vpc.aws_route.public_internet_route",
            "module.vpc.aws_route_table.private_rt",
            "module.vpc.aws_route_table.public_rt",
            "module.vpc.aws_route_table_association.private-rt-assotion",
            "module.vpc.aws_route_table_association.public-rt-assotion",
            "module.vpc.aws_security_group.custom",
            "module.vpc.aws_subnet.private_subnet",
            "module.vpc.aws_subnet.public_subnet",
            "module.vpc.aws_vpc.main_vpc"
          ]
        }
      ]
    },
    {
      "module": "module.coredns_patching",
      "mode": "managed",
      "type": "null_resource",
      "name": "coredns_restart",
      "provider": "provider[\"registry.terraform.io/hashicorp/null\"]",
      "instances": [
        {
          "index_key": 0,
          "schema_version": 0,
          "attributes": {
            "id": "2085092991",
            "triggers": null
          },
          "sensitive_attributes": [],
          "private": "bnVsbA==",
          "dependencies": [
            "module.coredns_patching.data.aws_eks_cluster.selected",
            "module.coredns_patching.data.aws_region.current",
            "module.coredns_patching.null_resource.coredns_patch_windows",
            "module.coredns_patching.null_resource.update_kubeconfig_windows",
            "module.eks.aws_cloudwatch_log_group.cloudwatch_log_group",
            "module.eks.aws_eks_cluster.eks_cluster",
            "module.eks.aws_eks_fargate_profile.eks_fargate_app",
            "module.eks.aws_eks_fargate_profile.eks_fargate_system",
            "module.eks.aws_iam_openid_connect_provider.oidc_provider",
            "module.eks.aws_iam_policy.AmazonEKSClusterCloudWatchMetricsPolicy",
            "module.eks.aws_iam_role.eks_cluster_role",
            "module.eks.aws_iam_role.eks_fargate_role",
            "module.eks.aws_iam_role.eks_fargate_system_role",
            "module.eks.aws_iam_role_policy_attachment.AmazonEKSCloudWatchMetricsPolicy",
            "module.eks.aws_iam_role_policy_attachment.AmazonEKSClusterPolicy",
            "module.eks.aws_iam_role_policy_attachment.AmazonEKSClusterPolicy1",
            "module.eks.aws_iam_role_policy_attachment.AmazonEKSClusterPolicy2",
            "module.eks.aws_iam_role_policy_attachment.AmazonEKSFargatePodExecutionRolePolicy",
            "module.eks.aws_iam_role_policy_attachment.AmazonEKSFargatePodExecutionRolePolicy2",
            "module.eks.aws_iam_role_policy_attachment.AmazonEKSVPCResourceController",
            "module.eks.aws_iam_role_policy_attachment.AmazonEKSVPCResourceController1",
            "module.eks.aws_iam_role_policy_attachment.AmazonEKSVPCResourceController2",
            "module.eks.data.tls_certificate.auth",
            "module.vpc.aws_default_security_group.default",
            "module.vpc.aws_eip.nat_eip",
            "module.vpc.aws_internet_gateway.internet_gw",
            "module.vpc.aws_nat_gateway.nat_gw",
            "module.vpc.aws_route.private_nat_gw_route",
            "module.vpc.aws_route.public_internet_route",
            "module.vpc.aws_route_table.private_rt",
            "module.vpc.aws_route_table.public_rt",
            "module.vpc.aws_route_table_association.private-rt-assotion",
            "module.vpc.aws_route_table_association.public-rt-assotion",
            "module.vpc.aws_security_group.custom",
            "module.vpc.aws_subnet.private_subnet",
            "module.vpc.aws_subnet.public_subnet",
            "module.vpc.aws_vpc.main_vpc"
          ]
        }
      ]
    },
    {
      "module": "module.coredns_patching",
      "mode": "managed",
      "type": "null_resource",
      "name": "update_kubeconfig_windows",
      "provider": "provider[\"registry.terraform.io/hashicorp/null\"]",
      "instances": [
        {
          "index_key": 0,
          "schema_version": 0,
          "attributes": {
            "id": "394992357",
            "triggers": null
          },
          "sensitive_attributes": [],
          "private": "bnVsbA==",
          "dependencies": [
            "module.coredns_patching.data.aws_eks_cluster.selected",
            "module.coredns_patching.data.aws_region.current",
            "module.eks.aws_cloudwatch_log_group.cloudwatch_log_group",
            "module.eks.aws_eks_cluster.eks_cluster",
            "module.eks.aws_eks_fargate_profile.eks_fargate_app",
            "module.eks.aws_eks_fargate_profile.eks_fargate_system",
            "module.eks.aws_iam_openid_connect_provider.oidc_provider",
            "module.eks.aws_iam_policy.AmazonEKSClusterCloudWatchMetricsPolicy",
            "module.eks.aws_iam_role.eks_cluster_role",
            "module.eks.aws_iam_role.eks_fargate_role",
            "module.eks.aws_iam_role.eks_fargate_system_role",
            "module.eks.aws_iam_role_policy_attachment.AmazonEKSCloudWatchMetricsPolicy",
            "module.eks.aws_iam_role_policy_attachment.AmazonEKSClusterPolicy",
            "module.eks.aws_iam_role_policy_attachment.AmazonEKSClusterPolicy1",
            "module.eks.aws_iam_role_policy_attachment.AmazonEKSClusterPolicy2",
            "module.eks.aws_iam_role_policy_attachment.AmazonEKSFargatePodExecutionRolePolicy",
            "module.eks.aws_iam_role_policy_attachment.AmazonEKSFargatePodExecutionRolePolicy2",
            "module.eks.aws_iam_role_policy_attachment.AmazonEKSVPCResourceController",
            "module.eks.aws_iam_role_policy_attachment.AmazonEKSVPCResourceController1",
            "module.eks.aws_iam_role_policy_attachment.AmazonEKSVPCResourceController2",
            "module.eks.data.tls_certificate.auth",
            "module.vpc.aws_default_security_group.default",
            "module.vpc.aws_eip.nat_eip",
            "module.vpc.aws_internet_gateway.internet_gw",
            "module.vpc.aws_nat_gateway.nat_gw",
            "module.vpc.aws_route.private_nat_gw_route",
            "module.vpc.aws_route.public_internet_route",
            "module.vpc.aws_route_table.private_rt",
            "module.vpc.aws_route_table.public_rt",
            "module.vpc.aws_route_table_association.private-rt-assotion",
            "module.vpc.aws_route_table_association.public-rt-assotion",
            "module.vpc.aws_security_group.custom",
            "module.vpc.aws_subnet.private_subnet",
            "module.vpc.aws_subnet.public_subnet",
            "module.vpc.aws_vpc.main_vpc"
          ]
        }
      ]
    },
    {
      "module": "module.eks",
      "mode": "data",
      "type": "tls_certificate",
      "name": "auth",
      "provider": "provider[\"registry.terraform.io/hashicorp/tls\"]",
      "instances": [
        {
          "schema_version": 0,
          "attributes": {
            "certificates": [
              {
                "cert_pem": "-----BEGIN CERTIFICATE-----\nMIIEdTCCA12gAwIBAgIJAKcOSkw0grd/MA0GCSqGSIb3DQEBCwUAMGgxCzAJBgNV\nBAYTAlVTMSUwIwYDVQQKExxTdGFyZmllbGQgVGVjaG5vbG9naWVzLCBJbmMuMTIw\nMAYDVQQLEylTdGFyZmllbGQgQ2xhc3MgMiBDZXJ0aWZpY2F0aW9uIEF1dGhvcml0\neTAeFw0wOTA5MDIwMDAwMDBaFw0zNDA2MjgxNzM5MTZaMIGYMQswCQYDVQQGEwJV\nUzEQMA4GA1UECBMHQXJpem9uYTETMBEGA1UEBxMKU2NvdHRzZGFsZTElMCMGA1UE\nChMcU3RhcmZpZWxkIFRlY2hub2xvZ2llcywgSW5jLjE7MDkGA1UEAxMyU3RhcmZp\nZWxkIFNlcnZpY2VzIFJvb3QgQ2VydGlmaWNhdGUgQXV0aG9yaXR5IC0gRzIwggEi\nMA0GCSqGSIb3DQEBAQUAA4IBDwAwggEKAoIBAQDVDDrEKvlO4vW+GZdfjohTsR8/\ny8+fIBNtKTrID30892t2OGPZNmCom15cAICyL1l/9of5JUOG52kbUpqQ4XHj2C0N\nTm/2yEnZtvMaVq4rtnQU68/7JuMauh2WLmo7WJSJR1b/JaCTcFOD2oR0FMNnngRo\nOt+OQFodSk7PQ5E751bWAHDLUu57fa4657wx+UX2wmDPE1kCK4DMNEffud6QZW0C\nzyyRpqbn3oUYSXxmTqM6bam17jQuug0DuDPfR+uxa40l2ZvOgdFFRjKWcIfeAg5J\nQ4W2bHO7ZOphQazJ1FTfhy/HIrImzJ9ZVGif/L4qL8RVHHVAYBeFAlU5i38FAgMB\nAAGjgfAwge0wDwYDVR0TAQH/BAUwAwEB/zAOBgNVHQ8BAf8EBAMCAYYwHQYDVR0O\nBBYEFJxfAN+qAdcwKziIorhtSpzyEZGDMB8GA1UdIwQYMBaAFL9ft9HO3R+G9FtV\nrNzXEMIOqYjnME8GCCsGAQUFBwEBBEMwQTAcBggrBgEFBQcwAYYQaHR0cDovL28u\nc3MyLnVzLzAhBggrBgEFBQcwAoYVaHR0cDovL3guc3MyLnVzL3guY2VyMCYGA1Ud\nHwQfMB0wG6AZoBeGFWh0dHA6Ly9zLnNzMi51cy9yLmNybDARBgNVHSAECjAIMAYG\nBFUdIAAwDQYJKoZIhvcNAQELBQADggEBACMd44pXyn3pF3lM8R5V/cxTbj5HD9/G\nVfKyBDbtgB9TxF00KGu+x1X8Z+rLP3+QsjPNG1gQggL4+C/1E2DUBc7xgQjB3ad1\nl08YuW3e95ORCLp+QCztweq7dp4zBncdDQh/U90bZKuCJ/Fp1U1ervShw3WnWEQt\n8jxwmKy6abaVd38PMV4s/KCHOkdp8Hlf9BRUpJVeEXgSYCfOn8J3/yNTd126/+pZ\n59vPr5KW7ySaNRB6nJHGDn2Z9j8Z3/VyVOEVqQdZe4O/Ui5GjLIAZHYcSNPYeehu\nVsyuLAOQ1xk4meTKCRlb/weWsKh/NEnfVqn3sF/tM+2MR7cwA130A4w=\n-----END CERTIFICATE-----\n",
                "is_ca": true,
                "issuer": "OU=Starfield Class 2 Certification Authority,O=Starfield Technologies\\, Inc.,C=US",
                "not_after": "2034-06-28T17:39:16Z",
                "not_before": "2009-09-02T00:00:00Z",
                "public_key_algorithm": "RSA",
                "serial_number": "12037640545166866303",
                "sha1_fingerprint": "9e99a48a9960b14926bb7f3b02e22da2b0ab7280",
                "signature_algorithm": "SHA256-RSA",
                "subject": "CN=Starfield Services Root Certificate Authority - G2,O=Starfield Technologies\\, Inc.,L=Scottsdale,ST=Arizona,C=US",
                "version": 3
              },
              {
                "cert_pem": "-----BEGIN CERTIFICATE-----\nMIIEkjCCA3qgAwIBAgITBn+USionzfP6wq4rAfkI7rnExjANBgkqhkiG9w0BAQsF\nADCBmDELMAkGA1UEBhMCVVMxEDAOBgNVBAgTB0FyaXpvbmExEzARBgNVBAcTClNj\nb3R0c2RhbGUxJTAjBgNVBAoTHFN0YXJmaWVsZCBUZWNobm9sb2dpZXMsIEluYy4x\nOzA5BgNVBAMTMlN0YXJmaWVsZCBTZXJ2aWNlcyBSb290IENlcnRpZmljYXRlIEF1\ndGhvcml0eSAtIEcyMB4XDTE1MDUyNTEyMDAwMFoXDTM3MTIzMTAxMDAwMFowOTEL\nMAkGA1UEBhMCVVMxDzANBgNVBAoTBkFtYXpvbjEZMBcGA1UEAxMQQW1hem9uIFJv\nb3QgQ0EgMTCCASIwDQYJKoZIhvcNAQEBBQADggEPADCCAQoCggEBALJ4gHHKeNXj\nca9HgFB0fW7Y14h29Jlo91ghYPl0hAEvrAIthtOgQ3pOsqTQNroBvo3bSMgHFzZM\n9O6II8c+6zf1tRn4SWiw3te5djgdYZ6k/oI2peVKVuRF4fn9tBb6dNqcmzU5L/qw\nIFAGbHrQgLKm+a/sRxmPUDgH3KKHOVj4utWp+UhnMJbulHheb4mjUcAwhmahRWa6\nVOujw5H5SNz/0egwLX0tdHA114gk957EWW67c4cX8jJGKLhD+rcdqsq08p8kDi1L\n93FcXmn/6pUCyziKrlA4b9v7LWIbxcceVOF34GfID5yHI9Y/QCB/IIDEgEw+OyQm\njgSubJrIqg0CAwEAAaOCATEwggEtMA8GA1UdEwEB/wQFMAMBAf8wDgYDVR0PAQH/\nBAQDAgGGMB0GA1UdDgQWBBSEGMyFNOy8DJSULghZnMeyEE4KCDAfBgNVHSMEGDAW\ngBScXwDfqgHXMCs4iKK4bUqc8hGRgzB4BggrBgEFBQcBAQRsMGowLgYIKwYBBQUH\nMAGGImh0dHA6Ly9vY3NwLnJvb3RnMi5hbWF6b250cnVzdC5jb20wOAYIKwYBBQUH\nMAKGLGh0dHA6Ly9jcnQucm9vdGcyLmFtYXpvbnRydXN0LmNvbS9yb290ZzIuY2Vy\nMD0GA1UdHwQ2MDQwMqAwoC6GLGh0dHA6Ly9jcmwucm9vdGcyLmFtYXpvbnRydXN0\nLmNvbS9yb290ZzIuY3JsMBEGA1UdIAQKMAgwBgYEVR0gADANBgkqhkiG9w0BAQsF\nAAOCAQEAYjdCXLwQtT6LLOkMm2xF4gcAevnFWAu5CIw+7bMlPLVvUOTNNWqnkzSW\nMiGpSESrnO09tKpzbeR/FoCJbM8oAxiDR3mjEH4wW6w7sGDgd9QIpuEdfF7Au/ma\neyKdpwAJfqxGF4PcnCZXmTA5YpaP7dreqsXMGz7KQ2hsVxa81Q4gLv7/wmpdLqBK\nbRRYh5TmOTFffHPLkIhqhBGWJ6bt2YFGpn6jcgAKUj6DiAdjd4lpFw85hdKrCEVN\n0FE6/V1dN2RMfjCyVSRCnTawXZwXgWHxyvkQAiSr6w10kY17RSlQOYiypok1JR4U\nakcjMS9cmvqtmg5iUaQqqcT5NJ0hGA==\n-----END CERTIFICATE-----\n",
                "is_ca": true,
                "issuer": "CN=Starfield Services Root Certificate Authority - G2,O=Starfield Technologies\\, Inc.,L=Scottsdale,ST=Arizona,C=US",
                "not_after": "2037-12-31T01:00:00Z",
                "not_before": "2015-05-25T12:00:00Z",
                "public_key_algorithm": "RSA",
                "serial_number": "144918191876577076464031512351042010504348870",
                "sha1_fingerprint": "06b25927c42a721631c1efd9431e648fa62e1e39",
                "signature_algorithm": "SHA256-RSA",
                "subject": "CN=Amazon Root CA 1,O=Amazon,C=US",
                "version": 3
              },
              {
                "cert_pem": "-----BEGIN CERTIFICATE-----\nMIIESTCCAzGgAwIBAgITBn+UV4WH6Kx33rJTMlu8mYtWDTANBgkqhkiG9w0BAQsF\nADA5MQswCQYDVQQGEwJVUzEPMA0GA1UEChMGQW1hem9uMRkwFwYDVQQDExBBbWF6\nb24gUm9vdCBDQSAxMB4XDTE1MTAyMjAwMDAwMFoXDTI1MTAxOTAwMDAwMFowRjEL\nMAkGA1UEBhMCVVMxDzANBgNVBAoTBkFtYXpvbjEVMBMGA1UECxMMU2VydmVyIENB\nIDFCMQ8wDQYDVQQDEwZBbWF6b24wggEiMA0GCSqGSIb3DQEBAQUAA4IBDwAwggEK\nAoIBAQDCThZn3c68asg3Wuw6MLAd5tES6BIoSMzoKcG5blPVo+sDORrMd4f2AbnZ\ncMzPa43j4wNxhplty6aUKk4T1qe9BOwKFjwK6zmxxLVYo7bHViXsPlJ6qOMpFge5\nblDP+18x+B26A0piiQOuPkfyDyeR4xQghfj66Yo19V+emU3nazfvpFA+ROz6WoVm\nB5x+F2pV8xeKNR7u6azDdU5YVX1TawprmxRC1+WsAYmz6qP+z8ArDITC2FMVy2fw\n0IjKOtEXc/VfmtTFch5+AfGYMGMqqvJ6LcXiAhqG5TI+Dr0RtM88k+8XUBCeQ8IG\nKuANaL7TiItKZYxK1MMuTJtV9IblAgMBAAGjggE7MIIBNzASBgNVHRMBAf8ECDAG\nAQH/AgEAMA4GA1UdDwEB/wQEAwIBhjAdBgNVHQ4EFgQUWaRmBlKge5WSPKOUByeW\ndFv5PdAwHwYDVR0jBBgwFoAUhBjMhTTsvAyUlC4IWZzHshBOCggwewYIKwYBBQUH\nAQEEbzBtMC8GCCsGAQUFBzABhiNodHRwOi8vb2NzcC5yb290Y2ExLmFtYXpvbnRy\ndXN0LmNvbTA6BggrBgEFBQcwAoYuaHR0cDovL2NydC5yb290Y2ExLmFtYXpvbnRy\ndXN0LmNvbS9yb290Y2ExLmNlcjA/BgNVHR8EODA2MDSgMqAwhi5odHRwOi8vY3Js\nLnJvb3RjYTEuYW1hem9udHJ1c3QuY29tL3Jvb3RjYTEuY3JsMBMGA1UdIAQMMAow\nCAYGZ4EMAQIBMA0GCSqGSIb3DQEBCwUAA4IBAQCFkr41u3nPo4FCHOTjY3NTOVI1\n59Gt/a6ZiqyJEi+752+a1U5y6iAwYfmXss2lJwJFqMp2PphKg5625kXg8kP2CN5t\n6G7bMQcT8C8xDZNtYTd7WPD8UZiRKAJPBXa30/AbwuZe0GaFEQ8ugcYQgSn+IGBI\n8/LwhBNTZTUVEWuCUUBVV18YtbAiPq3yXqMB48Oz+ctBWuZSkbvkNodPLamkB2g1\nupRyzQ7qDn1X8nn8N8V7YJ6y68AtkHcNSRAnpTitxBKjtKPISLMVCx7i4hncxHZS\nyLyKQXhw2W2Xs0qLeC1etA+jTGDK4UfLeC0SF7FSi8o5LL21L8IzApar2pR/\n-----END CERTIFICATE-----\n",
                "is_ca": true,
                "issuer": "CN=Amazon Root CA 1,O=Amazon,C=US",
                "not_after": "2025-10-19T00:00:00Z",
                "not_before": "2015-10-22T00:00:00Z",
                "public_key_algorithm": "RSA",
                "serial_number": "144918209630989264145272943054026349679957517",
                "sha1_fingerprint": "917e732d330f9a12404f73d8bea36948b929dffc",
                "signature_algorithm": "SHA256-RSA",
                "subject": "CN=Amazon,OU=Server CA 1B,O=Amazon,C=US",
                "version": 3
              },
              {
                "cert_pem": "-----BEGIN CERTIFICATE-----\nMIIF+TCCBOGgAwIBAgIQCYA2QK6wkzx8l4l76sjlJzANBgkqhkiG9w0BAQsFADBG\nMQswCQYDVQQGEwJVUzEPMA0GA1UEChMGQW1hem9uMRUwEwYDVQQLEwxTZXJ2ZXIg\nQ0EgMUIxDzANBgNVBAMTBkFtYXpvbjAeFw0yMjA1MTUwMDAwMDBaFw0yMzA2MTMy\nMzU5NTlaMCsxKTAnBgNVBAMTIG9pZGMuZWtzLmV1LXdlc3QtMi5hbWF6b25hd3Mu\nY29tMIIBIjANBgkqhkiG9w0BAQEFAAOCAQ8AMIIBCgKCAQEA50zUkPCFXkjLO4dI\n06d6khEgLEUtPJEEHKkXHHCXCzsZ60mn44g2ZQdaecHrqfh4pSO+OicijZERDfvb\nFkquh6OJNGwtQ0UTQSne6ZpcCmXpSR53D9Hm7kOCC+HZUHO7/VSNz+LLCYvgDrht\nOT/cpv4KBEyX56K0UriGo4KjV6j25CD5bGwasPt9oyJssw3M3gnXzYLPs/6ByrKn\nCfJvDw7POf8xOfFbpIUUS6xZq7ESjs03Y1MJlfTudiipLbD7mTGjp5HErt///gbn\nXl6+EvyWCqNy3NpbHkfyCUDBxo8lAxfEJEYOOASvfRlFbr6/lXQFxczgXg42c97P\ntI5nrQIDAQABo4IC/DCCAvgwHwYDVR0jBBgwFoAUWaRmBlKge5WSPKOUByeWdFv5\nPdAwHQYDVR0OBBYEFNOTKVe6T6O2DZX/OjLtWmdMnPd4MCsGA1UdEQQkMCKCIG9p\nZGMuZWtzLmV1LXdlc3QtMi5hbWF6b25hd3MuY29tMA4GA1UdDwEB/wQEAwIFoDAd\nBgNVHSUEFjAUBggrBgEFBQcDAQYIKwYBBQUHAwIwPQYDVR0fBDYwNDAyoDCgLoYs\naHR0cDovL2NybC5zY2ExYi5hbWF6b250cnVzdC5jb20vc2NhMWItMS5jcmwwEwYD\nVR0gBAwwCjAIBgZngQwBAgEwdQYIKwYBBQUHAQEEaTBnMC0GCCsGAQUFBzABhiFo\ndHRwOi8vb2NzcC5zY2ExYi5hbWF6b250cnVzdC5jb20wNgYIKwYBBQUHMAKGKmh0\ndHA6Ly9jcnQuc2NhMWIuYW1hem9udHJ1c3QuY29tL3NjYTFiLmNydDAMBgNVHRMB\nAf8EAjAAMIIBfwYKKwYBBAHWeQIEAgSCAW8EggFrAWkAdgDoPtDaPvUGNTLnVyi8\niWvJA9PL0RFr7Otp4Xd9bQa9bgAAAYDFFUU5AAAEAwBHMEUCIQCV7YrHFaMLsuG7\nKMvNH53PI1LDiCGpGQunXRJnuASJxwIgJaIM8B01ofRCq7DVZDSBiOWZc4at6MNE\nyRVIlhsR9JgAdwA1zxkbv7FsV78PrUxtQsu7ticgJlHqP+Eq76gDwzvWTAAAAYDF\nFUVXAAAEAwBIMEYCIQCy+Rtq49g9bwgp8dEhXCRyJq6CoAXtv+P3E7SMwCqBJQIh\nAOL419EoUX6U73248gKIHfX7G7ZjvI2L61zEc+YSHMBDAHYAtz77JN+cTbp18jnF\nulj0bF38Qs96nzXEnh0JgSXttJkAAAGAxRVFRgAABAMARzBFAiAytHTEuaKG+F2Y\nSFf+CYs5PHoZfgFqztZf/WSanPF00gIhAPyckvSwG5zbqKIf5EnEuHU/KuEtKYzn\nPLrMfYbiYGSEMA0GCSqGSIb3DQEBCwUAA4IBAQBn02bNlXHXiMujbaTEkSPceh+O\n6zNOsY3wAjIvPUNjYE63yC8BenqPn7HvP3ZCojftjwldUeQvVx+vqTm2ZUTYflXm\nw4WTU9TyQJ4Uwxo8sYCE1/UeeKXSbJsWK7IWS5r5HMMsweKGJDB6LGEIZrnnQ9PS\nFhR9FB80xTbOe7sAfxkh9zYmNIYKYpIPjDu4dJAjvENd934LewcEGuWUEAC62yrD\ncYBSO8FT5eqGpkLTnSYJ7oEnZu/GKeGG7plu+0UWtNB51KPIAJ2SjIVRKxGU0eoY\nZOtZt+DsFBywJlHMWYqxz/GImy1oDeMXtXz9aqHtrhfbsc69uiDLnlgr1/Q6\n-----END CERTIFICATE-----\n",
                "is_ca": false,
                "issuer": "CN=Amazon,OU=Server CA 1B,O=Amazon,C=US",
                "not_after": "2023-06-13T23:59:59Z",
                "not_before": "2022-05-15T00:00:00Z",
                "public_key_algorithm": "RSA",
                "serial_number": "12628766334741556852528304711824631079",
                "sha1_fingerprint": "4b43d7807d48276413b299746f08fd82f37b9f7b",
                "signature_algorithm": "SHA256-RSA",
                "subject": "CN=oidc.eks.eu-west-2.amazonaws.com",
                "version": 3
              }
            ],
            "content": null,
            "id": "2f9db3e6d2a0210250c7f3833ee5ce290f93116d",
            "url": "https://oidc.eks.eu-west-2.amazonaws.com/id/3282C6EF63A517F33883E170BEE3E10B",
            "verify_chain": true
          },
          "sensitive_attributes": []
        }
      ]
    },
    {
      "module": "module.eks",
      "mode": "managed",
      "type": "aws_cloudwatch_log_group",
      "name": "cloudwatch_log_group",
      "provider": "provider[\"registry.terraform.io/hashicorp/aws\"]",
      "instances": [
        {
          "schema_version": 0,
          "attributes": {
            "arn": "arn:aws:logs:eu-west-2:741032333307:log-group:/aws/eks/acn-eks-clstr-testing/cluster",
            "id": "/aws/eks/acn-eks-clstr-testing/cluster",
            "kms_key_id": "",
            "name": "/aws/eks/acn-eks-clstr-testing/cluster",
            "name_prefix": null,
            "retention_in_days": 30,
            "tags": {
              "Name": "acn-eks-clstr-testing-eks-cloudwatch-log-group"
            },
            "tags_all": {
              "Name": "acn-eks-clstr-testing-eks-cloudwatch-log-group"
            }
          },
          "sensitive_attributes": [],
          "private": "bnVsbA==",
          "dependencies": [
            "module.vpc.aws_default_security_group.default",
            "module.vpc.aws_eip.nat_eip",
            "module.vpc.aws_internet_gateway.internet_gw",
            "module.vpc.aws_nat_gateway.nat_gw",
            "module.vpc.aws_route.private_nat_gw_route",
            "module.vpc.aws_route.public_internet_route",
            "module.vpc.aws_route_table.private_rt",
            "module.vpc.aws_route_table.public_rt",
            "module.vpc.aws_route_table_association.private-rt-assotion",
            "module.vpc.aws_route_table_association.public-rt-assotion",
            "module.vpc.aws_security_group.custom",
            "module.vpc.aws_subnet.private_subnet",
            "module.vpc.aws_subnet.public_subnet",
            "module.vpc.aws_vpc.main_vpc"
          ]
        }
      ]
    },
    {
      "module": "module.eks",
      "mode": "managed",
      "type": "aws_eks_cluster",
      "name": "eks_cluster",
      "provider": "provider[\"registry.terraform.io/hashicorp/aws\"]",
      "instances": [
        {
          "schema_version": 0,
          "attributes": {
            "arn": "arn:aws:eks:eu-west-2:741032333307:cluster/acn-eks-clstr-testing",
            "certificate_authority": [
              {
                "data": "LS0tLS1CRUdJTiBDRVJUSUZJQ0FURS0tLS0tCk1JSUMvakNDQWVhZ0F3SUJBZ0lCQURBTkJna3Foa2lHOXcwQkFRc0ZBREFWTVJNd0VRWURWUVFERXdwcmRXSmwKY201bGRHVnpNQjRYRFRJeU1EVXlOakUyTXpFd05Wb1hEVE15TURVeU16RTJNekV3TlZvd0ZURVRNQkVHQTFVRQpBeE1LYTNWaVpYSnVaWFJsY3pDQ0FTSXdEUVlKS29aSWh2Y05BUUVCQlFBRGdnRVBBRENDQVFvQ2dnRUJBTDNyCnBTMUEzVUhaL2M0dlRVc1dHdWxMck5RQzBaSFMzWDFVbGU5UXI5YmF4dWg5Qm9xTDczY2o3djBkcTV0UysrMzUKcG5COUovREdxVjRjZy83VnBrTk9MVERONmZsME1TdEpUcUx6UE5lSUlYeVg1Nzd5YUkwb3dCcngxZlM4WDBnRAoxQ1FwUDhreWsvaUFGQ1Y3eWVHTi9NWGdvTEI0QUdUSktxL2VaOFRIM1c5bTlpcll4ZDMvUTZtR0VuK3g3cStaClA5QTFoMnB0a3M3RDhoZ1l2Z1FUN1lvL2s2L3J0VzR0M1lkTlNPR2ZBOThKeWszb2tUNWdyRzVweFFIRlpRUDEKK3dLYXY1dWYwU3lTOE1WVDJZSjFVMkk3d25aNjlMQytzcDFQaHZsZ2VVeWlOWm1nNGdUQ2ptS3piRmhnSGdnQwpZdWZVRFJLV0EwV2d6QjQ1djdzQ0F3RUFBYU5aTUZjd0RnWURWUjBQQVFIL0JBUURBZ0trTUE4R0ExVWRFd0VCCi93UUZNQU1CQWY4d0hRWURWUjBPQkJZRUZMOHU0Z2wvbzFHZngyVkVaejVPUE9hbVRzVmtNQlVHQTFVZEVRUU8KTUF5Q0NtdDFZbVZ5Ym1WMFpYTXdEUVlKS29aSWh2Y05BUUVMQlFBRGdnRUJBSG1LWVFuNHpsUmtjekpYYkZOOQpiUjN6K3VQTUxwdEN4OWszVXBHbWxZdHRFNE85aEpuVVFPWFd1YlA0bVZYTUlBSlFIN1BNeERtajkzbGoxbEVqCmt4bUFTUmVJeVN0TjRBMCtZd21HTmJFK0M2UzQ4UnMxNnhMV29JQk1NVjdIbm1nRFl0d25aYWV4cXB4Qy9KT3gKOTJPV3JQT0RBYnMxdWljQzB5ZGUvbnFpSDYyMkNJRDg2UEVVc0U1M1JVQ2RoaGVGMXcwR05iUmlVS29WL1hRdQp6MStmampJczYwQkdOTGhmVEJtM250cWdYZ2NZdlovRDZVZVdGOVhTdU9Jb1MrSk8wRFpPb2ZKU2ZUcExQWjVoClZzek82RGhya3dRT0JLTzNnVHJHTmMvSVRBWGkrQlRETUdsWjFyRnJMWG9mRjBHanpnQVJYUnk0NjNtM2M4aWUKN3BZPQotLS0tLUVORCBDRVJUSUZJQ0FURS0tLS0tCg=="
              }
            ],
            "created_at": "2022-05-26 16:25:32.659 +0000 UTC",
            "enabled_cluster_log_types": [
              "api",
              "audit",
              "authenticator",
              "controllerManager",
              "scheduler"
            ],
            "encryption_config": [],
            "endpoint": "https://3282C6EF63A517F33883E170BEE3E10B.gr7.eu-west-2.eks.amazonaws.com",
            "id": "acn-eks-clstr-testing",
            "identity": [
              {
                "oidc": [
                  {
                    "issuer": "https://oidc.eks.eu-west-2.amazonaws.com/id/3282C6EF63A517F33883E170BEE3E10B"
                  }
                ]
              }
            ],
            "kubernetes_network_config": [
              {
                "ip_family": "ipv4",
                "service_ipv4_cidr": "10.100.0.0/16"
              }
            ],
            "name": "acn-eks-clstr-testing",
            "platform_version": "eks.1",
            "role_arn": "arn:aws:iam::741032333307:role/acn-eks-clstr-testing-cluster-role",
            "status": "ACTIVE",
            "tags": null,
            "tags_all": {},
            "timeouts": {
              "create": null,
              "delete": "30m",
              "update": null
            },
            "version": "1.22",
            "vpc_config": [
              {
                "cluster_security_group_id": "sg-0cce65e0b4a8b5237",
                "endpoint_private_access": false,
                "endpoint_public_access": true,
                "public_access_cidrs": [
                  "0.0.0.0/0"
                ],
                "security_group_ids": null,
                "subnet_ids": [
                  "subnet-003d80df483ac269e",
                  "subnet-031df46e9cdded3f2",
                  "subnet-04814fff45f3c3d3b",
                  "subnet-08d4c1de7c5dae357",
                  "subnet-09f0f386f560d497c",
                  "subnet-0d4d3b882698184c8"
                ],
                "vpc_id": "vpc-0b70bc326976a4500"
              }
            ]
          },
          "sensitive_attributes": [],
          "private": "eyJlMmJmYjczMC1lY2FhLTExZTYtOGY4OC0zNDM2M2JjN2M0YzAiOnsiY3JlYXRlIjoxODAwMDAwMDAwMDAwLCJkZWxldGUiOjE4MDAwMDAwMDAwMDAsInVwZGF0ZSI6MzYwMDAwMDAwMDAwMH19",
          "dependencies": [
            "module.eks.aws_cloudwatch_log_group.cloudwatch_log_group",
            "module.eks.aws_iam_role.eks_cluster_role",
            "module.eks.aws_iam_role_policy_attachment.AmazonEKSClusterPolicy1",
            "module.eks.aws_iam_role_policy_attachment.AmazonEKSVPCResourceController1",
            "module.vpc.aws_default_security_group.default",
            "module.vpc.aws_eip.nat_eip",
            "module.vpc.aws_internet_gateway.internet_gw",
            "module.vpc.aws_nat_gateway.nat_gw",
            "module.vpc.aws_route.private_nat_gw_route",
            "module.vpc.aws_route.public_internet_route",
            "module.vpc.aws_route_table.private_rt",
            "module.vpc.aws_route_table.public_rt",
            "module.vpc.aws_route_table_association.private-rt-assotion",
            "module.vpc.aws_route_table_association.public-rt-assotion",
            "module.vpc.aws_security_group.custom",
            "module.vpc.aws_subnet.private_subnet",
            "module.vpc.aws_subnet.public_subnet",
            "module.vpc.aws_vpc.main_vpc"
          ]
        }
      ]
    },
    {
      "module": "module.eks",
      "mode": "managed",
      "type": "aws_eks_fargate_profile",
      "name": "eks_fargate_app",
      "provider": "provider[\"registry.terraform.io/hashicorp/aws\"]",
      "instances": [
        {
          "schema_version": 0,
          "attributes": {
            "arn": "arn:aws:eks:eu-west-2:741032333307:fargateprofile/acn-eks-clstr-testing/acn-eks-clstr-testing-app-fargate-profile/3ac0809c-86ff-c46f-1765-e84e6c1e2380",
            "cluster_name": "acn-eks-clstr-testing",
            "fargate_profile_name": "acn-eks-clstr-testing-app-fargate-profile",
            "id": "acn-eks-clstr-testing:acn-eks-clstr-testing-app-fargate-profile",
            "pod_execution_role_arn": "arn:aws:iam::741032333307:role/acn-eks-clstr-fargate_cluster_role",
            "selector": [
              {
                "labels": null,
                "namespace": "ns-fargate-app"
              }
            ],
            "status": "ACTIVE",
            "subnet_ids": [
              "subnet-031df46e9cdded3f2",
              "subnet-08d4c1de7c5dae357",
              "subnet-09f0f386f560d497c"
            ],
            "tags": null,
            "tags_all": {},
            "timeouts": {
              "create": "30m",
              "delete": "30m"
            }
          },
          "sensitive_attributes": [],
          "private": "eyJlMmJmYjczMC1lY2FhLTExZTYtOGY4OC0zNDM2M2JjN2M0YzAiOnsiY3JlYXRlIjoxODAwMDAwMDAwMDAwLCJkZWxldGUiOjE4MDAwMDAwMDAwMDB9fQ==",
          "dependencies": [
            "module.eks.aws_cloudwatch_log_group.cloudwatch_log_group",
            "module.eks.aws_eks_cluster.eks_cluster",
            "module.eks.aws_iam_role.eks_cluster_role",
            "module.eks.aws_iam_role.eks_fargate_role",
            "module.eks.aws_iam_role_policy_attachment.AmazonEKSClusterPolicy1",
            "module.eks.aws_iam_role_policy_attachment.AmazonEKSVPCResourceController1",
            "module.vpc.aws_default_security_group.default",
            "module.vpc.aws_eip.nat_eip",
            "module.vpc.aws_internet_gateway.internet_gw",
            "module.vpc.aws_nat_gateway.nat_gw",
            "module.vpc.aws_route.private_nat_gw_route",
            "module.vpc.aws_route.public_internet_route",
            "module.vpc.aws_route_table.private_rt",
            "module.vpc.aws_route_table.public_rt",
            "module.vpc.aws_route_table_association.private-rt-assotion",
            "module.vpc.aws_route_table_association.public-rt-assotion",
            "module.vpc.aws_security_group.custom",
            "module.vpc.aws_subnet.private_subnet",
            "module.vpc.aws_subnet.public_subnet",
            "module.vpc.aws_vpc.main_vpc"
          ]
        }
      ]
    },
    {
      "module": "module.eks",
      "mode": "managed",
      "type": "aws_eks_fargate_profile",
      "name": "eks_fargate_system",
      "provider": "provider[\"registry.terraform.io/hashicorp/aws\"]",
      "instances": [
        {
          "schema_version": 0,
          "attributes": {
            "arn": "arn:aws:eks:eu-west-2:741032333307:fargateprofile/acn-eks-clstr-testing/acn-eks-clstr-testing-system-fargate-profile/f0c0809d-33f2-2b7d-02e6-c75d383a92eb",
            "cluster_name": "acn-eks-clstr-testing",
            "fargate_profile_name": "acn-eks-clstr-testing-system-fargate-profile",
            "id": "acn-eks-clstr-testing:acn-eks-clstr-testing-system-fargate-profile",
            "pod_execution_role_arn": "arn:aws:iam::741032333307:role/acn-eks-clstr-eks_fargate_system_role",
            "selector": [
              {
                "labels": null,
                "namespace": "default"
              },
              {
                "labels": null,
                "namespace": "kube-system"
              }
            ],
            "status": "ACTIVE",
            "subnet_ids": [
              "subnet-031df46e9cdded3f2",
              "subnet-08d4c1de7c5dae357",
              "subnet-09f0f386f560d497c"
            ],
            "tags": null,
            "tags_all": {},
            "timeouts": {
              "create": "30m",
              "delete": "30m"
            }
          },
          "sensitive_attributes": [],
          "private": "eyJlMmJmYjczMC1lY2FhLTExZTYtOGY4OC0zNDM2M2JjN2M0YzAiOnsiY3JlYXRlIjoxODAwMDAwMDAwMDAwLCJkZWxldGUiOjE4MDAwMDAwMDAwMDB9fQ==",
          "dependencies": [
            "module.eks.aws_cloudwatch_log_group.cloudwatch_log_group",
            "module.eks.aws_eks_cluster.eks_cluster",
            "module.eks.aws_iam_role.eks_cluster_role",
            "module.eks.aws_iam_role.eks_fargate_system_role",
            "module.eks.aws_iam_role_policy_attachment.AmazonEKSClusterPolicy1",
            "module.eks.aws_iam_role_policy_attachment.AmazonEKSVPCResourceController1",
            "module.vpc.aws_default_security_group.default",
            "module.vpc.aws_eip.nat_eip",
            "module.vpc.aws_internet_gateway.internet_gw",
            "module.vpc.aws_nat_gateway.nat_gw",
            "module.vpc.aws_route.private_nat_gw_route",
            "module.vpc.aws_route.public_internet_route",
            "module.vpc.aws_route_table.private_rt",
            "module.vpc.aws_route_table.public_rt",
            "module.vpc.aws_route_table_association.private-rt-assotion",
            "module.vpc.aws_route_table_association.public-rt-assotion",
            "module.vpc.aws_security_group.custom",
            "module.vpc.aws_subnet.private_subnet",
            "module.vpc.aws_subnet.public_subnet",
            "module.vpc.aws_vpc.main_vpc"
          ]
        }
      ]
    },
    {
      "module": "module.eks",
      "mode": "managed",
      "type": "aws_iam_openid_connect_provider",
      "name": "oidc_provider",
      "provider": "provider[\"registry.terraform.io/hashicorp/aws\"]",
      "instances": [
        {
          "schema_version": 0,
          "attributes": {
            "arn": "arn:aws:iam::741032333307:oidc-provider/oidc.eks.eu-west-2.amazonaws.com/id/3282C6EF63A517F33883E170BEE3E10B",
            "client_id_list": [
              "sts.amazonaws.com"
            ],
            "id": "arn:aws:iam::741032333307:oidc-provider/oidc.eks.eu-west-2.amazonaws.com/id/3282C6EF63A517F33883E170BEE3E10B",
            "tags": {
              "Name": "acn-eks-clstr-testing-eks-irsa"
            },
            "tags_all": {
              "Name": "acn-eks-clstr-testing-eks-irsa"
            },
            "thumbprint_list": [
              "9e99a48a9960b14926bb7f3b02e22da2b0ab7280"
            ],
            "url": "oidc.eks.eu-west-2.amazonaws.com/id/3282C6EF63A517F33883E170BEE3E10B"
          },
          "sensitive_attributes": [],
          "private": "bnVsbA==",
          "dependencies": [
            "module.eks.aws_cloudwatch_log_group.cloudwatch_log_group",
            "module.eks.aws_eks_cluster.eks_cluster",
            "module.eks.aws_iam_role.eks_cluster_role",
            "module.eks.aws_iam_role_policy_attachment.AmazonEKSClusterPolicy1",
            "module.eks.aws_iam_role_policy_attachment.AmazonEKSVPCResourceController1",
            "module.eks.data.tls_certificate.auth",
            "module.vpc.aws_default_security_group.default",
            "module.vpc.aws_eip.nat_eip",
            "module.vpc.aws_internet_gateway.internet_gw",
            "module.vpc.aws_nat_gateway.nat_gw",
            "module.vpc.aws_route.private_nat_gw_route",
            "module.vpc.aws_route.public_internet_route",
            "module.vpc.aws_route_table.private_rt",
            "module.vpc.aws_route_table.public_rt",
            "module.vpc.aws_route_table_association.private-rt-assotion",
            "module.vpc.aws_route_table_association.public-rt-assotion",
            "module.vpc.aws_security_group.custom",
            "module.vpc.aws_subnet.private_subnet",
            "module.vpc.aws_subnet.public_subnet",
            "module.vpc.aws_vpc.main_vpc"
          ]
        }
      ]
    },
    {
      "module": "module.eks",
      "mode": "managed",
      "type": "aws_iam_policy",
      "name": "AmazonEKSClusterCloudWatchMetricsPolicy",
      "provider": "provider[\"registry.terraform.io/hashicorp/aws\"]",
      "instances": [
        {
          "schema_version": 0,
          "attributes": {
            "arn": "arn:aws:iam::741032333307:policy/acn-eks-clstr-testing-AmazonEKSClusterCloudWatchMetricsPolicy",
            "description": "",
            "id": "arn:aws:iam::741032333307:policy/acn-eks-clstr-testing-AmazonEKSClusterCloudWatchMetricsPolicy",
            "name": "acn-eks-clstr-testing-AmazonEKSClusterCloudWatchMetricsPolicy",
            "name_prefix": null,
            "path": "/",
            "policy": "{\"Statement\":[{\"Action\":[\"cloudwatch:PutMetricData\"],\"Effect\":\"Allow\",\"Resource\":\"*\"}],\"Version\":\"2012-10-17\"}",
            "policy_id": "ANPA2ZCHYB75W6AVV4PJN",
            "tags": null,
            "tags_all": {}
          },
          "sensitive_attributes": [],
          "private": "bnVsbA==",
          "dependencies": [
            "module.vpc.aws_default_security_group.default",
            "module.vpc.aws_eip.nat_eip",
            "module.vpc.aws_internet_gateway.internet_gw",
            "module.vpc.aws_nat_gateway.nat_gw",
            "module.vpc.aws_route.private_nat_gw_route",
            "module.vpc.aws_route.public_internet_route",
            "module.vpc.aws_route_table.private_rt",
            "module.vpc.aws_route_table.public_rt",
            "module.vpc.aws_route_table_association.private-rt-assotion",
            "module.vpc.aws_route_table_association.public-rt-assotion",
            "module.vpc.aws_security_group.custom",
            "module.vpc.aws_subnet.private_subnet",
            "module.vpc.aws_subnet.public_subnet",
            "module.vpc.aws_vpc.main_vpc"
          ]
        }
      ]
    },
    {
      "module": "module.eks",
      "mode": "managed",
      "type": "aws_iam_role",
      "name": "eks_cluster_role",
      "provider": "provider[\"registry.terraform.io/hashicorp/aws\"]",
      "instances": [
        {
          "schema_version": 0,
          "attributes": {
            "arn": "arn:aws:iam::741032333307:role/acn-eks-clstr-testing-cluster-role",
            "assume_role_policy": "{\"Version\":\"2012-10-17\",\"Statement\":[{\"Effect\":\"Allow\",\"Principal\":{\"Service\":[\"eks-fargate-pods.amazonaws.com\",\"eks.amazonaws.com\"]},\"Action\":\"sts:AssumeRole\"}]}",
            "create_date": "2022-05-26T16:25:29Z",
            "description": "Allow cluster to manage node groups, fargate nodes and cloudwatch logs",
            "force_detach_policies": true,
            "id": "acn-eks-clstr-testing-cluster-role",
            "inline_policy": [
              {
                "name": "",
                "policy": ""
              }
            ],
            "managed_policy_arns": [],
            "max_session_duration": 3600,
            "name": "acn-eks-clstr-testing-cluster-role",
            "name_prefix": "",
            "path": "/",
            "permissions_boundary": null,
            "tags": null,
            "tags_all": {},
            "unique_id": "AROA2ZCHYB75QLJK4634E"
          },
          "sensitive_attributes": [],
          "private": "bnVsbA==",
          "dependencies": [
            "module.vpc.aws_default_security_group.default",
            "module.vpc.aws_eip.nat_eip",
            "module.vpc.aws_internet_gateway.internet_gw",
            "module.vpc.aws_nat_gateway.nat_gw",
            "module.vpc.aws_route.private_nat_gw_route",
            "module.vpc.aws_route.public_internet_route",
            "module.vpc.aws_route_table.private_rt",
            "module.vpc.aws_route_table.public_rt",
            "module.vpc.aws_route_table_association.private-rt-assotion",
            "module.vpc.aws_route_table_association.public-rt-assotion",
            "module.vpc.aws_security_group.custom",
            "module.vpc.aws_subnet.private_subnet",
            "module.vpc.aws_subnet.public_subnet",
            "module.vpc.aws_vpc.main_vpc"
          ]
        }
      ]
    },
    {
      "module": "module.eks",
      "mode": "managed",
      "type": "aws_iam_role",
      "name": "eks_fargate_role",
      "provider": "provider[\"registry.terraform.io/hashicorp/aws\"]",
      "instances": [
        {
          "schema_version": 0,
          "attributes": {
            "arn": "arn:aws:iam::741032333307:role/acn-eks-clstr-fargate_cluster_role",
            "assume_role_policy": "{\"Version\":\"2012-10-17\",\"Statement\":[{\"Effect\":\"Allow\",\"Principal\":{\"Service\":[\"eks-fargate-pods.amazonaws.com\",\"eks.amazonaws.com\"]},\"Action\":\"sts:AssumeRole\"}]}",
            "create_date": "2022-05-26T16:25:29Z",
            "description": "Allow fargate cluster to allocate resources for running pods",
            "force_detach_policies": true,
            "id": "acn-eks-clstr-fargate_cluster_role",
            "inline_policy": [
              {
                "name": "",
                "policy": ""
              }
            ],
            "managed_policy_arns": [],
            "max_session_duration": 3600,
            "name": "acn-eks-clstr-fargate_cluster_role",
            "name_prefix": "",
            "path": "/",
            "permissions_boundary": null,
            "tags": null,
            "tags_all": {},
            "unique_id": "AROA2ZCHYB75756GG572C"
          },
          "sensitive_attributes": [],
          "private": "bnVsbA==",
          "dependencies": [
            "module.vpc.aws_default_security_group.default",
            "module.vpc.aws_eip.nat_eip",
            "module.vpc.aws_internet_gateway.internet_gw",
            "module.vpc.aws_nat_gateway.nat_gw",
            "module.vpc.aws_route.private_nat_gw_route",
            "module.vpc.aws_route.public_internet_route",
            "module.vpc.aws_route_table.private_rt",
            "module.vpc.aws_route_table.public_rt",
            "module.vpc.aws_route_table_association.private-rt-assotion",
            "module.vpc.aws_route_table_association.public-rt-assotion",
            "module.vpc.aws_security_group.custom",
            "module.vpc.aws_subnet.private_subnet",
            "module.vpc.aws_subnet.public_subnet",
            "module.vpc.aws_vpc.main_vpc"
          ]
        }
      ]
    },
    {
      "module": "module.eks",
      "mode": "managed",
      "type": "aws_iam_role",
      "name": "eks_fargate_system_role",
      "provider": "provider[\"registry.terraform.io/hashicorp/aws\"]",
      "instances": [
        {
          "schema_version": 0,
          "attributes": {
            "arn": "arn:aws:iam::741032333307:role/acn-eks-clstr-eks_fargate_system_role",
            "assume_role_policy": "{\"Version\":\"2012-10-17\",\"Statement\":[{\"Effect\":\"Allow\",\"Principal\":{\"Service\":[\"eks-fargate-pods.amazonaws.com\",\"eks.amazonaws.com\"]},\"Action\":\"sts:AssumeRole\"}]}",
            "create_date": "2022-05-26T16:25:29Z",
            "description": "Allow fargate cluster to allocate resources for running pods",
            "force_detach_policies": true,
            "id": "acn-eks-clstr-eks_fargate_system_role",
            "inline_policy": [
              {
                "name": "",
                "policy": ""
              }
            ],
            "managed_policy_arns": [],
            "max_session_duration": 3600,
            "name": "acn-eks-clstr-eks_fargate_system_role",
            "name_prefix": "",
            "path": "/",
            "permissions_boundary": null,
            "tags": null,
            "tags_all": {},
            "unique_id": "AROA2ZCHYB75X6EF5RBYQ"
          },
          "sensitive_attributes": [],
          "private": "bnVsbA==",
          "dependencies": [
            "module.vpc.aws_default_security_group.default",
            "module.vpc.aws_eip.nat_eip",
            "module.vpc.aws_internet_gateway.internet_gw",
            "module.vpc.aws_nat_gateway.nat_gw",
            "module.vpc.aws_route.private_nat_gw_route",
            "module.vpc.aws_route.public_internet_route",
            "module.vpc.aws_route_table.private_rt",
            "module.vpc.aws_route_table.public_rt",
            "module.vpc.aws_route_table_association.private-rt-assotion",
            "module.vpc.aws_route_table_association.public-rt-assotion",
            "module.vpc.aws_security_group.custom",
            "module.vpc.aws_subnet.private_subnet",
            "module.vpc.aws_subnet.public_subnet",
            "module.vpc.aws_vpc.main_vpc"
          ]
        }
      ]
    },
    {
      "module": "module.eks",
      "mode": "managed",
      "type": "aws_iam_role_policy_attachment",
      "name": "AmazonEKSCloudWatchMetricsPolicy",
      "provider": "provider[\"registry.terraform.io/hashicorp/aws\"]",
      "instances": [
        {
          "schema_version": 0,
          "attributes": {
            "id": "acn-eks-clstr-testing-cluster-role-20220526162530734300000008",
            "policy_arn": "arn:aws:iam::741032333307:policy/acn-eks-clstr-testing-AmazonEKSClusterCloudWatchMetricsPolicy",
            "role": "acn-eks-clstr-testing-cluster-role"
          },
          "sensitive_attributes": [],
          "private": "bnVsbA==",
          "dependencies": [
            "module.eks.aws_iam_policy.AmazonEKSClusterCloudWatchMetricsPolicy",
            "module.eks.aws_iam_role.eks_cluster_role",
            "module.vpc.aws_default_security_group.default",
            "module.vpc.aws_eip.nat_eip",
            "module.vpc.aws_internet_gateway.internet_gw",
            "module.vpc.aws_nat_gateway.nat_gw",
            "module.vpc.aws_route.private_nat_gw_route",
            "module.vpc.aws_route.public_internet_route",
            "module.vpc.aws_route_table.private_rt",
            "module.vpc.aws_route_table.public_rt",
            "module.vpc.aws_route_table_association.private-rt-assotion",
            "module.vpc.aws_route_table_association.public-rt-assotion",
            "module.vpc.aws_security_group.custom",
            "module.vpc.aws_subnet.private_subnet",
            "module.vpc.aws_subnet.public_subnet",
            "module.vpc.aws_vpc.main_vpc"
          ]
        }
      ]
    },
    {
      "module": "module.eks",
      "mode": "managed",
      "type": "aws_iam_role_policy_attachment",
      "name": "AmazonEKSClusterPolicy",
      "provider": "provider[\"registry.terraform.io/hashicorp/aws\"]",
      "instances": [
        {
          "schema_version": 0,
          "attributes": {
            "id": "acn-eks-clstr-fargate_cluster_role-20220526162530280500000002",
            "policy_arn": "arn:aws:iam::aws:policy/AmazonEKSClusterPolicy",
            "role": "acn-eks-clstr-fargate_cluster_role"
          },
          "sensitive_attributes": [],
          "private": "bnVsbA==",
          "dependencies": [
            "module.eks.aws_iam_role.eks_fargate_role",
            "module.vpc.aws_default_security_group.default",
            "module.vpc.aws_eip.nat_eip",
            "module.vpc.aws_internet_gateway.internet_gw",
            "module.vpc.aws_nat_gateway.nat_gw",
            "module.vpc.aws_route.private_nat_gw_route",
            "module.vpc.aws_route.public_internet_route",
            "module.vpc.aws_route_table.private_rt",
            "module.vpc.aws_route_table.public_rt",
            "module.vpc.aws_route_table_association.private-rt-assotion",
            "module.vpc.aws_route_table_association.public-rt-assotion",
            "module.vpc.aws_security_group.custom",
            "module.vpc.aws_subnet.private_subnet",
            "module.vpc.aws_subnet.public_subnet",
            "module.vpc.aws_vpc.main_vpc"
          ]
        }
      ]
    },
    {
      "module": "module.eks",
      "mode": "managed",
      "type": "aws_iam_role_policy_attachment",
      "name": "AmazonEKSClusterPolicy1",
      "provider": "provider[\"registry.terraform.io/hashicorp/aws\"]",
      "instances": [
        {
          "schema_version": 0,
          "attributes": {
            "id": "acn-eks-clstr-testing-cluster-role-20220526162530675300000007",
            "policy_arn": "arn:aws:iam::aws:policy/AmazonEKSClusterPolicy",
            "role": "acn-eks-clstr-testing-cluster-role"
          },
          "sensitive_attributes": [],
          "private": "bnVsbA==",
          "dependencies": [
            "module.eks.aws_iam_role.eks_cluster_role",
            "module.vpc.aws_default_security_group.default",
            "module.vpc.aws_eip.nat_eip",
            "module.vpc.aws_internet_gateway.internet_gw",
            "module.vpc.aws_nat_gateway.nat_gw",
            "module.vpc.aws_route.private_nat_gw_route",
            "module.vpc.aws_route.public_internet_route",
            "module.vpc.aws_route_table.private_rt",
            "module.vpc.aws_route_table.public_rt",
            "module.vpc.aws_route_table_association.private-rt-assotion",
            "module.vpc.aws_route_table_association.public-rt-assotion",
            "module.vpc.aws_security_group.custom",
            "module.vpc.aws_subnet.private_subnet",
            "module.vpc.aws_subnet.public_subnet",
            "module.vpc.aws_vpc.main_vpc"
          ]
        }
      ]
    },
    {
      "module": "module.eks",
      "mode": "managed",
      "type": "aws_iam_role_policy_attachment",
      "name": "AmazonEKSClusterPolicy2",
      "provider": "provider[\"registry.terraform.io/hashicorp/aws\"]",
      "instances": [
        {
          "schema_version": 0,
          "attributes": {
            "id": "acn-eks-clstr-eks_fargate_system_role-20220526162530408000000005",
            "policy_arn": "arn:aws:iam::aws:policy/AmazonEKSClusterPolicy",
            "role": "acn-eks-clstr-eks_fargate_system_role"
          },
          "sensitive_attributes": [],
          "private": "bnVsbA==",
          "dependencies": [
            "module.eks.aws_iam_role.eks_fargate_system_role",
            "module.vpc.aws_default_security_group.default",
            "module.vpc.aws_eip.nat_eip",
            "module.vpc.aws_internet_gateway.internet_gw",
            "module.vpc.aws_nat_gateway.nat_gw",
            "module.vpc.aws_route.private_nat_gw_route",
            "module.vpc.aws_route.public_internet_route",
            "module.vpc.aws_route_table.private_rt",
            "module.vpc.aws_route_table.public_rt",
            "module.vpc.aws_route_table_association.private-rt-assotion",
            "module.vpc.aws_route_table_association.public-rt-assotion",
            "module.vpc.aws_security_group.custom",
            "module.vpc.aws_subnet.private_subnet",
            "module.vpc.aws_subnet.public_subnet",
            "module.vpc.aws_vpc.main_vpc"
          ]
        }
      ]
    },
    {
      "module": "module.eks",
      "mode": "managed",
      "type": "aws_iam_role_policy_attachment",
      "name": "AmazonEKSFargatePodExecutionRolePolicy",
      "provider": "provider[\"registry.terraform.io/hashicorp/aws\"]",
      "instances": [
        {
          "schema_version": 0,
          "attributes": {
            "id": "acn-eks-clstr-fargate_cluster_role-20220526162530272800000001",
            "policy_arn": "arn:aws:iam::aws:policy/AmazonEKSFargatePodExecutionRolePolicy",
            "role": "acn-eks-clstr-fargate_cluster_role"
          },
          "sensitive_attributes": [],
          "private": "bnVsbA==",
          "dependencies": [
            "module.eks.aws_iam_role.eks_fargate_role",
            "module.vpc.aws_default_security_group.default",
            "module.vpc.aws_eip.nat_eip",
            "module.vpc.aws_internet_gateway.internet_gw",
            "module.vpc.aws_nat_gateway.nat_gw",
            "module.vpc.aws_route.private_nat_gw_route",
            "module.vpc.aws_route.public_internet_route",
            "module.vpc.aws_route_table.private_rt",
            "module.vpc.aws_route_table.public_rt",
            "module.vpc.aws_route_table_association.private-rt-assotion",
            "module.vpc.aws_route_table_association.public-rt-assotion",
            "module.vpc.aws_security_group.custom",
            "module.vpc.aws_subnet.private_subnet",
            "module.vpc.aws_subnet.public_subnet",
            "module.vpc.aws_vpc.main_vpc"
          ]
        }
      ]
    },
    {
      "module": "module.eks",
      "mode": "managed",
      "type": "aws_iam_role_policy_attachment",
      "name": "AmazonEKSFargatePodExecutionRolePolicy2",
      "provider": "provider[\"registry.terraform.io/hashicorp/aws\"]",
      "instances": [
        {
          "schema_version": 0,
          "attributes": {
            "id": "acn-eks-clstr-eks_fargate_system_role-20220526162530401400000004",
            "policy_arn": "arn:aws:iam::aws:policy/AmazonEKSFargatePodExecutionRolePolicy",
            "role": "acn-eks-clstr-eks_fargate_system_role"
          },
          "sensitive_attributes": [],
          "private": "bnVsbA==",
          "dependencies": [
            "module.eks.aws_iam_role.eks_fargate_system_role",
            "module.vpc.aws_default_security_group.default",
            "module.vpc.aws_eip.nat_eip",
            "module.vpc.aws_internet_gateway.internet_gw",
            "module.vpc.aws_nat_gateway.nat_gw",
            "module.vpc.aws_route.private_nat_gw_route",
            "module.vpc.aws_route.public_internet_route",
            "module.vpc.aws_route_table.private_rt",
            "module.vpc.aws_route_table.public_rt",
            "module.vpc.aws_route_table_association.private-rt-assotion",
            "module.vpc.aws_route_table_association.public-rt-assotion",
            "module.vpc.aws_security_group.custom",
            "module.vpc.aws_subnet.private_subnet",
            "module.vpc.aws_subnet.public_subnet",
            "module.vpc.aws_vpc.main_vpc"
          ]
        }
      ]
    },
    {
      "module": "module.eks",
      "mode": "managed",
      "type": "aws_iam_role_policy_attachment",
      "name": "AmazonEKSVPCResourceController",
      "provider": "provider[\"registry.terraform.io/hashicorp/aws\"]",
      "instances": [
        {
          "schema_version": 0,
          "attributes": {
            "id": "acn-eks-clstr-fargate_cluster_role-20220526162530320400000003",
            "policy_arn": "arn:aws:iam::aws:policy/AmazonEKSVPCResourceController",
            "role": "acn-eks-clstr-fargate_cluster_role"
          },
          "sensitive_attributes": [],
          "private": "bnVsbA==",
          "dependencies": [
            "module.eks.aws_iam_role.eks_fargate_role",
            "module.vpc.aws_default_security_group.default",
            "module.vpc.aws_eip.nat_eip",
            "module.vpc.aws_internet_gateway.internet_gw",
            "module.vpc.aws_nat_gateway.nat_gw",
            "module.vpc.aws_route.private_nat_gw_route",
            "module.vpc.aws_route.public_internet_route",
            "module.vpc.aws_route_table.private_rt",
            "module.vpc.aws_route_table.public_rt",
            "module.vpc.aws_route_table_association.private-rt-assotion",
            "module.vpc.aws_route_table_association.public-rt-assotion",
            "module.vpc.aws_security_group.custom",
            "module.vpc.aws_subnet.private_subnet",
            "module.vpc.aws_subnet.public_subnet",
            "module.vpc.aws_vpc.main_vpc"
          ]
        }
      ]
    },
    {
      "module": "module.eks",
      "mode": "managed",
      "type": "aws_iam_role_policy_attachment",
      "name": "AmazonEKSVPCResourceController1",
      "provider": "provider[\"registry.terraform.io/hashicorp/aws\"]",
      "instances": [
        {
          "schema_version": 0,
          "attributes": {
            "id": "acn-eks-clstr-testing-cluster-role-20220526162530860600000009",
            "policy_arn": "arn:aws:iam::aws:policy/AmazonEKSVPCResourceController",
            "role": "acn-eks-clstr-testing-cluster-role"
          },
          "sensitive_attributes": [],
          "private": "bnVsbA==",
          "dependencies": [
            "module.eks.aws_iam_role.eks_cluster_role",
            "module.vpc.aws_default_security_group.default",
            "module.vpc.aws_eip.nat_eip",
            "module.vpc.aws_internet_gateway.internet_gw",
            "module.vpc.aws_nat_gateway.nat_gw",
            "module.vpc.aws_route.private_nat_gw_route",
            "module.vpc.aws_route.public_internet_route",
            "module.vpc.aws_route_table.private_rt",
            "module.vpc.aws_route_table.public_rt",
            "module.vpc.aws_route_table_association.private-rt-assotion",
            "module.vpc.aws_route_table_association.public-rt-assotion",
            "module.vpc.aws_security_group.custom",
            "module.vpc.aws_subnet.private_subnet",
            "module.vpc.aws_subnet.public_subnet",
            "module.vpc.aws_vpc.main_vpc"
          ]
        }
      ]
    },
    {
      "module": "module.eks",
      "mode": "managed",
      "type": "aws_iam_role_policy_attachment",
      "name": "AmazonEKSVPCResourceController2",
      "provider": "provider[\"registry.terraform.io/hashicorp/aws\"]",
      "instances": [
        {
          "schema_version": 0,
          "attributes": {
            "id": "acn-eks-clstr-eks_fargate_system_role-20220526162530412600000006",
            "policy_arn": "arn:aws:iam::aws:policy/AmazonEKSVPCResourceController",
            "role": "acn-eks-clstr-eks_fargate_system_role"
          },
          "sensitive_attributes": [],
          "private": "bnVsbA==",
          "dependencies": [
            "module.eks.aws_iam_role.eks_fargate_system_role",
            "module.vpc.aws_default_security_group.default",
            "module.vpc.aws_eip.nat_eip",
            "module.vpc.aws_internet_gateway.internet_gw",
            "module.vpc.aws_nat_gateway.nat_gw",
            "module.vpc.aws_route.private_nat_gw_route",
            "module.vpc.aws_route.public_internet_route",
            "module.vpc.aws_route_table.private_rt",
            "module.vpc.aws_route_table.public_rt",
            "module.vpc.aws_route_table_association.private-rt-assotion",
            "module.vpc.aws_route_table_association.public-rt-assotion",
            "module.vpc.aws_security_group.custom",
            "module.vpc.aws_subnet.private_subnet",
            "module.vpc.aws_subnet.public_subnet",
            "module.vpc.aws_vpc.main_vpc"
          ]
        }
      ]
    },
    {
      "module": "module.vpc",
      "mode": "managed",
      "type": "aws_default_security_group",
      "name": "default",
      "provider": "provider[\"registry.terraform.io/hashicorp/aws\"]",
      "instances": [
        {
          "schema_version": 1,
          "attributes": {
            "arn": "arn:aws:ec2:eu-west-2:741032333307:security-group/sg-0726a3ac4ff4bb0d0",
            "description": "default VPC security group",
            "egress": [
              {
                "cidr_blocks": [
                  "0.0.0.0/0"
                ],
                "description": "",
                "from_port": 0,
                "ipv6_cidr_blocks": [],
                "prefix_list_ids": [],
                "protocol": "-1",
                "security_groups": [],
                "self": false,
                "to_port": 0
              }
            ],
            "id": "sg-0726a3ac4ff4bb0d0",
            "ingress": [
              {
                "cidr_blocks": [],
                "description": "",
                "from_port": 0,
                "ipv6_cidr_blocks": [],
                "prefix_list_ids": [],
                "protocol": "-1",
                "security_groups": [],
                "self": true,
                "to_port": 0
              }
            ],
            "name": "default",
            "owner_id": "741032333307",
            "revoke_rules_on_delete": false,
            "tags": {
              "Environment": "testing",
              "Group": "eks-fargate",
              "Name": "default-sg-acn-eks-clstr-testing"
            },
            "tags_all": {
              "Environment": "testing",
              "Group": "eks-fargate",
              "Name": "default-sg-acn-eks-clstr-testing"
            },
            "vpc_id": "vpc-0b70bc326976a4500"
          },
          "sensitive_attributes": [],
          "private": "eyJzY2hlbWFfdmVyc2lvbiI6IjEifQ==",
          "dependencies": [
            "module.vpc.aws_vpc.main_vpc"
          ]
        }
      ]
    },
    {
      "module": "module.vpc",
      "mode": "managed",
      "type": "aws_eip",
      "name": "nat_eip",
      "provider": "provider[\"registry.terraform.io/hashicorp/aws\"]",
      "instances": [
        {
          "index_key": 0,
          "schema_version": 0,
          "attributes": {
            "address": null,
            "allocation_id": "eipalloc-0aeac4352eed40694",
            "associate_with_private_ip": null,
            "association_id": "",
            "carrier_ip": "",
            "customer_owned_ip": "",
            "customer_owned_ipv4_pool": "",
            "domain": "vpc",
            "id": "eipalloc-0aeac4352eed40694",
            "instance": "",
            "network_border_group": "eu-west-2",
            "network_interface": "",
            "private_dns": null,
            "private_ip": "",
            "public_dns": "ec2-18-170-104-145.eu-west-2.compute.amazonaws.com",
            "public_ip": "18.170.104.145",
            "public_ipv4_pool": "amazon",
            "tags": {
              "Environment": "testing",
              "Group": "eks-fargate",
              "Name": "nat-ip-1-acn-eks-clstr-testing"
            },
            "tags_all": {
              "Environment": "testing",
              "Group": "eks-fargate",
              "Name": "nat-ip-1-acn-eks-clstr-testing"
            },
            "timeouts": null,
            "vpc": true
          },
          "sensitive_attributes": [],
          "private": "eyJlMmJmYjczMC1lY2FhLTExZTYtOGY4OC0zNDM2M2JjN2M0YzAiOnsiZGVsZXRlIjoxODAwMDAwMDAwMDAsInJlYWQiOjkwMDAwMDAwMDAwMCwidXBkYXRlIjozMDAwMDAwMDAwMDB9fQ==",
          "dependencies": [
            "module.vpc.aws_internet_gateway.internet_gw",
            "module.vpc.aws_subnet.public_subnet",
            "module.vpc.aws_vpc.main_vpc"
          ]
        },
        {
          "index_key": 1,
          "schema_version": 0,
          "attributes": {
            "address": null,
            "allocation_id": "eipalloc-0de04f45ffbce54ad",
            "associate_with_private_ip": null,
            "association_id": "",
            "carrier_ip": "",
            "customer_owned_ip": "",
            "customer_owned_ipv4_pool": "",
            "domain": "vpc",
            "id": "eipalloc-0de04f45ffbce54ad",
            "instance": "",
            "network_border_group": "eu-west-2",
            "network_interface": "",
            "private_dns": null,
            "private_ip": "",
            "public_dns": "ec2-3-10-136-54.eu-west-2.compute.amazonaws.com",
            "public_ip": "3.10.136.54",
            "public_ipv4_pool": "amazon",
            "tags": {
              "Environment": "testing",
              "Group": "eks-fargate",
              "Name": "nat-ip-2-acn-eks-clstr-testing"
            },
            "tags_all": {
              "Environment": "testing",
              "Group": "eks-fargate",
              "Name": "nat-ip-2-acn-eks-clstr-testing"
            },
            "timeouts": null,
            "vpc": true
          },
          "sensitive_attributes": [],
          "private": "eyJlMmJmYjczMC1lY2FhLTExZTYtOGY4OC0zNDM2M2JjN2M0YzAiOnsiZGVsZXRlIjoxODAwMDAwMDAwMDAsInJlYWQiOjkwMDAwMDAwMDAwMCwidXBkYXRlIjozMDAwMDAwMDAwMDB9fQ==",
          "dependencies": [
            "module.vpc.aws_internet_gateway.internet_gw",
            "module.vpc.aws_subnet.public_subnet",
            "module.vpc.aws_vpc.main_vpc"
          ]
        },
        {
          "index_key": 2,
          "schema_version": 0,
          "attributes": {
            "address": null,
            "allocation_id": "eipalloc-09b4c4f8f36f0cdd5",
            "associate_with_private_ip": null,
            "association_id": "",
            "carrier_ip": "",
            "customer_owned_ip": "",
            "customer_owned_ipv4_pool": "",
            "domain": "vpc",
            "id": "eipalloc-09b4c4f8f36f0cdd5",
            "instance": "",
            "network_border_group": "eu-west-2",
            "network_interface": "",
            "private_dns": null,
            "private_ip": "",
            "public_dns": "ec2-13-41-140-191.eu-west-2.compute.amazonaws.com",
            "public_ip": "13.41.140.191",
            "public_ipv4_pool": "amazon",
            "tags": {
              "Environment": "testing",
              "Group": "eks-fargate",
              "Name": "nat-ip-3-acn-eks-clstr-testing"
            },
            "tags_all": {
              "Environment": "testing",
              "Group": "eks-fargate",
              "Name": "nat-ip-3-acn-eks-clstr-testing"
            },
            "timeouts": null,
            "vpc": true
          },
          "sensitive_attributes": [],
          "private": "eyJlMmJmYjczMC1lY2FhLTExZTYtOGY4OC0zNDM2M2JjN2M0YzAiOnsiZGVsZXRlIjoxODAwMDAwMDAwMDAsInJlYWQiOjkwMDAwMDAwMDAwMCwidXBkYXRlIjozMDAwMDAwMDAwMDB9fQ==",
          "dependencies": [
            "module.vpc.aws_internet_gateway.internet_gw",
            "module.vpc.aws_subnet.public_subnet",
            "module.vpc.aws_vpc.main_vpc"
          ]
        }
      ]
    },
    {
      "module": "module.vpc",
      "mode": "managed",
      "type": "aws_internet_gateway",
      "name": "internet_gw",
      "provider": "provider[\"registry.terraform.io/hashicorp/aws\"]",
      "instances": [
        {
          "schema_version": 0,
          "attributes": {
            "arn": "arn:aws:ec2:eu-west-2:741032333307:internet-gateway/igw-033e076a7f5b83c3b",
            "id": "igw-033e076a7f5b83c3b",
            "owner_id": "741032333307",
            "tags": {
              "Environment": "testing",
              "Group": "eks-fargate",
              "Name": "internet_gw-acn-eks-clstr-testing"
            },
            "tags_all": {
              "Environment": "testing",
              "Group": "eks-fargate",
              "Name": "internet_gw-acn-eks-clstr-testing"
            },
            "vpc_id": "vpc-0b70bc326976a4500"
          },
          "sensitive_attributes": [],
          "private": "bnVsbA==",
          "dependencies": [
            "module.vpc.aws_subnet.public_subnet",
            "module.vpc.aws_vpc.main_vpc"
          ]
        }
      ]
    },
    {
      "module": "module.vpc",
      "mode": "managed",
      "type": "aws_nat_gateway",
      "name": "nat_gw",
      "provider": "provider[\"registry.terraform.io/hashicorp/aws\"]",
      "instances": [
        {
          "index_key": 0,
          "schema_version": 0,
          "attributes": {
            "allocation_id": "eipalloc-0aeac4352eed40694",
            "connectivity_type": "public",
            "id": "nat-063714919a806b532",
            "network_interface_id": "eni-02b40d69806d7e189",
            "private_ip": "192.168.0.188",
            "public_ip": "18.170.104.145",
            "subnet_id": "subnet-003d80df483ac269e",
            "tags": {
              "Environment": "testing",
              "Group": "eks-fargate",
              "Name": "nat_gateway-1-acn-eks-clstr-testing"
            },
            "tags_all": {
              "Environment": "testing",
              "Group": "eks-fargate",
              "Name": "nat_gateway-1-acn-eks-clstr-testing"
            }
          },
          "sensitive_attributes": [],
          "private": "bnVsbA==",
          "dependencies": [
            "module.vpc.aws_eip.nat_eip",
            "module.vpc.aws_internet_gateway.internet_gw",
            "module.vpc.aws_subnet.public_subnet",
            "module.vpc.aws_vpc.main_vpc"
          ]
        },
        {
          "index_key": 1,
          "schema_version": 0,
          "attributes": {
            "allocation_id": "eipalloc-0de04f45ffbce54ad",
            "connectivity_type": "public",
            "id": "nat-093771f42a041a3c6",
            "network_interface_id": "eni-0806ad06c2cc6149b",
            "private_ip": "192.168.1.167",
            "public_ip": "3.10.136.54",
            "subnet_id": "subnet-04814fff45f3c3d3b",
            "tags": {
              "Environment": "testing",
              "Group": "eks-fargate",
              "Name": "nat_gateway-2-acn-eks-clstr-testing"
            },
            "tags_all": {
              "Environment": "testing",
              "Group": "eks-fargate",
              "Name": "nat_gateway-2-acn-eks-clstr-testing"
            }
          },
          "sensitive_attributes": [],
          "private": "bnVsbA==",
          "dependencies": [
            "module.vpc.aws_eip.nat_eip",
            "module.vpc.aws_internet_gateway.internet_gw",
            "module.vpc.aws_subnet.public_subnet",
            "module.vpc.aws_vpc.main_vpc"
          ]
        },
        {
          "index_key": 2,
          "schema_version": 0,
          "attributes": {
            "allocation_id": "eipalloc-09b4c4f8f36f0cdd5",
            "connectivity_type": "public",
            "id": "nat-0ce23bbae63745352",
            "network_interface_id": "eni-01424481a13cab96e",
            "private_ip": "192.168.2.35",
            "public_ip": "13.41.140.191",
            "subnet_id": "subnet-0d4d3b882698184c8",
            "tags": {
              "Environment": "testing",
              "Group": "eks-fargate",
              "Name": "nat_gateway-3-acn-eks-clstr-testing"
            },
            "tags_all": {
              "Environment": "testing",
              "Group": "eks-fargate",
              "Name": "nat_gateway-3-acn-eks-clstr-testing"
            }
          },
          "sensitive_attributes": [],
          "private": "bnVsbA==",
          "dependencies": [
            "module.vpc.aws_eip.nat_eip",
            "module.vpc.aws_internet_gateway.internet_gw",
            "module.vpc.aws_subnet.public_subnet",
            "module.vpc.aws_vpc.main_vpc"
          ]
        }
      ]
    },
    {
      "module": "module.vpc",
      "mode": "managed",
      "type": "aws_route",
      "name": "private_nat_gw_route",
      "provider": "provider[\"registry.terraform.io/hashicorp/aws\"]",
      "instances": [
        {
          "index_key": 0,
          "schema_version": 0,
          "attributes": {
            "carrier_gateway_id": "",
            "core_network_arn": "",
            "destination_cidr_block": "0.0.0.0/0",
            "destination_ipv6_cidr_block": "",
            "destination_prefix_list_id": "",
            "egress_only_gateway_id": "",
            "gateway_id": "",
            "id": "r-rtb-045d253955db25e141080289494",
            "instance_id": "",
            "instance_owner_id": "",
            "local_gateway_id": "",
            "nat_gateway_id": "nat-063714919a806b532",
            "network_interface_id": "",
            "origin": "CreateRoute",
            "route_table_id": "rtb-045d253955db25e14",
            "state": "active",
            "timeouts": null,
            "transit_gateway_id": "",
            "vpc_endpoint_id": "",
            "vpc_peering_connection_id": ""
          },
          "sensitive_attributes": [],
          "private": "eyJlMmJmYjczMC1lY2FhLTExZTYtOGY4OC0zNDM2M2JjN2M0YzAiOnsiY3JlYXRlIjozMDAwMDAwMDAwMDAsImRlbGV0ZSI6MzAwMDAwMDAwMDAwLCJ1cGRhdGUiOjEyMDAwMDAwMDAwMH19",
          "dependencies": [
            "module.vpc.aws_eip.nat_eip",
            "module.vpc.aws_internet_gateway.internet_gw",
            "module.vpc.aws_nat_gateway.nat_gw",
            "module.vpc.aws_route_table.private_rt",
            "module.vpc.aws_subnet.private_subnet",
            "module.vpc.aws_subnet.public_subnet",
            "module.vpc.aws_vpc.main_vpc"
          ]
        },
        {
          "index_key": 1,
          "schema_version": 0,
          "attributes": {
            "carrier_gateway_id": "",
            "core_network_arn": "",
            "destination_cidr_block": "0.0.0.0/0",
            "destination_ipv6_cidr_block": "",
            "destination_prefix_list_id": "",
            "egress_only_gateway_id": "",
            "gateway_id": "",
            "id": "r-rtb-0eb479e5db81a92d71080289494",
            "instance_id": "",
            "instance_owner_id": "",
            "local_gateway_id": "",
            "nat_gateway_id": "nat-093771f42a041a3c6",
            "network_interface_id": "",
            "origin": "CreateRoute",
            "route_table_id": "rtb-0eb479e5db81a92d7",
            "state": "active",
            "timeouts": null,
            "transit_gateway_id": "",
            "vpc_endpoint_id": "",
            "vpc_peering_connection_id": ""
          },
          "sensitive_attributes": [],
          "private": "eyJlMmJmYjczMC1lY2FhLTExZTYtOGY4OC0zNDM2M2JjN2M0YzAiOnsiY3JlYXRlIjozMDAwMDAwMDAwMDAsImRlbGV0ZSI6MzAwMDAwMDAwMDAwLCJ1cGRhdGUiOjEyMDAwMDAwMDAwMH19",
          "dependencies": [
            "module.vpc.aws_eip.nat_eip",
            "module.vpc.aws_internet_gateway.internet_gw",
            "module.vpc.aws_nat_gateway.nat_gw",
            "module.vpc.aws_route_table.private_rt",
            "module.vpc.aws_subnet.private_subnet",
            "module.vpc.aws_subnet.public_subnet",
            "module.vpc.aws_vpc.main_vpc"
          ]
        },
        {
          "index_key": 2,
          "schema_version": 0,
          "attributes": {
            "carrier_gateway_id": "",
            "core_network_arn": "",
            "destination_cidr_block": "0.0.0.0/0",
            "destination_ipv6_cidr_block": "",
            "destination_prefix_list_id": "",
            "egress_only_gateway_id": "",
            "gateway_id": "",
            "id": "r-rtb-0a69970e4435e09651080289494",
            "instance_id": "",
            "instance_owner_id": "",
            "local_gateway_id": "",
            "nat_gateway_id": "nat-0ce23bbae63745352",
            "network_interface_id": "",
            "origin": "CreateRoute",
            "route_table_id": "rtb-0a69970e4435e0965",
            "state": "active",
            "timeouts": null,
            "transit_gateway_id": "",
            "vpc_endpoint_id": "",
            "vpc_peering_connection_id": ""
          },
          "sensitive_attributes": [],
          "private": "eyJlMmJmYjczMC1lY2FhLTExZTYtOGY4OC0zNDM2M2JjN2M0YzAiOnsiY3JlYXRlIjozMDAwMDAwMDAwMDAsImRlbGV0ZSI6MzAwMDAwMDAwMDAwLCJ1cGRhdGUiOjEyMDAwMDAwMDAwMH19",
          "dependencies": [
            "module.vpc.aws_eip.nat_eip",
            "module.vpc.aws_internet_gateway.internet_gw",
            "module.vpc.aws_nat_gateway.nat_gw",
            "module.vpc.aws_route_table.private_rt",
            "module.vpc.aws_subnet.private_subnet",
            "module.vpc.aws_subnet.public_subnet",
            "module.vpc.aws_vpc.main_vpc"
          ]
        }
      ]
    },
    {
      "module": "module.vpc",
      "mode": "managed",
      "type": "aws_route",
      "name": "public_internet_route",
      "provider": "provider[\"registry.terraform.io/hashicorp/aws\"]",
      "instances": [
        {
          "schema_version": 0,
          "attributes": {
            "carrier_gateway_id": "",
            "core_network_arn": "",
            "destination_cidr_block": "0.0.0.0/0",
            "destination_ipv6_cidr_block": "",
            "destination_prefix_list_id": "",
            "egress_only_gateway_id": "",
            "gateway_id": "igw-033e076a7f5b83c3b",
            "id": "r-rtb-0b0041a1ac3823b291080289494",
            "instance_id": "",
            "instance_owner_id": "",
            "local_gateway_id": "",
            "nat_gateway_id": "",
            "network_interface_id": "",
            "origin": "CreateRoute",
            "route_table_id": "rtb-0b0041a1ac3823b29",
            "state": "active",
            "timeouts": null,
            "transit_gateway_id": "",
            "vpc_endpoint_id": "",
            "vpc_peering_connection_id": ""
          },
          "sensitive_attributes": [],
          "private": "eyJlMmJmYjczMC1lY2FhLTExZTYtOGY4OC0zNDM2M2JjN2M0YzAiOnsiY3JlYXRlIjozMDAwMDAwMDAwMDAsImRlbGV0ZSI6MzAwMDAwMDAwMDAwLCJ1cGRhdGUiOjEyMDAwMDAwMDAwMH19",
          "dependencies": [
            "module.vpc.aws_internet_gateway.internet_gw",
            "module.vpc.aws_route_table.public_rt",
            "module.vpc.aws_subnet.public_subnet",
            "module.vpc.aws_vpc.main_vpc"
          ]
        }
      ]
    },
    {
      "module": "module.vpc",
      "mode": "managed",
      "type": "aws_route_table",
      "name": "private_rt",
      "provider": "provider[\"registry.terraform.io/hashicorp/aws\"]",
      "instances": [
        {
          "index_key": 0,
          "schema_version": 0,
          "attributes": {
            "arn": "arn:aws:ec2:eu-west-2:741032333307:route-table/rtb-045d253955db25e14",
            "id": "rtb-045d253955db25e14",
            "owner_id": "741032333307",
            "propagating_vgws": [],
            "route": [],
            "tags": {
              "Environment": "testing",
              "Group": "eks-fargate",
              "Name": "private-route-table-1-acn-eks-clstr-testing"
            },
            "tags_all": {
              "Environment": "testing",
              "Group": "eks-fargate",
              "Name": "private-route-table-1-acn-eks-clstr-testing"
            },
            "timeouts": null,
            "vpc_id": "vpc-0b70bc326976a4500"
          },
          "sensitive_attributes": [],
          "private": "eyJlMmJmYjczMC1lY2FhLTExZTYtOGY4OC0zNDM2M2JjN2M0YzAiOnsiY3JlYXRlIjozMDAwMDAwMDAwMDAsImRlbGV0ZSI6MzAwMDAwMDAwMDAwLCJ1cGRhdGUiOjEyMDAwMDAwMDAwMH19",
          "dependencies": [
            "module.vpc.aws_subnet.private_subnet",
            "module.vpc.aws_vpc.main_vpc"
          ]
        },
        {
          "index_key": 1,
          "schema_version": 0,
          "attributes": {
            "arn": "arn:aws:ec2:eu-west-2:741032333307:route-table/rtb-0eb479e5db81a92d7",
            "id": "rtb-0eb479e5db81a92d7",
            "owner_id": "741032333307",
            "propagating_vgws": [],
            "route": [],
            "tags": {
              "Environment": "testing",
              "Group": "eks-fargate",
              "Name": "private-route-table-2-acn-eks-clstr-testing"
            },
            "tags_all": {
              "Environment": "testing",
              "Group": "eks-fargate",
              "Name": "private-route-table-2-acn-eks-clstr-testing"
            },
            "timeouts": null,
            "vpc_id": "vpc-0b70bc326976a4500"
          },
          "sensitive_attributes": [],
          "private": "eyJlMmJmYjczMC1lY2FhLTExZTYtOGY4OC0zNDM2M2JjN2M0YzAiOnsiY3JlYXRlIjozMDAwMDAwMDAwMDAsImRlbGV0ZSI6MzAwMDAwMDAwMDAwLCJ1cGRhdGUiOjEyMDAwMDAwMDAwMH19",
          "dependencies": [
            "module.vpc.aws_subnet.private_subnet",
            "module.vpc.aws_vpc.main_vpc"
          ]
        },
        {
          "index_key": 2,
          "schema_version": 0,
          "attributes": {
            "arn": "arn:aws:ec2:eu-west-2:741032333307:route-table/rtb-0a69970e4435e0965",
            "id": "rtb-0a69970e4435e0965",
            "owner_id": "741032333307",
            "propagating_vgws": [],
            "route": [],
            "tags": {
              "Environment": "testing",
              "Group": "eks-fargate",
              "Name": "private-route-table-3-acn-eks-clstr-testing"
            },
            "tags_all": {
              "Environment": "testing",
              "Group": "eks-fargate",
              "Name": "private-route-table-3-acn-eks-clstr-testing"
            },
            "timeouts": null,
            "vpc_id": "vpc-0b70bc326976a4500"
          },
          "sensitive_attributes": [],
          "private": "eyJlMmJmYjczMC1lY2FhLTExZTYtOGY4OC0zNDM2M2JjN2M0YzAiOnsiY3JlYXRlIjozMDAwMDAwMDAwMDAsImRlbGV0ZSI6MzAwMDAwMDAwMDAwLCJ1cGRhdGUiOjEyMDAwMDAwMDAwMH19",
          "dependencies": [
            "module.vpc.aws_subnet.private_subnet",
            "module.vpc.aws_vpc.main_vpc"
          ]
        }
      ]
    },
    {
      "module": "module.vpc",
      "mode": "managed",
      "type": "aws_route_table",
      "name": "public_rt",
      "provider": "provider[\"registry.terraform.io/hashicorp/aws\"]",
      "instances": [
        {
          "schema_version": 0,
          "attributes": {
            "arn": "arn:aws:ec2:eu-west-2:741032333307:route-table/rtb-0b0041a1ac3823b29",
            "id": "rtb-0b0041a1ac3823b29",
            "owner_id": "741032333307",
            "propagating_vgws": [],
            "route": [],
            "tags": {
              "Environment": "testing",
              "Group": "eks-fargate",
              "Name": "public-route-table-acn-eks-clstr-testing"
            },
            "tags_all": {
              "Environment": "testing",
              "Group": "eks-fargate",
              "Name": "public-route-table-acn-eks-clstr-testing"
            },
            "timeouts": null,
            "vpc_id": "vpc-0b70bc326976a4500"
          },
          "sensitive_attributes": [],
          "private": "eyJlMmJmYjczMC1lY2FhLTExZTYtOGY4OC0zNDM2M2JjN2M0YzAiOnsiY3JlYXRlIjozMDAwMDAwMDAwMDAsImRlbGV0ZSI6MzAwMDAwMDAwMDAwLCJ1cGRhdGUiOjEyMDAwMDAwMDAwMH19",
          "dependencies": [
            "module.vpc.aws_subnet.public_subnet",
            "module.vpc.aws_vpc.main_vpc"
          ]
        }
      ]
    },
    {
      "module": "module.vpc",
      "mode": "managed",
      "type": "aws_route_table_association",
      "name": "private-rt-assotion",
      "provider": "provider[\"registry.terraform.io/hashicorp/aws\"]",
      "instances": [
        {
          "index_key": 0,
          "schema_version": 0,
          "attributes": {
            "gateway_id": "",
            "id": "rtbassoc-09d2ada18ce86fbdd",
            "route_table_id": "rtb-045d253955db25e14",
            "subnet_id": "subnet-031df46e9cdded3f2"
          },
          "sensitive_attributes": [],
          "private": "bnVsbA==",
          "dependencies": [
            "module.vpc.aws_eip.nat_eip",
            "module.vpc.aws_internet_gateway.internet_gw",
            "module.vpc.aws_nat_gateway.nat_gw",
            "module.vpc.aws_route.private_nat_gw_route",
            "module.vpc.aws_route_table.private_rt",
            "module.vpc.aws_subnet.private_subnet",
            "module.vpc.aws_subnet.public_subnet",
            "module.vpc.aws_vpc.main_vpc"
          ]
        },
        {
          "index_key": 1,
          "schema_version": 0,
          "attributes": {
            "gateway_id": "",
            "id": "rtbassoc-099e679b122cc8366",
            "route_table_id": "rtb-0eb479e5db81a92d7",
            "subnet_id": "subnet-09f0f386f560d497c"
          },
          "sensitive_attributes": [],
          "private": "bnVsbA==",
          "dependencies": [
            "module.vpc.aws_eip.nat_eip",
            "module.vpc.aws_internet_gateway.internet_gw",
            "module.vpc.aws_nat_gateway.nat_gw",
            "module.vpc.aws_route.private_nat_gw_route",
            "module.vpc.aws_route_table.private_rt",
            "module.vpc.aws_subnet.private_subnet",
            "module.vpc.aws_subnet.public_subnet",
            "module.vpc.aws_vpc.main_vpc"
          ]
        },
        {
          "index_key": 2,
          "schema_version": 0,
          "attributes": {
            "gateway_id": "",
            "id": "rtbassoc-0fdec4f92cc2f23f3",
            "route_table_id": "rtb-0a69970e4435e0965",
            "subnet_id": "subnet-08d4c1de7c5dae357"
          },
          "sensitive_attributes": [],
          "private": "bnVsbA==",
          "dependencies": [
            "module.vpc.aws_eip.nat_eip",
            "module.vpc.aws_internet_gateway.internet_gw",
            "module.vpc.aws_nat_gateway.nat_gw",
            "module.vpc.aws_route.private_nat_gw_route",
            "module.vpc.aws_route_table.private_rt",
            "module.vpc.aws_subnet.private_subnet",
            "module.vpc.aws_subnet.public_subnet",
            "module.vpc.aws_vpc.main_vpc"
          ]
        }
      ]
    },
    {
      "module": "module.vpc",
      "mode": "managed",
      "type": "aws_route_table_association",
      "name": "public-rt-assotion",
      "provider": "provider[\"registry.terraform.io/hashicorp/aws\"]",
      "instances": [
        {
          "index_key": 0,
          "schema_version": 0,
          "attributes": {
            "gateway_id": "",
            "id": "rtbassoc-060675ba5e72e13b5",
            "route_table_id": "rtb-0b0041a1ac3823b29",
            "subnet_id": "subnet-003d80df483ac269e"
          },
          "sensitive_attributes": [],
          "private": "bnVsbA==",
          "dependencies": [
            "module.vpc.aws_internet_gateway.internet_gw",
            "module.vpc.aws_route.public_internet_route",
            "module.vpc.aws_route_table.public_rt",
            "module.vpc.aws_subnet.public_subnet",
            "module.vpc.aws_vpc.main_vpc"
          ]
        },
        {
          "index_key": 1,
          "schema_version": 0,
          "attributes": {
            "gateway_id": "",
            "id": "rtbassoc-0e9eb5a7d432fc8bb",
            "route_table_id": "rtb-0b0041a1ac3823b29",
            "subnet_id": "subnet-04814fff45f3c3d3b"
          },
          "sensitive_attributes": [],
          "private": "bnVsbA==",
          "dependencies": [
            "module.vpc.aws_internet_gateway.internet_gw",
            "module.vpc.aws_route.public_internet_route",
            "module.vpc.aws_route_table.public_rt",
            "module.vpc.aws_subnet.public_subnet",
            "module.vpc.aws_vpc.main_vpc"
          ]
        },
        {
          "index_key": 2,
          "schema_version": 0,
          "attributes": {
            "gateway_id": "",
            "id": "rtbassoc-0ab9680e4d50086bd",
            "route_table_id": "rtb-0b0041a1ac3823b29",
            "subnet_id": "subnet-0d4d3b882698184c8"
          },
          "sensitive_attributes": [],
          "private": "bnVsbA==",
          "dependencies": [
            "module.vpc.aws_internet_gateway.internet_gw",
            "module.vpc.aws_route.public_internet_route",
            "module.vpc.aws_route_table.public_rt",
            "module.vpc.aws_subnet.public_subnet",
            "module.vpc.aws_vpc.main_vpc"
          ]
        }
      ]
    },
    {
      "module": "module.vpc",
      "mode": "managed",
      "type": "aws_security_group",
      "name": "custom",
      "provider": "provider[\"registry.terraform.io/hashicorp/aws\"]",
      "instances": [
        {
          "schema_version": 1,
          "attributes": {
            "arn": "arn:aws:ec2:eu-west-2:741032333307:security-group/sg-0532efbceb497e55f",
            "description": "Custom security group to allow inbound/outbound from the multiple sources",
            "egress": [
              {
                "cidr_blocks": [
                  "0.0.0.0/0"
                ],
                "description": "All traffic allowed to Internet from VPC",
                "from_port": 0,
                "ipv6_cidr_blocks": [],
                "prefix_list_ids": [],
                "protocol": "-1",
                "security_groups": [],
                "self": false,
                "to_port": 0
              }
            ],
            "id": "sg-0532efbceb497e55f",
            "ingress": [
              {
                "cidr_blocks": [
                  "0.0.0.0/0"
                ],
                "description": "Receive traffic from internet on HTTP Port 80",
                "from_port": 80,
                "ipv6_cidr_blocks": [],
                "prefix_list_ids": [],
                "protocol": "tcp",
                "security_groups": [],
                "self": false,
                "to_port": 80
              },
              {
                "cidr_blocks": [
                  "0.0.0.0/0"
                ],
                "description": "Receive traffic from internet on TLS Port 443",
                "from_port": 443,
                "ipv6_cidr_blocks": [],
                "prefix_list_ids": [],
                "protocol": "tcp",
                "security_groups": [],
                "self": false,
                "to_port": 443
              }
            ],
            "name": "custom-sg-acn-eks-clstr-testing",
            "name_prefix": "",
            "owner_id": "741032333307",
            "revoke_rules_on_delete": false,
            "tags": {
              "Environment": "testing",
              "Group": "eks-fargate",
              "Name": "custom-sg-acn-eks-clstr-testing"
            },
            "tags_all": {
              "Environment": "testing",
              "Group": "eks-fargate",
              "Name": "custom-sg-acn-eks-clstr-testing"
            },
            "timeouts": null,
            "vpc_id": "vpc-0b70bc326976a4500"
          },
          "sensitive_attributes": [],
          "private": "eyJlMmJmYjczMC1lY2FhLTExZTYtOGY4OC0zNDM2M2JjN2M0YzAiOnsiY3JlYXRlIjo2MDAwMDAwMDAwMDAsImRlbGV0ZSI6OTAwMDAwMDAwMDAwfSwic2NoZW1hX3ZlcnNpb24iOiIxIn0=",
          "dependencies": [
            "module.vpc.aws_vpc.main_vpc"
          ]
        }
      ]
    },
    {
      "module": "module.vpc",
      "mode": "managed",
      "type": "aws_subnet",
      "name": "private_subnet",
      "provider": "provider[\"registry.terraform.io/hashicorp/aws\"]",
      "instances": [
        {
          "index_key": 0,
          "schema_version": 1,
          "attributes": {
            "arn": "arn:aws:ec2:eu-west-2:741032333307:subnet/subnet-031df46e9cdded3f2",
            "assign_ipv6_address_on_creation": false,
            "availability_zone": "eu-west-2a",
            "availability_zone_id": "euw2-az2",
            "cidr_block": "192.168.4.0/24",
            "customer_owned_ipv4_pool": "",
            "enable_dns64": false,
            "enable_resource_name_dns_a_record_on_launch": false,
            "enable_resource_name_dns_aaaa_record_on_launch": false,
            "id": "subnet-031df46e9cdded3f2",
            "ipv6_cidr_block": "",
            "ipv6_cidr_block_association_id": "",
            "ipv6_native": false,
            "map_customer_owned_ip_on_launch": false,
            "map_public_ip_on_launch": false,
            "outpost_arn": "",
            "owner_id": "741032333307",
            "private_dns_hostname_type_on_launch": "ip-name",
            "tags": {
              "Environment": "testing",
              "Group": "eks-fargate",
              "Name": "private-subnet-testing-eu-west-2a"
            },
            "tags_all": {
              "Environment": "testing",
              "Group": "eks-fargate",
              "Name": "private-subnet-testing-eu-west-2a"
            },
            "timeouts": null,
            "vpc_id": "vpc-0b70bc326976a4500"
          },
          "sensitive_attributes": [],
          "private": "eyJlMmJmYjczMC1lY2FhLTExZTYtOGY4OC0zNDM2M2JjN2M0YzAiOnsiY3JlYXRlIjo2MDAwMDAwMDAwMDAsImRlbGV0ZSI6MTIwMDAwMDAwMDAwMH0sInNjaGVtYV92ZXJzaW9uIjoiMSJ9",
          "dependencies": [
            "module.vpc.aws_vpc.main_vpc"
          ]
        },
        {
          "index_key": 1,
          "schema_version": 1,
          "attributes": {
            "arn": "arn:aws:ec2:eu-west-2:741032333307:subnet/subnet-09f0f386f560d497c",
            "assign_ipv6_address_on_creation": false,
            "availability_zone": "eu-west-2b",
            "availability_zone_id": "euw2-az3",
            "cidr_block": "192.168.5.0/24",
            "customer_owned_ipv4_pool": "",
            "enable_dns64": false,
            "enable_resource_name_dns_a_record_on_launch": false,
            "enable_resource_name_dns_aaaa_record_on_launch": false,
            "id": "subnet-09f0f386f560d497c",
            "ipv6_cidr_block": "",
            "ipv6_cidr_block_association_id": "",
            "ipv6_native": false,
            "map_customer_owned_ip_on_launch": false,
            "map_public_ip_on_launch": false,
            "outpost_arn": "",
            "owner_id": "741032333307",
            "private_dns_hostname_type_on_launch": "ip-name",
            "tags": {
              "Environment": "testing",
              "Group": "eks-fargate",
              "Name": "private-subnet-testing-eu-west-2b"
            },
            "tags_all": {
              "Environment": "testing",
              "Group": "eks-fargate",
              "Name": "private-subnet-testing-eu-west-2b"
            },
            "timeouts": null,
            "vpc_id": "vpc-0b70bc326976a4500"
          },
          "sensitive_attributes": [],
          "private": "eyJlMmJmYjczMC1lY2FhLTExZTYtOGY4OC0zNDM2M2JjN2M0YzAiOnsiY3JlYXRlIjo2MDAwMDAwMDAwMDAsImRlbGV0ZSI6MTIwMDAwMDAwMDAwMH0sInNjaGVtYV92ZXJzaW9uIjoiMSJ9",
          "dependencies": [
            "module.vpc.aws_vpc.main_vpc"
          ]
        },
        {
          "index_key": 2,
          "schema_version": 1,
          "attributes": {
            "arn": "arn:aws:ec2:eu-west-2:741032333307:subnet/subnet-08d4c1de7c5dae357",
            "assign_ipv6_address_on_creation": false,
            "availability_zone": "eu-west-2c",
            "availability_zone_id": "euw2-az1",
            "cidr_block": "192.168.6.0/24",
            "customer_owned_ipv4_pool": "",
            "enable_dns64": false,
            "enable_resource_name_dns_a_record_on_launch": false,
            "enable_resource_name_dns_aaaa_record_on_launch": false,
            "id": "subnet-08d4c1de7c5dae357",
            "ipv6_cidr_block": "",
            "ipv6_cidr_block_association_id": "",
            "ipv6_native": false,
            "map_customer_owned_ip_on_launch": false,
            "map_public_ip_on_launch": false,
            "outpost_arn": "",
            "owner_id": "741032333307",
            "private_dns_hostname_type_on_launch": "ip-name",
            "tags": {
              "Environment": "testing",
              "Group": "eks-fargate",
              "Name": "private-subnet-testing-eu-west-2c"
            },
            "tags_all": {
              "Environment": "testing",
              "Group": "eks-fargate",
              "Name": "private-subnet-testing-eu-west-2c"
            },
            "timeouts": null,
            "vpc_id": "vpc-0b70bc326976a4500"
          },
          "sensitive_attributes": [],
          "private": "eyJlMmJmYjczMC1lY2FhLTExZTYtOGY4OC0zNDM2M2JjN2M0YzAiOnsiY3JlYXRlIjo2MDAwMDAwMDAwMDAsImRlbGV0ZSI6MTIwMDAwMDAwMDAwMH0sInNjaGVtYV92ZXJzaW9uIjoiMSJ9",
          "dependencies": [
            "module.vpc.aws_vpc.main_vpc"
          ]
        }
      ]
    },
    {
      "module": "module.vpc",
      "mode": "managed",
      "type": "aws_subnet",
      "name": "public_subnet",
      "provider": "provider[\"registry.terraform.io/hashicorp/aws\"]",
      "instances": [
        {
          "index_key": 0,
          "schema_version": 1,
          "attributes": {
            "arn": "arn:aws:ec2:eu-west-2:741032333307:subnet/subnet-003d80df483ac269e",
            "assign_ipv6_address_on_creation": false,
            "availability_zone": "eu-west-2a",
            "availability_zone_id": "euw2-az2",
            "cidr_block": "192.168.0.0/24",
            "customer_owned_ipv4_pool": "",
            "enable_dns64": false,
            "enable_resource_name_dns_a_record_on_launch": false,
            "enable_resource_name_dns_aaaa_record_on_launch": false,
            "id": "subnet-003d80df483ac269e",
            "ipv6_cidr_block": "",
            "ipv6_cidr_block_association_id": "",
            "ipv6_native": false,
            "map_customer_owned_ip_on_launch": false,
            "map_public_ip_on_launch": true,
            "outpost_arn": "",
            "owner_id": "741032333307",
            "private_dns_hostname_type_on_launch": "ip-name",
            "tags": {
              "Environment": "testing",
              "Group": "eks-fargate",
              "Name": "public-subnet-testing-eu-west-2a"
            },
            "tags_all": {
              "Environment": "testing",
              "Group": "eks-fargate",
              "Name": "public-subnet-testing-eu-west-2a"
            },
            "timeouts": null,
            "vpc_id": "vpc-0b70bc326976a4500"
          },
          "sensitive_attributes": [],
          "private": "eyJlMmJmYjczMC1lY2FhLTExZTYtOGY4OC0zNDM2M2JjN2M0YzAiOnsiY3JlYXRlIjo2MDAwMDAwMDAwMDAsImRlbGV0ZSI6MTIwMDAwMDAwMDAwMH0sInNjaGVtYV92ZXJzaW9uIjoiMSJ9",
          "dependencies": [
            "module.vpc.aws_vpc.main_vpc"
          ]
        },
        {
          "index_key": 1,
          "schema_version": 1,
          "attributes": {
            "arn": "arn:aws:ec2:eu-west-2:741032333307:subnet/subnet-04814fff45f3c3d3b",
            "assign_ipv6_address_on_creation": false,
            "availability_zone": "eu-west-2b",
            "availability_zone_id": "euw2-az3",
            "cidr_block": "192.168.1.0/24",
            "customer_owned_ipv4_pool": "",
            "enable_dns64": false,
            "enable_resource_name_dns_a_record_on_launch": false,
            "enable_resource_name_dns_aaaa_record_on_launch": false,
            "id": "subnet-04814fff45f3c3d3b",
            "ipv6_cidr_block": "",
            "ipv6_cidr_block_association_id": "",
            "ipv6_native": false,
            "map_customer_owned_ip_on_launch": false,
            "map_public_ip_on_launch": true,
            "outpost_arn": "",
            "owner_id": "741032333307",
            "private_dns_hostname_type_on_launch": "ip-name",
            "tags": {
              "Environment": "testing",
              "Group": "eks-fargate",
              "Name": "public-subnet-testing-eu-west-2b"
            },
            "tags_all": {
              "Environment": "testing",
              "Group": "eks-fargate",
              "Name": "public-subnet-testing-eu-west-2b"
            },
            "timeouts": null,
            "vpc_id": "vpc-0b70bc326976a4500"
          },
          "sensitive_attributes": [],
          "private": "eyJlMmJmYjczMC1lY2FhLTExZTYtOGY4OC0zNDM2M2JjN2M0YzAiOnsiY3JlYXRlIjo2MDAwMDAwMDAwMDAsImRlbGV0ZSI6MTIwMDAwMDAwMDAwMH0sInNjaGVtYV92ZXJzaW9uIjoiMSJ9",
          "dependencies": [
            "module.vpc.aws_vpc.main_vpc"
          ]
        },
        {
          "index_key": 2,
          "schema_version": 1,
          "attributes": {
            "arn": "arn:aws:ec2:eu-west-2:741032333307:subnet/subnet-0d4d3b882698184c8",
            "assign_ipv6_address_on_creation": false,
            "availability_zone": "eu-west-2c",
            "availability_zone_id": "euw2-az1",
            "cidr_block": "192.168.2.0/24",
            "customer_owned_ipv4_pool": "",
            "enable_dns64": false,
            "enable_resource_name_dns_a_record_on_launch": false,
            "enable_resource_name_dns_aaaa_record_on_launch": false,
            "id": "subnet-0d4d3b882698184c8",
            "ipv6_cidr_block": "",
            "ipv6_cidr_block_association_id": "",
            "ipv6_native": false,
            "map_customer_owned_ip_on_launch": false,
            "map_public_ip_on_launch": true,
            "outpost_arn": "",
            "owner_id": "741032333307",
            "private_dns_hostname_type_on_launch": "ip-name",
            "tags": {
              "Environment": "testing",
              "Group": "eks-fargate",
              "Name": "public-subnet-testing-eu-west-2c"
            },
            "tags_all": {
              "Environment": "testing",
              "Group": "eks-fargate",
              "Name": "public-subnet-testing-eu-west-2c"
            },
            "timeouts": null,
            "vpc_id": "vpc-0b70bc326976a4500"
          },
          "sensitive_attributes": [],
          "private": "eyJlMmJmYjczMC1lY2FhLTExZTYtOGY4OC0zNDM2M2JjN2M0YzAiOnsiY3JlYXRlIjo2MDAwMDAwMDAwMDAsImRlbGV0ZSI6MTIwMDAwMDAwMDAwMH0sInNjaGVtYV92ZXJzaW9uIjoiMSJ9",
          "dependencies": [
            "module.vpc.aws_vpc.main_vpc"
          ]
        }
      ]
    },
    {
      "module": "module.vpc",
      "mode": "managed",
      "type": "aws_vpc",
      "name": "main_vpc",
      "provider": "provider[\"registry.terraform.io/hashicorp/aws\"]",
      "instances": [
        {
          "schema_version": 1,
          "attributes": {
            "arn": "arn:aws:ec2:eu-west-2:741032333307:vpc/vpc-0b70bc326976a4500",
            "assign_generated_ipv6_cidr_block": false,
            "cidr_block": "192.168.0.0/16",
            "default_network_acl_id": "acl-0ddc939942f46db86",
            "default_route_table_id": "rtb-0e618a463e945f696",
            "default_security_group_id": "sg-0726a3ac4ff4bb0d0",
            "dhcp_options_id": "dopt-0ec887a8da27b0660",
            "enable_classiclink": false,
            "enable_classiclink_dns_support": false,
            "enable_dns_hostnames": true,
            "enable_dns_support": true,
            "id": "vpc-0b70bc326976a4500",
            "instance_tenancy": "default",
            "ipv4_ipam_pool_id": null,
            "ipv4_netmask_length": null,
            "ipv6_association_id": "",
            "ipv6_cidr_block": "",
            "ipv6_cidr_block_network_border_group": "",
            "ipv6_ipam_pool_id": "",
            "ipv6_netmask_length": 0,
            "main_route_table_id": "rtb-0e618a463e945f696",
            "owner_id": "741032333307",
            "tags": {
              "Environment": "testing",
              "Group": "eks-fargate",
              "Name": "eks-vpc-testing-vpc"
            },
            "tags_all": {
              "Environment": "testing",
              "Group": "eks-fargate",
              "Name": "eks-vpc-testing-vpc"
            }
          },
          "sensitive_attributes": [],
          "private": "eyJzY2hlbWFfdmVyc2lvbiI6IjEifQ=="
        }
      ]
    }
  ]
}
