{
  "version": 4,
  "terraform_version": "1.1.9",
  "serial": 1451,
  "lineage": "71dab228-0f34-99f3-ad45-643a0745c246",
  "outputs": {},
  "resources": [
    {
      "mode": "data",
      "type": "aws_eks_cluster",
      "name": "cluster",
      "provider": "provider[\"registry.terraform.io/hashicorp/aws\"]",
      "instances": [
        {
          "schema_version": 0,
          "attributes": {
            "arn": "arn:aws:eks:eu-west-2:741032333307:cluster/acn-eks-clstr-testing",
            "certificate_authority": [
              {
                "data": "LS0tLS1CRUdJTiBDRVJUSUZJQ0FURS0tLS0tCk1JSUMvakNDQWVhZ0F3SUJBZ0lCQURBTkJna3Foa2lHOXcwQkFRc0ZBREFWTVJNd0VRWURWUVFERXdwcmRXSmwKY201bGRHVnpNQjRYRFRJeU1EVXlOREl6TkRneU9Gb1hEVE15TURVeU1USXpORGd5T0Zvd0ZURVRNQkVHQTFVRQpBeE1LYTNWaVpYSnVaWFJsY3pDQ0FTSXdEUVlKS29aSWh2Y05BUUVCQlFBRGdnRVBBRENDQVFvQ2dnRUJBTUtjCm02NkFxSlcxUG1vSTR4dTE3eWNpVHoxbkRVc2RDL3c1ZTFDU1lEV0xOUGFCSnZFcFlyOFhPekFsQitoaTNPODkKRW5jZFd0S2J6elRnV0tCc2x5MnNNMUQ2THJlMnVVM0docjdFN01VcnVwVWJhRXArQ2U5MnVMSUFzUEFRaWRtMgpEek5MRUFHT1ZPVElBeFFTUkc4MXhjQlgxeXBNOUZnOTM2RWxMczUzeVI3YTlBOXFWaC9tY01OcldBbWpNZWhXCnN4WHh1Q2xvR1cxQjNQby9lcVl0WVVJTVVEaTVoQnhZQ01nMHBiWW9JL3hiNExReGMvY1FQNys0TnZoaVdSSlkKcm9pNnZpdVZjN3ZMYmNWeGF2V2ZscWl1blhvUE53VTcxOGlhTnZzRVExTlRDWWl2cFkzQ0NlQzRiaGk2TFdQZgpKS1ZDbUZ0MkdhaVRJMC9FdkowQ0F3RUFBYU5aTUZjd0RnWURWUjBQQVFIL0JBUURBZ0trTUE4R0ExVWRFd0VCCi93UUZNQU1CQWY4d0hRWURWUjBPQkJZRUZKbVpPSC9ycTVkaVdtU0tJTG5LaTRYSHJPeFBNQlVHQTFVZEVRUU8KTUF5Q0NtdDFZbVZ5Ym1WMFpYTXdEUVlKS29aSWh2Y05BUUVMQlFBRGdnRUJBQ1Vzc1RUMU9OcjhyUHlUM05QWQpuWi9lN0VjUXQ1L1QweFA3VDR0bEVUaXlDR09GYmExaE53c3BKRjg0bExLRUxVTUh0SUtxL2NmTWxmOEhhNzIwCnhybFAvcFhoZzZVSUwvNTVKQ3dBY2pXazg1QTVIT3VPcXFlN3Q2QVE5bDNJZ20wNGgyZFdaZnZ2WkdmWHorS2IKdXFuQXg0QU0wdHVldEZiVWlYVThLY3V2dWVYS1o0YVByVGoxZUoxbWxRWkVyT3FFcmNSblFsem9UNHd2emI2UgpkeFRicElnWHFiREoxMVl5OWFtTmtYU0V4MytJK0tlUG53L3FLMnJTRmlidGNiais3aC9PeXgvK0NTQ3RyMWVNClgzK3U3SWNkRFc2SVBiczQ2ZjJDejN4bklJc2RwM3E3V3VZRG9tNVBKUGdtZkNpcWxrQWxEUFY0Z21iTE1weHgKVDZZPQotLS0tLUVORCBDRVJUSUZJQ0FURS0tLS0tCg=="
              }
            ],
            "created_at": "2022-05-24 23:42:12.761 +0000 UTC",
            "enabled_cluster_log_types": [
              "api",
              "audit",
              "authenticator",
              "controllerManager",
              "scheduler"
            ],
            "endpoint": "https://E44DFD106BD0A8A2DE90626648110025.yl4.eu-west-2.eks.amazonaws.com",
            "id": "acn-eks-clstr-testing",
            "identity": [
              {
                "oidc": [
                  {
                    "issuer": "https://oidc.eks.eu-west-2.amazonaws.com/id/E44DFD106BD0A8A2DE90626648110025"
                  }
                ]
              }
            ],
            "kubernetes_network_config": [
              {
                "ip_family": "ipv4",
                "service_ipv4_cidr": "10.100.0.0/16"
              }
            ],
            "name": "acn-eks-clstr-testing",
            "platform_version": "eks.1",
            "role_arn": "arn:aws:iam::741032333307:role/acn-eks-clstr-testing-cluster-role",
            "status": "ACTIVE",
            "tags": {},
            "version": "1.22",
            "vpc_config": [
              {
                "cluster_security_group_id": "sg-00ed7521710bc20eb",
                "endpoint_private_access": false,
                "endpoint_public_access": true,
                "public_access_cidrs": [
                  "0.0.0.0/0"
                ],
                "security_group_ids": [],
                "subnet_ids": [
                  "subnet-001e8995e21565f29",
                  "subnet-027937e6caaaa79b3",
                  "subnet-05ff7c90122626b0b",
                  "subnet-0a7fb46d57e46c9c0",
                  "subnet-0cc4d8670bf4461dc",
                  "subnet-0da8cdee9bf55ce3b"
                ],
                "vpc_id": "vpc-0fe67ec06bdcb89d8"
              }
            ]
          },
          "sensitive_attributes": []
        }
      ]
    },
    {
      "mode": "data",
      "type": "aws_eks_cluster_auth",
      "name": "cluster",
      "provider": "provider[\"registry.terraform.io/hashicorp/aws\"]",
      "instances": [
        {
          "schema_version": 0,
          "attributes": {
            "id": "acn-eks-clstr-testing",
            "name": "acn-eks-clstr-testing",
            "token": "k8s-aws-v1.aHR0cHM6Ly9zdHMuYW1hem9uYXdzLmNvbS8_QWN0aW9uPUdldENhbGxlcklkZW50aXR5JlZlcnNpb249MjAxMS0wNi0xNSZYLUFtei1BbGdvcml0aG09QVdTNC1ITUFDLVNIQTI1NiZYLUFtei1DcmVkZW50aWFsPUFTSUEyWkNIWUI3NTRKNENGQk9QJTJGMjAyMjA1MjQlMkZ1cy1lYXN0LTElMkZzdHMlMkZhd3M0X3JlcXVlc3QmWC1BbXotRGF0ZT0yMDIyMDUyNFQyMzUyMTlaJlgtQW16LUV4cGlyZXM9MCZYLUFtei1TZWN1cml0eS1Ub2tlbj1JUW9KYjNKcFoybHVYMlZqRUpqJTJGJTJGJTJGJTJGJTJGJTJGJTJGJTJGJTJGJTJGd0VhQ1hWekxXVmhjM1F0TVNKSU1FWUNJUUNWbWZ6cGtpek5JZUVZQUN2Vnd6NndUVDRBUjFPVmh5UTNZNjElMkY0NDZ1TkFJaEFMOGpYYm9mY2ZZbkphYjkzQVg2R1UwT3N5cnZaR3M3aG9nNmJBUnlVaiUyRklLcklDQ0lIJTJGJTJGJTJGJTJGJTJGJTJGJTJGJTJGJTJGJTJGd0VRQWhvTU56UXhNRE15TXpNek16QTNJZ3k0aTRuRFNQM1JkTDl4ZWNrcWhnSjdnbWhVdksyWWZkYklXYjZjaTdnR1BsNmVvTkVsVGM4VkpNUkdHUUFqVHc3JTJGUmFIaExZdzFvaGlzOFgycEdqQmYyTEwlMkJETHhOVUJtNEp4MjVoNk5zWFNxbExNS08lMkJQQW1HeVRvUnpMSm0lMkJ5SCUyQnhFUkJvYUw2cnlqYzd4cGZHTWwzTENLRTJNT3dlUmJOd3d1Q0labnBlMzZ5dmVuODglMkYyWVhMQUczNDFRWCUyRjU1N0oxSUVwSExxeHJSRmFRQyUyRkowSEFKempSeEZmaFVzUWpqMlBPR3htdXlxaUtmdzJyWU5rVUM5V04lMkJtcyUyRkx1Q0ZrWVpBeE9GZ24yY3NmbTVlYXZkY1BkJTJGZ1klMkJ2TDNxJTJGVFZTeGs4RnJqZkRPVUFteTVzQ2txdCUyQlp5JTJGMjBRNUdyJTJGT2hwSVdyaXZYRWFqRGM0Zk14ajB0cyUyQkVMVVh0YWw5UG5UTGc2bk1NeVBweE9hTUx2V3RaUUdPcHdCSnNvTnFkRndSc00lMkZMbFVqeUVmWGxEb0d5TG9aUXI3MFQ1YUpJbnhwUnZrWDZjNzNpUWt2JTJCWExYbk5hJTJGWEhBRUxxdFZ5eUQ3VHJMUGpsRkR6RGhsJTJGdXJlRTA1cWpTemo4N3l4VDg5cFRnSkd4SHVaZzJKQURjbVhLZjFjMlU0eVZRUGlLJTJGQmJnQ29ndTg2aEp3JTJCdUdtc0tUWjJLQXEyWGJyejBKT1VVeDMlMkZWdzUzMjZnc0d1JTJCQ1pFRGdBdHE4S1ppZFZnR3pjd3o1OG1NSTQmWC1BbXotU2lnbmVkSGVhZGVycz1ob3N0JTNCeC1rOHMtYXdzLWlkJlgtQW16LVNpZ25hdHVyZT1jMTgzZDBiNzk3NDBjNmVhYmI2ZTFiYjQ1NmI2ZjRjYTIzMjNmNDY5N2RlZWRmMGRlN2JkNGU5NzJmZDVlMjE5"
          },
          "sensitive_attributes": []
        }
      ]
    },
    {
      "module": "module.eks",
      "mode": "data",
      "type": "tls_certificate",
      "name": "auth",
      "provider": "provider[\"registry.terraform.io/hashicorp/tls\"]",
      "instances": [
        {
          "schema_version": 0,
          "attributes": {
            "certificates": [
              {
                "cert_pem": "-----BEGIN CERTIFICATE-----\nMIIEdTCCA12gAwIBAgIJAKcOSkw0grd/MA0GCSqGSIb3DQEBCwUAMGgxCzAJBgNV\nBAYTAlVTMSUwIwYDVQQKExxTdGFyZmllbGQgVGVjaG5vbG9naWVzLCBJbmMuMTIw\nMAYDVQQLEylTdGFyZmllbGQgQ2xhc3MgMiBDZXJ0aWZpY2F0aW9uIEF1dGhvcml0\neTAeFw0wOTA5MDIwMDAwMDBaFw0zNDA2MjgxNzM5MTZaMIGYMQswCQYDVQQGEwJV\nUzEQMA4GA1UECBMHQXJpem9uYTETMBEGA1UEBxMKU2NvdHRzZGFsZTElMCMGA1UE\nChMcU3RhcmZpZWxkIFRlY2hub2xvZ2llcywgSW5jLjE7MDkGA1UEAxMyU3RhcmZp\nZWxkIFNlcnZpY2VzIFJvb3QgQ2VydGlmaWNhdGUgQXV0aG9yaXR5IC0gRzIwggEi\nMA0GCSqGSIb3DQEBAQUAA4IBDwAwggEKAoIBAQDVDDrEKvlO4vW+GZdfjohTsR8/\ny8+fIBNtKTrID30892t2OGPZNmCom15cAICyL1l/9of5JUOG52kbUpqQ4XHj2C0N\nTm/2yEnZtvMaVq4rtnQU68/7JuMauh2WLmo7WJSJR1b/JaCTcFOD2oR0FMNnngRo\nOt+OQFodSk7PQ5E751bWAHDLUu57fa4657wx+UX2wmDPE1kCK4DMNEffud6QZW0C\nzyyRpqbn3oUYSXxmTqM6bam17jQuug0DuDPfR+uxa40l2ZvOgdFFRjKWcIfeAg5J\nQ4W2bHO7ZOphQazJ1FTfhy/HIrImzJ9ZVGif/L4qL8RVHHVAYBeFAlU5i38FAgMB\nAAGjgfAwge0wDwYDVR0TAQH/BAUwAwEB/zAOBgNVHQ8BAf8EBAMCAYYwHQYDVR0O\nBBYEFJxfAN+qAdcwKziIorhtSpzyEZGDMB8GA1UdIwQYMBaAFL9ft9HO3R+G9FtV\nrNzXEMIOqYjnME8GCCsGAQUFBwEBBEMwQTAcBggrBgEFBQcwAYYQaHR0cDovL28u\nc3MyLnVzLzAhBggrBgEFBQcwAoYVaHR0cDovL3guc3MyLnVzL3guY2VyMCYGA1Ud\nHwQfMB0wG6AZoBeGFWh0dHA6Ly9zLnNzMi51cy9yLmNybDARBgNVHSAECjAIMAYG\nBFUdIAAwDQYJKoZIhvcNAQELBQADggEBACMd44pXyn3pF3lM8R5V/cxTbj5HD9/G\nVfKyBDbtgB9TxF00KGu+x1X8Z+rLP3+QsjPNG1gQggL4+C/1E2DUBc7xgQjB3ad1\nl08YuW3e95ORCLp+QCztweq7dp4zBncdDQh/U90bZKuCJ/Fp1U1ervShw3WnWEQt\n8jxwmKy6abaVd38PMV4s/KCHOkdp8Hlf9BRUpJVeEXgSYCfOn8J3/yNTd126/+pZ\n59vPr5KW7ySaNRB6nJHGDn2Z9j8Z3/VyVOEVqQdZe4O/Ui5GjLIAZHYcSNPYeehu\nVsyuLAOQ1xk4meTKCRlb/weWsKh/NEnfVqn3sF/tM+2MR7cwA130A4w=\n-----END CERTIFICATE-----\n",
                "is_ca": true,
                "issuer": "OU=Starfield Class 2 Certification Authority,O=Starfield Technologies\\, Inc.,C=US",
                "not_after": "2034-06-28T17:39:16Z",
                "not_before": "2009-09-02T00:00:00Z",
                "public_key_algorithm": "RSA",
                "serial_number": "12037640545166866303",
                "sha1_fingerprint": "9e99a48a9960b14926bb7f3b02e22da2b0ab7280",
                "signature_algorithm": "SHA256-RSA",
                "subject": "CN=Starfield Services Root Certificate Authority - G2,O=Starfield Technologies\\, Inc.,L=Scottsdale,ST=Arizona,C=US",
                "version": 3
              },
              {
                "cert_pem": "-----BEGIN CERTIFICATE-----\nMIIEkjCCA3qgAwIBAgITBn+USionzfP6wq4rAfkI7rnExjANBgkqhkiG9w0BAQsF\nADCBmDELMAkGA1UEBhMCVVMxEDAOBgNVBAgTB0FyaXpvbmExEzARBgNVBAcTClNj\nb3R0c2RhbGUxJTAjBgNVBAoTHFN0YXJmaWVsZCBUZWNobm9sb2dpZXMsIEluYy4x\nOzA5BgNVBAMTMlN0YXJmaWVsZCBTZXJ2aWNlcyBSb290IENlcnRpZmljYXRlIEF1\ndGhvcml0eSAtIEcyMB4XDTE1MDUyNTEyMDAwMFoXDTM3MTIzMTAxMDAwMFowOTEL\nMAkGA1UEBhMCVVMxDzANBgNVBAoTBkFtYXpvbjEZMBcGA1UEAxMQQW1hem9uIFJv\nb3QgQ0EgMTCCASIwDQYJKoZIhvcNAQEBBQADggEPADCCAQoCggEBALJ4gHHKeNXj\nca9HgFB0fW7Y14h29Jlo91ghYPl0hAEvrAIthtOgQ3pOsqTQNroBvo3bSMgHFzZM\n9O6II8c+6zf1tRn4SWiw3te5djgdYZ6k/oI2peVKVuRF4fn9tBb6dNqcmzU5L/qw\nIFAGbHrQgLKm+a/sRxmPUDgH3KKHOVj4utWp+UhnMJbulHheb4mjUcAwhmahRWa6\nVOujw5H5SNz/0egwLX0tdHA114gk957EWW67c4cX8jJGKLhD+rcdqsq08p8kDi1L\n93FcXmn/6pUCyziKrlA4b9v7LWIbxcceVOF34GfID5yHI9Y/QCB/IIDEgEw+OyQm\njgSubJrIqg0CAwEAAaOCATEwggEtMA8GA1UdEwEB/wQFMAMBAf8wDgYDVR0PAQH/\nBAQDAgGGMB0GA1UdDgQWBBSEGMyFNOy8DJSULghZnMeyEE4KCDAfBgNVHSMEGDAW\ngBScXwDfqgHXMCs4iKK4bUqc8hGRgzB4BggrBgEFBQcBAQRsMGowLgYIKwYBBQUH\nMAGGImh0dHA6Ly9vY3NwLnJvb3RnMi5hbWF6b250cnVzdC5jb20wOAYIKwYBBQUH\nMAKGLGh0dHA6Ly9jcnQucm9vdGcyLmFtYXpvbnRydXN0LmNvbS9yb290ZzIuY2Vy\nMD0GA1UdHwQ2MDQwMqAwoC6GLGh0dHA6Ly9jcmwucm9vdGcyLmFtYXpvbnRydXN0\nLmNvbS9yb290ZzIuY3JsMBEGA1UdIAQKMAgwBgYEVR0gADANBgkqhkiG9w0BAQsF\nAAOCAQEAYjdCXLwQtT6LLOkMm2xF4gcAevnFWAu5CIw+7bMlPLVvUOTNNWqnkzSW\nMiGpSESrnO09tKpzbeR/FoCJbM8oAxiDR3mjEH4wW6w7sGDgd9QIpuEdfF7Au/ma\neyKdpwAJfqxGF4PcnCZXmTA5YpaP7dreqsXMGz7KQ2hsVxa81Q4gLv7/wmpdLqBK\nbRRYh5TmOTFffHPLkIhqhBGWJ6bt2YFGpn6jcgAKUj6DiAdjd4lpFw85hdKrCEVN\n0FE6/V1dN2RMfjCyVSRCnTawXZwXgWHxyvkQAiSr6w10kY17RSlQOYiypok1JR4U\nakcjMS9cmvqtmg5iUaQqqcT5NJ0hGA==\n-----END CERTIFICATE-----\n",
                "is_ca": true,
                "issuer": "CN=Starfield Services Root Certificate Authority - G2,O=Starfield Technologies\\, Inc.,L=Scottsdale,ST=Arizona,C=US",
                "not_after": "2037-12-31T01:00:00Z",
                "not_before": "2015-05-25T12:00:00Z",
                "public_key_algorithm": "RSA",
                "serial_number": "144918191876577076464031512351042010504348870",
                "sha1_fingerprint": "06b25927c42a721631c1efd9431e648fa62e1e39",
                "signature_algorithm": "SHA256-RSA",
                "subject": "CN=Amazon Root CA 1,O=Amazon,C=US",
                "version": 3
              },
              {
                "cert_pem": "-----BEGIN CERTIFICATE-----\nMIIESTCCAzGgAwIBAgITBn+UV4WH6Kx33rJTMlu8mYtWDTANBgkqhkiG9w0BAQsF\nADA5MQswCQYDVQQGEwJVUzEPMA0GA1UEChMGQW1hem9uMRkwFwYDVQQDExBBbWF6\nb24gUm9vdCBDQSAxMB4XDTE1MTAyMjAwMDAwMFoXDTI1MTAxOTAwMDAwMFowRjEL\nMAkGA1UEBhMCVVMxDzANBgNVBAoTBkFtYXpvbjEVMBMGA1UECxMMU2VydmVyIENB\nIDFCMQ8wDQYDVQQDEwZBbWF6b24wggEiMA0GCSqGSIb3DQEBAQUAA4IBDwAwggEK\nAoIBAQDCThZn3c68asg3Wuw6MLAd5tES6BIoSMzoKcG5blPVo+sDORrMd4f2AbnZ\ncMzPa43j4wNxhplty6aUKk4T1qe9BOwKFjwK6zmxxLVYo7bHViXsPlJ6qOMpFge5\nblDP+18x+B26A0piiQOuPkfyDyeR4xQghfj66Yo19V+emU3nazfvpFA+ROz6WoVm\nB5x+F2pV8xeKNR7u6azDdU5YVX1TawprmxRC1+WsAYmz6qP+z8ArDITC2FMVy2fw\n0IjKOtEXc/VfmtTFch5+AfGYMGMqqvJ6LcXiAhqG5TI+Dr0RtM88k+8XUBCeQ8IG\nKuANaL7TiItKZYxK1MMuTJtV9IblAgMBAAGjggE7MIIBNzASBgNVHRMBAf8ECDAG\nAQH/AgEAMA4GA1UdDwEB/wQEAwIBhjAdBgNVHQ4EFgQUWaRmBlKge5WSPKOUByeW\ndFv5PdAwHwYDVR0jBBgwFoAUhBjMhTTsvAyUlC4IWZzHshBOCggwewYIKwYBBQUH\nAQEEbzBtMC8GCCsGAQUFBzABhiNodHRwOi8vb2NzcC5yb290Y2ExLmFtYXpvbnRy\ndXN0LmNvbTA6BggrBgEFBQcwAoYuaHR0cDovL2NydC5yb290Y2ExLmFtYXpvbnRy\ndXN0LmNvbS9yb290Y2ExLmNlcjA/BgNVHR8EODA2MDSgMqAwhi5odHRwOi8vY3Js\nLnJvb3RjYTEuYW1hem9udHJ1c3QuY29tL3Jvb3RjYTEuY3JsMBMGA1UdIAQMMAow\nCAYGZ4EMAQIBMA0GCSqGSIb3DQEBCwUAA4IBAQCFkr41u3nPo4FCHOTjY3NTOVI1\n59Gt/a6ZiqyJEi+752+a1U5y6iAwYfmXss2lJwJFqMp2PphKg5625kXg8kP2CN5t\n6G7bMQcT8C8xDZNtYTd7WPD8UZiRKAJPBXa30/AbwuZe0GaFEQ8ugcYQgSn+IGBI\n8/LwhBNTZTUVEWuCUUBVV18YtbAiPq3yXqMB48Oz+ctBWuZSkbvkNodPLamkB2g1\nupRyzQ7qDn1X8nn8N8V7YJ6y68AtkHcNSRAnpTitxBKjtKPISLMVCx7i4hncxHZS\nyLyKQXhw2W2Xs0qLeC1etA+jTGDK4UfLeC0SF7FSi8o5LL21L8IzApar2pR/\n-----END CERTIFICATE-----\n",
                "is_ca": true,
                "issuer": "CN=Amazon Root CA 1,O=Amazon,C=US",
                "not_after": "2025-10-19T00:00:00Z",
                "not_before": "2015-10-22T00:00:00Z",
                "public_key_algorithm": "RSA",
                "serial_number": "144918209630989264145272943054026349679957517",
                "sha1_fingerprint": "917e732d330f9a12404f73d8bea36948b929dffc",
                "signature_algorithm": "SHA256-RSA",
                "subject": "CN=Amazon,OU=Server CA 1B,O=Amazon,C=US",
                "version": 3
              },
              {
                "cert_pem": "-----BEGIN CERTIFICATE-----\nMIIF+TCCBOGgAwIBAgIQCYA2QK6wkzx8l4l76sjlJzANBgkqhkiG9w0BAQsFADBG\nMQswCQYDVQQGEwJVUzEPMA0GA1UEChMGQW1hem9uMRUwEwYDVQQLEwxTZXJ2ZXIg\nQ0EgMUIxDzANBgNVBAMTBkFtYXpvbjAeFw0yMjA1MTUwMDAwMDBaFw0yMzA2MTMy\nMzU5NTlaMCsxKTAnBgNVBAMTIG9pZGMuZWtzLmV1LXdlc3QtMi5hbWF6b25hd3Mu\nY29tMIIBIjANBgkqhkiG9w0BAQEFAAOCAQ8AMIIBCgKCAQEA50zUkPCFXkjLO4dI\n06d6khEgLEUtPJEEHKkXHHCXCzsZ60mn44g2ZQdaecHrqfh4pSO+OicijZERDfvb\nFkquh6OJNGwtQ0UTQSne6ZpcCmXpSR53D9Hm7kOCC+HZUHO7/VSNz+LLCYvgDrht\nOT/cpv4KBEyX56K0UriGo4KjV6j25CD5bGwasPt9oyJssw3M3gnXzYLPs/6ByrKn\nCfJvDw7POf8xOfFbpIUUS6xZq7ESjs03Y1MJlfTudiipLbD7mTGjp5HErt///gbn\nXl6+EvyWCqNy3NpbHkfyCUDBxo8lAxfEJEYOOASvfRlFbr6/lXQFxczgXg42c97P\ntI5nrQIDAQABo4IC/DCCAvgwHwYDVR0jBBgwFoAUWaRmBlKge5WSPKOUByeWdFv5\nPdAwHQYDVR0OBBYEFNOTKVe6T6O2DZX/OjLtWmdMnPd4MCsGA1UdEQQkMCKCIG9p\nZGMuZWtzLmV1LXdlc3QtMi5hbWF6b25hd3MuY29tMA4GA1UdDwEB/wQEAwIFoDAd\nBgNVHSUEFjAUBggrBgEFBQcDAQYIKwYBBQUHAwIwPQYDVR0fBDYwNDAyoDCgLoYs\naHR0cDovL2NybC5zY2ExYi5hbWF6b250cnVzdC5jb20vc2NhMWItMS5jcmwwEwYD\nVR0gBAwwCjAIBgZngQwBAgEwdQYIKwYBBQUHAQEEaTBnMC0GCCsGAQUFBzABhiFo\ndHRwOi8vb2NzcC5zY2ExYi5hbWF6b250cnVzdC5jb20wNgYIKwYBBQUHMAKGKmh0\ndHA6Ly9jcnQuc2NhMWIuYW1hem9udHJ1c3QuY29tL3NjYTFiLmNydDAMBgNVHRMB\nAf8EAjAAMIIBfwYKKwYBBAHWeQIEAgSCAW8EggFrAWkAdgDoPtDaPvUGNTLnVyi8\niWvJA9PL0RFr7Otp4Xd9bQa9bgAAAYDFFUU5AAAEAwBHMEUCIQCV7YrHFaMLsuG7\nKMvNH53PI1LDiCGpGQunXRJnuASJxwIgJaIM8B01ofRCq7DVZDSBiOWZc4at6MNE\nyRVIlhsR9JgAdwA1zxkbv7FsV78PrUxtQsu7ticgJlHqP+Eq76gDwzvWTAAAAYDF\nFUVXAAAEAwBIMEYCIQCy+Rtq49g9bwgp8dEhXCRyJq6CoAXtv+P3E7SMwCqBJQIh\nAOL419EoUX6U73248gKIHfX7G7ZjvI2L61zEc+YSHMBDAHYAtz77JN+cTbp18jnF\nulj0bF38Qs96nzXEnh0JgSXttJkAAAGAxRVFRgAABAMARzBFAiAytHTEuaKG+F2Y\nSFf+CYs5PHoZfgFqztZf/WSanPF00gIhAPyckvSwG5zbqKIf5EnEuHU/KuEtKYzn\nPLrMfYbiYGSEMA0GCSqGSIb3DQEBCwUAA4IBAQBn02bNlXHXiMujbaTEkSPceh+O\n6zNOsY3wAjIvPUNjYE63yC8BenqPn7HvP3ZCojftjwldUeQvVx+vqTm2ZUTYflXm\nw4WTU9TyQJ4Uwxo8sYCE1/UeeKXSbJsWK7IWS5r5HMMsweKGJDB6LGEIZrnnQ9PS\nFhR9FB80xTbOe7sAfxkh9zYmNIYKYpIPjDu4dJAjvENd934LewcEGuWUEAC62yrD\ncYBSO8FT5eqGpkLTnSYJ7oEnZu/GKeGG7plu+0UWtNB51KPIAJ2SjIVRKxGU0eoY\nZOtZt+DsFBywJlHMWYqxz/GImy1oDeMXtXz9aqHtrhfbsc69uiDLnlgr1/Q6\n-----END CERTIFICATE-----\n",
                "is_ca": false,
                "issuer": "CN=Amazon,OU=Server CA 1B,O=Amazon,C=US",
                "not_after": "2023-06-13T23:59:59Z",
                "not_before": "2022-05-15T00:00:00Z",
                "public_key_algorithm": "RSA",
                "serial_number": "12628766334741556852528304711824631079",
                "sha1_fingerprint": "4b43d7807d48276413b299746f08fd82f37b9f7b",
                "signature_algorithm": "SHA256-RSA",
                "subject": "CN=oidc.eks.eu-west-2.amazonaws.com",
                "version": 3
              }
            ],
            "content": null,
            "id": "2f9db3e6d2a0210250c7f3833ee5ce290f93116d",
            "url": "https://oidc.eks.eu-west-2.amazonaws.com/id/E44DFD106BD0A8A2DE90626648110025",
            "verify_chain": true
          },
          "sensitive_attributes": []
        }
      ]
    },
    {
      "module": "module.eks",
      "mode": "managed",
      "type": "aws_cloudwatch_log_group",
      "name": "cloudwatch_log_group",
      "provider": "provider[\"registry.terraform.io/hashicorp/aws\"]",
      "instances": [
        {
          "schema_version": 0,
          "attributes": {
            "arn": "arn:aws:logs:eu-west-2:741032333307:log-group:/aws/eks/acn-eks-clstr-testing/cluster",
            "id": "/aws/eks/acn-eks-clstr-testing/cluster",
            "kms_key_id": "",
            "name": "/aws/eks/acn-eks-clstr-testing/cluster",
            "name_prefix": null,
            "retention_in_days": 30,
            "tags": {
              "Name": "acn-eks-clstr-testing-eks-cloudwatch-log-group"
            },
            "tags_all": {
              "Name": "acn-eks-clstr-testing-eks-cloudwatch-log-group"
            }
          },
          "sensitive_attributes": [],
          "private": "bnVsbA==",
          "dependencies": [
            "module.vpc.aws_default_security_group.default",
            "module.vpc.aws_eip.nat_eip",
            "module.vpc.aws_internet_gateway.internet_gw",
            "module.vpc.aws_nat_gateway.nat_gw",
            "module.vpc.aws_route.private_nat_gw_route",
            "module.vpc.aws_route.public_internet_route",
            "module.vpc.aws_route_table.private_rt",
            "module.vpc.aws_route_table.public_rt",
            "module.vpc.aws_route_table_association.private-rt-assotion",
            "module.vpc.aws_route_table_association.public-rt-assotion",
            "module.vpc.aws_security_group.custom",
            "module.vpc.aws_subnet.private_subnet",
            "module.vpc.aws_subnet.public_subnet",
            "module.vpc.aws_vpc.main_vpc"
          ]
        }
      ]
    },
    {
      "module": "module.eks",
      "mode": "managed",
      "type": "aws_eks_cluster",
      "name": "eks_cluster",
      "provider": "provider[\"registry.terraform.io/hashicorp/aws\"]",
      "instances": [
        {
          "schema_version": 0,
          "attributes": {
            "arn": "arn:aws:eks:eu-west-2:741032333307:cluster/acn-eks-clstr-testing",
            "certificate_authority": [
              {
                "data": "LS0tLS1CRUdJTiBDRVJUSUZJQ0FURS0tLS0tCk1JSUMvakNDQWVhZ0F3SUJBZ0lCQURBTkJna3Foa2lHOXcwQkFRc0ZBREFWTVJNd0VRWURWUVFERXdwcmRXSmwKY201bGRHVnpNQjRYRFRJeU1EVXlOREl6TkRneU9Gb1hEVE15TURVeU1USXpORGd5T0Zvd0ZURVRNQkVHQTFVRQpBeE1LYTNWaVpYSnVaWFJsY3pDQ0FTSXdEUVlKS29aSWh2Y05BUUVCQlFBRGdnRVBBRENDQVFvQ2dnRUJBTUtjCm02NkFxSlcxUG1vSTR4dTE3eWNpVHoxbkRVc2RDL3c1ZTFDU1lEV0xOUGFCSnZFcFlyOFhPekFsQitoaTNPODkKRW5jZFd0S2J6elRnV0tCc2x5MnNNMUQ2THJlMnVVM0docjdFN01VcnVwVWJhRXArQ2U5MnVMSUFzUEFRaWRtMgpEek5MRUFHT1ZPVElBeFFTUkc4MXhjQlgxeXBNOUZnOTM2RWxMczUzeVI3YTlBOXFWaC9tY01OcldBbWpNZWhXCnN4WHh1Q2xvR1cxQjNQby9lcVl0WVVJTVVEaTVoQnhZQ01nMHBiWW9JL3hiNExReGMvY1FQNys0TnZoaVdSSlkKcm9pNnZpdVZjN3ZMYmNWeGF2V2ZscWl1blhvUE53VTcxOGlhTnZzRVExTlRDWWl2cFkzQ0NlQzRiaGk2TFdQZgpKS1ZDbUZ0MkdhaVRJMC9FdkowQ0F3RUFBYU5aTUZjd0RnWURWUjBQQVFIL0JBUURBZ0trTUE4R0ExVWRFd0VCCi93UUZNQU1CQWY4d0hRWURWUjBPQkJZRUZKbVpPSC9ycTVkaVdtU0tJTG5LaTRYSHJPeFBNQlVHQTFVZEVRUU8KTUF5Q0NtdDFZbVZ5Ym1WMFpYTXdEUVlKS29aSWh2Y05BUUVMQlFBRGdnRUJBQ1Vzc1RUMU9OcjhyUHlUM05QWQpuWi9lN0VjUXQ1L1QweFA3VDR0bEVUaXlDR09GYmExaE53c3BKRjg0bExLRUxVTUh0SUtxL2NmTWxmOEhhNzIwCnhybFAvcFhoZzZVSUwvNTVKQ3dBY2pXazg1QTVIT3VPcXFlN3Q2QVE5bDNJZ20wNGgyZFdaZnZ2WkdmWHorS2IKdXFuQXg0QU0wdHVldEZiVWlYVThLY3V2dWVYS1o0YVByVGoxZUoxbWxRWkVyT3FFcmNSblFsem9UNHd2emI2UgpkeFRicElnWHFiREoxMVl5OWFtTmtYU0V4MytJK0tlUG53L3FLMnJTRmlidGNiais3aC9PeXgvK0NTQ3RyMWVNClgzK3U3SWNkRFc2SVBiczQ2ZjJDejN4bklJc2RwM3E3V3VZRG9tNVBKUGdtZkNpcWxrQWxEUFY0Z21iTE1weHgKVDZZPQotLS0tLUVORCBDRVJUSUZJQ0FURS0tLS0tCg=="
              }
            ],
            "created_at": "2022-05-24 23:42:12.761 +0000 UTC",
            "enabled_cluster_log_types": [
              "api",
              "audit",
              "authenticator",
              "controllerManager",
              "scheduler"
            ],
            "encryption_config": [],
            "endpoint": "https://E44DFD106BD0A8A2DE90626648110025.yl4.eu-west-2.eks.amazonaws.com",
            "id": "acn-eks-clstr-testing",
            "identity": [
              {
                "oidc": [
                  {
                    "issuer": "https://oidc.eks.eu-west-2.amazonaws.com/id/E44DFD106BD0A8A2DE90626648110025"
                  }
                ]
              }
            ],
            "kubernetes_network_config": [
              {
                "ip_family": "ipv4",
                "service_ipv4_cidr": "10.100.0.0/16"
              }
            ],
            "name": "acn-eks-clstr-testing",
            "platform_version": "eks.1",
            "role_arn": "arn:aws:iam::741032333307:role/acn-eks-clstr-testing-cluster-role",
            "status": "ACTIVE",
            "tags": null,
            "tags_all": {},
            "timeouts": {
              "create": null,
              "delete": "30m",
              "update": null
            },
            "version": "1.22",
            "vpc_config": [
              {
                "cluster_security_group_id": "sg-00ed7521710bc20eb",
                "endpoint_private_access": false,
                "endpoint_public_access": true,
                "public_access_cidrs": [
                  "0.0.0.0/0"
                ],
                "security_group_ids": null,
                "subnet_ids": [
                  "subnet-001e8995e21565f29",
                  "subnet-027937e6caaaa79b3",
                  "subnet-05ff7c90122626b0b",
                  "subnet-0a7fb46d57e46c9c0",
                  "subnet-0cc4d8670bf4461dc",
                  "subnet-0da8cdee9bf55ce3b"
                ],
                "vpc_id": "vpc-0fe67ec06bdcb89d8"
              }
            ]
          },
          "sensitive_attributes": [],
          "private": "eyJlMmJmYjczMC1lY2FhLTExZTYtOGY4OC0zNDM2M2JjN2M0YzAiOnsiY3JlYXRlIjoxODAwMDAwMDAwMDAwLCJkZWxldGUiOjE4MDAwMDAwMDAwMDAsInVwZGF0ZSI6MzYwMDAwMDAwMDAwMH19",
          "dependencies": [
            "module.eks.aws_cloudwatch_log_group.cloudwatch_log_group",
            "module.eks.aws_iam_role.eks_cluster_role",
            "module.eks.aws_iam_role_policy_attachment.AmazonEKSClusterPolicy1",
            "module.eks.aws_iam_role_policy_attachment.AmazonEKSVPCResourceController1",
            "module.vpc.aws_default_security_group.default",
            "module.vpc.aws_eip.nat_eip",
            "module.vpc.aws_internet_gateway.internet_gw",
            "module.vpc.aws_nat_gateway.nat_gw",
            "module.vpc.aws_route.private_nat_gw_route",
            "module.vpc.aws_route.public_internet_route",
            "module.vpc.aws_route_table.private_rt",
            "module.vpc.aws_route_table.public_rt",
            "module.vpc.aws_route_table_association.private-rt-assotion",
            "module.vpc.aws_route_table_association.public-rt-assotion",
            "module.vpc.aws_security_group.custom",
            "module.vpc.aws_subnet.private_subnet",
            "module.vpc.aws_subnet.public_subnet",
            "module.vpc.aws_vpc.main_vpc"
          ]
        }
      ]
    },
    {
      "module": "module.eks",
      "mode": "managed",
      "type": "aws_eks_fargate_profile",
      "name": "eks_fargate_coredns",
      "provider": "provider[\"registry.terraform.io/hashicorp/aws\"]",
      "instances": [
        {
          "schema_version": 0,
          "attributes": {
            "arn": "arn:aws:eks:eu-west-2:741032333307:fargateprofile/acn-eks-clstr-testing/acn-eks-clstr-testing-coredns-fargate-profile/34c07c3e-3125-e9a6-96ac-b99afc86848b",
            "cluster_name": "acn-eks-clstr-testing",
            "fargate_profile_name": "acn-eks-clstr-testing-coredns-fargate-profile",
            "id": "acn-eks-clstr-testing:acn-eks-clstr-testing-coredns-fargate-profile",
            "pod_execution_role_arn": "arn:aws:iam::741032333307:role/acn-eks-clstr-eks_fargate_core_dns_role",
            "selector": [
              {
                "labels": null,
                "namespace": "kube-system"
              }
            ],
            "status": "ACTIVE",
            "subnet_ids": [
              "subnet-05ff7c90122626b0b",
              "subnet-0cc4d8670bf4461dc",
              "subnet-0da8cdee9bf55ce3b"
            ],
            "tags": null,
            "tags_all": {},
            "timeouts": {
              "create": "30m",
              "delete": "30m"
            }
          },
          "sensitive_attributes": [],
          "private": "eyJlMmJmYjczMC1lY2FhLTExZTYtOGY4OC0zNDM2M2JjN2M0YzAiOnsiY3JlYXRlIjoxODAwMDAwMDAwMDAwLCJkZWxldGUiOjE4MDAwMDAwMDAwMDB9fQ==",
          "dependencies": [
            "module.eks.aws_cloudwatch_log_group.cloudwatch_log_group",
            "module.eks.aws_eks_cluster.eks_cluster",
            "module.eks.aws_iam_role.eks_cluster_role",
            "module.eks.aws_iam_role.eks_fargate_core_dns_role",
            "module.eks.aws_iam_role_policy_attachment.AmazonEKSClusterPolicy1",
            "module.eks.aws_iam_role_policy_attachment.AmazonEKSVPCResourceController1",
            "module.vpc.aws_default_security_group.default",
            "module.vpc.aws_eip.nat_eip",
            "module.vpc.aws_internet_gateway.internet_gw",
            "module.vpc.aws_nat_gateway.nat_gw",
            "module.vpc.aws_route.private_nat_gw_route",
            "module.vpc.aws_route.public_internet_route",
            "module.vpc.aws_route_table.private_rt",
            "module.vpc.aws_route_table.public_rt",
            "module.vpc.aws_route_table_association.private-rt-assotion",
            "module.vpc.aws_route_table_association.public-rt-assotion",
            "module.vpc.aws_security_group.custom",
            "module.vpc.aws_subnet.private_subnet",
            "module.vpc.aws_subnet.public_subnet",
            "module.vpc.aws_vpc.main_vpc"
          ]
        }
      ]
    },
    {
      "module": "module.eks",
      "mode": "managed",
      "type": "aws_iam_openid_connect_provider",
      "name": "oidc_provider",
      "provider": "provider[\"registry.terraform.io/hashicorp/aws\"]",
      "instances": [
        {
          "schema_version": 0,
          "attributes": {
            "arn": "arn:aws:iam::741032333307:oidc-provider/oidc.eks.eu-west-2.amazonaws.com/id/E44DFD106BD0A8A2DE90626648110025",
            "client_id_list": [
              "sts.amazonaws.com"
            ],
            "id": "arn:aws:iam::741032333307:oidc-provider/oidc.eks.eu-west-2.amazonaws.com/id/E44DFD106BD0A8A2DE90626648110025",
            "tags": {
              "Name": "acn-eks-clstr-testing-eks-irsa"
            },
            "tags_all": {
              "Name": "acn-eks-clstr-testing-eks-irsa"
            },
            "thumbprint_list": [
              "9e99a48a9960b14926bb7f3b02e22da2b0ab7280"
            ],
            "url": "oidc.eks.eu-west-2.amazonaws.com/id/E44DFD106BD0A8A2DE90626648110025"
          },
          "sensitive_attributes": [],
          "private": "bnVsbA==",
          "dependencies": [
            "module.eks.aws_cloudwatch_log_group.cloudwatch_log_group",
            "module.eks.aws_eks_cluster.eks_cluster",
            "module.eks.aws_iam_role.eks_cluster_role",
            "module.eks.aws_iam_role_policy_attachment.AmazonEKSClusterPolicy1",
            "module.eks.aws_iam_role_policy_attachment.AmazonEKSVPCResourceController1",
            "module.eks.data.tls_certificate.auth",
            "module.vpc.aws_default_security_group.default",
            "module.vpc.aws_eip.nat_eip",
            "module.vpc.aws_internet_gateway.internet_gw",
            "module.vpc.aws_nat_gateway.nat_gw",
            "module.vpc.aws_route.private_nat_gw_route",
            "module.vpc.aws_route.public_internet_route",
            "module.vpc.aws_route_table.private_rt",
            "module.vpc.aws_route_table.public_rt",
            "module.vpc.aws_route_table_association.private-rt-assotion",
            "module.vpc.aws_route_table_association.public-rt-assotion",
            "module.vpc.aws_security_group.custom",
            "module.vpc.aws_subnet.private_subnet",
            "module.vpc.aws_subnet.public_subnet",
            "module.vpc.aws_vpc.main_vpc"
          ]
        }
      ]
    },
    {
      "module": "module.eks",
      "mode": "managed",
      "type": "aws_iam_policy",
      "name": "AmazonEKSClusterCloudWatchMetricsPolicy",
      "provider": "provider[\"registry.terraform.io/hashicorp/aws\"]",
      "instances": [
        {
          "schema_version": 0,
          "attributes": {
            "arn": "arn:aws:iam::741032333307:policy/AmazonEKSClusterCloudWatchMetricsPolicy",
            "description": "",
            "id": "arn:aws:iam::741032333307:policy/AmazonEKSClusterCloudWatchMetricsPolicy",
            "name": "AmazonEKSClusterCloudWatchMetricsPolicy",
            "name_prefix": null,
            "path": "/",
            "policy": "{\"Statement\":[{\"Action\":[\"cloudwatch:PutMetricData\"],\"Effect\":\"Allow\",\"Resource\":\"*\"}],\"Version\":\"2012-10-17\"}",
            "policy_id": "ANPA2ZCHYB755X4T2BN3B",
            "tags": null,
            "tags_all": {}
          },
          "sensitive_attributes": [],
          "private": "bnVsbA==",
          "dependencies": [
            "module.vpc.aws_default_security_group.default",
            "module.vpc.aws_eip.nat_eip",
            "module.vpc.aws_internet_gateway.internet_gw",
            "module.vpc.aws_nat_gateway.nat_gw",
            "module.vpc.aws_route.private_nat_gw_route",
            "module.vpc.aws_route.public_internet_route",
            "module.vpc.aws_route_table.private_rt",
            "module.vpc.aws_route_table.public_rt",
            "module.vpc.aws_route_table_association.private-rt-assotion",
            "module.vpc.aws_route_table_association.public-rt-assotion",
            "module.vpc.aws_security_group.custom",
            "module.vpc.aws_subnet.private_subnet",
            "module.vpc.aws_subnet.public_subnet",
            "module.vpc.aws_vpc.main_vpc"
          ]
        }
      ]
    },
    {
      "module": "module.eks",
      "mode": "managed",
      "type": "aws_iam_role",
      "name": "eks_cluster_role",
      "provider": "provider[\"registry.terraform.io/hashicorp/aws\"]",
      "instances": [
        {
          "schema_version": 0,
          "attributes": {
            "arn": "arn:aws:iam::741032333307:role/acn-eks-clstr-testing-cluster-role",
            "assume_role_policy": "{\"Version\":\"2012-10-17\",\"Statement\":[{\"Effect\":\"Allow\",\"Principal\":{\"Service\":[\"eks.amazonaws.com\",\"eks-fargate-pods.amazonaws.com\"]},\"Action\":\"sts:AssumeRole\"}]}",
            "create_date": "2022-05-24T23:42:09Z",
            "description": "Allow cluster to manage node groups, fargate nodes and cloudwatch logs",
            "force_detach_policies": true,
            "id": "acn-eks-clstr-testing-cluster-role",
            "inline_policy": [
              {
                "name": "",
                "policy": ""
              }
            ],
            "managed_policy_arns": [],
            "max_session_duration": 3600,
            "name": "acn-eks-clstr-testing-cluster-role",
            "name_prefix": "",
            "path": "/",
            "permissions_boundary": null,
            "tags": null,
            "tags_all": {},
            "unique_id": "AROA2ZCHYB75TS5YJ56T3"
          },
          "sensitive_attributes": [],
          "private": "bnVsbA==",
          "dependencies": [
            "module.vpc.aws_default_security_group.default",
            "module.vpc.aws_eip.nat_eip",
            "module.vpc.aws_internet_gateway.internet_gw",
            "module.vpc.aws_nat_gateway.nat_gw",
            "module.vpc.aws_route.private_nat_gw_route",
            "module.vpc.aws_route.public_internet_route",
            "module.vpc.aws_route_table.private_rt",
            "module.vpc.aws_route_table.public_rt",
            "module.vpc.aws_route_table_association.private-rt-assotion",
            "module.vpc.aws_route_table_association.public-rt-assotion",
            "module.vpc.aws_security_group.custom",
            "module.vpc.aws_subnet.private_subnet",
            "module.vpc.aws_subnet.public_subnet",
            "module.vpc.aws_vpc.main_vpc"
          ]
        }
      ]
    },
    {
      "module": "module.eks",
      "mode": "managed",
      "type": "aws_iam_role",
      "name": "eks_fargate_core_dns_role",
      "provider": "provider[\"registry.terraform.io/hashicorp/aws\"]",
      "instances": [
        {
          "schema_version": 0,
          "attributes": {
            "arn": "arn:aws:iam::741032333307:role/acn-eks-clstr-eks_fargate_core_dns_role",
            "assume_role_policy": "{\"Version\":\"2012-10-17\",\"Statement\":[{\"Effect\":\"Allow\",\"Principal\":{\"Service\":[\"eks.amazonaws.com\",\"eks-fargate-pods.amazonaws.com\"]},\"Action\":\"sts:AssumeRole\"}]}",
            "create_date": "2022-05-24T23:42:09Z",
            "description": "Allow fargate cluster to allocate resources for running pods",
            "force_detach_policies": true,
            "id": "acn-eks-clstr-eks_fargate_core_dns_role",
            "inline_policy": [
              {
                "name": "",
                "policy": ""
              }
            ],
            "managed_policy_arns": [],
            "max_session_duration": 3600,
            "name": "acn-eks-clstr-eks_fargate_core_dns_role",
            "name_prefix": "",
            "path": "/",
            "permissions_boundary": null,
            "tags": null,
            "tags_all": {},
            "unique_id": "AROA2ZCHYB75Y4WC6KH76"
          },
          "sensitive_attributes": [],
          "private": "bnVsbA==",
          "dependencies": [
            "module.vpc.aws_default_security_group.default",
            "module.vpc.aws_eip.nat_eip",
            "module.vpc.aws_internet_gateway.internet_gw",
            "module.vpc.aws_nat_gateway.nat_gw",
            "module.vpc.aws_route.private_nat_gw_route",
            "module.vpc.aws_route.public_internet_route",
            "module.vpc.aws_route_table.private_rt",
            "module.vpc.aws_route_table.public_rt",
            "module.vpc.aws_route_table_association.private-rt-assotion",
            "module.vpc.aws_route_table_association.public-rt-assotion",
            "module.vpc.aws_security_group.custom",
            "module.vpc.aws_subnet.private_subnet",
            "module.vpc.aws_subnet.public_subnet",
            "module.vpc.aws_vpc.main_vpc"
          ]
        }
      ]
    },
    {
      "module": "module.eks",
      "mode": "managed",
      "type": "aws_iam_role_policy_attachment",
      "name": "AmazonEKSCloudWatchMetricsPolicy",
      "provider": "provider[\"registry.terraform.io/hashicorp/aws\"]",
      "instances": [
        {
          "schema_version": 0,
          "attributes": {
            "id": "acn-eks-clstr-testing-cluster-role-20220524234210817500000005",
            "policy_arn": "arn:aws:iam::741032333307:policy/AmazonEKSClusterCloudWatchMetricsPolicy",
            "role": "acn-eks-clstr-testing-cluster-role"
          },
          "sensitive_attributes": [],
          "private": "bnVsbA==",
          "dependencies": [
            "module.eks.aws_iam_policy.AmazonEKSClusterCloudWatchMetricsPolicy",
            "module.eks.aws_iam_role.eks_cluster_role",
            "module.vpc.aws_default_security_group.default",
            "module.vpc.aws_eip.nat_eip",
            "module.vpc.aws_internet_gateway.internet_gw",
            "module.vpc.aws_nat_gateway.nat_gw",
            "module.vpc.aws_route.private_nat_gw_route",
            "module.vpc.aws_route.public_internet_route",
            "module.vpc.aws_route_table.private_rt",
            "module.vpc.aws_route_table.public_rt",
            "module.vpc.aws_route_table_association.private-rt-assotion",
            "module.vpc.aws_route_table_association.public-rt-assotion",
            "module.vpc.aws_security_group.custom",
            "module.vpc.aws_subnet.private_subnet",
            "module.vpc.aws_subnet.public_subnet",
            "module.vpc.aws_vpc.main_vpc"
          ]
        }
      ]
    },
    {
      "module": "module.eks",
      "mode": "managed",
      "type": "aws_iam_role_policy_attachment",
      "name": "AmazonEKSClusterPolicy1",
      "provider": "provider[\"registry.terraform.io/hashicorp/aws\"]",
      "instances": [
        {
          "schema_version": 0,
          "attributes": {
            "id": "acn-eks-clstr-testing-cluster-role-20220524234210806800000004",
            "policy_arn": "arn:aws:iam::aws:policy/AmazonEKSClusterPolicy",
            "role": "acn-eks-clstr-testing-cluster-role"
          },
          "sensitive_attributes": [],
          "private": "bnVsbA==",
          "dependencies": [
            "module.eks.aws_iam_role.eks_cluster_role",
            "module.vpc.aws_default_security_group.default",
            "module.vpc.aws_eip.nat_eip",
            "module.vpc.aws_internet_gateway.internet_gw",
            "module.vpc.aws_nat_gateway.nat_gw",
            "module.vpc.aws_route.private_nat_gw_route",
            "module.vpc.aws_route.public_internet_route",
            "module.vpc.aws_route_table.private_rt",
            "module.vpc.aws_route_table.public_rt",
            "module.vpc.aws_route_table_association.private-rt-assotion",
            "module.vpc.aws_route_table_association.public-rt-assotion",
            "module.vpc.aws_security_group.custom",
            "module.vpc.aws_subnet.private_subnet",
            "module.vpc.aws_subnet.public_subnet",
            "module.vpc.aws_vpc.main_vpc"
          ]
        }
      ]
    },
    {
      "module": "module.eks",
      "mode": "managed",
      "type": "aws_iam_role_policy_attachment",
      "name": "AmazonEKSClusterPolicy2",
      "provider": "provider[\"registry.terraform.io/hashicorp/aws\"]",
      "instances": [
        {
          "schema_version": 0,
          "attributes": {
            "id": "acn-eks-clstr-eks_fargate_core_dns_role-20220524234210690100000002",
            "policy_arn": "arn:aws:iam::aws:policy/AmazonEKSClusterPolicy",
            "role": "acn-eks-clstr-eks_fargate_core_dns_role"
          },
          "sensitive_attributes": [],
          "private": "bnVsbA==",
          "dependencies": [
            "module.eks.aws_iam_role.eks_fargate_core_dns_role",
            "module.vpc.aws_default_security_group.default",
            "module.vpc.aws_eip.nat_eip",
            "module.vpc.aws_internet_gateway.internet_gw",
            "module.vpc.aws_nat_gateway.nat_gw",
            "module.vpc.aws_route.private_nat_gw_route",
            "module.vpc.aws_route.public_internet_route",
            "module.vpc.aws_route_table.private_rt",
            "module.vpc.aws_route_table.public_rt",
            "module.vpc.aws_route_table_association.private-rt-assotion",
            "module.vpc.aws_route_table_association.public-rt-assotion",
            "module.vpc.aws_security_group.custom",
            "module.vpc.aws_subnet.private_subnet",
            "module.vpc.aws_subnet.public_subnet",
            "module.vpc.aws_vpc.main_vpc"
          ]
        }
      ]
    },
    {
      "module": "module.eks",
      "mode": "managed",
      "type": "aws_iam_role_policy_attachment",
      "name": "AmazonEKSFargatePodExecutionRolePolicy2",
      "provider": "provider[\"registry.terraform.io/hashicorp/aws\"]",
      "instances": [
        {
          "schema_version": 0,
          "attributes": {
            "id": "acn-eks-clstr-eks_fargate_core_dns_role-20220524234210696700000003",
            "policy_arn": "arn:aws:iam::aws:policy/AmazonEKSFargatePodExecutionRolePolicy",
            "role": "acn-eks-clstr-eks_fargate_core_dns_role"
          },
          "sensitive_attributes": [],
          "private": "bnVsbA==",
          "dependencies": [
            "module.eks.aws_iam_role.eks_fargate_core_dns_role",
            "module.vpc.aws_default_security_group.default",
            "module.vpc.aws_eip.nat_eip",
            "module.vpc.aws_internet_gateway.internet_gw",
            "module.vpc.aws_nat_gateway.nat_gw",
            "module.vpc.aws_route.private_nat_gw_route",
            "module.vpc.aws_route.public_internet_route",
            "module.vpc.aws_route_table.private_rt",
            "module.vpc.aws_route_table.public_rt",
            "module.vpc.aws_route_table_association.private-rt-assotion",
            "module.vpc.aws_route_table_association.public-rt-assotion",
            "module.vpc.aws_security_group.custom",
            "module.vpc.aws_subnet.private_subnet",
            "module.vpc.aws_subnet.public_subnet",
            "module.vpc.aws_vpc.main_vpc"
          ]
        }
      ]
    },
    {
      "module": "module.eks",
      "mode": "managed",
      "type": "aws_iam_role_policy_attachment",
      "name": "AmazonEKSVPCResourceController1",
      "provider": "provider[\"registry.terraform.io/hashicorp/aws\"]",
      "instances": [
        {
          "schema_version": 0,
          "attributes": {
            "id": "acn-eks-clstr-testing-cluster-role-20220524234210935900000006",
            "policy_arn": "arn:aws:iam::aws:policy/AmazonEKSVPCResourceController",
            "role": "acn-eks-clstr-testing-cluster-role"
          },
          "sensitive_attributes": [],
          "private": "bnVsbA==",
          "dependencies": [
            "module.eks.aws_iam_role.eks_cluster_role",
            "module.vpc.aws_default_security_group.default",
            "module.vpc.aws_eip.nat_eip",
            "module.vpc.aws_internet_gateway.internet_gw",
            "module.vpc.aws_nat_gateway.nat_gw",
            "module.vpc.aws_route.private_nat_gw_route",
            "module.vpc.aws_route.public_internet_route",
            "module.vpc.aws_route_table.private_rt",
            "module.vpc.aws_route_table.public_rt",
            "module.vpc.aws_route_table_association.private-rt-assotion",
            "module.vpc.aws_route_table_association.public-rt-assotion",
            "module.vpc.aws_security_group.custom",
            "module.vpc.aws_subnet.private_subnet",
            "module.vpc.aws_subnet.public_subnet",
            "module.vpc.aws_vpc.main_vpc"
          ]
        }
      ]
    },
    {
      "module": "module.eks",
      "mode": "managed",
      "type": "aws_iam_role_policy_attachment",
      "name": "AmazonEKSVPCResourceController2",
      "provider": "provider[\"registry.terraform.io/hashicorp/aws\"]",
      "instances": [
        {
          "schema_version": 0,
          "attributes": {
            "id": "acn-eks-clstr-eks_fargate_core_dns_role-20220524234210557700000001",
            "policy_arn": "arn:aws:iam::aws:policy/AmazonEKSVPCResourceController",
            "role": "acn-eks-clstr-eks_fargate_core_dns_role"
          },
          "sensitive_attributes": [],
          "private": "bnVsbA==",
          "dependencies": [
            "module.eks.aws_iam_role.eks_fargate_core_dns_role",
            "module.vpc.aws_default_security_group.default",
            "module.vpc.aws_eip.nat_eip",
            "module.vpc.aws_internet_gateway.internet_gw",
            "module.vpc.aws_nat_gateway.nat_gw",
            "module.vpc.aws_route.private_nat_gw_route",
            "module.vpc.aws_route.public_internet_route",
            "module.vpc.aws_route_table.private_rt",
            "module.vpc.aws_route_table.public_rt",
            "module.vpc.aws_route_table_association.private-rt-assotion",
            "module.vpc.aws_route_table_association.public-rt-assotion",
            "module.vpc.aws_security_group.custom",
            "module.vpc.aws_subnet.private_subnet",
            "module.vpc.aws_subnet.public_subnet",
            "module.vpc.aws_vpc.main_vpc"
          ]
        }
      ]
    },
    {
      "module": "module.new_load_balancer_controller",
      "mode": "managed",
      "type": "aws_iam_policy",
      "name": "lbc",
      "provider": "provider[\"registry.terraform.io/hashicorp/aws\"]",
      "instances": [
        {
          "schema_version": 0,
          "attributes": {
            "arn": "arn:aws:iam::741032333307:policy/acn-eks-clstr-testing-aws-load-balancer-controller-uqbpt",
            "description": "Allow aws-load-balancer-controller to manage AWS resources",
            "id": "arn:aws:iam::741032333307:policy/acn-eks-clstr-testing-aws-load-balancer-controller-uqbpt",
            "name": "acn-eks-clstr-testing-aws-load-balancer-controller-uqbpt",
            "name_prefix": null,
            "path": "/",
            "policy": "{\"Statement\":[{\"Action\":\"ec2:CreateTags\",\"Condition\":{\"Null\":{\"aws:RequestTag/elbv2.k8s.aws/cluster\":\"false\"},\"StringEquals\":{\"ec2:CreateAction\":\"CreateSecurityGroup\"}},\"Effect\":\"Allow\",\"Resource\":\"arn:aws:ec2:*:*:security-group/*\",\"Sid\":\"VisualEditor0\"},{\"Action\":[\"ec2:DeleteTags\",\"ec2:CreateTags\"],\"Condition\":{\"Null\":{\"aws:RequestTag/elbv2.k8s.aws/cluster\":\"true\",\"aws:ResourceTag/elbv2.k8s.aws/cluster\":\"false\"}},\"Effect\":\"Allow\",\"Resource\":\"arn:aws:ec2:*:*:security-group/*\",\"Sid\":\"VisualEditor1\"},{\"Action\":[\"ec2:RevokeSecurityGroupIngress\",\"ec2:AuthorizeSecurityGroupIngress\",\"ec2:DeleteSecurityGroup\"],\"Condition\":{\"Null\":{\"aws:ResourceTag/elbv2.k8s.aws/cluster\":\"false\"}},\"Effect\":\"Allow\",\"Resource\":\"*\",\"Sid\":\"VisualEditor2\"},{\"Action\":[\"elasticloadbalancing:ModifyListener\",\"wafv2:AssociateWebACL\",\"ec2:AuthorizeSecurityGroupIngress\",\"ec2:DescribeInstances\",\"wafv2:GetWebACLForResource\",\"iam:ListServerCertificates\",\"ec2:DescribeCoipPools\",\"wafv2:GetWebACL\",\"elasticloadbalancing:SetWebAcl\",\"ec2:DescribeInternetGateways\",\"elasticloadbalancing:DescribeLoadBalancers\",\"waf-regional:GetWebACLForResource\",\"waf-regional:GetWebACL\",\"elasticloadbalancing:CreateRule\",\"ec2:DescribeAccountAttributes\",\"elasticloadbalancing:AddListenerCertificates\",\"iam:GetServerCertificate\",\"wafv2:DisassociateWebACL\",\"shield:GetSubscriptionState\",\"ec2:DescribeVpcPeeringConnections\",\"elasticloadbalancing:DescribeLoadBalancerAttributes\",\"ec2:RevokeSecurityGroupIngress\",\"elasticloadbalancing:DescribeTargetGroupAttributes\",\"shield:CreateProtection\",\"acm:DescribeCertificate\",\"elasticloadbalancing:ModifyRule\",\"elasticloadbalancing:DescribeRules\",\"ec2:DescribeSubnets\",\"waf-regional:AssociateWebACL\",\"ec2:DescribeAddresses\",\"shield:DescribeProtection\",\"shield:DeleteProtection\",\"elasticloadbalancing:RemoveListenerCertificates\",\"elasticloadbalancing:CreateListener\",\"elasticloadbalancing:DescribeListeners\",\"ec2:DescribeNetworkInterfaces\",\"ec2:DescribeAvailabilityZones\",\"ec2:CreateSecurityGroup\",\"acm:ListCertificates\",\"elasticloadbalancing:DescribeListenerCertificates\",\"cognito-idp:DescribeUserPoolClient\",\"elasticloadbalancing:DeleteRule\",\"elasticloadbalancing:DescribeSSLPolicies\",\"waf-regional:DisassociateWebACL\",\"elasticloadbalancing:DescribeTags\",\"ec2:DescribeTags\",\"ec2:GetCoipPoolUsage\",\"elasticloadbalancing:*\",\"ec2:DescribeSecurityGroups\",\"ec2:DescribeVpcs\",\"elasticloadbalancing:DescribeTargetHealth\",\"elasticloadbalancing:DescribeTargetGroups\",\"elasticloadbalancing:DeleteListener\"],\"Effect\":\"Allow\",\"Resource\":\"*\",\"Sid\":\"VisualEditor3\"},{\"Action\":[\"elasticloadbalancing:CreateLoadBalancer\",\"elasticloadbalancing:CreateTargetGroup\"],\"Condition\":{\"Null\":{\"aws:RequestTag/elbv2.k8s.aws/cluster\":\"false\"}},\"Effect\":\"Allow\",\"Resource\":\"*\",\"Sid\":\"VisualEditor4\"},{\"Action\":[\"elasticloadbalancing:CreateLoadBalancer\",\"elasticloadbalancing:CreateTargetGroup\"],\"Condition\":{\"Null\":{\"aws:RequestTag/elbv2.k8s.aws/cluster\":\"false\"}},\"Effect\":\"Allow\",\"Resource\":\"*\",\"Sid\":\"VisualEditor5\"},{\"Action\":[\"elasticloadbalancing:RemoveTags\",\"elasticloadbalancing:AddTags\"],\"Condition\":{\"Null\":{\"aws:RequestTag/elbv2.k8s.aws/cluster\":\"true\",\"aws:ResourceTag/elbv2.k8s.aws/cluster\":\"false\"}},\"Effect\":\"Allow\",\"Resource\":[\"arn:aws:elasticloadbalancing:*:*:targetgroup/*/*\",\"arn:aws:elasticloadbalancing:*:*:loadbalancer/app/*/*\",\"arn:aws:elasticloadbalancing:*:*:loadbalancer/net/*/*\"],\"Sid\":\"VisualEditor6\"},{\"Action\":[\"elasticloadbalancing:RemoveTags\",\"elasticloadbalancing:AddTags\"],\"Condition\":{\"Null\":{\"aws:RequestTag/elbv2.k8s.aws/cluster\":\"true\",\"aws:ResourceTag/elbv2.k8s.aws/cluster\":\"false\"}},\"Effect\":\"Allow\",\"Resource\":[\"arn:aws:elasticloadbalancing:*:*:loadbalancer/net/*/*\",\"arn:aws:elasticloadbalancing:*:*:loadbalancer/app/*/*\",\"arn:aws:elasticloadbalancing:*:*:targetgroup/*/*\"],\"Sid\":\"VisualEditor7\"},{\"Action\":[\"elasticloadbalancing:DeleteLoadBalancer\",\"elasticloadbalancing:SetSecurityGroups\",\"elasticloadbalancing:SetIpAddressType\",\"elasticloadbalancing:SetSubnets\",\"elasticloadbalancing:ModifyLoadBalancerAttributes\",\"elasticloadbalancing:DeleteTargetGroup\",\"elasticloadbalancing:ModifyTargetGroupAttributes\",\"elasticloadbalancing:ModifyTargetGroup\"],\"Condition\":{\"Null\":{\"aws:ResourceTag/elbv2.k8s.aws/cluster\":\"false\"}},\"Effect\":\"Allow\",\"Resource\":\"*\",\"Sid\":\"VisualEditor8\"},{\"Action\":[\"elasticloadbalancing:DeleteLoadBalancer\",\"elasticloadbalancing:SetSecurityGroups\",\"elasticloadbalancing:SetIpAddressType\",\"elasticloadbalancing:SetSubnets\",\"elasticloadbalancing:ModifyLoadBalancerAttributes\",\"elasticloadbalancing:DeleteTargetGroup\",\"elasticloadbalancing:ModifyTargetGroupAttributes\",\"elasticloadbalancing:ModifyTargetGroup\"],\"Condition\":{\"Null\":{\"aws:ResourceTag/elbv2.k8s.aws/cluster\":\"false\"}},\"Effect\":\"Allow\",\"Resource\":\"*\",\"Sid\":\"VisualEditor9\"},{\"Action\":[\"elasticloadbalancing:RemoveTags\",\"elasticloadbalancing:AddTags\"],\"Effect\":\"Allow\",\"Resource\":[\"arn:aws:elasticloadbalancing:*:*:listener/net/*/*/*\",\"arn:aws:elasticloadbalancing:*:*:listener/app/*/*/*\",\"arn:aws:elasticloadbalancing:*:*:listener-rule/net/*/*/*\",\"arn:aws:elasticloadbalancing:*:*:listener-rule/app/*/*/*\"],\"Sid\":\"VisualEditor10\"},{\"Action\":[\"elasticloadbalancing:RemoveTags\",\"elasticloadbalancing:AddTags\"],\"Effect\":\"Allow\",\"Resource\":[\"arn:aws:elasticloadbalancing:*:*:listener/net/*/*/*\",\"arn:aws:elasticloadbalancing:*:*:listener/app/*/*/*\",\"arn:aws:elasticloadbalancing:*:*:listener-rule/net/*/*/*\",\"arn:aws:elasticloadbalancing:*:*:listener-rule/app/*/*/*\"],\"Sid\":\"VisualEditor11\"},{\"Action\":[\"elasticloadbalancing:RegisterTargets\",\"elasticloadbalancing:DeregisterTargets\"],\"Effect\":\"Allow\",\"Resource\":\"arn:aws:elasticloadbalancing:*:*:targetgroup/*/*\",\"Sid\":\"VisualEditor12\"},{\"Action\":\"iam:CreateServiceLinkedRole\",\"Condition\":{\"StringEquals\":{\"iam:AWSServiceName\":\"elasticloadbalancing.amazonaws.com\"}},\"Effect\":\"Allow\",\"Resource\":\"*\",\"Sid\":\"VisualEditor13\"},{\"Action\":[\"elasticloadbalancing:RegisterTargets\",\"elasticloadbalancing:DeregisterTargets\"],\"Effect\":\"Allow\",\"Resource\":\"arn:aws:elasticloadbalancing:*:*:targetgroup/*/*\",\"Sid\":\"VisualEditor14\"}],\"Version\":\"2012-10-17\"}",
            "policy_id": "ANPA2ZCHYB755FGXCQ44D",
            "tags": {
              "Name": "acn-eks-clstr-testing-aws-load-balancer-controller-uqbpt",
              "terraform.io": "managed"
            },
            "tags_all": {
              "Name": "acn-eks-clstr-testing-aws-load-balancer-controller-uqbpt",
              "terraform.io": "managed"
            }
          },
          "sensitive_attributes": [],
          "private": "bnVsbA==",
          "dependencies": [
            "module.eks.aws_cloudwatch_log_group.cloudwatch_log_group",
            "module.eks.aws_eks_cluster.eks_cluster",
            "module.eks.aws_eks_fargate_profile.eks_fargate_coredns",
            "module.eks.aws_iam_openid_connect_provider.oidc_provider",
            "module.eks.aws_iam_policy.AmazonEKSClusterCloudWatchMetricsPolicy",
            "module.eks.aws_iam_role.eks_cluster_role",
            "module.eks.aws_iam_role.eks_fargate_core_dns_role",
            "module.eks.aws_iam_role_policy_attachment.AmazonEKSCloudWatchMetricsPolicy",
            "module.eks.aws_iam_role_policy_attachment.AmazonEKSClusterPolicy1",
            "module.eks.aws_iam_role_policy_attachment.AmazonEKSClusterPolicy2",
            "module.eks.aws_iam_role_policy_attachment.AmazonEKSFargatePodExecutionRolePolicy2",
            "module.eks.aws_iam_role_policy_attachment.AmazonEKSVPCResourceController1",
            "module.eks.aws_iam_role_policy_attachment.AmazonEKSVPCResourceController2",
            "module.eks.data.tls_certificate.auth",
            "module.new_load_balancer_controller.random_string.lbc-suffix",
            "module.vpc.aws_default_security_group.default",
            "module.vpc.aws_eip.nat_eip",
            "module.vpc.aws_internet_gateway.internet_gw",
            "module.vpc.aws_nat_gateway.nat_gw",
            "module.vpc.aws_route.private_nat_gw_route",
            "module.vpc.aws_route.public_internet_route",
            "module.vpc.aws_route_table.private_rt",
            "module.vpc.aws_route_table.public_rt",
            "module.vpc.aws_route_table_association.private-rt-assotion",
            "module.vpc.aws_route_table_association.public-rt-assotion",
            "module.vpc.aws_security_group.custom",
            "module.vpc.aws_subnet.private_subnet",
            "module.vpc.aws_subnet.public_subnet",
            "module.vpc.aws_vpc.main_vpc"
          ]
        }
      ]
    },
    {
      "module": "module.new_load_balancer_controller",
      "mode": "managed",
      "type": "helm_release",
      "name": "lb_controller",
      "provider": "provider[\"registry.terraform.io/hashicorp/helm\"]",
      "instances": [
        {
          "schema_version": 0,
          "attributes": {
            "atomic": false,
            "chart": "aws-load-balancer-controller",
            "cleanup_on_fail": true,
            "create_namespace": false,
            "dependency_update": false,
            "description": null,
            "devel": null,
            "disable_crd_hooks": false,
            "disable_openapi_validation": false,
            "disable_webhooks": false,
            "force_update": false,
            "id": "aws-load-balancer-controller",
            "keyring": null,
            "lint": false,
            "manifest": null,
            "max_history": 0,
            "metadata": [
              {
                "app_version": "v2.3.0",
                "chart": "aws-load-balancer-controller",
                "name": "aws-load-balancer-controller",
                "namespace": "kube-system",
                "revision": 1,
                "values": "{\"clusterName\":\"acn-eks-clstr-testing\",\"rbac\":{\"create\":true},\"serviceAccount\":{\"annotations\":{\"eks.amazonaws.com/role-arn\":\"arn:aws:iam::741032333307:role/aws-alb-ingress-controller-testing-irsa\"},\"create\":true,\"name\":\"aws-alb-ingress-controller\"}}",
                "version": "1.3.2"
              }
            ],
            "name": "aws-load-balancer-controller",
            "namespace": "kube-system",
            "postrender": [],
            "recreate_pods": false,
            "render_subchart_notes": true,
            "replace": false,
            "repository": "https://aws.github.io/eks-charts",
            "repository_ca_file": null,
            "repository_cert_file": null,
            "repository_key_file": null,
            "repository_password": null,
            "repository_username": null,
            "reset_values": false,
            "reuse_values": false,
            "set": [
              {
                "name": "clusterName",
                "type": "",
                "value": "acn-eks-clstr-testing"
              },
              {
                "name": "rbac.create",
                "type": "",
                "value": "true"
              },
              {
                "name": "serviceAccount.annotations.eks\\.amazonaws\\.com/role-arn",
                "type": "",
                "value": "arn:aws:iam::741032333307:role/aws-alb-ingress-controller-testing-irsa"
              },
              {
                "name": "serviceAccount.create",
                "type": "",
                "value": "true"
              },
              {
                "name": "serviceAccount.name",
                "type": "",
                "value": "aws-alb-ingress-controller"
              }
            ],
            "set_sensitive": [],
            "skip_crds": false,
            "status": "deployed",
            "timeout": 300,
            "values": [
              "{}\n"
            ],
            "verify": false,
            "version": "1.3.2",
            "wait": true,
            "wait_for_jobs": false
          },
          "sensitive_attributes": [],
          "private": "bnVsbA==",
          "dependencies": [
            "data.aws_eks_cluster_auth.cluster",
            "module.eks.aws_cloudwatch_log_group.cloudwatch_log_group",
            "module.eks.aws_eks_cluster.eks_cluster",
            "module.eks.aws_eks_fargate_profile.eks_fargate_coredns",
            "module.eks.aws_iam_openid_connect_provider.oidc_provider",
            "module.eks.aws_iam_policy.AmazonEKSClusterCloudWatchMetricsPolicy",
            "module.eks.aws_iam_role.eks_cluster_role",
            "module.eks.aws_iam_role.eks_fargate_core_dns_role",
            "module.eks.aws_iam_role_policy_attachment.AmazonEKSCloudWatchMetricsPolicy",
            "module.eks.aws_iam_role_policy_attachment.AmazonEKSClusterPolicy1",
            "module.eks.aws_iam_role_policy_attachment.AmazonEKSClusterPolicy2",
            "module.eks.aws_iam_role_policy_attachment.AmazonEKSFargatePodExecutionRolePolicy2",
            "module.eks.aws_iam_role_policy_attachment.AmazonEKSVPCResourceController1",
            "module.eks.aws_iam_role_policy_attachment.AmazonEKSVPCResourceController2",
            "module.eks.data.tls_certificate.auth",
            "module.new_load_balancer_controller.aws_iam_policy.lbc",
            "module.new_load_balancer_controller.module.irsa.aws_iam_role.irsa",
            "module.new_load_balancer_controller.module.irsa.aws_iam_role_policy_attachment.irsa",
            "module.new_load_balancer_controller.module.irsa.random_string.irsa-suffix",
            "module.new_load_balancer_controller.random_string.lbc-suffix",
            "module.vpc.aws_default_security_group.default",
            "module.vpc.aws_eip.nat_eip",
            "module.vpc.aws_internet_gateway.internet_gw",
            "module.vpc.aws_nat_gateway.nat_gw",
            "module.vpc.aws_route.private_nat_gw_route",
            "module.vpc.aws_route.public_internet_route",
            "module.vpc.aws_route_table.private_rt",
            "module.vpc.aws_route_table.public_rt",
            "module.vpc.aws_route_table_association.private-rt-assotion",
            "module.vpc.aws_route_table_association.public-rt-assotion",
            "module.vpc.aws_security_group.custom",
            "module.vpc.aws_subnet.private_subnet",
            "module.vpc.aws_subnet.public_subnet",
            "module.vpc.aws_vpc.main_vpc"
          ]
        }
      ]
    },
    {
      "module": "module.new_load_balancer_controller",
      "mode": "managed",
      "type": "random_string",
      "name": "lbc-suffix",
      "provider": "provider[\"registry.terraform.io/hashicorp/random\"]",
      "instances": [
        {
          "schema_version": 1,
          "attributes": {
            "id": "uqbpt",
            "keepers": null,
            "length": 5,
            "lower": true,
            "min_lower": 0,
            "min_numeric": 0,
            "min_special": 0,
            "min_upper": 0,
            "number": false,
            "override_special": null,
            "result": "uqbpt",
            "special": false,
            "upper": false
          },
          "sensitive_attributes": [],
          "private": "eyJzY2hlbWFfdmVyc2lvbiI6IjEifQ==",
          "dependencies": [
            "module.eks.aws_cloudwatch_log_group.cloudwatch_log_group",
            "module.eks.aws_eks_cluster.eks_cluster",
            "module.eks.aws_eks_fargate_profile.eks_fargate_coredns",
            "module.eks.aws_iam_openid_connect_provider.oidc_provider",
            "module.eks.aws_iam_policy.AmazonEKSClusterCloudWatchMetricsPolicy",
            "module.eks.aws_iam_role.eks_cluster_role",
            "module.eks.aws_iam_role.eks_fargate_core_dns_role",
            "module.eks.aws_iam_role_policy_attachment.AmazonEKSCloudWatchMetricsPolicy",
            "module.eks.aws_iam_role_policy_attachment.AmazonEKSClusterPolicy1",
            "module.eks.aws_iam_role_policy_attachment.AmazonEKSClusterPolicy2",
            "module.eks.aws_iam_role_policy_attachment.AmazonEKSFargatePodExecutionRolePolicy2",
            "module.eks.aws_iam_role_policy_attachment.AmazonEKSVPCResourceController1",
            "module.eks.aws_iam_role_policy_attachment.AmazonEKSVPCResourceController2",
            "module.eks.data.tls_certificate.auth",
            "module.vpc.aws_default_security_group.default",
            "module.vpc.aws_eip.nat_eip",
            "module.vpc.aws_internet_gateway.internet_gw",
            "module.vpc.aws_nat_gateway.nat_gw",
            "module.vpc.aws_route.private_nat_gw_route",
            "module.vpc.aws_route.public_internet_route",
            "module.vpc.aws_route_table.private_rt",
            "module.vpc.aws_route_table.public_rt",
            "module.vpc.aws_route_table_association.private-rt-assotion",
            "module.vpc.aws_route_table_association.public-rt-assotion",
            "module.vpc.aws_security_group.custom",
            "module.vpc.aws_subnet.private_subnet",
            "module.vpc.aws_subnet.public_subnet",
            "module.vpc.aws_vpc.main_vpc"
          ]
        }
      ]
    },
    {
      "module": "module.new_load_balancer_controller.module.irsa",
      "mode": "managed",
      "type": "aws_iam_role",
      "name": "irsa",
      "provider": "provider[\"registry.terraform.io/hashicorp/aws\"]",
      "instances": [
        {
          "schema_version": 0,
          "attributes": {
            "arn": "arn:aws:iam::741032333307:role/aws-alb-ingress-controller-testing-irsa",
            "assume_role_policy": "{\"Version\":\"2012-10-17\",\"Statement\":[{\"Effect\":\"Allow\",\"Principal\":{\"Federated\":\"arn:aws:iam::741032333307:oidc-provider/oidc.eks.eu-west-2.amazonaws.com/id/E44DFD106BD0A8A2DE90626648110025\"},\"Action\":\"sts:AssumeRoleWithWebIdentity\",\"Condition\":{\"StringEquals\":{\"oidc.eks.eu-west-2.amazonaws.com/id/E44DFD106BD0A8A2DE90626648110025:sub\":\"system:serviceaccount:kube-system:aws-alb-ingress-controller\"}}}]}",
            "create_date": "2022-05-24T23:55:43Z",
            "description": "",
            "force_detach_policies": false,
            "id": "aws-alb-ingress-controller-testing-irsa",
            "inline_policy": [
              {
                "name": "",
                "policy": ""
              }
            ],
            "managed_policy_arns": [],
            "max_session_duration": 3600,
            "name": "aws-alb-ingress-controller-testing-irsa",
            "name_prefix": "",
            "path": "/",
            "permissions_boundary": null,
            "tags": {
              "Name": "aws-alb-ingress-controller-testing-irsa",
              "terraform.io": "managed"
            },
            "tags_all": {
              "Name": "aws-alb-ingress-controller-testing-irsa",
              "terraform.io": "managed"
            },
            "unique_id": "AROA2ZCHYB75YVNJCUGWM"
          },
          "sensitive_attributes": [],
          "private": "bnVsbA==",
          "dependencies": [
            "module.eks.aws_cloudwatch_log_group.cloudwatch_log_group",
            "module.eks.aws_eks_cluster.eks_cluster",
            "module.eks.aws_eks_fargate_profile.eks_fargate_coredns",
            "module.eks.aws_iam_openid_connect_provider.oidc_provider",
            "module.eks.aws_iam_policy.AmazonEKSClusterCloudWatchMetricsPolicy",
            "module.eks.aws_iam_role.eks_cluster_role",
            "module.eks.aws_iam_role.eks_fargate_core_dns_role",
            "module.eks.aws_iam_role_policy_attachment.AmazonEKSCloudWatchMetricsPolicy",
            "module.eks.aws_iam_role_policy_attachment.AmazonEKSClusterPolicy1",
            "module.eks.aws_iam_role_policy_attachment.AmazonEKSClusterPolicy2",
            "module.eks.aws_iam_role_policy_attachment.AmazonEKSFargatePodExecutionRolePolicy2",
            "module.eks.aws_iam_role_policy_attachment.AmazonEKSVPCResourceController1",
            "module.eks.aws_iam_role_policy_attachment.AmazonEKSVPCResourceController2",
            "module.eks.data.tls_certificate.auth",
            "module.new_load_balancer_controller.module.irsa.random_string.irsa-suffix",
            "module.vpc.aws_default_security_group.default",
            "module.vpc.aws_eip.nat_eip",
            "module.vpc.aws_internet_gateway.internet_gw",
            "module.vpc.aws_nat_gateway.nat_gw",
            "module.vpc.aws_route.private_nat_gw_route",
            "module.vpc.aws_route.public_internet_route",
            "module.vpc.aws_route_table.private_rt",
            "module.vpc.aws_route_table.public_rt",
            "module.vpc.aws_route_table_association.private-rt-assotion",
            "module.vpc.aws_route_table_association.public-rt-assotion",
            "module.vpc.aws_security_group.custom",
            "module.vpc.aws_subnet.private_subnet",
            "module.vpc.aws_subnet.public_subnet",
            "module.vpc.aws_vpc.main_vpc"
          ]
        }
      ]
    },
    {
      "module": "module.new_load_balancer_controller.module.irsa",
      "mode": "managed",
      "type": "aws_iam_role_policy_attachment",
      "name": "irsa",
      "provider": "provider[\"registry.terraform.io/hashicorp/aws\"]",
      "instances": [
        {
          "index_key": "0",
          "schema_version": 0,
          "attributes": {
            "id": "aws-alb-ingress-controller-testing-irsa-20220524235544396800000008",
            "policy_arn": "arn:aws:iam::741032333307:policy/acn-eks-clstr-testing-aws-load-balancer-controller-uqbpt",
            "role": "aws-alb-ingress-controller-testing-irsa"
          },
          "sensitive_attributes": [],
          "private": "bnVsbA==",
          "dependencies": [
            "module.eks.aws_cloudwatch_log_group.cloudwatch_log_group",
            "module.eks.aws_eks_cluster.eks_cluster",
            "module.eks.aws_eks_fargate_profile.eks_fargate_coredns",
            "module.eks.aws_iam_openid_connect_provider.oidc_provider",
            "module.eks.aws_iam_policy.AmazonEKSClusterCloudWatchMetricsPolicy",
            "module.eks.aws_iam_role.eks_cluster_role",
            "module.eks.aws_iam_role.eks_fargate_core_dns_role",
            "module.eks.aws_iam_role_policy_attachment.AmazonEKSCloudWatchMetricsPolicy",
            "module.eks.aws_iam_role_policy_attachment.AmazonEKSClusterPolicy1",
            "module.eks.aws_iam_role_policy_attachment.AmazonEKSClusterPolicy2",
            "module.eks.aws_iam_role_policy_attachment.AmazonEKSFargatePodExecutionRolePolicy2",
            "module.eks.aws_iam_role_policy_attachment.AmazonEKSVPCResourceController1",
            "module.eks.aws_iam_role_policy_attachment.AmazonEKSVPCResourceController2",
            "module.eks.data.tls_certificate.auth",
            "module.new_load_balancer_controller.aws_iam_policy.lbc",
            "module.new_load_balancer_controller.module.irsa.aws_iam_role.irsa",
            "module.new_load_balancer_controller.module.irsa.random_string.irsa-suffix",
            "module.new_load_balancer_controller.random_string.lbc-suffix",
            "module.vpc.aws_default_security_group.default",
            "module.vpc.aws_eip.nat_eip",
            "module.vpc.aws_internet_gateway.internet_gw",
            "module.vpc.aws_nat_gateway.nat_gw",
            "module.vpc.aws_route.private_nat_gw_route",
            "module.vpc.aws_route.public_internet_route",
            "module.vpc.aws_route_table.private_rt",
            "module.vpc.aws_route_table.public_rt",
            "module.vpc.aws_route_table_association.private-rt-assotion",
            "module.vpc.aws_route_table_association.public-rt-assotion",
            "module.vpc.aws_security_group.custom",
            "module.vpc.aws_subnet.private_subnet",
            "module.vpc.aws_subnet.public_subnet",
            "module.vpc.aws_vpc.main_vpc"
          ]
        }
      ]
    },
    {
      "module": "module.new_load_balancer_controller.module.irsa",
      "mode": "managed",
      "type": "random_string",
      "name": "irsa-suffix",
      "provider": "provider[\"registry.terraform.io/hashicorp/random\"]",
      "instances": [
        {
          "schema_version": 1,
          "attributes": {
            "id": "6bzwr8qajjsc",
            "keepers": null,
            "length": 12,
            "lower": true,
            "min_lower": 0,
            "min_numeric": 0,
            "min_special": 0,
            "min_upper": 0,
            "number": true,
            "override_special": null,
            "result": "6bzwr8qajjsc",
            "special": false,
            "upper": false
          },
          "sensitive_attributes": [],
          "private": "eyJzY2hlbWFfdmVyc2lvbiI6IjEifQ==",
          "dependencies": [
            "module.eks.aws_cloudwatch_log_group.cloudwatch_log_group",
            "module.eks.aws_eks_cluster.eks_cluster",
            "module.eks.aws_eks_fargate_profile.eks_fargate_coredns",
            "module.eks.aws_iam_openid_connect_provider.oidc_provider",
            "module.eks.aws_iam_policy.AmazonEKSClusterCloudWatchMetricsPolicy",
            "module.eks.aws_iam_role.eks_cluster_role",
            "module.eks.aws_iam_role.eks_fargate_core_dns_role",
            "module.eks.aws_iam_role_policy_attachment.AmazonEKSCloudWatchMetricsPolicy",
            "module.eks.aws_iam_role_policy_attachment.AmazonEKSClusterPolicy1",
            "module.eks.aws_iam_role_policy_attachment.AmazonEKSClusterPolicy2",
            "module.eks.aws_iam_role_policy_attachment.AmazonEKSFargatePodExecutionRolePolicy2",
            "module.eks.aws_iam_role_policy_attachment.AmazonEKSVPCResourceController1",
            "module.eks.aws_iam_role_policy_attachment.AmazonEKSVPCResourceController2",
            "module.eks.data.tls_certificate.auth",
            "module.vpc.aws_default_security_group.default",
            "module.vpc.aws_eip.nat_eip",
            "module.vpc.aws_internet_gateway.internet_gw",
            "module.vpc.aws_nat_gateway.nat_gw",
            "module.vpc.aws_route.private_nat_gw_route",
            "module.vpc.aws_route.public_internet_route",
            "module.vpc.aws_route_table.private_rt",
            "module.vpc.aws_route_table.public_rt",
            "module.vpc.aws_route_table_association.private-rt-assotion",
            "module.vpc.aws_route_table_association.public-rt-assotion",
            "module.vpc.aws_security_group.custom",
            "module.vpc.aws_subnet.private_subnet",
            "module.vpc.aws_subnet.public_subnet",
            "module.vpc.aws_vpc.main_vpc"
          ]
        }
      ]
    },
    {
      "module": "module.vpc",
      "mode": "managed",
      "type": "aws_default_security_group",
      "name": "default",
      "provider": "provider[\"registry.terraform.io/hashicorp/aws\"]",
      "instances": [
        {
          "schema_version": 1,
          "attributes": {
            "arn": "arn:aws:ec2:eu-west-2:741032333307:security-group/sg-00d22dd6160b1c545",
            "description": "default VPC security group",
            "egress": [
              {
                "cidr_blocks": [
                  "0.0.0.0/0"
                ],
                "description": "",
                "from_port": 0,
                "ipv6_cidr_blocks": [],
                "prefix_list_ids": [],
                "protocol": "-1",
                "security_groups": [],
                "self": false,
                "to_port": 0
              }
            ],
            "id": "sg-00d22dd6160b1c545",
            "ingress": [
              {
                "cidr_blocks": [],
                "description": "",
                "from_port": 0,
                "ipv6_cidr_blocks": [],
                "prefix_list_ids": [],
                "protocol": "-1",
                "security_groups": [],
                "self": true,
                "to_port": 0
              }
            ],
            "name": "default",
            "owner_id": "741032333307",
            "revoke_rules_on_delete": false,
            "tags": {
              "Environment": "testing",
              "Group": "eks-fargate",
              "Name": "default-sg-acn-eks-clstr-testing"
            },
            "tags_all": {
              "Environment": "testing",
              "Group": "eks-fargate",
              "Name": "default-sg-acn-eks-clstr-testing"
            },
            "vpc_id": "vpc-0fe67ec06bdcb89d8"
          },
          "sensitive_attributes": [],
          "private": "eyJzY2hlbWFfdmVyc2lvbiI6IjEifQ==",
          "dependencies": [
            "module.vpc.aws_vpc.main_vpc"
          ]
        }
      ]
    },
    {
      "module": "module.vpc",
      "mode": "managed",
      "type": "aws_eip",
      "name": "nat_eip",
      "provider": "provider[\"registry.terraform.io/hashicorp/aws\"]",
      "instances": [
        {
          "index_key": 0,
          "schema_version": 0,
          "attributes": {
            "address": null,
            "allocation_id": "eipalloc-00e0ab7e9819b8930",
            "associate_with_private_ip": null,
            "association_id": "",
            "carrier_ip": "",
            "customer_owned_ip": "",
            "customer_owned_ipv4_pool": "",
            "domain": "vpc",
            "id": "eipalloc-00e0ab7e9819b8930",
            "instance": "",
            "network_border_group": "eu-west-2",
            "network_interface": "",
            "private_dns": null,
            "private_ip": "",
            "public_dns": "ec2-13-41-142-246.eu-west-2.compute.amazonaws.com",
            "public_ip": "13.41.142.246",
            "public_ipv4_pool": "amazon",
            "tags": {
              "Environment": "testing",
              "Group": "eks-fargate",
              "Name": "nat-ip-1-testing"
            },
            "tags_all": {
              "Environment": "testing",
              "Group": "eks-fargate",
              "Name": "nat-ip-1-testing"
            },
            "timeouts": null,
            "vpc": true
          },
          "sensitive_attributes": [],
          "private": "eyJlMmJmYjczMC1lY2FhLTExZTYtOGY4OC0zNDM2M2JjN2M0YzAiOnsiZGVsZXRlIjoxODAwMDAwMDAwMDAsInJlYWQiOjkwMDAwMDAwMDAwMCwidXBkYXRlIjozMDAwMDAwMDAwMDB9fQ==",
          "dependencies": [
            "module.vpc.aws_internet_gateway.internet_gw",
            "module.vpc.aws_subnet.public_subnet",
            "module.vpc.aws_vpc.main_vpc"
          ]
        },
        {
          "index_key": 1,
          "schema_version": 0,
          "attributes": {
            "address": null,
            "allocation_id": "eipalloc-0c80da30b48036a74",
            "associate_with_private_ip": null,
            "association_id": "",
            "carrier_ip": "",
            "customer_owned_ip": "",
            "customer_owned_ipv4_pool": "",
            "domain": "vpc",
            "id": "eipalloc-0c80da30b48036a74",
            "instance": "",
            "network_border_group": "eu-west-2",
            "network_interface": "",
            "private_dns": null,
            "private_ip": "",
            "public_dns": "ec2-18-134-118-224.eu-west-2.compute.amazonaws.com",
            "public_ip": "18.134.118.224",
            "public_ipv4_pool": "amazon",
            "tags": {
              "Environment": "testing",
              "Group": "eks-fargate",
              "Name": "nat-ip-2-testing"
            },
            "tags_all": {
              "Environment": "testing",
              "Group": "eks-fargate",
              "Name": "nat-ip-2-testing"
            },
            "timeouts": null,
            "vpc": true
          },
          "sensitive_attributes": [],
          "private": "eyJlMmJmYjczMC1lY2FhLTExZTYtOGY4OC0zNDM2M2JjN2M0YzAiOnsiZGVsZXRlIjoxODAwMDAwMDAwMDAsInJlYWQiOjkwMDAwMDAwMDAwMCwidXBkYXRlIjozMDAwMDAwMDAwMDB9fQ==",
          "dependencies": [
            "module.vpc.aws_internet_gateway.internet_gw",
            "module.vpc.aws_subnet.public_subnet",
            "module.vpc.aws_vpc.main_vpc"
          ]
        },
        {
          "index_key": 2,
          "schema_version": 0,
          "attributes": {
            "address": null,
            "allocation_id": "eipalloc-0a840f60f5364621e",
            "associate_with_private_ip": null,
            "association_id": "",
            "carrier_ip": "",
            "customer_owned_ip": "",
            "customer_owned_ipv4_pool": "",
            "domain": "vpc",
            "id": "eipalloc-0a840f60f5364621e",
            "instance": "",
            "network_border_group": "eu-west-2",
            "network_interface": "",
            "private_dns": null,
            "private_ip": "",
            "public_dns": "ec2-3-8-41-17.eu-west-2.compute.amazonaws.com",
            "public_ip": "3.8.41.17",
            "public_ipv4_pool": "amazon",
            "tags": {
              "Environment": "testing",
              "Group": "eks-fargate",
              "Name": "nat-ip-3-testing"
            },
            "tags_all": {
              "Environment": "testing",
              "Group": "eks-fargate",
              "Name": "nat-ip-3-testing"
            },
            "timeouts": null,
            "vpc": true
          },
          "sensitive_attributes": [],
          "private": "eyJlMmJmYjczMC1lY2FhLTExZTYtOGY4OC0zNDM2M2JjN2M0YzAiOnsiZGVsZXRlIjoxODAwMDAwMDAwMDAsInJlYWQiOjkwMDAwMDAwMDAwMCwidXBkYXRlIjozMDAwMDAwMDAwMDB9fQ==",
          "dependencies": [
            "module.vpc.aws_internet_gateway.internet_gw",
            "module.vpc.aws_subnet.public_subnet",
            "module.vpc.aws_vpc.main_vpc"
          ]
        }
      ]
    },
    {
      "module": "module.vpc",
      "mode": "managed",
      "type": "aws_internet_gateway",
      "name": "internet_gw",
      "provider": "provider[\"registry.terraform.io/hashicorp/aws\"]",
      "instances": [
        {
          "schema_version": 0,
          "attributes": {
            "arn": "arn:aws:ec2:eu-west-2:741032333307:internet-gateway/igw-04d7c19004df64da9",
            "id": "igw-04d7c19004df64da9",
            "owner_id": "741032333307",
            "tags": {
              "Environment": "testing",
              "Group": "eks-fargate",
              "Name": "internet_gw-testing"
            },
            "tags_all": {
              "Environment": "testing",
              "Group": "eks-fargate",
              "Name": "internet_gw-testing"
            },
            "vpc_id": "vpc-0fe67ec06bdcb89d8"
          },
          "sensitive_attributes": [],
          "private": "bnVsbA==",
          "dependencies": [
            "module.vpc.aws_subnet.public_subnet",
            "module.vpc.aws_vpc.main_vpc"
          ]
        }
      ]
    },
    {
      "module": "module.vpc",
      "mode": "managed",
      "type": "aws_nat_gateway",
      "name": "nat_gw",
      "provider": "provider[\"registry.terraform.io/hashicorp/aws\"]",
      "instances": [
        {
          "index_key": 0,
          "schema_version": 0,
          "attributes": {
            "allocation_id": "eipalloc-00e0ab7e9819b8930",
            "connectivity_type": "public",
            "id": "nat-07203bd5c6470dba6",
            "network_interface_id": "eni-0c80ef876ee39069a",
            "private_ip": "192.168.0.138",
            "public_ip": "13.41.142.246",
            "subnet_id": "subnet-027937e6caaaa79b3",
            "tags": {
              "Environment": "testing",
              "Group": "eks-fargate",
              "Name": "nat_gateway-1-testing"
            },
            "tags_all": {
              "Environment": "testing",
              "Group": "eks-fargate",
              "Name": "nat_gateway-1-testing"
            }
          },
          "sensitive_attributes": [],
          "private": "bnVsbA==",
          "dependencies": [
            "module.vpc.aws_eip.nat_eip",
            "module.vpc.aws_internet_gateway.internet_gw",
            "module.vpc.aws_subnet.public_subnet",
            "module.vpc.aws_vpc.main_vpc"
          ]
        },
        {
          "index_key": 1,
          "schema_version": 0,
          "attributes": {
            "allocation_id": "eipalloc-0c80da30b48036a74",
            "connectivity_type": "public",
            "id": "nat-03867e5348c4a9c53",
            "network_interface_id": "eni-06f549af724d9be34",
            "private_ip": "192.168.1.22",
            "public_ip": "18.134.118.224",
            "subnet_id": "subnet-0a7fb46d57e46c9c0",
            "tags": {
              "Environment": "testing",
              "Group": "eks-fargate",
              "Name": "nat_gateway-2-testing"
            },
            "tags_all": {
              "Environment": "testing",
              "Group": "eks-fargate",
              "Name": "nat_gateway-2-testing"
            }
          },
          "sensitive_attributes": [],
          "private": "bnVsbA==",
          "dependencies": [
            "module.vpc.aws_eip.nat_eip",
            "module.vpc.aws_internet_gateway.internet_gw",
            "module.vpc.aws_subnet.public_subnet",
            "module.vpc.aws_vpc.main_vpc"
          ]
        },
        {
          "index_key": 2,
          "schema_version": 0,
          "attributes": {
            "allocation_id": "eipalloc-0a840f60f5364621e",
            "connectivity_type": "public",
            "id": "nat-07109961e2e349486",
            "network_interface_id": "eni-0d61db7a31d9a8bff",
            "private_ip": "192.168.2.203",
            "public_ip": "3.8.41.17",
            "subnet_id": "subnet-001e8995e21565f29",
            "tags": {
              "Environment": "testing",
              "Group": "eks-fargate",
              "Name": "nat_gateway-3-testing"
            },
            "tags_all": {
              "Environment": "testing",
              "Group": "eks-fargate",
              "Name": "nat_gateway-3-testing"
            }
          },
          "sensitive_attributes": [],
          "private": "bnVsbA==",
          "dependencies": [
            "module.vpc.aws_eip.nat_eip",
            "module.vpc.aws_internet_gateway.internet_gw",
            "module.vpc.aws_subnet.public_subnet",
            "module.vpc.aws_vpc.main_vpc"
          ]
        }
      ]
    },
    {
      "module": "module.vpc",
      "mode": "managed",
      "type": "aws_route",
      "name": "private_nat_gw_route",
      "provider": "provider[\"registry.terraform.io/hashicorp/aws\"]",
      "instances": [
        {
          "index_key": 0,
          "schema_version": 0,
          "attributes": {
            "carrier_gateway_id": "",
            "core_network_arn": "",
            "destination_cidr_block": "0.0.0.0/0",
            "destination_ipv6_cidr_block": "",
            "destination_prefix_list_id": "",
            "egress_only_gateway_id": "",
            "gateway_id": "",
            "id": "r-rtb-026159157f8568f991080289494",
            "instance_id": "",
            "instance_owner_id": "",
            "local_gateway_id": "",
            "nat_gateway_id": "nat-07203bd5c6470dba6",
            "network_interface_id": "",
            "origin": "CreateRoute",
            "route_table_id": "rtb-026159157f8568f99",
            "state": "active",
            "timeouts": null,
            "transit_gateway_id": "",
            "vpc_endpoint_id": "",
            "vpc_peering_connection_id": ""
          },
          "sensitive_attributes": [],
          "private": "eyJlMmJmYjczMC1lY2FhLTExZTYtOGY4OC0zNDM2M2JjN2M0YzAiOnsiY3JlYXRlIjozMDAwMDAwMDAwMDAsImRlbGV0ZSI6MzAwMDAwMDAwMDAwLCJ1cGRhdGUiOjEyMDAwMDAwMDAwMH19",
          "dependencies": [
            "module.vpc.aws_eip.nat_eip",
            "module.vpc.aws_internet_gateway.internet_gw",
            "module.vpc.aws_nat_gateway.nat_gw",
            "module.vpc.aws_route_table.private_rt",
            "module.vpc.aws_subnet.private_subnet",
            "module.vpc.aws_subnet.public_subnet",
            "module.vpc.aws_vpc.main_vpc"
          ]
        },
        {
          "index_key": 1,
          "schema_version": 0,
          "attributes": {
            "carrier_gateway_id": "",
            "core_network_arn": "",
            "destination_cidr_block": "0.0.0.0/0",
            "destination_ipv6_cidr_block": "",
            "destination_prefix_list_id": "",
            "egress_only_gateway_id": "",
            "gateway_id": "",
            "id": "r-rtb-02cd602cd59c8abd21080289494",
            "instance_id": "",
            "instance_owner_id": "",
            "local_gateway_id": "",
            "nat_gateway_id": "nat-03867e5348c4a9c53",
            "network_interface_id": "",
            "origin": "CreateRoute",
            "route_table_id": "rtb-02cd602cd59c8abd2",
            "state": "active",
            "timeouts": null,
            "transit_gateway_id": "",
            "vpc_endpoint_id": "",
            "vpc_peering_connection_id": ""
          },
          "sensitive_attributes": [],
          "private": "eyJlMmJmYjczMC1lY2FhLTExZTYtOGY4OC0zNDM2M2JjN2M0YzAiOnsiY3JlYXRlIjozMDAwMDAwMDAwMDAsImRlbGV0ZSI6MzAwMDAwMDAwMDAwLCJ1cGRhdGUiOjEyMDAwMDAwMDAwMH19",
          "dependencies": [
            "module.vpc.aws_eip.nat_eip",
            "module.vpc.aws_internet_gateway.internet_gw",
            "module.vpc.aws_nat_gateway.nat_gw",
            "module.vpc.aws_route_table.private_rt",
            "module.vpc.aws_subnet.private_subnet",
            "module.vpc.aws_subnet.public_subnet",
            "module.vpc.aws_vpc.main_vpc"
          ]
        },
        {
          "index_key": 2,
          "schema_version": 0,
          "attributes": {
            "carrier_gateway_id": "",
            "core_network_arn": "",
            "destination_cidr_block": "0.0.0.0/0",
            "destination_ipv6_cidr_block": "",
            "destination_prefix_list_id": "",
            "egress_only_gateway_id": "",
            "gateway_id": "",
            "id": "r-rtb-05ba31db17a2974da1080289494",
            "instance_id": "",
            "instance_owner_id": "",
            "local_gateway_id": "",
            "nat_gateway_id": "nat-07109961e2e349486",
            "network_interface_id": "",
            "origin": "CreateRoute",
            "route_table_id": "rtb-05ba31db17a2974da",
            "state": "active",
            "timeouts": null,
            "transit_gateway_id": "",
            "vpc_endpoint_id": "",
            "vpc_peering_connection_id": ""
          },
          "sensitive_attributes": [],
          "private": "eyJlMmJmYjczMC1lY2FhLTExZTYtOGY4OC0zNDM2M2JjN2M0YzAiOnsiY3JlYXRlIjozMDAwMDAwMDAwMDAsImRlbGV0ZSI6MzAwMDAwMDAwMDAwLCJ1cGRhdGUiOjEyMDAwMDAwMDAwMH19",
          "dependencies": [
            "module.vpc.aws_eip.nat_eip",
            "module.vpc.aws_internet_gateway.internet_gw",
            "module.vpc.aws_nat_gateway.nat_gw",
            "module.vpc.aws_route_table.private_rt",
            "module.vpc.aws_subnet.private_subnet",
            "module.vpc.aws_subnet.public_subnet",
            "module.vpc.aws_vpc.main_vpc"
          ]
        }
      ]
    },
    {
      "module": "module.vpc",
      "mode": "managed",
      "type": "aws_route",
      "name": "public_internet_route",
      "provider": "provider[\"registry.terraform.io/hashicorp/aws\"]",
      "instances": [
        {
          "schema_version": 0,
          "attributes": {
            "carrier_gateway_id": "",
            "core_network_arn": "",
            "destination_cidr_block": "0.0.0.0/0",
            "destination_ipv6_cidr_block": "",
            "destination_prefix_list_id": "",
            "egress_only_gateway_id": "",
            "gateway_id": "igw-04d7c19004df64da9",
            "id": "r-rtb-00351034fdb02716e1080289494",
            "instance_id": "",
            "instance_owner_id": "",
            "local_gateway_id": "",
            "nat_gateway_id": "",
            "network_interface_id": "",
            "origin": "CreateRoute",
            "route_table_id": "rtb-00351034fdb02716e",
            "state": "active",
            "timeouts": null,
            "transit_gateway_id": "",
            "vpc_endpoint_id": "",
            "vpc_peering_connection_id": ""
          },
          "sensitive_attributes": [],
          "private": "eyJlMmJmYjczMC1lY2FhLTExZTYtOGY4OC0zNDM2M2JjN2M0YzAiOnsiY3JlYXRlIjozMDAwMDAwMDAwMDAsImRlbGV0ZSI6MzAwMDAwMDAwMDAwLCJ1cGRhdGUiOjEyMDAwMDAwMDAwMH19",
          "dependencies": [
            "module.vpc.aws_internet_gateway.internet_gw",
            "module.vpc.aws_route_table.public_rt",
            "module.vpc.aws_subnet.public_subnet",
            "module.vpc.aws_vpc.main_vpc"
          ]
        }
      ]
    },
    {
      "module": "module.vpc",
      "mode": "managed",
      "type": "aws_route_table",
      "name": "private_rt",
      "provider": "provider[\"registry.terraform.io/hashicorp/aws\"]",
      "instances": [
        {
          "index_key": 0,
          "schema_version": 0,
          "attributes": {
            "arn": "arn:aws:ec2:eu-west-2:741032333307:route-table/rtb-026159157f8568f99",
            "id": "rtb-026159157f8568f99",
            "owner_id": "741032333307",
            "propagating_vgws": [],
            "route": [],
            "tags": {
              "Environment": "testing",
              "Group": "eks-fargate",
              "Name": "private-route-table-1-testing"
            },
            "tags_all": {
              "Environment": "testing",
              "Group": "eks-fargate",
              "Name": "private-route-table-1-testing"
            },
            "timeouts": null,
            "vpc_id": "vpc-0fe67ec06bdcb89d8"
          },
          "sensitive_attributes": [],
          "private": "eyJlMmJmYjczMC1lY2FhLTExZTYtOGY4OC0zNDM2M2JjN2M0YzAiOnsiY3JlYXRlIjozMDAwMDAwMDAwMDAsImRlbGV0ZSI6MzAwMDAwMDAwMDAwLCJ1cGRhdGUiOjEyMDAwMDAwMDAwMH19",
          "dependencies": [
            "module.vpc.aws_subnet.private_subnet",
            "module.vpc.aws_vpc.main_vpc"
          ]
        },
        {
          "index_key": 1,
          "schema_version": 0,
          "attributes": {
            "arn": "arn:aws:ec2:eu-west-2:741032333307:route-table/rtb-02cd602cd59c8abd2",
            "id": "rtb-02cd602cd59c8abd2",
            "owner_id": "741032333307",
            "propagating_vgws": [],
            "route": [],
            "tags": {
              "Environment": "testing",
              "Group": "eks-fargate",
              "Name": "private-route-table-2-testing"
            },
            "tags_all": {
              "Environment": "testing",
              "Group": "eks-fargate",
              "Name": "private-route-table-2-testing"
            },
            "timeouts": null,
            "vpc_id": "vpc-0fe67ec06bdcb89d8"
          },
          "sensitive_attributes": [],
          "private": "eyJlMmJmYjczMC1lY2FhLTExZTYtOGY4OC0zNDM2M2JjN2M0YzAiOnsiY3JlYXRlIjozMDAwMDAwMDAwMDAsImRlbGV0ZSI6MzAwMDAwMDAwMDAwLCJ1cGRhdGUiOjEyMDAwMDAwMDAwMH19",
          "dependencies": [
            "module.vpc.aws_subnet.private_subnet",
            "module.vpc.aws_vpc.main_vpc"
          ]
        },
        {
          "index_key": 2,
          "schema_version": 0,
          "attributes": {
            "arn": "arn:aws:ec2:eu-west-2:741032333307:route-table/rtb-05ba31db17a2974da",
            "id": "rtb-05ba31db17a2974da",
            "owner_id": "741032333307",
            "propagating_vgws": [],
            "route": [],
            "tags": {
              "Environment": "testing",
              "Group": "eks-fargate",
              "Name": "private-route-table-3-testing"
            },
            "tags_all": {
              "Environment": "testing",
              "Group": "eks-fargate",
              "Name": "private-route-table-3-testing"
            },
            "timeouts": null,
            "vpc_id": "vpc-0fe67ec06bdcb89d8"
          },
          "sensitive_attributes": [],
          "private": "eyJlMmJmYjczMC1lY2FhLTExZTYtOGY4OC0zNDM2M2JjN2M0YzAiOnsiY3JlYXRlIjozMDAwMDAwMDAwMDAsImRlbGV0ZSI6MzAwMDAwMDAwMDAwLCJ1cGRhdGUiOjEyMDAwMDAwMDAwMH19",
          "dependencies": [
            "module.vpc.aws_subnet.private_subnet",
            "module.vpc.aws_vpc.main_vpc"
          ]
        }
      ]
    },
    {
      "module": "module.vpc",
      "mode": "managed",
      "type": "aws_route_table",
      "name": "public_rt",
      "provider": "provider[\"registry.terraform.io/hashicorp/aws\"]",
      "instances": [
        {
          "schema_version": 0,
          "attributes": {
            "arn": "arn:aws:ec2:eu-west-2:741032333307:route-table/rtb-00351034fdb02716e",
            "id": "rtb-00351034fdb02716e",
            "owner_id": "741032333307",
            "propagating_vgws": [],
            "route": [],
            "tags": {
              "Environment": "testing",
              "Group": "eks-fargate",
              "Name": "public-route-table-testing"
            },
            "tags_all": {
              "Environment": "testing",
              "Group": "eks-fargate",
              "Name": "public-route-table-testing"
            },
            "timeouts": null,
            "vpc_id": "vpc-0fe67ec06bdcb89d8"
          },
          "sensitive_attributes": [],
          "private": "eyJlMmJmYjczMC1lY2FhLTExZTYtOGY4OC0zNDM2M2JjN2M0YzAiOnsiY3JlYXRlIjozMDAwMDAwMDAwMDAsImRlbGV0ZSI6MzAwMDAwMDAwMDAwLCJ1cGRhdGUiOjEyMDAwMDAwMDAwMH19",
          "dependencies": [
            "module.vpc.aws_subnet.public_subnet",
            "module.vpc.aws_vpc.main_vpc"
          ]
        }
      ]
    },
    {
      "module": "module.vpc",
      "mode": "managed",
      "type": "aws_route_table_association",
      "name": "private-rt-assotion",
      "provider": "provider[\"registry.terraform.io/hashicorp/aws\"]",
      "instances": [
        {
          "index_key": 0,
          "schema_version": 0,
          "attributes": {
            "gateway_id": "",
            "id": "rtbassoc-0ab0d24d98b92254e",
            "route_table_id": "rtb-026159157f8568f99",
            "subnet_id": "subnet-0cc4d8670bf4461dc"
          },
          "sensitive_attributes": [],
          "private": "bnVsbA==",
          "dependencies": [
            "module.vpc.aws_eip.nat_eip",
            "module.vpc.aws_internet_gateway.internet_gw",
            "module.vpc.aws_nat_gateway.nat_gw",
            "module.vpc.aws_route.private_nat_gw_route",
            "module.vpc.aws_route_table.private_rt",
            "module.vpc.aws_subnet.private_subnet",
            "module.vpc.aws_subnet.public_subnet",
            "module.vpc.aws_vpc.main_vpc"
          ]
        },
        {
          "index_key": 1,
          "schema_version": 0,
          "attributes": {
            "gateway_id": "",
            "id": "rtbassoc-075c13b8998fa31c9",
            "route_table_id": "rtb-02cd602cd59c8abd2",
            "subnet_id": "subnet-05ff7c90122626b0b"
          },
          "sensitive_attributes": [],
          "private": "bnVsbA==",
          "dependencies": [
            "module.vpc.aws_eip.nat_eip",
            "module.vpc.aws_internet_gateway.internet_gw",
            "module.vpc.aws_nat_gateway.nat_gw",
            "module.vpc.aws_route.private_nat_gw_route",
            "module.vpc.aws_route_table.private_rt",
            "module.vpc.aws_subnet.private_subnet",
            "module.vpc.aws_subnet.public_subnet",
            "module.vpc.aws_vpc.main_vpc"
          ]
        },
        {
          "index_key": 2,
          "schema_version": 0,
          "attributes": {
            "gateway_id": "",
            "id": "rtbassoc-0971b29f04e7abc09",
            "route_table_id": "rtb-05ba31db17a2974da",
            "subnet_id": "subnet-0da8cdee9bf55ce3b"
          },
          "sensitive_attributes": [],
          "private": "bnVsbA==",
          "dependencies": [
            "module.vpc.aws_eip.nat_eip",
            "module.vpc.aws_internet_gateway.internet_gw",
            "module.vpc.aws_nat_gateway.nat_gw",
            "module.vpc.aws_route.private_nat_gw_route",
            "module.vpc.aws_route_table.private_rt",
            "module.vpc.aws_subnet.private_subnet",
            "module.vpc.aws_subnet.public_subnet",
            "module.vpc.aws_vpc.main_vpc"
          ]
        }
      ]
    },
    {
      "module": "module.vpc",
      "mode": "managed",
      "type": "aws_route_table_association",
      "name": "public-rt-assotion",
      "provider": "provider[\"registry.terraform.io/hashicorp/aws\"]",
      "instances": [
        {
          "index_key": 0,
          "schema_version": 0,
          "attributes": {
            "gateway_id": "",
            "id": "rtbassoc-01f1c1a699d1c5517",
            "route_table_id": "rtb-00351034fdb02716e",
            "subnet_id": "subnet-027937e6caaaa79b3"
          },
          "sensitive_attributes": [],
          "private": "bnVsbA==",
          "dependencies": [
            "module.vpc.aws_internet_gateway.internet_gw",
            "module.vpc.aws_route.public_internet_route",
            "module.vpc.aws_route_table.public_rt",
            "module.vpc.aws_subnet.public_subnet",
            "module.vpc.aws_vpc.main_vpc"
          ]
        },
        {
          "index_key": 1,
          "schema_version": 0,
          "attributes": {
            "gateway_id": "",
            "id": "rtbassoc-0c8ff9f7f1c4bd3ff",
            "route_table_id": "rtb-00351034fdb02716e",
            "subnet_id": "subnet-0a7fb46d57e46c9c0"
          },
          "sensitive_attributes": [],
          "private": "bnVsbA==",
          "dependencies": [
            "module.vpc.aws_internet_gateway.internet_gw",
            "module.vpc.aws_route.public_internet_route",
            "module.vpc.aws_route_table.public_rt",
            "module.vpc.aws_subnet.public_subnet",
            "module.vpc.aws_vpc.main_vpc"
          ]
        },
        {
          "index_key": 2,
          "schema_version": 0,
          "attributes": {
            "gateway_id": "",
            "id": "rtbassoc-0c0b132ebe3307b43",
            "route_table_id": "rtb-00351034fdb02716e",
            "subnet_id": "subnet-001e8995e21565f29"
          },
          "sensitive_attributes": [],
          "private": "bnVsbA==",
          "dependencies": [
            "module.vpc.aws_internet_gateway.internet_gw",
            "module.vpc.aws_route.public_internet_route",
            "module.vpc.aws_route_table.public_rt",
            "module.vpc.aws_subnet.public_subnet",
            "module.vpc.aws_vpc.main_vpc"
          ]
        }
      ]
    },
    {
      "module": "module.vpc",
      "mode": "managed",
      "type": "aws_security_group",
      "name": "custom",
      "provider": "provider[\"registry.terraform.io/hashicorp/aws\"]",
      "instances": [
        {
          "schema_version": 1,
          "attributes": {
            "arn": "arn:aws:ec2:eu-west-2:741032333307:security-group/sg-05ac706be83a8ff13",
            "description": "Custom security group to allow inbound/outbound from the multiple sources",
            "egress": [
              {
                "cidr_blocks": [
                  "0.0.0.0/0"
                ],
                "description": "All traffic allowed to Internet from VPC",
                "from_port": 0,
                "ipv6_cidr_blocks": [],
                "prefix_list_ids": [],
                "protocol": "-1",
                "security_groups": [],
                "self": false,
                "to_port": 0
              }
            ],
            "id": "sg-05ac706be83a8ff13",
            "ingress": [
              {
                "cidr_blocks": [
                  "0.0.0.0/0"
                ],
                "description": "Receive traffic from internet on HTTP Port 80",
                "from_port": 80,
                "ipv6_cidr_blocks": [],
                "prefix_list_ids": [],
                "protocol": "tcp",
                "security_groups": [],
                "self": false,
                "to_port": 80
              },
              {
                "cidr_blocks": [
                  "0.0.0.0/0"
                ],
                "description": "Receive traffic from internet on TLS Port 443",
                "from_port": 443,
                "ipv6_cidr_blocks": [],
                "prefix_list_ids": [],
                "protocol": "tcp",
                "security_groups": [],
                "self": false,
                "to_port": 443
              }
            ],
            "name": "custom-sg-testing",
            "name_prefix": "",
            "owner_id": "741032333307",
            "revoke_rules_on_delete": false,
            "tags": {
              "Environment": "testing",
              "Group": "eks-fargate",
              "Name": "custom-sg-acn-eks-clstr-testing"
            },
            "tags_all": {
              "Environment": "testing",
              "Group": "eks-fargate",
              "Name": "custom-sg-acn-eks-clstr-testing"
            },
            "timeouts": null,
            "vpc_id": "vpc-0fe67ec06bdcb89d8"
          },
          "sensitive_attributes": [],
          "private": "eyJlMmJmYjczMC1lY2FhLTExZTYtOGY4OC0zNDM2M2JjN2M0YzAiOnsiY3JlYXRlIjo2MDAwMDAwMDAwMDAsImRlbGV0ZSI6OTAwMDAwMDAwMDAwfSwic2NoZW1hX3ZlcnNpb24iOiIxIn0=",
          "dependencies": [
            "module.vpc.aws_vpc.main_vpc"
          ]
        }
      ]
    },
    {
      "module": "module.vpc",
      "mode": "managed",
      "type": "aws_subnet",
      "name": "private_subnet",
      "provider": "provider[\"registry.terraform.io/hashicorp/aws\"]",
      "instances": [
        {
          "index_key": 0,
          "schema_version": 1,
          "attributes": {
            "arn": "arn:aws:ec2:eu-west-2:741032333307:subnet/subnet-0cc4d8670bf4461dc",
            "assign_ipv6_address_on_creation": false,
            "availability_zone": "eu-west-2a",
            "availability_zone_id": "euw2-az2",
            "cidr_block": "192.168.4.0/24",
            "customer_owned_ipv4_pool": "",
            "enable_dns64": false,
            "enable_resource_name_dns_a_record_on_launch": false,
            "enable_resource_name_dns_aaaa_record_on_launch": false,
            "id": "subnet-0cc4d8670bf4461dc",
            "ipv6_cidr_block": "",
            "ipv6_cidr_block_association_id": "",
            "ipv6_native": false,
            "map_customer_owned_ip_on_launch": false,
            "map_public_ip_on_launch": false,
            "outpost_arn": "",
            "owner_id": "741032333307",
            "private_dns_hostname_type_on_launch": "ip-name",
            "tags": {
              "Environment": "testing",
              "Group": "eks-fargate",
              "Name": "private-subnet-testing-eu-west-2a"
            },
            "tags_all": {
              "Environment": "testing",
              "Group": "eks-fargate",
              "Name": "private-subnet-testing-eu-west-2a"
            },
            "timeouts": null,
            "vpc_id": "vpc-0fe67ec06bdcb89d8"
          },
          "sensitive_attributes": [],
          "private": "eyJlMmJmYjczMC1lY2FhLTExZTYtOGY4OC0zNDM2M2JjN2M0YzAiOnsiY3JlYXRlIjo2MDAwMDAwMDAwMDAsImRlbGV0ZSI6MTIwMDAwMDAwMDAwMH0sInNjaGVtYV92ZXJzaW9uIjoiMSJ9",
          "dependencies": [
            "module.vpc.aws_vpc.main_vpc"
          ]
        },
        {
          "index_key": 1,
          "schema_version": 1,
          "attributes": {
            "arn": "arn:aws:ec2:eu-west-2:741032333307:subnet/subnet-05ff7c90122626b0b",
            "assign_ipv6_address_on_creation": false,
            "availability_zone": "eu-west-2b",
            "availability_zone_id": "euw2-az3",
            "cidr_block": "192.168.5.0/24",
            "customer_owned_ipv4_pool": "",
            "enable_dns64": false,
            "enable_resource_name_dns_a_record_on_launch": false,
            "enable_resource_name_dns_aaaa_record_on_launch": false,
            "id": "subnet-05ff7c90122626b0b",
            "ipv6_cidr_block": "",
            "ipv6_cidr_block_association_id": "",
            "ipv6_native": false,
            "map_customer_owned_ip_on_launch": false,
            "map_public_ip_on_launch": false,
            "outpost_arn": "",
            "owner_id": "741032333307",
            "private_dns_hostname_type_on_launch": "ip-name",
            "tags": {
              "Environment": "testing",
              "Group": "eks-fargate",
              "Name": "private-subnet-testing-eu-west-2b"
            },
            "tags_all": {
              "Environment": "testing",
              "Group": "eks-fargate",
              "Name": "private-subnet-testing-eu-west-2b"
            },
            "timeouts": null,
            "vpc_id": "vpc-0fe67ec06bdcb89d8"
          },
          "sensitive_attributes": [],
          "private": "eyJlMmJmYjczMC1lY2FhLTExZTYtOGY4OC0zNDM2M2JjN2M0YzAiOnsiY3JlYXRlIjo2MDAwMDAwMDAwMDAsImRlbGV0ZSI6MTIwMDAwMDAwMDAwMH0sInNjaGVtYV92ZXJzaW9uIjoiMSJ9",
          "dependencies": [
            "module.vpc.aws_vpc.main_vpc"
          ]
        },
        {
          "index_key": 2,
          "schema_version": 1,
          "attributes": {
            "arn": "arn:aws:ec2:eu-west-2:741032333307:subnet/subnet-0da8cdee9bf55ce3b",
            "assign_ipv6_address_on_creation": false,
            "availability_zone": "eu-west-2c",
            "availability_zone_id": "euw2-az1",
            "cidr_block": "192.168.6.0/24",
            "customer_owned_ipv4_pool": "",
            "enable_dns64": false,
            "enable_resource_name_dns_a_record_on_launch": false,
            "enable_resource_name_dns_aaaa_record_on_launch": false,
            "id": "subnet-0da8cdee9bf55ce3b",
            "ipv6_cidr_block": "",
            "ipv6_cidr_block_association_id": "",
            "ipv6_native": false,
            "map_customer_owned_ip_on_launch": false,
            "map_public_ip_on_launch": false,
            "outpost_arn": "",
            "owner_id": "741032333307",
            "private_dns_hostname_type_on_launch": "ip-name",
            "tags": {
              "Environment": "testing",
              "Group": "eks-fargate",
              "Name": "private-subnet-testing-eu-west-2c"
            },
            "tags_all": {
              "Environment": "testing",
              "Group": "eks-fargate",
              "Name": "private-subnet-testing-eu-west-2c"
            },
            "timeouts": null,
            "vpc_id": "vpc-0fe67ec06bdcb89d8"
          },
          "sensitive_attributes": [],
          "private": "eyJlMmJmYjczMC1lY2FhLTExZTYtOGY4OC0zNDM2M2JjN2M0YzAiOnsiY3JlYXRlIjo2MDAwMDAwMDAwMDAsImRlbGV0ZSI6MTIwMDAwMDAwMDAwMH0sInNjaGVtYV92ZXJzaW9uIjoiMSJ9",
          "dependencies": [
            "module.vpc.aws_vpc.main_vpc"
          ]
        }
      ]
    },
    {
      "module": "module.vpc",
      "mode": "managed",
      "type": "aws_subnet",
      "name": "public_subnet",
      "provider": "provider[\"registry.terraform.io/hashicorp/aws\"]",
      "instances": [
        {
          "index_key": 0,
          "schema_version": 1,
          "attributes": {
            "arn": "arn:aws:ec2:eu-west-2:741032333307:subnet/subnet-027937e6caaaa79b3",
            "assign_ipv6_address_on_creation": false,
            "availability_zone": "eu-west-2a",
            "availability_zone_id": "euw2-az2",
            "cidr_block": "192.168.0.0/24",
            "customer_owned_ipv4_pool": "",
            "enable_dns64": false,
            "enable_resource_name_dns_a_record_on_launch": false,
            "enable_resource_name_dns_aaaa_record_on_launch": false,
            "id": "subnet-027937e6caaaa79b3",
            "ipv6_cidr_block": "",
            "ipv6_cidr_block_association_id": "",
            "ipv6_native": false,
            "map_customer_owned_ip_on_launch": false,
            "map_public_ip_on_launch": true,
            "outpost_arn": "",
            "owner_id": "741032333307",
            "private_dns_hostname_type_on_launch": "ip-name",
            "tags": {
              "Environment": "testing",
              "Group": "eks-fargate",
              "Name": "public-subnet-testing-eu-west-2a"
            },
            "tags_all": {
              "Environment": "testing",
              "Group": "eks-fargate",
              "Name": "public-subnet-testing-eu-west-2a"
            },
            "timeouts": null,
            "vpc_id": "vpc-0fe67ec06bdcb89d8"
          },
          "sensitive_attributes": [],
          "private": "eyJlMmJmYjczMC1lY2FhLTExZTYtOGY4OC0zNDM2M2JjN2M0YzAiOnsiY3JlYXRlIjo2MDAwMDAwMDAwMDAsImRlbGV0ZSI6MTIwMDAwMDAwMDAwMH0sInNjaGVtYV92ZXJzaW9uIjoiMSJ9",
          "dependencies": [
            "module.vpc.aws_vpc.main_vpc"
          ]
        },
        {
          "index_key": 1,
          "schema_version": 1,
          "attributes": {
            "arn": "arn:aws:ec2:eu-west-2:741032333307:subnet/subnet-0a7fb46d57e46c9c0",
            "assign_ipv6_address_on_creation": false,
            "availability_zone": "eu-west-2b",
            "availability_zone_id": "euw2-az3",
            "cidr_block": "192.168.1.0/24",
            "customer_owned_ipv4_pool": "",
            "enable_dns64": false,
            "enable_resource_name_dns_a_record_on_launch": false,
            "enable_resource_name_dns_aaaa_record_on_launch": false,
            "id": "subnet-0a7fb46d57e46c9c0",
            "ipv6_cidr_block": "",
            "ipv6_cidr_block_association_id": "",
            "ipv6_native": false,
            "map_customer_owned_ip_on_launch": false,
            "map_public_ip_on_launch": true,
            "outpost_arn": "",
            "owner_id": "741032333307",
            "private_dns_hostname_type_on_launch": "ip-name",
            "tags": {
              "Environment": "testing",
              "Group": "eks-fargate",
              "Name": "public-subnet-testing-eu-west-2b"
            },
            "tags_all": {
              "Environment": "testing",
              "Group": "eks-fargate",
              "Name": "public-subnet-testing-eu-west-2b"
            },
            "timeouts": null,
            "vpc_id": "vpc-0fe67ec06bdcb89d8"
          },
          "sensitive_attributes": [],
          "private": "eyJlMmJmYjczMC1lY2FhLTExZTYtOGY4OC0zNDM2M2JjN2M0YzAiOnsiY3JlYXRlIjo2MDAwMDAwMDAwMDAsImRlbGV0ZSI6MTIwMDAwMDAwMDAwMH0sInNjaGVtYV92ZXJzaW9uIjoiMSJ9",
          "dependencies": [
            "module.vpc.aws_vpc.main_vpc"
          ]
        },
        {
          "index_key": 2,
          "schema_version": 1,
          "attributes": {
            "arn": "arn:aws:ec2:eu-west-2:741032333307:subnet/subnet-001e8995e21565f29",
            "assign_ipv6_address_on_creation": false,
            "availability_zone": "eu-west-2c",
            "availability_zone_id": "euw2-az1",
            "cidr_block": "192.168.2.0/24",
            "customer_owned_ipv4_pool": "",
            "enable_dns64": false,
            "enable_resource_name_dns_a_record_on_launch": false,
            "enable_resource_name_dns_aaaa_record_on_launch": false,
            "id": "subnet-001e8995e21565f29",
            "ipv6_cidr_block": "",
            "ipv6_cidr_block_association_id": "",
            "ipv6_native": false,
            "map_customer_owned_ip_on_launch": false,
            "map_public_ip_on_launch": true,
            "outpost_arn": "",
            "owner_id": "741032333307",
            "private_dns_hostname_type_on_launch": "ip-name",
            "tags": {
              "Environment": "testing",
              "Group": "eks-fargate",
              "Name": "public-subnet-testing-eu-west-2c"
            },
            "tags_all": {
              "Environment": "testing",
              "Group": "eks-fargate",
              "Name": "public-subnet-testing-eu-west-2c"
            },
            "timeouts": null,
            "vpc_id": "vpc-0fe67ec06bdcb89d8"
          },
          "sensitive_attributes": [],
          "private": "eyJlMmJmYjczMC1lY2FhLTExZTYtOGY4OC0zNDM2M2JjN2M0YzAiOnsiY3JlYXRlIjo2MDAwMDAwMDAwMDAsImRlbGV0ZSI6MTIwMDAwMDAwMDAwMH0sInNjaGVtYV92ZXJzaW9uIjoiMSJ9",
          "dependencies": [
            "module.vpc.aws_vpc.main_vpc"
          ]
        }
      ]
    },
    {
      "module": "module.vpc",
      "mode": "managed",
      "type": "aws_vpc",
      "name": "main_vpc",
      "provider": "provider[\"registry.terraform.io/hashicorp/aws\"]",
      "instances": [
        {
          "schema_version": 1,
          "attributes": {
            "arn": "arn:aws:ec2:eu-west-2:741032333307:vpc/vpc-0fe67ec06bdcb89d8",
            "assign_generated_ipv6_cidr_block": false,
            "cidr_block": "192.168.0.0/16",
            "default_network_acl_id": "acl-0ae992657516f3d7a",
            "default_route_table_id": "rtb-0164a9fb833295504",
            "default_security_group_id": "sg-00d22dd6160b1c545",
            "dhcp_options_id": "dopt-0ec887a8da27b0660",
            "enable_classiclink": false,
            "enable_classiclink_dns_support": false,
            "enable_dns_hostnames": true,
            "enable_dns_support": true,
            "id": "vpc-0fe67ec06bdcb89d8",
            "instance_tenancy": "default",
            "ipv4_ipam_pool_id": null,
            "ipv4_netmask_length": null,
            "ipv6_association_id": "",
            "ipv6_cidr_block": "",
            "ipv6_cidr_block_network_border_group": "",
            "ipv6_ipam_pool_id": "",
            "ipv6_netmask_length": 0,
            "main_route_table_id": "rtb-0164a9fb833295504",
            "owner_id": "741032333307",
            "tags": {
              "Environment": "testing",
              "Group": "eks-fargate",
              "Name": "eks-vpc-testing-vpc"
            },
            "tags_all": {
              "Environment": "testing",
              "Group": "eks-fargate",
              "Name": "eks-vpc-testing-vpc"
            }
          },
          "sensitive_attributes": [],
          "private": "eyJzY2hlbWFfdmVyc2lvbiI6IjEifQ=="
        }
      ]
    }
  ]
}
