{
  "version": 4,
  "terraform_version": "1.1.9",
  "serial": 133,
  "lineage": "7ae4d689-a908-c9b3-2392-4af0400b30a8",
  "outputs": {},
  "resources": [
    {
      "mode": "data",
      "type": "aws_eks_cluster",
      "name": "cluster",
      "provider": "provider[\"registry.terraform.io/hashicorp/aws\"]",
      "instances": [
        {
          "schema_version": 0,
          "attributes": {
            "arn": "arn:aws:eks:eu-west-2:741032333307:cluster/acn-eks-clstr-testing",
            "certificate_authority": [
              {
                "data": "LS0tLS1CRUdJTiBDRVJUSUZJQ0FURS0tLS0tCk1JSUMvakNDQWVhZ0F3SUJBZ0lCQURBTkJna3Foa2lHOXcwQkFRc0ZBREFWTVJNd0VRWURWUVFERXdwcmRXSmwKY201bGRHVnpNQjRYRFRJeU1EVXlOVEU0TXpnek9Gb1hEVE15TURVeU1qRTRNemd6T0Zvd0ZURVRNQkVHQTFVRQpBeE1LYTNWaVpYSnVaWFJsY3pDQ0FTSXdEUVlKS29aSWh2Y05BUUVCQlFBRGdnRVBBRENDQVFvQ2dnRUJBUHVMCiswSXFBWVBndGY5eUowdXQxWjlGdnhuVzFOQXAyRWxreXJFOC94OHQycUVLbS92eTdoTHpMeTZES0dNZDFrUi8KY3VpRXl5SmJzVUJ2NXdUejROTEdwd05kYWhLSTIxdlF2TXc1ZlZMdkZRRVNxM0hyZFJwK25VaS9oTGRubFlZagpCdVBXWXhxY0d4dkswS2Z6WEkrUXplTXdOWUlKU05tbVlaa1djV3dqL01ienVhUzhacUJVNzRMUFRkMHNHeVZ6Ck5xRUFEdzF1WFdUOHhjOTgrRVY0UG9xQ3NEWHJBVW5NRnM2VW5peHlTQnVuWUV0Y00wQ3ZERG8yeFd4WFh4dG0KVmVTMjIyR0VFaGM4U1JpLys1Sk9SMmZhTUdqZ1VGeldpM3E1VjJFRmtRck9tb29SOCtDQXlMYlhzc1QzSUFtTgpZb0tucUs1SGtTeHdiRzlaTVpNQ0F3RUFBYU5aTUZjd0RnWURWUjBQQVFIL0JBUURBZ0trTUE4R0ExVWRFd0VCCi93UUZNQU1CQWY4d0hRWURWUjBPQkJZRUZBZHBWcGc3NGlHMmNudXlNRDBOeGxuekdnc2dNQlVHQTFVZEVRUU8KTUF5Q0NtdDFZbVZ5Ym1WMFpYTXdEUVlKS29aSWh2Y05BUUVMQlFBRGdnRUJBQmQyeWRyQkR0eWtnSXh5Vy9vUAp5MFgxQnNwNHdUUGZNMXV1VWRpaWZwUkw3VDZKeGUzSUtTRTI0cHV1OHpoMEVYWDFiV09mb2pPRjZia0I4TFBzCmhxVjJlbktZTTZtVkxPYjVRVTZjTUpJcWxQK3FRbEM3L2c3VGJVSTQ1bm03c3A5cTJ4NlBVMUJPSXZwQnBGbSsKMVRlZWtMekt2ZnBFcHduTkp0ZDRoK2ZKM3l4U21pM21xR0hzZStzaTF4NlBUVWZwSDRmU2ZtZHk5eDRRaVg5awoxSDhFcCtxT0U1cmpwZDd0eWZwM2NSS3hReGVSVzZGeURyM1JEdWttVjh0eWVBRlVDMFhKMWpUQzBnMWRDMDJOClVFM0ZUQ3I0QkpSSHJtVmttc0hVZEFXVXg0dG5iUmhwbXJmakxoR014Wjd5OVZyRVVtV3RwM3JkTlMrL0RobjAKc004PQotLS0tLUVORCBDRVJUSUZJQ0FURS0tLS0tCg=="
              }
            ],
            "created_at": "2022-05-25 18:33:26.227 +0000 UTC",
            "enabled_cluster_log_types": [
              "api",
              "audit",
              "authenticator",
              "controllerManager",
              "scheduler"
            ],
            "endpoint": "https://445CA5F83B66C6D0BBFEC782DAC363ED.gr7.eu-west-2.eks.amazonaws.com",
            "id": "acn-eks-clstr-testing",
            "identity": [
              {
                "oidc": [
                  {
                    "issuer": "https://oidc.eks.eu-west-2.amazonaws.com/id/445CA5F83B66C6D0BBFEC782DAC363ED"
                  }
                ]
              }
            ],
            "kubernetes_network_config": [
              {
                "ip_family": "ipv4",
                "service_ipv4_cidr": "10.100.0.0/16"
              }
            ],
            "name": "acn-eks-clstr-testing",
            "platform_version": "eks.1",
            "role_arn": "arn:aws:iam::741032333307:role/acn-eks-clstr-testing-cluster-role",
            "status": "ACTIVE",
            "tags": {},
            "version": "1.22",
            "vpc_config": [
              {
                "cluster_security_group_id": "sg-0bc76456a14af8124",
                "endpoint_private_access": false,
                "endpoint_public_access": true,
                "public_access_cidrs": [
                  "0.0.0.0/0"
                ],
                "security_group_ids": [],
                "subnet_ids": [
                  "subnet-0770874ad3e2d8e3d",
                  "subnet-0a600b18c66e7f728",
                  "subnet-0c9eb80348baf2d90",
                  "subnet-0df84ba95aa4f42f4",
                  "subnet-0f4f1948ef10fd4fe",
                  "subnet-0fd430821e10f100f"
                ],
                "vpc_id": "vpc-08c3dbf3fd58a3450"
              }
            ]
          },
          "sensitive_attributes": []
        }
      ]
    },
    {
      "mode": "data",
      "type": "aws_eks_cluster",
      "name": "eks_cluster",
      "provider": "provider[\"registry.terraform.io/hashicorp/aws\"]",
      "instances": [
        {
          "schema_version": 0,
          "attributes": {
            "arn": "arn:aws:eks:eu-west-2:741032333307:cluster/acn-eks-clstr-testing",
            "certificate_authority": [
              {
                "data": "LS0tLS1CRUdJTiBDRVJUSUZJQ0FURS0tLS0tCk1JSUMvakNDQWVhZ0F3SUJBZ0lCQURBTkJna3Foa2lHOXcwQkFRc0ZBREFWTVJNd0VRWURWUVFERXdwcmRXSmwKY201bGRHVnpNQjRYRFRJeU1EVXlOVEU0TXpnek9Gb1hEVE15TURVeU1qRTRNemd6T0Zvd0ZURVRNQkVHQTFVRQpBeE1LYTNWaVpYSnVaWFJsY3pDQ0FTSXdEUVlKS29aSWh2Y05BUUVCQlFBRGdnRVBBRENDQVFvQ2dnRUJBUHVMCiswSXFBWVBndGY5eUowdXQxWjlGdnhuVzFOQXAyRWxreXJFOC94OHQycUVLbS92eTdoTHpMeTZES0dNZDFrUi8KY3VpRXl5SmJzVUJ2NXdUejROTEdwd05kYWhLSTIxdlF2TXc1ZlZMdkZRRVNxM0hyZFJwK25VaS9oTGRubFlZagpCdVBXWXhxY0d4dkswS2Z6WEkrUXplTXdOWUlKU05tbVlaa1djV3dqL01ienVhUzhacUJVNzRMUFRkMHNHeVZ6Ck5xRUFEdzF1WFdUOHhjOTgrRVY0UG9xQ3NEWHJBVW5NRnM2VW5peHlTQnVuWUV0Y00wQ3ZERG8yeFd4WFh4dG0KVmVTMjIyR0VFaGM4U1JpLys1Sk9SMmZhTUdqZ1VGeldpM3E1VjJFRmtRck9tb29SOCtDQXlMYlhzc1QzSUFtTgpZb0tucUs1SGtTeHdiRzlaTVpNQ0F3RUFBYU5aTUZjd0RnWURWUjBQQVFIL0JBUURBZ0trTUE4R0ExVWRFd0VCCi93UUZNQU1CQWY4d0hRWURWUjBPQkJZRUZBZHBWcGc3NGlHMmNudXlNRDBOeGxuekdnc2dNQlVHQTFVZEVRUU8KTUF5Q0NtdDFZbVZ5Ym1WMFpYTXdEUVlKS29aSWh2Y05BUUVMQlFBRGdnRUJBQmQyeWRyQkR0eWtnSXh5Vy9vUAp5MFgxQnNwNHdUUGZNMXV1VWRpaWZwUkw3VDZKeGUzSUtTRTI0cHV1OHpoMEVYWDFiV09mb2pPRjZia0I4TFBzCmhxVjJlbktZTTZtVkxPYjVRVTZjTUpJcWxQK3FRbEM3L2c3VGJVSTQ1bm03c3A5cTJ4NlBVMUJPSXZwQnBGbSsKMVRlZWtMekt2ZnBFcHduTkp0ZDRoK2ZKM3l4U21pM21xR0hzZStzaTF4NlBUVWZwSDRmU2ZtZHk5eDRRaVg5awoxSDhFcCtxT0U1cmpwZDd0eWZwM2NSS3hReGVSVzZGeURyM1JEdWttVjh0eWVBRlVDMFhKMWpUQzBnMWRDMDJOClVFM0ZUQ3I0QkpSSHJtVmttc0hVZEFXVXg0dG5iUmhwbXJmakxoR014Wjd5OVZyRVVtV3RwM3JkTlMrL0RobjAKc004PQotLS0tLUVORCBDRVJUSUZJQ0FURS0tLS0tCg=="
              }
            ],
            "created_at": "2022-05-25 18:33:26.227 +0000 UTC",
            "enabled_cluster_log_types": [
              "api",
              "audit",
              "authenticator",
              "controllerManager",
              "scheduler"
            ],
            "endpoint": "https://445CA5F83B66C6D0BBFEC782DAC363ED.gr7.eu-west-2.eks.amazonaws.com",
            "id": "acn-eks-clstr-testing",
            "identity": [
              {
                "oidc": [
                  {
                    "issuer": "https://oidc.eks.eu-west-2.amazonaws.com/id/445CA5F83B66C6D0BBFEC782DAC363ED"
                  }
                ]
              }
            ],
            "kubernetes_network_config": [
              {
                "ip_family": "ipv4",
                "service_ipv4_cidr": "10.100.0.0/16"
              }
            ],
            "name": "acn-eks-clstr-testing",
            "platform_version": "eks.1",
            "role_arn": "arn:aws:iam::741032333307:role/acn-eks-clstr-testing-cluster-role",
            "status": "ACTIVE",
            "tags": {},
            "version": "1.22",
            "vpc_config": [
              {
                "cluster_security_group_id": "sg-0bc76456a14af8124",
                "endpoint_private_access": false,
                "endpoint_public_access": true,
                "public_access_cidrs": [
                  "0.0.0.0/0"
                ],
                "security_group_ids": [],
                "subnet_ids": [
                  "subnet-0770874ad3e2d8e3d",
                  "subnet-0a600b18c66e7f728",
                  "subnet-0c9eb80348baf2d90",
                  "subnet-0df84ba95aa4f42f4",
                  "subnet-0f4f1948ef10fd4fe",
                  "subnet-0fd430821e10f100f"
                ],
                "vpc_id": "vpc-08c3dbf3fd58a3450"
              }
            ]
          },
          "sensitive_attributes": []
        }
      ]
    },
    {
      "mode": "data",
      "type": "aws_eks_cluster_auth",
      "name": "aws_iam_authenticator",
      "provider": "provider[\"registry.terraform.io/hashicorp/aws\"]",
      "instances": [
        {
          "schema_version": 0,
          "attributes": {
            "id": "acn-eks-clstr-testing",
            "name": "acn-eks-clstr-testing",
            "token": "k8s-aws-v1.aHR0cHM6Ly9zdHMuYW1hem9uYXdzLmNvbS8_QWN0aW9uPUdldENhbGxlcklkZW50aXR5JlZlcnNpb249MjAxMS0wNi0xNSZYLUFtei1BbGdvcml0aG09QVdTNC1ITUFDLVNIQTI1NiZYLUFtei1DcmVkZW50aWFsPUFTSUEyWkNIWUI3NTVYSVNJNUpPJTJGMjAyMjA1MjUlMkZ1cy1lYXN0LTElMkZzdHMlMkZhd3M0X3JlcXVlc3QmWC1BbXotRGF0ZT0yMDIyMDUyNVQxODUyMjhaJlgtQW16LUV4cGlyZXM9MCZYLUFtei1TZWN1cml0eS1Ub2tlbj1JUW9KYjNKcFoybHVYMlZqRUt2JTJGJTJGJTJGJTJGJTJGJTJGJTJGJTJGJTJGJTJGd0VhQ1hWekxXVmhjM1F0TVNKR01FUUNJRGFyMVQ2VVZ6bWpMZjl0Yk0lMkZibVpJVUE3eTg0cyUyQkhhJTJGUG1WaGVjYVM4UEFpQkNlUGNMVkVkQUhSbUxnZlRCN1VSZGZpeDY5UUpTRlBWTEklMkYxSyUyQkRvT1d5cXlBZ2lUJTJGJTJGJTJGJTJGJTJGJTJGJTJGJTJGJTJGJTJGOEJFQUlhRERjME1UQXpNak16TXpNd055SU16VkVVM3hSSzc1WEdNUzVZS29ZQ3diZ3VxSmU3d250cjBtciUyRiUyRmYlMkJpNjhxRk1ITFJiWFRWalhoZU9HcnIzRzVvaSUyQlZRazFiQlpDJTJGWWV0bWdhMVR6Zk1xVGcxdTVUJTJGV1Q4dG9kb1klMkI5SUZIU3VCJTJGVHpRbSUyRkVnZjAlMkZMWCUyQkphQUN1amVmYmNIOFFjWjI1M0FjRGMlMkZydXZ5QmFwbE10MDBQeGlOZm84NEVqanlDQjNPaXYyNDg2MGhpRHFJOHo5dzdKUGlXamJYdDFYOHR5TFZkOHpORG9odXI4bDV2N3NycnRSRXJndmYlMkJ1UzVTVHJuWE8zZkswUVQ0Q3piS2Q5VkpnMm9aWnByRU1FRDN2czhHVk5sQXE4YUlpampwYUV5VDV4WTR2R2tSaFFjYmt0NHBRM2JWNGhBQmpRd0tMZ2pXVHZwJTJCc0piZmo4WFpOUTNYa2czNXU0amZ3SHBBNTIyOEhMODNTN0tJZTJ0Zm1CRDZIVENINWJtVUJqcWVBYUR0alhjSmlHZ1h1R0slMkZXJTJGVjklMkZVcFMwTDFvZTROZGg2MiUyRnRDWFp0d0o1Tm5lSUMyVDFOWnpmJTJGVVY0SnhaSDh6ZXNjd0VDaThnWEI1Tkd6WE5aWTklMkJ2dGhIWXZJMzNadDRpSU9UZXZWMm8wbVBwUUhMOHdEbVdzV0loRUZuTXZ0ekg1UU0lMkZHYlBXWElPcm5vZmJsZDdsMGJ2dVNsdUcwbnhyZ1VpRG5iV0dPMFBTWnJad09pUk4zZWs0akxhUE03czhhR1lGSVh5NWhHclZSVEJlJlgtQW16LVNpZ25lZEhlYWRlcnM9aG9zdCUzQngtazhzLWF3cy1pZCZYLUFtei1TaWduYXR1cmU9MzgxNmI3MThhMGUzYmFmNjcwMmMxZTdmMWRlNzc1YjI5NjkwMTY2NTM4ZTc2NmQzMmU4OTlkNzc3NDJlNDA4OQ"
          },
          "sensitive_attributes": []
        }
      ]
    },
    {
      "mode": "data",
      "type": "aws_eks_cluster_auth",
      "name": "cluster",
      "provider": "provider[\"registry.terraform.io/hashicorp/aws\"]",
      "instances": [
        {
          "schema_version": 0,
          "attributes": {
            "id": "acn-eks-clstr-testing",
            "name": "acn-eks-clstr-testing",
            "token": "k8s-aws-v1.aHR0cHM6Ly9zdHMuYW1hem9uYXdzLmNvbS8_QWN0aW9uPUdldENhbGxlcklkZW50aXR5JlZlcnNpb249MjAxMS0wNi0xNSZYLUFtei1BbGdvcml0aG09QVdTNC1ITUFDLVNIQTI1NiZYLUFtei1DcmVkZW50aWFsPUFTSUEyWkNIWUI3NTVYSVNJNUpPJTJGMjAyMjA1MjUlMkZ1cy1lYXN0LTElMkZzdHMlMkZhd3M0X3JlcXVlc3QmWC1BbXotRGF0ZT0yMDIyMDUyNVQxODUxNDlaJlgtQW16LUV4cGlyZXM9MCZYLUFtei1TZWN1cml0eS1Ub2tlbj1JUW9KYjNKcFoybHVYMlZqRUt2JTJGJTJGJTJGJTJGJTJGJTJGJTJGJTJGJTJGJTJGd0VhQ1hWekxXVmhjM1F0TVNKR01FUUNJRGFyMVQ2VVZ6bWpMZjl0Yk0lMkZibVpJVUE3eTg0cyUyQkhhJTJGUG1WaGVjYVM4UEFpQkNlUGNMVkVkQUhSbUxnZlRCN1VSZGZpeDY5UUpTRlBWTEklMkYxSyUyQkRvT1d5cXlBZ2lUJTJGJTJGJTJGJTJGJTJGJTJGJTJGJTJGJTJGJTJGOEJFQUlhRERjME1UQXpNak16TXpNd055SU16VkVVM3hSSzc1WEdNUzVZS29ZQ3diZ3VxSmU3d250cjBtciUyRiUyRmYlMkJpNjhxRk1ITFJiWFRWalhoZU9HcnIzRzVvaSUyQlZRazFiQlpDJTJGWWV0bWdhMVR6Zk1xVGcxdTVUJTJGV1Q4dG9kb1klMkI5SUZIU3VCJTJGVHpRbSUyRkVnZjAlMkZMWCUyQkphQUN1amVmYmNIOFFjWjI1M0FjRGMlMkZydXZ5QmFwbE10MDBQeGlOZm84NEVqanlDQjNPaXYyNDg2MGhpRHFJOHo5dzdKUGlXamJYdDFYOHR5TFZkOHpORG9odXI4bDV2N3NycnRSRXJndmYlMkJ1UzVTVHJuWE8zZkswUVQ0Q3piS2Q5VkpnMm9aWnByRU1FRDN2czhHVk5sQXE4YUlpampwYUV5VDV4WTR2R2tSaFFjYmt0NHBRM2JWNGhBQmpRd0tMZ2pXVHZwJTJCc0piZmo4WFpOUTNYa2czNXU0amZ3SHBBNTIyOEhMODNTN0tJZTJ0Zm1CRDZIVENINWJtVUJqcWVBYUR0alhjSmlHZ1h1R0slMkZXJTJGVjklMkZVcFMwTDFvZTROZGg2MiUyRnRDWFp0d0o1Tm5lSUMyVDFOWnpmJTJGVVY0SnhaSDh6ZXNjd0VDaThnWEI1Tkd6WE5aWTklMkJ2dGhIWXZJMzNadDRpSU9UZXZWMm8wbVBwUUhMOHdEbVdzV0loRUZuTXZ0ekg1UU0lMkZHYlBXWElPcm5vZmJsZDdsMGJ2dVNsdUcwbnhyZ1VpRG5iV0dPMFBTWnJad09pUk4zZWs0akxhUE03czhhR1lGSVh5NWhHclZSVEJlJlgtQW16LVNpZ25lZEhlYWRlcnM9aG9zdCUzQngtazhzLWF3cy1pZCZYLUFtei1TaWduYXR1cmU9MDZlMWM0ZmI1MGNlYjBlMmU0NDQ4NjFmMjM5MDUzZDFjN2UxZjJmMjM3MTVmMGNiNzY2NDllZDA1OTM1OTdjOQ"
          },
          "sensitive_attributes": []
        }
      ]
    },
    {
      "mode": "data",
      "type": "aws_region",
      "name": "current",
      "provider": "provider[\"registry.terraform.io/hashicorp/aws\"]",
      "instances": [
        {
          "schema_version": 0,
          "attributes": {
            "description": "Europe (London)",
            "endpoint": "ec2.eu-west-2.amazonaws.com",
            "id": "eu-west-2",
            "name": "eu-west-2"
          },
          "sensitive_attributes": []
        }
      ]
    },
    {
      "module": "module.alb_controller",
      "mode": "data",
      "type": "aws_caller_identity",
      "name": "current",
      "provider": "provider[\"registry.terraform.io/hashicorp/aws\"]",
      "instances": [
        {
          "schema_version": 0,
          "attributes": {
            "account_id": "741032333307",
            "arn": "arn:aws:sts::741032333307:assumed-role/User/suvendu.mandal@accenture.com",
            "id": "741032333307",
            "user_id": "AROA2ZCHYB75YVW4LVJGV:suvendu.mandal@accenture.com"
          },
          "sensitive_attributes": []
        }
      ]
    },
    {
      "module": "module.alb_controller",
      "mode": "data",
      "type": "aws_eks_cluster",
      "name": "selected",
      "provider": "provider[\"registry.terraform.io/hashicorp/aws\"]",
      "instances": [
        {
          "index_key": 0,
          "schema_version": 0,
          "attributes": {
            "arn": "arn:aws:eks:eu-west-2:741032333307:cluster/acn-eks-clstr-testing",
            "certificate_authority": [
              {
                "data": "LS0tLS1CRUdJTiBDRVJUSUZJQ0FURS0tLS0tCk1JSUMvakNDQWVhZ0F3SUJBZ0lCQURBTkJna3Foa2lHOXcwQkFRc0ZBREFWTVJNd0VRWURWUVFERXdwcmRXSmwKY201bGRHVnpNQjRYRFRJeU1EVXlOVEU0TXpnek9Gb1hEVE15TURVeU1qRTRNemd6T0Zvd0ZURVRNQkVHQTFVRQpBeE1LYTNWaVpYSnVaWFJsY3pDQ0FTSXdEUVlKS29aSWh2Y05BUUVCQlFBRGdnRVBBRENDQVFvQ2dnRUJBUHVMCiswSXFBWVBndGY5eUowdXQxWjlGdnhuVzFOQXAyRWxreXJFOC94OHQycUVLbS92eTdoTHpMeTZES0dNZDFrUi8KY3VpRXl5SmJzVUJ2NXdUejROTEdwd05kYWhLSTIxdlF2TXc1ZlZMdkZRRVNxM0hyZFJwK25VaS9oTGRubFlZagpCdVBXWXhxY0d4dkswS2Z6WEkrUXplTXdOWUlKU05tbVlaa1djV3dqL01ienVhUzhacUJVNzRMUFRkMHNHeVZ6Ck5xRUFEdzF1WFdUOHhjOTgrRVY0UG9xQ3NEWHJBVW5NRnM2VW5peHlTQnVuWUV0Y00wQ3ZERG8yeFd4WFh4dG0KVmVTMjIyR0VFaGM4U1JpLys1Sk9SMmZhTUdqZ1VGeldpM3E1VjJFRmtRck9tb29SOCtDQXlMYlhzc1QzSUFtTgpZb0tucUs1SGtTeHdiRzlaTVpNQ0F3RUFBYU5aTUZjd0RnWURWUjBQQVFIL0JBUURBZ0trTUE4R0ExVWRFd0VCCi93UUZNQU1CQWY4d0hRWURWUjBPQkJZRUZBZHBWcGc3NGlHMmNudXlNRDBOeGxuekdnc2dNQlVHQTFVZEVRUU8KTUF5Q0NtdDFZbVZ5Ym1WMFpYTXdEUVlKS29aSWh2Y05BUUVMQlFBRGdnRUJBQmQyeWRyQkR0eWtnSXh5Vy9vUAp5MFgxQnNwNHdUUGZNMXV1VWRpaWZwUkw3VDZKeGUzSUtTRTI0cHV1OHpoMEVYWDFiV09mb2pPRjZia0I4TFBzCmhxVjJlbktZTTZtVkxPYjVRVTZjTUpJcWxQK3FRbEM3L2c3VGJVSTQ1bm03c3A5cTJ4NlBVMUJPSXZwQnBGbSsKMVRlZWtMekt2ZnBFcHduTkp0ZDRoK2ZKM3l4U21pM21xR0hzZStzaTF4NlBUVWZwSDRmU2ZtZHk5eDRRaVg5awoxSDhFcCtxT0U1cmpwZDd0eWZwM2NSS3hReGVSVzZGeURyM1JEdWttVjh0eWVBRlVDMFhKMWpUQzBnMWRDMDJOClVFM0ZUQ3I0QkpSSHJtVmttc0hVZEFXVXg0dG5iUmhwbXJmakxoR014Wjd5OVZyRVVtV3RwM3JkTlMrL0RobjAKc004PQotLS0tLUVORCBDRVJUSUZJQ0FURS0tLS0tCg=="
              }
            ],
            "created_at": "2022-05-25 18:33:26.227 +0000 UTC",
            "enabled_cluster_log_types": [
              "api",
              "audit",
              "authenticator",
              "controllerManager",
              "scheduler"
            ],
            "endpoint": "https://445CA5F83B66C6D0BBFEC782DAC363ED.gr7.eu-west-2.eks.amazonaws.com",
            "id": "acn-eks-clstr-testing",
            "identity": [
              {
                "oidc": [
                  {
                    "issuer": "https://oidc.eks.eu-west-2.amazonaws.com/id/445CA5F83B66C6D0BBFEC782DAC363ED"
                  }
                ]
              }
            ],
            "kubernetes_network_config": [
              {
                "ip_family": "ipv4",
                "service_ipv4_cidr": "10.100.0.0/16"
              }
            ],
            "name": "acn-eks-clstr-testing",
            "platform_version": "eks.1",
            "role_arn": "arn:aws:iam::741032333307:role/acn-eks-clstr-testing-cluster-role",
            "status": "ACTIVE",
            "tags": {},
            "version": "1.22",
            "vpc_config": [
              {
                "cluster_security_group_id": "sg-0bc76456a14af8124",
                "endpoint_private_access": false,
                "endpoint_public_access": true,
                "public_access_cidrs": [
                  "0.0.0.0/0"
                ],
                "security_group_ids": [],
                "subnet_ids": [
                  "subnet-0770874ad3e2d8e3d",
                  "subnet-0a600b18c66e7f728",
                  "subnet-0c9eb80348baf2d90",
                  "subnet-0df84ba95aa4f42f4",
                  "subnet-0f4f1948ef10fd4fe",
                  "subnet-0fd430821e10f100f"
                ],
                "vpc_id": "vpc-08c3dbf3fd58a3450"
              }
            ]
          },
          "sensitive_attributes": []
        }
      ]
    },
    {
      "module": "module.alb_controller",
      "mode": "data",
      "type": "aws_eks_cluster_auth",
      "name": "selected",
      "provider": "provider[\"registry.terraform.io/hashicorp/aws\"]",
      "instances": [
        {
          "index_key": 0,
          "schema_version": 0,
          "attributes": {
            "id": "acn-eks-clstr-testing",
            "name": "acn-eks-clstr-testing",
            "token": "k8s-aws-v1.aHR0cHM6Ly9zdHMuYW1hem9uYXdzLmNvbS8_QWN0aW9uPUdldENhbGxlcklkZW50aXR5JlZlcnNpb249MjAxMS0wNi0xNSZYLUFtei1BbGdvcml0aG09QVdTNC1ITUFDLVNIQTI1NiZYLUFtei1DcmVkZW50aWFsPUFTSUEyWkNIWUI3NTVYSVNJNUpPJTJGMjAyMjA1MjUlMkZ1cy1lYXN0LTElMkZzdHMlMkZhd3M0X3JlcXVlc3QmWC1BbXotRGF0ZT0yMDIyMDUyNVQxODUyMjhaJlgtQW16LUV4cGlyZXM9MCZYLUFtei1TZWN1cml0eS1Ub2tlbj1JUW9KYjNKcFoybHVYMlZqRUt2JTJGJTJGJTJGJTJGJTJGJTJGJTJGJTJGJTJGJTJGd0VhQ1hWekxXVmhjM1F0TVNKR01FUUNJRGFyMVQ2VVZ6bWpMZjl0Yk0lMkZibVpJVUE3eTg0cyUyQkhhJTJGUG1WaGVjYVM4UEFpQkNlUGNMVkVkQUhSbUxnZlRCN1VSZGZpeDY5UUpTRlBWTEklMkYxSyUyQkRvT1d5cXlBZ2lUJTJGJTJGJTJGJTJGJTJGJTJGJTJGJTJGJTJGJTJGOEJFQUlhRERjME1UQXpNak16TXpNd055SU16VkVVM3hSSzc1WEdNUzVZS29ZQ3diZ3VxSmU3d250cjBtciUyRiUyRmYlMkJpNjhxRk1ITFJiWFRWalhoZU9HcnIzRzVvaSUyQlZRazFiQlpDJTJGWWV0bWdhMVR6Zk1xVGcxdTVUJTJGV1Q4dG9kb1klMkI5SUZIU3VCJTJGVHpRbSUyRkVnZjAlMkZMWCUyQkphQUN1amVmYmNIOFFjWjI1M0FjRGMlMkZydXZ5QmFwbE10MDBQeGlOZm84NEVqanlDQjNPaXYyNDg2MGhpRHFJOHo5dzdKUGlXamJYdDFYOHR5TFZkOHpORG9odXI4bDV2N3NycnRSRXJndmYlMkJ1UzVTVHJuWE8zZkswUVQ0Q3piS2Q5VkpnMm9aWnByRU1FRDN2czhHVk5sQXE4YUlpampwYUV5VDV4WTR2R2tSaFFjYmt0NHBRM2JWNGhBQmpRd0tMZ2pXVHZwJTJCc0piZmo4WFpOUTNYa2czNXU0amZ3SHBBNTIyOEhMODNTN0tJZTJ0Zm1CRDZIVENINWJtVUJqcWVBYUR0alhjSmlHZ1h1R0slMkZXJTJGVjklMkZVcFMwTDFvZTROZGg2MiUyRnRDWFp0d0o1Tm5lSUMyVDFOWnpmJTJGVVY0SnhaSDh6ZXNjd0VDaThnWEI1Tkd6WE5aWTklMkJ2dGhIWXZJMzNadDRpSU9UZXZWMm8wbVBwUUhMOHdEbVdzV0loRUZuTXZ0ekg1UU0lMkZHYlBXWElPcm5vZmJsZDdsMGJ2dVNsdUcwbnhyZ1VpRG5iV0dPMFBTWnJad09pUk4zZWs0akxhUE03czhhR1lGSVh5NWhHclZSVEJlJlgtQW16LVNpZ25lZEhlYWRlcnM9aG9zdCUzQngtazhzLWF3cy1pZCZYLUFtei1TaWduYXR1cmU9MzgxNmI3MThhMGUzYmFmNjcwMmMxZTdmMWRlNzc1YjI5NjkwMTY2NTM4ZTc2NmQzMmU4OTlkNzc3NDJlNDA4OQ"
          },
          "sensitive_attributes": []
        }
      ]
    },
    {
      "module": "module.alb_controller",
      "mode": "data",
      "type": "aws_iam_policy_document",
      "name": "eks_oidc_assume_role",
      "provider": "provider[\"registry.terraform.io/hashicorp/aws\"]",
      "instances": [
        {
          "index_key": 0,
          "schema_version": 0,
          "attributes": {
            "id": "1804329001",
            "json": "{\n  \"Version\": \"2012-10-17\",\n  \"Statement\": [\n    {\n      \"Sid\": \"\",\n      \"Effect\": \"Allow\",\n      \"Action\": \"sts:AssumeRoleWithWebIdentity\",\n      \"Principal\": {\n        \"Federated\": \"arn:aws:iam::741032333307:oidc-provider/oidc.eks.eu-west-2.amazonaws.com/id/445CA5F83B66C6D0BBFEC782DAC363ED\"\n      },\n      \"Condition\": {\n        \"StringEquals\": {\n          \"oidc.eks.eu-west-2.amazonaws.com/id/445CA5F83B66C6D0BBFEC782DAC363ED:sub\": \"system:serviceaccount:kube-system:aws-load-balancer-controller\"\n        }\n      }\n    }\n  ]\n}",
            "override_json": null,
            "override_policy_documents": null,
            "policy_id": null,
            "source_json": null,
            "source_policy_documents": null,
            "statement": [
              {
                "actions": [
                  "sts:AssumeRoleWithWebIdentity"
                ],
                "condition": [
                  {
                    "test": "StringEquals",
                    "values": [
                      "system:serviceaccount:kube-system:aws-load-balancer-controller"
                    ],
                    "variable": "oidc.eks.eu-west-2.amazonaws.com/id/445CA5F83B66C6D0BBFEC782DAC363ED:sub"
                  }
                ],
                "effect": "Allow",
                "not_actions": [],
                "not_principals": [],
                "not_resources": [],
                "principals": [
                  {
                    "identifiers": [
                      "arn:aws:iam::741032333307:oidc-provider/oidc.eks.eu-west-2.amazonaws.com/id/445CA5F83B66C6D0BBFEC782DAC363ED"
                    ],
                    "type": "Federated"
                  }
                ],
                "resources": [],
                "sid": ""
              }
            ],
            "version": "2012-10-17"
          },
          "sensitive_attributes": []
        }
      ]
    },
    {
      "module": "module.alb_controller",
      "mode": "data",
      "type": "aws_region",
      "name": "current",
      "provider": "provider[\"registry.terraform.io/hashicorp/aws\"]",
      "instances": [
        {
          "schema_version": 0,
          "attributes": {
            "description": "Europe (London)",
            "endpoint": "ec2.eu-west-2.amazonaws.com",
            "id": "eu-west-2",
            "name": "eu-west-2"
          },
          "sensitive_attributes": []
        }
      ]
    },
    {
      "module": "module.alb_controller",
      "mode": "data",
      "type": "aws_vpc",
      "name": "selected",
      "provider": "provider[\"registry.terraform.io/hashicorp/aws\"]",
      "instances": [
        {
          "schema_version": 0,
          "attributes": {
            "arn": "arn:aws:ec2:eu-west-2:741032333307:vpc/vpc-08c3dbf3fd58a3450",
            "cidr_block": "192.168.0.0/16",
            "cidr_block_associations": [
              {
                "association_id": "vpc-cidr-assoc-06dac9c6fd4ea9d03",
                "cidr_block": "192.168.0.0/16",
                "state": "associated"
              }
            ],
            "default": false,
            "dhcp_options_id": "dopt-0ec887a8da27b0660",
            "enable_dns_hostnames": true,
            "enable_dns_support": true,
            "filter": null,
            "id": "vpc-08c3dbf3fd58a3450",
            "instance_tenancy": "default",
            "ipv6_association_id": "",
            "ipv6_cidr_block": "",
            "main_route_table_id": "rtb-0bb607a32652d035b",
            "owner_id": "741032333307",
            "state": null,
            "tags": {
              "Environment": "testing",
              "Group": "eks-fargate",
              "Name": "eks-vpc-testing-vpc"
            }
          },
          "sensitive_attributes": []
        }
      ]
    },
    {
      "module": "module.alb_controller",
      "mode": "data",
      "type": "template_file",
      "name": "kubeconfig",
      "provider": "provider[\"registry.terraform.io/hashicorp/template\"]",
      "instances": [
        {
          "schema_version": 0,
          "attributes": {
            "filename": null,
            "id": "90eb58a5a477c257e788d4189ff79cf44c47f5147b0a033a20c6bd80d88d5086",
            "rendered": "apiVersion: v1\r\nkind: Config\r\ncurrent-context: terraform\r\nclusters:\r\n- name: acn-eks-clstr-testing\r\n  cluster:\r\n    certificate-authority-data: LS0tLS1CRUdJTiBDRVJUSUZJQ0FURS0tLS0tCk1JSUMvakNDQWVhZ0F3SUJBZ0lCQURBTkJna3Foa2lHOXcwQkFRc0ZBREFWTVJNd0VRWURWUVFERXdwcmRXSmwKY201bGRHVnpNQjRYRFRJeU1EVXlOVEU0TXpnek9Gb1hEVE15TURVeU1qRTRNemd6T0Zvd0ZURVRNQkVHQTFVRQpBeE1LYTNWaVpYSnVaWFJsY3pDQ0FTSXdEUVlKS29aSWh2Y05BUUVCQlFBRGdnRVBBRENDQVFvQ2dnRUJBUHVMCiswSXFBWVBndGY5eUowdXQxWjlGdnhuVzFOQXAyRWxreXJFOC94OHQycUVLbS92eTdoTHpMeTZES0dNZDFrUi8KY3VpRXl5SmJzVUJ2NXdUejROTEdwd05kYWhLSTIxdlF2TXc1ZlZMdkZRRVNxM0hyZFJwK25VaS9oTGRubFlZagpCdVBXWXhxY0d4dkswS2Z6WEkrUXplTXdOWUlKU05tbVlaa1djV3dqL01ienVhUzhacUJVNzRMUFRkMHNHeVZ6Ck5xRUFEdzF1WFdUOHhjOTgrRVY0UG9xQ3NEWHJBVW5NRnM2VW5peHlTQnVuWUV0Y00wQ3ZERG8yeFd4WFh4dG0KVmVTMjIyR0VFaGM4U1JpLys1Sk9SMmZhTUdqZ1VGeldpM3E1VjJFRmtRck9tb29SOCtDQXlMYlhzc1QzSUFtTgpZb0tucUs1SGtTeHdiRzlaTVpNQ0F3RUFBYU5aTUZjd0RnWURWUjBQQVFIL0JBUURBZ0trTUE4R0ExVWRFd0VCCi93UUZNQU1CQWY4d0hRWURWUjBPQkJZRUZBZHBWcGc3NGlHMmNudXlNRDBOeGxuekdnc2dNQlVHQTFVZEVRUU8KTUF5Q0NtdDFZbVZ5Ym1WMFpYTXdEUVlKS29aSWh2Y05BUUVMQlFBRGdnRUJBQmQyeWRyQkR0eWtnSXh5Vy9vUAp5MFgxQnNwNHdUUGZNMXV1VWRpaWZwUkw3VDZKeGUzSUtTRTI0cHV1OHpoMEVYWDFiV09mb2pPRjZia0I4TFBzCmhxVjJlbktZTTZtVkxPYjVRVTZjTUpJcWxQK3FRbEM3L2c3VGJVSTQ1bm03c3A5cTJ4NlBVMUJPSXZwQnBGbSsKMVRlZWtMekt2ZnBFcHduTkp0ZDRoK2ZKM3l4U21pM21xR0hzZStzaTF4NlBUVWZwSDRmU2ZtZHk5eDRRaVg5awoxSDhFcCtxT0U1cmpwZDd0eWZwM2NSS3hReGVSVzZGeURyM1JEdWttVjh0eWVBRlVDMFhKMWpUQzBnMWRDMDJOClVFM0ZUQ3I0QkpSSHJtVmttc0hVZEFXVXg0dG5iUmhwbXJmakxoR014Wjd5OVZyRVVtV3RwM3JkTlMrL0RobjAKc004PQotLS0tLUVORCBDRVJUSUZJQ0FURS0tLS0tCg==\r\n    server: https://445CA5F83B66C6D0BBFEC782DAC363ED.gr7.eu-west-2.eks.amazonaws.com\r\ncontexts:\r\n- name: terraform\r\n  context:\r\n    cluster: acn-eks-clstr-testing\r\n    user: terraform\r\nusers:\r\n- name: terraform\r\n  user:\r\n    token: k8s-aws-v1.aHR0cHM6Ly9zdHMuYW1hem9uYXdzLmNvbS8_QWN0aW9uPUdldENhbGxlcklkZW50aXR5JlZlcnNpb249MjAxMS0wNi0xNSZYLUFtei1BbGdvcml0aG09QVdTNC1ITUFDLVNIQTI1NiZYLUFtei1DcmVkZW50aWFsPUFTSUEyWkNIWUI3NTVYSVNJNUpPJTJGMjAyMjA1MjUlMkZ1cy1lYXN0LTElMkZzdHMlMkZhd3M0X3JlcXVlc3QmWC1BbXotRGF0ZT0yMDIyMDUyNVQxODUyMjhaJlgtQW16LUV4cGlyZXM9MCZYLUFtei1TZWN1cml0eS1Ub2tlbj1JUW9KYjNKcFoybHVYMlZqRUt2JTJGJTJGJTJGJTJGJTJGJTJGJTJGJTJGJTJGJTJGd0VhQ1hWekxXVmhjM1F0TVNKR01FUUNJRGFyMVQ2VVZ6bWpMZjl0Yk0lMkZibVpJVUE3eTg0cyUyQkhhJTJGUG1WaGVjYVM4UEFpQkNlUGNMVkVkQUhSbUxnZlRCN1VSZGZpeDY5UUpTRlBWTEklMkYxSyUyQkRvT1d5cXlBZ2lUJTJGJTJGJTJGJTJGJTJGJTJGJTJGJTJGJTJGJTJGOEJFQUlhRERjME1UQXpNak16TXpNd055SU16VkVVM3hSSzc1WEdNUzVZS29ZQ3diZ3VxSmU3d250cjBtciUyRiUyRmYlMkJpNjhxRk1ITFJiWFRWalhoZU9HcnIzRzVvaSUyQlZRazFiQlpDJTJGWWV0bWdhMVR6Zk1xVGcxdTVUJTJGV1Q4dG9kb1klMkI5SUZIU3VCJTJGVHpRbSUyRkVnZjAlMkZMWCUyQkphQUN1amVmYmNIOFFjWjI1M0FjRGMlMkZydXZ5QmFwbE10MDBQeGlOZm84NEVqanlDQjNPaXYyNDg2MGhpRHFJOHo5dzdKUGlXamJYdDFYOHR5TFZkOHpORG9odXI4bDV2N3NycnRSRXJndmYlMkJ1UzVTVHJuWE8zZkswUVQ0Q3piS2Q5VkpnMm9aWnByRU1FRDN2czhHVk5sQXE4YUlpampwYUV5VDV4WTR2R2tSaFFjYmt0NHBRM2JWNGhBQmpRd0tMZ2pXVHZwJTJCc0piZmo4WFpOUTNYa2czNXU0amZ3SHBBNTIyOEhMODNTN0tJZTJ0Zm1CRDZIVENINWJtVUJqcWVBYUR0alhjSmlHZ1h1R0slMkZXJTJGVjklMkZVcFMwTDFvZTROZGg2MiUyRnRDWFp0d0o1Tm5lSUMyVDFOWnpmJTJGVVY0SnhaSDh6ZXNjd0VDaThnWEI1Tkd6WE5aWTklMkJ2dGhIWXZJMzNadDRpSU9UZXZWMm8wbVBwUUhMOHdEbVdzV0loRUZuTXZ0ekg1UU0lMkZHYlBXWElPcm5vZmJsZDdsMGJ2dVNsdUcwbnhyZ1VpRG5iV0dPMFBTWnJad09pUk4zZWs0akxhUE03czhhR1lGSVh5NWhHclZSVEJlJlgtQW16LVNpZ25lZEhlYWRlcnM9aG9zdCUzQngtazhzLWF3cy1pZCZYLUFtei1TaWduYXR1cmU9MzgxNmI3MThhMGUzYmFmNjcwMmMxZTdmMWRlNzc1YjI5NjkwMTY2NTM4ZTc2NmQzMmU4OTlkNzc3NDJlNDA4OQ\r\n",
            "template": "apiVersion: v1\r\nkind: Config\r\ncurrent-context: terraform\r\nclusters:\r\n- name: acn-eks-clstr-testing\r\n  cluster:\r\n    certificate-authority-data: LS0tLS1CRUdJTiBDRVJUSUZJQ0FURS0tLS0tCk1JSUMvakNDQWVhZ0F3SUJBZ0lCQURBTkJna3Foa2lHOXcwQkFRc0ZBREFWTVJNd0VRWURWUVFERXdwcmRXSmwKY201bGRHVnpNQjRYRFRJeU1EVXlOVEU0TXpnek9Gb1hEVE15TURVeU1qRTRNemd6T0Zvd0ZURVRNQkVHQTFVRQpBeE1LYTNWaVpYSnVaWFJsY3pDQ0FTSXdEUVlKS29aSWh2Y05BUUVCQlFBRGdnRVBBRENDQVFvQ2dnRUJBUHVMCiswSXFBWVBndGY5eUowdXQxWjlGdnhuVzFOQXAyRWxreXJFOC94OHQycUVLbS92eTdoTHpMeTZES0dNZDFrUi8KY3VpRXl5SmJzVUJ2NXdUejROTEdwd05kYWhLSTIxdlF2TXc1ZlZMdkZRRVNxM0hyZFJwK25VaS9oTGRubFlZagpCdVBXWXhxY0d4dkswS2Z6WEkrUXplTXdOWUlKU05tbVlaa1djV3dqL01ienVhUzhacUJVNzRMUFRkMHNHeVZ6Ck5xRUFEdzF1WFdUOHhjOTgrRVY0UG9xQ3NEWHJBVW5NRnM2VW5peHlTQnVuWUV0Y00wQ3ZERG8yeFd4WFh4dG0KVmVTMjIyR0VFaGM4U1JpLys1Sk9SMmZhTUdqZ1VGeldpM3E1VjJFRmtRck9tb29SOCtDQXlMYlhzc1QzSUFtTgpZb0tucUs1SGtTeHdiRzlaTVpNQ0F3RUFBYU5aTUZjd0RnWURWUjBQQVFIL0JBUURBZ0trTUE4R0ExVWRFd0VCCi93UUZNQU1CQWY4d0hRWURWUjBPQkJZRUZBZHBWcGc3NGlHMmNudXlNRDBOeGxuekdnc2dNQlVHQTFVZEVRUU8KTUF5Q0NtdDFZbVZ5Ym1WMFpYTXdEUVlKS29aSWh2Y05BUUVMQlFBRGdnRUJBQmQyeWRyQkR0eWtnSXh5Vy9vUAp5MFgxQnNwNHdUUGZNMXV1VWRpaWZwUkw3VDZKeGUzSUtTRTI0cHV1OHpoMEVYWDFiV09mb2pPRjZia0I4TFBzCmhxVjJlbktZTTZtVkxPYjVRVTZjTUpJcWxQK3FRbEM3L2c3VGJVSTQ1bm03c3A5cTJ4NlBVMUJPSXZwQnBGbSsKMVRlZWtMekt2ZnBFcHduTkp0ZDRoK2ZKM3l4U21pM21xR0hzZStzaTF4NlBUVWZwSDRmU2ZtZHk5eDRRaVg5awoxSDhFcCtxT0U1cmpwZDd0eWZwM2NSS3hReGVSVzZGeURyM1JEdWttVjh0eWVBRlVDMFhKMWpUQzBnMWRDMDJOClVFM0ZUQ3I0QkpSSHJtVmttc0hVZEFXVXg0dG5iUmhwbXJmakxoR014Wjd5OVZyRVVtV3RwM3JkTlMrL0RobjAKc004PQotLS0tLUVORCBDRVJUSUZJQ0FURS0tLS0tCg==\r\n    server: https://445CA5F83B66C6D0BBFEC782DAC363ED.gr7.eu-west-2.eks.amazonaws.com\r\ncontexts:\r\n- name: terraform\r\n  context:\r\n    cluster: acn-eks-clstr-testing\r\n    user: terraform\r\nusers:\r\n- name: terraform\r\n  user:\r\n    token: k8s-aws-v1.aHR0cHM6Ly9zdHMuYW1hem9uYXdzLmNvbS8_QWN0aW9uPUdldENhbGxlcklkZW50aXR5JlZlcnNpb249MjAxMS0wNi0xNSZYLUFtei1BbGdvcml0aG09QVdTNC1ITUFDLVNIQTI1NiZYLUFtei1DcmVkZW50aWFsPUFTSUEyWkNIWUI3NTVYSVNJNUpPJTJGMjAyMjA1MjUlMkZ1cy1lYXN0LTElMkZzdHMlMkZhd3M0X3JlcXVlc3QmWC1BbXotRGF0ZT0yMDIyMDUyNVQxODUyMjhaJlgtQW16LUV4cGlyZXM9MCZYLUFtei1TZWN1cml0eS1Ub2tlbj1JUW9KYjNKcFoybHVYMlZqRUt2JTJGJTJGJTJGJTJGJTJGJTJGJTJGJTJGJTJGJTJGd0VhQ1hWekxXVmhjM1F0TVNKR01FUUNJRGFyMVQ2VVZ6bWpMZjl0Yk0lMkZibVpJVUE3eTg0cyUyQkhhJTJGUG1WaGVjYVM4UEFpQkNlUGNMVkVkQUhSbUxnZlRCN1VSZGZpeDY5UUpTRlBWTEklMkYxSyUyQkRvT1d5cXlBZ2lUJTJGJTJGJTJGJTJGJTJGJTJGJTJGJTJGJTJGJTJGOEJFQUlhRERjME1UQXpNak16TXpNd055SU16VkVVM3hSSzc1WEdNUzVZS29ZQ3diZ3VxSmU3d250cjBtciUyRiUyRmYlMkJpNjhxRk1ITFJiWFRWalhoZU9HcnIzRzVvaSUyQlZRazFiQlpDJTJGWWV0bWdhMVR6Zk1xVGcxdTVUJTJGV1Q4dG9kb1klMkI5SUZIU3VCJTJGVHpRbSUyRkVnZjAlMkZMWCUyQkphQUN1amVmYmNIOFFjWjI1M0FjRGMlMkZydXZ5QmFwbE10MDBQeGlOZm84NEVqanlDQjNPaXYyNDg2MGhpRHFJOHo5dzdKUGlXamJYdDFYOHR5TFZkOHpORG9odXI4bDV2N3NycnRSRXJndmYlMkJ1UzVTVHJuWE8zZkswUVQ0Q3piS2Q5VkpnMm9aWnByRU1FRDN2czhHVk5sQXE4YUlpampwYUV5VDV4WTR2R2tSaFFjYmt0NHBRM2JWNGhBQmpRd0tMZ2pXVHZwJTJCc0piZmo4WFpOUTNYa2czNXU0amZ3SHBBNTIyOEhMODNTN0tJZTJ0Zm1CRDZIVENINWJtVUJqcWVBYUR0alhjSmlHZ1h1R0slMkZXJTJGVjklMkZVcFMwTDFvZTROZGg2MiUyRnRDWFp0d0o1Tm5lSUMyVDFOWnpmJTJGVVY0SnhaSDh6ZXNjd0VDaThnWEI1Tkd6WE5aWTklMkJ2dGhIWXZJMzNadDRpSU9UZXZWMm8wbVBwUUhMOHdEbVdzV0loRUZuTXZ0ekg1UU0lMkZHYlBXWElPcm5vZmJsZDdsMGJ2dVNsdUcwbnhyZ1VpRG5iV0dPMFBTWnJad09pUk4zZWs0akxhUE03czhhR1lGSVh5NWhHclZSVEJlJlgtQW16LVNpZ25lZEhlYWRlcnM9aG9zdCUzQngtazhzLWF3cy1pZCZYLUFtei1TaWduYXR1cmU9MzgxNmI3MThhMGUzYmFmNjcwMmMxZTdmMWRlNzc1YjI5NjkwMTY2NTM4ZTc2NmQzMmU4OTlkNzc3NDJlNDA4OQ\r\n",
            "vars": null
          },
          "sensitive_attributes": [
            [
              {
                "type": "get_attr",
                "value": "template"
              }
            ]
          ]
        }
      ]
    },
    {
      "module": "module.alb_controller",
      "mode": "managed",
      "type": "aws_iam_policy",
      "name": "this",
      "provider": "provider[\"registry.terraform.io/hashicorp/aws\"]",
      "instances": [
        {
          "schema_version": 0,
          "attributes": {
            "arn": "arn:aws:iam::741032333307:policy/k8s-acn-eks-clstr-testing-alb-management",
            "description": "Permissions that are required to manage AWS Application Load Balancers.",
            "id": "arn:aws:iam::741032333307:policy/k8s-acn-eks-clstr-testing-alb-management",
            "name": "k8s-acn-eks-clstr-testing-alb-management",
            "name_prefix": null,
            "path": "/",
            "policy": "{\"Statement\":[{\"Action\":\"ec2:CreateTags\",\"Condition\":{\"Null\":{\"aws:RequestTag/elbv2.k8s.aws/cluster\":\"false\"},\"StringEquals\":{\"ec2:CreateAction\":\"CreateSecurityGroup\"}},\"Effect\":\"Allow\",\"Resource\":\"arn:aws:ec2:*:*:security-group/*\",\"Sid\":\"VisualEditor0\"},{\"Action\":[\"ec2:DeleteTags\",\"ec2:CreateTags\"],\"Condition\":{\"Null\":{\"aws:RequestTag/elbv2.k8s.aws/cluster\":\"true\",\"aws:ResourceTag/elbv2.k8s.aws/cluster\":\"false\"}},\"Effect\":\"Allow\",\"Resource\":\"arn:aws:ec2:*:*:security-group/*\",\"Sid\":\"VisualEditor1\"},{\"Action\":[\"ec2:RevokeSecurityGroupIngress\",\"ec2:AuthorizeSecurityGroupIngress\",\"ec2:DeleteSecurityGroup\"],\"Condition\":{\"Null\":{\"aws:ResourceTag/elbv2.k8s.aws/cluster\":\"false\"}},\"Effect\":\"Allow\",\"Resource\":\"*\",\"Sid\":\"VisualEditor2\"},{\"Action\":[\"elasticloadbalancing:ModifyListener\",\"wafv2:AssociateWebACL\",\"ec2:AuthorizeSecurityGroupIngress\",\"ec2:DescribeInstances\",\"wafv2:GetWebACLForResource\",\"iam:ListServerCertificates\",\"ec2:DescribeCoipPools\",\"wafv2:GetWebACL\",\"elasticloadbalancing:SetWebAcl\",\"ec2:DescribeInternetGateways\",\"elasticloadbalancing:DescribeLoadBalancers\",\"waf-regional:GetWebACLForResource\",\"waf-regional:GetWebACL\",\"elasticloadbalancing:CreateRule\",\"ec2:DescribeAccountAttributes\",\"elasticloadbalancing:AddListenerCertificates\",\"iam:GetServerCertificate\",\"wafv2:DisassociateWebACL\",\"shield:GetSubscriptionState\",\"ec2:DescribeVpcPeeringConnections\",\"elasticloadbalancing:DescribeLoadBalancerAttributes\",\"ec2:RevokeSecurityGroupIngress\",\"elasticloadbalancing:DescribeTargetGroupAttributes\",\"shield:CreateProtection\",\"acm:DescribeCertificate\",\"elasticloadbalancing:ModifyRule\",\"elasticloadbalancing:DescribeRules\",\"ec2:DescribeSubnets\",\"waf-regional:AssociateWebACL\",\"ec2:DescribeAddresses\",\"shield:DescribeProtection\",\"shield:DeleteProtection\",\"elasticloadbalancing:RemoveListenerCertificates\",\"elasticloadbalancing:CreateListener\",\"elasticloadbalancing:DescribeListeners\",\"ec2:DescribeNetworkInterfaces\",\"ec2:DescribeAvailabilityZones\",\"ec2:CreateSecurityGroup\",\"acm:ListCertificates\",\"elasticloadbalancing:DescribeListenerCertificates\",\"cognito-idp:DescribeUserPoolClient\",\"elasticloadbalancing:DeleteRule\",\"elasticloadbalancing:DescribeSSLPolicies\",\"waf-regional:DisassociateWebACL\",\"elasticloadbalancing:DescribeTags\",\"ec2:DescribeTags\",\"ec2:GetCoipPoolUsage\",\"elasticloadbalancing:*\",\"ec2:DescribeSecurityGroups\",\"ec2:DescribeVpcs\",\"elasticloadbalancing:DescribeTargetHealth\",\"elasticloadbalancing:DescribeTargetGroups\",\"elasticloadbalancing:DeleteListener\"],\"Effect\":\"Allow\",\"Resource\":\"*\",\"Sid\":\"VisualEditor3\"},{\"Action\":[\"elasticloadbalancing:CreateLoadBalancer\",\"elasticloadbalancing:CreateTargetGroup\"],\"Condition\":{\"Null\":{\"aws:RequestTag/elbv2.k8s.aws/cluster\":\"false\"}},\"Effect\":\"Allow\",\"Resource\":\"*\",\"Sid\":\"VisualEditor4\"},{\"Action\":[\"elasticloadbalancing:CreateLoadBalancer\",\"elasticloadbalancing:CreateTargetGroup\"],\"Condition\":{\"Null\":{\"aws:RequestTag/elbv2.k8s.aws/cluster\":\"false\"}},\"Effect\":\"Allow\",\"Resource\":\"*\",\"Sid\":\"VisualEditor5\"},{\"Action\":[\"elasticloadbalancing:RemoveTags\",\"elasticloadbalancing:AddTags\"],\"Condition\":{\"Null\":{\"aws:RequestTag/elbv2.k8s.aws/cluster\":\"true\",\"aws:ResourceTag/elbv2.k8s.aws/cluster\":\"false\"}},\"Effect\":\"Allow\",\"Resource\":[\"arn:aws:elasticloadbalancing:*:*:targetgroup/*/*\",\"arn:aws:elasticloadbalancing:*:*:loadbalancer/app/*/*\",\"arn:aws:elasticloadbalancing:*:*:loadbalancer/net/*/*\"],\"Sid\":\"VisualEditor6\"},{\"Action\":[\"elasticloadbalancing:RemoveTags\",\"elasticloadbalancing:AddTags\"],\"Condition\":{\"Null\":{\"aws:RequestTag/elbv2.k8s.aws/cluster\":\"true\",\"aws:ResourceTag/elbv2.k8s.aws/cluster\":\"false\"}},\"Effect\":\"Allow\",\"Resource\":[\"arn:aws:elasticloadbalancing:*:*:loadbalancer/net/*/*\",\"arn:aws:elasticloadbalancing:*:*:loadbalancer/app/*/*\",\"arn:aws:elasticloadbalancing:*:*:targetgroup/*/*\"],\"Sid\":\"VisualEditor7\"},{\"Action\":[\"elasticloadbalancing:DeleteLoadBalancer\",\"elasticloadbalancing:SetSecurityGroups\",\"elasticloadbalancing:SetIpAddressType\",\"elasticloadbalancing:SetSubnets\",\"elasticloadbalancing:ModifyLoadBalancerAttributes\",\"elasticloadbalancing:DeleteTargetGroup\",\"elasticloadbalancing:ModifyTargetGroupAttributes\",\"elasticloadbalancing:ModifyTargetGroup\"],\"Condition\":{\"Null\":{\"aws:ResourceTag/elbv2.k8s.aws/cluster\":\"false\"}},\"Effect\":\"Allow\",\"Resource\":\"*\",\"Sid\":\"VisualEditor8\"},{\"Action\":[\"elasticloadbalancing:DeleteLoadBalancer\",\"elasticloadbalancing:SetSecurityGroups\",\"elasticloadbalancing:SetIpAddressType\",\"elasticloadbalancing:SetSubnets\",\"elasticloadbalancing:ModifyLoadBalancerAttributes\",\"elasticloadbalancing:DeleteTargetGroup\",\"elasticloadbalancing:ModifyTargetGroupAttributes\",\"elasticloadbalancing:ModifyTargetGroup\"],\"Condition\":{\"Null\":{\"aws:ResourceTag/elbv2.k8s.aws/cluster\":\"false\"}},\"Effect\":\"Allow\",\"Resource\":\"*\",\"Sid\":\"VisualEditor9\"},{\"Action\":[\"elasticloadbalancing:RemoveTags\",\"elasticloadbalancing:AddTags\"],\"Effect\":\"Allow\",\"Resource\":[\"arn:aws:elasticloadbalancing:*:*:listener/net/*/*/*\",\"arn:aws:elasticloadbalancing:*:*:listener/app/*/*/*\",\"arn:aws:elasticloadbalancing:*:*:listener-rule/net/*/*/*\",\"arn:aws:elasticloadbalancing:*:*:listener-rule/app/*/*/*\"],\"Sid\":\"VisualEditor10\"},{\"Action\":[\"elasticloadbalancing:RemoveTags\",\"elasticloadbalancing:AddTags\"],\"Effect\":\"Allow\",\"Resource\":[\"arn:aws:elasticloadbalancing:*:*:listener/net/*/*/*\",\"arn:aws:elasticloadbalancing:*:*:listener/app/*/*/*\",\"arn:aws:elasticloadbalancing:*:*:listener-rule/net/*/*/*\",\"arn:aws:elasticloadbalancing:*:*:listener-rule/app/*/*/*\"],\"Sid\":\"VisualEditor11\"},{\"Action\":[\"elasticloadbalancing:RegisterTargets\",\"elasticloadbalancing:DeregisterTargets\"],\"Effect\":\"Allow\",\"Resource\":\"arn:aws:elasticloadbalancing:*:*:targetgroup/*/*\",\"Sid\":\"VisualEditor12\"},{\"Action\":\"iam:CreateServiceLinkedRole\",\"Condition\":{\"StringEquals\":{\"iam:AWSServiceName\":\"elasticloadbalancing.amazonaws.com\"}},\"Effect\":\"Allow\",\"Resource\":\"*\",\"Sid\":\"VisualEditor13\"},{\"Action\":[\"elasticloadbalancing:RegisterTargets\",\"elasticloadbalancing:DeregisterTargets\"],\"Effect\":\"Allow\",\"Resource\":\"arn:aws:elasticloadbalancing:*:*:targetgroup/*/*\",\"Sid\":\"VisualEditor14\"}],\"Version\":\"2012-10-17\"}",
            "policy_id": "ANPA2ZCHYB753KD3RCSAH",
            "tags": {
              "Name": "acn-eks-clstr-testing-lb_controller-iam"
            },
            "tags_all": {
              "Name": "acn-eks-clstr-testing-lb_controller-iam"
            }
          },
          "sensitive_attributes": [],
          "private": "bnVsbA==",
          "dependencies": [
            "data.aws_eks_cluster.eks_cluster",
            "module.eks.aws_cloudwatch_log_group.cloudwatch_log_group",
            "module.eks.aws_eks_cluster.eks_cluster",
            "module.eks.aws_eks_fargate_profile.eks_fargate",
            "module.eks.aws_eks_fargate_profile.eks_fargate_system",
            "module.eks.aws_iam_openid_connect_provider.oidc_provider",
            "module.eks.aws_iam_policy.AmazonEKSClusterCloudWatchMetricsPolicy",
            "module.eks.aws_iam_role.eks_cluster_role",
            "module.eks.aws_iam_role.eks_fargate_role",
            "module.eks.aws_iam_role.eks_fargate_system_role",
            "module.eks.aws_iam_role_policy_attachment.AmazonEKSCloudWatchMetricsPolicy",
            "module.eks.aws_iam_role_policy_attachment.AmazonEKSClusterPolicy",
            "module.eks.aws_iam_role_policy_attachment.AmazonEKSClusterPolicy1",
            "module.eks.aws_iam_role_policy_attachment.AmazonEKSClusterPolicy2",
            "module.eks.aws_iam_role_policy_attachment.AmazonEKSFargatePodExecutionRolePolicy",
            "module.eks.aws_iam_role_policy_attachment.AmazonEKSFargatePodExecutionRolePolicy2",
            "module.eks.aws_iam_role_policy_attachment.AmazonEKSVPCResourceController",
            "module.eks.aws_iam_role_policy_attachment.AmazonEKSVPCResourceController1",
            "module.eks.aws_iam_role_policy_attachment.AmazonEKSVPCResourceController2",
            "module.eks.data.tls_certificate.auth",
            "module.vpc.aws_default_security_group.default",
            "module.vpc.aws_eip.nat_eip",
            "module.vpc.aws_internet_gateway.internet_gw",
            "module.vpc.aws_nat_gateway.nat_gw",
            "module.vpc.aws_route.private_nat_gw_route",
            "module.vpc.aws_route.public_internet_route",
            "module.vpc.aws_route_table.private_rt",
            "module.vpc.aws_route_table.public_rt",
            "module.vpc.aws_route_table_association.private-rt-assotion",
            "module.vpc.aws_route_table_association.public-rt-assotion",
            "module.vpc.aws_security_group.custom",
            "module.vpc.aws_subnet.private_subnet",
            "module.vpc.aws_subnet.public_subnet",
            "module.vpc.aws_vpc.main_vpc"
          ]
        }
      ]
    },
    {
      "module": "module.alb_controller",
      "mode": "managed",
      "type": "aws_iam_role",
      "name": "this",
      "provider": "provider[\"registry.terraform.io/hashicorp/aws\"]",
      "instances": [
        {
          "schema_version": 0,
          "attributes": {
            "arn": "arn:aws:iam::741032333307:role/k8s-acn-eks-clstr-testing-aws-load-balancer-controller",
            "assume_role_policy": "{\"Version\":\"2012-10-17\",\"Statement\":[{\"Sid\":\"\",\"Effect\":\"Allow\",\"Principal\":{\"Federated\":\"arn:aws:iam::741032333307:oidc-provider/oidc.eks.eu-west-2.amazonaws.com/id/445CA5F83B66C6D0BBFEC782DAC363ED\"},\"Action\":\"sts:AssumeRoleWithWebIdentity\",\"Condition\":{\"StringEquals\":{\"oidc.eks.eu-west-2.amazonaws.com/id/445CA5F83B66C6D0BBFEC782DAC363ED:sub\":\"system:serviceaccount:kube-system:aws-load-balancer-controller\"}}}]}",
            "create_date": "2022-05-25T18:52:33Z",
            "description": "Permissions required by the Kubernetes AWS Load Balancer controller to do its job.",
            "force_detach_policies": true,
            "id": "k8s-acn-eks-clstr-testing-aws-load-balancer-controller",
            "inline_policy": [
              {
                "name": "",
                "policy": ""
              }
            ],
            "managed_policy_arns": [],
            "max_session_duration": 3600,
            "name": "k8s-acn-eks-clstr-testing-aws-load-balancer-controller",
            "name_prefix": "",
            "path": "/",
            "permissions_boundary": null,
            "tags": null,
            "tags_all": {},
            "unique_id": "AROA2ZCHYB75YXCGX4EKY"
          },
          "sensitive_attributes": [],
          "private": "bnVsbA==",
          "dependencies": [
            "data.aws_eks_cluster.eks_cluster",
            "module.alb_controller.data.aws_caller_identity.current",
            "module.alb_controller.data.aws_eks_cluster.selected",
            "module.alb_controller.data.aws_iam_policy_document.ec2_assume_role",
            "module.alb_controller.data.aws_iam_policy_document.eks_oidc_assume_role",
            "module.eks.aws_cloudwatch_log_group.cloudwatch_log_group",
            "module.eks.aws_eks_cluster.eks_cluster",
            "module.eks.aws_eks_fargate_profile.eks_fargate",
            "module.eks.aws_eks_fargate_profile.eks_fargate_system",
            "module.eks.aws_iam_openid_connect_provider.oidc_provider",
            "module.eks.aws_iam_policy.AmazonEKSClusterCloudWatchMetricsPolicy",
            "module.eks.aws_iam_role.eks_cluster_role",
            "module.eks.aws_iam_role.eks_fargate_role",
            "module.eks.aws_iam_role.eks_fargate_system_role",
            "module.eks.aws_iam_role_policy_attachment.AmazonEKSCloudWatchMetricsPolicy",
            "module.eks.aws_iam_role_policy_attachment.AmazonEKSClusterPolicy",
            "module.eks.aws_iam_role_policy_attachment.AmazonEKSClusterPolicy1",
            "module.eks.aws_iam_role_policy_attachment.AmazonEKSClusterPolicy2",
            "module.eks.aws_iam_role_policy_attachment.AmazonEKSFargatePodExecutionRolePolicy",
            "module.eks.aws_iam_role_policy_attachment.AmazonEKSFargatePodExecutionRolePolicy2",
            "module.eks.aws_iam_role_policy_attachment.AmazonEKSVPCResourceController",
            "module.eks.aws_iam_role_policy_attachment.AmazonEKSVPCResourceController1",
            "module.eks.aws_iam_role_policy_attachment.AmazonEKSVPCResourceController2",
            "module.eks.data.tls_certificate.auth",
            "module.vpc.aws_default_security_group.default",
            "module.vpc.aws_eip.nat_eip",
            "module.vpc.aws_internet_gateway.internet_gw",
            "module.vpc.aws_nat_gateway.nat_gw",
            "module.vpc.aws_route.private_nat_gw_route",
            "module.vpc.aws_route.public_internet_route",
            "module.vpc.aws_route_table.private_rt",
            "module.vpc.aws_route_table.public_rt",
            "module.vpc.aws_route_table_association.private-rt-assotion",
            "module.vpc.aws_route_table_association.public-rt-assotion",
            "module.vpc.aws_security_group.custom",
            "module.vpc.aws_subnet.private_subnet",
            "module.vpc.aws_subnet.public_subnet",
            "module.vpc.aws_vpc.main_vpc"
          ]
        }
      ]
    },
    {
      "module": "module.alb_controller",
      "mode": "managed",
      "type": "aws_iam_role_policy_attachment",
      "name": "this",
      "provider": "provider[\"registry.terraform.io/hashicorp/aws\"]",
      "instances": [
        {
          "schema_version": 0,
          "attributes": {
            "id": "k8s-acn-eks-clstr-testing-aws-load-balancer-controller-20220525185234728500000001",
            "policy_arn": "arn:aws:iam::741032333307:policy/k8s-acn-eks-clstr-testing-alb-management",
            "role": "k8s-acn-eks-clstr-testing-aws-load-balancer-controller"
          },
          "sensitive_attributes": [],
          "private": "bnVsbA==",
          "dependencies": [
            "data.aws_eks_cluster.eks_cluster",
            "module.alb_controller.aws_iam_policy.this",
            "module.alb_controller.aws_iam_role.this",
            "module.alb_controller.data.aws_caller_identity.current",
            "module.alb_controller.data.aws_eks_cluster.selected",
            "module.alb_controller.data.aws_iam_policy_document.ec2_assume_role",
            "module.alb_controller.data.aws_iam_policy_document.eks_oidc_assume_role",
            "module.eks.aws_cloudwatch_log_group.cloudwatch_log_group",
            "module.eks.aws_eks_cluster.eks_cluster",
            "module.eks.aws_eks_fargate_profile.eks_fargate",
            "module.eks.aws_eks_fargate_profile.eks_fargate_system",
            "module.eks.aws_iam_openid_connect_provider.oidc_provider",
            "module.eks.aws_iam_policy.AmazonEKSClusterCloudWatchMetricsPolicy",
            "module.eks.aws_iam_role.eks_cluster_role",
            "module.eks.aws_iam_role.eks_fargate_role",
            "module.eks.aws_iam_role.eks_fargate_system_role",
            "module.eks.aws_iam_role_policy_attachment.AmazonEKSCloudWatchMetricsPolicy",
            "module.eks.aws_iam_role_policy_attachment.AmazonEKSClusterPolicy",
            "module.eks.aws_iam_role_policy_attachment.AmazonEKSClusterPolicy1",
            "module.eks.aws_iam_role_policy_attachment.AmazonEKSClusterPolicy2",
            "module.eks.aws_iam_role_policy_attachment.AmazonEKSFargatePodExecutionRolePolicy",
            "module.eks.aws_iam_role_policy_attachment.AmazonEKSFargatePodExecutionRolePolicy2",
            "module.eks.aws_iam_role_policy_attachment.AmazonEKSVPCResourceController",
            "module.eks.aws_iam_role_policy_attachment.AmazonEKSVPCResourceController1",
            "module.eks.aws_iam_role_policy_attachment.AmazonEKSVPCResourceController2",
            "module.eks.data.tls_certificate.auth",
            "module.vpc.aws_default_security_group.default",
            "module.vpc.aws_eip.nat_eip",
            "module.vpc.aws_internet_gateway.internet_gw",
            "module.vpc.aws_nat_gateway.nat_gw",
            "module.vpc.aws_route.private_nat_gw_route",
            "module.vpc.aws_route.public_internet_route",
            "module.vpc.aws_route_table.private_rt",
            "module.vpc.aws_route_table.public_rt",
            "module.vpc.aws_route_table_association.private-rt-assotion",
            "module.vpc.aws_route_table_association.public-rt-assotion",
            "module.vpc.aws_security_group.custom",
            "module.vpc.aws_subnet.private_subnet",
            "module.vpc.aws_subnet.public_subnet",
            "module.vpc.aws_vpc.main_vpc"
          ]
        }
      ]
    },
    {
      "module": "module.alb_controller",
      "mode": "managed",
      "type": "helm_release",
      "name": "alb_controller",
      "provider": "provider[\"registry.terraform.io/hashicorp/helm\"].eks",
      "instances": [
        {
          "schema_version": 0,
          "attributes": {
            "atomic": true,
            "chart": "aws-load-balancer-controller",
            "cleanup_on_fail": false,
            "create_namespace": false,
            "dependency_update": false,
            "description": null,
            "devel": null,
            "disable_crd_hooks": false,
            "disable_openapi_validation": false,
            "disable_webhooks": false,
            "force_update": false,
            "id": "aws-load-balancer-controller",
            "keyring": null,
            "lint": false,
            "manifest": null,
            "max_history": 0,
            "metadata": [
              {
                "app_version": "v2.4.1",
                "chart": "aws-load-balancer-controller",
                "name": "aws-load-balancer-controller",
                "namespace": "kube-system",
                "revision": 1,
                "values": "{\"clusterName\":\"acn-eks-clstr-testing\",\"hostNetwork\":false,\"region\":\"eu-west-2\",\"serviceAccount\":{\"create\":false,\"name\":\"aws-load-balancer-controller\"},\"vpcId\":\"vpc-08c3dbf3fd58a3450\"}",
                "version": "1.4.1"
              }
            ],
            "name": "aws-load-balancer-controller",
            "namespace": "kube-system",
            "postrender": [],
            "recreate_pods": false,
            "render_subchart_notes": true,
            "replace": false,
            "repository": "https://aws.github.io/eks-charts",
            "repository_ca_file": null,
            "repository_cert_file": null,
            "repository_key_file": null,
            "repository_password": null,
            "repository_username": null,
            "reset_values": false,
            "reuse_values": false,
            "set": [
              {
                "name": "clusterName",
                "type": "",
                "value": "acn-eks-clstr-testing"
              },
              {
                "name": "hostNetwork",
                "type": "",
                "value": "false"
              },
              {
                "name": "region",
                "type": "",
                "value": "eu-west-2"
              },
              {
                "name": "serviceAccount.create",
                "type": "",
                "value": "false"
              },
              {
                "name": "serviceAccount.name",
                "type": "",
                "value": "aws-load-balancer-controller"
              },
              {
                "name": "vpcId",
                "type": "",
                "value": "vpc-08c3dbf3fd58a3450"
              }
            ],
            "set_sensitive": [],
            "skip_crds": false,
            "status": "deployed",
            "timeout": 900,
            "values": null,
            "verify": false,
            "version": "1.4.1",
            "wait": true,
            "wait_for_jobs": false
          },
          "sensitive_attributes": [],
          "private": "bnVsbA==",
          "dependencies": [
            "data.aws_eks_cluster.eks_cluster",
            "data.aws_eks_cluster_auth.aws_iam_authenticator",
            "data.aws_region.current",
            "module.alb_controller.aws_iam_role.this",
            "module.alb_controller.data.aws_caller_identity.current",
            "module.alb_controller.data.aws_eks_cluster.selected",
            "module.alb_controller.data.aws_iam_policy_document.ec2_assume_role",
            "module.alb_controller.data.aws_iam_policy_document.eks_oidc_assume_role",
            "module.alb_controller.data.aws_region.current",
            "module.alb_controller.data.aws_vpc.selected",
            "module.alb_controller.kubernetes_service_account.this",
            "module.eks.aws_cloudwatch_log_group.cloudwatch_log_group",
            "module.eks.aws_eks_cluster.eks_cluster",
            "module.eks.aws_eks_fargate_profile.eks_fargate",
            "module.eks.aws_eks_fargate_profile.eks_fargate_system",
            "module.eks.aws_iam_openid_connect_provider.oidc_provider",
            "module.eks.aws_iam_policy.AmazonEKSClusterCloudWatchMetricsPolicy",
            "module.eks.aws_iam_role.eks_cluster_role",
            "module.eks.aws_iam_role.eks_fargate_role",
            "module.eks.aws_iam_role.eks_fargate_system_role",
            "module.eks.aws_iam_role_policy_attachment.AmazonEKSCloudWatchMetricsPolicy",
            "module.eks.aws_iam_role_policy_attachment.AmazonEKSClusterPolicy",
            "module.eks.aws_iam_role_policy_attachment.AmazonEKSClusterPolicy1",
            "module.eks.aws_iam_role_policy_attachment.AmazonEKSClusterPolicy2",
            "module.eks.aws_iam_role_policy_attachment.AmazonEKSFargatePodExecutionRolePolicy",
            "module.eks.aws_iam_role_policy_attachment.AmazonEKSFargatePodExecutionRolePolicy2",
            "module.eks.aws_iam_role_policy_attachment.AmazonEKSVPCResourceController",
            "module.eks.aws_iam_role_policy_attachment.AmazonEKSVPCResourceController1",
            "module.eks.aws_iam_role_policy_attachment.AmazonEKSVPCResourceController2",
            "module.eks.data.tls_certificate.auth",
            "module.vpc.aws_default_security_group.default",
            "module.vpc.aws_eip.nat_eip",
            "module.vpc.aws_internet_gateway.internet_gw",
            "module.vpc.aws_nat_gateway.nat_gw",
            "module.vpc.aws_route.private_nat_gw_route",
            "module.vpc.aws_route.public_internet_route",
            "module.vpc.aws_route_table.private_rt",
            "module.vpc.aws_route_table.public_rt",
            "module.vpc.aws_route_table_association.private-rt-assotion",
            "module.vpc.aws_route_table_association.public-rt-assotion",
            "module.vpc.aws_security_group.custom",
            "module.vpc.aws_subnet.private_subnet",
            "module.vpc.aws_subnet.public_subnet",
            "module.vpc.aws_vpc.main_vpc"
          ]
        }
      ]
    },
    {
      "module": "module.alb_controller",
      "mode": "managed",
      "type": "kubernetes_cluster_role",
      "name": "this",
      "provider": "provider[\"registry.terraform.io/hashicorp/kubernetes\"].eks",
      "instances": [
        {
          "schema_version": 0,
          "attributes": {
            "aggregation_rule": [],
            "id": "aws-load-balancer-controller",
            "metadata": [
              {
                "annotations": {},
                "generation": 0,
                "labels": {
                  "app.kubernetes.io/managed-by": "terraform",
                  "app.kubernetes.io/name": "aws-load-balancer-controller"
                },
                "name": "aws-load-balancer-controller",
                "resource_version": "2240",
                "self_link": "",
                "uid": "b17a614b-1e45-4f72-b07c-7669e8ca30f4"
              }
            ],
            "rule": [
              {
                "api_groups": [
                  "",
                  "extensions"
                ],
                "non_resource_urls": [],
                "resource_names": [],
                "resources": [
                  "configmaps",
                  "endpoints",
                  "events",
                  "ingresses",
                  "ingresses/status",
                  "services"
                ],
                "verbs": [
                  "create",
                  "get",
                  "list",
                  "update",
                  "watch",
                  "patch"
                ]
              },
              {
                "api_groups": [
                  "",
                  "extensions"
                ],
                "non_resource_urls": [],
                "resource_names": [],
                "resources": [
                  "nodes",
                  "pods",
                  "secrets",
                  "services",
                  "namespaces"
                ],
                "verbs": [
                  "get",
                  "list",
                  "watch"
                ]
              }
            ]
          },
          "sensitive_attributes": [],
          "private": "bnVsbA==",
          "dependencies": [
            "data.aws_eks_cluster.eks_cluster",
            "data.aws_eks_cluster_auth.aws_iam_authenticator",
            "module.eks.aws_cloudwatch_log_group.cloudwatch_log_group",
            "module.eks.aws_eks_cluster.eks_cluster",
            "module.eks.aws_eks_fargate_profile.eks_fargate",
            "module.eks.aws_eks_fargate_profile.eks_fargate_system",
            "module.eks.aws_iam_openid_connect_provider.oidc_provider",
            "module.eks.aws_iam_policy.AmazonEKSClusterCloudWatchMetricsPolicy",
            "module.eks.aws_iam_role.eks_cluster_role",
            "module.eks.aws_iam_role.eks_fargate_role",
            "module.eks.aws_iam_role.eks_fargate_system_role",
            "module.eks.aws_iam_role_policy_attachment.AmazonEKSCloudWatchMetricsPolicy",
            "module.eks.aws_iam_role_policy_attachment.AmazonEKSClusterPolicy",
            "module.eks.aws_iam_role_policy_attachment.AmazonEKSClusterPolicy1",
            "module.eks.aws_iam_role_policy_attachment.AmazonEKSClusterPolicy2",
            "module.eks.aws_iam_role_policy_attachment.AmazonEKSFargatePodExecutionRolePolicy",
            "module.eks.aws_iam_role_policy_attachment.AmazonEKSFargatePodExecutionRolePolicy2",
            "module.eks.aws_iam_role_policy_attachment.AmazonEKSVPCResourceController",
            "module.eks.aws_iam_role_policy_attachment.AmazonEKSVPCResourceController1",
            "module.eks.aws_iam_role_policy_attachment.AmazonEKSVPCResourceController2",
            "module.eks.data.tls_certificate.auth",
            "module.vpc.aws_default_security_group.default",
            "module.vpc.aws_eip.nat_eip",
            "module.vpc.aws_internet_gateway.internet_gw",
            "module.vpc.aws_nat_gateway.nat_gw",
            "module.vpc.aws_route.private_nat_gw_route",
            "module.vpc.aws_route.public_internet_route",
            "module.vpc.aws_route_table.private_rt",
            "module.vpc.aws_route_table.public_rt",
            "module.vpc.aws_route_table_association.private-rt-assotion",
            "module.vpc.aws_route_table_association.public-rt-assotion",
            "module.vpc.aws_security_group.custom",
            "module.vpc.aws_subnet.private_subnet",
            "module.vpc.aws_subnet.public_subnet",
            "module.vpc.aws_vpc.main_vpc"
          ]
        }
      ]
    },
    {
      "module": "module.alb_controller",
      "mode": "managed",
      "type": "kubernetes_cluster_role_binding",
      "name": "this",
      "provider": "provider[\"registry.terraform.io/hashicorp/kubernetes\"].eks",
      "instances": [
        {
          "schema_version": 0,
          "attributes": {
            "id": "aws-load-balancer-controller",
            "metadata": [
              {
                "annotations": null,
                "generation": 0,
                "labels": {
                  "app.kubernetes.io/managed-by": "terraform",
                  "app.kubernetes.io/name": "aws-load-balancer-controller"
                },
                "name": "aws-load-balancer-controller",
                "resource_version": "3074",
                "self_link": "",
                "uid": "664de2cc-37f3-4eab-9c66-783af14c99ca"
              }
            ],
            "role_ref": [
              {
                "api_group": "rbac.authorization.k8s.io",
                "kind": "ClusterRole",
                "name": "aws-load-balancer-controller"
              }
            ],
            "subject": [
              {
                "api_group": "",
                "kind": "ServiceAccount",
                "name": "aws-load-balancer-controller",
                "namespace": "kube-system"
              }
            ]
          },
          "sensitive_attributes": [],
          "private": "bnVsbA==",
          "dependencies": [
            "data.aws_eks_cluster.eks_cluster",
            "data.aws_eks_cluster_auth.aws_iam_authenticator",
            "module.alb_controller.aws_iam_role.this",
            "module.alb_controller.data.aws_caller_identity.current",
            "module.alb_controller.data.aws_eks_cluster.selected",
            "module.alb_controller.data.aws_iam_policy_document.ec2_assume_role",
            "module.alb_controller.data.aws_iam_policy_document.eks_oidc_assume_role",
            "module.alb_controller.kubernetes_cluster_role.this",
            "module.alb_controller.kubernetes_service_account.this",
            "module.eks.aws_cloudwatch_log_group.cloudwatch_log_group",
            "module.eks.aws_eks_cluster.eks_cluster",
            "module.eks.aws_eks_fargate_profile.eks_fargate",
            "module.eks.aws_eks_fargate_profile.eks_fargate_system",
            "module.eks.aws_iam_openid_connect_provider.oidc_provider",
            "module.eks.aws_iam_policy.AmazonEKSClusterCloudWatchMetricsPolicy",
            "module.eks.aws_iam_role.eks_cluster_role",
            "module.eks.aws_iam_role.eks_fargate_role",
            "module.eks.aws_iam_role.eks_fargate_system_role",
            "module.eks.aws_iam_role_policy_attachment.AmazonEKSCloudWatchMetricsPolicy",
            "module.eks.aws_iam_role_policy_attachment.AmazonEKSClusterPolicy",
            "module.eks.aws_iam_role_policy_attachment.AmazonEKSClusterPolicy1",
            "module.eks.aws_iam_role_policy_attachment.AmazonEKSClusterPolicy2",
            "module.eks.aws_iam_role_policy_attachment.AmazonEKSFargatePodExecutionRolePolicy",
            "module.eks.aws_iam_role_policy_attachment.AmazonEKSFargatePodExecutionRolePolicy2",
            "module.eks.aws_iam_role_policy_attachment.AmazonEKSVPCResourceController",
            "module.eks.aws_iam_role_policy_attachment.AmazonEKSVPCResourceController1",
            "module.eks.aws_iam_role_policy_attachment.AmazonEKSVPCResourceController2",
            "module.eks.data.tls_certificate.auth",
            "module.vpc.aws_default_security_group.default",
            "module.vpc.aws_eip.nat_eip",
            "module.vpc.aws_internet_gateway.internet_gw",
            "module.vpc.aws_nat_gateway.nat_gw",
            "module.vpc.aws_route.private_nat_gw_route",
            "module.vpc.aws_route.public_internet_route",
            "module.vpc.aws_route_table.private_rt",
            "module.vpc.aws_route_table.public_rt",
            "module.vpc.aws_route_table_association.private-rt-assotion",
            "module.vpc.aws_route_table_association.public-rt-assotion",
            "module.vpc.aws_security_group.custom",
            "module.vpc.aws_subnet.private_subnet",
            "module.vpc.aws_subnet.public_subnet",
            "module.vpc.aws_vpc.main_vpc"
          ]
        }
      ]
    },
    {
      "module": "module.alb_controller",
      "mode": "managed",
      "type": "kubernetes_service_account",
      "name": "this",
      "provider": "provider[\"registry.terraform.io/hashicorp/kubernetes\"].eks",
      "instances": [
        {
          "schema_version": 0,
          "attributes": {
            "automount_service_account_token": true,
            "default_secret_name": "aws-load-balancer-controller-token-kbs6x",
            "id": "kube-system/aws-load-balancer-controller",
            "image_pull_secret": [],
            "metadata": [
              {
                "annotations": {
                  "eks.amazonaws.com/role-arn": "arn:aws:iam::741032333307:role/k8s-acn-eks-clstr-testing-aws-load-balancer-controller"
                },
                "generate_name": "",
                "generation": 0,
                "labels": {
                  "app.kubernetes.io/component": "controller",
                  "app.kubernetes.io/managed-by": "terraform",
                  "app.kubernetes.io/name": "aws-load-balancer-controller"
                },
                "name": "aws-load-balancer-controller",
                "namespace": "kube-system",
                "resource_version": "3071",
                "self_link": "",
                "uid": "07bdada7-bd12-464a-bd1b-bbcd49b1f151"
              }
            ],
            "secret": [],
            "timeouts": null
          },
          "sensitive_attributes": [],
          "private": "eyJlMmJmYjczMC1lY2FhLTExZTYtOGY4OC0zNDM2M2JjN2M0YzAiOnsiY3JlYXRlIjozMDAwMDAwMDAwMH19",
          "dependencies": [
            "data.aws_eks_cluster.eks_cluster",
            "data.aws_eks_cluster_auth.aws_iam_authenticator",
            "module.alb_controller.aws_iam_role.this",
            "module.alb_controller.data.aws_caller_identity.current",
            "module.alb_controller.data.aws_eks_cluster.selected",
            "module.alb_controller.data.aws_iam_policy_document.ec2_assume_role",
            "module.alb_controller.data.aws_iam_policy_document.eks_oidc_assume_role",
            "module.eks.aws_cloudwatch_log_group.cloudwatch_log_group",
            "module.eks.aws_eks_cluster.eks_cluster",
            "module.eks.aws_eks_fargate_profile.eks_fargate",
            "module.eks.aws_eks_fargate_profile.eks_fargate_system",
            "module.eks.aws_iam_openid_connect_provider.oidc_provider",
            "module.eks.aws_iam_policy.AmazonEKSClusterCloudWatchMetricsPolicy",
            "module.eks.aws_iam_role.eks_cluster_role",
            "module.eks.aws_iam_role.eks_fargate_role",
            "module.eks.aws_iam_role.eks_fargate_system_role",
            "module.eks.aws_iam_role_policy_attachment.AmazonEKSCloudWatchMetricsPolicy",
            "module.eks.aws_iam_role_policy_attachment.AmazonEKSClusterPolicy",
            "module.eks.aws_iam_role_policy_attachment.AmazonEKSClusterPolicy1",
            "module.eks.aws_iam_role_policy_attachment.AmazonEKSClusterPolicy2",
            "module.eks.aws_iam_role_policy_attachment.AmazonEKSFargatePodExecutionRolePolicy",
            "module.eks.aws_iam_role_policy_attachment.AmazonEKSFargatePodExecutionRolePolicy2",
            "module.eks.aws_iam_role_policy_attachment.AmazonEKSVPCResourceController",
            "module.eks.aws_iam_role_policy_attachment.AmazonEKSVPCResourceController1",
            "module.eks.aws_iam_role_policy_attachment.AmazonEKSVPCResourceController2",
            "module.eks.data.tls_certificate.auth",
            "module.vpc.aws_default_security_group.default",
            "module.vpc.aws_eip.nat_eip",
            "module.vpc.aws_internet_gateway.internet_gw",
            "module.vpc.aws_nat_gateway.nat_gw",
            "module.vpc.aws_route.private_nat_gw_route",
            "module.vpc.aws_route.public_internet_route",
            "module.vpc.aws_route_table.private_rt",
            "module.vpc.aws_route_table.public_rt",
            "module.vpc.aws_route_table_association.private-rt-assotion",
            "module.vpc.aws_route_table_association.public-rt-assotion",
            "module.vpc.aws_security_group.custom",
            "module.vpc.aws_subnet.private_subnet",
            "module.vpc.aws_subnet.public_subnet",
            "module.vpc.aws_vpc.main_vpc"
          ]
        }
      ]
    },
    {
      "module": "module.eks",
      "mode": "data",
      "type": "tls_certificate",
      "name": "auth",
      "provider": "provider[\"registry.terraform.io/hashicorp/tls\"]",
      "instances": [
        {
          "schema_version": 0,
          "attributes": {
            "certificates": [
              {
                "cert_pem": "-----BEGIN CERTIFICATE-----\nMIIEdTCCA12gAwIBAgIJAKcOSkw0grd/MA0GCSqGSIb3DQEBCwUAMGgxCzAJBgNV\nBAYTAlVTMSUwIwYDVQQKExxTdGFyZmllbGQgVGVjaG5vbG9naWVzLCBJbmMuMTIw\nMAYDVQQLEylTdGFyZmllbGQgQ2xhc3MgMiBDZXJ0aWZpY2F0aW9uIEF1dGhvcml0\neTAeFw0wOTA5MDIwMDAwMDBaFw0zNDA2MjgxNzM5MTZaMIGYMQswCQYDVQQGEwJV\nUzEQMA4GA1UECBMHQXJpem9uYTETMBEGA1UEBxMKU2NvdHRzZGFsZTElMCMGA1UE\nChMcU3RhcmZpZWxkIFRlY2hub2xvZ2llcywgSW5jLjE7MDkGA1UEAxMyU3RhcmZp\nZWxkIFNlcnZpY2VzIFJvb3QgQ2VydGlmaWNhdGUgQXV0aG9yaXR5IC0gRzIwggEi\nMA0GCSqGSIb3DQEBAQUAA4IBDwAwggEKAoIBAQDVDDrEKvlO4vW+GZdfjohTsR8/\ny8+fIBNtKTrID30892t2OGPZNmCom15cAICyL1l/9of5JUOG52kbUpqQ4XHj2C0N\nTm/2yEnZtvMaVq4rtnQU68/7JuMauh2WLmo7WJSJR1b/JaCTcFOD2oR0FMNnngRo\nOt+OQFodSk7PQ5E751bWAHDLUu57fa4657wx+UX2wmDPE1kCK4DMNEffud6QZW0C\nzyyRpqbn3oUYSXxmTqM6bam17jQuug0DuDPfR+uxa40l2ZvOgdFFRjKWcIfeAg5J\nQ4W2bHO7ZOphQazJ1FTfhy/HIrImzJ9ZVGif/L4qL8RVHHVAYBeFAlU5i38FAgMB\nAAGjgfAwge0wDwYDVR0TAQH/BAUwAwEB/zAOBgNVHQ8BAf8EBAMCAYYwHQYDVR0O\nBBYEFJxfAN+qAdcwKziIorhtSpzyEZGDMB8GA1UdIwQYMBaAFL9ft9HO3R+G9FtV\nrNzXEMIOqYjnME8GCCsGAQUFBwEBBEMwQTAcBggrBgEFBQcwAYYQaHR0cDovL28u\nc3MyLnVzLzAhBggrBgEFBQcwAoYVaHR0cDovL3guc3MyLnVzL3guY2VyMCYGA1Ud\nHwQfMB0wG6AZoBeGFWh0dHA6Ly9zLnNzMi51cy9yLmNybDARBgNVHSAECjAIMAYG\nBFUdIAAwDQYJKoZIhvcNAQELBQADggEBACMd44pXyn3pF3lM8R5V/cxTbj5HD9/G\nVfKyBDbtgB9TxF00KGu+x1X8Z+rLP3+QsjPNG1gQggL4+C/1E2DUBc7xgQjB3ad1\nl08YuW3e95ORCLp+QCztweq7dp4zBncdDQh/U90bZKuCJ/Fp1U1ervShw3WnWEQt\n8jxwmKy6abaVd38PMV4s/KCHOkdp8Hlf9BRUpJVeEXgSYCfOn8J3/yNTd126/+pZ\n59vPr5KW7ySaNRB6nJHGDn2Z9j8Z3/VyVOEVqQdZe4O/Ui5GjLIAZHYcSNPYeehu\nVsyuLAOQ1xk4meTKCRlb/weWsKh/NEnfVqn3sF/tM+2MR7cwA130A4w=\n-----END CERTIFICATE-----\n",
                "is_ca": true,
                "issuer": "OU=Starfield Class 2 Certification Authority,O=Starfield Technologies\\, Inc.,C=US",
                "not_after": "2034-06-28T17:39:16Z",
                "not_before": "2009-09-02T00:00:00Z",
                "public_key_algorithm": "RSA",
                "serial_number": "12037640545166866303",
                "sha1_fingerprint": "9e99a48a9960b14926bb7f3b02e22da2b0ab7280",
                "signature_algorithm": "SHA256-RSA",
                "subject": "CN=Starfield Services Root Certificate Authority - G2,O=Starfield Technologies\\, Inc.,L=Scottsdale,ST=Arizona,C=US",
                "version": 3
              },
              {
                "cert_pem": "-----BEGIN CERTIFICATE-----\nMIIEkjCCA3qgAwIBAgITBn+USionzfP6wq4rAfkI7rnExjANBgkqhkiG9w0BAQsF\nADCBmDELMAkGA1UEBhMCVVMxEDAOBgNVBAgTB0FyaXpvbmExEzARBgNVBAcTClNj\nb3R0c2RhbGUxJTAjBgNVBAoTHFN0YXJmaWVsZCBUZWNobm9sb2dpZXMsIEluYy4x\nOzA5BgNVBAMTMlN0YXJmaWVsZCBTZXJ2aWNlcyBSb290IENlcnRpZmljYXRlIEF1\ndGhvcml0eSAtIEcyMB4XDTE1MDUyNTEyMDAwMFoXDTM3MTIzMTAxMDAwMFowOTEL\nMAkGA1UEBhMCVVMxDzANBgNVBAoTBkFtYXpvbjEZMBcGA1UEAxMQQW1hem9uIFJv\nb3QgQ0EgMTCCASIwDQYJKoZIhvcNAQEBBQADggEPADCCAQoCggEBALJ4gHHKeNXj\nca9HgFB0fW7Y14h29Jlo91ghYPl0hAEvrAIthtOgQ3pOsqTQNroBvo3bSMgHFzZM\n9O6II8c+6zf1tRn4SWiw3te5djgdYZ6k/oI2peVKVuRF4fn9tBb6dNqcmzU5L/qw\nIFAGbHrQgLKm+a/sRxmPUDgH3KKHOVj4utWp+UhnMJbulHheb4mjUcAwhmahRWa6\nVOujw5H5SNz/0egwLX0tdHA114gk957EWW67c4cX8jJGKLhD+rcdqsq08p8kDi1L\n93FcXmn/6pUCyziKrlA4b9v7LWIbxcceVOF34GfID5yHI9Y/QCB/IIDEgEw+OyQm\njgSubJrIqg0CAwEAAaOCATEwggEtMA8GA1UdEwEB/wQFMAMBAf8wDgYDVR0PAQH/\nBAQDAgGGMB0GA1UdDgQWBBSEGMyFNOy8DJSULghZnMeyEE4KCDAfBgNVHSMEGDAW\ngBScXwDfqgHXMCs4iKK4bUqc8hGRgzB4BggrBgEFBQcBAQRsMGowLgYIKwYBBQUH\nMAGGImh0dHA6Ly9vY3NwLnJvb3RnMi5hbWF6b250cnVzdC5jb20wOAYIKwYBBQUH\nMAKGLGh0dHA6Ly9jcnQucm9vdGcyLmFtYXpvbnRydXN0LmNvbS9yb290ZzIuY2Vy\nMD0GA1UdHwQ2MDQwMqAwoC6GLGh0dHA6Ly9jcmwucm9vdGcyLmFtYXpvbnRydXN0\nLmNvbS9yb290ZzIuY3JsMBEGA1UdIAQKMAgwBgYEVR0gADANBgkqhkiG9w0BAQsF\nAAOCAQEAYjdCXLwQtT6LLOkMm2xF4gcAevnFWAu5CIw+7bMlPLVvUOTNNWqnkzSW\nMiGpSESrnO09tKpzbeR/FoCJbM8oAxiDR3mjEH4wW6w7sGDgd9QIpuEdfF7Au/ma\neyKdpwAJfqxGF4PcnCZXmTA5YpaP7dreqsXMGz7KQ2hsVxa81Q4gLv7/wmpdLqBK\nbRRYh5TmOTFffHPLkIhqhBGWJ6bt2YFGpn6jcgAKUj6DiAdjd4lpFw85hdKrCEVN\n0FE6/V1dN2RMfjCyVSRCnTawXZwXgWHxyvkQAiSr6w10kY17RSlQOYiypok1JR4U\nakcjMS9cmvqtmg5iUaQqqcT5NJ0hGA==\n-----END CERTIFICATE-----\n",
                "is_ca": true,
                "issuer": "CN=Starfield Services Root Certificate Authority - G2,O=Starfield Technologies\\, Inc.,L=Scottsdale,ST=Arizona,C=US",
                "not_after": "2037-12-31T01:00:00Z",
                "not_before": "2015-05-25T12:00:00Z",
                "public_key_algorithm": "RSA",
                "serial_number": "144918191876577076464031512351042010504348870",
                "sha1_fingerprint": "06b25927c42a721631c1efd9431e648fa62e1e39",
                "signature_algorithm": "SHA256-RSA",
                "subject": "CN=Amazon Root CA 1,O=Amazon,C=US",
                "version": 3
              },
              {
                "cert_pem": "-----BEGIN CERTIFICATE-----\nMIIESTCCAzGgAwIBAgITBn+UV4WH6Kx33rJTMlu8mYtWDTANBgkqhkiG9w0BAQsF\nADA5MQswCQYDVQQGEwJVUzEPMA0GA1UEChMGQW1hem9uMRkwFwYDVQQDExBBbWF6\nb24gUm9vdCBDQSAxMB4XDTE1MTAyMjAwMDAwMFoXDTI1MTAxOTAwMDAwMFowRjEL\nMAkGA1UEBhMCVVMxDzANBgNVBAoTBkFtYXpvbjEVMBMGA1UECxMMU2VydmVyIENB\nIDFCMQ8wDQYDVQQDEwZBbWF6b24wggEiMA0GCSqGSIb3DQEBAQUAA4IBDwAwggEK\nAoIBAQDCThZn3c68asg3Wuw6MLAd5tES6BIoSMzoKcG5blPVo+sDORrMd4f2AbnZ\ncMzPa43j4wNxhplty6aUKk4T1qe9BOwKFjwK6zmxxLVYo7bHViXsPlJ6qOMpFge5\nblDP+18x+B26A0piiQOuPkfyDyeR4xQghfj66Yo19V+emU3nazfvpFA+ROz6WoVm\nB5x+F2pV8xeKNR7u6azDdU5YVX1TawprmxRC1+WsAYmz6qP+z8ArDITC2FMVy2fw\n0IjKOtEXc/VfmtTFch5+AfGYMGMqqvJ6LcXiAhqG5TI+Dr0RtM88k+8XUBCeQ8IG\nKuANaL7TiItKZYxK1MMuTJtV9IblAgMBAAGjggE7MIIBNzASBgNVHRMBAf8ECDAG\nAQH/AgEAMA4GA1UdDwEB/wQEAwIBhjAdBgNVHQ4EFgQUWaRmBlKge5WSPKOUByeW\ndFv5PdAwHwYDVR0jBBgwFoAUhBjMhTTsvAyUlC4IWZzHshBOCggwewYIKwYBBQUH\nAQEEbzBtMC8GCCsGAQUFBzABhiNodHRwOi8vb2NzcC5yb290Y2ExLmFtYXpvbnRy\ndXN0LmNvbTA6BggrBgEFBQcwAoYuaHR0cDovL2NydC5yb290Y2ExLmFtYXpvbnRy\ndXN0LmNvbS9yb290Y2ExLmNlcjA/BgNVHR8EODA2MDSgMqAwhi5odHRwOi8vY3Js\nLnJvb3RjYTEuYW1hem9udHJ1c3QuY29tL3Jvb3RjYTEuY3JsMBMGA1UdIAQMMAow\nCAYGZ4EMAQIBMA0GCSqGSIb3DQEBCwUAA4IBAQCFkr41u3nPo4FCHOTjY3NTOVI1\n59Gt/a6ZiqyJEi+752+a1U5y6iAwYfmXss2lJwJFqMp2PphKg5625kXg8kP2CN5t\n6G7bMQcT8C8xDZNtYTd7WPD8UZiRKAJPBXa30/AbwuZe0GaFEQ8ugcYQgSn+IGBI\n8/LwhBNTZTUVEWuCUUBVV18YtbAiPq3yXqMB48Oz+ctBWuZSkbvkNodPLamkB2g1\nupRyzQ7qDn1X8nn8N8V7YJ6y68AtkHcNSRAnpTitxBKjtKPISLMVCx7i4hncxHZS\nyLyKQXhw2W2Xs0qLeC1etA+jTGDK4UfLeC0SF7FSi8o5LL21L8IzApar2pR/\n-----END CERTIFICATE-----\n",
                "is_ca": true,
                "issuer": "CN=Amazon Root CA 1,O=Amazon,C=US",
                "not_after": "2025-10-19T00:00:00Z",
                "not_before": "2015-10-22T00:00:00Z",
                "public_key_algorithm": "RSA",
                "serial_number": "144918209630989264145272943054026349679957517",
                "sha1_fingerprint": "917e732d330f9a12404f73d8bea36948b929dffc",
                "signature_algorithm": "SHA256-RSA",
                "subject": "CN=Amazon,OU=Server CA 1B,O=Amazon,C=US",
                "version": 3
              },
              {
                "cert_pem": "-----BEGIN CERTIFICATE-----\nMIIF+TCCBOGgAwIBAgIQCYA2QK6wkzx8l4l76sjlJzANBgkqhkiG9w0BAQsFADBG\nMQswCQYDVQQGEwJVUzEPMA0GA1UEChMGQW1hem9uMRUwEwYDVQQLEwxTZXJ2ZXIg\nQ0EgMUIxDzANBgNVBAMTBkFtYXpvbjAeFw0yMjA1MTUwMDAwMDBaFw0yMzA2MTMy\nMzU5NTlaMCsxKTAnBgNVBAMTIG9pZGMuZWtzLmV1LXdlc3QtMi5hbWF6b25hd3Mu\nY29tMIIBIjANBgkqhkiG9w0BAQEFAAOCAQ8AMIIBCgKCAQEA50zUkPCFXkjLO4dI\n06d6khEgLEUtPJEEHKkXHHCXCzsZ60mn44g2ZQdaecHrqfh4pSO+OicijZERDfvb\nFkquh6OJNGwtQ0UTQSne6ZpcCmXpSR53D9Hm7kOCC+HZUHO7/VSNz+LLCYvgDrht\nOT/cpv4KBEyX56K0UriGo4KjV6j25CD5bGwasPt9oyJssw3M3gnXzYLPs/6ByrKn\nCfJvDw7POf8xOfFbpIUUS6xZq7ESjs03Y1MJlfTudiipLbD7mTGjp5HErt///gbn\nXl6+EvyWCqNy3NpbHkfyCUDBxo8lAxfEJEYOOASvfRlFbr6/lXQFxczgXg42c97P\ntI5nrQIDAQABo4IC/DCCAvgwHwYDVR0jBBgwFoAUWaRmBlKge5WSPKOUByeWdFv5\nPdAwHQYDVR0OBBYEFNOTKVe6T6O2DZX/OjLtWmdMnPd4MCsGA1UdEQQkMCKCIG9p\nZGMuZWtzLmV1LXdlc3QtMi5hbWF6b25hd3MuY29tMA4GA1UdDwEB/wQEAwIFoDAd\nBgNVHSUEFjAUBggrBgEFBQcDAQYIKwYBBQUHAwIwPQYDVR0fBDYwNDAyoDCgLoYs\naHR0cDovL2NybC5zY2ExYi5hbWF6b250cnVzdC5jb20vc2NhMWItMS5jcmwwEwYD\nVR0gBAwwCjAIBgZngQwBAgEwdQYIKwYBBQUHAQEEaTBnMC0GCCsGAQUFBzABhiFo\ndHRwOi8vb2NzcC5zY2ExYi5hbWF6b250cnVzdC5jb20wNgYIKwYBBQUHMAKGKmh0\ndHA6Ly9jcnQuc2NhMWIuYW1hem9udHJ1c3QuY29tL3NjYTFiLmNydDAMBgNVHRMB\nAf8EAjAAMIIBfwYKKwYBBAHWeQIEAgSCAW8EggFrAWkAdgDoPtDaPvUGNTLnVyi8\niWvJA9PL0RFr7Otp4Xd9bQa9bgAAAYDFFUU5AAAEAwBHMEUCIQCV7YrHFaMLsuG7\nKMvNH53PI1LDiCGpGQunXRJnuASJxwIgJaIM8B01ofRCq7DVZDSBiOWZc4at6MNE\nyRVIlhsR9JgAdwA1zxkbv7FsV78PrUxtQsu7ticgJlHqP+Eq76gDwzvWTAAAAYDF\nFUVXAAAEAwBIMEYCIQCy+Rtq49g9bwgp8dEhXCRyJq6CoAXtv+P3E7SMwCqBJQIh\nAOL419EoUX6U73248gKIHfX7G7ZjvI2L61zEc+YSHMBDAHYAtz77JN+cTbp18jnF\nulj0bF38Qs96nzXEnh0JgSXttJkAAAGAxRVFRgAABAMARzBFAiAytHTEuaKG+F2Y\nSFf+CYs5PHoZfgFqztZf/WSanPF00gIhAPyckvSwG5zbqKIf5EnEuHU/KuEtKYzn\nPLrMfYbiYGSEMA0GCSqGSIb3DQEBCwUAA4IBAQBn02bNlXHXiMujbaTEkSPceh+O\n6zNOsY3wAjIvPUNjYE63yC8BenqPn7HvP3ZCojftjwldUeQvVx+vqTm2ZUTYflXm\nw4WTU9TyQJ4Uwxo8sYCE1/UeeKXSbJsWK7IWS5r5HMMsweKGJDB6LGEIZrnnQ9PS\nFhR9FB80xTbOe7sAfxkh9zYmNIYKYpIPjDu4dJAjvENd934LewcEGuWUEAC62yrD\ncYBSO8FT5eqGpkLTnSYJ7oEnZu/GKeGG7plu+0UWtNB51KPIAJ2SjIVRKxGU0eoY\nZOtZt+DsFBywJlHMWYqxz/GImy1oDeMXtXz9aqHtrhfbsc69uiDLnlgr1/Q6\n-----END CERTIFICATE-----\n",
                "is_ca": false,
                "issuer": "CN=Amazon,OU=Server CA 1B,O=Amazon,C=US",
                "not_after": "2023-06-13T23:59:59Z",
                "not_before": "2022-05-15T00:00:00Z",
                "public_key_algorithm": "RSA",
                "serial_number": "12628766334741556852528304711824631079",
                "sha1_fingerprint": "4b43d7807d48276413b299746f08fd82f37b9f7b",
                "signature_algorithm": "SHA256-RSA",
                "subject": "CN=oidc.eks.eu-west-2.amazonaws.com",
                "version": 3
              }
            ],
            "content": null,
            "id": "2f9db3e6d2a0210250c7f3833ee5ce290f93116d",
            "url": "https://oidc.eks.eu-west-2.amazonaws.com/id/445CA5F83B66C6D0BBFEC782DAC363ED",
            "verify_chain": true
          },
          "sensitive_attributes": []
        }
      ]
    },
    {
      "module": "module.eks",
      "mode": "managed",
      "type": "aws_cloudwatch_log_group",
      "name": "cloudwatch_log_group",
      "provider": "provider[\"registry.terraform.io/hashicorp/aws\"]",
      "instances": [
        {
          "schema_version": 0,
          "attributes": {
            "arn": "arn:aws:logs:eu-west-2:741032333307:log-group:/aws/eks/acn-eks-clstr-testing/cluster",
            "id": "/aws/eks/acn-eks-clstr-testing/cluster",
            "kms_key_id": "",
            "name": "/aws/eks/acn-eks-clstr-testing/cluster",
            "name_prefix": null,
            "retention_in_days": 30,
            "tags": {
              "Name": "acn-eks-clstr-testing-eks-cloudwatch-log-group"
            },
            "tags_all": {
              "Name": "acn-eks-clstr-testing-eks-cloudwatch-log-group"
            }
          },
          "sensitive_attributes": [],
          "private": "bnVsbA==",
          "dependencies": [
            "module.vpc.aws_default_security_group.default",
            "module.vpc.aws_eip.nat_eip",
            "module.vpc.aws_internet_gateway.internet_gw",
            "module.vpc.aws_nat_gateway.nat_gw",
            "module.vpc.aws_route.private_nat_gw_route",
            "module.vpc.aws_route.public_internet_route",
            "module.vpc.aws_route_table.private_rt",
            "module.vpc.aws_route_table.public_rt",
            "module.vpc.aws_route_table_association.private-rt-assotion",
            "module.vpc.aws_route_table_association.public-rt-assotion",
            "module.vpc.aws_security_group.custom",
            "module.vpc.aws_subnet.private_subnet",
            "module.vpc.aws_subnet.public_subnet",
            "module.vpc.aws_vpc.main_vpc"
          ]
        }
      ]
    },
    {
      "module": "module.eks",
      "mode": "managed",
      "type": "aws_eks_cluster",
      "name": "eks_cluster",
      "provider": "provider[\"registry.terraform.io/hashicorp/aws\"]",
      "instances": [
        {
          "schema_version": 0,
          "attributes": {
            "arn": "arn:aws:eks:eu-west-2:741032333307:cluster/acn-eks-clstr-testing",
            "certificate_authority": [
              {
                "data": "LS0tLS1CRUdJTiBDRVJUSUZJQ0FURS0tLS0tCk1JSUMvakNDQWVhZ0F3SUJBZ0lCQURBTkJna3Foa2lHOXcwQkFRc0ZBREFWTVJNd0VRWURWUVFERXdwcmRXSmwKY201bGRHVnpNQjRYRFRJeU1EVXlOVEU0TXpnek9Gb1hEVE15TURVeU1qRTRNemd6T0Zvd0ZURVRNQkVHQTFVRQpBeE1LYTNWaVpYSnVaWFJsY3pDQ0FTSXdEUVlKS29aSWh2Y05BUUVCQlFBRGdnRVBBRENDQVFvQ2dnRUJBUHVMCiswSXFBWVBndGY5eUowdXQxWjlGdnhuVzFOQXAyRWxreXJFOC94OHQycUVLbS92eTdoTHpMeTZES0dNZDFrUi8KY3VpRXl5SmJzVUJ2NXdUejROTEdwd05kYWhLSTIxdlF2TXc1ZlZMdkZRRVNxM0hyZFJwK25VaS9oTGRubFlZagpCdVBXWXhxY0d4dkswS2Z6WEkrUXplTXdOWUlKU05tbVlaa1djV3dqL01ienVhUzhacUJVNzRMUFRkMHNHeVZ6Ck5xRUFEdzF1WFdUOHhjOTgrRVY0UG9xQ3NEWHJBVW5NRnM2VW5peHlTQnVuWUV0Y00wQ3ZERG8yeFd4WFh4dG0KVmVTMjIyR0VFaGM4U1JpLys1Sk9SMmZhTUdqZ1VGeldpM3E1VjJFRmtRck9tb29SOCtDQXlMYlhzc1QzSUFtTgpZb0tucUs1SGtTeHdiRzlaTVpNQ0F3RUFBYU5aTUZjd0RnWURWUjBQQVFIL0JBUURBZ0trTUE4R0ExVWRFd0VCCi93UUZNQU1CQWY4d0hRWURWUjBPQkJZRUZBZHBWcGc3NGlHMmNudXlNRDBOeGxuekdnc2dNQlVHQTFVZEVRUU8KTUF5Q0NtdDFZbVZ5Ym1WMFpYTXdEUVlKS29aSWh2Y05BUUVMQlFBRGdnRUJBQmQyeWRyQkR0eWtnSXh5Vy9vUAp5MFgxQnNwNHdUUGZNMXV1VWRpaWZwUkw3VDZKeGUzSUtTRTI0cHV1OHpoMEVYWDFiV09mb2pPRjZia0I4TFBzCmhxVjJlbktZTTZtVkxPYjVRVTZjTUpJcWxQK3FRbEM3L2c3VGJVSTQ1bm03c3A5cTJ4NlBVMUJPSXZwQnBGbSsKMVRlZWtMekt2ZnBFcHduTkp0ZDRoK2ZKM3l4U21pM21xR0hzZStzaTF4NlBUVWZwSDRmU2ZtZHk5eDRRaVg5awoxSDhFcCtxT0U1cmpwZDd0eWZwM2NSS3hReGVSVzZGeURyM1JEdWttVjh0eWVBRlVDMFhKMWpUQzBnMWRDMDJOClVFM0ZUQ3I0QkpSSHJtVmttc0hVZEFXVXg0dG5iUmhwbXJmakxoR014Wjd5OVZyRVVtV3RwM3JkTlMrL0RobjAKc004PQotLS0tLUVORCBDRVJUSUZJQ0FURS0tLS0tCg=="
              }
            ],
            "created_at": "2022-05-25 18:33:26.227 +0000 UTC",
            "enabled_cluster_log_types": [
              "api",
              "audit",
              "authenticator",
              "controllerManager",
              "scheduler"
            ],
            "encryption_config": [],
            "endpoint": "https://445CA5F83B66C6D0BBFEC782DAC363ED.gr7.eu-west-2.eks.amazonaws.com",
            "id": "acn-eks-clstr-testing",
            "identity": [
              {
                "oidc": [
                  {
                    "issuer": "https://oidc.eks.eu-west-2.amazonaws.com/id/445CA5F83B66C6D0BBFEC782DAC363ED"
                  }
                ]
              }
            ],
            "kubernetes_network_config": [
              {
                "ip_family": "ipv4",
                "service_ipv4_cidr": "10.100.0.0/16"
              }
            ],
            "name": "acn-eks-clstr-testing",
            "platform_version": "eks.1",
            "role_arn": "arn:aws:iam::741032333307:role/acn-eks-clstr-testing-cluster-role",
            "status": "ACTIVE",
            "tags": {},
            "tags_all": {},
            "timeouts": {
              "create": null,
              "delete": "30m",
              "update": null
            },
            "version": "1.22",
            "vpc_config": [
              {
                "cluster_security_group_id": "sg-0bc76456a14af8124",
                "endpoint_private_access": false,
                "endpoint_public_access": true,
                "public_access_cidrs": [
                  "0.0.0.0/0"
                ],
                "security_group_ids": [],
                "subnet_ids": [
                  "subnet-0770874ad3e2d8e3d",
                  "subnet-0a600b18c66e7f728",
                  "subnet-0c9eb80348baf2d90",
                  "subnet-0df84ba95aa4f42f4",
                  "subnet-0f4f1948ef10fd4fe",
                  "subnet-0fd430821e10f100f"
                ],
                "vpc_id": "vpc-08c3dbf3fd58a3450"
              }
            ]
          },
          "sensitive_attributes": [],
          "private": "eyJlMmJmYjczMC1lY2FhLTExZTYtOGY4OC0zNDM2M2JjN2M0YzAiOnsiY3JlYXRlIjoxODAwMDAwMDAwMDAwLCJkZWxldGUiOjE4MDAwMDAwMDAwMDAsInVwZGF0ZSI6MzYwMDAwMDAwMDAwMH19",
          "dependencies": [
            "module.eks.aws_cloudwatch_log_group.cloudwatch_log_group",
            "module.eks.aws_iam_role.eks_cluster_role",
            "module.eks.aws_iam_role_policy_attachment.AmazonEKSClusterPolicy1",
            "module.eks.aws_iam_role_policy_attachment.AmazonEKSVPCResourceController1",
            "module.vpc.aws_default_security_group.default",
            "module.vpc.aws_eip.nat_eip",
            "module.vpc.aws_internet_gateway.internet_gw",
            "module.vpc.aws_nat_gateway.nat_gw",
            "module.vpc.aws_route.private_nat_gw_route",
            "module.vpc.aws_route.public_internet_route",
            "module.vpc.aws_route_table.private_rt",
            "module.vpc.aws_route_table.public_rt",
            "module.vpc.aws_route_table_association.private-rt-assotion",
            "module.vpc.aws_route_table_association.public-rt-assotion",
            "module.vpc.aws_security_group.custom",
            "module.vpc.aws_subnet.private_subnet",
            "module.vpc.aws_subnet.public_subnet",
            "module.vpc.aws_vpc.main_vpc"
          ]
        }
      ]
    },
    {
      "module": "module.eks",
      "mode": "managed",
      "type": "aws_eks_fargate_profile",
      "name": "eks_fargate",
      "provider": "provider[\"registry.terraform.io/hashicorp/aws\"]",
      "instances": [
        {
          "schema_version": 0,
          "attributes": {
            "arn": "arn:aws:eks:eu-west-2:741032333307:fargateprofile/acn-eks-clstr-testing/acn-eks-clstr-testing-app-fargate-profile/18c07e44-1c1a-3815-2696-2bb4e680cd56",
            "cluster_name": "acn-eks-clstr-testing",
            "fargate_profile_name": "acn-eks-clstr-testing-app-fargate-profile",
            "id": "acn-eks-clstr-testing:acn-eks-clstr-testing-app-fargate-profile",
            "pod_execution_role_arn": "arn:aws:iam::741032333307:role/acn-eks-clstr-fargate_cluster_role",
            "selector": [
              {
                "labels": {},
                "namespace": "ns-fargate-app"
              }
            ],
            "status": "ACTIVE",
            "subnet_ids": [
              "subnet-0c9eb80348baf2d90",
              "subnet-0df84ba95aa4f42f4",
              "subnet-0f4f1948ef10fd4fe"
            ],
            "tags": {},
            "tags_all": {},
            "timeouts": {
              "create": "30m",
              "delete": "30m"
            }
          },
          "sensitive_attributes": [],
          "private": "eyJlMmJmYjczMC1lY2FhLTExZTYtOGY4OC0zNDM2M2JjN2M0YzAiOnsiY3JlYXRlIjoxODAwMDAwMDAwMDAwLCJkZWxldGUiOjE4MDAwMDAwMDAwMDB9fQ==",
          "dependencies": [
            "module.eks.aws_cloudwatch_log_group.cloudwatch_log_group",
            "module.eks.aws_eks_cluster.eks_cluster",
            "module.eks.aws_iam_role.eks_cluster_role",
            "module.eks.aws_iam_role.eks_fargate_role",
            "module.eks.aws_iam_role_policy_attachment.AmazonEKSClusterPolicy1",
            "module.eks.aws_iam_role_policy_attachment.AmazonEKSVPCResourceController1",
            "module.vpc.aws_default_security_group.default",
            "module.vpc.aws_eip.nat_eip",
            "module.vpc.aws_internet_gateway.internet_gw",
            "module.vpc.aws_nat_gateway.nat_gw",
            "module.vpc.aws_route.private_nat_gw_route",
            "module.vpc.aws_route.public_internet_route",
            "module.vpc.aws_route_table.private_rt",
            "module.vpc.aws_route_table.public_rt",
            "module.vpc.aws_route_table_association.private-rt-assotion",
            "module.vpc.aws_route_table_association.public-rt-assotion",
            "module.vpc.aws_security_group.custom",
            "module.vpc.aws_subnet.private_subnet",
            "module.vpc.aws_subnet.public_subnet",
            "module.vpc.aws_vpc.main_vpc"
          ]
        }
      ]
    },
    {
      "module": "module.eks",
      "mode": "managed",
      "type": "aws_eks_fargate_profile",
      "name": "eks_fargate_system",
      "provider": "provider[\"registry.terraform.io/hashicorp/aws\"]",
      "instances": [
        {
          "schema_version": 0,
          "attributes": {
            "arn": "arn:aws:eks:eu-west-2:741032333307:fargateprofile/acn-eks-clstr-testing/acn-eks-clstr-testing-system-fargate-profile/78c07e43-362d-d18e-dc8a-6bad02c99f70",
            "cluster_name": "acn-eks-clstr-testing",
            "fargate_profile_name": "acn-eks-clstr-testing-system-fargate-profile",
            "id": "acn-eks-clstr-testing:acn-eks-clstr-testing-system-fargate-profile",
            "pod_execution_role_arn": "arn:aws:iam::741032333307:role/acn-eks-clstr-eks_fargate_system_role",
            "selector": [
              {
                "labels": {},
                "namespace": "kube-system"
              }
            ],
            "status": "ACTIVE",
            "subnet_ids": [
              "subnet-0c9eb80348baf2d90",
              "subnet-0df84ba95aa4f42f4",
              "subnet-0f4f1948ef10fd4fe"
            ],
            "tags": {},
            "tags_all": {},
            "timeouts": {
              "create": "30m",
              "delete": "30m"
            }
          },
          "sensitive_attributes": [],
          "private": "eyJlMmJmYjczMC1lY2FhLTExZTYtOGY4OC0zNDM2M2JjN2M0YzAiOnsiY3JlYXRlIjoxODAwMDAwMDAwMDAwLCJkZWxldGUiOjE4MDAwMDAwMDAwMDB9fQ==",
          "dependencies": [
            "module.eks.aws_cloudwatch_log_group.cloudwatch_log_group",
            "module.eks.aws_eks_cluster.eks_cluster",
            "module.eks.aws_iam_role.eks_cluster_role",
            "module.eks.aws_iam_role.eks_fargate_system_role",
            "module.eks.aws_iam_role_policy_attachment.AmazonEKSClusterPolicy1",
            "module.eks.aws_iam_role_policy_attachment.AmazonEKSVPCResourceController1",
            "module.vpc.aws_default_security_group.default",
            "module.vpc.aws_eip.nat_eip",
            "module.vpc.aws_internet_gateway.internet_gw",
            "module.vpc.aws_nat_gateway.nat_gw",
            "module.vpc.aws_route.private_nat_gw_route",
            "module.vpc.aws_route.public_internet_route",
            "module.vpc.aws_route_table.private_rt",
            "module.vpc.aws_route_table.public_rt",
            "module.vpc.aws_route_table_association.private-rt-assotion",
            "module.vpc.aws_route_table_association.public-rt-assotion",
            "module.vpc.aws_security_group.custom",
            "module.vpc.aws_subnet.private_subnet",
            "module.vpc.aws_subnet.public_subnet",
            "module.vpc.aws_vpc.main_vpc"
          ]
        }
      ]
    },
    {
      "module": "module.eks",
      "mode": "managed",
      "type": "aws_iam_openid_connect_provider",
      "name": "oidc_provider",
      "provider": "provider[\"registry.terraform.io/hashicorp/aws\"]",
      "instances": [
        {
          "schema_version": 0,
          "attributes": {
            "arn": "arn:aws:iam::741032333307:oidc-provider/oidc.eks.eu-west-2.amazonaws.com/id/445CA5F83B66C6D0BBFEC782DAC363ED",
            "client_id_list": [
              "sts.amazonaws.com"
            ],
            "id": "arn:aws:iam::741032333307:oidc-provider/oidc.eks.eu-west-2.amazonaws.com/id/445CA5F83B66C6D0BBFEC782DAC363ED",
            "tags": {
              "Name": "acn-eks-clstr-testing-eks-irsa"
            },
            "tags_all": {
              "Name": "acn-eks-clstr-testing-eks-irsa"
            },
            "thumbprint_list": [
              "9e99a48a9960b14926bb7f3b02e22da2b0ab7280"
            ],
            "url": "oidc.eks.eu-west-2.amazonaws.com/id/445CA5F83B66C6D0BBFEC782DAC363ED"
          },
          "sensitive_attributes": [],
          "private": "bnVsbA==",
          "dependencies": [
            "module.eks.aws_cloudwatch_log_group.cloudwatch_log_group",
            "module.eks.aws_eks_cluster.eks_cluster",
            "module.eks.aws_iam_role.eks_cluster_role",
            "module.eks.aws_iam_role_policy_attachment.AmazonEKSClusterPolicy1",
            "module.eks.aws_iam_role_policy_attachment.AmazonEKSVPCResourceController1",
            "module.eks.data.tls_certificate.auth",
            "module.vpc.aws_default_security_group.default",
            "module.vpc.aws_eip.nat_eip",
            "module.vpc.aws_internet_gateway.internet_gw",
            "module.vpc.aws_nat_gateway.nat_gw",
            "module.vpc.aws_route.private_nat_gw_route",
            "module.vpc.aws_route.public_internet_route",
            "module.vpc.aws_route_table.private_rt",
            "module.vpc.aws_route_table.public_rt",
            "module.vpc.aws_route_table_association.private-rt-assotion",
            "module.vpc.aws_route_table_association.public-rt-assotion",
            "module.vpc.aws_security_group.custom",
            "module.vpc.aws_subnet.private_subnet",
            "module.vpc.aws_subnet.public_subnet",
            "module.vpc.aws_vpc.main_vpc"
          ]
        }
      ]
    },
    {
      "module": "module.eks",
      "mode": "managed",
      "type": "aws_iam_policy",
      "name": "AmazonEKSClusterCloudWatchMetricsPolicy",
      "provider": "provider[\"registry.terraform.io/hashicorp/aws\"]",
      "instances": [
        {
          "schema_version": 0,
          "attributes": {
            "arn": "arn:aws:iam::741032333307:policy/AmazonEKSClusterCloudWatchMetricsPolicy",
            "description": "",
            "id": "arn:aws:iam::741032333307:policy/AmazonEKSClusterCloudWatchMetricsPolicy",
            "name": "AmazonEKSClusterCloudWatchMetricsPolicy",
            "name_prefix": null,
            "path": "/",
            "policy": "{\"Statement\":[{\"Action\":[\"cloudwatch:PutMetricData\"],\"Effect\":\"Allow\",\"Resource\":\"*\"}],\"Version\":\"2012-10-17\"}",
            "policy_id": "ANPA2ZCHYB757HQNAE3AR",
            "tags": {},
            "tags_all": {}
          },
          "sensitive_attributes": [],
          "private": "bnVsbA==",
          "dependencies": [
            "module.vpc.aws_default_security_group.default",
            "module.vpc.aws_eip.nat_eip",
            "module.vpc.aws_internet_gateway.internet_gw",
            "module.vpc.aws_nat_gateway.nat_gw",
            "module.vpc.aws_route.private_nat_gw_route",
            "module.vpc.aws_route.public_internet_route",
            "module.vpc.aws_route_table.private_rt",
            "module.vpc.aws_route_table.public_rt",
            "module.vpc.aws_route_table_association.private-rt-assotion",
            "module.vpc.aws_route_table_association.public-rt-assotion",
            "module.vpc.aws_security_group.custom",
            "module.vpc.aws_subnet.private_subnet",
            "module.vpc.aws_subnet.public_subnet",
            "module.vpc.aws_vpc.main_vpc"
          ]
        }
      ]
    },
    {
      "module": "module.eks",
      "mode": "managed",
      "type": "aws_iam_role",
      "name": "eks_cluster_role",
      "provider": "provider[\"registry.terraform.io/hashicorp/aws\"]",
      "instances": [
        {
          "schema_version": 0,
          "attributes": {
            "arn": "arn:aws:iam::741032333307:role/acn-eks-clstr-testing-cluster-role",
            "assume_role_policy": "{\"Version\":\"2012-10-17\",\"Statement\":[{\"Effect\":\"Allow\",\"Principal\":{\"Service\":[\"eks-fargate-pods.amazonaws.com\",\"eks.amazonaws.com\"]},\"Action\":\"sts:AssumeRole\"}]}",
            "create_date": "2022-05-25T18:31:00Z",
            "description": "Allow cluster to manage node groups, fargate nodes and cloudwatch logs",
            "force_detach_policies": true,
            "id": "acn-eks-clstr-testing-cluster-role",
            "inline_policy": [
              {
                "name": "",
                "policy": ""
              }
            ],
            "managed_policy_arns": [
              "arn:aws:iam::741032333307:policy/AmazonEKSClusterCloudWatchMetricsPolicy",
              "arn:aws:iam::aws:policy/AmazonEKSClusterPolicy",
              "arn:aws:iam::aws:policy/AmazonEKSVPCResourceController"
            ],
            "max_session_duration": 3600,
            "name": "acn-eks-clstr-testing-cluster-role",
            "name_prefix": "",
            "path": "/",
            "permissions_boundary": null,
            "tags": {},
            "tags_all": {},
            "unique_id": "AROA2ZCHYB75YM6EIEKTT"
          },
          "sensitive_attributes": [],
          "private": "bnVsbA==",
          "dependencies": [
            "module.vpc.aws_default_security_group.default",
            "module.vpc.aws_eip.nat_eip",
            "module.vpc.aws_internet_gateway.internet_gw",
            "module.vpc.aws_nat_gateway.nat_gw",
            "module.vpc.aws_route.private_nat_gw_route",
            "module.vpc.aws_route.public_internet_route",
            "module.vpc.aws_route_table.private_rt",
            "module.vpc.aws_route_table.public_rt",
            "module.vpc.aws_route_table_association.private-rt-assotion",
            "module.vpc.aws_route_table_association.public-rt-assotion",
            "module.vpc.aws_security_group.custom",
            "module.vpc.aws_subnet.private_subnet",
            "module.vpc.aws_subnet.public_subnet",
            "module.vpc.aws_vpc.main_vpc"
          ]
        }
      ]
    },
    {
      "module": "module.eks",
      "mode": "managed",
      "type": "aws_iam_role",
      "name": "eks_fargate_role",
      "provider": "provider[\"registry.terraform.io/hashicorp/aws\"]",
      "instances": [
        {
          "schema_version": 0,
          "attributes": {
            "arn": "arn:aws:iam::741032333307:role/acn-eks-clstr-fargate_cluster_role",
            "assume_role_policy": "{\"Version\":\"2012-10-17\",\"Statement\":[{\"Effect\":\"Allow\",\"Principal\":{\"Service\":[\"eks.amazonaws.com\",\"eks-fargate-pods.amazonaws.com\"]},\"Action\":\"sts:AssumeRole\"}]}",
            "create_date": "2022-05-25T18:27:08Z",
            "description": "Allow fargate cluster to allocate resources for running pods",
            "force_detach_policies": true,
            "id": "acn-eks-clstr-fargate_cluster_role",
            "inline_policy": [
              {
                "name": "",
                "policy": ""
              }
            ],
            "managed_policy_arns": [
              "arn:aws:iam::aws:policy/AmazonEKSClusterPolicy",
              "arn:aws:iam::aws:policy/AmazonEKSFargatePodExecutionRolePolicy",
              "arn:aws:iam::aws:policy/AmazonEKSVPCResourceController"
            ],
            "max_session_duration": 3600,
            "name": "acn-eks-clstr-fargate_cluster_role",
            "name_prefix": "",
            "path": "/",
            "permissions_boundary": null,
            "tags": {},
            "tags_all": {},
            "unique_id": "AROA2ZCHYB75ZFX6IS3BM"
          },
          "sensitive_attributes": [],
          "private": "bnVsbA==",
          "dependencies": [
            "module.vpc.aws_default_security_group.default",
            "module.vpc.aws_eip.nat_eip",
            "module.vpc.aws_internet_gateway.internet_gw",
            "module.vpc.aws_nat_gateway.nat_gw",
            "module.vpc.aws_route.private_nat_gw_route",
            "module.vpc.aws_route.public_internet_route",
            "module.vpc.aws_route_table.private_rt",
            "module.vpc.aws_route_table.public_rt",
            "module.vpc.aws_route_table_association.private-rt-assotion",
            "module.vpc.aws_route_table_association.public-rt-assotion",
            "module.vpc.aws_security_group.custom",
            "module.vpc.aws_subnet.private_subnet",
            "module.vpc.aws_subnet.public_subnet",
            "module.vpc.aws_vpc.main_vpc"
          ]
        }
      ]
    },
    {
      "module": "module.eks",
      "mode": "managed",
      "type": "aws_iam_role",
      "name": "eks_fargate_system_role",
      "provider": "provider[\"registry.terraform.io/hashicorp/aws\"]",
      "instances": [
        {
          "schema_version": 0,
          "attributes": {
            "arn": "arn:aws:iam::741032333307:role/acn-eks-clstr-eks_fargate_system_role",
            "assume_role_policy": "{\"Version\":\"2012-10-17\",\"Statement\":[{\"Effect\":\"Allow\",\"Principal\":{\"Service\":[\"eks-fargate-pods.amazonaws.com\",\"eks.amazonaws.com\"]},\"Action\":\"sts:AssumeRole\"}]}",
            "create_date": "2022-05-25T18:25:29Z",
            "description": "Allow fargate cluster to allocate resources for running pods",
            "force_detach_policies": true,
            "id": "acn-eks-clstr-eks_fargate_system_role",
            "inline_policy": [
              {
                "name": "",
                "policy": ""
              }
            ],
            "managed_policy_arns": [
              "arn:aws:iam::aws:policy/AmazonEKSClusterPolicy",
              "arn:aws:iam::aws:policy/AmazonEKSFargatePodExecutionRolePolicy",
              "arn:aws:iam::aws:policy/AmazonEKSVPCResourceController"
            ],
            "max_session_duration": 3600,
            "name": "acn-eks-clstr-eks_fargate_system_role",
            "name_prefix": "",
            "path": "/",
            "permissions_boundary": null,
            "tags": {},
            "tags_all": {},
            "unique_id": "AROA2ZCHYB75YCIGOSZZV"
          },
          "sensitive_attributes": [],
          "private": "bnVsbA==",
          "dependencies": [
            "module.vpc.aws_default_security_group.default",
            "module.vpc.aws_eip.nat_eip",
            "module.vpc.aws_internet_gateway.internet_gw",
            "module.vpc.aws_nat_gateway.nat_gw",
            "module.vpc.aws_route.private_nat_gw_route",
            "module.vpc.aws_route.public_internet_route",
            "module.vpc.aws_route_table.private_rt",
            "module.vpc.aws_route_table.public_rt",
            "module.vpc.aws_route_table_association.private-rt-assotion",
            "module.vpc.aws_route_table_association.public-rt-assotion",
            "module.vpc.aws_security_group.custom",
            "module.vpc.aws_subnet.private_subnet",
            "module.vpc.aws_subnet.public_subnet",
            "module.vpc.aws_vpc.main_vpc"
          ]
        }
      ]
    },
    {
      "module": "module.eks",
      "mode": "managed",
      "type": "aws_iam_role_policy_attachment",
      "name": "AmazonEKSCloudWatchMetricsPolicy",
      "provider": "provider[\"registry.terraform.io/hashicorp/aws\"]",
      "instances": [
        {
          "schema_version": 0,
          "attributes": {
            "id": "acn-eks-clstr-testing-cluster-role-20220525183101765000000003",
            "policy_arn": "arn:aws:iam::741032333307:policy/AmazonEKSClusterCloudWatchMetricsPolicy",
            "role": "acn-eks-clstr-testing-cluster-role"
          },
          "sensitive_attributes": [],
          "private": "bnVsbA==",
          "dependencies": [
            "module.eks.aws_iam_policy.AmazonEKSClusterCloudWatchMetricsPolicy",
            "module.eks.aws_iam_role.eks_cluster_role",
            "module.vpc.aws_default_security_group.default",
            "module.vpc.aws_eip.nat_eip",
            "module.vpc.aws_internet_gateway.internet_gw",
            "module.vpc.aws_nat_gateway.nat_gw",
            "module.vpc.aws_route.private_nat_gw_route",
            "module.vpc.aws_route.public_internet_route",
            "module.vpc.aws_route_table.private_rt",
            "module.vpc.aws_route_table.public_rt",
            "module.vpc.aws_route_table_association.private-rt-assotion",
            "module.vpc.aws_route_table_association.public-rt-assotion",
            "module.vpc.aws_security_group.custom",
            "module.vpc.aws_subnet.private_subnet",
            "module.vpc.aws_subnet.public_subnet",
            "module.vpc.aws_vpc.main_vpc"
          ]
        }
      ]
    },
    {
      "module": "module.eks",
      "mode": "managed",
      "type": "aws_iam_role_policy_attachment",
      "name": "AmazonEKSClusterPolicy",
      "provider": "provider[\"registry.terraform.io/hashicorp/aws\"]",
      "instances": [
        {
          "schema_version": 0,
          "attributes": {
            "id": "acn-eks-clstr-fargate_cluster_role-20220525182710056500000002",
            "policy_arn": "arn:aws:iam::aws:policy/AmazonEKSClusterPolicy",
            "role": "acn-eks-clstr-fargate_cluster_role"
          },
          "sensitive_attributes": [],
          "private": "bnVsbA==",
          "dependencies": [
            "module.eks.aws_iam_role.eks_fargate_role",
            "module.vpc.aws_default_security_group.default",
            "module.vpc.aws_eip.nat_eip",
            "module.vpc.aws_internet_gateway.internet_gw",
            "module.vpc.aws_nat_gateway.nat_gw",
            "module.vpc.aws_route.private_nat_gw_route",
            "module.vpc.aws_route.public_internet_route",
            "module.vpc.aws_route_table.private_rt",
            "module.vpc.aws_route_table.public_rt",
            "module.vpc.aws_route_table_association.private-rt-assotion",
            "module.vpc.aws_route_table_association.public-rt-assotion",
            "module.vpc.aws_security_group.custom",
            "module.vpc.aws_subnet.private_subnet",
            "module.vpc.aws_subnet.public_subnet",
            "module.vpc.aws_vpc.main_vpc"
          ]
        }
      ]
    },
    {
      "module": "module.eks",
      "mode": "managed",
      "type": "aws_iam_role_policy_attachment",
      "name": "AmazonEKSClusterPolicy1",
      "provider": "provider[\"registry.terraform.io/hashicorp/aws\"]",
      "instances": [
        {
          "schema_version": 0,
          "attributes": {
            "id": "acn-eks-clstr-testing-cluster-role-20220525183101641100000002",
            "policy_arn": "arn:aws:iam::aws:policy/AmazonEKSClusterPolicy",
            "role": "acn-eks-clstr-testing-cluster-role"
          },
          "sensitive_attributes": [],
          "private": "bnVsbA==",
          "dependencies": [
            "module.eks.aws_iam_role.eks_cluster_role",
            "module.vpc.aws_default_security_group.default",
            "module.vpc.aws_eip.nat_eip",
            "module.vpc.aws_internet_gateway.internet_gw",
            "module.vpc.aws_nat_gateway.nat_gw",
            "module.vpc.aws_route.private_nat_gw_route",
            "module.vpc.aws_route.public_internet_route",
            "module.vpc.aws_route_table.private_rt",
            "module.vpc.aws_route_table.public_rt",
            "module.vpc.aws_route_table_association.private-rt-assotion",
            "module.vpc.aws_route_table_association.public-rt-assotion",
            "module.vpc.aws_security_group.custom",
            "module.vpc.aws_subnet.private_subnet",
            "module.vpc.aws_subnet.public_subnet",
            "module.vpc.aws_vpc.main_vpc"
          ]
        }
      ]
    },
    {
      "module": "module.eks",
      "mode": "managed",
      "type": "aws_iam_role_policy_attachment",
      "name": "AmazonEKSClusterPolicy2",
      "provider": "provider[\"registry.terraform.io/hashicorp/aws\"]",
      "instances": [
        {
          "schema_version": 0,
          "attributes": {
            "id": "acn-eks-clstr-eks_fargate_system_role-20220525182530866000000001",
            "policy_arn": "arn:aws:iam::aws:policy/AmazonEKSClusterPolicy",
            "role": "acn-eks-clstr-eks_fargate_system_role"
          },
          "sensitive_attributes": [],
          "private": "bnVsbA==",
          "dependencies": [
            "module.eks.aws_iam_role.eks_fargate_system_role",
            "module.vpc.aws_default_security_group.default",
            "module.vpc.aws_eip.nat_eip",
            "module.vpc.aws_internet_gateway.internet_gw",
            "module.vpc.aws_nat_gateway.nat_gw",
            "module.vpc.aws_route.private_nat_gw_route",
            "module.vpc.aws_route.public_internet_route",
            "module.vpc.aws_route_table.private_rt",
            "module.vpc.aws_route_table.public_rt",
            "module.vpc.aws_route_table_association.private-rt-assotion",
            "module.vpc.aws_route_table_association.public-rt-assotion",
            "module.vpc.aws_security_group.custom",
            "module.vpc.aws_subnet.private_subnet",
            "module.vpc.aws_subnet.public_subnet",
            "module.vpc.aws_vpc.main_vpc"
          ]
        }
      ]
    },
    {
      "module": "module.eks",
      "mode": "managed",
      "type": "aws_iam_role_policy_attachment",
      "name": "AmazonEKSFargatePodExecutionRolePolicy",
      "provider": "provider[\"registry.terraform.io/hashicorp/aws\"]",
      "instances": [
        {
          "schema_version": 0,
          "attributes": {
            "id": "acn-eks-clstr-fargate_cluster_role-20220525182710046300000001",
            "policy_arn": "arn:aws:iam::aws:policy/AmazonEKSFargatePodExecutionRolePolicy",
            "role": "acn-eks-clstr-fargate_cluster_role"
          },
          "sensitive_attributes": [],
          "private": "bnVsbA==",
          "dependencies": [
            "module.eks.aws_iam_role.eks_fargate_role",
            "module.vpc.aws_default_security_group.default",
            "module.vpc.aws_eip.nat_eip",
            "module.vpc.aws_internet_gateway.internet_gw",
            "module.vpc.aws_nat_gateway.nat_gw",
            "module.vpc.aws_route.private_nat_gw_route",
            "module.vpc.aws_route.public_internet_route",
            "module.vpc.aws_route_table.private_rt",
            "module.vpc.aws_route_table.public_rt",
            "module.vpc.aws_route_table_association.private-rt-assotion",
            "module.vpc.aws_route_table_association.public-rt-assotion",
            "module.vpc.aws_security_group.custom",
            "module.vpc.aws_subnet.private_subnet",
            "module.vpc.aws_subnet.public_subnet",
            "module.vpc.aws_vpc.main_vpc"
          ]
        }
      ]
    },
    {
      "module": "module.eks",
      "mode": "managed",
      "type": "aws_iam_role_policy_attachment",
      "name": "AmazonEKSFargatePodExecutionRolePolicy2",
      "provider": "provider[\"registry.terraform.io/hashicorp/aws\"]",
      "instances": [
        {
          "schema_version": 0,
          "attributes": {
            "id": "acn-eks-clstr-eks_fargate_system_role-20220525182530877900000003",
            "policy_arn": "arn:aws:iam::aws:policy/AmazonEKSFargatePodExecutionRolePolicy",
            "role": "acn-eks-clstr-eks_fargate_system_role"
          },
          "sensitive_attributes": [],
          "private": "bnVsbA==",
          "dependencies": [
            "module.eks.aws_iam_role.eks_fargate_system_role",
            "module.vpc.aws_default_security_group.default",
            "module.vpc.aws_eip.nat_eip",
            "module.vpc.aws_internet_gateway.internet_gw",
            "module.vpc.aws_nat_gateway.nat_gw",
            "module.vpc.aws_route.private_nat_gw_route",
            "module.vpc.aws_route.public_internet_route",
            "module.vpc.aws_route_table.private_rt",
            "module.vpc.aws_route_table.public_rt",
            "module.vpc.aws_route_table_association.private-rt-assotion",
            "module.vpc.aws_route_table_association.public-rt-assotion",
            "module.vpc.aws_security_group.custom",
            "module.vpc.aws_subnet.private_subnet",
            "module.vpc.aws_subnet.public_subnet",
            "module.vpc.aws_vpc.main_vpc"
          ]
        }
      ]
    },
    {
      "module": "module.eks",
      "mode": "managed",
      "type": "aws_iam_role_policy_attachment",
      "name": "AmazonEKSVPCResourceController",
      "provider": "provider[\"registry.terraform.io/hashicorp/aws\"]",
      "instances": [
        {
          "schema_version": 0,
          "attributes": {
            "id": "acn-eks-clstr-fargate_cluster_role-20220525182710076200000003",
            "policy_arn": "arn:aws:iam::aws:policy/AmazonEKSVPCResourceController",
            "role": "acn-eks-clstr-fargate_cluster_role"
          },
          "sensitive_attributes": [],
          "private": "bnVsbA==",
          "dependencies": [
            "module.eks.aws_iam_role.eks_fargate_role",
            "module.vpc.aws_default_security_group.default",
            "module.vpc.aws_eip.nat_eip",
            "module.vpc.aws_internet_gateway.internet_gw",
            "module.vpc.aws_nat_gateway.nat_gw",
            "module.vpc.aws_route.private_nat_gw_route",
            "module.vpc.aws_route.public_internet_route",
            "module.vpc.aws_route_table.private_rt",
            "module.vpc.aws_route_table.public_rt",
            "module.vpc.aws_route_table_association.private-rt-assotion",
            "module.vpc.aws_route_table_association.public-rt-assotion",
            "module.vpc.aws_security_group.custom",
            "module.vpc.aws_subnet.private_subnet",
            "module.vpc.aws_subnet.public_subnet",
            "module.vpc.aws_vpc.main_vpc"
          ]
        }
      ]
    },
    {
      "module": "module.eks",
      "mode": "managed",
      "type": "aws_iam_role_policy_attachment",
      "name": "AmazonEKSVPCResourceController1",
      "provider": "provider[\"registry.terraform.io/hashicorp/aws\"]",
      "instances": [
        {
          "schema_version": 0,
          "attributes": {
            "id": "acn-eks-clstr-testing-cluster-role-20220525183101630000000001",
            "policy_arn": "arn:aws:iam::aws:policy/AmazonEKSVPCResourceController",
            "role": "acn-eks-clstr-testing-cluster-role"
          },
          "sensitive_attributes": [],
          "private": "bnVsbA==",
          "dependencies": [
            "module.eks.aws_iam_role.eks_cluster_role",
            "module.vpc.aws_default_security_group.default",
            "module.vpc.aws_eip.nat_eip",
            "module.vpc.aws_internet_gateway.internet_gw",
            "module.vpc.aws_nat_gateway.nat_gw",
            "module.vpc.aws_route.private_nat_gw_route",
            "module.vpc.aws_route.public_internet_route",
            "module.vpc.aws_route_table.private_rt",
            "module.vpc.aws_route_table.public_rt",
            "module.vpc.aws_route_table_association.private-rt-assotion",
            "module.vpc.aws_route_table_association.public-rt-assotion",
            "module.vpc.aws_security_group.custom",
            "module.vpc.aws_subnet.private_subnet",
            "module.vpc.aws_subnet.public_subnet",
            "module.vpc.aws_vpc.main_vpc"
          ]
        }
      ]
    },
    {
      "module": "module.eks",
      "mode": "managed",
      "type": "aws_iam_role_policy_attachment",
      "name": "AmazonEKSVPCResourceController2",
      "provider": "provider[\"registry.terraform.io/hashicorp/aws\"]",
      "instances": [
        {
          "schema_version": 0,
          "attributes": {
            "id": "acn-eks-clstr-eks_fargate_system_role-20220525182530866600000002",
            "policy_arn": "arn:aws:iam::aws:policy/AmazonEKSVPCResourceController",
            "role": "acn-eks-clstr-eks_fargate_system_role"
          },
          "sensitive_attributes": [],
          "private": "bnVsbA==",
          "dependencies": [
            "module.eks.aws_iam_role.eks_fargate_system_role",
            "module.vpc.aws_default_security_group.default",
            "module.vpc.aws_eip.nat_eip",
            "module.vpc.aws_internet_gateway.internet_gw",
            "module.vpc.aws_nat_gateway.nat_gw",
            "module.vpc.aws_route.private_nat_gw_route",
            "module.vpc.aws_route.public_internet_route",
            "module.vpc.aws_route_table.private_rt",
            "module.vpc.aws_route_table.public_rt",
            "module.vpc.aws_route_table_association.private-rt-assotion",
            "module.vpc.aws_route_table_association.public-rt-assotion",
            "module.vpc.aws_security_group.custom",
            "module.vpc.aws_subnet.private_subnet",
            "module.vpc.aws_subnet.public_subnet",
            "module.vpc.aws_vpc.main_vpc"
          ]
        }
      ]
    },
    {
      "module": "module.vpc",
      "mode": "managed",
      "type": "aws_default_security_group",
      "name": "default",
      "provider": "provider[\"registry.terraform.io/hashicorp/aws\"]",
      "instances": [
        {
          "schema_version": 1,
          "attributes": {
            "arn": "arn:aws:ec2:eu-west-2:741032333307:security-group/sg-026116d5bddbd9cc6",
            "description": "default VPC security group",
            "egress": [
              {
                "cidr_blocks": [
                  "0.0.0.0/0"
                ],
                "description": "",
                "from_port": 0,
                "ipv6_cidr_blocks": [],
                "prefix_list_ids": [],
                "protocol": "-1",
                "security_groups": [],
                "self": false,
                "to_port": 0
              }
            ],
            "id": "sg-026116d5bddbd9cc6",
            "ingress": [
              {
                "cidr_blocks": [],
                "description": "",
                "from_port": 0,
                "ipv6_cidr_blocks": [],
                "prefix_list_ids": [],
                "protocol": "-1",
                "security_groups": [],
                "self": true,
                "to_port": 0
              }
            ],
            "name": "default",
            "owner_id": "741032333307",
            "revoke_rules_on_delete": false,
            "tags": {
              "Environment": "testing",
              "Group": "eks-fargate",
              "Name": "default-sg-acn-eks-clstr-testing"
            },
            "tags_all": {
              "Environment": "testing",
              "Group": "eks-fargate",
              "Name": "default-sg-acn-eks-clstr-testing"
            },
            "vpc_id": "vpc-08c3dbf3fd58a3450"
          },
          "sensitive_attributes": [],
          "private": "eyJzY2hlbWFfdmVyc2lvbiI6IjEifQ==",
          "dependencies": [
            "module.vpc.aws_vpc.main_vpc"
          ]
        }
      ]
    },
    {
      "module": "module.vpc",
      "mode": "managed",
      "type": "aws_eip",
      "name": "nat_eip",
      "provider": "provider[\"registry.terraform.io/hashicorp/aws\"]",
      "instances": [
        {
          "index_key": 0,
          "schema_version": 0,
          "attributes": {
            "address": null,
            "allocation_id": "eipalloc-01fe2915e25843481",
            "associate_with_private_ip": null,
            "association_id": "eipassoc-013cef6f566429d32",
            "carrier_ip": "",
            "customer_owned_ip": "",
            "customer_owned_ipv4_pool": "",
            "domain": "vpc",
            "id": "eipalloc-01fe2915e25843481",
            "instance": "",
            "network_border_group": "eu-west-2",
            "network_interface": "eni-0ac172921c315ff9d",
            "private_dns": "ip-192-168-0-214.eu-west-2.compute.internal",
            "private_ip": "192.168.0.214",
            "public_dns": "ec2-18-132-92-17.eu-west-2.compute.amazonaws.com",
            "public_ip": "18.132.92.17",
            "public_ipv4_pool": "amazon",
            "tags": {
              "Environment": "testing",
              "Group": "eks-fargate",
              "Name": "nat-ip-1-testing"
            },
            "tags_all": {
              "Environment": "testing",
              "Group": "eks-fargate",
              "Name": "nat-ip-1-testing"
            },
            "timeouts": null,
            "vpc": true
          },
          "sensitive_attributes": [],
          "private": "eyJlMmJmYjczMC1lY2FhLTExZTYtOGY4OC0zNDM2M2JjN2M0YzAiOnsiZGVsZXRlIjoxODAwMDAwMDAwMDAsInJlYWQiOjkwMDAwMDAwMDAwMCwidXBkYXRlIjozMDAwMDAwMDAwMDB9fQ==",
          "dependencies": [
            "module.vpc.aws_internet_gateway.internet_gw",
            "module.vpc.aws_subnet.public_subnet",
            "module.vpc.aws_vpc.main_vpc"
          ]
        },
        {
          "index_key": 1,
          "schema_version": 0,
          "attributes": {
            "address": null,
            "allocation_id": "eipalloc-09de2dbc734e0ef34",
            "associate_with_private_ip": null,
            "association_id": "eipassoc-0983d64056c2414fc",
            "carrier_ip": "",
            "customer_owned_ip": "",
            "customer_owned_ipv4_pool": "",
            "domain": "vpc",
            "id": "eipalloc-09de2dbc734e0ef34",
            "instance": "",
            "network_border_group": "eu-west-2",
            "network_interface": "eni-074d0bfe773be9e78",
            "private_dns": "ip-192-168-1-59.eu-west-2.compute.internal",
            "private_ip": "192.168.1.59",
            "public_dns": "ec2-3-11-226-148.eu-west-2.compute.amazonaws.com",
            "public_ip": "3.11.226.148",
            "public_ipv4_pool": "amazon",
            "tags": {
              "Environment": "testing",
              "Group": "eks-fargate",
              "Name": "nat-ip-2-testing"
            },
            "tags_all": {
              "Environment": "testing",
              "Group": "eks-fargate",
              "Name": "nat-ip-2-testing"
            },
            "timeouts": null,
            "vpc": true
          },
          "sensitive_attributes": [],
          "private": "eyJlMmJmYjczMC1lY2FhLTExZTYtOGY4OC0zNDM2M2JjN2M0YzAiOnsiZGVsZXRlIjoxODAwMDAwMDAwMDAsInJlYWQiOjkwMDAwMDAwMDAwMCwidXBkYXRlIjozMDAwMDAwMDAwMDB9fQ==",
          "dependencies": [
            "module.vpc.aws_internet_gateway.internet_gw",
            "module.vpc.aws_subnet.public_subnet",
            "module.vpc.aws_vpc.main_vpc"
          ]
        },
        {
          "index_key": 2,
          "schema_version": 0,
          "attributes": {
            "address": null,
            "allocation_id": "eipalloc-07147209d1c7750e0",
            "associate_with_private_ip": null,
            "association_id": "eipassoc-024e3e34f686d2d84",
            "carrier_ip": "",
            "customer_owned_ip": "",
            "customer_owned_ipv4_pool": "",
            "domain": "vpc",
            "id": "eipalloc-07147209d1c7750e0",
            "instance": "",
            "network_border_group": "eu-west-2",
            "network_interface": "eni-0c1a3fdbe2e996cf8",
            "private_dns": "ip-192-168-2-240.eu-west-2.compute.internal",
            "private_ip": "192.168.2.240",
            "public_dns": "ec2-3-8-110-192.eu-west-2.compute.amazonaws.com",
            "public_ip": "3.8.110.192",
            "public_ipv4_pool": "amazon",
            "tags": {
              "Environment": "testing",
              "Group": "eks-fargate",
              "Name": "nat-ip-3-testing"
            },
            "tags_all": {
              "Environment": "testing",
              "Group": "eks-fargate",
              "Name": "nat-ip-3-testing"
            },
            "timeouts": null,
            "vpc": true
          },
          "sensitive_attributes": [],
          "private": "eyJlMmJmYjczMC1lY2FhLTExZTYtOGY4OC0zNDM2M2JjN2M0YzAiOnsiZGVsZXRlIjoxODAwMDAwMDAwMDAsInJlYWQiOjkwMDAwMDAwMDAwMCwidXBkYXRlIjozMDAwMDAwMDAwMDB9fQ==",
          "dependencies": [
            "module.vpc.aws_internet_gateway.internet_gw",
            "module.vpc.aws_subnet.public_subnet",
            "module.vpc.aws_vpc.main_vpc"
          ]
        }
      ]
    },
    {
      "module": "module.vpc",
      "mode": "managed",
      "type": "aws_internet_gateway",
      "name": "internet_gw",
      "provider": "provider[\"registry.terraform.io/hashicorp/aws\"]",
      "instances": [
        {
          "schema_version": 0,
          "attributes": {
            "arn": "arn:aws:ec2:eu-west-2:741032333307:internet-gateway/igw-022a77dce08ddb692",
            "id": "igw-022a77dce08ddb692",
            "owner_id": "741032333307",
            "tags": {
              "Environment": "testing",
              "Group": "eks-fargate",
              "Name": "internet_gw-testing"
            },
            "tags_all": {
              "Environment": "testing",
              "Group": "eks-fargate",
              "Name": "internet_gw-testing"
            },
            "vpc_id": "vpc-08c3dbf3fd58a3450"
          },
          "sensitive_attributes": [],
          "private": "bnVsbA==",
          "dependencies": [
            "module.vpc.aws_subnet.public_subnet",
            "module.vpc.aws_vpc.main_vpc"
          ]
        }
      ]
    },
    {
      "module": "module.vpc",
      "mode": "managed",
      "type": "aws_nat_gateway",
      "name": "nat_gw",
      "provider": "provider[\"registry.terraform.io/hashicorp/aws\"]",
      "instances": [
        {
          "index_key": 0,
          "schema_version": 0,
          "attributes": {
            "allocation_id": "eipalloc-01fe2915e25843481",
            "connectivity_type": "public",
            "id": "nat-0dd76fd186b8c81b7",
            "network_interface_id": "eni-0ac172921c315ff9d",
            "private_ip": "192.168.0.214",
            "public_ip": "18.132.92.17",
            "subnet_id": "subnet-0770874ad3e2d8e3d",
            "tags": {
              "Environment": "testing",
              "Group": "eks-fargate",
              "Name": "nat_gateway-1-testing"
            },
            "tags_all": {
              "Environment": "testing",
              "Group": "eks-fargate",
              "Name": "nat_gateway-1-testing"
            }
          },
          "sensitive_attributes": [],
          "private": "bnVsbA==",
          "dependencies": [
            "module.vpc.aws_eip.nat_eip",
            "module.vpc.aws_internet_gateway.internet_gw",
            "module.vpc.aws_subnet.public_subnet",
            "module.vpc.aws_vpc.main_vpc"
          ]
        },
        {
          "index_key": 1,
          "schema_version": 0,
          "attributes": {
            "allocation_id": "eipalloc-09de2dbc734e0ef34",
            "connectivity_type": "public",
            "id": "nat-0652f7b8900ef7ed4",
            "network_interface_id": "eni-074d0bfe773be9e78",
            "private_ip": "192.168.1.59",
            "public_ip": "3.11.226.148",
            "subnet_id": "subnet-0a600b18c66e7f728",
            "tags": {
              "Environment": "testing",
              "Group": "eks-fargate",
              "Name": "nat_gateway-2-testing"
            },
            "tags_all": {
              "Environment": "testing",
              "Group": "eks-fargate",
              "Name": "nat_gateway-2-testing"
            }
          },
          "sensitive_attributes": [],
          "private": "bnVsbA==",
          "dependencies": [
            "module.vpc.aws_eip.nat_eip",
            "module.vpc.aws_internet_gateway.internet_gw",
            "module.vpc.aws_subnet.public_subnet",
            "module.vpc.aws_vpc.main_vpc"
          ]
        },
        {
          "index_key": 2,
          "schema_version": 0,
          "attributes": {
            "allocation_id": "eipalloc-07147209d1c7750e0",
            "connectivity_type": "public",
            "id": "nat-078e7500a982105f6",
            "network_interface_id": "eni-0c1a3fdbe2e996cf8",
            "private_ip": "192.168.2.240",
            "public_ip": "3.8.110.192",
            "subnet_id": "subnet-0fd430821e10f100f",
            "tags": {
              "Environment": "testing",
              "Group": "eks-fargate",
              "Name": "nat_gateway-3-testing"
            },
            "tags_all": {
              "Environment": "testing",
              "Group": "eks-fargate",
              "Name": "nat_gateway-3-testing"
            }
          },
          "sensitive_attributes": [],
          "private": "bnVsbA==",
          "dependencies": [
            "module.vpc.aws_eip.nat_eip",
            "module.vpc.aws_internet_gateway.internet_gw",
            "module.vpc.aws_subnet.public_subnet",
            "module.vpc.aws_vpc.main_vpc"
          ]
        }
      ]
    },
    {
      "module": "module.vpc",
      "mode": "managed",
      "type": "aws_route",
      "name": "private_nat_gw_route",
      "provider": "provider[\"registry.terraform.io/hashicorp/aws\"]",
      "instances": [
        {
          "index_key": 0,
          "schema_version": 0,
          "attributes": {
            "carrier_gateway_id": "",
            "core_network_arn": "",
            "destination_cidr_block": "0.0.0.0/0",
            "destination_ipv6_cidr_block": "",
            "destination_prefix_list_id": "",
            "egress_only_gateway_id": "",
            "gateway_id": "",
            "id": "r-rtb-07f01b43838d356501080289494",
            "instance_id": "",
            "instance_owner_id": "",
            "local_gateway_id": "",
            "nat_gateway_id": "nat-0dd76fd186b8c81b7",
            "network_interface_id": "",
            "origin": "CreateRoute",
            "route_table_id": "rtb-07f01b43838d35650",
            "state": "active",
            "timeouts": null,
            "transit_gateway_id": "",
            "vpc_endpoint_id": "",
            "vpc_peering_connection_id": ""
          },
          "sensitive_attributes": [],
          "private": "eyJlMmJmYjczMC1lY2FhLTExZTYtOGY4OC0zNDM2M2JjN2M0YzAiOnsiY3JlYXRlIjozMDAwMDAwMDAwMDAsImRlbGV0ZSI6MzAwMDAwMDAwMDAwLCJ1cGRhdGUiOjEyMDAwMDAwMDAwMH19",
          "dependencies": [
            "module.vpc.aws_nat_gateway.nat_gw",
            "module.vpc.aws_route_table.private_rt",
            "module.vpc.aws_subnet.private_subnet"
          ]
        },
        {
          "index_key": 1,
          "schema_version": 0,
          "attributes": {
            "carrier_gateway_id": "",
            "core_network_arn": "",
            "destination_cidr_block": "0.0.0.0/0",
            "destination_ipv6_cidr_block": "",
            "destination_prefix_list_id": "",
            "egress_only_gateway_id": "",
            "gateway_id": "",
            "id": "r-rtb-097d42f553ccef1911080289494",
            "instance_id": "",
            "instance_owner_id": "",
            "local_gateway_id": "",
            "nat_gateway_id": "nat-0652f7b8900ef7ed4",
            "network_interface_id": "",
            "origin": "CreateRoute",
            "route_table_id": "rtb-097d42f553ccef191",
            "state": "active",
            "timeouts": null,
            "transit_gateway_id": "",
            "vpc_endpoint_id": "",
            "vpc_peering_connection_id": ""
          },
          "sensitive_attributes": [],
          "private": "eyJlMmJmYjczMC1lY2FhLTExZTYtOGY4OC0zNDM2M2JjN2M0YzAiOnsiY3JlYXRlIjozMDAwMDAwMDAwMDAsImRlbGV0ZSI6MzAwMDAwMDAwMDAwLCJ1cGRhdGUiOjEyMDAwMDAwMDAwMH19",
          "dependencies": [
            "module.vpc.aws_nat_gateway.nat_gw",
            "module.vpc.aws_route_table.private_rt",
            "module.vpc.aws_subnet.private_subnet"
          ]
        },
        {
          "index_key": 2,
          "schema_version": 0,
          "attributes": {
            "carrier_gateway_id": "",
            "core_network_arn": "",
            "destination_cidr_block": "0.0.0.0/0",
            "destination_ipv6_cidr_block": "",
            "destination_prefix_list_id": "",
            "egress_only_gateway_id": "",
            "gateway_id": "",
            "id": "r-rtb-07c91cbf45f054bd91080289494",
            "instance_id": "",
            "instance_owner_id": "",
            "local_gateway_id": "",
            "nat_gateway_id": "nat-078e7500a982105f6",
            "network_interface_id": "",
            "origin": "CreateRoute",
            "route_table_id": "rtb-07c91cbf45f054bd9",
            "state": "active",
            "timeouts": null,
            "transit_gateway_id": "",
            "vpc_endpoint_id": "",
            "vpc_peering_connection_id": ""
          },
          "sensitive_attributes": [],
          "private": "eyJlMmJmYjczMC1lY2FhLTExZTYtOGY4OC0zNDM2M2JjN2M0YzAiOnsiY3JlYXRlIjozMDAwMDAwMDAwMDAsImRlbGV0ZSI6MzAwMDAwMDAwMDAwLCJ1cGRhdGUiOjEyMDAwMDAwMDAwMH19",
          "dependencies": [
            "module.vpc.aws_nat_gateway.nat_gw",
            "module.vpc.aws_route_table.private_rt",
            "module.vpc.aws_subnet.private_subnet"
          ]
        }
      ]
    },
    {
      "module": "module.vpc",
      "mode": "managed",
      "type": "aws_route",
      "name": "public_internet_route",
      "provider": "provider[\"registry.terraform.io/hashicorp/aws\"]",
      "instances": [
        {
          "schema_version": 0,
          "attributes": {
            "carrier_gateway_id": "",
            "core_network_arn": "",
            "destination_cidr_block": "0.0.0.0/0",
            "destination_ipv6_cidr_block": "",
            "destination_prefix_list_id": "",
            "egress_only_gateway_id": "",
            "gateway_id": "igw-022a77dce08ddb692",
            "id": "r-rtb-085d0731ed941030a1080289494",
            "instance_id": "",
            "instance_owner_id": "",
            "local_gateway_id": "",
            "nat_gateway_id": "",
            "network_interface_id": "",
            "origin": "CreateRoute",
            "route_table_id": "rtb-085d0731ed941030a",
            "state": "active",
            "timeouts": null,
            "transit_gateway_id": "",
            "vpc_endpoint_id": "",
            "vpc_peering_connection_id": ""
          },
          "sensitive_attributes": [],
          "private": "eyJlMmJmYjczMC1lY2FhLTExZTYtOGY4OC0zNDM2M2JjN2M0YzAiOnsiY3JlYXRlIjozMDAwMDAwMDAwMDAsImRlbGV0ZSI6MzAwMDAwMDAwMDAwLCJ1cGRhdGUiOjEyMDAwMDAwMDAwMH19",
          "dependencies": [
            "module.vpc.aws_internet_gateway.internet_gw",
            "module.vpc.aws_route_table.public_rt",
            "module.vpc.aws_subnet.public_subnet",
            "module.vpc.aws_vpc.main_vpc"
          ]
        }
      ]
    },
    {
      "module": "module.vpc",
      "mode": "managed",
      "type": "aws_route_table",
      "name": "private_rt",
      "provider": "provider[\"registry.terraform.io/hashicorp/aws\"]",
      "instances": [
        {
          "index_key": 0,
          "schema_version": 0,
          "attributes": {
            "arn": "arn:aws:ec2:eu-west-2:741032333307:route-table/rtb-07f01b43838d35650",
            "id": "rtb-07f01b43838d35650",
            "owner_id": "741032333307",
            "propagating_vgws": [],
            "route": [
              {
                "carrier_gateway_id": "",
                "cidr_block": "0.0.0.0/0",
                "core_network_arn": "",
                "destination_prefix_list_id": "",
                "egress_only_gateway_id": "",
                "gateway_id": "",
                "instance_id": "",
                "ipv6_cidr_block": "",
                "local_gateway_id": "",
                "nat_gateway_id": "nat-0dd76fd186b8c81b7",
                "network_interface_id": "",
                "transit_gateway_id": "",
                "vpc_endpoint_id": "",
                "vpc_peering_connection_id": ""
              }
            ],
            "tags": {
              "Environment": "testing",
              "Group": "eks-fargate",
              "Name": "private-route-table-1-testing"
            },
            "tags_all": {
              "Environment": "testing",
              "Group": "eks-fargate",
              "Name": "private-route-table-1-testing"
            },
            "timeouts": null,
            "vpc_id": "vpc-08c3dbf3fd58a3450"
          },
          "sensitive_attributes": [],
          "private": "eyJlMmJmYjczMC1lY2FhLTExZTYtOGY4OC0zNDM2M2JjN2M0YzAiOnsiY3JlYXRlIjozMDAwMDAwMDAwMDAsImRlbGV0ZSI6MzAwMDAwMDAwMDAwLCJ1cGRhdGUiOjEyMDAwMDAwMDAwMH19",
          "dependencies": [
            "module.vpc.aws_subnet.private_subnet",
            "module.vpc.aws_vpc.main_vpc"
          ]
        },
        {
          "index_key": 1,
          "schema_version": 0,
          "attributes": {
            "arn": "arn:aws:ec2:eu-west-2:741032333307:route-table/rtb-097d42f553ccef191",
            "id": "rtb-097d42f553ccef191",
            "owner_id": "741032333307",
            "propagating_vgws": [],
            "route": [
              {
                "carrier_gateway_id": "",
                "cidr_block": "0.0.0.0/0",
                "core_network_arn": "",
                "destination_prefix_list_id": "",
                "egress_only_gateway_id": "",
                "gateway_id": "",
                "instance_id": "",
                "ipv6_cidr_block": "",
                "local_gateway_id": "",
                "nat_gateway_id": "nat-0652f7b8900ef7ed4",
                "network_interface_id": "",
                "transit_gateway_id": "",
                "vpc_endpoint_id": "",
                "vpc_peering_connection_id": ""
              }
            ],
            "tags": {
              "Environment": "testing",
              "Group": "eks-fargate",
              "Name": "private-route-table-2-testing"
            },
            "tags_all": {
              "Environment": "testing",
              "Group": "eks-fargate",
              "Name": "private-route-table-2-testing"
            },
            "timeouts": null,
            "vpc_id": "vpc-08c3dbf3fd58a3450"
          },
          "sensitive_attributes": [],
          "private": "eyJlMmJmYjczMC1lY2FhLTExZTYtOGY4OC0zNDM2M2JjN2M0YzAiOnsiY3JlYXRlIjozMDAwMDAwMDAwMDAsImRlbGV0ZSI6MzAwMDAwMDAwMDAwLCJ1cGRhdGUiOjEyMDAwMDAwMDAwMH19",
          "dependencies": [
            "module.vpc.aws_subnet.private_subnet",
            "module.vpc.aws_vpc.main_vpc"
          ]
        },
        {
          "index_key": 2,
          "schema_version": 0,
          "attributes": {
            "arn": "arn:aws:ec2:eu-west-2:741032333307:route-table/rtb-07c91cbf45f054bd9",
            "id": "rtb-07c91cbf45f054bd9",
            "owner_id": "741032333307",
            "propagating_vgws": [],
            "route": [
              {
                "carrier_gateway_id": "",
                "cidr_block": "0.0.0.0/0",
                "core_network_arn": "",
                "destination_prefix_list_id": "",
                "egress_only_gateway_id": "",
                "gateway_id": "",
                "instance_id": "",
                "ipv6_cidr_block": "",
                "local_gateway_id": "",
                "nat_gateway_id": "nat-078e7500a982105f6",
                "network_interface_id": "",
                "transit_gateway_id": "",
                "vpc_endpoint_id": "",
                "vpc_peering_connection_id": ""
              }
            ],
            "tags": {
              "Environment": "testing",
              "Group": "eks-fargate",
              "Name": "private-route-table-3-testing"
            },
            "tags_all": {
              "Environment": "testing",
              "Group": "eks-fargate",
              "Name": "private-route-table-3-testing"
            },
            "timeouts": null,
            "vpc_id": "vpc-08c3dbf3fd58a3450"
          },
          "sensitive_attributes": [],
          "private": "eyJlMmJmYjczMC1lY2FhLTExZTYtOGY4OC0zNDM2M2JjN2M0YzAiOnsiY3JlYXRlIjozMDAwMDAwMDAwMDAsImRlbGV0ZSI6MzAwMDAwMDAwMDAwLCJ1cGRhdGUiOjEyMDAwMDAwMDAwMH19",
          "dependencies": [
            "module.vpc.aws_subnet.private_subnet",
            "module.vpc.aws_vpc.main_vpc"
          ]
        }
      ]
    },
    {
      "module": "module.vpc",
      "mode": "managed",
      "type": "aws_route_table",
      "name": "public_rt",
      "provider": "provider[\"registry.terraform.io/hashicorp/aws\"]",
      "instances": [
        {
          "schema_version": 0,
          "attributes": {
            "arn": "arn:aws:ec2:eu-west-2:741032333307:route-table/rtb-085d0731ed941030a",
            "id": "rtb-085d0731ed941030a",
            "owner_id": "741032333307",
            "propagating_vgws": [],
            "route": [
              {
                "carrier_gateway_id": "",
                "cidr_block": "0.0.0.0/0",
                "core_network_arn": "",
                "destination_prefix_list_id": "",
                "egress_only_gateway_id": "",
                "gateway_id": "igw-022a77dce08ddb692",
                "instance_id": "",
                "ipv6_cidr_block": "",
                "local_gateway_id": "",
                "nat_gateway_id": "",
                "network_interface_id": "",
                "transit_gateway_id": "",
                "vpc_endpoint_id": "",
                "vpc_peering_connection_id": ""
              }
            ],
            "tags": {
              "Environment": "testing",
              "Group": "eks-fargate",
              "Name": "public-route-table-testing"
            },
            "tags_all": {
              "Environment": "testing",
              "Group": "eks-fargate",
              "Name": "public-route-table-testing"
            },
            "timeouts": null,
            "vpc_id": "vpc-08c3dbf3fd58a3450"
          },
          "sensitive_attributes": [],
          "private": "eyJlMmJmYjczMC1lY2FhLTExZTYtOGY4OC0zNDM2M2JjN2M0YzAiOnsiY3JlYXRlIjozMDAwMDAwMDAwMDAsImRlbGV0ZSI6MzAwMDAwMDAwMDAwLCJ1cGRhdGUiOjEyMDAwMDAwMDAwMH19",
          "dependencies": [
            "module.vpc.aws_subnet.public_subnet",
            "module.vpc.aws_vpc.main_vpc"
          ]
        }
      ]
    },
    {
      "module": "module.vpc",
      "mode": "managed",
      "type": "aws_route_table_association",
      "name": "private-rt-assotion",
      "provider": "provider[\"registry.terraform.io/hashicorp/aws\"]",
      "instances": [
        {
          "index_key": 0,
          "schema_version": 0,
          "attributes": {
            "gateway_id": "",
            "id": "rtbassoc-02472f010cfd171c2",
            "route_table_id": "rtb-07f01b43838d35650",
            "subnet_id": "subnet-0df84ba95aa4f42f4"
          },
          "sensitive_attributes": [],
          "private": "bnVsbA==",
          "dependencies": [
            "module.vpc.aws_eip.nat_eip",
            "module.vpc.aws_internet_gateway.internet_gw",
            "module.vpc.aws_nat_gateway.nat_gw",
            "module.vpc.aws_route.private_nat_gw_route",
            "module.vpc.aws_route_table.private_rt",
            "module.vpc.aws_subnet.private_subnet",
            "module.vpc.aws_subnet.public_subnet",
            "module.vpc.aws_vpc.main_vpc"
          ]
        },
        {
          "index_key": 1,
          "schema_version": 0,
          "attributes": {
            "gateway_id": "",
            "id": "rtbassoc-08e9bf77812a01c78",
            "route_table_id": "rtb-097d42f553ccef191",
            "subnet_id": "subnet-0f4f1948ef10fd4fe"
          },
          "sensitive_attributes": [],
          "private": "bnVsbA==",
          "dependencies": [
            "module.vpc.aws_eip.nat_eip",
            "module.vpc.aws_internet_gateway.internet_gw",
            "module.vpc.aws_nat_gateway.nat_gw",
            "module.vpc.aws_route.private_nat_gw_route",
            "module.vpc.aws_route_table.private_rt",
            "module.vpc.aws_subnet.private_subnet",
            "module.vpc.aws_subnet.public_subnet",
            "module.vpc.aws_vpc.main_vpc"
          ]
        },
        {
          "index_key": 2,
          "schema_version": 0,
          "attributes": {
            "gateway_id": "",
            "id": "rtbassoc-036a0598ac00c0d73",
            "route_table_id": "rtb-07c91cbf45f054bd9",
            "subnet_id": "subnet-0c9eb80348baf2d90"
          },
          "sensitive_attributes": [],
          "private": "bnVsbA==",
          "dependencies": [
            "module.vpc.aws_eip.nat_eip",
            "module.vpc.aws_internet_gateway.internet_gw",
            "module.vpc.aws_nat_gateway.nat_gw",
            "module.vpc.aws_route.private_nat_gw_route",
            "module.vpc.aws_route_table.private_rt",
            "module.vpc.aws_subnet.private_subnet",
            "module.vpc.aws_subnet.public_subnet",
            "module.vpc.aws_vpc.main_vpc"
          ]
        }
      ]
    },
    {
      "module": "module.vpc",
      "mode": "managed",
      "type": "aws_route_table_association",
      "name": "public-rt-assotion",
      "provider": "provider[\"registry.terraform.io/hashicorp/aws\"]",
      "instances": [
        {
          "index_key": 0,
          "schema_version": 0,
          "attributes": {
            "gateway_id": "",
            "id": "rtbassoc-0dd553c6afa258cac",
            "route_table_id": "rtb-085d0731ed941030a",
            "subnet_id": "subnet-0770874ad3e2d8e3d"
          },
          "sensitive_attributes": [],
          "private": "bnVsbA==",
          "dependencies": [
            "module.vpc.aws_internet_gateway.internet_gw",
            "module.vpc.aws_route.public_internet_route",
            "module.vpc.aws_route_table.public_rt",
            "module.vpc.aws_subnet.public_subnet",
            "module.vpc.aws_vpc.main_vpc"
          ]
        },
        {
          "index_key": 1,
          "schema_version": 0,
          "attributes": {
            "gateway_id": "",
            "id": "rtbassoc-090d6ae59d191679b",
            "route_table_id": "rtb-085d0731ed941030a",
            "subnet_id": "subnet-0a600b18c66e7f728"
          },
          "sensitive_attributes": [],
          "private": "bnVsbA==",
          "dependencies": [
            "module.vpc.aws_internet_gateway.internet_gw",
            "module.vpc.aws_route.public_internet_route",
            "module.vpc.aws_route_table.public_rt",
            "module.vpc.aws_subnet.public_subnet",
            "module.vpc.aws_vpc.main_vpc"
          ]
        },
        {
          "index_key": 2,
          "schema_version": 0,
          "attributes": {
            "gateway_id": "",
            "id": "rtbassoc-08f66ae6bf68ee1ae",
            "route_table_id": "rtb-085d0731ed941030a",
            "subnet_id": "subnet-0fd430821e10f100f"
          },
          "sensitive_attributes": [],
          "private": "bnVsbA==",
          "dependencies": [
            "module.vpc.aws_internet_gateway.internet_gw",
            "module.vpc.aws_route.public_internet_route",
            "module.vpc.aws_route_table.public_rt",
            "module.vpc.aws_subnet.public_subnet",
            "module.vpc.aws_vpc.main_vpc"
          ]
        }
      ]
    },
    {
      "module": "module.vpc",
      "mode": "managed",
      "type": "aws_security_group",
      "name": "custom",
      "provider": "provider[\"registry.terraform.io/hashicorp/aws\"]",
      "instances": [
        {
          "schema_version": 1,
          "attributes": {
            "arn": "arn:aws:ec2:eu-west-2:741032333307:security-group/sg-0e2f11acdd1473a73",
            "description": "Custom security group to allow inbound/outbound from the multiple sources",
            "egress": [
              {
                "cidr_blocks": [
                  "0.0.0.0/0"
                ],
                "description": "All traffic allowed to Internet from VPC",
                "from_port": 0,
                "ipv6_cidr_blocks": [],
                "prefix_list_ids": [],
                "protocol": "-1",
                "security_groups": [],
                "self": false,
                "to_port": 0
              }
            ],
            "id": "sg-0e2f11acdd1473a73",
            "ingress": [
              {
                "cidr_blocks": [
                  "0.0.0.0/0"
                ],
                "description": "Receive traffic from internet on HTTP Port 80",
                "from_port": 80,
                "ipv6_cidr_blocks": [],
                "prefix_list_ids": [],
                "protocol": "tcp",
                "security_groups": [],
                "self": false,
                "to_port": 80
              },
              {
                "cidr_blocks": [
                  "0.0.0.0/0"
                ],
                "description": "Receive traffic from internet on TLS Port 443",
                "from_port": 443,
                "ipv6_cidr_blocks": [],
                "prefix_list_ids": [],
                "protocol": "tcp",
                "security_groups": [],
                "self": false,
                "to_port": 443
              }
            ],
            "name": "custom-sg-testing",
            "name_prefix": "",
            "owner_id": "741032333307",
            "revoke_rules_on_delete": false,
            "tags": {
              "Environment": "testing",
              "Group": "eks-fargate",
              "Name": "custom-sg-acn-eks-clstr-testing"
            },
            "tags_all": {
              "Environment": "testing",
              "Group": "eks-fargate",
              "Name": "custom-sg-acn-eks-clstr-testing"
            },
            "timeouts": null,
            "vpc_id": "vpc-08c3dbf3fd58a3450"
          },
          "sensitive_attributes": [],
          "private": "eyJlMmJmYjczMC1lY2FhLTExZTYtOGY4OC0zNDM2M2JjN2M0YzAiOnsiY3JlYXRlIjo2MDAwMDAwMDAwMDAsImRlbGV0ZSI6OTAwMDAwMDAwMDAwfSwic2NoZW1hX3ZlcnNpb24iOiIxIn0=",
          "dependencies": [
            "module.vpc.aws_vpc.main_vpc"
          ]
        }
      ]
    },
    {
      "module": "module.vpc",
      "mode": "managed",
      "type": "aws_subnet",
      "name": "private_subnet",
      "provider": "provider[\"registry.terraform.io/hashicorp/aws\"]",
      "instances": [
        {
          "index_key": 0,
          "schema_version": 1,
          "attributes": {
            "arn": "arn:aws:ec2:eu-west-2:741032333307:subnet/subnet-0df84ba95aa4f42f4",
            "assign_ipv6_address_on_creation": false,
            "availability_zone": "eu-west-2a",
            "availability_zone_id": "euw2-az2",
            "cidr_block": "192.168.4.0/24",
            "customer_owned_ipv4_pool": "",
            "enable_dns64": false,
            "enable_resource_name_dns_a_record_on_launch": false,
            "enable_resource_name_dns_aaaa_record_on_launch": false,
            "id": "subnet-0df84ba95aa4f42f4",
            "ipv6_cidr_block": "",
            "ipv6_cidr_block_association_id": "",
            "ipv6_native": false,
            "map_customer_owned_ip_on_launch": false,
            "map_public_ip_on_launch": false,
            "outpost_arn": "",
            "owner_id": "741032333307",
            "private_dns_hostname_type_on_launch": "ip-name",
            "tags": {
              "Environment": "testing",
              "Group": "eks-fargate",
              "Name": "private-subnet-testing-eu-west-2a"
            },
            "tags_all": {
              "Environment": "testing",
              "Group": "eks-fargate",
              "Name": "private-subnet-testing-eu-west-2a"
            },
            "timeouts": null,
            "vpc_id": "vpc-08c3dbf3fd58a3450"
          },
          "sensitive_attributes": [],
          "private": "eyJlMmJmYjczMC1lY2FhLTExZTYtOGY4OC0zNDM2M2JjN2M0YzAiOnsiY3JlYXRlIjo2MDAwMDAwMDAwMDAsImRlbGV0ZSI6MTIwMDAwMDAwMDAwMH0sInNjaGVtYV92ZXJzaW9uIjoiMSJ9",
          "dependencies": [
            "module.vpc.aws_vpc.main_vpc"
          ]
        },
        {
          "index_key": 1,
          "schema_version": 1,
          "attributes": {
            "arn": "arn:aws:ec2:eu-west-2:741032333307:subnet/subnet-0f4f1948ef10fd4fe",
            "assign_ipv6_address_on_creation": false,
            "availability_zone": "eu-west-2b",
            "availability_zone_id": "euw2-az3",
            "cidr_block": "192.168.5.0/24",
            "customer_owned_ipv4_pool": "",
            "enable_dns64": false,
            "enable_resource_name_dns_a_record_on_launch": false,
            "enable_resource_name_dns_aaaa_record_on_launch": false,
            "id": "subnet-0f4f1948ef10fd4fe",
            "ipv6_cidr_block": "",
            "ipv6_cidr_block_association_id": "",
            "ipv6_native": false,
            "map_customer_owned_ip_on_launch": false,
            "map_public_ip_on_launch": false,
            "outpost_arn": "",
            "owner_id": "741032333307",
            "private_dns_hostname_type_on_launch": "ip-name",
            "tags": {
              "Environment": "testing",
              "Group": "eks-fargate",
              "Name": "private-subnet-testing-eu-west-2b"
            },
            "tags_all": {
              "Environment": "testing",
              "Group": "eks-fargate",
              "Name": "private-subnet-testing-eu-west-2b"
            },
            "timeouts": null,
            "vpc_id": "vpc-08c3dbf3fd58a3450"
          },
          "sensitive_attributes": [],
          "private": "eyJlMmJmYjczMC1lY2FhLTExZTYtOGY4OC0zNDM2M2JjN2M0YzAiOnsiY3JlYXRlIjo2MDAwMDAwMDAwMDAsImRlbGV0ZSI6MTIwMDAwMDAwMDAwMH0sInNjaGVtYV92ZXJzaW9uIjoiMSJ9",
          "dependencies": [
            "module.vpc.aws_vpc.main_vpc"
          ]
        },
        {
          "index_key": 2,
          "schema_version": 1,
          "attributes": {
            "arn": "arn:aws:ec2:eu-west-2:741032333307:subnet/subnet-0c9eb80348baf2d90",
            "assign_ipv6_address_on_creation": false,
            "availability_zone": "eu-west-2c",
            "availability_zone_id": "euw2-az1",
            "cidr_block": "192.168.6.0/24",
            "customer_owned_ipv4_pool": "",
            "enable_dns64": false,
            "enable_resource_name_dns_a_record_on_launch": false,
            "enable_resource_name_dns_aaaa_record_on_launch": false,
            "id": "subnet-0c9eb80348baf2d90",
            "ipv6_cidr_block": "",
            "ipv6_cidr_block_association_id": "",
            "ipv6_native": false,
            "map_customer_owned_ip_on_launch": false,
            "map_public_ip_on_launch": false,
            "outpost_arn": "",
            "owner_id": "741032333307",
            "private_dns_hostname_type_on_launch": "ip-name",
            "tags": {
              "Environment": "testing",
              "Group": "eks-fargate",
              "Name": "private-subnet-testing-eu-west-2c"
            },
            "tags_all": {
              "Environment": "testing",
              "Group": "eks-fargate",
              "Name": "private-subnet-testing-eu-west-2c"
            },
            "timeouts": null,
            "vpc_id": "vpc-08c3dbf3fd58a3450"
          },
          "sensitive_attributes": [],
          "private": "eyJlMmJmYjczMC1lY2FhLTExZTYtOGY4OC0zNDM2M2JjN2M0YzAiOnsiY3JlYXRlIjo2MDAwMDAwMDAwMDAsImRlbGV0ZSI6MTIwMDAwMDAwMDAwMH0sInNjaGVtYV92ZXJzaW9uIjoiMSJ9",
          "dependencies": [
            "module.vpc.aws_vpc.main_vpc"
          ]
        }
      ]
    },
    {
      "module": "module.vpc",
      "mode": "managed",
      "type": "aws_subnet",
      "name": "public_subnet",
      "provider": "provider[\"registry.terraform.io/hashicorp/aws\"]",
      "instances": [
        {
          "index_key": 0,
          "schema_version": 1,
          "attributes": {
            "arn": "arn:aws:ec2:eu-west-2:741032333307:subnet/subnet-0770874ad3e2d8e3d",
            "assign_ipv6_address_on_creation": false,
            "availability_zone": "eu-west-2a",
            "availability_zone_id": "euw2-az2",
            "cidr_block": "192.168.0.0/24",
            "customer_owned_ipv4_pool": "",
            "enable_dns64": false,
            "enable_resource_name_dns_a_record_on_launch": false,
            "enable_resource_name_dns_aaaa_record_on_launch": false,
            "id": "subnet-0770874ad3e2d8e3d",
            "ipv6_cidr_block": "",
            "ipv6_cidr_block_association_id": "",
            "ipv6_native": false,
            "map_customer_owned_ip_on_launch": false,
            "map_public_ip_on_launch": true,
            "outpost_arn": "",
            "owner_id": "741032333307",
            "private_dns_hostname_type_on_launch": "ip-name",
            "tags": {
              "Environment": "testing",
              "Group": "eks-fargate",
              "Name": "public-subnet-testing-eu-west-2a"
            },
            "tags_all": {
              "Environment": "testing",
              "Group": "eks-fargate",
              "Name": "public-subnet-testing-eu-west-2a"
            },
            "timeouts": null,
            "vpc_id": "vpc-08c3dbf3fd58a3450"
          },
          "sensitive_attributes": [],
          "private": "eyJlMmJmYjczMC1lY2FhLTExZTYtOGY4OC0zNDM2M2JjN2M0YzAiOnsiY3JlYXRlIjo2MDAwMDAwMDAwMDAsImRlbGV0ZSI6MTIwMDAwMDAwMDAwMH0sInNjaGVtYV92ZXJzaW9uIjoiMSJ9",
          "dependencies": [
            "module.vpc.aws_vpc.main_vpc"
          ]
        },
        {
          "index_key": 1,
          "schema_version": 1,
          "attributes": {
            "arn": "arn:aws:ec2:eu-west-2:741032333307:subnet/subnet-0a600b18c66e7f728",
            "assign_ipv6_address_on_creation": false,
            "availability_zone": "eu-west-2b",
            "availability_zone_id": "euw2-az3",
            "cidr_block": "192.168.1.0/24",
            "customer_owned_ipv4_pool": "",
            "enable_dns64": false,
            "enable_resource_name_dns_a_record_on_launch": false,
            "enable_resource_name_dns_aaaa_record_on_launch": false,
            "id": "subnet-0a600b18c66e7f728",
            "ipv6_cidr_block": "",
            "ipv6_cidr_block_association_id": "",
            "ipv6_native": false,
            "map_customer_owned_ip_on_launch": false,
            "map_public_ip_on_launch": true,
            "outpost_arn": "",
            "owner_id": "741032333307",
            "private_dns_hostname_type_on_launch": "ip-name",
            "tags": {
              "Environment": "testing",
              "Group": "eks-fargate",
              "Name": "public-subnet-testing-eu-west-2b"
            },
            "tags_all": {
              "Environment": "testing",
              "Group": "eks-fargate",
              "Name": "public-subnet-testing-eu-west-2b"
            },
            "timeouts": null,
            "vpc_id": "vpc-08c3dbf3fd58a3450"
          },
          "sensitive_attributes": [],
          "private": "eyJlMmJmYjczMC1lY2FhLTExZTYtOGY4OC0zNDM2M2JjN2M0YzAiOnsiY3JlYXRlIjo2MDAwMDAwMDAwMDAsImRlbGV0ZSI6MTIwMDAwMDAwMDAwMH0sInNjaGVtYV92ZXJzaW9uIjoiMSJ9",
          "dependencies": [
            "module.vpc.aws_vpc.main_vpc"
          ]
        },
        {
          "index_key": 2,
          "schema_version": 1,
          "attributes": {
            "arn": "arn:aws:ec2:eu-west-2:741032333307:subnet/subnet-0fd430821e10f100f",
            "assign_ipv6_address_on_creation": false,
            "availability_zone": "eu-west-2c",
            "availability_zone_id": "euw2-az1",
            "cidr_block": "192.168.2.0/24",
            "customer_owned_ipv4_pool": "",
            "enable_dns64": false,
            "enable_resource_name_dns_a_record_on_launch": false,
            "enable_resource_name_dns_aaaa_record_on_launch": false,
            "id": "subnet-0fd430821e10f100f",
            "ipv6_cidr_block": "",
            "ipv6_cidr_block_association_id": "",
            "ipv6_native": false,
            "map_customer_owned_ip_on_launch": false,
            "map_public_ip_on_launch": true,
            "outpost_arn": "",
            "owner_id": "741032333307",
            "private_dns_hostname_type_on_launch": "ip-name",
            "tags": {
              "Environment": "testing",
              "Group": "eks-fargate",
              "Name": "public-subnet-testing-eu-west-2c"
            },
            "tags_all": {
              "Environment": "testing",
              "Group": "eks-fargate",
              "Name": "public-subnet-testing-eu-west-2c"
            },
            "timeouts": null,
            "vpc_id": "vpc-08c3dbf3fd58a3450"
          },
          "sensitive_attributes": [],
          "private": "eyJlMmJmYjczMC1lY2FhLTExZTYtOGY4OC0zNDM2M2JjN2M0YzAiOnsiY3JlYXRlIjo2MDAwMDAwMDAwMDAsImRlbGV0ZSI6MTIwMDAwMDAwMDAwMH0sInNjaGVtYV92ZXJzaW9uIjoiMSJ9",
          "dependencies": [
            "module.vpc.aws_vpc.main_vpc"
          ]
        }
      ]
    },
    {
      "module": "module.vpc",
      "mode": "managed",
      "type": "aws_vpc",
      "name": "main_vpc",
      "provider": "provider[\"registry.terraform.io/hashicorp/aws\"]",
      "instances": [
        {
          "schema_version": 1,
          "attributes": {
            "arn": "arn:aws:ec2:eu-west-2:741032333307:vpc/vpc-08c3dbf3fd58a3450",
            "assign_generated_ipv6_cidr_block": false,
            "cidr_block": "192.168.0.0/16",
            "default_network_acl_id": "acl-000520f044cea182a",
            "default_route_table_id": "rtb-0bb607a32652d035b",
            "default_security_group_id": "sg-026116d5bddbd9cc6",
            "dhcp_options_id": "dopt-0ec887a8da27b0660",
            "enable_classiclink": false,
            "enable_classiclink_dns_support": false,
            "enable_dns_hostnames": true,
            "enable_dns_support": true,
            "id": "vpc-08c3dbf3fd58a3450",
            "instance_tenancy": "default",
            "ipv4_ipam_pool_id": null,
            "ipv4_netmask_length": null,
            "ipv6_association_id": "",
            "ipv6_cidr_block": "",
            "ipv6_cidr_block_network_border_group": "",
            "ipv6_ipam_pool_id": "",
            "ipv6_netmask_length": 0,
            "main_route_table_id": "rtb-0bb607a32652d035b",
            "owner_id": "741032333307",
            "tags": {
              "Environment": "testing",
              "Group": "eks-fargate",
              "Name": "eks-vpc-testing-vpc"
            },
            "tags_all": {
              "Environment": "testing",
              "Group": "eks-fargate",
              "Name": "eks-vpc-testing-vpc"
            }
          },
          "sensitive_attributes": [],
          "private": "eyJzY2hlbWFfdmVyc2lvbiI6IjEifQ=="
        }
      ]
    }
  ]
}
