{
  "version": 4,
  "terraform_version": "1.1.9",
  "serial": 130,
  "lineage": "7f7e962f-b03c-0ad4-caad-33a475a22db2",
  "outputs": {},
  "resources": [
    {
      "module": "module.eks",
      "mode": "managed",
      "type": "aws_cloudwatch_log_group",
      "name": "cloudwatch_log_group",
      "provider": "provider[\"registry.terraform.io/hashicorp/aws\"]",
      "instances": [
        {
          "schema_version": 0,
          "attributes": {
            "arn": "arn:aws:logs:eu-west-2:741032333307:log-group:/aws/eks/acn-eks-clstr-testing/cluster",
            "id": "/aws/eks/acn-eks-clstr-testing/cluster",
            "kms_key_id": "",
            "name": "/aws/eks/acn-eks-clstr-testing/cluster",
            "name_prefix": null,
            "retention_in_days": 30,
            "tags": {
              "Name": "acn-eks-clstr-testing-eks-cloudwatch-log-group"
            },
            "tags_all": {
              "Name": "acn-eks-clstr-testing-eks-cloudwatch-log-group"
            }
          },
          "sensitive_attributes": [],
          "private": "bnVsbA==",
          "dependencies": [
            "module.vpc.aws_default_security_group.default",
            "module.vpc.aws_eip.nat_eip",
            "module.vpc.aws_internet_gateway.internet_gw",
            "module.vpc.aws_nat_gateway.nat_gw",
            "module.vpc.aws_route.private_nat_gw_route",
            "module.vpc.aws_route.public_internet_route",
            "module.vpc.aws_route_table.private_rt",
            "module.vpc.aws_route_table.public_rt",
            "module.vpc.aws_route_table_association.private-rt-assotion",
            "module.vpc.aws_route_table_association.public-rt-assotion",
            "module.vpc.aws_security_group.custom",
            "module.vpc.aws_subnet.private_subnet",
            "module.vpc.aws_subnet.public_subnet",
            "module.vpc.aws_vpc.main_vpc"
          ]
        }
      ]
    },
    {
      "module": "module.eks",
      "mode": "managed",
      "type": "aws_eks_cluster",
      "name": "eks_cluster",
      "provider": "provider[\"registry.terraform.io/hashicorp/aws\"]",
      "instances": [
        {
          "schema_version": 0,
          "attributes": {
            "arn": "arn:aws:eks:eu-west-2:741032333307:cluster/acn-eks-clstr-testing",
            "certificate_authority": [
              {
                "data": "LS0tLS1CRUdJTiBDRVJUSUZJQ0FURS0tLS0tCk1JSUMvakNDQWVhZ0F3SUJBZ0lCQURBTkJna3Foa2lHOXcwQkFRc0ZBREFWTVJNd0VRWURWUVFERXdwcmRXSmwKY201bGRHVnpNQjRYRFRJeU1EVXlOakUwTURNek5Gb1hEVE15TURVeU16RTBNRE16TkZvd0ZURVRNQkVHQTFVRQpBeE1LYTNWaVpYSnVaWFJsY3pDQ0FTSXdEUVlKS29aSWh2Y05BUUVCQlFBRGdnRVBBRENDQVFvQ2dnRUJBTHZ1Ci9EVS9tak8vSDJINjFpN05XYk1CcWdQWnFoN2lJN01hNEJIVS9XOU9zQ3BIVlZ2S1FCWjVlL3NUQjlQNmpET2oKQjVNWkhlcHJDTEFhZVJzU1JXQ0REMHVleVZubDRPRDJIQmFiU1RZSW5hTHN3SVpwT3dzZFlScDFsanpIZ0wwRQorWHFoRTBudGhrWnA4WjVocFQ2YUZjRUVWNyt3Skg3dHJvNDBETUtMYjhPcHd0MUhpODhYYU5mOGRUbXFsK3pnCkVZZ2JNMVJ0UGtjWkR5dGZNWi9reDFPN0Z6T3hKNzBMdmswNEpFaUNITkh1Q0o3bkJhUUdDMGEvaWxwSGJLV1AKcExiajF0RkJDTm5ORGFFSnFyVjJYVGpMZk5NZHEwTzhmZHRpbmlucGdRTkJDK2h4cFI4Mm5NeUkyOUt4U05MYgo1RDdDRlZRa3VFanc3MTN1bjIwQ0F3RUFBYU5aTUZjd0RnWURWUjBQQVFIL0JBUURBZ0trTUE4R0ExVWRFd0VCCi93UUZNQU1CQWY4d0hRWURWUjBPQkJZRUZJQTkxM3Z6MGFEc0dVaWhxNjFCZlA2Z21TZWtNQlVHQTFVZEVRUU8KTUF5Q0NtdDFZbVZ5Ym1WMFpYTXdEUVlKS29aSWh2Y05BUUVMQlFBRGdnRUJBSUxoZk9Zd3RPamgvNmFpMnd1ZwpLTzBXNnJFWmJPUmlZMGxyaW1FR2p0REMxTVphYStKSU1hV2VHaWU0YVVydXJUNjVyRUlqcElBMnBoTWloUFdBCmFNb09VVnR4VzlsNnhaSnV6V1FzZUNIbFRBUVVIUVdST1JoOTdUbDVaeE5WbVUrT3JJNngrSEVVbmgrTDRpck4KaEZ6em1TT3ZqRmNTNXZCWGptb3NQd0w2YlhOSVNaSVE2czkzaGxRSFFjZml1RlhqcXZ3VE4zQ2dhTTFsUktlVgpsejdPaWQ2Yko1WEhjVHVYeG9TcXo0YVAyaVZCWENDZ0xabENMRy9hTk9TZFcyQTFORjN4aUxIYXVDaE5NVC9oCmdLUWJqYjljb3dkaEdxcjN2MExvKzVNRmlSTDU2cWdGSGV2Tm1aSWk2VWFFQU1sV1RCeks5MXJpLy9IWDhOTVcKSWhjPQotLS0tLUVORCBDRVJUSUZJQ0FURS0tLS0tCg=="
              }
            ],
            "created_at": "2022-05-26 13:58:38.64 +0000 UTC",
            "enabled_cluster_log_types": [
              "api",
              "audit",
              "authenticator",
              "controllerManager",
              "scheduler"
            ],
            "encryption_config": [],
            "endpoint": "https://6C124D567EB59476799DE307BD2204C2.gr7.eu-west-2.eks.amazonaws.com",
            "id": "acn-eks-clstr-testing",
            "identity": [
              {
                "oidc": [
                  {
                    "issuer": "https://oidc.eks.eu-west-2.amazonaws.com/id/6C124D567EB59476799DE307BD2204C2"
                  }
                ]
              }
            ],
            "kubernetes_network_config": [
              {
                "ip_family": "ipv4",
                "service_ipv4_cidr": "10.100.0.0/16"
              }
            ],
            "name": "acn-eks-clstr-testing",
            "platform_version": "eks.1",
            "role_arn": "arn:aws:iam::741032333307:role/acn-eks-clstr-testing-cluster-role",
            "status": "ACTIVE",
            "tags": {},
            "tags_all": {},
            "timeouts": {
              "create": null,
              "delete": "30m",
              "update": null
            },
            "version": "1.22",
            "vpc_config": [
              {
                "cluster_security_group_id": "sg-016985d168ba4141a",
                "endpoint_private_access": false,
                "endpoint_public_access": true,
                "public_access_cidrs": [
                  "0.0.0.0/0"
                ],
                "security_group_ids": [],
                "subnet_ids": [
                  "subnet-0097694d813992366",
                  "subnet-05a94bb0997ea3fab",
                  "subnet-063a4e9d9ccd9528d",
                  "subnet-069df7d09c1dbc2e7",
                  "subnet-07b13dcb9bb070ffe",
                  "subnet-0aeb32e23eba1dd46"
                ],
                "vpc_id": "vpc-0a9b8438af51fcf4d"
              }
            ]
          },
          "sensitive_attributes": [],
          "private": "eyJlMmJmYjczMC1lY2FhLTExZTYtOGY4OC0zNDM2M2JjN2M0YzAiOnsiY3JlYXRlIjoxODAwMDAwMDAwMDAwLCJkZWxldGUiOjE4MDAwMDAwMDAwMDAsInVwZGF0ZSI6MzYwMDAwMDAwMDAwMH19",
          "dependencies": [
            "module.eks.aws_cloudwatch_log_group.cloudwatch_log_group",
            "module.eks.aws_iam_role.eks_cluster_role",
            "module.eks.aws_iam_role_policy_attachment.AmazonEKSClusterPolicy1",
            "module.eks.aws_iam_role_policy_attachment.AmazonEKSVPCResourceController1",
            "module.vpc.aws_default_security_group.default",
            "module.vpc.aws_eip.nat_eip",
            "module.vpc.aws_internet_gateway.internet_gw",
            "module.vpc.aws_nat_gateway.nat_gw",
            "module.vpc.aws_route.private_nat_gw_route",
            "module.vpc.aws_route.public_internet_route",
            "module.vpc.aws_route_table.private_rt",
            "module.vpc.aws_route_table.public_rt",
            "module.vpc.aws_route_table_association.private-rt-assotion",
            "module.vpc.aws_route_table_association.public-rt-assotion",
            "module.vpc.aws_security_group.custom",
            "module.vpc.aws_subnet.private_subnet",
            "module.vpc.aws_subnet.public_subnet",
            "module.vpc.aws_vpc.main_vpc"
          ]
        }
      ]
    },
    {
      "module": "module.eks",
      "mode": "managed",
      "type": "aws_eks_fargate_profile",
      "name": "eks_fargate_system",
      "provider": "provider[\"registry.terraform.io/hashicorp/aws\"]",
      "instances": [
        {
          "schema_version": 0,
          "attributes": {
            "arn": "arn:aws:eks:eu-west-2:741032333307:fargateprofile/acn-eks-clstr-testing/acn-eks-clstr-testing-system-fargate-profile/cec08059-5407-1d0a-c13f-c6125d75fca2",
            "cluster_name": "acn-eks-clstr-testing",
            "fargate_profile_name": "acn-eks-clstr-testing-system-fargate-profile",
            "id": "acn-eks-clstr-testing:acn-eks-clstr-testing-system-fargate-profile",
            "pod_execution_role_arn": "arn:aws:iam::741032333307:role/acn-eks-clstr-eks_fargate_system_role",
            "selector": [
              {
                "labels": {},
                "namespace": "default"
              },
              {
                "labels": {},
                "namespace": "kube-system"
              }
            ],
            "status": "ACTIVE",
            "subnet_ids": [
              "subnet-063a4e9d9ccd9528d",
              "subnet-07b13dcb9bb070ffe",
              "subnet-0aeb32e23eba1dd46"
            ],
            "tags": {},
            "tags_all": {},
            "timeouts": {
              "create": "30m",
              "delete": "30m"
            }
          },
          "sensitive_attributes": [],
          "private": "eyJlMmJmYjczMC1lY2FhLTExZTYtOGY4OC0zNDM2M2JjN2M0YzAiOnsiY3JlYXRlIjoxODAwMDAwMDAwMDAwLCJkZWxldGUiOjE4MDAwMDAwMDAwMDB9fQ==",
          "dependencies": [
            "module.eks.aws_cloudwatch_log_group.cloudwatch_log_group",
            "module.eks.aws_eks_cluster.eks_cluster",
            "module.eks.aws_iam_role.eks_cluster_role",
            "module.eks.aws_iam_role.eks_fargate_system_role",
            "module.eks.aws_iam_role_policy_attachment.AmazonEKSClusterPolicy1",
            "module.eks.aws_iam_role_policy_attachment.AmazonEKSVPCResourceController1",
            "module.vpc.aws_default_security_group.default",
            "module.vpc.aws_eip.nat_eip",
            "module.vpc.aws_internet_gateway.internet_gw",
            "module.vpc.aws_nat_gateway.nat_gw",
            "module.vpc.aws_route.private_nat_gw_route",
            "module.vpc.aws_route.public_internet_route",
            "module.vpc.aws_route_table.private_rt",
            "module.vpc.aws_route_table.public_rt",
            "module.vpc.aws_route_table_association.private-rt-assotion",
            "module.vpc.aws_route_table_association.public-rt-assotion",
            "module.vpc.aws_security_group.custom",
            "module.vpc.aws_subnet.private_subnet",
            "module.vpc.aws_subnet.public_subnet",
            "module.vpc.aws_vpc.main_vpc"
          ]
        }
      ]
    },
    {
      "module": "module.eks",
      "mode": "managed",
      "type": "aws_iam_role",
      "name": "eks_cluster_role",
      "provider": "provider[\"registry.terraform.io/hashicorp/aws\"]",
      "instances": [
        {
          "schema_version": 0,
          "attributes": {
            "arn": "arn:aws:iam::741032333307:role/acn-eks-clstr-testing-cluster-role",
            "assume_role_policy": "{\"Version\":\"2012-10-17\",\"Statement\":[{\"Effect\":\"Allow\",\"Principal\":{\"Service\":[\"eks.amazonaws.com\",\"eks-fargate-pods.amazonaws.com\"]},\"Action\":\"sts:AssumeRole\"}]}",
            "create_date": "2022-05-26T13:58:35Z",
            "description": "Allow cluster to manage node groups, fargate nodes and cloudwatch logs",
            "force_detach_policies": true,
            "id": "acn-eks-clstr-testing-cluster-role",
            "inline_policy": [
              {
                "name": "",
                "policy": ""
              }
            ],
            "managed_policy_arns": [
              "arn:aws:iam::741032333307:policy/AmazonEKSClusterCloudWatchMetricsPolicy",
              "arn:aws:iam::aws:policy/AmazonEKSClusterPolicy",
              "arn:aws:iam::aws:policy/AmazonEKSVPCResourceController"
            ],
            "max_session_duration": 3600,
            "name": "acn-eks-clstr-testing-cluster-role",
            "name_prefix": "",
            "path": "/",
            "permissions_boundary": null,
            "tags": {},
            "tags_all": {},
            "unique_id": "AROA2ZCHYB75U47CAFBPQ"
          },
          "sensitive_attributes": [],
          "private": "bnVsbA==",
          "dependencies": [
            "module.vpc.aws_default_security_group.default",
            "module.vpc.aws_eip.nat_eip",
            "module.vpc.aws_internet_gateway.internet_gw",
            "module.vpc.aws_nat_gateway.nat_gw",
            "module.vpc.aws_route.private_nat_gw_route",
            "module.vpc.aws_route.public_internet_route",
            "module.vpc.aws_route_table.private_rt",
            "module.vpc.aws_route_table.public_rt",
            "module.vpc.aws_route_table_association.private-rt-assotion",
            "module.vpc.aws_route_table_association.public-rt-assotion",
            "module.vpc.aws_security_group.custom",
            "module.vpc.aws_subnet.private_subnet",
            "module.vpc.aws_subnet.public_subnet",
            "module.vpc.aws_vpc.main_vpc"
          ]
        }
      ]
    },
    {
      "module": "module.eks",
      "mode": "managed",
      "type": "aws_iam_role",
      "name": "eks_fargate_system_role",
      "provider": "provider[\"registry.terraform.io/hashicorp/aws\"]",
      "instances": [
        {
          "schema_version": 0,
          "attributes": {
            "arn": "arn:aws:iam::741032333307:role/acn-eks-clstr-eks_fargate_system_role",
            "assume_role_policy": "{\"Version\":\"2012-10-17\",\"Statement\":[{\"Effect\":\"Allow\",\"Principal\":{\"Service\":[\"eks-fargate-pods.amazonaws.com\",\"eks.amazonaws.com\"]},\"Action\":\"sts:AssumeRole\"}]}",
            "create_date": "2022-05-26T13:58:35Z",
            "description": "Allow fargate cluster to allocate resources for running pods",
            "force_detach_policies": true,
            "id": "acn-eks-clstr-eks_fargate_system_role",
            "inline_policy": [
              {
                "name": "",
                "policy": ""
              }
            ],
            "managed_policy_arns": [
              "arn:aws:iam::aws:policy/AmazonEKSClusterPolicy",
              "arn:aws:iam::aws:policy/AmazonEKSFargatePodExecutionRolePolicy",
              "arn:aws:iam::aws:policy/AmazonEKSVPCResourceController"
            ],
            "max_session_duration": 3600,
            "name": "acn-eks-clstr-eks_fargate_system_role",
            "name_prefix": "",
            "path": "/",
            "permissions_boundary": null,
            "tags": {},
            "tags_all": {},
            "unique_id": "AROA2ZCHYB752AIZ2FA77"
          },
          "sensitive_attributes": [],
          "private": "bnVsbA==",
          "dependencies": [
            "module.vpc.aws_default_security_group.default",
            "module.vpc.aws_eip.nat_eip",
            "module.vpc.aws_internet_gateway.internet_gw",
            "module.vpc.aws_nat_gateway.nat_gw",
            "module.vpc.aws_route.private_nat_gw_route",
            "module.vpc.aws_route.public_internet_route",
            "module.vpc.aws_route_table.private_rt",
            "module.vpc.aws_route_table.public_rt",
            "module.vpc.aws_route_table_association.private-rt-assotion",
            "module.vpc.aws_route_table_association.public-rt-assotion",
            "module.vpc.aws_security_group.custom",
            "module.vpc.aws_subnet.private_subnet",
            "module.vpc.aws_subnet.public_subnet",
            "module.vpc.aws_vpc.main_vpc"
          ]
        }
      ]
    },
    {
      "module": "module.eks",
      "mode": "managed",
      "type": "aws_iam_role_policy_attachment",
      "name": "AmazonEKSClusterPolicy1",
      "provider": "provider[\"registry.terraform.io/hashicorp/aws\"]",
      "instances": [
        {
          "schema_version": 0,
          "attributes": {
            "id": "acn-eks-clstr-testing-cluster-role-20220526135836940300000008",
            "policy_arn": "arn:aws:iam::aws:policy/AmazonEKSClusterPolicy",
            "role": "acn-eks-clstr-testing-cluster-role"
          },
          "sensitive_attributes": [],
          "private": "bnVsbA==",
          "dependencies": [
            "module.eks.aws_iam_role.eks_cluster_role",
            "module.vpc.aws_default_security_group.default",
            "module.vpc.aws_eip.nat_eip",
            "module.vpc.aws_internet_gateway.internet_gw",
            "module.vpc.aws_nat_gateway.nat_gw",
            "module.vpc.aws_route.private_nat_gw_route",
            "module.vpc.aws_route.public_internet_route",
            "module.vpc.aws_route_table.private_rt",
            "module.vpc.aws_route_table.public_rt",
            "module.vpc.aws_route_table_association.private-rt-assotion",
            "module.vpc.aws_route_table_association.public-rt-assotion",
            "module.vpc.aws_security_group.custom",
            "module.vpc.aws_subnet.private_subnet",
            "module.vpc.aws_subnet.public_subnet",
            "module.vpc.aws_vpc.main_vpc"
          ]
        }
      ]
    },
    {
      "module": "module.eks",
      "mode": "managed",
      "type": "aws_iam_role_policy_attachment",
      "name": "AmazonEKSVPCResourceController1",
      "provider": "provider[\"registry.terraform.io/hashicorp/aws\"]",
      "instances": [
        {
          "schema_version": 0,
          "attributes": {
            "id": "acn-eks-clstr-testing-cluster-role-20220526135836936800000007",
            "policy_arn": "arn:aws:iam::aws:policy/AmazonEKSVPCResourceController",
            "role": "acn-eks-clstr-testing-cluster-role"
          },
          "sensitive_attributes": [],
          "private": "bnVsbA==",
          "dependencies": [
            "module.eks.aws_iam_role.eks_cluster_role",
            "module.vpc.aws_default_security_group.default",
            "module.vpc.aws_eip.nat_eip",
            "module.vpc.aws_internet_gateway.internet_gw",
            "module.vpc.aws_nat_gateway.nat_gw",
            "module.vpc.aws_route.private_nat_gw_route",
            "module.vpc.aws_route.public_internet_route",
            "module.vpc.aws_route_table.private_rt",
            "module.vpc.aws_route_table.public_rt",
            "module.vpc.aws_route_table_association.private-rt-assotion",
            "module.vpc.aws_route_table_association.public-rt-assotion",
            "module.vpc.aws_security_group.custom",
            "module.vpc.aws_subnet.private_subnet",
            "module.vpc.aws_subnet.public_subnet",
            "module.vpc.aws_vpc.main_vpc"
          ]
        }
      ]
    },
    {
      "module": "module.vpc",
      "mode": "managed",
      "type": "aws_default_security_group",
      "name": "default",
      "provider": "provider[\"registry.terraform.io/hashicorp/aws\"]",
      "instances": [
        {
          "schema_version": 1,
          "attributes": {
            "arn": "arn:aws:ec2:eu-west-2:741032333307:security-group/sg-0c198560f6f53efe8",
            "description": "default VPC security group",
            "egress": [
              {
                "cidr_blocks": [
                  "0.0.0.0/0"
                ],
                "description": "",
                "from_port": 0,
                "ipv6_cidr_blocks": [],
                "prefix_list_ids": [],
                "protocol": "-1",
                "security_groups": [],
                "self": false,
                "to_port": 0
              }
            ],
            "id": "sg-0c198560f6f53efe8",
            "ingress": [
              {
                "cidr_blocks": [],
                "description": "",
                "from_port": 0,
                "ipv6_cidr_blocks": [],
                "prefix_list_ids": [],
                "protocol": "-1",
                "security_groups": [],
                "self": true,
                "to_port": 0
              }
            ],
            "name": "default",
            "owner_id": "741032333307",
            "revoke_rules_on_delete": false,
            "tags": {
              "Environment": "testing",
              "Group": "eks-fargate",
              "Name": "default-sg-acn-eks-clstr-testing"
            },
            "tags_all": {
              "Environment": "testing",
              "Group": "eks-fargate",
              "Name": "default-sg-acn-eks-clstr-testing"
            },
            "vpc_id": "vpc-0a9b8438af51fcf4d"
          },
          "sensitive_attributes": [],
          "private": "eyJzY2hlbWFfdmVyc2lvbiI6IjEifQ==",
          "dependencies": [
            "module.vpc.aws_vpc.main_vpc"
          ]
        }
      ]
    },
    {
      "module": "module.vpc",
      "mode": "managed",
      "type": "aws_eip",
      "name": "nat_eip",
      "provider": "provider[\"registry.terraform.io/hashicorp/aws\"]",
      "instances": [
        {
          "index_key": 0,
          "schema_version": 0,
          "attributes": {
            "address": null,
            "allocation_id": "eipalloc-003e241624620376f",
            "associate_with_private_ip": null,
            "association_id": "eipassoc-0c4ff0c73de2680bf",
            "carrier_ip": "",
            "customer_owned_ip": "",
            "customer_owned_ipv4_pool": "",
            "domain": "vpc",
            "id": "eipalloc-003e241624620376f",
            "instance": "",
            "network_border_group": "eu-west-2",
            "network_interface": "eni-05f3f53eb2226d65f",
            "private_dns": "ip-192-168-0-180.eu-west-2.compute.internal",
            "private_ip": "192.168.0.180",
            "public_dns": "ec2-3-9-204-74.eu-west-2.compute.amazonaws.com",
            "public_ip": "3.9.204.74",
            "public_ipv4_pool": "amazon",
            "tags": {
              "Environment": "testing",
              "Group": "eks-fargate",
              "Name": "nat-ip-1-testing"
            },
            "tags_all": {
              "Environment": "testing",
              "Group": "eks-fargate",
              "Name": "nat-ip-1-testing"
            },
            "timeouts": null,
            "vpc": true
          },
          "sensitive_attributes": [],
          "private": "eyJlMmJmYjczMC1lY2FhLTExZTYtOGY4OC0zNDM2M2JjN2M0YzAiOnsiZGVsZXRlIjoxODAwMDAwMDAwMDAsInJlYWQiOjkwMDAwMDAwMDAwMCwidXBkYXRlIjozMDAwMDAwMDAwMDB9fQ==",
          "dependencies": [
            "module.vpc.aws_internet_gateway.internet_gw",
            "module.vpc.aws_subnet.public_subnet",
            "module.vpc.aws_vpc.main_vpc"
          ]
        },
        {
          "index_key": 1,
          "schema_version": 0,
          "attributes": {
            "address": null,
            "allocation_id": "eipalloc-0ff400fdb887fae9d",
            "associate_with_private_ip": null,
            "association_id": "eipassoc-0b06662fa9d3ae1a8",
            "carrier_ip": "",
            "customer_owned_ip": "",
            "customer_owned_ipv4_pool": "",
            "domain": "vpc",
            "id": "eipalloc-0ff400fdb887fae9d",
            "instance": "",
            "network_border_group": "eu-west-2",
            "network_interface": "eni-03514300e403a761f",
            "private_dns": "ip-192-168-1-214.eu-west-2.compute.internal",
            "private_ip": "192.168.1.214",
            "public_dns": "ec2-13-40-251-254.eu-west-2.compute.amazonaws.com",
            "public_ip": "13.40.251.254",
            "public_ipv4_pool": "amazon",
            "tags": {
              "Environment": "testing",
              "Group": "eks-fargate",
              "Name": "nat-ip-2-testing"
            },
            "tags_all": {
              "Environment": "testing",
              "Group": "eks-fargate",
              "Name": "nat-ip-2-testing"
            },
            "timeouts": null,
            "vpc": true
          },
          "sensitive_attributes": [],
          "private": "eyJlMmJmYjczMC1lY2FhLTExZTYtOGY4OC0zNDM2M2JjN2M0YzAiOnsiZGVsZXRlIjoxODAwMDAwMDAwMDAsInJlYWQiOjkwMDAwMDAwMDAwMCwidXBkYXRlIjozMDAwMDAwMDAwMDB9fQ==",
          "dependencies": [
            "module.vpc.aws_internet_gateway.internet_gw",
            "module.vpc.aws_subnet.public_subnet",
            "module.vpc.aws_vpc.main_vpc"
          ]
        },
        {
          "index_key": 2,
          "schema_version": 0,
          "attributes": {
            "address": null,
            "allocation_id": "eipalloc-073274a8cd74d648c",
            "associate_with_private_ip": null,
            "association_id": "eipassoc-016bb6da736d4ba35",
            "carrier_ip": "",
            "customer_owned_ip": "",
            "customer_owned_ipv4_pool": "",
            "domain": "vpc",
            "id": "eipalloc-073274a8cd74d648c",
            "instance": "",
            "network_border_group": "eu-west-2",
            "network_interface": "eni-0eb0617f6cd8f9508",
            "private_dns": "ip-192-168-2-158.eu-west-2.compute.internal",
            "private_ip": "192.168.2.158",
            "public_dns": "ec2-3-10-33-82.eu-west-2.compute.amazonaws.com",
            "public_ip": "3.10.33.82",
            "public_ipv4_pool": "amazon",
            "tags": {
              "Environment": "testing",
              "Group": "eks-fargate",
              "Name": "nat-ip-3-testing"
            },
            "tags_all": {
              "Environment": "testing",
              "Group": "eks-fargate",
              "Name": "nat-ip-3-testing"
            },
            "timeouts": null,
            "vpc": true
          },
          "sensitive_attributes": [],
          "private": "eyJlMmJmYjczMC1lY2FhLTExZTYtOGY4OC0zNDM2M2JjN2M0YzAiOnsiZGVsZXRlIjoxODAwMDAwMDAwMDAsInJlYWQiOjkwMDAwMDAwMDAwMCwidXBkYXRlIjozMDAwMDAwMDAwMDB9fQ==",
          "dependencies": [
            "module.vpc.aws_internet_gateway.internet_gw",
            "module.vpc.aws_subnet.public_subnet",
            "module.vpc.aws_vpc.main_vpc"
          ]
        }
      ]
    },
    {
      "module": "module.vpc",
      "mode": "managed",
      "type": "aws_internet_gateway",
      "name": "internet_gw",
      "provider": "provider[\"registry.terraform.io/hashicorp/aws\"]",
      "instances": [
        {
          "schema_version": 0,
          "attributes": {
            "arn": "arn:aws:ec2:eu-west-2:741032333307:internet-gateway/igw-07eaea35ff3d00587",
            "id": "igw-07eaea35ff3d00587",
            "owner_id": "741032333307",
            "tags": {
              "Environment": "testing",
              "Group": "eks-fargate",
              "Name": "internet_gw-testing"
            },
            "tags_all": {
              "Environment": "testing",
              "Group": "eks-fargate",
              "Name": "internet_gw-testing"
            },
            "vpc_id": "vpc-0a9b8438af51fcf4d"
          },
          "sensitive_attributes": [],
          "private": "bnVsbA==",
          "dependencies": [
            "module.vpc.aws_subnet.public_subnet",
            "module.vpc.aws_vpc.main_vpc"
          ]
        }
      ]
    },
    {
      "module": "module.vpc",
      "mode": "managed",
      "type": "aws_nat_gateway",
      "name": "nat_gw",
      "provider": "provider[\"registry.terraform.io/hashicorp/aws\"]",
      "instances": [
        {
          "index_key": 0,
          "schema_version": 0,
          "attributes": {
            "allocation_id": "eipalloc-003e241624620376f",
            "connectivity_type": "public",
            "id": "nat-05e1286327df6d030",
            "network_interface_id": "eni-05f3f53eb2226d65f",
            "private_ip": "192.168.0.180",
            "public_ip": "3.9.204.74",
            "subnet_id": "subnet-0097694d813992366",
            "tags": {
              "Environment": "testing",
              "Group": "eks-fargate",
              "Name": "nat_gateway-1-testing"
            },
            "tags_all": {
              "Environment": "testing",
              "Group": "eks-fargate",
              "Name": "nat_gateway-1-testing"
            }
          },
          "sensitive_attributes": [],
          "private": "bnVsbA==",
          "dependencies": [
            "module.vpc.aws_eip.nat_eip",
            "module.vpc.aws_internet_gateway.internet_gw",
            "module.vpc.aws_subnet.public_subnet",
            "module.vpc.aws_vpc.main_vpc"
          ]
        },
        {
          "index_key": 1,
          "schema_version": 0,
          "attributes": {
            "allocation_id": "eipalloc-0ff400fdb887fae9d",
            "connectivity_type": "public",
            "id": "nat-0ed428cd6b7b8dfa8",
            "network_interface_id": "eni-03514300e403a761f",
            "private_ip": "192.168.1.214",
            "public_ip": "13.40.251.254",
            "subnet_id": "subnet-069df7d09c1dbc2e7",
            "tags": {
              "Environment": "testing",
              "Group": "eks-fargate",
              "Name": "nat_gateway-2-testing"
            },
            "tags_all": {
              "Environment": "testing",
              "Group": "eks-fargate",
              "Name": "nat_gateway-2-testing"
            }
          },
          "sensitive_attributes": [],
          "private": "bnVsbA==",
          "dependencies": [
            "module.vpc.aws_eip.nat_eip",
            "module.vpc.aws_internet_gateway.internet_gw",
            "module.vpc.aws_subnet.public_subnet",
            "module.vpc.aws_vpc.main_vpc"
          ]
        },
        {
          "index_key": 2,
          "schema_version": 0,
          "attributes": {
            "allocation_id": "eipalloc-073274a8cd74d648c",
            "connectivity_type": "public",
            "id": "nat-0d97dc3973ead588c",
            "network_interface_id": "eni-0eb0617f6cd8f9508",
            "private_ip": "192.168.2.158",
            "public_ip": "3.10.33.82",
            "subnet_id": "subnet-05a94bb0997ea3fab",
            "tags": {
              "Environment": "testing",
              "Group": "eks-fargate",
              "Name": "nat_gateway-3-testing"
            },
            "tags_all": {
              "Environment": "testing",
              "Group": "eks-fargate",
              "Name": "nat_gateway-3-testing"
            }
          },
          "sensitive_attributes": [],
          "private": "bnVsbA==",
          "dependencies": [
            "module.vpc.aws_eip.nat_eip",
            "module.vpc.aws_internet_gateway.internet_gw",
            "module.vpc.aws_subnet.public_subnet",
            "module.vpc.aws_vpc.main_vpc"
          ]
        }
      ]
    },
    {
      "module": "module.vpc",
      "mode": "managed",
      "type": "aws_route",
      "name": "private_nat_gw_route",
      "provider": "provider[\"registry.terraform.io/hashicorp/aws\"]",
      "instances": [
        {
          "index_key": 0,
          "schema_version": 0,
          "attributes": {
            "carrier_gateway_id": "",
            "core_network_arn": "",
            "destination_cidr_block": "0.0.0.0/0",
            "destination_ipv6_cidr_block": "",
            "destination_prefix_list_id": "",
            "egress_only_gateway_id": "",
            "gateway_id": "",
            "id": "r-rtb-0b9c86123e6f6a3841080289494",
            "instance_id": "",
            "instance_owner_id": "",
            "local_gateway_id": "",
            "nat_gateway_id": "nat-05e1286327df6d030",
            "network_interface_id": "",
            "origin": "CreateRoute",
            "route_table_id": "rtb-0b9c86123e6f6a384",
            "state": "active",
            "timeouts": null,
            "transit_gateway_id": "",
            "vpc_endpoint_id": "",
            "vpc_peering_connection_id": ""
          },
          "sensitive_attributes": [],
          "private": "eyJlMmJmYjczMC1lY2FhLTExZTYtOGY4OC0zNDM2M2JjN2M0YzAiOnsiY3JlYXRlIjozMDAwMDAwMDAwMDAsImRlbGV0ZSI6MzAwMDAwMDAwMDAwLCJ1cGRhdGUiOjEyMDAwMDAwMDAwMH19",
          "dependencies": [
            "module.vpc.aws_eip.nat_eip",
            "module.vpc.aws_internet_gateway.internet_gw",
            "module.vpc.aws_nat_gateway.nat_gw",
            "module.vpc.aws_route_table.private_rt",
            "module.vpc.aws_subnet.private_subnet",
            "module.vpc.aws_subnet.public_subnet",
            "module.vpc.aws_vpc.main_vpc"
          ]
        },
        {
          "index_key": 1,
          "schema_version": 0,
          "attributes": {
            "carrier_gateway_id": "",
            "core_network_arn": "",
            "destination_cidr_block": "0.0.0.0/0",
            "destination_ipv6_cidr_block": "",
            "destination_prefix_list_id": "",
            "egress_only_gateway_id": "",
            "gateway_id": "",
            "id": "r-rtb-00be771c699d17fe01080289494",
            "instance_id": "",
            "instance_owner_id": "",
            "local_gateway_id": "",
            "nat_gateway_id": "nat-0ed428cd6b7b8dfa8",
            "network_interface_id": "",
            "origin": "CreateRoute",
            "route_table_id": "rtb-00be771c699d17fe0",
            "state": "active",
            "timeouts": null,
            "transit_gateway_id": "",
            "vpc_endpoint_id": "",
            "vpc_peering_connection_id": ""
          },
          "sensitive_attributes": [],
          "private": "eyJlMmJmYjczMC1lY2FhLTExZTYtOGY4OC0zNDM2M2JjN2M0YzAiOnsiY3JlYXRlIjozMDAwMDAwMDAwMDAsImRlbGV0ZSI6MzAwMDAwMDAwMDAwLCJ1cGRhdGUiOjEyMDAwMDAwMDAwMH19",
          "dependencies": [
            "module.vpc.aws_eip.nat_eip",
            "module.vpc.aws_internet_gateway.internet_gw",
            "module.vpc.aws_nat_gateway.nat_gw",
            "module.vpc.aws_route_table.private_rt",
            "module.vpc.aws_subnet.private_subnet",
            "module.vpc.aws_subnet.public_subnet",
            "module.vpc.aws_vpc.main_vpc"
          ]
        },
        {
          "index_key": 2,
          "schema_version": 0,
          "attributes": {
            "carrier_gateway_id": "",
            "core_network_arn": "",
            "destination_cidr_block": "0.0.0.0/0",
            "destination_ipv6_cidr_block": "",
            "destination_prefix_list_id": "",
            "egress_only_gateway_id": "",
            "gateway_id": "",
            "id": "r-rtb-076b7ff2f0480bd1e1080289494",
            "instance_id": "",
            "instance_owner_id": "",
            "local_gateway_id": "",
            "nat_gateway_id": "nat-0d97dc3973ead588c",
            "network_interface_id": "",
            "origin": "CreateRoute",
            "route_table_id": "rtb-076b7ff2f0480bd1e",
            "state": "active",
            "timeouts": null,
            "transit_gateway_id": "",
            "vpc_endpoint_id": "",
            "vpc_peering_connection_id": ""
          },
          "sensitive_attributes": [],
          "private": "eyJlMmJmYjczMC1lY2FhLTExZTYtOGY4OC0zNDM2M2JjN2M0YzAiOnsiY3JlYXRlIjozMDAwMDAwMDAwMDAsImRlbGV0ZSI6MzAwMDAwMDAwMDAwLCJ1cGRhdGUiOjEyMDAwMDAwMDAwMH19",
          "dependencies": [
            "module.vpc.aws_eip.nat_eip",
            "module.vpc.aws_internet_gateway.internet_gw",
            "module.vpc.aws_nat_gateway.nat_gw",
            "module.vpc.aws_route_table.private_rt",
            "module.vpc.aws_subnet.private_subnet",
            "module.vpc.aws_subnet.public_subnet",
            "module.vpc.aws_vpc.main_vpc"
          ]
        }
      ]
    },
    {
      "module": "module.vpc",
      "mode": "managed",
      "type": "aws_route",
      "name": "public_internet_route",
      "provider": "provider[\"registry.terraform.io/hashicorp/aws\"]",
      "instances": [
        {
          "schema_version": 0,
          "attributes": {
            "carrier_gateway_id": "",
            "core_network_arn": "",
            "destination_cidr_block": "0.0.0.0/0",
            "destination_ipv6_cidr_block": "",
            "destination_prefix_list_id": "",
            "egress_only_gateway_id": "",
            "gateway_id": "igw-07eaea35ff3d00587",
            "id": "r-rtb-0c2c6d32e55b275661080289494",
            "instance_id": "",
            "instance_owner_id": "",
            "local_gateway_id": "",
            "nat_gateway_id": "",
            "network_interface_id": "",
            "origin": "CreateRoute",
            "route_table_id": "rtb-0c2c6d32e55b27566",
            "state": "active",
            "timeouts": null,
            "transit_gateway_id": "",
            "vpc_endpoint_id": "",
            "vpc_peering_connection_id": ""
          },
          "sensitive_attributes": [],
          "private": "eyJlMmJmYjczMC1lY2FhLTExZTYtOGY4OC0zNDM2M2JjN2M0YzAiOnsiY3JlYXRlIjozMDAwMDAwMDAwMDAsImRlbGV0ZSI6MzAwMDAwMDAwMDAwLCJ1cGRhdGUiOjEyMDAwMDAwMDAwMH19",
          "dependencies": [
            "module.vpc.aws_internet_gateway.internet_gw",
            "module.vpc.aws_route_table.public_rt",
            "module.vpc.aws_subnet.public_subnet",
            "module.vpc.aws_vpc.main_vpc"
          ]
        }
      ]
    },
    {
      "module": "module.vpc",
      "mode": "managed",
      "type": "aws_route_table",
      "name": "private_rt",
      "provider": "provider[\"registry.terraform.io/hashicorp/aws\"]",
      "instances": [
        {
          "index_key": 0,
          "schema_version": 0,
          "attributes": {
            "arn": "arn:aws:ec2:eu-west-2:741032333307:route-table/rtb-0b9c86123e6f6a384",
            "id": "rtb-0b9c86123e6f6a384",
            "owner_id": "741032333307",
            "propagating_vgws": [],
            "route": [
              {
                "carrier_gateway_id": "",
                "cidr_block": "0.0.0.0/0",
                "core_network_arn": "",
                "destination_prefix_list_id": "",
                "egress_only_gateway_id": "",
                "gateway_id": "",
                "instance_id": "",
                "ipv6_cidr_block": "",
                "local_gateway_id": "",
                "nat_gateway_id": "nat-05e1286327df6d030",
                "network_interface_id": "",
                "transit_gateway_id": "",
                "vpc_endpoint_id": "",
                "vpc_peering_connection_id": ""
              }
            ],
            "tags": {
              "Environment": "testing",
              "Group": "eks-fargate",
              "Name": "private-route-table-1-testing"
            },
            "tags_all": {
              "Environment": "testing",
              "Group": "eks-fargate",
              "Name": "private-route-table-1-testing"
            },
            "timeouts": null,
            "vpc_id": "vpc-0a9b8438af51fcf4d"
          },
          "sensitive_attributes": [],
          "private": "eyJlMmJmYjczMC1lY2FhLTExZTYtOGY4OC0zNDM2M2JjN2M0YzAiOnsiY3JlYXRlIjozMDAwMDAwMDAwMDAsImRlbGV0ZSI6MzAwMDAwMDAwMDAwLCJ1cGRhdGUiOjEyMDAwMDAwMDAwMH19",
          "dependencies": [
            "module.vpc.aws_subnet.private_subnet",
            "module.vpc.aws_vpc.main_vpc"
          ]
        },
        {
          "index_key": 1,
          "schema_version": 0,
          "attributes": {
            "arn": "arn:aws:ec2:eu-west-2:741032333307:route-table/rtb-00be771c699d17fe0",
            "id": "rtb-00be771c699d17fe0",
            "owner_id": "741032333307",
            "propagating_vgws": [],
            "route": [
              {
                "carrier_gateway_id": "",
                "cidr_block": "0.0.0.0/0",
                "core_network_arn": "",
                "destination_prefix_list_id": "",
                "egress_only_gateway_id": "",
                "gateway_id": "",
                "instance_id": "",
                "ipv6_cidr_block": "",
                "local_gateway_id": "",
                "nat_gateway_id": "nat-0ed428cd6b7b8dfa8",
                "network_interface_id": "",
                "transit_gateway_id": "",
                "vpc_endpoint_id": "",
                "vpc_peering_connection_id": ""
              }
            ],
            "tags": {
              "Environment": "testing",
              "Group": "eks-fargate",
              "Name": "private-route-table-2-testing"
            },
            "tags_all": {
              "Environment": "testing",
              "Group": "eks-fargate",
              "Name": "private-route-table-2-testing"
            },
            "timeouts": null,
            "vpc_id": "vpc-0a9b8438af51fcf4d"
          },
          "sensitive_attributes": [],
          "private": "eyJlMmJmYjczMC1lY2FhLTExZTYtOGY4OC0zNDM2M2JjN2M0YzAiOnsiY3JlYXRlIjozMDAwMDAwMDAwMDAsImRlbGV0ZSI6MzAwMDAwMDAwMDAwLCJ1cGRhdGUiOjEyMDAwMDAwMDAwMH19",
          "dependencies": [
            "module.vpc.aws_subnet.private_subnet",
            "module.vpc.aws_vpc.main_vpc"
          ]
        },
        {
          "index_key": 2,
          "schema_version": 0,
          "attributes": {
            "arn": "arn:aws:ec2:eu-west-2:741032333307:route-table/rtb-076b7ff2f0480bd1e",
            "id": "rtb-076b7ff2f0480bd1e",
            "owner_id": "741032333307",
            "propagating_vgws": [],
            "route": [
              {
                "carrier_gateway_id": "",
                "cidr_block": "0.0.0.0/0",
                "core_network_arn": "",
                "destination_prefix_list_id": "",
                "egress_only_gateway_id": "",
                "gateway_id": "",
                "instance_id": "",
                "ipv6_cidr_block": "",
                "local_gateway_id": "",
                "nat_gateway_id": "nat-0d97dc3973ead588c",
                "network_interface_id": "",
                "transit_gateway_id": "",
                "vpc_endpoint_id": "",
                "vpc_peering_connection_id": ""
              }
            ],
            "tags": {
              "Environment": "testing",
              "Group": "eks-fargate",
              "Name": "private-route-table-3-testing"
            },
            "tags_all": {
              "Environment": "testing",
              "Group": "eks-fargate",
              "Name": "private-route-table-3-testing"
            },
            "timeouts": null,
            "vpc_id": "vpc-0a9b8438af51fcf4d"
          },
          "sensitive_attributes": [],
          "private": "eyJlMmJmYjczMC1lY2FhLTExZTYtOGY4OC0zNDM2M2JjN2M0YzAiOnsiY3JlYXRlIjozMDAwMDAwMDAwMDAsImRlbGV0ZSI6MzAwMDAwMDAwMDAwLCJ1cGRhdGUiOjEyMDAwMDAwMDAwMH19",
          "dependencies": [
            "module.vpc.aws_subnet.private_subnet",
            "module.vpc.aws_vpc.main_vpc"
          ]
        }
      ]
    },
    {
      "module": "module.vpc",
      "mode": "managed",
      "type": "aws_route_table",
      "name": "public_rt",
      "provider": "provider[\"registry.terraform.io/hashicorp/aws\"]",
      "instances": [
        {
          "schema_version": 0,
          "attributes": {
            "arn": "arn:aws:ec2:eu-west-2:741032333307:route-table/rtb-0c2c6d32e55b27566",
            "id": "rtb-0c2c6d32e55b27566",
            "owner_id": "741032333307",
            "propagating_vgws": [],
            "route": [
              {
                "carrier_gateway_id": "",
                "cidr_block": "0.0.0.0/0",
                "core_network_arn": "",
                "destination_prefix_list_id": "",
                "egress_only_gateway_id": "",
                "gateway_id": "igw-07eaea35ff3d00587",
                "instance_id": "",
                "ipv6_cidr_block": "",
                "local_gateway_id": "",
                "nat_gateway_id": "",
                "network_interface_id": "",
                "transit_gateway_id": "",
                "vpc_endpoint_id": "",
                "vpc_peering_connection_id": ""
              }
            ],
            "tags": {
              "Environment": "testing",
              "Group": "eks-fargate",
              "Name": "public-route-table-testing"
            },
            "tags_all": {
              "Environment": "testing",
              "Group": "eks-fargate",
              "Name": "public-route-table-testing"
            },
            "timeouts": null,
            "vpc_id": "vpc-0a9b8438af51fcf4d"
          },
          "sensitive_attributes": [],
          "private": "eyJlMmJmYjczMC1lY2FhLTExZTYtOGY4OC0zNDM2M2JjN2M0YzAiOnsiY3JlYXRlIjozMDAwMDAwMDAwMDAsImRlbGV0ZSI6MzAwMDAwMDAwMDAwLCJ1cGRhdGUiOjEyMDAwMDAwMDAwMH19",
          "dependencies": [
            "module.vpc.aws_subnet.public_subnet",
            "module.vpc.aws_vpc.main_vpc"
          ]
        }
      ]
    },
    {
      "module": "module.vpc",
      "mode": "managed",
      "type": "aws_route_table_association",
      "name": "private-rt-assotion",
      "provider": "provider[\"registry.terraform.io/hashicorp/aws\"]",
      "instances": [
        {
          "index_key": 0,
          "schema_version": 0,
          "attributes": {
            "gateway_id": "",
            "id": "rtbassoc-0ef84b79252ec6fbf",
            "route_table_id": "rtb-0b9c86123e6f6a384",
            "subnet_id": "subnet-07b13dcb9bb070ffe"
          },
          "sensitive_attributes": [],
          "private": "bnVsbA==",
          "dependencies": [
            "module.vpc.aws_eip.nat_eip",
            "module.vpc.aws_internet_gateway.internet_gw",
            "module.vpc.aws_nat_gateway.nat_gw",
            "module.vpc.aws_route.private_nat_gw_route",
            "module.vpc.aws_route_table.private_rt",
            "module.vpc.aws_subnet.private_subnet",
            "module.vpc.aws_subnet.public_subnet",
            "module.vpc.aws_vpc.main_vpc"
          ]
        },
        {
          "index_key": 1,
          "schema_version": 0,
          "attributes": {
            "gateway_id": "",
            "id": "rtbassoc-0aca6b720d8c4d3cc",
            "route_table_id": "rtb-00be771c699d17fe0",
            "subnet_id": "subnet-063a4e9d9ccd9528d"
          },
          "sensitive_attributes": [],
          "private": "bnVsbA==",
          "dependencies": [
            "module.vpc.aws_eip.nat_eip",
            "module.vpc.aws_internet_gateway.internet_gw",
            "module.vpc.aws_nat_gateway.nat_gw",
            "module.vpc.aws_route.private_nat_gw_route",
            "module.vpc.aws_route_table.private_rt",
            "module.vpc.aws_subnet.private_subnet",
            "module.vpc.aws_subnet.public_subnet",
            "module.vpc.aws_vpc.main_vpc"
          ]
        },
        {
          "index_key": 2,
          "schema_version": 0,
          "attributes": {
            "gateway_id": "",
            "id": "rtbassoc-0fd8ba65933a51f81",
            "route_table_id": "rtb-076b7ff2f0480bd1e",
            "subnet_id": "subnet-0aeb32e23eba1dd46"
          },
          "sensitive_attributes": [],
          "private": "bnVsbA==",
          "dependencies": [
            "module.vpc.aws_eip.nat_eip",
            "module.vpc.aws_internet_gateway.internet_gw",
            "module.vpc.aws_nat_gateway.nat_gw",
            "module.vpc.aws_route.private_nat_gw_route",
            "module.vpc.aws_route_table.private_rt",
            "module.vpc.aws_subnet.private_subnet",
            "module.vpc.aws_subnet.public_subnet",
            "module.vpc.aws_vpc.main_vpc"
          ]
        }
      ]
    },
    {
      "module": "module.vpc",
      "mode": "managed",
      "type": "aws_route_table_association",
      "name": "public-rt-assotion",
      "provider": "provider[\"registry.terraform.io/hashicorp/aws\"]",
      "instances": [
        {
          "index_key": 0,
          "schema_version": 0,
          "attributes": {
            "gateway_id": "",
            "id": "rtbassoc-0c8ce8fb5e3c94284",
            "route_table_id": "rtb-0c2c6d32e55b27566",
            "subnet_id": "subnet-0097694d813992366"
          },
          "sensitive_attributes": [],
          "private": "bnVsbA==",
          "dependencies": [
            "module.vpc.aws_internet_gateway.internet_gw",
            "module.vpc.aws_route.public_internet_route",
            "module.vpc.aws_route_table.public_rt",
            "module.vpc.aws_subnet.public_subnet",
            "module.vpc.aws_vpc.main_vpc"
          ]
        },
        {
          "index_key": 1,
          "schema_version": 0,
          "attributes": {
            "gateway_id": "",
            "id": "rtbassoc-0c3f38c12d683f5b6",
            "route_table_id": "rtb-0c2c6d32e55b27566",
            "subnet_id": "subnet-069df7d09c1dbc2e7"
          },
          "sensitive_attributes": [],
          "private": "bnVsbA==",
          "dependencies": [
            "module.vpc.aws_internet_gateway.internet_gw",
            "module.vpc.aws_route.public_internet_route",
            "module.vpc.aws_route_table.public_rt",
            "module.vpc.aws_subnet.public_subnet",
            "module.vpc.aws_vpc.main_vpc"
          ]
        },
        {
          "index_key": 2,
          "schema_version": 0,
          "attributes": {
            "gateway_id": "",
            "id": "rtbassoc-09e820161b3b65de3",
            "route_table_id": "rtb-0c2c6d32e55b27566",
            "subnet_id": "subnet-05a94bb0997ea3fab"
          },
          "sensitive_attributes": [],
          "private": "bnVsbA==",
          "dependencies": [
            "module.vpc.aws_internet_gateway.internet_gw",
            "module.vpc.aws_route.public_internet_route",
            "module.vpc.aws_route_table.public_rt",
            "module.vpc.aws_subnet.public_subnet",
            "module.vpc.aws_vpc.main_vpc"
          ]
        }
      ]
    },
    {
      "module": "module.vpc",
      "mode": "managed",
      "type": "aws_security_group",
      "name": "custom",
      "provider": "provider[\"registry.terraform.io/hashicorp/aws\"]",
      "instances": [
        {
          "schema_version": 1,
          "attributes": {
            "arn": "arn:aws:ec2:eu-west-2:741032333307:security-group/sg-0074d21c6df7cbd90",
            "description": "Custom security group to allow inbound/outbound from the multiple sources",
            "egress": [
              {
                "cidr_blocks": [
                  "0.0.0.0/0"
                ],
                "description": "All traffic allowed to Internet from VPC",
                "from_port": 0,
                "ipv6_cidr_blocks": [],
                "prefix_list_ids": [],
                "protocol": "-1",
                "security_groups": [],
                "self": false,
                "to_port": 0
              }
            ],
            "id": "sg-0074d21c6df7cbd90",
            "ingress": [
              {
                "cidr_blocks": [
                  "0.0.0.0/0"
                ],
                "description": "Receive traffic from internet on HTTP Port 80",
                "from_port": 80,
                "ipv6_cidr_blocks": [],
                "prefix_list_ids": [],
                "protocol": "tcp",
                "security_groups": [],
                "self": false,
                "to_port": 80
              },
              {
                "cidr_blocks": [
                  "0.0.0.0/0"
                ],
                "description": "Receive traffic from internet on TLS Port 443",
                "from_port": 443,
                "ipv6_cidr_blocks": [],
                "prefix_list_ids": [],
                "protocol": "tcp",
                "security_groups": [],
                "self": false,
                "to_port": 443
              }
            ],
            "name": "custom-sg-testing",
            "name_prefix": "",
            "owner_id": "741032333307",
            "revoke_rules_on_delete": false,
            "tags": {
              "Environment": "testing",
              "Group": "eks-fargate",
              "Name": "custom-sg-acn-eks-clstr-testing"
            },
            "tags_all": {
              "Environment": "testing",
              "Group": "eks-fargate",
              "Name": "custom-sg-acn-eks-clstr-testing"
            },
            "timeouts": null,
            "vpc_id": "vpc-0a9b8438af51fcf4d"
          },
          "sensitive_attributes": [],
          "private": "eyJlMmJmYjczMC1lY2FhLTExZTYtOGY4OC0zNDM2M2JjN2M0YzAiOnsiY3JlYXRlIjo2MDAwMDAwMDAwMDAsImRlbGV0ZSI6OTAwMDAwMDAwMDAwfSwic2NoZW1hX3ZlcnNpb24iOiIxIn0=",
          "dependencies": [
            "module.vpc.aws_vpc.main_vpc"
          ]
        }
      ]
    },
    {
      "module": "module.vpc",
      "mode": "managed",
      "type": "aws_subnet",
      "name": "private_subnet",
      "provider": "provider[\"registry.terraform.io/hashicorp/aws\"]",
      "instances": [
        {
          "index_key": 0,
          "schema_version": 1,
          "attributes": {
            "arn": "arn:aws:ec2:eu-west-2:741032333307:subnet/subnet-07b13dcb9bb070ffe",
            "assign_ipv6_address_on_creation": false,
            "availability_zone": "eu-west-2a",
            "availability_zone_id": "euw2-az2",
            "cidr_block": "192.168.4.0/24",
            "customer_owned_ipv4_pool": "",
            "enable_dns64": false,
            "enable_resource_name_dns_a_record_on_launch": false,
            "enable_resource_name_dns_aaaa_record_on_launch": false,
            "id": "subnet-07b13dcb9bb070ffe",
            "ipv6_cidr_block": "",
            "ipv6_cidr_block_association_id": "",
            "ipv6_native": false,
            "map_customer_owned_ip_on_launch": false,
            "map_public_ip_on_launch": false,
            "outpost_arn": "",
            "owner_id": "741032333307",
            "private_dns_hostname_type_on_launch": "ip-name",
            "tags": {
              "Environment": "testing",
              "Group": "eks-fargate",
              "Name": "private-subnet-testing-eu-west-2a"
            },
            "tags_all": {
              "Environment": "testing",
              "Group": "eks-fargate",
              "Name": "private-subnet-testing-eu-west-2a"
            },
            "timeouts": null,
            "vpc_id": "vpc-0a9b8438af51fcf4d"
          },
          "sensitive_attributes": [],
          "private": "eyJlMmJmYjczMC1lY2FhLTExZTYtOGY4OC0zNDM2M2JjN2M0YzAiOnsiY3JlYXRlIjo2MDAwMDAwMDAwMDAsImRlbGV0ZSI6MTIwMDAwMDAwMDAwMH0sInNjaGVtYV92ZXJzaW9uIjoiMSJ9",
          "dependencies": [
            "module.vpc.aws_vpc.main_vpc"
          ]
        },
        {
          "index_key": 1,
          "schema_version": 1,
          "attributes": {
            "arn": "arn:aws:ec2:eu-west-2:741032333307:subnet/subnet-063a4e9d9ccd9528d",
            "assign_ipv6_address_on_creation": false,
            "availability_zone": "eu-west-2b",
            "availability_zone_id": "euw2-az3",
            "cidr_block": "192.168.5.0/24",
            "customer_owned_ipv4_pool": "",
            "enable_dns64": false,
            "enable_resource_name_dns_a_record_on_launch": false,
            "enable_resource_name_dns_aaaa_record_on_launch": false,
            "id": "subnet-063a4e9d9ccd9528d",
            "ipv6_cidr_block": "",
            "ipv6_cidr_block_association_id": "",
            "ipv6_native": false,
            "map_customer_owned_ip_on_launch": false,
            "map_public_ip_on_launch": false,
            "outpost_arn": "",
            "owner_id": "741032333307",
            "private_dns_hostname_type_on_launch": "ip-name",
            "tags": {
              "Environment": "testing",
              "Group": "eks-fargate",
              "Name": "private-subnet-testing-eu-west-2b"
            },
            "tags_all": {
              "Environment": "testing",
              "Group": "eks-fargate",
              "Name": "private-subnet-testing-eu-west-2b"
            },
            "timeouts": null,
            "vpc_id": "vpc-0a9b8438af51fcf4d"
          },
          "sensitive_attributes": [],
          "private": "eyJlMmJmYjczMC1lY2FhLTExZTYtOGY4OC0zNDM2M2JjN2M0YzAiOnsiY3JlYXRlIjo2MDAwMDAwMDAwMDAsImRlbGV0ZSI6MTIwMDAwMDAwMDAwMH0sInNjaGVtYV92ZXJzaW9uIjoiMSJ9",
          "dependencies": [
            "module.vpc.aws_vpc.main_vpc"
          ]
        },
        {
          "index_key": 2,
          "schema_version": 1,
          "attributes": {
            "arn": "arn:aws:ec2:eu-west-2:741032333307:subnet/subnet-0aeb32e23eba1dd46",
            "assign_ipv6_address_on_creation": false,
            "availability_zone": "eu-west-2c",
            "availability_zone_id": "euw2-az1",
            "cidr_block": "192.168.6.0/24",
            "customer_owned_ipv4_pool": "",
            "enable_dns64": false,
            "enable_resource_name_dns_a_record_on_launch": false,
            "enable_resource_name_dns_aaaa_record_on_launch": false,
            "id": "subnet-0aeb32e23eba1dd46",
            "ipv6_cidr_block": "",
            "ipv6_cidr_block_association_id": "",
            "ipv6_native": false,
            "map_customer_owned_ip_on_launch": false,
            "map_public_ip_on_launch": false,
            "outpost_arn": "",
            "owner_id": "741032333307",
            "private_dns_hostname_type_on_launch": "ip-name",
            "tags": {
              "Environment": "testing",
              "Group": "eks-fargate",
              "Name": "private-subnet-testing-eu-west-2c"
            },
            "tags_all": {
              "Environment": "testing",
              "Group": "eks-fargate",
              "Name": "private-subnet-testing-eu-west-2c"
            },
            "timeouts": null,
            "vpc_id": "vpc-0a9b8438af51fcf4d"
          },
          "sensitive_attributes": [],
          "private": "eyJlMmJmYjczMC1lY2FhLTExZTYtOGY4OC0zNDM2M2JjN2M0YzAiOnsiY3JlYXRlIjo2MDAwMDAwMDAwMDAsImRlbGV0ZSI6MTIwMDAwMDAwMDAwMH0sInNjaGVtYV92ZXJzaW9uIjoiMSJ9",
          "dependencies": [
            "module.vpc.aws_vpc.main_vpc"
          ]
        }
      ]
    },
    {
      "module": "module.vpc",
      "mode": "managed",
      "type": "aws_subnet",
      "name": "public_subnet",
      "provider": "provider[\"registry.terraform.io/hashicorp/aws\"]",
      "instances": [
        {
          "index_key": 0,
          "schema_version": 1,
          "attributes": {
            "arn": "arn:aws:ec2:eu-west-2:741032333307:subnet/subnet-0097694d813992366",
            "assign_ipv6_address_on_creation": false,
            "availability_zone": "eu-west-2a",
            "availability_zone_id": "euw2-az2",
            "cidr_block": "192.168.0.0/24",
            "customer_owned_ipv4_pool": "",
            "enable_dns64": false,
            "enable_resource_name_dns_a_record_on_launch": false,
            "enable_resource_name_dns_aaaa_record_on_launch": false,
            "id": "subnet-0097694d813992366",
            "ipv6_cidr_block": "",
            "ipv6_cidr_block_association_id": "",
            "ipv6_native": false,
            "map_customer_owned_ip_on_launch": false,
            "map_public_ip_on_launch": true,
            "outpost_arn": "",
            "owner_id": "741032333307",
            "private_dns_hostname_type_on_launch": "ip-name",
            "tags": {
              "Environment": "testing",
              "Group": "eks-fargate",
              "Name": "public-subnet-testing-eu-west-2a"
            },
            "tags_all": {
              "Environment": "testing",
              "Group": "eks-fargate",
              "Name": "public-subnet-testing-eu-west-2a"
            },
            "timeouts": null,
            "vpc_id": "vpc-0a9b8438af51fcf4d"
          },
          "sensitive_attributes": [],
          "private": "eyJlMmJmYjczMC1lY2FhLTExZTYtOGY4OC0zNDM2M2JjN2M0YzAiOnsiY3JlYXRlIjo2MDAwMDAwMDAwMDAsImRlbGV0ZSI6MTIwMDAwMDAwMDAwMH0sInNjaGVtYV92ZXJzaW9uIjoiMSJ9",
          "dependencies": [
            "module.vpc.aws_vpc.main_vpc"
          ]
        },
        {
          "index_key": 1,
          "schema_version": 1,
          "attributes": {
            "arn": "arn:aws:ec2:eu-west-2:741032333307:subnet/subnet-069df7d09c1dbc2e7",
            "assign_ipv6_address_on_creation": false,
            "availability_zone": "eu-west-2b",
            "availability_zone_id": "euw2-az3",
            "cidr_block": "192.168.1.0/24",
            "customer_owned_ipv4_pool": "",
            "enable_dns64": false,
            "enable_resource_name_dns_a_record_on_launch": false,
            "enable_resource_name_dns_aaaa_record_on_launch": false,
            "id": "subnet-069df7d09c1dbc2e7",
            "ipv6_cidr_block": "",
            "ipv6_cidr_block_association_id": "",
            "ipv6_native": false,
            "map_customer_owned_ip_on_launch": false,
            "map_public_ip_on_launch": true,
            "outpost_arn": "",
            "owner_id": "741032333307",
            "private_dns_hostname_type_on_launch": "ip-name",
            "tags": {
              "Environment": "testing",
              "Group": "eks-fargate",
              "Name": "public-subnet-testing-eu-west-2b"
            },
            "tags_all": {
              "Environment": "testing",
              "Group": "eks-fargate",
              "Name": "public-subnet-testing-eu-west-2b"
            },
            "timeouts": null,
            "vpc_id": "vpc-0a9b8438af51fcf4d"
          },
          "sensitive_attributes": [],
          "private": "eyJlMmJmYjczMC1lY2FhLTExZTYtOGY4OC0zNDM2M2JjN2M0YzAiOnsiY3JlYXRlIjo2MDAwMDAwMDAwMDAsImRlbGV0ZSI6MTIwMDAwMDAwMDAwMH0sInNjaGVtYV92ZXJzaW9uIjoiMSJ9",
          "dependencies": [
            "module.vpc.aws_vpc.main_vpc"
          ]
        },
        {
          "index_key": 2,
          "schema_version": 1,
          "attributes": {
            "arn": "arn:aws:ec2:eu-west-2:741032333307:subnet/subnet-05a94bb0997ea3fab",
            "assign_ipv6_address_on_creation": false,
            "availability_zone": "eu-west-2c",
            "availability_zone_id": "euw2-az1",
            "cidr_block": "192.168.2.0/24",
            "customer_owned_ipv4_pool": "",
            "enable_dns64": false,
            "enable_resource_name_dns_a_record_on_launch": false,
            "enable_resource_name_dns_aaaa_record_on_launch": false,
            "id": "subnet-05a94bb0997ea3fab",
            "ipv6_cidr_block": "",
            "ipv6_cidr_block_association_id": "",
            "ipv6_native": false,
            "map_customer_owned_ip_on_launch": false,
            "map_public_ip_on_launch": true,
            "outpost_arn": "",
            "owner_id": "741032333307",
            "private_dns_hostname_type_on_launch": "ip-name",
            "tags": {
              "Environment": "testing",
              "Group": "eks-fargate",
              "Name": "public-subnet-testing-eu-west-2c"
            },
            "tags_all": {
              "Environment": "testing",
              "Group": "eks-fargate",
              "Name": "public-subnet-testing-eu-west-2c"
            },
            "timeouts": null,
            "vpc_id": "vpc-0a9b8438af51fcf4d"
          },
          "sensitive_attributes": [],
          "private": "eyJlMmJmYjczMC1lY2FhLTExZTYtOGY4OC0zNDM2M2JjN2M0YzAiOnsiY3JlYXRlIjo2MDAwMDAwMDAwMDAsImRlbGV0ZSI6MTIwMDAwMDAwMDAwMH0sInNjaGVtYV92ZXJzaW9uIjoiMSJ9",
          "dependencies": [
            "module.vpc.aws_vpc.main_vpc"
          ]
        }
      ]
    },
    {
      "module": "module.vpc",
      "mode": "managed",
      "type": "aws_vpc",
      "name": "main_vpc",
      "provider": "provider[\"registry.terraform.io/hashicorp/aws\"]",
      "instances": [
        {
          "schema_version": 1,
          "attributes": {
            "arn": "arn:aws:ec2:eu-west-2:741032333307:vpc/vpc-0a9b8438af51fcf4d",
            "assign_generated_ipv6_cidr_block": false,
            "cidr_block": "192.168.0.0/16",
            "default_network_acl_id": "acl-0303f360e98d1e5b4",
            "default_route_table_id": "rtb-0437b69e11277ff0d",
            "default_security_group_id": "sg-0c198560f6f53efe8",
            "dhcp_options_id": "dopt-0ec887a8da27b0660",
            "enable_classiclink": false,
            "enable_classiclink_dns_support": false,
            "enable_dns_hostnames": true,
            "enable_dns_support": true,
            "id": "vpc-0a9b8438af51fcf4d",
            "instance_tenancy": "default",
            "ipv4_ipam_pool_id": null,
            "ipv4_netmask_length": null,
            "ipv6_association_id": "",
            "ipv6_cidr_block": "",
            "ipv6_cidr_block_network_border_group": "",
            "ipv6_ipam_pool_id": "",
            "ipv6_netmask_length": 0,
            "main_route_table_id": "rtb-0437b69e11277ff0d",
            "owner_id": "741032333307",
            "tags": {
              "Environment": "testing",
              "Group": "eks-fargate",
              "Name": "eks-vpc-testing-vpc"
            },
            "tags_all": {
              "Environment": "testing",
              "Group": "eks-fargate",
              "Name": "eks-vpc-testing-vpc"
            }
          },
          "sensitive_attributes": [],
          "private": "eyJzY2hlbWFfdmVyc2lvbiI6IjEifQ=="
        }
      ]
    }
  ]
}
